{
  "version": 4,
  "terraform_version": "1.1.8",
  "serial": 162,
  "lineage": "d625a3fa-8f27-63e4-1044-902981943688",
  "outputs": {},
  "resources": [
    {
      "mode": "data",
      "type": "genesyscloud_auth_role",
      "name": "AgentAssist",
      "provider": "provider[\"registry.terraform.io/mypurecloud/genesyscloud\"]",
      "instances": [
        {
          "schema_version": 0,
          "attributes": {
            "id": "ec850d7b-d45e-4e1c-a419-1cd3fc771649",
            "name": "Agent Assist"
          },
          "sensitive_attributes": []
        }
      ]
    },
    {
      "mode": "data",
      "type": "genesyscloud_auth_role",
      "name": "Developer",
      "provider": "provider[\"registry.terraform.io/mypurecloud/genesyscloud\"]",
      "instances": [
        {
          "schema_version": 0,
          "attributes": {
            "id": "d40e93b6-a0c4-48f0-907f-1939a5c05f99",
            "name": "Developer"
          },
          "sensitive_attributes": []
        }
      ]
    },
    {
      "mode": "data",
      "type": "genesyscloud_auth_role",
      "name": "GenesysCloudVoiceAdmin",
      "provider": "provider[\"registry.terraform.io/mypurecloud/genesyscloud\"]",
      "instances": [
        {
          "schema_version": 0,
          "attributes": {
            "id": "b746f6cf-573e-4354-9276-265d66cb816e",
            "name": "Genesys Cloud Voice Admin"
          },
          "sensitive_attributes": []
        }
      ]
    },
    {
      "mode": "data",
      "type": "genesyscloud_auth_role",
      "name": "MasterAdmin",
      "provider": "provider[\"registry.terraform.io/mypurecloud/genesyscloud\"]",
      "instances": [
        {
          "schema_version": 0,
          "attributes": {
            "id": "dd8950a6-1e3c-46e1-b774-ab0f50a5ecb2",
            "name": "Master Admin"
          },
          "sensitive_attributes": []
        }
      ]
    },
    {
      "mode": "data",
      "type": "genesyscloud_auth_role",
      "name": "Terraform_user",
      "provider": "provider[\"registry.terraform.io/mypurecloud/genesyscloud\"]",
      "instances": [
        {
          "schema_version": 0,
          "attributes": {
            "id": "8fd2b585-45c8-43a8-a378-882d923b4dac",
            "name": "Terraform_user"
          },
          "sensitive_attributes": []
        }
      ]
    },
    {
      "mode": "data",
      "type": "genesyscloud_auth_role",
      "name": "employee",
      "provider": "provider[\"registry.terraform.io/mypurecloud/genesyscloud\"]",
      "instances": [
        {
          "schema_version": 0,
          "attributes": {
            "id": "05c2fe4c-0312-4598-8148-a96eb2c15b5d",
            "name": "employee"
          },
          "sensitive_attributes": []
        }
      ]
    },
    {
      "mode": "data",
      "type": "genesyscloud_routing_skill",
      "name": "z1",
      "provider": "provider[\"registry.terraform.io/mypurecloud/genesyscloud\"]",
      "instances": [
        {
          "schema_version": 0,
          "attributes": {
            "id": "533f548c-944a-4580-9963-268faac40d47",
            "name": "z01"
          },
          "sensitive_attributes": []
        }
      ]
    },
    {
      "mode": "data",
      "type": "genesyscloud_routing_skill",
      "name": "z10",
      "provider": "provider[\"registry.terraform.io/mypurecloud/genesyscloud\"]",
      "instances": [
        {
          "schema_version": 0,
          "attributes": {
            "id": "ead3e567-ac0c-45c4-949b-2f6c6b00f732",
            "name": "z10"
          },
          "sensitive_attributes": []
        }
      ]
    },
    {
      "mode": "data",
      "type": "genesyscloud_routing_skill",
      "name": "z11",
      "provider": "provider[\"registry.terraform.io/mypurecloud/genesyscloud\"]",
      "instances": [
        {
          "schema_version": 0,
          "attributes": {
            "id": "7f3d8e01-352b-4317-9834-b767d72a8681",
            "name": "z11"
          },
          "sensitive_attributes": []
        }
      ]
    },
    {
      "mode": "data",
      "type": "genesyscloud_routing_skill",
      "name": "z12",
      "provider": "provider[\"registry.terraform.io/mypurecloud/genesyscloud\"]",
      "instances": [
        {
          "schema_version": 0,
          "attributes": {
            "id": "e8c05f4b-bfd8-45e0-861f-8923c8bdee46",
            "name": "z12"
          },
          "sensitive_attributes": []
        }
      ]
    },
    {
      "mode": "data",
      "type": "genesyscloud_routing_skill",
      "name": "z13",
      "provider": "provider[\"registry.terraform.io/mypurecloud/genesyscloud\"]",
      "instances": [
        {
          "schema_version": 0,
          "attributes": {
            "id": "8d450885-e20b-49ed-bb6c-2d9298a850c3",
            "name": "z13"
          },
          "sensitive_attributes": []
        }
      ]
    },
    {
      "mode": "data",
      "type": "genesyscloud_routing_skill",
      "name": "z14",
      "provider": "provider[\"registry.terraform.io/mypurecloud/genesyscloud\"]",
      "instances": [
        {
          "schema_version": 0,
          "attributes": {
            "id": "d1fc8f5b-bae5-4199-83f2-69c40db63ecb",
            "name": "z14"
          },
          "sensitive_attributes": []
        }
      ]
    },
    {
      "mode": "data",
      "type": "genesyscloud_routing_skill",
      "name": "z15",
      "provider": "provider[\"registry.terraform.io/mypurecloud/genesyscloud\"]",
      "instances": [
        {
          "schema_version": 0,
          "attributes": {
            "id": "b758615d-cd05-4172-8eea-8524c8c243d8",
            "name": "z15"
          },
          "sensitive_attributes": []
        }
      ]
    },
    {
      "mode": "data",
      "type": "genesyscloud_routing_skill",
      "name": "z16",
      "provider": "provider[\"registry.terraform.io/mypurecloud/genesyscloud\"]",
      "instances": [
        {
          "schema_version": 0,
          "attributes": {
            "id": "4b66a904-9f82-45ff-9c97-da4b0267b532",
            "name": "z16"
          },
          "sensitive_attributes": []
        }
      ]
    },
    {
      "mode": "data",
      "type": "genesyscloud_routing_skill",
      "name": "z17",
      "provider": "provider[\"registry.terraform.io/mypurecloud/genesyscloud\"]",
      "instances": [
        {
          "schema_version": 0,
          "attributes": {
            "id": "4dc1d324-eca1-4c87-9a6e-7923cc24a288",
            "name": "z17"
          },
          "sensitive_attributes": []
        }
      ]
    },
    {
      "mode": "data",
      "type": "genesyscloud_routing_skill",
      "name": "z18",
      "provider": "provider[\"registry.terraform.io/mypurecloud/genesyscloud\"]",
      "instances": [
        {
          "schema_version": 0,
          "attributes": {
            "id": "dc91d674-49d0-4ed9-8b97-3e801c73b2b2",
            "name": "z18"
          },
          "sensitive_attributes": []
        }
      ]
    },
    {
      "mode": "data",
      "type": "genesyscloud_routing_skill",
      "name": "z19",
      "provider": "provider[\"registry.terraform.io/mypurecloud/genesyscloud\"]",
      "instances": [
        {
          "schema_version": 0,
          "attributes": {
            "id": "91c1a2b8-8e1a-4dc5-843d-ad897170a5d6",
            "name": "z19"
          },
          "sensitive_attributes": []
        }
      ]
    },
    {
      "mode": "data",
      "type": "genesyscloud_routing_skill",
      "name": "z2",
      "provider": "provider[\"registry.terraform.io/mypurecloud/genesyscloud\"]",
      "instances": [
        {
          "schema_version": 0,
          "attributes": {
            "id": "e8bc4182-8f9d-445e-9e7b-5f1076e1b6af",
            "name": "z02"
          },
          "sensitive_attributes": []
        }
      ]
    },
    {
      "mode": "data",
      "type": "genesyscloud_routing_skill",
      "name": "z20",
      "provider": "provider[\"registry.terraform.io/mypurecloud/genesyscloud\"]",
      "instances": [
        {
          "schema_version": 0,
          "attributes": {
            "id": "2d0ec185-f0dd-433c-a413-979de846ee54",
            "name": "z20"
          },
          "sensitive_attributes": []
        }
      ]
    },
    {
      "mode": "data",
      "type": "genesyscloud_routing_skill",
      "name": "z21",
      "provider": "provider[\"registry.terraform.io/mypurecloud/genesyscloud\"]",
      "instances": [
        {
          "schema_version": 0,
          "attributes": {
            "id": "0dbde71f-5897-41e1-a662-7271e22e965d",
            "name": "z21"
          },
          "sensitive_attributes": []
        }
      ]
    },
    {
      "mode": "data",
      "type": "genesyscloud_routing_skill",
      "name": "z22",
      "provider": "provider[\"registry.terraform.io/mypurecloud/genesyscloud\"]",
      "instances": [
        {
          "schema_version": 0,
          "attributes": {
            "id": "b5f377ab-f173-440d-b8a8-36a3568a2f67",
            "name": "z22"
          },
          "sensitive_attributes": []
        }
      ]
    },
    {
      "mode": "data",
      "type": "genesyscloud_routing_skill",
      "name": "z23",
      "provider": "provider[\"registry.terraform.io/mypurecloud/genesyscloud\"]",
      "instances": [
        {
          "schema_version": 0,
          "attributes": {
            "id": "8d6aa33b-6113-442f-9fa7-8bc2525c518d",
            "name": "z23"
          },
          "sensitive_attributes": []
        }
      ]
    },
    {
      "mode": "data",
      "type": "genesyscloud_routing_skill",
      "name": "z24",
      "provider": "provider[\"registry.terraform.io/mypurecloud/genesyscloud\"]",
      "instances": [
        {
          "schema_version": 0,
          "attributes": {
            "id": "15b735b6-80e0-4dbf-9e11-e2e8fd3a0e0e",
            "name": "z24"
          },
          "sensitive_attributes": []
        }
      ]
    },
    {
      "mode": "data",
      "type": "genesyscloud_routing_skill",
      "name": "z25",
      "provider": "provider[\"registry.terraform.io/mypurecloud/genesyscloud\"]",
      "instances": [
        {
          "schema_version": 0,
          "attributes": {
            "id": "b325b3ba-75a0-49d2-a580-c0952c54a4dc",
            "name": "z25"
          },
          "sensitive_attributes": []
        }
      ]
    },
    {
      "mode": "data",
      "type": "genesyscloud_routing_skill",
      "name": "z26",
      "provider": "provider[\"registry.terraform.io/mypurecloud/genesyscloud\"]",
      "instances": [
        {
          "schema_version": 0,
          "attributes": {
            "id": "e87ea44e-a627-4320-a056-747fc0b755d4",
            "name": "z26"
          },
          "sensitive_attributes": []
        }
      ]
    },
    {
      "mode": "data",
      "type": "genesyscloud_routing_skill",
      "name": "z27",
      "provider": "provider[\"registry.terraform.io/mypurecloud/genesyscloud\"]",
      "instances": [
        {
          "schema_version": 0,
          "attributes": {
            "id": "91f1ef02-5f8d-4f01-8cdc-a1990317b93f",
            "name": "z27"
          },
          "sensitive_attributes": []
        }
      ]
    },
    {
      "mode": "data",
      "type": "genesyscloud_routing_skill",
      "name": "z28",
      "provider": "provider[\"registry.terraform.io/mypurecloud/genesyscloud\"]",
      "instances": [
        {
          "schema_version": 0,
          "attributes": {
            "id": "14f876db-e842-45e7-9a80-11e821cca490",
            "name": "z28"
          },
          "sensitive_attributes": []
        }
      ]
    },
    {
      "mode": "data",
      "type": "genesyscloud_routing_skill",
      "name": "z29",
      "provider": "provider[\"registry.terraform.io/mypurecloud/genesyscloud\"]",
      "instances": [
        {
          "schema_version": 0,
          "attributes": {
            "id": "4065cec0-a484-4eb5-b8c3-05facb930dbc",
            "name": "z29"
          },
          "sensitive_attributes": []
        }
      ]
    },
    {
      "mode": "data",
      "type": "genesyscloud_routing_skill",
      "name": "z3",
      "provider": "provider[\"registry.terraform.io/mypurecloud/genesyscloud\"]",
      "instances": [
        {
          "schema_version": 0,
          "attributes": {
            "id": "7aa0a6d4-5f3f-4361-bfc9-f26b655735b5",
            "name": "z03"
          },
          "sensitive_attributes": []
        }
      ]
    },
    {
      "mode": "data",
      "type": "genesyscloud_routing_skill",
      "name": "z30",
      "provider": "provider[\"registry.terraform.io/mypurecloud/genesyscloud\"]",
      "instances": [
        {
          "schema_version": 0,
          "attributes": {
            "id": "93075fdf-f8dd-464e-9431-d70352658397",
            "name": "z30"
          },
          "sensitive_attributes": []
        }
      ]
    },
    {
      "mode": "data",
      "type": "genesyscloud_routing_skill",
      "name": "z31",
      "provider": "provider[\"registry.terraform.io/mypurecloud/genesyscloud\"]",
      "instances": [
        {
          "schema_version": 0,
          "attributes": {
            "id": "7b0f1131-7d66-4ce7-a77a-c3169090650f",
            "name": "z31"
          },
          "sensitive_attributes": []
        }
      ]
    },
    {
      "mode": "data",
      "type": "genesyscloud_routing_skill",
      "name": "z32",
      "provider": "provider[\"registry.terraform.io/mypurecloud/genesyscloud\"]",
      "instances": [
        {
          "schema_version": 0,
          "attributes": {
            "id": "be074200-abc4-47ed-a820-ff92e44b05dc",
            "name": "z32"
          },
          "sensitive_attributes": []
        }
      ]
    },
    {
      "mode": "data",
      "type": "genesyscloud_routing_skill",
      "name": "z33",
      "provider": "provider[\"registry.terraform.io/mypurecloud/genesyscloud\"]",
      "instances": [
        {
          "schema_version": 0,
          "attributes": {
            "id": "aca8b164-0281-4ab4-ba90-3520a343d137",
            "name": "z33"
          },
          "sensitive_attributes": []
        }
      ]
    },
    {
      "mode": "data",
      "type": "genesyscloud_routing_skill",
      "name": "z34",
      "provider": "provider[\"registry.terraform.io/mypurecloud/genesyscloud\"]",
      "instances": [
        {
          "schema_version": 0,
          "attributes": {
            "id": "bf8d1414-3af0-4969-98c6-ef208321e8cc",
            "name": "z34"
          },
          "sensitive_attributes": []
        }
      ]
    },
    {
      "mode": "data",
      "type": "genesyscloud_routing_skill",
      "name": "z35",
      "provider": "provider[\"registry.terraform.io/mypurecloud/genesyscloud\"]",
      "instances": [
        {
          "schema_version": 0,
          "attributes": {
            "id": "625ebb47-4a58-466e-88e9-71c464879108",
            "name": "z35"
          },
          "sensitive_attributes": []
        }
      ]
    },
    {
      "mode": "data",
      "type": "genesyscloud_routing_skill",
      "name": "z36",
      "provider": "provider[\"registry.terraform.io/mypurecloud/genesyscloud\"]",
      "instances": [
        {
          "schema_version": 0,
          "attributes": {
            "id": "b652942b-e385-4028-a4c5-092ab74d3193",
            "name": "z36"
          },
          "sensitive_attributes": []
        }
      ]
    },
    {
      "mode": "data",
      "type": "genesyscloud_routing_skill",
      "name": "z37",
      "provider": "provider[\"registry.terraform.io/mypurecloud/genesyscloud\"]",
      "instances": [
        {
          "schema_version": 0,
          "attributes": {
            "id": "1bf92b14-dcfd-45c2-98fd-fdada9be3cc0",
            "name": "z37"
          },
          "sensitive_attributes": []
        }
      ]
    },
    {
      "mode": "data",
      "type": "genesyscloud_routing_skill",
      "name": "z38",
      "provider": "provider[\"registry.terraform.io/mypurecloud/genesyscloud\"]",
      "instances": [
        {
          "schema_version": 0,
          "attributes": {
            "id": "74693fc8-77af-4424-a42c-dfd575f86527",
            "name": "z38"
          },
          "sensitive_attributes": []
        }
      ]
    },
    {
      "mode": "data",
      "type": "genesyscloud_routing_skill",
      "name": "z39",
      "provider": "provider[\"registry.terraform.io/mypurecloud/genesyscloud\"]",
      "instances": [
        {
          "schema_version": 0,
          "attributes": {
            "id": "806e5c76-461a-41ed-8fa0-22fa47c33cd4",
            "name": "z39"
          },
          "sensitive_attributes": []
        }
      ]
    },
    {
      "mode": "data",
      "type": "genesyscloud_routing_skill",
      "name": "z4",
      "provider": "provider[\"registry.terraform.io/mypurecloud/genesyscloud\"]",
      "instances": [
        {
          "schema_version": 0,
          "attributes": {
            "id": "39d49578-72fc-4671-b5c9-adf7d8678234",
            "name": "z04"
          },
          "sensitive_attributes": []
        }
      ]
    },
    {
      "mode": "data",
      "type": "genesyscloud_routing_skill",
      "name": "z40",
      "provider": "provider[\"registry.terraform.io/mypurecloud/genesyscloud\"]",
      "instances": [
        {
          "schema_version": 0,
          "attributes": {
            "id": "b73d429c-fb9d-4a85-b6e3-32e3da29434b",
            "name": "z40"
          },
          "sensitive_attributes": []
        }
      ]
    },
    {
      "mode": "data",
      "type": "genesyscloud_routing_skill",
      "name": "z41",
      "provider": "provider[\"registry.terraform.io/mypurecloud/genesyscloud\"]",
      "instances": [
        {
          "schema_version": 0,
          "attributes": {
            "id": "bd17a9a1-4100-47ee-a717-f5ace5a14561",
            "name": "z41"
          },
          "sensitive_attributes": []
        }
      ]
    },
    {
      "mode": "data",
      "type": "genesyscloud_routing_skill",
      "name": "z42",
      "provider": "provider[\"registry.terraform.io/mypurecloud/genesyscloud\"]",
      "instances": [
        {
          "schema_version": 0,
          "attributes": {
            "id": "0e08a158-4268-458f-8aaf-12a54973fc19",
            "name": "z42"
          },
          "sensitive_attributes": []
        }
      ]
    },
    {
      "mode": "data",
      "type": "genesyscloud_routing_skill",
      "name": "z43",
      "provider": "provider[\"registry.terraform.io/mypurecloud/genesyscloud\"]",
      "instances": [
        {
          "schema_version": 0,
          "attributes": {
            "id": "9a0554ea-8088-4550-b5cc-b6f8644fa73e",
            "name": "z43"
          },
          "sensitive_attributes": []
        }
      ]
    },
    {
      "mode": "data",
      "type": "genesyscloud_routing_skill",
      "name": "z44",
      "provider": "provider[\"registry.terraform.io/mypurecloud/genesyscloud\"]",
      "instances": [
        {
          "schema_version": 0,
          "attributes": {
            "id": "62d02c37-251f-4d2f-9443-8c533cca96f7",
            "name": "z44"
          },
          "sensitive_attributes": []
        }
      ]
    },
    {
      "mode": "data",
      "type": "genesyscloud_routing_skill",
      "name": "z45",
      "provider": "provider[\"registry.terraform.io/mypurecloud/genesyscloud\"]",
      "instances": [
        {
          "schema_version": 0,
          "attributes": {
            "id": "15586098-e6d0-4a43-9cca-1265e40d69f3",
            "name": "z45"
          },
          "sensitive_attributes": []
        }
      ]
    },
    {
      "mode": "data",
      "type": "genesyscloud_routing_skill",
      "name": "z46",
      "provider": "provider[\"registry.terraform.io/mypurecloud/genesyscloud\"]",
      "instances": [
        {
          "schema_version": 0,
          "attributes": {
            "id": "79b2bb07-7ec4-4d43-9f13-a6ad338f7edd",
            "name": "z46"
          },
          "sensitive_attributes": []
        }
      ]
    },
    {
      "mode": "data",
      "type": "genesyscloud_routing_skill",
      "name": "z47",
      "provider": "provider[\"registry.terraform.io/mypurecloud/genesyscloud\"]",
      "instances": [
        {
          "schema_version": 0,
          "attributes": {
            "id": "33522273-9aa7-486c-9f04-08c4a9a64f11",
            "name": "z47"
          },
          "sensitive_attributes": []
        }
      ]
    },
    {
      "mode": "data",
      "type": "genesyscloud_routing_skill",
      "name": "z48",
      "provider": "provider[\"registry.terraform.io/mypurecloud/genesyscloud\"]",
      "instances": [
        {
          "schema_version": 0,
          "attributes": {
            "id": "a5a34a49-baa5-44a1-92a9-b68881fe152c",
            "name": "z48"
          },
          "sensitive_attributes": []
        }
      ]
    },
    {
      "mode": "data",
      "type": "genesyscloud_routing_skill",
      "name": "z49",
      "provider": "provider[\"registry.terraform.io/mypurecloud/genesyscloud\"]",
      "instances": [
        {
          "schema_version": 0,
          "attributes": {
            "id": "d3dd8052-f889-46cb-b741-c901f9166b3e",
            "name": "z49"
          },
          "sensitive_attributes": []
        }
      ]
    },
    {
      "mode": "data",
      "type": "genesyscloud_routing_skill",
      "name": "z5",
      "provider": "provider[\"registry.terraform.io/mypurecloud/genesyscloud\"]",
      "instances": [
        {
          "schema_version": 0,
          "attributes": {
            "id": "2b819b9a-3579-4dea-8228-535a1aa23126",
            "name": "z05"
          },
          "sensitive_attributes": []
        }
      ]
    },
    {
      "mode": "data",
      "type": "genesyscloud_routing_skill",
      "name": "z50",
      "provider": "provider[\"registry.terraform.io/mypurecloud/genesyscloud\"]",
      "instances": [
        {
          "schema_version": 0,
          "attributes": {
            "id": "f9fbb3c6-3511-44da-94ee-fd61ca098a01",
            "name": "z50"
          },
          "sensitive_attributes": []
        }
      ]
    },
    {
      "mode": "data",
      "type": "genesyscloud_routing_skill",
      "name": "z51",
      "provider": "provider[\"registry.terraform.io/mypurecloud/genesyscloud\"]",
      "instances": [
        {
          "schema_version": 0,
          "attributes": {
            "id": "f5fc0c8e-6f18-46b3-a8c9-71c7c253e720",
            "name": "z51"
          },
          "sensitive_attributes": []
        }
      ]
    },
    {
      "mode": "data",
      "type": "genesyscloud_routing_skill",
      "name": "z52",
      "provider": "provider[\"registry.terraform.io/mypurecloud/genesyscloud\"]",
      "instances": [
        {
          "schema_version": 0,
          "attributes": {
            "id": "e5d5ad92-8dba-4168-8ada-64ed090dba63",
            "name": "z52"
          },
          "sensitive_attributes": []
        }
      ]
    },
    {
      "mode": "data",
      "type": "genesyscloud_routing_skill",
      "name": "z53",
      "provider": "provider[\"registry.terraform.io/mypurecloud/genesyscloud\"]",
      "instances": [
        {
          "schema_version": 0,
          "attributes": {
            "id": "01807bd0-3c32-4c53-9b4b-02e09a9c18cf",
            "name": "z53"
          },
          "sensitive_attributes": []
        }
      ]
    },
    {
      "mode": "data",
      "type": "genesyscloud_routing_skill",
      "name": "z54",
      "provider": "provider[\"registry.terraform.io/mypurecloud/genesyscloud\"]",
      "instances": [
        {
          "schema_version": 0,
          "attributes": {
            "id": "d454c9d8-81f0-4ff6-8f4c-99e994f544d5",
            "name": "z54"
          },
          "sensitive_attributes": []
        }
      ]
    },
    {
      "mode": "data",
      "type": "genesyscloud_routing_skill",
      "name": "z55",
      "provider": "provider[\"registry.terraform.io/mypurecloud/genesyscloud\"]",
      "instances": [
        {
          "schema_version": 0,
          "attributes": {
            "id": "0b361a06-d0fa-45f6-bb5a-1db768b7be42",
            "name": "z55"
          },
          "sensitive_attributes": []
        }
      ]
    },
    {
      "mode": "data",
      "type": "genesyscloud_routing_skill",
      "name": "z56",
      "provider": "provider[\"registry.terraform.io/mypurecloud/genesyscloud\"]",
      "instances": [
        {
          "schema_version": 0,
          "attributes": {
            "id": "df99e8da-8938-4539-8cae-e0fea1f26f48",
            "name": "z56"
          },
          "sensitive_attributes": []
        }
      ]
    },
    {
      "mode": "data",
      "type": "genesyscloud_routing_skill",
      "name": "z57",
      "provider": "provider[\"registry.terraform.io/mypurecloud/genesyscloud\"]",
      "instances": [
        {
          "schema_version": 0,
          "attributes": {
            "id": "0b62260e-b0a3-48de-92c5-5eaed4463dfb",
            "name": "z57"
          },
          "sensitive_attributes": []
        }
      ]
    },
    {
      "mode": "data",
      "type": "genesyscloud_routing_skill",
      "name": "z58",
      "provider": "provider[\"registry.terraform.io/mypurecloud/genesyscloud\"]",
      "instances": [
        {
          "schema_version": 0,
          "attributes": {
            "id": "3df41770-bd91-4933-8890-9d3cc33c1036",
            "name": "z58"
          },
          "sensitive_attributes": []
        }
      ]
    },
    {
      "mode": "data",
      "type": "genesyscloud_routing_skill",
      "name": "z59",
      "provider": "provider[\"registry.terraform.io/mypurecloud/genesyscloud\"]",
      "instances": [
        {
          "schema_version": 0,
          "attributes": {
            "id": "d3c6acf9-5340-4375-937d-78f629d9524c",
            "name": "z59"
          },
          "sensitive_attributes": []
        }
      ]
    },
    {
      "mode": "data",
      "type": "genesyscloud_routing_skill",
      "name": "z6",
      "provider": "provider[\"registry.terraform.io/mypurecloud/genesyscloud\"]",
      "instances": [
        {
          "schema_version": 0,
          "attributes": {
            "id": "63fecb3d-fcb9-4765-99b2-c94a1307b670",
            "name": "z06"
          },
          "sensitive_attributes": []
        }
      ]
    },
    {
      "mode": "data",
      "type": "genesyscloud_routing_skill",
      "name": "z60",
      "provider": "provider[\"registry.terraform.io/mypurecloud/genesyscloud\"]",
      "instances": [
        {
          "schema_version": 0,
          "attributes": {
            "id": "ac38c09d-f3ba-47b9-9757-08b3f0fecad7",
            "name": "z60"
          },
          "sensitive_attributes": []
        }
      ]
    },
    {
      "mode": "data",
      "type": "genesyscloud_routing_skill",
      "name": "z61",
      "provider": "provider[\"registry.terraform.io/mypurecloud/genesyscloud\"]",
      "instances": [
        {
          "schema_version": 0,
          "attributes": {
            "id": "ae822cfb-8bf0-45be-bca9-568a62797bda",
            "name": "z61"
          },
          "sensitive_attributes": []
        }
      ]
    },
    {
      "mode": "data",
      "type": "genesyscloud_routing_skill",
      "name": "z62",
      "provider": "provider[\"registry.terraform.io/mypurecloud/genesyscloud\"]",
      "instances": [
        {
          "schema_version": 0,
          "attributes": {
            "id": "093ad350-a9f4-4606-901c-5b809602f0c9",
            "name": "z62"
          },
          "sensitive_attributes": []
        }
      ]
    },
    {
      "mode": "data",
      "type": "genesyscloud_routing_skill",
      "name": "z63",
      "provider": "provider[\"registry.terraform.io/mypurecloud/genesyscloud\"]",
      "instances": [
        {
          "schema_version": 0,
          "attributes": {
            "id": "cf13f62a-2b43-4dc4-993f-d2e5aadee964",
            "name": "z63"
          },
          "sensitive_attributes": []
        }
      ]
    },
    {
      "mode": "data",
      "type": "genesyscloud_routing_skill",
      "name": "z64",
      "provider": "provider[\"registry.terraform.io/mypurecloud/genesyscloud\"]",
      "instances": [
        {
          "schema_version": 0,
          "attributes": {
            "id": "65020080-7085-4890-9918-7e38288cc1d6",
            "name": "z64"
          },
          "sensitive_attributes": []
        }
      ]
    },
    {
      "mode": "data",
      "type": "genesyscloud_routing_skill",
      "name": "z65",
      "provider": "provider[\"registry.terraform.io/mypurecloud/genesyscloud\"]",
      "instances": [
        {
          "schema_version": 0,
          "attributes": {
            "id": "50420ddf-a631-4658-adcd-418c1ad824b3",
            "name": "z65"
          },
          "sensitive_attributes": []
        }
      ]
    },
    {
      "mode": "data",
      "type": "genesyscloud_routing_skill",
      "name": "z66",
      "provider": "provider[\"registry.terraform.io/mypurecloud/genesyscloud\"]",
      "instances": [
        {
          "schema_version": 0,
          "attributes": {
            "id": "f9ce9896-bb5c-4e3b-9b28-f29108e55957",
            "name": "z66"
          },
          "sensitive_attributes": []
        }
      ]
    },
    {
      "mode": "data",
      "type": "genesyscloud_routing_skill",
      "name": "z67",
      "provider": "provider[\"registry.terraform.io/mypurecloud/genesyscloud\"]",
      "instances": [
        {
          "schema_version": 0,
          "attributes": {
            "id": "b2b553b0-3ca3-4ce8-ae1b-f5d8f117e6fc",
            "name": "z67"
          },
          "sensitive_attributes": []
        }
      ]
    },
    {
      "mode": "data",
      "type": "genesyscloud_routing_skill",
      "name": "z68",
      "provider": "provider[\"registry.terraform.io/mypurecloud/genesyscloud\"]",
      "instances": [
        {
          "schema_version": 0,
          "attributes": {
            "id": "49ff0a2a-e3f0-46e4-9511-91d50a36982e",
            "name": "z68"
          },
          "sensitive_attributes": []
        }
      ]
    },
    {
      "mode": "data",
      "type": "genesyscloud_routing_skill",
      "name": "z69",
      "provider": "provider[\"registry.terraform.io/mypurecloud/genesyscloud\"]",
      "instances": [
        {
          "schema_version": 0,
          "attributes": {
            "id": "54ad549f-2d37-4c65-914a-94f52593ab8d",
            "name": "z69"
          },
          "sensitive_attributes": []
        }
      ]
    },
    {
      "mode": "data",
      "type": "genesyscloud_routing_skill",
      "name": "z7",
      "provider": "provider[\"registry.terraform.io/mypurecloud/genesyscloud\"]",
      "instances": [
        {
          "schema_version": 0,
          "attributes": {
            "id": "2a915990-b7c8-4f78-b5f1-de48a9b0ae1c",
            "name": "z07"
          },
          "sensitive_attributes": []
        }
      ]
    },
    {
      "mode": "data",
      "type": "genesyscloud_routing_skill",
      "name": "z70",
      "provider": "provider[\"registry.terraform.io/mypurecloud/genesyscloud\"]",
      "instances": [
        {
          "schema_version": 0,
          "attributes": {
            "id": "4ef2f0a2-9e81-4f00-b4e9-a5a9f73e0d47",
            "name": "z70"
          },
          "sensitive_attributes": []
        }
      ]
    },
    {
      "mode": "data",
      "type": "genesyscloud_routing_skill",
      "name": "z71",
      "provider": "provider[\"registry.terraform.io/mypurecloud/genesyscloud\"]",
      "instances": [
        {
          "schema_version": 0,
          "attributes": {
            "id": "3e724d89-678a-4fbe-9639-a6d0ad72ddbd",
            "name": "z71"
          },
          "sensitive_attributes": []
        }
      ]
    },
    {
      "mode": "data",
      "type": "genesyscloud_routing_skill",
      "name": "z72",
      "provider": "provider[\"registry.terraform.io/mypurecloud/genesyscloud\"]",
      "instances": [
        {
          "schema_version": 0,
          "attributes": {
            "id": "eaddd72b-e108-416e-b4ab-3e34cdaf1566",
            "name": "z72"
          },
          "sensitive_attributes": []
        }
      ]
    },
    {
      "mode": "data",
      "type": "genesyscloud_routing_skill",
      "name": "z73",
      "provider": "provider[\"registry.terraform.io/mypurecloud/genesyscloud\"]",
      "instances": [
        {
          "schema_version": 0,
          "attributes": {
            "id": "43ed2229-ea55-44e2-b961-31c66e080edf",
            "name": "z73"
          },
          "sensitive_attributes": []
        }
      ]
    },
    {
      "mode": "data",
      "type": "genesyscloud_routing_skill",
      "name": "z74",
      "provider": "provider[\"registry.terraform.io/mypurecloud/genesyscloud\"]",
      "instances": [
        {
          "schema_version": 0,
          "attributes": {
            "id": "e0e5abfd-e67c-4e25-8381-d5515cbb92cd",
            "name": "z74"
          },
          "sensitive_attributes": []
        }
      ]
    },
    {
      "mode": "data",
      "type": "genesyscloud_routing_skill",
      "name": "z75",
      "provider": "provider[\"registry.terraform.io/mypurecloud/genesyscloud\"]",
      "instances": [
        {
          "schema_version": 0,
          "attributes": {
            "id": "134ae21c-4b56-4be9-a819-ca5bf3c7064a",
            "name": "z75"
          },
          "sensitive_attributes": []
        }
      ]
    },
    {
      "mode": "data",
      "type": "genesyscloud_routing_skill",
      "name": "z76",
      "provider": "provider[\"registry.terraform.io/mypurecloud/genesyscloud\"]",
      "instances": [
        {
          "schema_version": 0,
          "attributes": {
            "id": "4ce40d6c-7dd0-4b14-ad3e-52913542e591",
            "name": "z76"
          },
          "sensitive_attributes": []
        }
      ]
    },
    {
      "mode": "data",
      "type": "genesyscloud_routing_skill",
      "name": "z77",
      "provider": "provider[\"registry.terraform.io/mypurecloud/genesyscloud\"]",
      "instances": [
        {
          "schema_version": 0,
          "attributes": {
            "id": "718076c5-fce0-41b7-bc80-0e20fea972b7",
            "name": "z77"
          },
          "sensitive_attributes": []
        }
      ]
    },
    {
      "mode": "data",
      "type": "genesyscloud_routing_skill",
      "name": "z78",
      "provider": "provider[\"registry.terraform.io/mypurecloud/genesyscloud\"]",
      "instances": [
        {
          "schema_version": 0,
          "attributes": {
            "id": "e31156a2-56c9-48c2-97a8-f4ff83098b65",
            "name": "z78"
          },
          "sensitive_attributes": []
        }
      ]
    },
    {
      "mode": "data",
      "type": "genesyscloud_routing_skill",
      "name": "z79",
      "provider": "provider[\"registry.terraform.io/mypurecloud/genesyscloud\"]",
      "instances": [
        {
          "schema_version": 0,
          "attributes": {
            "id": "3e4e9bd3-f1a3-4d93-9c9d-d9c20401aed1",
            "name": "z79"
          },
          "sensitive_attributes": []
        }
      ]
    },
    {
      "mode": "data",
      "type": "genesyscloud_routing_skill",
      "name": "z8",
      "provider": "provider[\"registry.terraform.io/mypurecloud/genesyscloud\"]",
      "instances": [
        {
          "schema_version": 0,
          "attributes": {
            "id": "721eaba0-a6dc-4575-8acf-5395ea9dfc2d",
            "name": "z08"
          },
          "sensitive_attributes": []
        }
      ]
    },
    {
      "mode": "data",
      "type": "genesyscloud_routing_skill",
      "name": "z80",
      "provider": "provider[\"registry.terraform.io/mypurecloud/genesyscloud\"]",
      "instances": [
        {
          "schema_version": 0,
          "attributes": {
            "id": "e487a3be-91ab-416f-b45c-4fb5036232aa",
            "name": "z80"
          },
          "sensitive_attributes": []
        }
      ]
    },
    {
      "mode": "data",
      "type": "genesyscloud_routing_skill",
      "name": "z9",
      "provider": "provider[\"registry.terraform.io/mypurecloud/genesyscloud\"]",
      "instances": [
        {
          "schema_version": 0,
          "attributes": {
            "id": "b52f050c-4bff-494f-a9c5-0ab4c16e3db1",
            "name": "z09"
          },
          "sensitive_attributes": []
        }
      ]
    },
    {
      "mode": "managed",
      "type": "genesyscloud_routing_queue",
      "name": "zCCAI_Queue",
      "provider": "provider[\"registry.terraform.io/mypurecloud/genesyscloud\"]",
      "instances": [
        {
          "schema_version": 1,
          "attributes": {
            "acw_timeout_ms": 0,
            "acw_wrapup_prompt": "MANDATORY_TIMEOUT",
            "auto_answer_only": true,
            "bullseye_rings": [],
            "calling_party_name": "",
            "calling_party_number": "",
            "default_script_ids": null,
            "description": "",
            "division_id": "f2777e89-ef43-44f2-a570-e883729854ea",
            "enable_manual_assignment": false,
            "enable_transcription": false,
            "id": "76573be7-b715-4450-9513-8fdaa078323e",
            "media_settings_call": [
              {
                "alerting_timeout_sec": 8,
                "service_level_duration_ms": 20000,
                "service_level_percentage": 0.8
              }
            ],
            "media_settings_callback": [
              {
                "alerting_timeout_sec": 30,
                "service_level_duration_ms": 20000,
                "service_level_percentage": 0.8
              }
            ],
            "media_settings_chat": [
              {
                "alerting_timeout_sec": 30,
                "service_level_duration_ms": 20000,
                "service_level_percentage": 0.8
              }
            ],
            "media_settings_email": [
              {
                "alerting_timeout_sec": 300,
                "service_level_duration_ms": 86400000,
                "service_level_percentage": 0.8
              }
            ],
            "media_settings_message": [
              {
                "alerting_timeout_sec": 30,
                "service_level_duration_ms": 20000,
                "service_level_percentage": 0.8
              }
            ],
            "media_settings_social": [],
            "media_settings_video": [
              {
                "alerting_timeout_sec": 8,
                "service_level_duration_ms": 20000,
                "service_level_percentage": 0.8
              }
            ],
            "members": [
              {
                "ring_num": 1,
                "user_id": "047dab5e-a316-4e85-9dd1-b88e145a2b5f"
              },
              {
                "ring_num": 1,
                "user_id": "04c7cdff-d3f1-4fc7-8a3a-819741412902"
              },
              {
                "ring_num": 1,
                "user_id": "0973122a-586d-496f-abdd-996a27028f20"
              },
              {
                "ring_num": 1,
                "user_id": "0a50f9df-4ccb-4430-9d8a-d7c92c52084d"
              },
              {
                "ring_num": 1,
                "user_id": "0f09900b-65e0-4c17-a54f-b279384f0241"
              },
              {
                "ring_num": 1,
                "user_id": "0f8b6603-fc04-47cf-967f-d9490849e720"
              },
              {
                "ring_num": 1,
                "user_id": "14df5cdd-bb9a-45c3-b73a-22ef23654467"
              },
              {
                "ring_num": 1,
                "user_id": "17799e0f-38b4-4525-992a-6049d3e99fd1"
              },
              {
                "ring_num": 1,
                "user_id": "1e7859f8-959d-4c46-a8b6-fd98573cd81e"
              },
              {
                "ring_num": 1,
                "user_id": "23865bdd-dd1b-4a61-8925-8cfe72dc8eec"
              },
              {
                "ring_num": 1,
                "user_id": "25829070-f14e-4d5f-9803-07f05b9f0057"
              },
              {
                "ring_num": 1,
                "user_id": "28629c3c-10bf-4778-af20-755c06b19fdd"
              },
              {
                "ring_num": 1,
                "user_id": "28aea830-4493-48bd-a4fe-8ea394c94b07"
              },
              {
                "ring_num": 1,
                "user_id": "2a8fa46b-21b4-4410-ae51-a513648361e4"
              },
              {
                "ring_num": 1,
                "user_id": "2c8064a5-b125-496c-b302-603d6d0e6f67"
              },
              {
                "ring_num": 1,
                "user_id": "31016f84-cbd4-4756-ad70-0ec8f970f8c6"
              },
              {
                "ring_num": 1,
                "user_id": "324c69d8-f945-4c2d-92be-83694f4baf6d"
              },
              {
                "ring_num": 1,
                "user_id": "38592712-1530-492b-b463-0037b9330dba"
              },
              {
                "ring_num": 1,
                "user_id": "3c219043-b4d4-4e14-a720-5b56bcbb13fe"
              },
              {
                "ring_num": 1,
                "user_id": "3f9aecc8-e12e-45bc-b6d5-84bdaf16b452"
              },
              {
                "ring_num": 1,
                "user_id": "3fc7a45c-3edc-40bd-a76e-efe1afbdd5b3"
              },
              {
                "ring_num": 1,
                "user_id": "4245a787-4e6d-4eba-8875-284e089d41b7"
              },
              {
                "ring_num": 1,
                "user_id": "4b03e725-2de5-4db7-9ae2-ea33916ad3c1"
              },
              {
                "ring_num": 1,
                "user_id": "4bf07912-1884-4b37-9d60-4300854eff03"
              },
              {
                "ring_num": 1,
                "user_id": "4e0d1763-756b-40a0-af5e-275f3e50d9d2"
              },
              {
                "ring_num": 1,
                "user_id": "4e5f3dae-1aba-4fa1-8a3d-ee74813e3289"
              },
              {
                "ring_num": 1,
                "user_id": "4f281740-7b37-4914-8fe3-7dacdbd1dd79"
              },
              {
                "ring_num": 1,
                "user_id": "555d6843-764d-4552-8092-7d1a6dff6df2"
              },
              {
                "ring_num": 1,
                "user_id": "555ec997-b8b8-4d0c-85c3-7a98a673ec85"
              },
              {
                "ring_num": 1,
                "user_id": "5723f5b9-3dcc-4260-87a5-9d1586fc81cb"
              },
              {
                "ring_num": 1,
                "user_id": "57899fdc-09d8-43c5-97ff-5e316d60ff53"
              },
              {
                "ring_num": 1,
                "user_id": "5b30b71b-c92a-46da-86a6-64ce83d9ccd2"
              },
              {
                "ring_num": 1,
                "user_id": "61c29cc3-2a11-4f3a-9efb-fdec6afe2d52"
              },
              {
                "ring_num": 1,
                "user_id": "6428ba85-d086-4c0c-95f2-c9fb9d5a57b4"
              },
              {
                "ring_num": 1,
                "user_id": "671d2a82-dfcb-44fb-8509-2e2b7f5cc1ba"
              },
              {
                "ring_num": 1,
                "user_id": "690a657f-bfd7-466d-8751-07e4dbf0e5d7"
              },
              {
                "ring_num": 1,
                "user_id": "69f9e489-efed-4cee-b045-3d1063e63210"
              },
              {
                "ring_num": 1,
                "user_id": "6d40684a-47ae-46fd-889c-cd1fae194ad1"
              },
              {
                "ring_num": 1,
                "user_id": "72c55a8a-405b-44d2-8a0b-8164059d8285"
              },
              {
                "ring_num": 1,
                "user_id": "73f3b316-88eb-4b1c-9669-a9167e518bc1"
              },
              {
                "ring_num": 1,
                "user_id": "81dacba4-76d9-4c07-add2-a772bc2a56e2"
              },
              {
                "ring_num": 1,
                "user_id": "8370954f-b8ec-408c-a27e-affba209f25a"
              },
              {
                "ring_num": 1,
                "user_id": "84d69a9b-b7bf-4b15-a497-ad25c5f3f8a6"
              },
              {
                "ring_num": 1,
                "user_id": "8f8b4f6b-3b9f-4d6a-ade6-89a81acaea43"
              },
              {
                "ring_num": 1,
                "user_id": "904fac1e-5738-40f1-8f16-bde2e27b2eeb"
              },
              {
                "ring_num": 1,
                "user_id": "94ce73dc-b97f-480c-8f98-ba39a94cf596"
              },
              {
                "ring_num": 1,
                "user_id": "a31ce5ca-bca1-4700-8738-b3faad1be08c"
              },
              {
                "ring_num": 1,
                "user_id": "a556ea20-f706-422c-8ee1-afc572821efa"
              },
              {
                "ring_num": 1,
                "user_id": "a5bc3db0-9b00-4ac7-ad02-3df004249799"
              },
              {
                "ring_num": 1,
                "user_id": "acf9b294-3018-4adc-ab3d-c033f1788348"
              },
              {
                "ring_num": 1,
                "user_id": "af5b5af9-4ffd-4070-a3f5-135f32da2da6"
              },
              {
                "ring_num": 1,
                "user_id": "af6325a4-3a2e-4d72-8366-5bfca95441ec"
              },
              {
                "ring_num": 1,
                "user_id": "b1dd22e6-bab3-4b7a-b12a-4cf03d90cde9"
              },
              {
                "ring_num": 1,
                "user_id": "b6c55fa1-3f55-4c88-be44-27b7daa8a6ec"
              },
              {
                "ring_num": 1,
                "user_id": "b7e22081-856b-4d4c-8ed4-ca1bde31f3fa"
              },
              {
                "ring_num": 1,
                "user_id": "b93aa453-2e04-433f-9623-49c1e2ae5c48"
              },
              {
                "ring_num": 1,
                "user_id": "bb105c79-0331-4a25-bea0-e7bed803c62e"
              },
              {
                "ring_num": 1,
                "user_id": "c089b4a2-d802-4be1-a76c-d0ccbcd1d14b"
              },
              {
                "ring_num": 1,
                "user_id": "c358a119-4538-4da8-850e-b15a441b2fda"
              },
              {
                "ring_num": 1,
                "user_id": "c424a452-fd13-4025-9cf3-6fea8025e4a6"
              },
              {
                "ring_num": 1,
                "user_id": "c526e777-8bbf-40d5-aa9e-bd78fc1b2381"
              },
              {
                "ring_num": 1,
                "user_id": "c66c7b42-04ae-4e88-9b54-3aee4b57241e"
              },
              {
                "ring_num": 1,
                "user_id": "c9b7845a-90c8-43dd-bf1f-62a681d04dd5"
              },
              {
                "ring_num": 1,
                "user_id": "cba37f9e-a446-4eb3-9e2c-69c8cc5e528d"
              },
              {
                "ring_num": 1,
                "user_id": "cc9db781-c5df-4911-a3c9-6ac1ead040ea"
              },
              {
                "ring_num": 1,
                "user_id": "ceb1cce4-96ad-4a94-b682-1d5f81e48947"
              },
              {
                "ring_num": 1,
                "user_id": "d88ecbd7-d9dd-4432-95e4-7657bd6500f9"
              },
              {
                "ring_num": 1,
                "user_id": "d897e90f-4444-4687-866f-07360e2b791d"
              },
              {
                "ring_num": 1,
                "user_id": "d933b63e-dd6a-4816-80d6-2e5b947f1793"
              },
              {
                "ring_num": 1,
                "user_id": "df093899-c6e7-4104-9e0d-99d6cb8f5969"
              },
              {
                "ring_num": 1,
                "user_id": "dfd3b785-57a7-4209-9e78-934cf804a6c2"
              },
              {
                "ring_num": 1,
                "user_id": "eb15f620-2065-4a6b-a003-8f8c1d9ddaec"
              },
              {
                "ring_num": 1,
                "user_id": "eb2415d6-635d-44ca-8e87-9f83b12b60ca"
              },
              {
                "ring_num": 1,
                "user_id": "ef57a0c3-b497-45c9-b0eb-2d35f6b2ac89"
              },
              {
                "ring_num": 1,
                "user_id": "f6873727-c7de-4a0d-8372-2d1654048d56"
              },
              {
                "ring_num": 1,
                "user_id": "f78d5a7a-9738-4f19-a996-894307c425ce"
              },
              {
                "ring_num": 1,
                "user_id": "f8495b0d-c679-4817-9042-aa51581f087c"
              },
              {
                "ring_num": 1,
                "user_id": "f8747332-7828-444b-8807-4266bd6cdeea"
              },
              {
                "ring_num": 1,
                "user_id": "fd031780-56e5-42e9-a919-a69c9c0e765c"
              },
              {
                "ring_num": 1,
                "user_id": "ff9041ae-a703-4a95-8499-ab5423f24012"
              }
            ],
            "name": "zCCAI Queue",
            "outbound_email_address": [],
            "outbound_messaging_sms_address_id": "",
            "queue_flow_id": "",
            "routing_rules": [],
            "skill_evaluation_method": "ALL",
            "whisper_prompt_id": "",
            "wrapup_codes": []
          },
          "sensitive_attributes": [],
          "private": "eyJzY2hlbWFfdmVyc2lvbiI6IjEifQ==",
          "dependencies": [
            "data.genesyscloud_routing_skill.z1",
            "data.genesyscloud_routing_skill.z10",
            "data.genesyscloud_routing_skill.z11",
            "data.genesyscloud_routing_skill.z12",
            "data.genesyscloud_routing_skill.z13",
            "data.genesyscloud_routing_skill.z14",
            "data.genesyscloud_routing_skill.z15",
            "data.genesyscloud_routing_skill.z16",
            "data.genesyscloud_routing_skill.z17",
            "data.genesyscloud_routing_skill.z18",
            "data.genesyscloud_routing_skill.z19",
            "data.genesyscloud_routing_skill.z2",
            "data.genesyscloud_routing_skill.z20",
            "data.genesyscloud_routing_skill.z21",
            "data.genesyscloud_routing_skill.z22",
            "data.genesyscloud_routing_skill.z23",
            "data.genesyscloud_routing_skill.z24",
            "data.genesyscloud_routing_skill.z25",
            "data.genesyscloud_routing_skill.z26",
            "data.genesyscloud_routing_skill.z27",
            "data.genesyscloud_routing_skill.z28",
            "data.genesyscloud_routing_skill.z29",
            "data.genesyscloud_routing_skill.z3",
            "data.genesyscloud_routing_skill.z30",
            "data.genesyscloud_routing_skill.z31",
            "data.genesyscloud_routing_skill.z32",
            "data.genesyscloud_routing_skill.z33",
            "data.genesyscloud_routing_skill.z34",
            "data.genesyscloud_routing_skill.z35",
            "data.genesyscloud_routing_skill.z36",
            "data.genesyscloud_routing_skill.z37",
            "data.genesyscloud_routing_skill.z38",
            "data.genesyscloud_routing_skill.z39",
            "data.genesyscloud_routing_skill.z4",
            "data.genesyscloud_routing_skill.z40",
            "data.genesyscloud_routing_skill.z41",
            "data.genesyscloud_routing_skill.z42",
            "data.genesyscloud_routing_skill.z43",
            "data.genesyscloud_routing_skill.z44",
            "data.genesyscloud_routing_skill.z45",
            "data.genesyscloud_routing_skill.z46",
            "data.genesyscloud_routing_skill.z47",
            "data.genesyscloud_routing_skill.z48",
            "data.genesyscloud_routing_skill.z49",
            "data.genesyscloud_routing_skill.z5",
            "data.genesyscloud_routing_skill.z50",
            "data.genesyscloud_routing_skill.z51",
            "data.genesyscloud_routing_skill.z52",
            "data.genesyscloud_routing_skill.z53",
            "data.genesyscloud_routing_skill.z54",
            "data.genesyscloud_routing_skill.z55",
            "data.genesyscloud_routing_skill.z56",
            "data.genesyscloud_routing_skill.z57",
            "data.genesyscloud_routing_skill.z58",
            "data.genesyscloud_routing_skill.z59",
            "data.genesyscloud_routing_skill.z6",
            "data.genesyscloud_routing_skill.z60",
            "data.genesyscloud_routing_skill.z61",
            "data.genesyscloud_routing_skill.z62",
            "data.genesyscloud_routing_skill.z63",
            "data.genesyscloud_routing_skill.z64",
            "data.genesyscloud_routing_skill.z65",
            "data.genesyscloud_routing_skill.z66",
            "data.genesyscloud_routing_skill.z67",
            "data.genesyscloud_routing_skill.z68",
            "data.genesyscloud_routing_skill.z69",
            "data.genesyscloud_routing_skill.z7",
            "data.genesyscloud_routing_skill.z70",
            "data.genesyscloud_routing_skill.z71",
            "data.genesyscloud_routing_skill.z72",
            "data.genesyscloud_routing_skill.z73",
            "data.genesyscloud_routing_skill.z74",
            "data.genesyscloud_routing_skill.z75",
            "data.genesyscloud_routing_skill.z76",
            "data.genesyscloud_routing_skill.z77",
            "data.genesyscloud_routing_skill.z78",
            "data.genesyscloud_routing_skill.z79",
            "data.genesyscloud_routing_skill.z8",
            "data.genesyscloud_routing_skill.z80",
            "data.genesyscloud_routing_skill.z9",
            "genesyscloud_user.Workshop_user1",
            "genesyscloud_user.Workshop_user10",
            "genesyscloud_user.Workshop_user11",
            "genesyscloud_user.Workshop_user12",
            "genesyscloud_user.Workshop_user13",
            "genesyscloud_user.Workshop_user14",
            "genesyscloud_user.Workshop_user15",
            "genesyscloud_user.Workshop_user16",
            "genesyscloud_user.Workshop_user17",
            "genesyscloud_user.Workshop_user18",
            "genesyscloud_user.Workshop_user19",
            "genesyscloud_user.Workshop_user2",
            "genesyscloud_user.Workshop_user20",
            "genesyscloud_user.Workshop_user21",
            "genesyscloud_user.Workshop_user22",
            "genesyscloud_user.Workshop_user23",
            "genesyscloud_user.Workshop_user24",
            "genesyscloud_user.Workshop_user25",
            "genesyscloud_user.Workshop_user26",
            "genesyscloud_user.Workshop_user27",
            "genesyscloud_user.Workshop_user28",
            "genesyscloud_user.Workshop_user29",
            "genesyscloud_user.Workshop_user3",
            "genesyscloud_user.Workshop_user30",
            "genesyscloud_user.Workshop_user31",
            "genesyscloud_user.Workshop_user32",
            "genesyscloud_user.Workshop_user33",
            "genesyscloud_user.Workshop_user34",
            "genesyscloud_user.Workshop_user35",
            "genesyscloud_user.Workshop_user36",
            "genesyscloud_user.Workshop_user37",
            "genesyscloud_user.Workshop_user38",
            "genesyscloud_user.Workshop_user39",
            "genesyscloud_user.Workshop_user4",
            "genesyscloud_user.Workshop_user40",
            "genesyscloud_user.Workshop_user41",
            "genesyscloud_user.Workshop_user42",
            "genesyscloud_user.Workshop_user43",
            "genesyscloud_user.Workshop_user44",
            "genesyscloud_user.Workshop_user45",
            "genesyscloud_user.Workshop_user46",
            "genesyscloud_user.Workshop_user47",
            "genesyscloud_user.Workshop_user48",
            "genesyscloud_user.Workshop_user49",
            "genesyscloud_user.Workshop_user5",
            "genesyscloud_user.Workshop_user50",
            "genesyscloud_user.Workshop_user51",
            "genesyscloud_user.Workshop_user52",
            "genesyscloud_user.Workshop_user53",
            "genesyscloud_user.Workshop_user54",
            "genesyscloud_user.Workshop_user55",
            "genesyscloud_user.Workshop_user56",
            "genesyscloud_user.Workshop_user57",
            "genesyscloud_user.Workshop_user58",
            "genesyscloud_user.Workshop_user59",
            "genesyscloud_user.Workshop_user6",
            "genesyscloud_user.Workshop_user60",
            "genesyscloud_user.Workshop_user61",
            "genesyscloud_user.Workshop_user62",
            "genesyscloud_user.Workshop_user63",
            "genesyscloud_user.Workshop_user64",
            "genesyscloud_user.Workshop_user65",
            "genesyscloud_user.Workshop_user66",
            "genesyscloud_user.Workshop_user67",
            "genesyscloud_user.Workshop_user68",
            "genesyscloud_user.Workshop_user69",
            "genesyscloud_user.Workshop_user7",
            "genesyscloud_user.Workshop_user70",
            "genesyscloud_user.Workshop_user71",
            "genesyscloud_user.Workshop_user72",
            "genesyscloud_user.Workshop_user73",
            "genesyscloud_user.Workshop_user74",
            "genesyscloud_user.Workshop_user75",
            "genesyscloud_user.Workshop_user76",
            "genesyscloud_user.Workshop_user77",
            "genesyscloud_user.Workshop_user78",
            "genesyscloud_user.Workshop_user79",
            "genesyscloud_user.Workshop_user8",
            "genesyscloud_user.Workshop_user80",
            "genesyscloud_user.Workshop_user9"
          ]
        }
      ]
    },
    {
      "mode": "managed",
      "type": "genesyscloud_user",
      "name": "Workshop_user1",
      "provider": "provider[\"registry.terraform.io/mypurecloud/genesyscloud\"]",
      "instances": [
        {
          "schema_version": 1,
          "attributes": {
            "acd_auto_answer": false,
            "addresses": [],
            "certifications": [],
            "department": "",
            "division_id": "f2777e89-ef43-44f2-a570-e883729854ea",
            "email": "workshopuser01@genesystest.com",
            "employer_info": [],
            "id": "f6873727-c7de-4a0d-8372-2d1654048d56",
            "locations": [],
            "manager": "",
            "name": "Workshop User 01",
            "password": "Indyworkshop1!",
            "profile_skills": [],
            "routing_languages": [],
            "routing_skills": [
              {
                "proficiency": 4.5,
                "skill_id": "533f548c-944a-4580-9963-268faac40d47"
              }
            ],
            "routing_utilization": [],
            "state": "active",
            "title": ""
          },
          "sensitive_attributes": [],
          "private": "eyJzY2hlbWFfdmVyc2lvbiI6IjEifQ==",
          "dependencies": [
            "data.genesyscloud_routing_skill.z1"
          ]
        }
      ]
    },
    {
      "mode": "managed",
      "type": "genesyscloud_user",
      "name": "Workshop_user10",
      "provider": "provider[\"registry.terraform.io/mypurecloud/genesyscloud\"]",
      "instances": [
        {
          "schema_version": 1,
          "attributes": {
            "acd_auto_answer": false,
            "addresses": [],
            "certifications": [],
            "department": "",
            "division_id": "f2777e89-ef43-44f2-a570-e883729854ea",
            "email": "workshopuser10@genesystest.com",
            "employer_info": [],
            "id": "b93aa453-2e04-433f-9623-49c1e2ae5c48",
            "locations": [],
            "manager": "",
            "name": "Workshop User 10",
            "password": "Indyworkshop1!",
            "profile_skills": [],
            "routing_languages": [],
            "routing_skills": [
              {
                "proficiency": 4.5,
                "skill_id": "ead3e567-ac0c-45c4-949b-2f6c6b00f732"
              }
            ],
            "routing_utilization": [],
            "state": "active",
            "title": ""
          },
          "sensitive_attributes": [],
          "private": "eyJzY2hlbWFfdmVyc2lvbiI6IjEifQ==",
          "dependencies": [
            "data.genesyscloud_routing_skill.z10"
          ]
        }
      ]
    },
    {
      "mode": "managed",
      "type": "genesyscloud_user",
      "name": "Workshop_user11",
      "provider": "provider[\"registry.terraform.io/mypurecloud/genesyscloud\"]",
      "instances": [
        {
          "schema_version": 1,
          "attributes": {
            "acd_auto_answer": false,
            "addresses": [],
            "certifications": [],
            "department": "",
            "division_id": "f2777e89-ef43-44f2-a570-e883729854ea",
            "email": "workshopuser11@genesystest.com",
            "employer_info": [],
            "id": "25829070-f14e-4d5f-9803-07f05b9f0057",
            "locations": [],
            "manager": "",
            "name": "Workshop User 11",
            "password": "Indyworkshop1!",
            "profile_skills": [],
            "routing_languages": [],
            "routing_skills": [
              {
                "proficiency": 4.5,
                "skill_id": "7f3d8e01-352b-4317-9834-b767d72a8681"
              }
            ],
            "routing_utilization": [],
            "state": "active",
            "title": ""
          },
          "sensitive_attributes": [],
          "private": "eyJzY2hlbWFfdmVyc2lvbiI6IjEifQ==",
          "dependencies": [
            "data.genesyscloud_routing_skill.z11"
          ]
        }
      ]
    },
    {
      "mode": "managed",
      "type": "genesyscloud_user",
      "name": "Workshop_user12",
      "provider": "provider[\"registry.terraform.io/mypurecloud/genesyscloud\"]",
      "instances": [
        {
          "schema_version": 1,
          "attributes": {
            "acd_auto_answer": false,
            "addresses": [],
            "certifications": [],
            "department": "",
            "division_id": "f2777e89-ef43-44f2-a570-e883729854ea",
            "email": "workshopuser12@genesystest.com",
            "employer_info": [],
            "id": "b7e22081-856b-4d4c-8ed4-ca1bde31f3fa",
            "locations": [],
            "manager": "",
            "name": "Workshop User 12",
            "password": "Indyworkshop1!",
            "profile_skills": [],
            "routing_languages": [],
            "routing_skills": [
              {
                "proficiency": 4.5,
                "skill_id": "e8c05f4b-bfd8-45e0-861f-8923c8bdee46"
              }
            ],
            "routing_utilization": [],
            "state": "active",
            "title": ""
          },
          "sensitive_attributes": [],
          "private": "eyJzY2hlbWFfdmVyc2lvbiI6IjEifQ==",
          "dependencies": [
            "data.genesyscloud_routing_skill.z12"
          ]
        }
      ]
    },
    {
      "mode": "managed",
      "type": "genesyscloud_user",
      "name": "Workshop_user13",
      "provider": "provider[\"registry.terraform.io/mypurecloud/genesyscloud\"]",
      "instances": [
        {
          "schema_version": 1,
          "attributes": {
            "acd_auto_answer": false,
            "addresses": [],
            "certifications": [],
            "department": "",
            "division_id": "f2777e89-ef43-44f2-a570-e883729854ea",
            "email": "workshopuser13@genesystest.com",
            "employer_info": [],
            "id": "c526e777-8bbf-40d5-aa9e-bd78fc1b2381",
            "locations": [],
            "manager": "",
            "name": "Workshop User 13",
            "password": "Indyworkshop1!",
            "profile_skills": [],
            "routing_languages": [],
            "routing_skills": [
              {
                "proficiency": 4.5,
                "skill_id": "8d450885-e20b-49ed-bb6c-2d9298a850c3"
              }
            ],
            "routing_utilization": [],
            "state": "active",
            "title": ""
          },
          "sensitive_attributes": [],
          "private": "eyJzY2hlbWFfdmVyc2lvbiI6IjEifQ==",
          "dependencies": [
            "data.genesyscloud_routing_skill.z13"
          ]
        }
      ]
    },
    {
      "mode": "managed",
      "type": "genesyscloud_user",
      "name": "Workshop_user14",
      "provider": "provider[\"registry.terraform.io/mypurecloud/genesyscloud\"]",
      "instances": [
        {
          "schema_version": 1,
          "attributes": {
            "acd_auto_answer": false,
            "addresses": [],
            "certifications": [],
            "department": "",
            "division_id": "f2777e89-ef43-44f2-a570-e883729854ea",
            "email": "workshopuser14@genesystest.com",
            "employer_info": [],
            "id": "81dacba4-76d9-4c07-add2-a772bc2a56e2",
            "locations": [],
            "manager": "",
            "name": "Workshop User 14",
            "password": "Indyworkshop1!",
            "profile_skills": [],
            "routing_languages": [],
            "routing_skills": [
              {
                "proficiency": 4.5,
                "skill_id": "d1fc8f5b-bae5-4199-83f2-69c40db63ecb"
              }
            ],
            "routing_utilization": [],
            "state": "active",
            "title": ""
          },
          "sensitive_attributes": [],
          "private": "eyJzY2hlbWFfdmVyc2lvbiI6IjEifQ==",
          "dependencies": [
            "data.genesyscloud_routing_skill.z14"
          ]
        }
      ]
    },
    {
      "mode": "managed",
      "type": "genesyscloud_user",
      "name": "Workshop_user15",
      "provider": "provider[\"registry.terraform.io/mypurecloud/genesyscloud\"]",
      "instances": [
        {
          "schema_version": 1,
          "attributes": {
            "acd_auto_answer": false,
            "addresses": [],
            "certifications": [],
            "department": "",
            "division_id": "f2777e89-ef43-44f2-a570-e883729854ea",
            "email": "workshopuser15@genesystest.com",
            "employer_info": [],
            "id": "4bf07912-1884-4b37-9d60-4300854eff03",
            "locations": [],
            "manager": "",
            "name": "Workshop User 15",
            "password": "Indyworkshop1!",
            "profile_skills": [],
            "routing_languages": [],
            "routing_skills": [
              {
                "proficiency": 4.5,
                "skill_id": "b758615d-cd05-4172-8eea-8524c8c243d8"
              }
            ],
            "routing_utilization": [],
            "state": "active",
            "title": ""
          },
          "sensitive_attributes": [],
          "private": "eyJzY2hlbWFfdmVyc2lvbiI6IjEifQ==",
          "dependencies": [
            "data.genesyscloud_routing_skill.z15"
          ]
        }
      ]
    },
    {
      "mode": "managed",
      "type": "genesyscloud_user",
      "name": "Workshop_user16",
      "provider": "provider[\"registry.terraform.io/mypurecloud/genesyscloud\"]",
      "instances": [
        {
          "schema_version": 1,
          "attributes": {
            "acd_auto_answer": false,
            "addresses": [],
            "certifications": [],
            "department": "",
            "division_id": "f2777e89-ef43-44f2-a570-e883729854ea",
            "email": "workshopuser16@genesystest.com",
            "employer_info": [],
            "id": "6428ba85-d086-4c0c-95f2-c9fb9d5a57b4",
            "locations": [],
            "manager": "",
            "name": "Workshop User 16",
            "password": "Indyworkshop1!",
            "profile_skills": [],
            "routing_languages": [],
            "routing_skills": [
              {
                "proficiency": 4.5,
                "skill_id": "4b66a904-9f82-45ff-9c97-da4b0267b532"
              }
            ],
            "routing_utilization": [],
            "state": "active",
            "title": ""
          },
          "sensitive_attributes": [],
          "private": "eyJzY2hlbWFfdmVyc2lvbiI6IjEifQ==",
          "dependencies": [
            "data.genesyscloud_routing_skill.z16"
          ]
        }
      ]
    },
    {
      "mode": "managed",
      "type": "genesyscloud_user",
      "name": "Workshop_user17",
      "provider": "provider[\"registry.terraform.io/mypurecloud/genesyscloud\"]",
      "instances": [
        {
          "schema_version": 1,
          "attributes": {
            "acd_auto_answer": false,
            "addresses": [],
            "certifications": [],
            "department": "",
            "division_id": "f2777e89-ef43-44f2-a570-e883729854ea",
            "email": "workshopuser17@genesystest.com",
            "employer_info": [],
            "id": "61c29cc3-2a11-4f3a-9efb-fdec6afe2d52",
            "locations": [],
            "manager": "",
            "name": "Workshop User 17",
            "password": "Indyworkshop1!",
            "profile_skills": [],
            "routing_languages": [],
            "routing_skills": [
              {
                "proficiency": 4.5,
                "skill_id": "4dc1d324-eca1-4c87-9a6e-7923cc24a288"
              }
            ],
            "routing_utilization": [],
            "state": "active",
            "title": ""
          },
          "sensitive_attributes": [],
          "private": "eyJzY2hlbWFfdmVyc2lvbiI6IjEifQ==",
          "dependencies": [
            "data.genesyscloud_routing_skill.z17"
          ]
        }
      ]
    },
    {
      "mode": "managed",
      "type": "genesyscloud_user",
      "name": "Workshop_user18",
      "provider": "provider[\"registry.terraform.io/mypurecloud/genesyscloud\"]",
      "instances": [
        {
          "schema_version": 1,
          "attributes": {
            "acd_auto_answer": false,
            "addresses": [],
            "certifications": [],
            "department": "",
            "division_id": "f2777e89-ef43-44f2-a570-e883729854ea",
            "email": "workshopuser18@genesystest.com",
            "employer_info": [],
            "id": "cc9db781-c5df-4911-a3c9-6ac1ead040ea",
            "locations": [],
            "manager": "",
            "name": "Workshop User 18",
            "password": "Indyworkshop1!",
            "profile_skills": [],
            "routing_languages": [],
            "routing_skills": [
              {
                "proficiency": 4.5,
                "skill_id": "dc91d674-49d0-4ed9-8b97-3e801c73b2b2"
              }
            ],
            "routing_utilization": [],
            "state": "active",
            "title": ""
          },
          "sensitive_attributes": [],
          "private": "eyJzY2hlbWFfdmVyc2lvbiI6IjEifQ==",
          "dependencies": [
            "data.genesyscloud_routing_skill.z18"
          ]
        }
      ]
    },
    {
      "mode": "managed",
      "type": "genesyscloud_user",
      "name": "Workshop_user19",
      "provider": "provider[\"registry.terraform.io/mypurecloud/genesyscloud\"]",
      "instances": [
        {
          "schema_version": 1,
          "attributes": {
            "acd_auto_answer": false,
            "addresses": [],
            "certifications": [],
            "department": "",
            "division_id": "f2777e89-ef43-44f2-a570-e883729854ea",
            "email": "workshopuser19@genesystest.com",
            "employer_info": [],
            "id": "af5b5af9-4ffd-4070-a3f5-135f32da2da6",
            "locations": [],
            "manager": "",
            "name": "Workshop User 19",
            "password": "Indyworkshop1!",
            "profile_skills": [],
            "routing_languages": [],
            "routing_skills": [
              {
                "proficiency": 4.5,
                "skill_id": "91c1a2b8-8e1a-4dc5-843d-ad897170a5d6"
              }
            ],
            "routing_utilization": [],
            "state": "active",
            "title": ""
          },
          "sensitive_attributes": [],
          "private": "eyJzY2hlbWFfdmVyc2lvbiI6IjEifQ==",
          "dependencies": [
            "data.genesyscloud_routing_skill.z19"
          ]
        }
      ]
    },
    {
      "mode": "managed",
      "type": "genesyscloud_user",
      "name": "Workshop_user2",
      "provider": "provider[\"registry.terraform.io/mypurecloud/genesyscloud\"]",
      "instances": [
        {
          "schema_version": 1,
          "attributes": {
            "acd_auto_answer": false,
            "addresses": [],
            "certifications": [],
            "department": "",
            "division_id": "f2777e89-ef43-44f2-a570-e883729854ea",
            "email": "workshopuser02@genesystest.com",
            "employer_info": [],
            "id": "1e7859f8-959d-4c46-a8b6-fd98573cd81e",
            "locations": [],
            "manager": "",
            "name": "Workshop User 02",
            "password": "Indyworkshop1!",
            "profile_skills": [],
            "routing_languages": [],
            "routing_skills": [
              {
                "proficiency": 4.5,
                "skill_id": "e8bc4182-8f9d-445e-9e7b-5f1076e1b6af"
              }
            ],
            "routing_utilization": [],
            "state": "active",
            "title": ""
          },
          "sensitive_attributes": [],
          "private": "eyJzY2hlbWFfdmVyc2lvbiI6IjEifQ==",
          "dependencies": [
            "data.genesyscloud_routing_skill.z2"
          ]
        }
      ]
    },
    {
      "mode": "managed",
      "type": "genesyscloud_user",
      "name": "Workshop_user20",
      "provider": "provider[\"registry.terraform.io/mypurecloud/genesyscloud\"]",
      "instances": [
        {
          "schema_version": 1,
          "attributes": {
            "acd_auto_answer": false,
            "addresses": [],
            "certifications": [],
            "department": "",
            "division_id": "f2777e89-ef43-44f2-a570-e883729854ea",
            "email": "workshopuser20@genesystest.com",
            "employer_info": [],
            "id": "324c69d8-f945-4c2d-92be-83694f4baf6d",
            "locations": [],
            "manager": "",
            "name": "Workshop User 20",
            "password": "Indyworkshop1!",
            "profile_skills": [],
            "routing_languages": [],
            "routing_skills": [
              {
                "proficiency": 4.5,
                "skill_id": "2d0ec185-f0dd-433c-a413-979de846ee54"
              }
            ],
            "routing_utilization": [],
            "state": "active",
            "title": ""
          },
          "sensitive_attributes": [],
          "private": "eyJzY2hlbWFfdmVyc2lvbiI6IjEifQ==",
          "dependencies": [
            "data.genesyscloud_routing_skill.z20"
          ]
        }
      ]
    },
    {
      "mode": "managed",
      "type": "genesyscloud_user",
      "name": "Workshop_user21",
      "provider": "provider[\"registry.terraform.io/mypurecloud/genesyscloud\"]",
      "instances": [
        {
          "schema_version": 1,
          "attributes": {
            "acd_auto_answer": false,
            "addresses": [],
            "certifications": [],
            "department": "",
            "division_id": "f2777e89-ef43-44f2-a570-e883729854ea",
            "email": "workshopuser21@genesystest.com",
            "employer_info": [],
            "id": "3f9aecc8-e12e-45bc-b6d5-84bdaf16b452",
            "locations": [],
            "manager": "",
            "name": "Workshop User 21",
            "password": "Indyworkshop1!",
            "profile_skills": [],
            "routing_languages": [],
            "routing_skills": [
              {
                "proficiency": 4.5,
                "skill_id": "0dbde71f-5897-41e1-a662-7271e22e965d"
              }
            ],
            "routing_utilization": [],
            "state": "active",
            "title": ""
          },
          "sensitive_attributes": [],
          "private": "eyJzY2hlbWFfdmVyc2lvbiI6IjEifQ==",
          "dependencies": [
            "data.genesyscloud_routing_skill.z21"
          ]
        }
      ]
    },
    {
      "mode": "managed",
      "type": "genesyscloud_user",
      "name": "Workshop_user22",
      "provider": "provider[\"registry.terraform.io/mypurecloud/genesyscloud\"]",
      "instances": [
        {
          "schema_version": 1,
          "attributes": {
            "acd_auto_answer": false,
            "addresses": [],
            "certifications": [],
            "department": "",
            "division_id": "f2777e89-ef43-44f2-a570-e883729854ea",
            "email": "workshopuser22@genesystest.com",
            "employer_info": [],
            "id": "73f3b316-88eb-4b1c-9669-a9167e518bc1",
            "locations": [],
            "manager": "",
            "name": "Workshop User 22",
            "password": "Indyworkshop1!",
            "profile_skills": [],
            "routing_languages": [],
            "routing_skills": [
              {
                "proficiency": 4.5,
                "skill_id": "b5f377ab-f173-440d-b8a8-36a3568a2f67"
              }
            ],
            "routing_utilization": [],
            "state": "active",
            "title": ""
          },
          "sensitive_attributes": [],
          "private": "eyJzY2hlbWFfdmVyc2lvbiI6IjEifQ==",
          "dependencies": [
            "data.genesyscloud_routing_skill.z22"
          ]
        }
      ]
    },
    {
      "mode": "managed",
      "type": "genesyscloud_user",
      "name": "Workshop_user23",
      "provider": "provider[\"registry.terraform.io/mypurecloud/genesyscloud\"]",
      "instances": [
        {
          "schema_version": 1,
          "attributes": {
            "acd_auto_answer": false,
            "addresses": [],
            "certifications": [],
            "department": "",
            "division_id": "f2777e89-ef43-44f2-a570-e883729854ea",
            "email": "workshopuser23@genesystest.com",
            "employer_info": [],
            "id": "d933b63e-dd6a-4816-80d6-2e5b947f1793",
            "locations": [],
            "manager": "",
            "name": "Workshop User 23",
            "password": "Indyworkshop1!",
            "profile_skills": [],
            "routing_languages": [],
            "routing_skills": [
              {
                "proficiency": 4.5,
                "skill_id": "8d6aa33b-6113-442f-9fa7-8bc2525c518d"
              }
            ],
            "routing_utilization": [],
            "state": "active",
            "title": ""
          },
          "sensitive_attributes": [],
          "private": "eyJzY2hlbWFfdmVyc2lvbiI6IjEifQ==",
          "dependencies": [
            "data.genesyscloud_routing_skill.z23"
          ]
        }
      ]
    },
    {
      "mode": "managed",
      "type": "genesyscloud_user",
      "name": "Workshop_user24",
      "provider": "provider[\"registry.terraform.io/mypurecloud/genesyscloud\"]",
      "instances": [
        {
          "schema_version": 1,
          "attributes": {
            "acd_auto_answer": false,
            "addresses": [],
            "certifications": [],
            "department": "",
            "division_id": "f2777e89-ef43-44f2-a570-e883729854ea",
            "email": "workshopuser24@genesystest.com",
            "employer_info": [],
            "id": "c9b7845a-90c8-43dd-bf1f-62a681d04dd5",
            "locations": [],
            "manager": "",
            "name": "Workshop User 24",
            "password": "Indyworkshop1!",
            "profile_skills": [],
            "routing_languages": [],
            "routing_skills": [
              {
                "proficiency": 4.5,
                "skill_id": "15b735b6-80e0-4dbf-9e11-e2e8fd3a0e0e"
              }
            ],
            "routing_utilization": [],
            "state": "active",
            "title": ""
          },
          "sensitive_attributes": [],
          "private": "eyJzY2hlbWFfdmVyc2lvbiI6IjEifQ==",
          "dependencies": [
            "data.genesyscloud_routing_skill.z24"
          ]
        }
      ]
    },
    {
      "mode": "managed",
      "type": "genesyscloud_user",
      "name": "Workshop_user25",
      "provider": "provider[\"registry.terraform.io/mypurecloud/genesyscloud\"]",
      "instances": [
        {
          "schema_version": 1,
          "attributes": {
            "acd_auto_answer": false,
            "addresses": [],
            "certifications": [],
            "department": "",
            "division_id": "f2777e89-ef43-44f2-a570-e883729854ea",
            "email": "workshopuser25@genesystest.com",
            "employer_info": [],
            "id": "31016f84-cbd4-4756-ad70-0ec8f970f8c6",
            "locations": [],
            "manager": "",
            "name": "Workshop User 25",
            "password": "Indyworkshop1!",
            "profile_skills": [],
            "routing_languages": [],
            "routing_skills": [
              {
                "proficiency": 4.5,
                "skill_id": "b325b3ba-75a0-49d2-a580-c0952c54a4dc"
              }
            ],
            "routing_utilization": [],
            "state": "active",
            "title": ""
          },
          "sensitive_attributes": [],
          "private": "eyJzY2hlbWFfdmVyc2lvbiI6IjEifQ==",
          "dependencies": [
            "data.genesyscloud_routing_skill.z25"
          ]
        }
      ]
    },
    {
      "mode": "managed",
      "type": "genesyscloud_user",
      "name": "Workshop_user26",
      "provider": "provider[\"registry.terraform.io/mypurecloud/genesyscloud\"]",
      "instances": [
        {
          "schema_version": 1,
          "attributes": {
            "acd_auto_answer": false,
            "addresses": [],
            "certifications": [],
            "department": "",
            "division_id": "f2777e89-ef43-44f2-a570-e883729854ea",
            "email": "workshopuser26@genesystest.com",
            "employer_info": [],
            "id": "a5bc3db0-9b00-4ac7-ad02-3df004249799",
            "locations": [],
            "manager": "",
            "name": "Workshop User 26",
            "password": "Indyworkshop1!",
            "profile_skills": [],
            "routing_languages": [],
            "routing_skills": [
              {
                "proficiency": 4.5,
                "skill_id": "e87ea44e-a627-4320-a056-747fc0b755d4"
              }
            ],
            "routing_utilization": [],
            "state": "active",
            "title": ""
          },
          "sensitive_attributes": [],
          "private": "eyJzY2hlbWFfdmVyc2lvbiI6IjEifQ==",
          "dependencies": [
            "data.genesyscloud_routing_skill.z26"
          ]
        }
      ]
    },
    {
      "mode": "managed",
      "type": "genesyscloud_user",
      "name": "Workshop_user27",
      "provider": "provider[\"registry.terraform.io/mypurecloud/genesyscloud\"]",
      "instances": [
        {
          "schema_version": 1,
          "attributes": {
            "acd_auto_answer": false,
            "addresses": [],
            "certifications": [],
            "department": "",
            "division_id": "f2777e89-ef43-44f2-a570-e883729854ea",
            "email": "workshopuser27@genesystest.com",
            "employer_info": [],
            "id": "b6c55fa1-3f55-4c88-be44-27b7daa8a6ec",
            "locations": [],
            "manager": "",
            "name": "Workshop User 27",
            "password": "Indyworkshop1!",
            "profile_skills": [],
            "routing_languages": [],
            "routing_skills": [
              {
                "proficiency": 4.5,
                "skill_id": "91f1ef02-5f8d-4f01-8cdc-a1990317b93f"
              }
            ],
            "routing_utilization": [],
            "state": "active",
            "title": ""
          },
          "sensitive_attributes": [],
          "private": "eyJzY2hlbWFfdmVyc2lvbiI6IjEifQ==",
          "dependencies": [
            "data.genesyscloud_routing_skill.z27"
          ]
        }
      ]
    },
    {
      "mode": "managed",
      "type": "genesyscloud_user",
      "name": "Workshop_user28",
      "provider": "provider[\"registry.terraform.io/mypurecloud/genesyscloud\"]",
      "instances": [
        {
          "schema_version": 1,
          "attributes": {
            "acd_auto_answer": false,
            "addresses": [],
            "certifications": [],
            "department": "",
            "division_id": "f2777e89-ef43-44f2-a570-e883729854ea",
            "email": "workshopuser28@genesystest.com",
            "employer_info": [],
            "id": "28629c3c-10bf-4778-af20-755c06b19fdd",
            "locations": [],
            "manager": "",
            "name": "Workshop User 28",
            "password": "Indyworkshop1!",
            "profile_skills": [],
            "routing_languages": [],
            "routing_skills": [
              {
                "proficiency": 4.5,
                "skill_id": "14f876db-e842-45e7-9a80-11e821cca490"
              }
            ],
            "routing_utilization": [],
            "state": "active",
            "title": ""
          },
          "sensitive_attributes": [],
          "private": "eyJzY2hlbWFfdmVyc2lvbiI6IjEifQ==",
          "dependencies": [
            "data.genesyscloud_routing_skill.z28"
          ]
        }
      ]
    },
    {
      "mode": "managed",
      "type": "genesyscloud_user",
      "name": "Workshop_user29",
      "provider": "provider[\"registry.terraform.io/mypurecloud/genesyscloud\"]",
      "instances": [
        {
          "schema_version": 1,
          "attributes": {
            "acd_auto_answer": false,
            "addresses": [],
            "certifications": [],
            "department": "",
            "division_id": "f2777e89-ef43-44f2-a570-e883729854ea",
            "email": "workshopuser29@genesystest.com",
            "employer_info": [],
            "id": "eb15f620-2065-4a6b-a003-8f8c1d9ddaec",
            "locations": [],
            "manager": "",
            "name": "Workshop User 29",
            "password": "Indyworkshop1!",
            "profile_skills": [],
            "routing_languages": [],
            "routing_skills": [
              {
                "proficiency": 4.5,
                "skill_id": "4065cec0-a484-4eb5-b8c3-05facb930dbc"
              }
            ],
            "routing_utilization": [],
            "state": "active",
            "title": ""
          },
          "sensitive_attributes": [],
          "private": "eyJzY2hlbWFfdmVyc2lvbiI6IjEifQ==",
          "dependencies": [
            "data.genesyscloud_routing_skill.z29"
          ]
        }
      ]
    },
    {
      "mode": "managed",
      "type": "genesyscloud_user",
      "name": "Workshop_user3",
      "provider": "provider[\"registry.terraform.io/mypurecloud/genesyscloud\"]",
      "instances": [
        {
          "schema_version": 1,
          "attributes": {
            "acd_auto_answer": false,
            "addresses": [],
            "certifications": [],
            "department": "",
            "division_id": "f2777e89-ef43-44f2-a570-e883729854ea",
            "email": "workshopuser03@genesystest.com",
            "employer_info": [],
            "id": "f8495b0d-c679-4817-9042-aa51581f087c",
            "locations": [],
            "manager": "",
            "name": "Workshop User 03",
            "password": "Indyworkshop1!",
            "profile_skills": [],
            "routing_languages": [],
            "routing_skills": [
              {
                "proficiency": 4.5,
                "skill_id": "7aa0a6d4-5f3f-4361-bfc9-f26b655735b5"
              }
            ],
            "routing_utilization": [],
            "state": "active",
            "title": ""
          },
          "sensitive_attributes": [],
          "private": "eyJzY2hlbWFfdmVyc2lvbiI6IjEifQ==",
          "dependencies": [
            "data.genesyscloud_routing_skill.z3"
          ]
        }
      ]
    },
    {
      "mode": "managed",
      "type": "genesyscloud_user",
      "name": "Workshop_user30",
      "provider": "provider[\"registry.terraform.io/mypurecloud/genesyscloud\"]",
      "instances": [
        {
          "schema_version": 1,
          "attributes": {
            "acd_auto_answer": false,
            "addresses": [],
            "certifications": [],
            "department": "",
            "division_id": "f2777e89-ef43-44f2-a570-e883729854ea",
            "email": "workshopuser30@genesystest.com",
            "employer_info": [],
            "id": "14df5cdd-bb9a-45c3-b73a-22ef23654467",
            "locations": [],
            "manager": "",
            "name": "Workshop User 30",
            "password": "Indyworkshop1!",
            "profile_skills": [],
            "routing_languages": [],
            "routing_skills": [
              {
                "proficiency": 4.5,
                "skill_id": "93075fdf-f8dd-464e-9431-d70352658397"
              }
            ],
            "routing_utilization": [],
            "state": "active",
            "title": ""
          },
          "sensitive_attributes": [],
          "private": "eyJzY2hlbWFfdmVyc2lvbiI6IjEifQ==",
          "dependencies": [
            "data.genesyscloud_routing_skill.z30"
          ]
        }
      ]
    },
    {
      "mode": "managed",
      "type": "genesyscloud_user",
      "name": "Workshop_user31",
      "provider": "provider[\"registry.terraform.io/mypurecloud/genesyscloud\"]",
      "instances": [
        {
          "schema_version": 1,
          "attributes": {
            "acd_auto_answer": false,
            "addresses": [],
            "certifications": [],
            "department": "",
            "division_id": "f2777e89-ef43-44f2-a570-e883729854ea",
            "email": "workshopuser31@genesystest.com",
            "employer_info": [],
            "id": "28aea830-4493-48bd-a4fe-8ea394c94b07",
            "locations": [],
            "manager": "",
            "name": "Workshop User 31",
            "password": "Indyworkshop1!",
            "profile_skills": [],
            "routing_languages": [],
            "routing_skills": [
              {
                "proficiency": 4.5,
                "skill_id": "7b0f1131-7d66-4ce7-a77a-c3169090650f"
              }
            ],
            "routing_utilization": [],
            "state": "active",
            "title": ""
          },
          "sensitive_attributes": [],
          "private": "eyJzY2hlbWFfdmVyc2lvbiI6IjEifQ==",
          "dependencies": [
            "data.genesyscloud_routing_skill.z31"
          ]
        }
      ]
    },
    {
      "mode": "managed",
      "type": "genesyscloud_user",
      "name": "Workshop_user32",
      "provider": "provider[\"registry.terraform.io/mypurecloud/genesyscloud\"]",
      "instances": [
        {
          "schema_version": 1,
          "attributes": {
            "acd_auto_answer": false,
            "addresses": [],
            "certifications": [],
            "department": "",
            "division_id": "f2777e89-ef43-44f2-a570-e883729854ea",
            "email": "workshopuser32@genesystest.com",
            "employer_info": [],
            "id": "fd031780-56e5-42e9-a919-a69c9c0e765c",
            "locations": [],
            "manager": "",
            "name": "Workshop User 32",
            "password": "Indyworkshop1!",
            "profile_skills": [],
            "routing_languages": [],
            "routing_skills": [
              {
                "proficiency": 4.5,
                "skill_id": "be074200-abc4-47ed-a820-ff92e44b05dc"
              }
            ],
            "routing_utilization": [],
            "state": "active",
            "title": ""
          },
          "sensitive_attributes": [],
          "private": "eyJzY2hlbWFfdmVyc2lvbiI6IjEifQ==",
          "dependencies": [
            "data.genesyscloud_routing_skill.z32"
          ]
        }
      ]
    },
    {
      "mode": "managed",
      "type": "genesyscloud_user",
      "name": "Workshop_user33",
      "provider": "provider[\"registry.terraform.io/mypurecloud/genesyscloud\"]",
      "instances": [
        {
          "schema_version": 1,
          "attributes": {
            "acd_auto_answer": false,
            "addresses": [],
            "certifications": [],
            "department": "",
            "division_id": "f2777e89-ef43-44f2-a570-e883729854ea",
            "email": "workshopuser33@genesystest.com",
            "employer_info": [],
            "id": "555ec997-b8b8-4d0c-85c3-7a98a673ec85",
            "locations": [],
            "manager": "",
            "name": "Workshop User 33",
            "password": "Indyworkshop1!",
            "profile_skills": [],
            "routing_languages": [],
            "routing_skills": [
              {
                "proficiency": 4.5,
                "skill_id": "aca8b164-0281-4ab4-ba90-3520a343d137"
              }
            ],
            "routing_utilization": [],
            "state": "active",
            "title": ""
          },
          "sensitive_attributes": [],
          "private": "eyJzY2hlbWFfdmVyc2lvbiI6IjEifQ==",
          "dependencies": [
            "data.genesyscloud_routing_skill.z33"
          ]
        }
      ]
    },
    {
      "mode": "managed",
      "type": "genesyscloud_user",
      "name": "Workshop_user34",
      "provider": "provider[\"registry.terraform.io/mypurecloud/genesyscloud\"]",
      "instances": [
        {
          "schema_version": 1,
          "attributes": {
            "acd_auto_answer": false,
            "addresses": [],
            "certifications": [],
            "department": "",
            "division_id": "f2777e89-ef43-44f2-a570-e883729854ea",
            "email": "workshopuser34@genesystest.com",
            "employer_info": [],
            "id": "d897e90f-4444-4687-866f-07360e2b791d",
            "locations": [],
            "manager": "",
            "name": "Workshop User 34",
            "password": "Indyworkshop1!",
            "profile_skills": [],
            "routing_languages": [],
            "routing_skills": [
              {
                "proficiency": 4.5,
                "skill_id": "bf8d1414-3af0-4969-98c6-ef208321e8cc"
              }
            ],
            "routing_utilization": [],
            "state": "active",
            "title": ""
          },
          "sensitive_attributes": [],
          "private": "eyJzY2hlbWFfdmVyc2lvbiI6IjEifQ==",
          "dependencies": [
            "data.genesyscloud_routing_skill.z34"
          ]
        }
      ]
    },
    {
      "mode": "managed",
      "type": "genesyscloud_user",
      "name": "Workshop_user35",
      "provider": "provider[\"registry.terraform.io/mypurecloud/genesyscloud\"]",
      "instances": [
        {
          "schema_version": 1,
          "attributes": {
            "acd_auto_answer": false,
            "addresses": [],
            "certifications": [],
            "department": "",
            "division_id": "f2777e89-ef43-44f2-a570-e883729854ea",
            "email": "workshopuser35@genesystest.com",
            "employer_info": [],
            "id": "17799e0f-38b4-4525-992a-6049d3e99fd1",
            "locations": [],
            "manager": "",
            "name": "Workshop User 35",
            "password": "Indyworkshop1!",
            "profile_skills": [],
            "routing_languages": [],
            "routing_skills": [
              {
                "proficiency": 4.5,
                "skill_id": "625ebb47-4a58-466e-88e9-71c464879108"
              }
            ],
            "routing_utilization": [],
            "state": "active",
            "title": ""
          },
          "sensitive_attributes": [],
          "private": "eyJzY2hlbWFfdmVyc2lvbiI6IjEifQ==",
          "dependencies": [
            "data.genesyscloud_routing_skill.z35"
          ]
        }
      ]
    },
    {
      "mode": "managed",
      "type": "genesyscloud_user",
      "name": "Workshop_user36",
      "provider": "provider[\"registry.terraform.io/mypurecloud/genesyscloud\"]",
      "instances": [
        {
          "schema_version": 1,
          "attributes": {
            "acd_auto_answer": false,
            "addresses": [],
            "certifications": [],
            "department": "",
            "division_id": "f2777e89-ef43-44f2-a570-e883729854ea",
            "email": "workshopuser36@genesystest.com",
            "employer_info": [],
            "id": "8370954f-b8ec-408c-a27e-affba209f25a",
            "locations": [],
            "manager": "",
            "name": "Workshop User 36",
            "password": "Indyworkshop1!",
            "profile_skills": [],
            "routing_languages": [],
            "routing_skills": [
              {
                "proficiency": 4.5,
                "skill_id": "b652942b-e385-4028-a4c5-092ab74d3193"
              }
            ],
            "routing_utilization": [],
            "state": "active",
            "title": ""
          },
          "sensitive_attributes": [],
          "private": "eyJzY2hlbWFfdmVyc2lvbiI6IjEifQ==",
          "dependencies": [
            "data.genesyscloud_routing_skill.z36"
          ]
        }
      ]
    },
    {
      "mode": "managed",
      "type": "genesyscloud_user",
      "name": "Workshop_user37",
      "provider": "provider[\"registry.terraform.io/mypurecloud/genesyscloud\"]",
      "instances": [
        {
          "schema_version": 1,
          "attributes": {
            "acd_auto_answer": false,
            "addresses": [],
            "certifications": [],
            "department": "",
            "division_id": "f2777e89-ef43-44f2-a570-e883729854ea",
            "email": "workshopuser37@genesystest.com",
            "employer_info": [],
            "id": "af6325a4-3a2e-4d72-8366-5bfca95441ec",
            "locations": [],
            "manager": "",
            "name": "Workshop User 37",
            "password": "Indyworkshop1!",
            "profile_skills": [],
            "routing_languages": [],
            "routing_skills": [
              {
                "proficiency": 4.5,
                "skill_id": "1bf92b14-dcfd-45c2-98fd-fdada9be3cc0"
              }
            ],
            "routing_utilization": [],
            "state": "active",
            "title": ""
          },
          "sensitive_attributes": [],
          "private": "eyJzY2hlbWFfdmVyc2lvbiI6IjEifQ==",
          "dependencies": [
            "data.genesyscloud_routing_skill.z37"
          ]
        }
      ]
    },
    {
      "mode": "managed",
      "type": "genesyscloud_user",
      "name": "Workshop_user38",
      "provider": "provider[\"registry.terraform.io/mypurecloud/genesyscloud\"]",
      "instances": [
        {
          "schema_version": 1,
          "attributes": {
            "acd_auto_answer": false,
            "addresses": [],
            "certifications": [],
            "department": "",
            "division_id": "f2777e89-ef43-44f2-a570-e883729854ea",
            "email": "workshopuser38@genesystest.com",
            "employer_info": [],
            "id": "4f281740-7b37-4914-8fe3-7dacdbd1dd79",
            "locations": [],
            "manager": "",
            "name": "Workshop User 38",
            "password": "Indyworkshop1!",
            "profile_skills": [],
            "routing_languages": [],
            "routing_skills": [
              {
                "proficiency": 4.5,
                "skill_id": "74693fc8-77af-4424-a42c-dfd575f86527"
              }
            ],
            "routing_utilization": [],
            "state": "active",
            "title": ""
          },
          "sensitive_attributes": [],
          "private": "eyJzY2hlbWFfdmVyc2lvbiI6IjEifQ==",
          "dependencies": [
            "data.genesyscloud_routing_skill.z38"
          ]
        }
      ]
    },
    {
      "mode": "managed",
      "type": "genesyscloud_user",
      "name": "Workshop_user39",
      "provider": "provider[\"registry.terraform.io/mypurecloud/genesyscloud\"]",
      "instances": [
        {
          "schema_version": 1,
          "attributes": {
            "acd_auto_answer": false,
            "addresses": [],
            "certifications": [],
            "department": "",
            "division_id": "f2777e89-ef43-44f2-a570-e883729854ea",
            "email": "workshopuser39@genesystest.com",
            "employer_info": [],
            "id": "f8747332-7828-444b-8807-4266bd6cdeea",
            "locations": [],
            "manager": "",
            "name": "Workshop User 39",
            "password": "Indyworkshop1!",
            "profile_skills": [],
            "routing_languages": [],
            "routing_skills": [
              {
                "proficiency": 4.5,
                "skill_id": "806e5c76-461a-41ed-8fa0-22fa47c33cd4"
              }
            ],
            "routing_utilization": [],
            "state": "active",
            "title": ""
          },
          "sensitive_attributes": [],
          "private": "eyJzY2hlbWFfdmVyc2lvbiI6IjEifQ==",
          "dependencies": [
            "data.genesyscloud_routing_skill.z39"
          ]
        }
      ]
    },
    {
      "mode": "managed",
      "type": "genesyscloud_user",
      "name": "Workshop_user4",
      "provider": "provider[\"registry.terraform.io/mypurecloud/genesyscloud\"]",
      "instances": [
        {
          "schema_version": 1,
          "attributes": {
            "acd_auto_answer": false,
            "addresses": [],
            "certifications": [],
            "department": "",
            "division_id": "f2777e89-ef43-44f2-a570-e883729854ea",
            "email": "workshopuser04@genesystest.com",
            "employer_info": [],
            "id": "23865bdd-dd1b-4a61-8925-8cfe72dc8eec",
            "locations": [],
            "manager": "",
            "name": "Workshop User 04",
            "password": "Indyworkshop1!",
            "profile_skills": [],
            "routing_languages": [],
            "routing_skills": [
              {
                "proficiency": 4.5,
                "skill_id": "39d49578-72fc-4671-b5c9-adf7d8678234"
              }
            ],
            "routing_utilization": [],
            "state": "active",
            "title": ""
          },
          "sensitive_attributes": [],
          "private": "eyJzY2hlbWFfdmVyc2lvbiI6IjEifQ==",
          "dependencies": [
            "data.genesyscloud_routing_skill.z4"
          ]
        }
      ]
    },
    {
      "mode": "managed",
      "type": "genesyscloud_user",
      "name": "Workshop_user40",
      "provider": "provider[\"registry.terraform.io/mypurecloud/genesyscloud\"]",
      "instances": [
        {
          "schema_version": 1,
          "attributes": {
            "acd_auto_answer": false,
            "addresses": [],
            "certifications": [],
            "department": "",
            "division_id": "f2777e89-ef43-44f2-a570-e883729854ea",
            "email": "workshopuser40@genesystest.com",
            "employer_info": [],
            "id": "5723f5b9-3dcc-4260-87a5-9d1586fc81cb",
            "locations": [],
            "manager": "",
            "name": "Workshop User 40",
            "password": "Indyworkshop1!",
            "profile_skills": [],
            "routing_languages": [],
            "routing_skills": [
              {
                "proficiency": 4.5,
                "skill_id": "b73d429c-fb9d-4a85-b6e3-32e3da29434b"
              }
            ],
            "routing_utilization": [],
            "state": "active",
            "title": ""
          },
          "sensitive_attributes": [],
          "private": "eyJzY2hlbWFfdmVyc2lvbiI6IjEifQ==",
          "dependencies": [
            "data.genesyscloud_routing_skill.z40"
          ]
        }
      ]
    },
    {
      "mode": "managed",
      "type": "genesyscloud_user",
      "name": "Workshop_user41",
      "provider": "provider[\"registry.terraform.io/mypurecloud/genesyscloud\"]",
      "instances": [
        {
          "schema_version": 1,
          "attributes": {
            "acd_auto_answer": false,
            "addresses": [],
            "certifications": [],
            "department": "",
            "division_id": "f2777e89-ef43-44f2-a570-e883729854ea",
            "email": "workshopuser41@genesystest.com",
            "employer_info": [],
            "id": "94ce73dc-b97f-480c-8f98-ba39a94cf596",
            "locations": [],
            "manager": "",
            "name": "Workshop User 41",
            "password": "Indyworkshop1!",
            "profile_skills": [],
            "routing_languages": [],
            "routing_skills": [
              {
                "proficiency": 4.5,
                "skill_id": "bd17a9a1-4100-47ee-a717-f5ace5a14561"
              }
            ],
            "routing_utilization": [],
            "state": "active",
            "title": ""
          },
          "sensitive_attributes": [],
          "private": "eyJzY2hlbWFfdmVyc2lvbiI6IjEifQ==",
          "dependencies": [
            "data.genesyscloud_routing_skill.z41"
          ]
        }
      ]
    },
    {
      "mode": "managed",
      "type": "genesyscloud_user",
      "name": "Workshop_user42",
      "provider": "provider[\"registry.terraform.io/mypurecloud/genesyscloud\"]",
      "instances": [
        {
          "schema_version": 1,
          "attributes": {
            "acd_auto_answer": false,
            "addresses": [],
            "certifications": [],
            "department": "",
            "division_id": "f2777e89-ef43-44f2-a570-e883729854ea",
            "email": "workshopuser42@genesystest.com",
            "employer_info": [],
            "id": "0f8b6603-fc04-47cf-967f-d9490849e720",
            "locations": [],
            "manager": "",
            "name": "Workshop User 42",
            "password": "Indyworkshop1!",
            "profile_skills": [],
            "routing_languages": [],
            "routing_skills": [
              {
                "proficiency": 4.5,
                "skill_id": "0e08a158-4268-458f-8aaf-12a54973fc19"
              }
            ],
            "routing_utilization": [],
            "state": "active",
            "title": ""
          },
          "sensitive_attributes": [],
          "private": "eyJzY2hlbWFfdmVyc2lvbiI6IjEifQ==",
          "dependencies": [
            "data.genesyscloud_routing_skill.z42"
          ]
        }
      ]
    },
    {
      "mode": "managed",
      "type": "genesyscloud_user",
      "name": "Workshop_user43",
      "provider": "provider[\"registry.terraform.io/mypurecloud/genesyscloud\"]",
      "instances": [
        {
          "schema_version": 1,
          "attributes": {
            "acd_auto_answer": false,
            "addresses": [],
            "certifications": [],
            "department": "",
            "division_id": "f2777e89-ef43-44f2-a570-e883729854ea",
            "email": "workshopuser43@genesystest.com",
            "employer_info": [],
            "id": "0973122a-586d-496f-abdd-996a27028f20",
            "locations": [],
            "manager": "",
            "name": "Workshop User 43",
            "password": "Indyworkshop1!",
            "profile_skills": [],
            "routing_languages": [],
            "routing_skills": [
              {
                "proficiency": 4.5,
                "skill_id": "9a0554ea-8088-4550-b5cc-b6f8644fa73e"
              }
            ],
            "routing_utilization": [],
            "state": "active",
            "title": ""
          },
          "sensitive_attributes": [],
          "private": "eyJzY2hlbWFfdmVyc2lvbiI6IjEifQ==",
          "dependencies": [
            "data.genesyscloud_routing_skill.z43"
          ]
        }
      ]
    },
    {
      "mode": "managed",
      "type": "genesyscloud_user",
      "name": "Workshop_user44",
      "provider": "provider[\"registry.terraform.io/mypurecloud/genesyscloud\"]",
      "instances": [
        {
          "schema_version": 1,
          "attributes": {
            "acd_auto_answer": false,
            "addresses": [],
            "certifications": [],
            "department": "",
            "division_id": "f2777e89-ef43-44f2-a570-e883729854ea",
            "email": "workshopuser44@genesystest.com",
            "employer_info": [],
            "id": "cba37f9e-a446-4eb3-9e2c-69c8cc5e528d",
            "locations": [],
            "manager": "",
            "name": "Workshop User 44",
            "password": "Indyworkshop1!",
            "profile_skills": [],
            "routing_languages": [],
            "routing_skills": [
              {
                "proficiency": 4.5,
                "skill_id": "62d02c37-251f-4d2f-9443-8c533cca96f7"
              }
            ],
            "routing_utilization": [],
            "state": "active",
            "title": ""
          },
          "sensitive_attributes": [],
          "private": "eyJzY2hlbWFfdmVyc2lvbiI6IjEifQ==",
          "dependencies": [
            "data.genesyscloud_routing_skill.z44"
          ]
        }
      ]
    },
    {
      "mode": "managed",
      "type": "genesyscloud_user",
      "name": "Workshop_user45",
      "provider": "provider[\"registry.terraform.io/mypurecloud/genesyscloud\"]",
      "instances": [
        {
          "schema_version": 1,
          "attributes": {
            "acd_auto_answer": false,
            "addresses": [],
            "certifications": [],
            "department": "",
            "division_id": "f2777e89-ef43-44f2-a570-e883729854ea",
            "email": "workshopuser45@genesystest.com",
            "employer_info": [],
            "id": "69f9e489-efed-4cee-b045-3d1063e63210",
            "locations": [],
            "manager": "",
            "name": "Workshop User 45",
            "password": "Indyworkshop1!",
            "profile_skills": [],
            "routing_languages": [],
            "routing_skills": [
              {
                "proficiency": 4.5,
                "skill_id": "15586098-e6d0-4a43-9cca-1265e40d69f3"
              }
            ],
            "routing_utilization": [],
            "state": "active",
            "title": ""
          },
          "sensitive_attributes": [],
          "private": "eyJzY2hlbWFfdmVyc2lvbiI6IjEifQ==",
          "dependencies": [
            "data.genesyscloud_routing_skill.z45"
          ]
        }
      ]
    },
    {
      "mode": "managed",
      "type": "genesyscloud_user",
      "name": "Workshop_user46",
      "provider": "provider[\"registry.terraform.io/mypurecloud/genesyscloud\"]",
      "instances": [
        {
          "schema_version": 1,
          "attributes": {
            "acd_auto_answer": false,
            "addresses": [],
            "certifications": [],
            "department": "",
            "division_id": "f2777e89-ef43-44f2-a570-e883729854ea",
            "email": "workshopuser46@genesystest.com",
            "employer_info": [],
            "id": "671d2a82-dfcb-44fb-8509-2e2b7f5cc1ba",
            "locations": [],
            "manager": "",
            "name": "Workshop User 46",
            "password": "Indyworkshop1!",
            "profile_skills": [],
            "routing_languages": [],
            "routing_skills": [
              {
                "proficiency": 4.5,
                "skill_id": "79b2bb07-7ec4-4d43-9f13-a6ad338f7edd"
              }
            ],
            "routing_utilization": [],
            "state": "active",
            "title": ""
          },
          "sensitive_attributes": [],
          "private": "eyJzY2hlbWFfdmVyc2lvbiI6IjEifQ==",
          "dependencies": [
            "data.genesyscloud_routing_skill.z46"
          ]
        }
      ]
    },
    {
      "mode": "managed",
      "type": "genesyscloud_user",
      "name": "Workshop_user47",
      "provider": "provider[\"registry.terraform.io/mypurecloud/genesyscloud\"]",
      "instances": [
        {
          "schema_version": 1,
          "attributes": {
            "acd_auto_answer": false,
            "addresses": [],
            "certifications": [],
            "department": "",
            "division_id": "f2777e89-ef43-44f2-a570-e883729854ea",
            "email": "workshopuser47@genesystest.com",
            "employer_info": [],
            "id": "4b03e725-2de5-4db7-9ae2-ea33916ad3c1",
            "locations": [],
            "manager": "",
            "name": "Workshop User 47",
            "password": "Indyworkshop1!",
            "profile_skills": [],
            "routing_languages": [],
            "routing_skills": [
              {
                "proficiency": 4.5,
                "skill_id": "33522273-9aa7-486c-9f04-08c4a9a64f11"
              }
            ],
            "routing_utilization": [],
            "state": "active",
            "title": ""
          },
          "sensitive_attributes": [],
          "private": "eyJzY2hlbWFfdmVyc2lvbiI6IjEifQ==",
          "dependencies": [
            "data.genesyscloud_routing_skill.z47"
          ]
        }
      ]
    },
    {
      "mode": "managed",
      "type": "genesyscloud_user",
      "name": "Workshop_user48",
      "provider": "provider[\"registry.terraform.io/mypurecloud/genesyscloud\"]",
      "instances": [
        {
          "schema_version": 1,
          "attributes": {
            "acd_auto_answer": false,
            "addresses": [],
            "certifications": [],
            "department": "",
            "division_id": "f2777e89-ef43-44f2-a570-e883729854ea",
            "email": "workshopuser48@genesystest.com",
            "employer_info": [],
            "id": "c358a119-4538-4da8-850e-b15a441b2fda",
            "locations": [],
            "manager": "",
            "name": "Workshop User 48",
            "password": "Indyworkshop1!",
            "profile_skills": [],
            "routing_languages": [],
            "routing_skills": [
              {
                "proficiency": 4.5,
                "skill_id": "a5a34a49-baa5-44a1-92a9-b68881fe152c"
              }
            ],
            "routing_utilization": [],
            "state": "active",
            "title": ""
          },
          "sensitive_attributes": [],
          "private": "eyJzY2hlbWFfdmVyc2lvbiI6IjEifQ==",
          "dependencies": [
            "data.genesyscloud_routing_skill.z48"
          ]
        }
      ]
    },
    {
      "mode": "managed",
      "type": "genesyscloud_user",
      "name": "Workshop_user49",
      "provider": "provider[\"registry.terraform.io/mypurecloud/genesyscloud\"]",
      "instances": [
        {
          "schema_version": 1,
          "attributes": {
            "acd_auto_answer": false,
            "addresses": [],
            "certifications": [],
            "department": "",
            "division_id": "f2777e89-ef43-44f2-a570-e883729854ea",
            "email": "workshopuser49@genesystest.com",
            "employer_info": [],
            "id": "904fac1e-5738-40f1-8f16-bde2e27b2eeb",
            "locations": [],
            "manager": "",
            "name": "Workshop User 49",
            "password": "Indyworkshop1!",
            "profile_skills": [],
            "routing_languages": [],
            "routing_skills": [
              {
                "proficiency": 4.5,
                "skill_id": "d3dd8052-f889-46cb-b741-c901f9166b3e"
              }
            ],
            "routing_utilization": [],
            "state": "active",
            "title": ""
          },
          "sensitive_attributes": [],
          "private": "eyJzY2hlbWFfdmVyc2lvbiI6IjEifQ==",
          "dependencies": [
            "data.genesyscloud_routing_skill.z49"
          ]
        }
      ]
    },
    {
      "mode": "managed",
      "type": "genesyscloud_user",
      "name": "Workshop_user5",
      "provider": "provider[\"registry.terraform.io/mypurecloud/genesyscloud\"]",
      "instances": [
        {
          "schema_version": 1,
          "attributes": {
            "acd_auto_answer": false,
            "addresses": [],
            "certifications": [],
            "department": "",
            "division_id": "f2777e89-ef43-44f2-a570-e883729854ea",
            "email": "workshopuser05@genesystest.com",
            "employer_info": [],
            "id": "eb2415d6-635d-44ca-8e87-9f83b12b60ca",
            "locations": [],
            "manager": "",
            "name": "Workshop User 05",
            "password": "Indyworkshop1!",
            "profile_skills": [],
            "routing_languages": [],
            "routing_skills": [
              {
                "proficiency": 4.5,
                "skill_id": "2b819b9a-3579-4dea-8228-535a1aa23126"
              }
            ],
            "routing_utilization": [],
            "state": "active",
            "title": ""
          },
          "sensitive_attributes": [],
          "private": "eyJzY2hlbWFfdmVyc2lvbiI6IjEifQ==",
          "dependencies": [
            "data.genesyscloud_routing_skill.z5"
          ]
        }
      ]
    },
    {
      "mode": "managed",
      "type": "genesyscloud_user",
      "name": "Workshop_user50",
      "provider": "provider[\"registry.terraform.io/mypurecloud/genesyscloud\"]",
      "instances": [
        {
          "schema_version": 1,
          "attributes": {
            "acd_auto_answer": false,
            "addresses": [],
            "certifications": [],
            "department": "",
            "division_id": "f2777e89-ef43-44f2-a570-e883729854ea",
            "email": "workshopuser50@genesystest.com",
            "employer_info": [],
            "id": "d88ecbd7-d9dd-4432-95e4-7657bd6500f9",
            "locations": [],
            "manager": "",
            "name": "Workshop User 50",
            "password": "Indyworkshop1!",
            "profile_skills": [],
            "routing_languages": [],
            "routing_skills": [
              {
                "proficiency": 4.5,
                "skill_id": "f9fbb3c6-3511-44da-94ee-fd61ca098a01"
              }
            ],
            "routing_utilization": [],
            "state": "active",
            "title": ""
          },
          "sensitive_attributes": [],
          "private": "eyJzY2hlbWFfdmVyc2lvbiI6IjEifQ==",
          "dependencies": [
            "data.genesyscloud_routing_skill.z50"
          ]
        }
      ]
    },
    {
      "mode": "managed",
      "type": "genesyscloud_user",
      "name": "Workshop_user51",
      "provider": "provider[\"registry.terraform.io/mypurecloud/genesyscloud\"]",
      "instances": [
        {
          "schema_version": 1,
          "attributes": {
            "acd_auto_answer": false,
            "addresses": [],
            "certifications": [],
            "department": "",
            "division_id": "f2777e89-ef43-44f2-a570-e883729854ea",
            "email": "workshopuser51@genesystest.com",
            "employer_info": [],
            "id": "c089b4a2-d802-4be1-a76c-d0ccbcd1d14b",
            "locations": [],
            "manager": "",
            "name": "Workshop User 51",
            "password": "Indyworkshop1!",
            "profile_skills": [],
            "routing_languages": [],
            "routing_skills": [
              {
                "proficiency": 4.5,
                "skill_id": "f5fc0c8e-6f18-46b3-a8c9-71c7c253e720"
              }
            ],
            "routing_utilization": [],
            "state": "active",
            "title": ""
          },
          "sensitive_attributes": [],
          "private": "eyJzY2hlbWFfdmVyc2lvbiI6IjEifQ==",
          "dependencies": [
            "data.genesyscloud_routing_skill.z51"
          ]
        }
      ]
    },
    {
      "mode": "managed",
      "type": "genesyscloud_user",
      "name": "Workshop_user52",
      "provider": "provider[\"registry.terraform.io/mypurecloud/genesyscloud\"]",
      "instances": [
        {
          "schema_version": 1,
          "attributes": {
            "acd_auto_answer": false,
            "addresses": [],
            "certifications": [],
            "department": "",
            "division_id": "f2777e89-ef43-44f2-a570-e883729854ea",
            "email": "workshopuser52@genesystest.com",
            "employer_info": [],
            "id": "a556ea20-f706-422c-8ee1-afc572821efa",
            "locations": [],
            "manager": "",
            "name": "Workshop User 52",
            "password": "Indyworkshop1!",
            "profile_skills": [],
            "routing_languages": [],
            "routing_skills": [
              {
                "proficiency": 4.5,
                "skill_id": "e5d5ad92-8dba-4168-8ada-64ed090dba63"
              }
            ],
            "routing_utilization": [],
            "state": "active",
            "title": ""
          },
          "sensitive_attributes": [],
          "private": "eyJzY2hlbWFfdmVyc2lvbiI6IjEifQ==",
          "dependencies": [
            "data.genesyscloud_routing_skill.z52"
          ]
        }
      ]
    },
    {
      "mode": "managed",
      "type": "genesyscloud_user",
      "name": "Workshop_user53",
      "provider": "provider[\"registry.terraform.io/mypurecloud/genesyscloud\"]",
      "instances": [
        {
          "schema_version": 1,
          "attributes": {
            "acd_auto_answer": false,
            "addresses": [],
            "certifications": [],
            "department": "",
            "division_id": "f2777e89-ef43-44f2-a570-e883729854ea",
            "email": "workshopuser53@genesystest.com",
            "employer_info": [],
            "id": "72c55a8a-405b-44d2-8a0b-8164059d8285",
            "locations": [],
            "manager": "",
            "name": "Workshop User 53",
            "password": "Indyworkshop1!",
            "profile_skills": [],
            "routing_languages": [],
            "routing_skills": [
              {
                "proficiency": 4.5,
                "skill_id": "01807bd0-3c32-4c53-9b4b-02e09a9c18cf"
              }
            ],
            "routing_utilization": [],
            "state": "active",
            "title": ""
          },
          "sensitive_attributes": [],
          "private": "eyJzY2hlbWFfdmVyc2lvbiI6IjEifQ==",
          "dependencies": [
            "data.genesyscloud_routing_skill.z53"
          ]
        }
      ]
    },
    {
      "mode": "managed",
      "type": "genesyscloud_user",
      "name": "Workshop_user54",
      "provider": "provider[\"registry.terraform.io/mypurecloud/genesyscloud\"]",
      "instances": [
        {
          "schema_version": 1,
          "attributes": {
            "acd_auto_answer": false,
            "addresses": [],
            "certifications": [],
            "department": "",
            "division_id": "f2777e89-ef43-44f2-a570-e883729854ea",
            "email": "workshopuser54@genesystest.com",
            "employer_info": [],
            "id": "57899fdc-09d8-43c5-97ff-5e316d60ff53",
            "locations": [],
            "manager": "",
            "name": "Workshop User 54",
            "password": "Indyworkshop1!",
            "profile_skills": [],
            "routing_languages": [],
            "routing_skills": [
              {
                "proficiency": 4.5,
                "skill_id": "d454c9d8-81f0-4ff6-8f4c-99e994f544d5"
              }
            ],
            "routing_utilization": [],
            "state": "active",
            "title": ""
          },
          "sensitive_attributes": [],
          "private": "eyJzY2hlbWFfdmVyc2lvbiI6IjEifQ==",
          "dependencies": [
            "data.genesyscloud_routing_skill.z54"
          ]
        }
      ]
    },
    {
      "mode": "managed",
      "type": "genesyscloud_user",
      "name": "Workshop_user55",
      "provider": "provider[\"registry.terraform.io/mypurecloud/genesyscloud\"]",
      "instances": [
        {
          "schema_version": 1,
          "attributes": {
            "acd_auto_answer": false,
            "addresses": [],
            "certifications": [],
            "department": "",
            "division_id": "f2777e89-ef43-44f2-a570-e883729854ea",
            "email": "workshopuser55@genesystest.com",
            "employer_info": [],
            "id": "c424a452-fd13-4025-9cf3-6fea8025e4a6",
            "locations": [],
            "manager": "",
            "name": "Workshop User 55",
            "password": "Indyworkshop1!",
            "profile_skills": [],
            "routing_languages": [],
            "routing_skills": [
              {
                "proficiency": 4.5,
                "skill_id": "0b361a06-d0fa-45f6-bb5a-1db768b7be42"
              }
            ],
            "routing_utilization": [],
            "state": "active",
            "title": ""
          },
          "sensitive_attributes": [],
          "private": "eyJzY2hlbWFfdmVyc2lvbiI6IjEifQ==",
          "dependencies": [
            "data.genesyscloud_routing_skill.z55"
          ]
        }
      ]
    },
    {
      "mode": "managed",
      "type": "genesyscloud_user",
      "name": "Workshop_user56",
      "provider": "provider[\"registry.terraform.io/mypurecloud/genesyscloud\"]",
      "instances": [
        {
          "schema_version": 1,
          "attributes": {
            "acd_auto_answer": false,
            "addresses": [],
            "certifications": [],
            "department": "",
            "division_id": "f2777e89-ef43-44f2-a570-e883729854ea",
            "email": "workshopuser56@genesystest.com",
            "employer_info": [],
            "id": "8f8b4f6b-3b9f-4d6a-ade6-89a81acaea43",
            "locations": [],
            "manager": "",
            "name": "Workshop User 56",
            "password": "Indyworkshop1!",
            "profile_skills": [],
            "routing_languages": [],
            "routing_skills": [
              {
                "proficiency": 4.5,
                "skill_id": "df99e8da-8938-4539-8cae-e0fea1f26f48"
              }
            ],
            "routing_utilization": [],
            "state": "active",
            "title": ""
          },
          "sensitive_attributes": [],
          "private": "eyJzY2hlbWFfdmVyc2lvbiI6IjEifQ==",
          "dependencies": [
            "data.genesyscloud_routing_skill.z56"
          ]
        }
      ]
    },
    {
      "mode": "managed",
      "type": "genesyscloud_user",
      "name": "Workshop_user57",
      "provider": "provider[\"registry.terraform.io/mypurecloud/genesyscloud\"]",
      "instances": [
        {
          "schema_version": 1,
          "attributes": {
            "acd_auto_answer": false,
            "addresses": [],
            "certifications": [],
            "department": "",
            "division_id": "f2777e89-ef43-44f2-a570-e883729854ea",
            "email": "workshopuser57@genesystest.com",
            "employer_info": [],
            "id": "84d69a9b-b7bf-4b15-a497-ad25c5f3f8a6",
            "locations": [],
            "manager": "",
            "name": "Workshop User 57",
            "password": "Indyworkshop1!",
            "profile_skills": [],
            "routing_languages": [],
            "routing_skills": [
              {
                "proficiency": 4.5,
                "skill_id": "0b62260e-b0a3-48de-92c5-5eaed4463dfb"
              }
            ],
            "routing_utilization": [],
            "state": "active",
            "title": ""
          },
          "sensitive_attributes": [],
          "private": "eyJzY2hlbWFfdmVyc2lvbiI6IjEifQ==",
          "dependencies": [
            "data.genesyscloud_routing_skill.z57"
          ]
        }
      ]
    },
    {
      "mode": "managed",
      "type": "genesyscloud_user",
      "name": "Workshop_user58",
      "provider": "provider[\"registry.terraform.io/mypurecloud/genesyscloud\"]",
      "instances": [
        {
          "schema_version": 1,
          "attributes": {
            "acd_auto_answer": false,
            "addresses": [],
            "certifications": [],
            "department": "",
            "division_id": "f2777e89-ef43-44f2-a570-e883729854ea",
            "email": "workshopuser58@genesystest.com",
            "employer_info": [],
            "id": "690a657f-bfd7-466d-8751-07e4dbf0e5d7",
            "locations": [],
            "manager": "",
            "name": "Workshop User 58",
            "password": "Indyworkshop1!",
            "profile_skills": [],
            "routing_languages": [],
            "routing_skills": [
              {
                "proficiency": 4.5,
                "skill_id": "3df41770-bd91-4933-8890-9d3cc33c1036"
              }
            ],
            "routing_utilization": [],
            "state": "active",
            "title": ""
          },
          "sensitive_attributes": [],
          "private": "eyJzY2hlbWFfdmVyc2lvbiI6IjEifQ==",
          "dependencies": [
            "data.genesyscloud_routing_skill.z58"
          ]
        }
      ]
    },
    {
      "mode": "managed",
      "type": "genesyscloud_user",
      "name": "Workshop_user59",
      "provider": "provider[\"registry.terraform.io/mypurecloud/genesyscloud\"]",
      "instances": [
        {
          "schema_version": 1,
          "attributes": {
            "acd_auto_answer": false,
            "addresses": [],
            "certifications": [],
            "department": "",
            "division_id": "f2777e89-ef43-44f2-a570-e883729854ea",
            "email": "workshopuser59@genesystest.com",
            "employer_info": [],
            "id": "5b30b71b-c92a-46da-86a6-64ce83d9ccd2",
            "locations": [],
            "manager": "",
            "name": "Workshop User 59",
            "password": "Indyworkshop1!",
            "profile_skills": [],
            "routing_languages": [],
            "routing_skills": [
              {
                "proficiency": 4.5,
                "skill_id": "d3c6acf9-5340-4375-937d-78f629d9524c"
              }
            ],
            "routing_utilization": [],
            "state": "active",
            "title": ""
          },
          "sensitive_attributes": [],
          "private": "eyJzY2hlbWFfdmVyc2lvbiI6IjEifQ==",
          "dependencies": [
            "data.genesyscloud_routing_skill.z59"
          ]
        }
      ]
    },
    {
      "mode": "managed",
      "type": "genesyscloud_user",
      "name": "Workshop_user6",
      "provider": "provider[\"registry.terraform.io/mypurecloud/genesyscloud\"]",
      "instances": [
        {
          "schema_version": 1,
          "attributes": {
            "acd_auto_answer": false,
            "addresses": [],
            "certifications": [],
            "department": "",
            "division_id": "f2777e89-ef43-44f2-a570-e883729854ea",
            "email": "workshopuser06@genesystest.com",
            "employer_info": [],
            "id": "f78d5a7a-9738-4f19-a996-894307c425ce",
            "locations": [],
            "manager": "",
            "name": "Workshop User 06",
            "password": "Indyworkshop1!",
            "profile_skills": [],
            "routing_languages": [],
            "routing_skills": [
              {
                "proficiency": 4.5,
                "skill_id": "63fecb3d-fcb9-4765-99b2-c94a1307b670"
              }
            ],
            "routing_utilization": [],
            "state": "active",
            "title": ""
          },
          "sensitive_attributes": [],
          "private": "eyJzY2hlbWFfdmVyc2lvbiI6IjEifQ==",
          "dependencies": [
            "data.genesyscloud_routing_skill.z6"
          ]
        }
      ]
    },
    {
      "mode": "managed",
      "type": "genesyscloud_user",
      "name": "Workshop_user60",
      "provider": "provider[\"registry.terraform.io/mypurecloud/genesyscloud\"]",
      "instances": [
        {
          "schema_version": 1,
          "attributes": {
            "acd_auto_answer": false,
            "addresses": [],
            "certifications": [],
            "department": "",
            "division_id": "f2777e89-ef43-44f2-a570-e883729854ea",
            "email": "workshopuser60@genesystest.com",
            "employer_info": [],
            "id": "0f09900b-65e0-4c17-a54f-b279384f0241",
            "locations": [],
            "manager": "",
            "name": "Workshop User 60",
            "password": "Indyworkshop1!",
            "profile_skills": [],
            "routing_languages": [],
            "routing_skills": [
              {
                "proficiency": 4.5,
                "skill_id": "ac38c09d-f3ba-47b9-9757-08b3f0fecad7"
              }
            ],
            "routing_utilization": [],
            "state": "active",
            "title": ""
          },
          "sensitive_attributes": [],
          "private": "eyJzY2hlbWFfdmVyc2lvbiI6IjEifQ==",
          "dependencies": [
            "data.genesyscloud_routing_skill.z60"
          ]
        }
      ]
    },
    {
      "mode": "managed",
      "type": "genesyscloud_user",
      "name": "Workshop_user61",
      "provider": "provider[\"registry.terraform.io/mypurecloud/genesyscloud\"]",
      "instances": [
        {
          "schema_version": 1,
          "attributes": {
            "acd_auto_answer": false,
            "addresses": [],
            "certifications": [],
            "department": "",
            "division_id": "f2777e89-ef43-44f2-a570-e883729854ea",
            "email": "workshopuser61@genesystest.com",
            "employer_info": [],
            "id": "c66c7b42-04ae-4e88-9b54-3aee4b57241e",
            "locations": [],
            "manager": "",
            "name": "Workshop User 61",
            "password": "Indyworkshop1!",
            "profile_skills": [],
            "routing_languages": [],
            "routing_skills": [
              {
                "proficiency": 4.5,
                "skill_id": "ae822cfb-8bf0-45be-bca9-568a62797bda"
              }
            ],
            "routing_utilization": [],
            "state": "active",
            "title": ""
          },
          "sensitive_attributes": [],
          "private": "eyJzY2hlbWFfdmVyc2lvbiI6IjEifQ==",
          "dependencies": [
            "data.genesyscloud_routing_skill.z61"
          ]
        }
      ]
    },
    {
      "mode": "managed",
      "type": "genesyscloud_user",
      "name": "Workshop_user62",
      "provider": "provider[\"registry.terraform.io/mypurecloud/genesyscloud\"]",
      "instances": [
        {
          "schema_version": 1,
          "attributes": {
            "acd_auto_answer": false,
            "addresses": [],
            "certifications": [],
            "department": "",
            "division_id": "f2777e89-ef43-44f2-a570-e883729854ea",
            "email": "workshopuser62@genesystest.com",
            "employer_info": [],
            "id": "04c7cdff-d3f1-4fc7-8a3a-819741412902",
            "locations": [],
            "manager": "",
            "name": "Workshop User 62",
            "password": "Indyworkshop1!",
            "profile_skills": [],
            "routing_languages": [],
            "routing_skills": [
              {
                "proficiency": 4.5,
                "skill_id": "093ad350-a9f4-4606-901c-5b809602f0c9"
              }
            ],
            "routing_utilization": [],
            "state": "active",
            "title": ""
          },
          "sensitive_attributes": [],
          "private": "eyJzY2hlbWFfdmVyc2lvbiI6IjEifQ==",
          "dependencies": [
            "data.genesyscloud_routing_skill.z62"
          ]
        }
      ]
    },
    {
      "mode": "managed",
      "type": "genesyscloud_user",
      "name": "Workshop_user63",
      "provider": "provider[\"registry.terraform.io/mypurecloud/genesyscloud\"]",
      "instances": [
        {
          "schema_version": 1,
          "attributes": {
            "acd_auto_answer": false,
            "addresses": [],
            "certifications": [],
            "department": "",
            "division_id": "f2777e89-ef43-44f2-a570-e883729854ea",
            "email": "workshopuser63@genesystest.com",
            "employer_info": [],
            "id": "3fc7a45c-3edc-40bd-a76e-efe1afbdd5b3",
            "locations": [],
            "manager": "",
            "name": "Workshop User 63",
            "password": "Indyworkshop1!",
            "profile_skills": [],
            "routing_languages": [],
            "routing_skills": [
              {
                "proficiency": 4.5,
                "skill_id": "cf13f62a-2b43-4dc4-993f-d2e5aadee964"
              }
            ],
            "routing_utilization": [],
            "state": "active",
            "title": ""
          },
          "sensitive_attributes": [],
          "private": "eyJzY2hlbWFfdmVyc2lvbiI6IjEifQ==",
          "dependencies": [
            "data.genesyscloud_routing_skill.z63"
          ]
        }
      ]
    },
    {
      "mode": "managed",
      "type": "genesyscloud_user",
      "name": "Workshop_user64",
      "provider": "provider[\"registry.terraform.io/mypurecloud/genesyscloud\"]",
      "instances": [
        {
          "schema_version": 1,
          "attributes": {
            "acd_auto_answer": false,
            "addresses": [],
            "certifications": [],
            "department": "",
            "division_id": "f2777e89-ef43-44f2-a570-e883729854ea",
            "email": "workshopuser64@genesystest.com",
            "employer_info": [],
            "id": "4245a787-4e6d-4eba-8875-284e089d41b7",
            "locations": [],
            "manager": "",
            "name": "Workshop User 64",
            "password": "Indyworkshop1!",
            "profile_skills": [],
            "routing_languages": [],
            "routing_skills": [
              {
                "proficiency": 4.5,
                "skill_id": "65020080-7085-4890-9918-7e38288cc1d6"
              }
            ],
            "routing_utilization": [],
            "state": "active",
            "title": ""
          },
          "sensitive_attributes": [],
          "private": "eyJzY2hlbWFfdmVyc2lvbiI6IjEifQ==",
          "dependencies": [
            "data.genesyscloud_routing_skill.z64"
          ]
        }
      ]
    },
    {
      "mode": "managed",
      "type": "genesyscloud_user",
      "name": "Workshop_user65",
      "provider": "provider[\"registry.terraform.io/mypurecloud/genesyscloud\"]",
      "instances": [
        {
          "schema_version": 1,
          "attributes": {
            "acd_auto_answer": false,
            "addresses": [],
            "certifications": [],
            "department": "",
            "division_id": "f2777e89-ef43-44f2-a570-e883729854ea",
            "email": "workshopuser65@genesystest.com",
            "employer_info": [],
            "id": "b1dd22e6-bab3-4b7a-b12a-4cf03d90cde9",
            "locations": [],
            "manager": "",
            "name": "Workshop User 65",
            "password": "Indyworkshop1!",
            "profile_skills": [],
            "routing_languages": [],
            "routing_skills": [
              {
                "proficiency": 4.5,
                "skill_id": "50420ddf-a631-4658-adcd-418c1ad824b3"
              }
            ],
            "routing_utilization": [],
            "state": "active",
            "title": ""
          },
          "sensitive_attributes": [],
          "private": "eyJzY2hlbWFfdmVyc2lvbiI6IjEifQ==",
          "dependencies": [
            "data.genesyscloud_routing_skill.z65"
          ]
        }
      ]
    },
    {
      "mode": "managed",
      "type": "genesyscloud_user",
      "name": "Workshop_user66",
      "provider": "provider[\"registry.terraform.io/mypurecloud/genesyscloud\"]",
      "instances": [
        {
          "schema_version": 1,
          "attributes": {
            "acd_auto_answer": false,
            "addresses": [],
            "certifications": [],
            "department": "",
            "division_id": "f2777e89-ef43-44f2-a570-e883729854ea",
            "email": "workshopuser66@genesystest.com",
            "employer_info": [],
            "id": "acf9b294-3018-4adc-ab3d-c033f1788348",
            "locations": [],
            "manager": "",
            "name": "Workshop User 66",
            "password": "Indyworkshop1!",
            "profile_skills": [],
            "routing_languages": [],
            "routing_skills": [
              {
                "proficiency": 4.5,
                "skill_id": "f9ce9896-bb5c-4e3b-9b28-f29108e55957"
              }
            ],
            "routing_utilization": [],
            "state": "active",
            "title": ""
          },
          "sensitive_attributes": [],
          "private": "eyJzY2hlbWFfdmVyc2lvbiI6IjEifQ==",
          "dependencies": [
            "data.genesyscloud_routing_skill.z66"
          ]
        }
      ]
    },
    {
      "mode": "managed",
      "type": "genesyscloud_user",
      "name": "Workshop_user67",
      "provider": "provider[\"registry.terraform.io/mypurecloud/genesyscloud\"]",
      "instances": [
        {
          "schema_version": 1,
          "attributes": {
            "acd_auto_answer": false,
            "addresses": [],
            "certifications": [],
            "department": "",
            "division_id": "f2777e89-ef43-44f2-a570-e883729854ea",
            "email": "workshopuser67@genesystest.com",
            "employer_info": [],
            "id": "6d40684a-47ae-46fd-889c-cd1fae194ad1",
            "locations": [],
            "manager": "",
            "name": "Workshop User 67",
            "password": "Indyworkshop1!",
            "profile_skills": [],
            "routing_languages": [],
            "routing_skills": [
              {
                "proficiency": 4.5,
                "skill_id": "b2b553b0-3ca3-4ce8-ae1b-f5d8f117e6fc"
              }
            ],
            "routing_utilization": [],
            "state": "active",
            "title": ""
          },
          "sensitive_attributes": [],
          "private": "eyJzY2hlbWFfdmVyc2lvbiI6IjEifQ==",
          "dependencies": [
            "data.genesyscloud_routing_skill.z67"
          ]
        }
      ]
    },
    {
      "mode": "managed",
      "type": "genesyscloud_user",
      "name": "Workshop_user68",
      "provider": "provider[\"registry.terraform.io/mypurecloud/genesyscloud\"]",
      "instances": [
        {
          "schema_version": 1,
          "attributes": {
            "acd_auto_answer": false,
            "addresses": [],
            "certifications": [],
            "department": "",
            "division_id": "f2777e89-ef43-44f2-a570-e883729854ea",
            "email": "workshopuser68@genesystest.com",
            "employer_info": [],
            "id": "ceb1cce4-96ad-4a94-b682-1d5f81e48947",
            "locations": [],
            "manager": "",
            "name": "Workshop User 68",
            "password": "Indyworkshop1!",
            "profile_skills": [],
            "routing_languages": [],
            "routing_skills": [
              {
                "proficiency": 4.5,
                "skill_id": "49ff0a2a-e3f0-46e4-9511-91d50a36982e"
              }
            ],
            "routing_utilization": [],
            "state": "active",
            "title": ""
          },
          "sensitive_attributes": [],
          "private": "eyJzY2hlbWFfdmVyc2lvbiI6IjEifQ==",
          "dependencies": [
            "data.genesyscloud_routing_skill.z68"
          ]
        }
      ]
    },
    {
      "mode": "managed",
      "type": "genesyscloud_user",
      "name": "Workshop_user69",
      "provider": "provider[\"registry.terraform.io/mypurecloud/genesyscloud\"]",
      "instances": [
        {
          "schema_version": 1,
          "attributes": {
            "acd_auto_answer": false,
            "addresses": [],
            "certifications": [],
            "department": "",
            "division_id": "f2777e89-ef43-44f2-a570-e883729854ea",
            "email": "workshopuser69@genesystest.com",
            "employer_info": [],
            "id": "4e0d1763-756b-40a0-af5e-275f3e50d9d2",
            "locations": [],
            "manager": "",
            "name": "Workshop User 69",
            "password": "Indyworkshop1!",
            "profile_skills": [],
            "routing_languages": [],
            "routing_skills": [
              {
                "proficiency": 4.5,
                "skill_id": "54ad549f-2d37-4c65-914a-94f52593ab8d"
              }
            ],
            "routing_utilization": [],
            "state": "active",
            "title": ""
          },
          "sensitive_attributes": [],
          "private": "eyJzY2hlbWFfdmVyc2lvbiI6IjEifQ==",
          "dependencies": [
            "data.genesyscloud_routing_skill.z69"
          ]
        }
      ]
    },
    {
      "mode": "managed",
      "type": "genesyscloud_user",
      "name": "Workshop_user7",
      "provider": "provider[\"registry.terraform.io/mypurecloud/genesyscloud\"]",
      "instances": [
        {
          "schema_version": 1,
          "attributes": {
            "acd_auto_answer": false,
            "addresses": [],
            "certifications": [],
            "department": "",
            "division_id": "f2777e89-ef43-44f2-a570-e883729854ea",
            "email": "workshopuser07@genesystest.com",
            "employer_info": [],
            "id": "0a50f9df-4ccb-4430-9d8a-d7c92c52084d",
            "locations": [],
            "manager": "",
            "name": "Workshop User 07",
            "password": "Indyworkshop1!",
            "profile_skills": [],
            "routing_languages": [],
            "routing_skills": [
              {
                "proficiency": 4.5,
                "skill_id": "2a915990-b7c8-4f78-b5f1-de48a9b0ae1c"
              }
            ],
            "routing_utilization": [],
            "state": "active",
            "title": ""
          },
          "sensitive_attributes": [],
          "private": "eyJzY2hlbWFfdmVyc2lvbiI6IjEifQ==",
          "dependencies": [
            "data.genesyscloud_routing_skill.z7"
          ]
        }
      ]
    },
    {
      "mode": "managed",
      "type": "genesyscloud_user",
      "name": "Workshop_user70",
      "provider": "provider[\"registry.terraform.io/mypurecloud/genesyscloud\"]",
      "instances": [
        {
          "schema_version": 1,
          "attributes": {
            "acd_auto_answer": false,
            "addresses": [],
            "certifications": [],
            "department": "",
            "division_id": "f2777e89-ef43-44f2-a570-e883729854ea",
            "email": "workshopuser70@genesystest.com",
            "employer_info": [],
            "id": "4e5f3dae-1aba-4fa1-8a3d-ee74813e3289",
            "locations": [],
            "manager": "",
            "name": "Workshop User 70",
            "password": "Indyworkshop1!",
            "profile_skills": [],
            "routing_languages": [],
            "routing_skills": [
              {
                "proficiency": 4.5,
                "skill_id": "4ef2f0a2-9e81-4f00-b4e9-a5a9f73e0d47"
              }
            ],
            "routing_utilization": [],
            "state": "active",
            "title": ""
          },
          "sensitive_attributes": [],
          "private": "eyJzY2hlbWFfdmVyc2lvbiI6IjEifQ==",
          "dependencies": [
            "data.genesyscloud_routing_skill.z70"
          ]
        }
      ]
    },
    {
      "mode": "managed",
      "type": "genesyscloud_user",
      "name": "Workshop_user71",
      "provider": "provider[\"registry.terraform.io/mypurecloud/genesyscloud\"]",
      "instances": [
        {
          "schema_version": 1,
          "attributes": {
            "acd_auto_answer": false,
            "addresses": [],
            "certifications": [],
            "department": "",
            "division_id": "f2777e89-ef43-44f2-a570-e883729854ea",
            "email": "workshopuser71@genesystest.com",
            "employer_info": [],
            "id": "ef57a0c3-b497-45c9-b0eb-2d35f6b2ac89",
            "locations": [],
            "manager": "",
            "name": "Workshop User 71",
            "password": "Indyworkshop1!",
            "profile_skills": [],
            "routing_languages": [],
            "routing_skills": [
              {
                "proficiency": 4.5,
                "skill_id": "3e724d89-678a-4fbe-9639-a6d0ad72ddbd"
              }
            ],
            "routing_utilization": [],
            "state": "active",
            "title": ""
          },
          "sensitive_attributes": [],
          "private": "eyJzY2hlbWFfdmVyc2lvbiI6IjEifQ==",
          "dependencies": [
            "data.genesyscloud_routing_skill.z71"
          ]
        }
      ]
    },
    {
      "mode": "managed",
      "type": "genesyscloud_user",
      "name": "Workshop_user72",
      "provider": "provider[\"registry.terraform.io/mypurecloud/genesyscloud\"]",
      "instances": [
        {
          "schema_version": 1,
          "attributes": {
            "acd_auto_answer": false,
            "addresses": [],
            "certifications": [],
            "department": "",
            "division_id": "f2777e89-ef43-44f2-a570-e883729854ea",
            "email": "workshopuser72@genesystest.com",
            "employer_info": [],
            "id": "047dab5e-a316-4e85-9dd1-b88e145a2b5f",
            "locations": [],
            "manager": "",
            "name": "Workshop User 72",
            "password": "Indyworkshop1!",
            "profile_skills": [],
            "routing_languages": [],
            "routing_skills": [
              {
                "proficiency": 4.5,
                "skill_id": "eaddd72b-e108-416e-b4ab-3e34cdaf1566"
              }
            ],
            "routing_utilization": [],
            "state": "active",
            "title": ""
          },
          "sensitive_attributes": [],
          "private": "eyJzY2hlbWFfdmVyc2lvbiI6IjEifQ==",
          "dependencies": [
            "data.genesyscloud_routing_skill.z72"
          ]
        }
      ]
    },
    {
      "mode": "managed",
      "type": "genesyscloud_user",
      "name": "Workshop_user73",
      "provider": "provider[\"registry.terraform.io/mypurecloud/genesyscloud\"]",
      "instances": [
        {
          "schema_version": 1,
          "attributes": {
            "acd_auto_answer": false,
            "addresses": [],
            "certifications": [],
            "department": "",
            "division_id": "f2777e89-ef43-44f2-a570-e883729854ea",
            "email": "workshopuser73@genesystest.com",
            "employer_info": [],
            "id": "2c8064a5-b125-496c-b302-603d6d0e6f67",
            "locations": [],
            "manager": "",
            "name": "Workshop User 73",
            "password": "Indyworkshop1!",
            "profile_skills": [],
            "routing_languages": [],
            "routing_skills": [
              {
                "proficiency": 4.5,
                "skill_id": "43ed2229-ea55-44e2-b961-31c66e080edf"
              }
            ],
            "routing_utilization": [],
            "state": "active",
            "title": ""
          },
          "sensitive_attributes": [],
          "private": "eyJzY2hlbWFfdmVyc2lvbiI6IjEifQ==",
          "dependencies": [
            "data.genesyscloud_routing_skill.z73"
          ]
        }
      ]
    },
    {
      "mode": "managed",
      "type": "genesyscloud_user",
      "name": "Workshop_user74",
      "provider": "provider[\"registry.terraform.io/mypurecloud/genesyscloud\"]",
      "instances": [
        {
          "schema_version": 1,
          "attributes": {
            "acd_auto_answer": false,
            "addresses": [],
            "certifications": [],
            "department": "",
            "division_id": "f2777e89-ef43-44f2-a570-e883729854ea",
            "email": "workshopuser74@genesystest.com",
            "employer_info": [],
            "id": "3c219043-b4d4-4e14-a720-5b56bcbb13fe",
            "locations": [],
            "manager": "",
            "name": "Workshop User 74",
            "password": "Indyworkshop1!",
            "profile_skills": [],
            "routing_languages": [],
            "routing_skills": [
              {
                "proficiency": 4.5,
                "skill_id": "e0e5abfd-e67c-4e25-8381-d5515cbb92cd"
              }
            ],
            "routing_utilization": [],
            "state": "active",
            "title": ""
          },
          "sensitive_attributes": [],
          "private": "eyJzY2hlbWFfdmVyc2lvbiI6IjEifQ==",
          "dependencies": [
            "data.genesyscloud_routing_skill.z74"
          ]
        }
      ]
    },
    {
      "mode": "managed",
      "type": "genesyscloud_user",
      "name": "Workshop_user75",
      "provider": "provider[\"registry.terraform.io/mypurecloud/genesyscloud\"]",
      "instances": [
        {
          "schema_version": 1,
          "attributes": {
            "acd_auto_answer": false,
            "addresses": [],
            "certifications": [],
            "department": "",
            "division_id": "f2777e89-ef43-44f2-a570-e883729854ea",
            "email": "workshopuser75@genesystest.com",
            "employer_info": [],
            "id": "a31ce5ca-bca1-4700-8738-b3faad1be08c",
            "locations": [],
            "manager": "",
            "name": "Workshop User 75",
            "password": "Indyworkshop1!",
            "profile_skills": [],
            "routing_languages": [],
            "routing_skills": [
              {
                "proficiency": 4.5,
                "skill_id": "134ae21c-4b56-4be9-a819-ca5bf3c7064a"
              }
            ],
            "routing_utilization": [],
            "state": "active",
            "title": ""
          },
          "sensitive_attributes": [],
          "private": "eyJzY2hlbWFfdmVyc2lvbiI6IjEifQ==",
          "dependencies": [
            "data.genesyscloud_routing_skill.z75"
          ]
        }
      ]
    },
    {
      "mode": "managed",
      "type": "genesyscloud_user",
      "name": "Workshop_user76",
      "provider": "provider[\"registry.terraform.io/mypurecloud/genesyscloud\"]",
      "instances": [
        {
          "schema_version": 1,
          "attributes": {
            "acd_auto_answer": false,
            "addresses": [],
            "certifications": [],
            "department": "",
            "division_id": "f2777e89-ef43-44f2-a570-e883729854ea",
            "email": "workshopuser76@genesystest.com",
            "employer_info": [],
            "id": "555d6843-764d-4552-8092-7d1a6dff6df2",
            "locations": [],
            "manager": "",
            "name": "Workshop User 76",
            "password": "Indyworkshop1!",
            "profile_skills": [],
            "routing_languages": [],
            "routing_skills": [
              {
                "proficiency": 4.5,
                "skill_id": "4ce40d6c-7dd0-4b14-ad3e-52913542e591"
              }
            ],
            "routing_utilization": [],
            "state": "active",
            "title": ""
          },
          "sensitive_attributes": [],
          "private": "eyJzY2hlbWFfdmVyc2lvbiI6IjEifQ==",
          "dependencies": [
            "data.genesyscloud_routing_skill.z76"
          ]
        }
      ]
    },
    {
      "mode": "managed",
      "type": "genesyscloud_user",
      "name": "Workshop_user77",
      "provider": "provider[\"registry.terraform.io/mypurecloud/genesyscloud\"]",
      "instances": [
        {
          "schema_version": 1,
          "attributes": {
            "acd_auto_answer": false,
            "addresses": [],
            "certifications": [],
            "department": "",
            "division_id": "f2777e89-ef43-44f2-a570-e883729854ea",
            "email": "workshopuser77@genesystest.com",
            "employer_info": [],
            "id": "dfd3b785-57a7-4209-9e78-934cf804a6c2",
            "locations": [],
            "manager": "",
            "name": "Workshop User 77",
            "password": "Indyworkshop1!",
            "profile_skills": [],
            "routing_languages": [],
            "routing_skills": [
              {
                "proficiency": 4.5,
                "skill_id": "718076c5-fce0-41b7-bc80-0e20fea972b7"
              }
            ],
            "routing_utilization": [],
            "state": "active",
            "title": ""
          },
          "sensitive_attributes": [],
          "private": "eyJzY2hlbWFfdmVyc2lvbiI6IjEifQ==",
          "dependencies": [
            "data.genesyscloud_routing_skill.z77"
          ]
        }
      ]
    },
    {
      "mode": "managed",
      "type": "genesyscloud_user",
      "name": "Workshop_user78",
      "provider": "provider[\"registry.terraform.io/mypurecloud/genesyscloud\"]",
      "instances": [
        {
          "schema_version": 1,
          "attributes": {
            "acd_auto_answer": false,
            "addresses": [],
            "certifications": [],
            "department": "",
            "division_id": "f2777e89-ef43-44f2-a570-e883729854ea",
            "email": "workshopuser78@genesystest.com",
            "employer_info": [],
            "id": "38592712-1530-492b-b463-0037b9330dba",
            "locations": [],
            "manager": "",
            "name": "Workshop User 78",
            "password": "Indyworkshop1!",
            "profile_skills": [],
            "routing_languages": [],
            "routing_skills": [
              {
                "proficiency": 4.5,
                "skill_id": "e31156a2-56c9-48c2-97a8-f4ff83098b65"
              }
            ],
            "routing_utilization": [],
            "state": "active",
            "title": ""
          },
          "sensitive_attributes": [],
          "private": "eyJzY2hlbWFfdmVyc2lvbiI6IjEifQ==",
          "dependencies": [
            "data.genesyscloud_routing_skill.z78"
          ]
        }
      ]
    },
    {
      "mode": "managed",
      "type": "genesyscloud_user",
      "name": "Workshop_user79",
      "provider": "provider[\"registry.terraform.io/mypurecloud/genesyscloud\"]",
      "instances": [
        {
          "schema_version": 1,
          "attributes": {
            "acd_auto_answer": false,
            "addresses": [],
            "certifications": [],
            "department": "",
            "division_id": "f2777e89-ef43-44f2-a570-e883729854ea",
            "email": "workshopuser79@genesystest.com",
            "employer_info": [],
            "id": "2a8fa46b-21b4-4410-ae51-a513648361e4",
            "locations": [],
            "manager": "",
            "name": "Workshop User 79",
            "password": "Indyworkshop1!",
            "profile_skills": [],
            "routing_languages": [],
            "routing_skills": [
              {
                "proficiency": 4.5,
                "skill_id": "3e4e9bd3-f1a3-4d93-9c9d-d9c20401aed1"
              }
            ],
            "routing_utilization": [],
            "state": "active",
            "title": ""
          },
          "sensitive_attributes": [],
          "private": "eyJzY2hlbWFfdmVyc2lvbiI6IjEifQ==",
          "dependencies": [
            "data.genesyscloud_routing_skill.z79"
          ]
        }
      ]
    },
    {
      "mode": "managed",
      "type": "genesyscloud_user",
      "name": "Workshop_user8",
      "provider": "provider[\"registry.terraform.io/mypurecloud/genesyscloud\"]",
      "instances": [
        {
          "schema_version": 1,
          "attributes": {
            "acd_auto_answer": false,
            "addresses": [],
            "certifications": [],
            "department": "",
            "division_id": "f2777e89-ef43-44f2-a570-e883729854ea",
            "email": "workshopuser08@genesystest.com",
            "employer_info": [],
            "id": "ff9041ae-a703-4a95-8499-ab5423f24012",
            "locations": [],
            "manager": "",
            "name": "Workshop User 08",
            "password": "Indyworkshop1!",
            "profile_skills": [],
            "routing_languages": [],
            "routing_skills": [
              {
                "proficiency": 4.5,
                "skill_id": "721eaba0-a6dc-4575-8acf-5395ea9dfc2d"
              }
            ],
            "routing_utilization": [],
            "state": "active",
            "title": ""
          },
          "sensitive_attributes": [],
          "private": "eyJzY2hlbWFfdmVyc2lvbiI6IjEifQ==",
          "dependencies": [
            "data.genesyscloud_routing_skill.z8"
          ]
        }
      ]
    },
    {
      "mode": "managed",
      "type": "genesyscloud_user",
      "name": "Workshop_user80",
      "provider": "provider[\"registry.terraform.io/mypurecloud/genesyscloud\"]",
      "instances": [
        {
          "schema_version": 1,
          "attributes": {
            "acd_auto_answer": false,
            "addresses": [],
            "certifications": [],
            "department": "",
            "division_id": "f2777e89-ef43-44f2-a570-e883729854ea",
            "email": "workshopuser80@genesystest.com",
            "employer_info": [],
            "id": "df093899-c6e7-4104-9e0d-99d6cb8f5969",
            "locations": [],
            "manager": "",
            "name": "Workshop User 80",
            "password": "Indyworkshop1!",
            "profile_skills": [],
            "routing_languages": [],
            "routing_skills": [
              {
                "proficiency": 4.5,
                "skill_id": "e487a3be-91ab-416f-b45c-4fb5036232aa"
              }
            ],
            "routing_utilization": [],
            "state": "active",
            "title": ""
          },
          "sensitive_attributes": [],
          "private": "eyJzY2hlbWFfdmVyc2lvbiI6IjEifQ==",
          "dependencies": [
            "data.genesyscloud_routing_skill.z80"
          ]
        }
      ]
    },
    {
      "mode": "managed",
      "type": "genesyscloud_user",
      "name": "Workshop_user9",
      "provider": "provider[\"registry.terraform.io/mypurecloud/genesyscloud\"]",
      "instances": [
        {
          "schema_version": 1,
          "attributes": {
            "acd_auto_answer": false,
            "addresses": [],
            "certifications": [],
            "department": "",
            "division_id": "f2777e89-ef43-44f2-a570-e883729854ea",
            "email": "workshopuser09@genesystest.com",
            "employer_info": [],
            "id": "bb105c79-0331-4a25-bea0-e7bed803c62e",
            "locations": [],
            "manager": "",
            "name": "Workshop User 09",
            "password": "Indyworkshop1!",
            "profile_skills": [],
            "routing_languages": [],
            "routing_skills": [
              {
                "proficiency": 4.5,
                "skill_id": "b52f050c-4bff-494f-a9c5-0ab4c16e3db1"
              }
            ],
            "routing_utilization": [],
            "state": "active",
            "title": ""
          },
          "sensitive_attributes": [],
          "private": "eyJzY2hlbWFfdmVyc2lvbiI6IjEifQ==",
          "dependencies": [
            "data.genesyscloud_routing_skill.z9"
          ]
        }
      ]
    },
    {
      "mode": "managed",
      "type": "genesyscloud_user_roles",
      "name": "Workshoproles_user1",
      "provider": "provider[\"registry.terraform.io/mypurecloud/genesyscloud\"]",
      "instances": [
        {
          "schema_version": 1,
          "attributes": {
            "id": "f6873727-c7de-4a0d-8372-2d1654048d56",
            "roles": [
              {
                "division_ids": [
                  "f2777e89-ef43-44f2-a570-e883729854ea"
                ],
                "role_id": "05c2fe4c-0312-4598-8148-a96eb2c15b5d"
              },
              {
                "division_ids": [
                  "f2777e89-ef43-44f2-a570-e883729854ea"
                ],
                "role_id": "8fd2b585-45c8-43a8-a378-882d923b4dac"
              },
              {
                "division_ids": [
                  "f2777e89-ef43-44f2-a570-e883729854ea"
                ],
                "role_id": "b746f6cf-573e-4354-9276-265d66cb816e"
              },
              {
                "division_ids": [
                  "f2777e89-ef43-44f2-a570-e883729854ea"
                ],
                "role_id": "d40e93b6-a0c4-48f0-907f-1939a5c05f99"
              },
              {
                "division_ids": [
                  "f2777e89-ef43-44f2-a570-e883729854ea"
                ],
                "role_id": "dd8950a6-1e3c-46e1-b774-ab0f50a5ecb2"
              },
              {
                "division_ids": [
                  "f2777e89-ef43-44f2-a570-e883729854ea"
                ],
                "role_id": "ec850d7b-d45e-4e1c-a419-1cd3fc771649"
              }
            ],
            "user_id": "f6873727-c7de-4a0d-8372-2d1654048d56"
          },
          "sensitive_attributes": [],
          "private": "eyJzY2hlbWFfdmVyc2lvbiI6IjEifQ==",
          "dependencies": [
            "data.genesyscloud_auth_role.AgentAssist",
            "data.genesyscloud_auth_role.Developer",
            "data.genesyscloud_auth_role.GenesysCloudVoiceAdmin",
            "data.genesyscloud_auth_role.MasterAdmin",
            "data.genesyscloud_auth_role.Terraform_user",
            "data.genesyscloud_auth_role.employee",
            "data.genesyscloud_routing_skill.z1",
            "genesyscloud_user.Workshop_user1"
          ]
        }
      ]
    },
    {
      "mode": "managed",
      "type": "genesyscloud_user_roles",
      "name": "Workshoproles_user10",
      "provider": "provider[\"registry.terraform.io/mypurecloud/genesyscloud\"]",
      "instances": [
        {
          "schema_version": 1,
          "attributes": {
            "id": "b93aa453-2e04-433f-9623-49c1e2ae5c48",
            "roles": [
              {
                "division_ids": [
                  "f2777e89-ef43-44f2-a570-e883729854ea"
                ],
                "role_id": "05c2fe4c-0312-4598-8148-a96eb2c15b5d"
              },
              {
                "division_ids": [
                  "f2777e89-ef43-44f2-a570-e883729854ea"
                ],
                "role_id": "8fd2b585-45c8-43a8-a378-882d923b4dac"
              },
              {
                "division_ids": [
                  "f2777e89-ef43-44f2-a570-e883729854ea"
                ],
                "role_id": "b746f6cf-573e-4354-9276-265d66cb816e"
              },
              {
                "division_ids": [
                  "f2777e89-ef43-44f2-a570-e883729854ea"
                ],
                "role_id": "d40e93b6-a0c4-48f0-907f-1939a5c05f99"
              },
              {
                "division_ids": [
                  "f2777e89-ef43-44f2-a570-e883729854ea"
                ],
                "role_id": "dd8950a6-1e3c-46e1-b774-ab0f50a5ecb2"
              },
              {
                "division_ids": [
                  "f2777e89-ef43-44f2-a570-e883729854ea"
                ],
                "role_id": "ec850d7b-d45e-4e1c-a419-1cd3fc771649"
              }
            ],
            "user_id": "b93aa453-2e04-433f-9623-49c1e2ae5c48"
          },
          "sensitive_attributes": [],
          "private": "eyJzY2hlbWFfdmVyc2lvbiI6IjEifQ==",
          "dependencies": [
            "data.genesyscloud_auth_role.AgentAssist",
            "data.genesyscloud_auth_role.Developer",
            "data.genesyscloud_auth_role.GenesysCloudVoiceAdmin",
            "data.genesyscloud_auth_role.MasterAdmin",
            "data.genesyscloud_auth_role.Terraform_user",
            "data.genesyscloud_auth_role.employee",
            "data.genesyscloud_routing_skill.z10",
            "genesyscloud_user.Workshop_user10"
          ]
        }
      ]
    },
    {
      "mode": "managed",
      "type": "genesyscloud_user_roles",
      "name": "Workshoproles_user11",
      "provider": "provider[\"registry.terraform.io/mypurecloud/genesyscloud\"]",
      "instances": [
        {
          "schema_version": 1,
          "attributes": {
            "id": "25829070-f14e-4d5f-9803-07f05b9f0057",
            "roles": [
              {
                "division_ids": [
                  "f2777e89-ef43-44f2-a570-e883729854ea"
                ],
                "role_id": "05c2fe4c-0312-4598-8148-a96eb2c15b5d"
              },
              {
                "division_ids": [
                  "f2777e89-ef43-44f2-a570-e883729854ea"
                ],
                "role_id": "8fd2b585-45c8-43a8-a378-882d923b4dac"
              },
              {
                "division_ids": [
                  "f2777e89-ef43-44f2-a570-e883729854ea"
                ],
                "role_id": "b746f6cf-573e-4354-9276-265d66cb816e"
              },
              {
                "division_ids": [
                  "f2777e89-ef43-44f2-a570-e883729854ea"
                ],
                "role_id": "d40e93b6-a0c4-48f0-907f-1939a5c05f99"
              },
              {
                "division_ids": [
                  "f2777e89-ef43-44f2-a570-e883729854ea"
                ],
                "role_id": "dd8950a6-1e3c-46e1-b774-ab0f50a5ecb2"
              },
              {
                "division_ids": [
                  "f2777e89-ef43-44f2-a570-e883729854ea"
                ],
                "role_id": "ec850d7b-d45e-4e1c-a419-1cd3fc771649"
              }
            ],
            "user_id": "25829070-f14e-4d5f-9803-07f05b9f0057"
          },
          "sensitive_attributes": [],
          "private": "eyJzY2hlbWFfdmVyc2lvbiI6IjEifQ==",
          "dependencies": [
            "data.genesyscloud_auth_role.AgentAssist",
            "data.genesyscloud_auth_role.Developer",
            "data.genesyscloud_auth_role.GenesysCloudVoiceAdmin",
            "data.genesyscloud_auth_role.MasterAdmin",
            "data.genesyscloud_auth_role.Terraform_user",
            "data.genesyscloud_auth_role.employee",
            "data.genesyscloud_routing_skill.z11",
            "genesyscloud_user.Workshop_user11"
          ]
        }
      ]
    },
    {
      "mode": "managed",
      "type": "genesyscloud_user_roles",
      "name": "Workshoproles_user12",
      "provider": "provider[\"registry.terraform.io/mypurecloud/genesyscloud\"]",
      "instances": [
        {
          "schema_version": 1,
          "attributes": {
            "id": "b7e22081-856b-4d4c-8ed4-ca1bde31f3fa",
            "roles": [
              {
                "division_ids": [
                  "f2777e89-ef43-44f2-a570-e883729854ea"
                ],
                "role_id": "05c2fe4c-0312-4598-8148-a96eb2c15b5d"
              },
              {
                "division_ids": [
                  "f2777e89-ef43-44f2-a570-e883729854ea"
                ],
                "role_id": "8fd2b585-45c8-43a8-a378-882d923b4dac"
              },
              {
                "division_ids": [
                  "f2777e89-ef43-44f2-a570-e883729854ea"
                ],
                "role_id": "b746f6cf-573e-4354-9276-265d66cb816e"
              },
              {
                "division_ids": [
                  "f2777e89-ef43-44f2-a570-e883729854ea"
                ],
                "role_id": "d40e93b6-a0c4-48f0-907f-1939a5c05f99"
              },
              {
                "division_ids": [
                  "f2777e89-ef43-44f2-a570-e883729854ea"
                ],
                "role_id": "dd8950a6-1e3c-46e1-b774-ab0f50a5ecb2"
              },
              {
                "division_ids": [
                  "f2777e89-ef43-44f2-a570-e883729854ea"
                ],
                "role_id": "ec850d7b-d45e-4e1c-a419-1cd3fc771649"
              }
            ],
            "user_id": "b7e22081-856b-4d4c-8ed4-ca1bde31f3fa"
          },
          "sensitive_attributes": [],
          "private": "eyJzY2hlbWFfdmVyc2lvbiI6IjEifQ==",
          "dependencies": [
            "data.genesyscloud_auth_role.AgentAssist",
            "data.genesyscloud_auth_role.Developer",
            "data.genesyscloud_auth_role.GenesysCloudVoiceAdmin",
            "data.genesyscloud_auth_role.MasterAdmin",
            "data.genesyscloud_auth_role.Terraform_user",
            "data.genesyscloud_auth_role.employee",
            "data.genesyscloud_routing_skill.z12",
            "genesyscloud_user.Workshop_user12"
          ]
        }
      ]
    },
    {
      "mode": "managed",
      "type": "genesyscloud_user_roles",
      "name": "Workshoproles_user13",
      "provider": "provider[\"registry.terraform.io/mypurecloud/genesyscloud\"]",
      "instances": [
        {
          "schema_version": 1,
          "attributes": {
            "id": "c526e777-8bbf-40d5-aa9e-bd78fc1b2381",
            "roles": [
              {
                "division_ids": [
                  "f2777e89-ef43-44f2-a570-e883729854ea"
                ],
                "role_id": "05c2fe4c-0312-4598-8148-a96eb2c15b5d"
              },
              {
                "division_ids": [
                  "f2777e89-ef43-44f2-a570-e883729854ea"
                ],
                "role_id": "8fd2b585-45c8-43a8-a378-882d923b4dac"
              },
              {
                "division_ids": [
                  "f2777e89-ef43-44f2-a570-e883729854ea"
                ],
                "role_id": "b746f6cf-573e-4354-9276-265d66cb816e"
              },
              {
                "division_ids": [
                  "f2777e89-ef43-44f2-a570-e883729854ea"
                ],
                "role_id": "d40e93b6-a0c4-48f0-907f-1939a5c05f99"
              },
              {
                "division_ids": [
                  "f2777e89-ef43-44f2-a570-e883729854ea"
                ],
                "role_id": "dd8950a6-1e3c-46e1-b774-ab0f50a5ecb2"
              },
              {
                "division_ids": [
                  "f2777e89-ef43-44f2-a570-e883729854ea"
                ],
                "role_id": "ec850d7b-d45e-4e1c-a419-1cd3fc771649"
              }
            ],
            "user_id": "c526e777-8bbf-40d5-aa9e-bd78fc1b2381"
          },
          "sensitive_attributes": [],
          "private": "eyJzY2hlbWFfdmVyc2lvbiI6IjEifQ==",
          "dependencies": [
            "data.genesyscloud_auth_role.AgentAssist",
            "data.genesyscloud_auth_role.Developer",
            "data.genesyscloud_auth_role.GenesysCloudVoiceAdmin",
            "data.genesyscloud_auth_role.MasterAdmin",
            "data.genesyscloud_auth_role.Terraform_user",
            "data.genesyscloud_auth_role.employee",
            "data.genesyscloud_routing_skill.z13",
            "genesyscloud_user.Workshop_user13"
          ]
        }
      ]
    },
    {
      "mode": "managed",
      "type": "genesyscloud_user_roles",
      "name": "Workshoproles_user14",
      "provider": "provider[\"registry.terraform.io/mypurecloud/genesyscloud\"]",
      "instances": [
        {
          "schema_version": 1,
          "attributes": {
            "id": "81dacba4-76d9-4c07-add2-a772bc2a56e2",
            "roles": [
              {
                "division_ids": [
                  "f2777e89-ef43-44f2-a570-e883729854ea"
                ],
                "role_id": "05c2fe4c-0312-4598-8148-a96eb2c15b5d"
              },
              {
                "division_ids": [
                  "f2777e89-ef43-44f2-a570-e883729854ea"
                ],
                "role_id": "8fd2b585-45c8-43a8-a378-882d923b4dac"
              },
              {
                "division_ids": [
                  "f2777e89-ef43-44f2-a570-e883729854ea"
                ],
                "role_id": "b746f6cf-573e-4354-9276-265d66cb816e"
              },
              {
                "division_ids": [
                  "f2777e89-ef43-44f2-a570-e883729854ea"
                ],
                "role_id": "d40e93b6-a0c4-48f0-907f-1939a5c05f99"
              },
              {
                "division_ids": [
                  "f2777e89-ef43-44f2-a570-e883729854ea"
                ],
                "role_id": "dd8950a6-1e3c-46e1-b774-ab0f50a5ecb2"
              },
              {
                "division_ids": [
                  "f2777e89-ef43-44f2-a570-e883729854ea"
                ],
                "role_id": "ec850d7b-d45e-4e1c-a419-1cd3fc771649"
              }
            ],
            "user_id": "81dacba4-76d9-4c07-add2-a772bc2a56e2"
          },
          "sensitive_attributes": [],
          "private": "eyJzY2hlbWFfdmVyc2lvbiI6IjEifQ==",
          "dependencies": [
            "data.genesyscloud_auth_role.AgentAssist",
            "data.genesyscloud_auth_role.Developer",
            "data.genesyscloud_auth_role.GenesysCloudVoiceAdmin",
            "data.genesyscloud_auth_role.MasterAdmin",
            "data.genesyscloud_auth_role.Terraform_user",
            "data.genesyscloud_auth_role.employee",
            "data.genesyscloud_routing_skill.z14",
            "genesyscloud_user.Workshop_user14"
          ]
        }
      ]
    },
    {
      "mode": "managed",
      "type": "genesyscloud_user_roles",
      "name": "Workshoproles_user15",
      "provider": "provider[\"registry.terraform.io/mypurecloud/genesyscloud\"]",
      "instances": [
        {
          "schema_version": 1,
          "attributes": {
            "id": "4bf07912-1884-4b37-9d60-4300854eff03",
            "roles": [
              {
                "division_ids": [
                  "f2777e89-ef43-44f2-a570-e883729854ea"
                ],
                "role_id": "05c2fe4c-0312-4598-8148-a96eb2c15b5d"
              },
              {
                "division_ids": [
                  "f2777e89-ef43-44f2-a570-e883729854ea"
                ],
                "role_id": "8fd2b585-45c8-43a8-a378-882d923b4dac"
              },
              {
                "division_ids": [
                  "f2777e89-ef43-44f2-a570-e883729854ea"
                ],
                "role_id": "b746f6cf-573e-4354-9276-265d66cb816e"
              },
              {
                "division_ids": [
                  "f2777e89-ef43-44f2-a570-e883729854ea"
                ],
                "role_id": "d40e93b6-a0c4-48f0-907f-1939a5c05f99"
              },
              {
                "division_ids": [
                  "f2777e89-ef43-44f2-a570-e883729854ea"
                ],
                "role_id": "dd8950a6-1e3c-46e1-b774-ab0f50a5ecb2"
              },
              {
                "division_ids": [
                  "f2777e89-ef43-44f2-a570-e883729854ea"
                ],
                "role_id": "ec850d7b-d45e-4e1c-a419-1cd3fc771649"
              }
            ],
            "user_id": "4bf07912-1884-4b37-9d60-4300854eff03"
          },
          "sensitive_attributes": [],
          "private": "eyJzY2hlbWFfdmVyc2lvbiI6IjEifQ==",
          "dependencies": [
            "data.genesyscloud_auth_role.AgentAssist",
            "data.genesyscloud_auth_role.Developer",
            "data.genesyscloud_auth_role.GenesysCloudVoiceAdmin",
            "data.genesyscloud_auth_role.MasterAdmin",
            "data.genesyscloud_auth_role.Terraform_user",
            "data.genesyscloud_auth_role.employee",
            "data.genesyscloud_routing_skill.z15",
            "genesyscloud_user.Workshop_user15"
          ]
        }
      ]
    },
    {
      "mode": "managed",
      "type": "genesyscloud_user_roles",
      "name": "Workshoproles_user16",
      "provider": "provider[\"registry.terraform.io/mypurecloud/genesyscloud\"]",
      "instances": [
        {
          "schema_version": 1,
          "attributes": {
            "id": "6428ba85-d086-4c0c-95f2-c9fb9d5a57b4",
            "roles": [
              {
                "division_ids": [
                  "f2777e89-ef43-44f2-a570-e883729854ea"
                ],
                "role_id": "05c2fe4c-0312-4598-8148-a96eb2c15b5d"
              },
              {
                "division_ids": [
                  "f2777e89-ef43-44f2-a570-e883729854ea"
                ],
                "role_id": "8fd2b585-45c8-43a8-a378-882d923b4dac"
              },
              {
                "division_ids": [
                  "f2777e89-ef43-44f2-a570-e883729854ea"
                ],
                "role_id": "b746f6cf-573e-4354-9276-265d66cb816e"
              },
              {
                "division_ids": [
                  "f2777e89-ef43-44f2-a570-e883729854ea"
                ],
                "role_id": "d40e93b6-a0c4-48f0-907f-1939a5c05f99"
              },
              {
                "division_ids": [
                  "f2777e89-ef43-44f2-a570-e883729854ea"
                ],
                "role_id": "dd8950a6-1e3c-46e1-b774-ab0f50a5ecb2"
              },
              {
                "division_ids": [
                  "f2777e89-ef43-44f2-a570-e883729854ea"
                ],
                "role_id": "ec850d7b-d45e-4e1c-a419-1cd3fc771649"
              }
            ],
            "user_id": "6428ba85-d086-4c0c-95f2-c9fb9d5a57b4"
          },
          "sensitive_attributes": [],
          "private": "eyJzY2hlbWFfdmVyc2lvbiI6IjEifQ==",
          "dependencies": [
            "data.genesyscloud_auth_role.AgentAssist",
            "data.genesyscloud_auth_role.Developer",
            "data.genesyscloud_auth_role.GenesysCloudVoiceAdmin",
            "data.genesyscloud_auth_role.MasterAdmin",
            "data.genesyscloud_auth_role.Terraform_user",
            "data.genesyscloud_auth_role.employee",
            "data.genesyscloud_routing_skill.z16",
            "genesyscloud_user.Workshop_user16"
          ]
        }
      ]
    },
    {
      "mode": "managed",
      "type": "genesyscloud_user_roles",
      "name": "Workshoproles_user17",
      "provider": "provider[\"registry.terraform.io/mypurecloud/genesyscloud\"]",
      "instances": [
        {
          "schema_version": 1,
          "attributes": {
            "id": "61c29cc3-2a11-4f3a-9efb-fdec6afe2d52",
            "roles": [
              {
                "division_ids": [
                  "f2777e89-ef43-44f2-a570-e883729854ea"
                ],
                "role_id": "05c2fe4c-0312-4598-8148-a96eb2c15b5d"
              },
              {
                "division_ids": [
                  "f2777e89-ef43-44f2-a570-e883729854ea"
                ],
                "role_id": "8fd2b585-45c8-43a8-a378-882d923b4dac"
              },
              {
                "division_ids": [
                  "f2777e89-ef43-44f2-a570-e883729854ea"
                ],
                "role_id": "b746f6cf-573e-4354-9276-265d66cb816e"
              },
              {
                "division_ids": [
                  "f2777e89-ef43-44f2-a570-e883729854ea"
                ],
                "role_id": "d40e93b6-a0c4-48f0-907f-1939a5c05f99"
              },
              {
                "division_ids": [
                  "f2777e89-ef43-44f2-a570-e883729854ea"
                ],
                "role_id": "dd8950a6-1e3c-46e1-b774-ab0f50a5ecb2"
              },
              {
                "division_ids": [
                  "f2777e89-ef43-44f2-a570-e883729854ea"
                ],
                "role_id": "ec850d7b-d45e-4e1c-a419-1cd3fc771649"
              }
            ],
            "user_id": "61c29cc3-2a11-4f3a-9efb-fdec6afe2d52"
          },
          "sensitive_attributes": [],
          "private": "eyJzY2hlbWFfdmVyc2lvbiI6IjEifQ==",
          "dependencies": [
            "data.genesyscloud_auth_role.AgentAssist",
            "data.genesyscloud_auth_role.Developer",
            "data.genesyscloud_auth_role.GenesysCloudVoiceAdmin",
            "data.genesyscloud_auth_role.MasterAdmin",
            "data.genesyscloud_auth_role.Terraform_user",
            "data.genesyscloud_auth_role.employee",
            "data.genesyscloud_routing_skill.z17",
            "genesyscloud_user.Workshop_user17"
          ]
        }
      ]
    },
    {
      "mode": "managed",
      "type": "genesyscloud_user_roles",
      "name": "Workshoproles_user18",
      "provider": "provider[\"registry.terraform.io/mypurecloud/genesyscloud\"]",
      "instances": [
        {
          "schema_version": 1,
          "attributes": {
            "id": "cc9db781-c5df-4911-a3c9-6ac1ead040ea",
            "roles": [
              {
                "division_ids": [
                  "f2777e89-ef43-44f2-a570-e883729854ea"
                ],
                "role_id": "05c2fe4c-0312-4598-8148-a96eb2c15b5d"
              },
              {
                "division_ids": [
                  "f2777e89-ef43-44f2-a570-e883729854ea"
                ],
                "role_id": "8fd2b585-45c8-43a8-a378-882d923b4dac"
              },
              {
                "division_ids": [
                  "f2777e89-ef43-44f2-a570-e883729854ea"
                ],
                "role_id": "b746f6cf-573e-4354-9276-265d66cb816e"
              },
              {
                "division_ids": [
                  "f2777e89-ef43-44f2-a570-e883729854ea"
                ],
                "role_id": "d40e93b6-a0c4-48f0-907f-1939a5c05f99"
              },
              {
                "division_ids": [
                  "f2777e89-ef43-44f2-a570-e883729854ea"
                ],
                "role_id": "dd8950a6-1e3c-46e1-b774-ab0f50a5ecb2"
              },
              {
                "division_ids": [
                  "f2777e89-ef43-44f2-a570-e883729854ea"
                ],
                "role_id": "ec850d7b-d45e-4e1c-a419-1cd3fc771649"
              }
            ],
            "user_id": "cc9db781-c5df-4911-a3c9-6ac1ead040ea"
          },
          "sensitive_attributes": [],
          "private": "eyJzY2hlbWFfdmVyc2lvbiI6IjEifQ==",
          "dependencies": [
            "data.genesyscloud_auth_role.AgentAssist",
            "data.genesyscloud_auth_role.Developer",
            "data.genesyscloud_auth_role.GenesysCloudVoiceAdmin",
            "data.genesyscloud_auth_role.MasterAdmin",
            "data.genesyscloud_auth_role.Terraform_user",
            "data.genesyscloud_auth_role.employee",
            "data.genesyscloud_routing_skill.z18",
            "genesyscloud_user.Workshop_user18"
          ]
        }
      ]
    },
    {
      "mode": "managed",
      "type": "genesyscloud_user_roles",
      "name": "Workshoproles_user19",
      "provider": "provider[\"registry.terraform.io/mypurecloud/genesyscloud\"]",
      "instances": [
        {
          "schema_version": 1,
          "attributes": {
            "id": "af5b5af9-4ffd-4070-a3f5-135f32da2da6",
            "roles": [
              {
                "division_ids": [
                  "f2777e89-ef43-44f2-a570-e883729854ea"
                ],
                "role_id": "05c2fe4c-0312-4598-8148-a96eb2c15b5d"
              },
              {
                "division_ids": [
                  "f2777e89-ef43-44f2-a570-e883729854ea"
                ],
                "role_id": "8fd2b585-45c8-43a8-a378-882d923b4dac"
              },
              {
                "division_ids": [
                  "f2777e89-ef43-44f2-a570-e883729854ea"
                ],
                "role_id": "b746f6cf-573e-4354-9276-265d66cb816e"
              },
              {
                "division_ids": [
                  "f2777e89-ef43-44f2-a570-e883729854ea"
                ],
                "role_id": "d40e93b6-a0c4-48f0-907f-1939a5c05f99"
              },
              {
                "division_ids": [
                  "f2777e89-ef43-44f2-a570-e883729854ea"
                ],
                "role_id": "dd8950a6-1e3c-46e1-b774-ab0f50a5ecb2"
              },
              {
                "division_ids": [
                  "f2777e89-ef43-44f2-a570-e883729854ea"
                ],
                "role_id": "ec850d7b-d45e-4e1c-a419-1cd3fc771649"
              }
            ],
            "user_id": "af5b5af9-4ffd-4070-a3f5-135f32da2da6"
          },
          "sensitive_attributes": [],
          "private": "eyJzY2hlbWFfdmVyc2lvbiI6IjEifQ==",
          "dependencies": [
            "data.genesyscloud_auth_role.AgentAssist",
            "data.genesyscloud_auth_role.Developer",
            "data.genesyscloud_auth_role.GenesysCloudVoiceAdmin",
            "data.genesyscloud_auth_role.MasterAdmin",
            "data.genesyscloud_auth_role.Terraform_user",
            "data.genesyscloud_auth_role.employee",
            "data.genesyscloud_routing_skill.z19",
            "genesyscloud_user.Workshop_user19"
          ]
        }
      ]
    },
    {
      "mode": "managed",
      "type": "genesyscloud_user_roles",
      "name": "Workshoproles_user2",
      "provider": "provider[\"registry.terraform.io/mypurecloud/genesyscloud\"]",
      "instances": [
        {
          "schema_version": 1,
          "attributes": {
            "id": "1e7859f8-959d-4c46-a8b6-fd98573cd81e",
            "roles": [
              {
                "division_ids": [
                  "f2777e89-ef43-44f2-a570-e883729854ea"
                ],
                "role_id": "05c2fe4c-0312-4598-8148-a96eb2c15b5d"
              },
              {
                "division_ids": [
                  "f2777e89-ef43-44f2-a570-e883729854ea"
                ],
                "role_id": "8fd2b585-45c8-43a8-a378-882d923b4dac"
              },
              {
                "division_ids": [
                  "f2777e89-ef43-44f2-a570-e883729854ea"
                ],
                "role_id": "b746f6cf-573e-4354-9276-265d66cb816e"
              },
              {
                "division_ids": [
                  "f2777e89-ef43-44f2-a570-e883729854ea"
                ],
                "role_id": "d40e93b6-a0c4-48f0-907f-1939a5c05f99"
              },
              {
                "division_ids": [
                  "f2777e89-ef43-44f2-a570-e883729854ea"
                ],
                "role_id": "dd8950a6-1e3c-46e1-b774-ab0f50a5ecb2"
              },
              {
                "division_ids": [
                  "f2777e89-ef43-44f2-a570-e883729854ea"
                ],
                "role_id": "ec850d7b-d45e-4e1c-a419-1cd3fc771649"
              }
            ],
            "user_id": "1e7859f8-959d-4c46-a8b6-fd98573cd81e"
          },
          "sensitive_attributes": [],
          "private": "eyJzY2hlbWFfdmVyc2lvbiI6IjEifQ==",
          "dependencies": [
            "data.genesyscloud_auth_role.AgentAssist",
            "data.genesyscloud_auth_role.Developer",
            "data.genesyscloud_auth_role.GenesysCloudVoiceAdmin",
            "data.genesyscloud_auth_role.MasterAdmin",
            "data.genesyscloud_auth_role.Terraform_user",
            "data.genesyscloud_auth_role.employee",
            "data.genesyscloud_routing_skill.z2",
            "genesyscloud_user.Workshop_user2"
          ]
        }
      ]
    },
    {
      "mode": "managed",
      "type": "genesyscloud_user_roles",
      "name": "Workshoproles_user20",
      "provider": "provider[\"registry.terraform.io/mypurecloud/genesyscloud\"]",
      "instances": [
        {
          "schema_version": 1,
          "attributes": {
            "id": "324c69d8-f945-4c2d-92be-83694f4baf6d",
            "roles": [
              {
                "division_ids": [
                  "f2777e89-ef43-44f2-a570-e883729854ea"
                ],
                "role_id": "05c2fe4c-0312-4598-8148-a96eb2c15b5d"
              },
              {
                "division_ids": [
                  "f2777e89-ef43-44f2-a570-e883729854ea"
                ],
                "role_id": "8fd2b585-45c8-43a8-a378-882d923b4dac"
              },
              {
                "division_ids": [
                  "f2777e89-ef43-44f2-a570-e883729854ea"
                ],
                "role_id": "b746f6cf-573e-4354-9276-265d66cb816e"
              },
              {
                "division_ids": [
                  "f2777e89-ef43-44f2-a570-e883729854ea"
                ],
                "role_id": "d40e93b6-a0c4-48f0-907f-1939a5c05f99"
              },
              {
                "division_ids": [
                  "f2777e89-ef43-44f2-a570-e883729854ea"
                ],
                "role_id": "dd8950a6-1e3c-46e1-b774-ab0f50a5ecb2"
              },
              {
                "division_ids": [
                  "f2777e89-ef43-44f2-a570-e883729854ea"
                ],
                "role_id": "ec850d7b-d45e-4e1c-a419-1cd3fc771649"
              }
            ],
            "user_id": "324c69d8-f945-4c2d-92be-83694f4baf6d"
          },
          "sensitive_attributes": [],
          "private": "eyJzY2hlbWFfdmVyc2lvbiI6IjEifQ==",
          "dependencies": [
            "data.genesyscloud_auth_role.AgentAssist",
            "data.genesyscloud_auth_role.Developer",
            "data.genesyscloud_auth_role.GenesysCloudVoiceAdmin",
            "data.genesyscloud_auth_role.MasterAdmin",
            "data.genesyscloud_auth_role.Terraform_user",
            "data.genesyscloud_auth_role.employee",
            "data.genesyscloud_routing_skill.z20",
            "genesyscloud_user.Workshop_user20"
          ]
        }
      ]
    },
    {
      "mode": "managed",
      "type": "genesyscloud_user_roles",
      "name": "Workshoproles_user21",
      "provider": "provider[\"registry.terraform.io/mypurecloud/genesyscloud\"]",
      "instances": [
        {
          "schema_version": 1,
          "attributes": {
            "id": "3f9aecc8-e12e-45bc-b6d5-84bdaf16b452",
            "roles": [
              {
                "division_ids": [
                  "f2777e89-ef43-44f2-a570-e883729854ea"
                ],
                "role_id": "05c2fe4c-0312-4598-8148-a96eb2c15b5d"
              },
              {
                "division_ids": [
                  "f2777e89-ef43-44f2-a570-e883729854ea"
                ],
                "role_id": "8fd2b585-45c8-43a8-a378-882d923b4dac"
              },
              {
                "division_ids": [
                  "f2777e89-ef43-44f2-a570-e883729854ea"
                ],
                "role_id": "b746f6cf-573e-4354-9276-265d66cb816e"
              },
              {
                "division_ids": [
                  "f2777e89-ef43-44f2-a570-e883729854ea"
                ],
                "role_id": "d40e93b6-a0c4-48f0-907f-1939a5c05f99"
              },
              {
                "division_ids": [
                  "f2777e89-ef43-44f2-a570-e883729854ea"
                ],
                "role_id": "dd8950a6-1e3c-46e1-b774-ab0f50a5ecb2"
              },
              {
                "division_ids": [
                  "f2777e89-ef43-44f2-a570-e883729854ea"
                ],
                "role_id": "ec850d7b-d45e-4e1c-a419-1cd3fc771649"
              }
            ],
            "user_id": "3f9aecc8-e12e-45bc-b6d5-84bdaf16b452"
          },
          "sensitive_attributes": [],
          "private": "eyJzY2hlbWFfdmVyc2lvbiI6IjEifQ==",
          "dependencies": [
            "data.genesyscloud_auth_role.AgentAssist",
            "data.genesyscloud_auth_role.Developer",
            "data.genesyscloud_auth_role.GenesysCloudVoiceAdmin",
            "data.genesyscloud_auth_role.MasterAdmin",
            "data.genesyscloud_auth_role.Terraform_user",
            "data.genesyscloud_auth_role.employee",
            "data.genesyscloud_routing_skill.z21",
            "genesyscloud_user.Workshop_user21"
          ]
        }
      ]
    },
    {
      "mode": "managed",
      "type": "genesyscloud_user_roles",
      "name": "Workshoproles_user22",
      "provider": "provider[\"registry.terraform.io/mypurecloud/genesyscloud\"]",
      "instances": [
        {
          "schema_version": 1,
          "attributes": {
            "id": "73f3b316-88eb-4b1c-9669-a9167e518bc1",
            "roles": [
              {
                "division_ids": [
                  "f2777e89-ef43-44f2-a570-e883729854ea"
                ],
                "role_id": "05c2fe4c-0312-4598-8148-a96eb2c15b5d"
              },
              {
                "division_ids": [
                  "f2777e89-ef43-44f2-a570-e883729854ea"
                ],
                "role_id": "8fd2b585-45c8-43a8-a378-882d923b4dac"
              },
              {
                "division_ids": [
                  "f2777e89-ef43-44f2-a570-e883729854ea"
                ],
                "role_id": "b746f6cf-573e-4354-9276-265d66cb816e"
              },
              {
                "division_ids": [
                  "f2777e89-ef43-44f2-a570-e883729854ea"
                ],
                "role_id": "d40e93b6-a0c4-48f0-907f-1939a5c05f99"
              },
              {
                "division_ids": [
                  "f2777e89-ef43-44f2-a570-e883729854ea"
                ],
                "role_id": "dd8950a6-1e3c-46e1-b774-ab0f50a5ecb2"
              },
              {
                "division_ids": [
                  "f2777e89-ef43-44f2-a570-e883729854ea"
                ],
                "role_id": "ec850d7b-d45e-4e1c-a419-1cd3fc771649"
              }
            ],
            "user_id": "73f3b316-88eb-4b1c-9669-a9167e518bc1"
          },
          "sensitive_attributes": [],
          "private": "eyJzY2hlbWFfdmVyc2lvbiI6IjEifQ==",
          "dependencies": [
            "data.genesyscloud_auth_role.AgentAssist",
            "data.genesyscloud_auth_role.Developer",
            "data.genesyscloud_auth_role.GenesysCloudVoiceAdmin",
            "data.genesyscloud_auth_role.MasterAdmin",
            "data.genesyscloud_auth_role.Terraform_user",
            "data.genesyscloud_auth_role.employee",
            "data.genesyscloud_routing_skill.z22",
            "genesyscloud_user.Workshop_user22"
          ]
        }
      ]
    },
    {
      "mode": "managed",
      "type": "genesyscloud_user_roles",
      "name": "Workshoproles_user23",
      "provider": "provider[\"registry.terraform.io/mypurecloud/genesyscloud\"]",
      "instances": [
        {
          "schema_version": 1,
          "attributes": {
            "id": "d933b63e-dd6a-4816-80d6-2e5b947f1793",
            "roles": [
              {
                "division_ids": [
                  "f2777e89-ef43-44f2-a570-e883729854ea"
                ],
                "role_id": "05c2fe4c-0312-4598-8148-a96eb2c15b5d"
              },
              {
                "division_ids": [
                  "f2777e89-ef43-44f2-a570-e883729854ea"
                ],
                "role_id": "8fd2b585-45c8-43a8-a378-882d923b4dac"
              },
              {
                "division_ids": [
                  "f2777e89-ef43-44f2-a570-e883729854ea"
                ],
                "role_id": "b746f6cf-573e-4354-9276-265d66cb816e"
              },
              {
                "division_ids": [
                  "f2777e89-ef43-44f2-a570-e883729854ea"
                ],
                "role_id": "d40e93b6-a0c4-48f0-907f-1939a5c05f99"
              },
              {
                "division_ids": [
                  "f2777e89-ef43-44f2-a570-e883729854ea"
                ],
                "role_id": "dd8950a6-1e3c-46e1-b774-ab0f50a5ecb2"
              },
              {
                "division_ids": [
                  "f2777e89-ef43-44f2-a570-e883729854ea"
                ],
                "role_id": "ec850d7b-d45e-4e1c-a419-1cd3fc771649"
              }
            ],
            "user_id": "d933b63e-dd6a-4816-80d6-2e5b947f1793"
          },
          "sensitive_attributes": [],
          "private": "eyJzY2hlbWFfdmVyc2lvbiI6IjEifQ==",
          "dependencies": [
            "data.genesyscloud_auth_role.AgentAssist",
            "data.genesyscloud_auth_role.Developer",
            "data.genesyscloud_auth_role.GenesysCloudVoiceAdmin",
            "data.genesyscloud_auth_role.MasterAdmin",
            "data.genesyscloud_auth_role.Terraform_user",
            "data.genesyscloud_auth_role.employee",
            "data.genesyscloud_routing_skill.z23",
            "genesyscloud_user.Workshop_user23"
          ]
        }
      ]
    },
    {
      "mode": "managed",
      "type": "genesyscloud_user_roles",
      "name": "Workshoproles_user24",
      "provider": "provider[\"registry.terraform.io/mypurecloud/genesyscloud\"]",
      "instances": [
        {
          "schema_version": 1,
          "attributes": {
            "id": "c9b7845a-90c8-43dd-bf1f-62a681d04dd5",
            "roles": [
              {
                "division_ids": [
                  "f2777e89-ef43-44f2-a570-e883729854ea"
                ],
                "role_id": "05c2fe4c-0312-4598-8148-a96eb2c15b5d"
              },
              {
                "division_ids": [
                  "f2777e89-ef43-44f2-a570-e883729854ea"
                ],
                "role_id": "8fd2b585-45c8-43a8-a378-882d923b4dac"
              },
              {
                "division_ids": [
                  "f2777e89-ef43-44f2-a570-e883729854ea"
                ],
                "role_id": "b746f6cf-573e-4354-9276-265d66cb816e"
              },
              {
                "division_ids": [
                  "f2777e89-ef43-44f2-a570-e883729854ea"
                ],
                "role_id": "d40e93b6-a0c4-48f0-907f-1939a5c05f99"
              },
              {
                "division_ids": [
                  "f2777e89-ef43-44f2-a570-e883729854ea"
                ],
                "role_id": "dd8950a6-1e3c-46e1-b774-ab0f50a5ecb2"
              },
              {
                "division_ids": [
                  "f2777e89-ef43-44f2-a570-e883729854ea"
                ],
                "role_id": "ec850d7b-d45e-4e1c-a419-1cd3fc771649"
              }
            ],
            "user_id": "c9b7845a-90c8-43dd-bf1f-62a681d04dd5"
          },
          "sensitive_attributes": [],
          "private": "eyJzY2hlbWFfdmVyc2lvbiI6IjEifQ==",
          "dependencies": [
            "data.genesyscloud_auth_role.AgentAssist",
            "data.genesyscloud_auth_role.Developer",
            "data.genesyscloud_auth_role.GenesysCloudVoiceAdmin",
            "data.genesyscloud_auth_role.MasterAdmin",
            "data.genesyscloud_auth_role.Terraform_user",
            "data.genesyscloud_auth_role.employee",
            "data.genesyscloud_routing_skill.z24",
            "genesyscloud_user.Workshop_user24"
          ]
        }
      ]
    },
    {
      "mode": "managed",
      "type": "genesyscloud_user_roles",
      "name": "Workshoproles_user25",
      "provider": "provider[\"registry.terraform.io/mypurecloud/genesyscloud\"]",
      "instances": [
        {
          "schema_version": 1,
          "attributes": {
            "id": "31016f84-cbd4-4756-ad70-0ec8f970f8c6",
            "roles": [
              {
                "division_ids": [
                  "f2777e89-ef43-44f2-a570-e883729854ea"
                ],
                "role_id": "05c2fe4c-0312-4598-8148-a96eb2c15b5d"
              },
              {
                "division_ids": [
                  "f2777e89-ef43-44f2-a570-e883729854ea"
                ],
                "role_id": "8fd2b585-45c8-43a8-a378-882d923b4dac"
              },
              {
                "division_ids": [
                  "f2777e89-ef43-44f2-a570-e883729854ea"
                ],
                "role_id": "b746f6cf-573e-4354-9276-265d66cb816e"
              },
              {
                "division_ids": [
                  "f2777e89-ef43-44f2-a570-e883729854ea"
                ],
                "role_id": "d40e93b6-a0c4-48f0-907f-1939a5c05f99"
              },
              {
                "division_ids": [
                  "f2777e89-ef43-44f2-a570-e883729854ea"
                ],
                "role_id": "dd8950a6-1e3c-46e1-b774-ab0f50a5ecb2"
              },
              {
                "division_ids": [
                  "f2777e89-ef43-44f2-a570-e883729854ea"
                ],
                "role_id": "ec850d7b-d45e-4e1c-a419-1cd3fc771649"
              }
            ],
            "user_id": "31016f84-cbd4-4756-ad70-0ec8f970f8c6"
          },
          "sensitive_attributes": [],
          "private": "eyJzY2hlbWFfdmVyc2lvbiI6IjEifQ==",
          "dependencies": [
            "data.genesyscloud_auth_role.AgentAssist",
            "data.genesyscloud_auth_role.Developer",
            "data.genesyscloud_auth_role.GenesysCloudVoiceAdmin",
            "data.genesyscloud_auth_role.MasterAdmin",
            "data.genesyscloud_auth_role.Terraform_user",
            "data.genesyscloud_auth_role.employee",
            "data.genesyscloud_routing_skill.z25",
            "genesyscloud_user.Workshop_user25"
          ]
        }
      ]
    },
    {
      "mode": "managed",
      "type": "genesyscloud_user_roles",
      "name": "Workshoproles_user26",
      "provider": "provider[\"registry.terraform.io/mypurecloud/genesyscloud\"]",
      "instances": [
        {
          "schema_version": 1,
          "attributes": {
            "id": "a5bc3db0-9b00-4ac7-ad02-3df004249799",
            "roles": [
              {
                "division_ids": [
                  "f2777e89-ef43-44f2-a570-e883729854ea"
                ],
                "role_id": "05c2fe4c-0312-4598-8148-a96eb2c15b5d"
              },
              {
                "division_ids": [
                  "f2777e89-ef43-44f2-a570-e883729854ea"
                ],
                "role_id": "8fd2b585-45c8-43a8-a378-882d923b4dac"
              },
              {
                "division_ids": [
                  "f2777e89-ef43-44f2-a570-e883729854ea"
                ],
                "role_id": "b746f6cf-573e-4354-9276-265d66cb816e"
              },
              {
                "division_ids": [
                  "f2777e89-ef43-44f2-a570-e883729854ea"
                ],
                "role_id": "d40e93b6-a0c4-48f0-907f-1939a5c05f99"
              },
              {
                "division_ids": [
                  "f2777e89-ef43-44f2-a570-e883729854ea"
                ],
                "role_id": "dd8950a6-1e3c-46e1-b774-ab0f50a5ecb2"
              },
              {
                "division_ids": [
                  "f2777e89-ef43-44f2-a570-e883729854ea"
                ],
                "role_id": "ec850d7b-d45e-4e1c-a419-1cd3fc771649"
              }
            ],
            "user_id": "a5bc3db0-9b00-4ac7-ad02-3df004249799"
          },
          "sensitive_attributes": [],
          "private": "eyJzY2hlbWFfdmVyc2lvbiI6IjEifQ==",
          "dependencies": [
            "data.genesyscloud_auth_role.AgentAssist",
            "data.genesyscloud_auth_role.Developer",
            "data.genesyscloud_auth_role.GenesysCloudVoiceAdmin",
            "data.genesyscloud_auth_role.MasterAdmin",
            "data.genesyscloud_auth_role.Terraform_user",
            "data.genesyscloud_auth_role.employee",
            "data.genesyscloud_routing_skill.z26",
            "genesyscloud_user.Workshop_user26"
          ]
        }
      ]
    },
    {
      "mode": "managed",
      "type": "genesyscloud_user_roles",
      "name": "Workshoproles_user27",
      "provider": "provider[\"registry.terraform.io/mypurecloud/genesyscloud\"]",
      "instances": [
        {
          "schema_version": 1,
          "attributes": {
            "id": "b6c55fa1-3f55-4c88-be44-27b7daa8a6ec",
            "roles": [
              {
                "division_ids": [
                  "f2777e89-ef43-44f2-a570-e883729854ea"
                ],
                "role_id": "05c2fe4c-0312-4598-8148-a96eb2c15b5d"
              },
              {
                "division_ids": [
                  "f2777e89-ef43-44f2-a570-e883729854ea"
                ],
                "role_id": "8fd2b585-45c8-43a8-a378-882d923b4dac"
              },
              {
                "division_ids": [
                  "f2777e89-ef43-44f2-a570-e883729854ea"
                ],
                "role_id": "b746f6cf-573e-4354-9276-265d66cb816e"
              },
              {
                "division_ids": [
                  "f2777e89-ef43-44f2-a570-e883729854ea"
                ],
                "role_id": "d40e93b6-a0c4-48f0-907f-1939a5c05f99"
              },
              {
                "division_ids": [
                  "f2777e89-ef43-44f2-a570-e883729854ea"
                ],
                "role_id": "dd8950a6-1e3c-46e1-b774-ab0f50a5ecb2"
              },
              {
                "division_ids": [
                  "f2777e89-ef43-44f2-a570-e883729854ea"
                ],
                "role_id": "ec850d7b-d45e-4e1c-a419-1cd3fc771649"
              }
            ],
            "user_id": "b6c55fa1-3f55-4c88-be44-27b7daa8a6ec"
          },
          "sensitive_attributes": [],
          "private": "eyJzY2hlbWFfdmVyc2lvbiI6IjEifQ==",
          "dependencies": [
            "data.genesyscloud_auth_role.AgentAssist",
            "data.genesyscloud_auth_role.Developer",
            "data.genesyscloud_auth_role.GenesysCloudVoiceAdmin",
            "data.genesyscloud_auth_role.MasterAdmin",
            "data.genesyscloud_auth_role.Terraform_user",
            "data.genesyscloud_auth_role.employee",
            "data.genesyscloud_routing_skill.z27",
            "genesyscloud_user.Workshop_user27"
          ]
        }
      ]
    },
    {
      "mode": "managed",
      "type": "genesyscloud_user_roles",
      "name": "Workshoproles_user28",
      "provider": "provider[\"registry.terraform.io/mypurecloud/genesyscloud\"]",
      "instances": [
        {
          "schema_version": 1,
          "attributes": {
            "id": "28629c3c-10bf-4778-af20-755c06b19fdd",
            "roles": [
              {
                "division_ids": [
                  "f2777e89-ef43-44f2-a570-e883729854ea"
                ],
                "role_id": "05c2fe4c-0312-4598-8148-a96eb2c15b5d"
              },
              {
                "division_ids": [
                  "f2777e89-ef43-44f2-a570-e883729854ea"
                ],
                "role_id": "8fd2b585-45c8-43a8-a378-882d923b4dac"
              },
              {
                "division_ids": [
                  "f2777e89-ef43-44f2-a570-e883729854ea"
                ],
                "role_id": "b746f6cf-573e-4354-9276-265d66cb816e"
              },
              {
                "division_ids": [
                  "f2777e89-ef43-44f2-a570-e883729854ea"
                ],
                "role_id": "d40e93b6-a0c4-48f0-907f-1939a5c05f99"
              },
              {
                "division_ids": [
                  "f2777e89-ef43-44f2-a570-e883729854ea"
                ],
                "role_id": "dd8950a6-1e3c-46e1-b774-ab0f50a5ecb2"
              },
              {
                "division_ids": [
                  "f2777e89-ef43-44f2-a570-e883729854ea"
                ],
                "role_id": "ec850d7b-d45e-4e1c-a419-1cd3fc771649"
              }
            ],
            "user_id": "28629c3c-10bf-4778-af20-755c06b19fdd"
          },
          "sensitive_attributes": [],
          "private": "eyJzY2hlbWFfdmVyc2lvbiI6IjEifQ==",
          "dependencies": [
            "data.genesyscloud_auth_role.AgentAssist",
            "data.genesyscloud_auth_role.Developer",
            "data.genesyscloud_auth_role.GenesysCloudVoiceAdmin",
            "data.genesyscloud_auth_role.MasterAdmin",
            "data.genesyscloud_auth_role.Terraform_user",
            "data.genesyscloud_auth_role.employee",
            "data.genesyscloud_routing_skill.z28",
            "genesyscloud_user.Workshop_user28"
          ]
        }
      ]
    },
    {
      "mode": "managed",
      "type": "genesyscloud_user_roles",
      "name": "Workshoproles_user29",
      "provider": "provider[\"registry.terraform.io/mypurecloud/genesyscloud\"]",
      "instances": [
        {
          "schema_version": 1,
          "attributes": {
            "id": "eb15f620-2065-4a6b-a003-8f8c1d9ddaec",
            "roles": [
              {
                "division_ids": [
                  "f2777e89-ef43-44f2-a570-e883729854ea"
                ],
                "role_id": "05c2fe4c-0312-4598-8148-a96eb2c15b5d"
              },
              {
                "division_ids": [
                  "f2777e89-ef43-44f2-a570-e883729854ea"
                ],
                "role_id": "8fd2b585-45c8-43a8-a378-882d923b4dac"
              },
              {
                "division_ids": [
                  "f2777e89-ef43-44f2-a570-e883729854ea"
                ],
                "role_id": "b746f6cf-573e-4354-9276-265d66cb816e"
              },
              {
                "division_ids": [
                  "f2777e89-ef43-44f2-a570-e883729854ea"
                ],
                "role_id": "d40e93b6-a0c4-48f0-907f-1939a5c05f99"
              },
              {
                "division_ids": [
                  "f2777e89-ef43-44f2-a570-e883729854ea"
                ],
                "role_id": "dd8950a6-1e3c-46e1-b774-ab0f50a5ecb2"
              },
              {
                "division_ids": [
                  "f2777e89-ef43-44f2-a570-e883729854ea"
                ],
                "role_id": "ec850d7b-d45e-4e1c-a419-1cd3fc771649"
              }
            ],
            "user_id": "eb15f620-2065-4a6b-a003-8f8c1d9ddaec"
          },
          "sensitive_attributes": [],
          "private": "eyJzY2hlbWFfdmVyc2lvbiI6IjEifQ==",
          "dependencies": [
            "data.genesyscloud_auth_role.AgentAssist",
            "data.genesyscloud_auth_role.Developer",
            "data.genesyscloud_auth_role.GenesysCloudVoiceAdmin",
            "data.genesyscloud_auth_role.MasterAdmin",
            "data.genesyscloud_auth_role.Terraform_user",
            "data.genesyscloud_auth_role.employee",
            "data.genesyscloud_routing_skill.z29",
            "genesyscloud_user.Workshop_user29"
          ]
        }
      ]
    },
    {
      "mode": "managed",
      "type": "genesyscloud_user_roles",
      "name": "Workshoproles_user3",
      "provider": "provider[\"registry.terraform.io/mypurecloud/genesyscloud\"]",
      "instances": [
        {
          "schema_version": 1,
          "attributes": {
            "id": "f8495b0d-c679-4817-9042-aa51581f087c",
            "roles": [
              {
                "division_ids": [
                  "f2777e89-ef43-44f2-a570-e883729854ea"
                ],
                "role_id": "05c2fe4c-0312-4598-8148-a96eb2c15b5d"
              },
              {
                "division_ids": [
                  "f2777e89-ef43-44f2-a570-e883729854ea"
                ],
                "role_id": "8fd2b585-45c8-43a8-a378-882d923b4dac"
              },
              {
                "division_ids": [
                  "f2777e89-ef43-44f2-a570-e883729854ea"
                ],
                "role_id": "b746f6cf-573e-4354-9276-265d66cb816e"
              },
              {
                "division_ids": [
                  "f2777e89-ef43-44f2-a570-e883729854ea"
                ],
                "role_id": "d40e93b6-a0c4-48f0-907f-1939a5c05f99"
              },
              {
                "division_ids": [
                  "f2777e89-ef43-44f2-a570-e883729854ea"
                ],
                "role_id": "dd8950a6-1e3c-46e1-b774-ab0f50a5ecb2"
              },
              {
                "division_ids": [
                  "f2777e89-ef43-44f2-a570-e883729854ea"
                ],
                "role_id": "ec850d7b-d45e-4e1c-a419-1cd3fc771649"
              }
            ],
            "user_id": "f8495b0d-c679-4817-9042-aa51581f087c"
          },
          "sensitive_attributes": [],
          "private": "eyJzY2hlbWFfdmVyc2lvbiI6IjEifQ==",
          "dependencies": [
            "data.genesyscloud_auth_role.AgentAssist",
            "data.genesyscloud_auth_role.Developer",
            "data.genesyscloud_auth_role.GenesysCloudVoiceAdmin",
            "data.genesyscloud_auth_role.MasterAdmin",
            "data.genesyscloud_auth_role.Terraform_user",
            "data.genesyscloud_auth_role.employee",
            "data.genesyscloud_routing_skill.z3",
            "genesyscloud_user.Workshop_user3"
          ]
        }
      ]
    },
    {
      "mode": "managed",
      "type": "genesyscloud_user_roles",
      "name": "Workshoproles_user30",
      "provider": "provider[\"registry.terraform.io/mypurecloud/genesyscloud\"]",
      "instances": [
        {
          "schema_version": 1,
          "attributes": {
            "id": "14df5cdd-bb9a-45c3-b73a-22ef23654467",
            "roles": [
              {
                "division_ids": [
                  "f2777e89-ef43-44f2-a570-e883729854ea"
                ],
                "role_id": "05c2fe4c-0312-4598-8148-a96eb2c15b5d"
              },
              {
                "division_ids": [
                  "f2777e89-ef43-44f2-a570-e883729854ea"
                ],
                "role_id": "8fd2b585-45c8-43a8-a378-882d923b4dac"
              },
              {
                "division_ids": [
                  "f2777e89-ef43-44f2-a570-e883729854ea"
                ],
                "role_id": "b746f6cf-573e-4354-9276-265d66cb816e"
              },
              {
                "division_ids": [
                  "f2777e89-ef43-44f2-a570-e883729854ea"
                ],
                "role_id": "d40e93b6-a0c4-48f0-907f-1939a5c05f99"
              },
              {
                "division_ids": [
                  "f2777e89-ef43-44f2-a570-e883729854ea"
                ],
                "role_id": "dd8950a6-1e3c-46e1-b774-ab0f50a5ecb2"
              },
              {
                "division_ids": [
                  "f2777e89-ef43-44f2-a570-e883729854ea"
                ],
                "role_id": "ec850d7b-d45e-4e1c-a419-1cd3fc771649"
              }
            ],
            "user_id": "14df5cdd-bb9a-45c3-b73a-22ef23654467"
          },
          "sensitive_attributes": [],
          "private": "eyJzY2hlbWFfdmVyc2lvbiI6IjEifQ==",
          "dependencies": [
            "data.genesyscloud_auth_role.AgentAssist",
            "data.genesyscloud_auth_role.Developer",
            "data.genesyscloud_auth_role.GenesysCloudVoiceAdmin",
            "data.genesyscloud_auth_role.MasterAdmin",
            "data.genesyscloud_auth_role.Terraform_user",
            "data.genesyscloud_auth_role.employee",
            "data.genesyscloud_routing_skill.z30",
            "genesyscloud_user.Workshop_user30"
          ]
        }
      ]
    },
    {
      "mode": "managed",
      "type": "genesyscloud_user_roles",
      "name": "Workshoproles_user31",
      "provider": "provider[\"registry.terraform.io/mypurecloud/genesyscloud\"]",
      "instances": [
        {
          "schema_version": 1,
          "attributes": {
            "id": "28aea830-4493-48bd-a4fe-8ea394c94b07",
            "roles": [
              {
                "division_ids": [
                  "f2777e89-ef43-44f2-a570-e883729854ea"
                ],
                "role_id": "05c2fe4c-0312-4598-8148-a96eb2c15b5d"
              },
              {
                "division_ids": [
                  "f2777e89-ef43-44f2-a570-e883729854ea"
                ],
                "role_id": "8fd2b585-45c8-43a8-a378-882d923b4dac"
              },
              {
                "division_ids": [
                  "f2777e89-ef43-44f2-a570-e883729854ea"
                ],
                "role_id": "b746f6cf-573e-4354-9276-265d66cb816e"
              },
              {
                "division_ids": [
                  "f2777e89-ef43-44f2-a570-e883729854ea"
                ],
                "role_id": "d40e93b6-a0c4-48f0-907f-1939a5c05f99"
              },
              {
                "division_ids": [
                  "f2777e89-ef43-44f2-a570-e883729854ea"
                ],
                "role_id": "dd8950a6-1e3c-46e1-b774-ab0f50a5ecb2"
              },
              {
                "division_ids": [
                  "f2777e89-ef43-44f2-a570-e883729854ea"
                ],
                "role_id": "ec850d7b-d45e-4e1c-a419-1cd3fc771649"
              }
            ],
            "user_id": "28aea830-4493-48bd-a4fe-8ea394c94b07"
          },
          "sensitive_attributes": [],
          "private": "eyJzY2hlbWFfdmVyc2lvbiI6IjEifQ==",
          "dependencies": [
            "data.genesyscloud_auth_role.AgentAssist",
            "data.genesyscloud_auth_role.Developer",
            "data.genesyscloud_auth_role.GenesysCloudVoiceAdmin",
            "data.genesyscloud_auth_role.MasterAdmin",
            "data.genesyscloud_auth_role.Terraform_user",
            "data.genesyscloud_auth_role.employee",
            "data.genesyscloud_routing_skill.z31",
            "genesyscloud_user.Workshop_user31"
          ]
        }
      ]
    },
    {
      "mode": "managed",
      "type": "genesyscloud_user_roles",
      "name": "Workshoproles_user32",
      "provider": "provider[\"registry.terraform.io/mypurecloud/genesyscloud\"]",
      "instances": [
        {
          "schema_version": 1,
          "attributes": {
            "id": "fd031780-56e5-42e9-a919-a69c9c0e765c",
            "roles": [
              {
                "division_ids": [
                  "f2777e89-ef43-44f2-a570-e883729854ea"
                ],
                "role_id": "05c2fe4c-0312-4598-8148-a96eb2c15b5d"
              },
              {
                "division_ids": [
                  "f2777e89-ef43-44f2-a570-e883729854ea"
                ],
                "role_id": "8fd2b585-45c8-43a8-a378-882d923b4dac"
              },
              {
                "division_ids": [
                  "f2777e89-ef43-44f2-a570-e883729854ea"
                ],
                "role_id": "b746f6cf-573e-4354-9276-265d66cb816e"
              },
              {
                "division_ids": [
                  "f2777e89-ef43-44f2-a570-e883729854ea"
                ],
                "role_id": "d40e93b6-a0c4-48f0-907f-1939a5c05f99"
              },
              {
                "division_ids": [
                  "f2777e89-ef43-44f2-a570-e883729854ea"
                ],
                "role_id": "dd8950a6-1e3c-46e1-b774-ab0f50a5ecb2"
              },
              {
                "division_ids": [
                  "f2777e89-ef43-44f2-a570-e883729854ea"
                ],
                "role_id": "ec850d7b-d45e-4e1c-a419-1cd3fc771649"
              }
            ],
            "user_id": "fd031780-56e5-42e9-a919-a69c9c0e765c"
          },
          "sensitive_attributes": [],
          "private": "eyJzY2hlbWFfdmVyc2lvbiI6IjEifQ==",
          "dependencies": [
            "data.genesyscloud_auth_role.AgentAssist",
            "data.genesyscloud_auth_role.Developer",
            "data.genesyscloud_auth_role.GenesysCloudVoiceAdmin",
            "data.genesyscloud_auth_role.MasterAdmin",
            "data.genesyscloud_auth_role.Terraform_user",
            "data.genesyscloud_auth_role.employee",
            "data.genesyscloud_routing_skill.z32",
            "genesyscloud_user.Workshop_user32"
          ]
        }
      ]
    },
    {
      "mode": "managed",
      "type": "genesyscloud_user_roles",
      "name": "Workshoproles_user33",
      "provider": "provider[\"registry.terraform.io/mypurecloud/genesyscloud\"]",
      "instances": [
        {
          "schema_version": 1,
          "attributes": {
            "id": "555ec997-b8b8-4d0c-85c3-7a98a673ec85",
            "roles": [
              {
                "division_ids": [
                  "f2777e89-ef43-44f2-a570-e883729854ea"
                ],
                "role_id": "05c2fe4c-0312-4598-8148-a96eb2c15b5d"
              },
              {
                "division_ids": [
                  "f2777e89-ef43-44f2-a570-e883729854ea"
                ],
                "role_id": "8fd2b585-45c8-43a8-a378-882d923b4dac"
              },
              {
                "division_ids": [
                  "f2777e89-ef43-44f2-a570-e883729854ea"
                ],
                "role_id": "b746f6cf-573e-4354-9276-265d66cb816e"
              },
              {
                "division_ids": [
                  "f2777e89-ef43-44f2-a570-e883729854ea"
                ],
                "role_id": "d40e93b6-a0c4-48f0-907f-1939a5c05f99"
              },
              {
                "division_ids": [
                  "f2777e89-ef43-44f2-a570-e883729854ea"
                ],
                "role_id": "dd8950a6-1e3c-46e1-b774-ab0f50a5ecb2"
              },
              {
                "division_ids": [
                  "f2777e89-ef43-44f2-a570-e883729854ea"
                ],
                "role_id": "ec850d7b-d45e-4e1c-a419-1cd3fc771649"
              }
            ],
            "user_id": "555ec997-b8b8-4d0c-85c3-7a98a673ec85"
          },
          "sensitive_attributes": [],
          "private": "eyJzY2hlbWFfdmVyc2lvbiI6IjEifQ==",
          "dependencies": [
            "data.genesyscloud_auth_role.AgentAssist",
            "data.genesyscloud_auth_role.Developer",
            "data.genesyscloud_auth_role.GenesysCloudVoiceAdmin",
            "data.genesyscloud_auth_role.MasterAdmin",
            "data.genesyscloud_auth_role.Terraform_user",
            "data.genesyscloud_auth_role.employee",
            "data.genesyscloud_routing_skill.z33",
            "genesyscloud_user.Workshop_user33"
          ]
        }
      ]
    },
    {
      "mode": "managed",
      "type": "genesyscloud_user_roles",
      "name": "Workshoproles_user34",
      "provider": "provider[\"registry.terraform.io/mypurecloud/genesyscloud\"]",
      "instances": [
        {
          "schema_version": 1,
          "attributes": {
            "id": "d897e90f-4444-4687-866f-07360e2b791d",
            "roles": [
              {
                "division_ids": [
                  "f2777e89-ef43-44f2-a570-e883729854ea"
                ],
                "role_id": "05c2fe4c-0312-4598-8148-a96eb2c15b5d"
              },
              {
                "division_ids": [
                  "f2777e89-ef43-44f2-a570-e883729854ea"
                ],
                "role_id": "8fd2b585-45c8-43a8-a378-882d923b4dac"
              },
              {
                "division_ids": [
                  "f2777e89-ef43-44f2-a570-e883729854ea"
                ],
                "role_id": "b746f6cf-573e-4354-9276-265d66cb816e"
              },
              {
                "division_ids": [
                  "f2777e89-ef43-44f2-a570-e883729854ea"
                ],
                "role_id": "d40e93b6-a0c4-48f0-907f-1939a5c05f99"
              },
              {
                "division_ids": [
                  "f2777e89-ef43-44f2-a570-e883729854ea"
                ],
                "role_id": "dd8950a6-1e3c-46e1-b774-ab0f50a5ecb2"
              },
              {
                "division_ids": [
                  "f2777e89-ef43-44f2-a570-e883729854ea"
                ],
                "role_id": "ec850d7b-d45e-4e1c-a419-1cd3fc771649"
              }
            ],
            "user_id": "d897e90f-4444-4687-866f-07360e2b791d"
          },
          "sensitive_attributes": [],
          "private": "eyJzY2hlbWFfdmVyc2lvbiI6IjEifQ==",
          "dependencies": [
            "data.genesyscloud_auth_role.AgentAssist",
            "data.genesyscloud_auth_role.Developer",
            "data.genesyscloud_auth_role.GenesysCloudVoiceAdmin",
            "data.genesyscloud_auth_role.MasterAdmin",
            "data.genesyscloud_auth_role.Terraform_user",
            "data.genesyscloud_auth_role.employee",
            "data.genesyscloud_routing_skill.z34",
            "genesyscloud_user.Workshop_user34"
          ]
        }
      ]
    },
    {
      "mode": "managed",
      "type": "genesyscloud_user_roles",
      "name": "Workshoproles_user35",
      "provider": "provider[\"registry.terraform.io/mypurecloud/genesyscloud\"]",
      "instances": [
        {
          "schema_version": 1,
          "attributes": {
            "id": "17799e0f-38b4-4525-992a-6049d3e99fd1",
            "roles": [
              {
                "division_ids": [
                  "f2777e89-ef43-44f2-a570-e883729854ea"
                ],
                "role_id": "05c2fe4c-0312-4598-8148-a96eb2c15b5d"
              },
              {
                "division_ids": [
                  "f2777e89-ef43-44f2-a570-e883729854ea"
                ],
                "role_id": "8fd2b585-45c8-43a8-a378-882d923b4dac"
              },
              {
                "division_ids": [
                  "f2777e89-ef43-44f2-a570-e883729854ea"
                ],
                "role_id": "b746f6cf-573e-4354-9276-265d66cb816e"
              },
              {
                "division_ids": [
                  "f2777e89-ef43-44f2-a570-e883729854ea"
                ],
                "role_id": "d40e93b6-a0c4-48f0-907f-1939a5c05f99"
              },
              {
                "division_ids": [
                  "f2777e89-ef43-44f2-a570-e883729854ea"
                ],
                "role_id": "dd8950a6-1e3c-46e1-b774-ab0f50a5ecb2"
              },
              {
                "division_ids": [
                  "f2777e89-ef43-44f2-a570-e883729854ea"
                ],
                "role_id": "ec850d7b-d45e-4e1c-a419-1cd3fc771649"
              }
            ],
            "user_id": "17799e0f-38b4-4525-992a-6049d3e99fd1"
          },
          "sensitive_attributes": [],
          "private": "eyJzY2hlbWFfdmVyc2lvbiI6IjEifQ==",
          "dependencies": [
            "data.genesyscloud_auth_role.AgentAssist",
            "data.genesyscloud_auth_role.Developer",
            "data.genesyscloud_auth_role.GenesysCloudVoiceAdmin",
            "data.genesyscloud_auth_role.MasterAdmin",
            "data.genesyscloud_auth_role.Terraform_user",
            "data.genesyscloud_auth_role.employee",
            "data.genesyscloud_routing_skill.z35",
            "genesyscloud_user.Workshop_user35"
          ]
        }
      ]
    },
    {
      "mode": "managed",
      "type": "genesyscloud_user_roles",
      "name": "Workshoproles_user36",
      "provider": "provider[\"registry.terraform.io/mypurecloud/genesyscloud\"]",
      "instances": [
        {
          "schema_version": 1,
          "attributes": {
            "id": "8370954f-b8ec-408c-a27e-affba209f25a",
            "roles": [
              {
                "division_ids": [
                  "f2777e89-ef43-44f2-a570-e883729854ea"
                ],
                "role_id": "05c2fe4c-0312-4598-8148-a96eb2c15b5d"
              },
              {
                "division_ids": [
                  "f2777e89-ef43-44f2-a570-e883729854ea"
                ],
                "role_id": "8fd2b585-45c8-43a8-a378-882d923b4dac"
              },
              {
                "division_ids": [
                  "f2777e89-ef43-44f2-a570-e883729854ea"
                ],
                "role_id": "b746f6cf-573e-4354-9276-265d66cb816e"
              },
              {
                "division_ids": [
                  "f2777e89-ef43-44f2-a570-e883729854ea"
                ],
                "role_id": "d40e93b6-a0c4-48f0-907f-1939a5c05f99"
              },
              {
                "division_ids": [
                  "f2777e89-ef43-44f2-a570-e883729854ea"
                ],
                "role_id": "dd8950a6-1e3c-46e1-b774-ab0f50a5ecb2"
              },
              {
                "division_ids": [
                  "f2777e89-ef43-44f2-a570-e883729854ea"
                ],
                "role_id": "ec850d7b-d45e-4e1c-a419-1cd3fc771649"
              }
            ],
            "user_id": "8370954f-b8ec-408c-a27e-affba209f25a"
          },
          "sensitive_attributes": [],
          "private": "eyJzY2hlbWFfdmVyc2lvbiI6IjEifQ==",
          "dependencies": [
            "data.genesyscloud_auth_role.AgentAssist",
            "data.genesyscloud_auth_role.Developer",
            "data.genesyscloud_auth_role.GenesysCloudVoiceAdmin",
            "data.genesyscloud_auth_role.MasterAdmin",
            "data.genesyscloud_auth_role.Terraform_user",
            "data.genesyscloud_auth_role.employee",
            "data.genesyscloud_routing_skill.z36",
            "genesyscloud_user.Workshop_user36"
          ]
        }
      ]
    },
    {
      "mode": "managed",
      "type": "genesyscloud_user_roles",
      "name": "Workshoproles_user37",
      "provider": "provider[\"registry.terraform.io/mypurecloud/genesyscloud\"]",
      "instances": [
        {
          "schema_version": 1,
          "attributes": {
            "id": "af6325a4-3a2e-4d72-8366-5bfca95441ec",
            "roles": [
              {
                "division_ids": [
                  "f2777e89-ef43-44f2-a570-e883729854ea"
                ],
                "role_id": "05c2fe4c-0312-4598-8148-a96eb2c15b5d"
              },
              {
                "division_ids": [
                  "f2777e89-ef43-44f2-a570-e883729854ea"
                ],
                "role_id": "8fd2b585-45c8-43a8-a378-882d923b4dac"
              },
              {
                "division_ids": [
                  "f2777e89-ef43-44f2-a570-e883729854ea"
                ],
                "role_id": "b746f6cf-573e-4354-9276-265d66cb816e"
              },
              {
                "division_ids": [
                  "f2777e89-ef43-44f2-a570-e883729854ea"
                ],
                "role_id": "d40e93b6-a0c4-48f0-907f-1939a5c05f99"
              },
              {
                "division_ids": [
                  "f2777e89-ef43-44f2-a570-e883729854ea"
                ],
                "role_id": "dd8950a6-1e3c-46e1-b774-ab0f50a5ecb2"
              },
              {
                "division_ids": [
                  "f2777e89-ef43-44f2-a570-e883729854ea"
                ],
                "role_id": "ec850d7b-d45e-4e1c-a419-1cd3fc771649"
              }
            ],
            "user_id": "af6325a4-3a2e-4d72-8366-5bfca95441ec"
          },
          "sensitive_attributes": [],
          "private": "eyJzY2hlbWFfdmVyc2lvbiI6IjEifQ==",
          "dependencies": [
            "data.genesyscloud_auth_role.AgentAssist",
            "data.genesyscloud_auth_role.Developer",
            "data.genesyscloud_auth_role.GenesysCloudVoiceAdmin",
            "data.genesyscloud_auth_role.MasterAdmin",
            "data.genesyscloud_auth_role.Terraform_user",
            "data.genesyscloud_auth_role.employee",
            "data.genesyscloud_routing_skill.z37",
            "genesyscloud_user.Workshop_user37"
          ]
        }
      ]
    },
    {
      "mode": "managed",
      "type": "genesyscloud_user_roles",
      "name": "Workshoproles_user38",
      "provider": "provider[\"registry.terraform.io/mypurecloud/genesyscloud\"]",
      "instances": [
        {
          "schema_version": 1,
          "attributes": {
            "id": "4f281740-7b37-4914-8fe3-7dacdbd1dd79",
            "roles": [
              {
                "division_ids": [
                  "f2777e89-ef43-44f2-a570-e883729854ea"
                ],
                "role_id": "05c2fe4c-0312-4598-8148-a96eb2c15b5d"
              },
              {
                "division_ids": [
                  "f2777e89-ef43-44f2-a570-e883729854ea"
                ],
                "role_id": "8fd2b585-45c8-43a8-a378-882d923b4dac"
              },
              {
                "division_ids": [
                  "f2777e89-ef43-44f2-a570-e883729854ea"
                ],
                "role_id": "b746f6cf-573e-4354-9276-265d66cb816e"
              },
              {
                "division_ids": [
                  "f2777e89-ef43-44f2-a570-e883729854ea"
                ],
                "role_id": "d40e93b6-a0c4-48f0-907f-1939a5c05f99"
              },
              {
                "division_ids": [
                  "f2777e89-ef43-44f2-a570-e883729854ea"
                ],
                "role_id": "dd8950a6-1e3c-46e1-b774-ab0f50a5ecb2"
              },
              {
                "division_ids": [
                  "f2777e89-ef43-44f2-a570-e883729854ea"
                ],
                "role_id": "ec850d7b-d45e-4e1c-a419-1cd3fc771649"
              }
            ],
            "user_id": "4f281740-7b37-4914-8fe3-7dacdbd1dd79"
          },
          "sensitive_attributes": [],
          "private": "eyJzY2hlbWFfdmVyc2lvbiI6IjEifQ==",
          "dependencies": [
            "data.genesyscloud_auth_role.AgentAssist",
            "data.genesyscloud_auth_role.Developer",
            "data.genesyscloud_auth_role.GenesysCloudVoiceAdmin",
            "data.genesyscloud_auth_role.MasterAdmin",
            "data.genesyscloud_auth_role.Terraform_user",
            "data.genesyscloud_auth_role.employee",
            "data.genesyscloud_routing_skill.z38",
            "genesyscloud_user.Workshop_user38"
          ]
        }
      ]
    },
    {
      "mode": "managed",
      "type": "genesyscloud_user_roles",
      "name": "Workshoproles_user39",
      "provider": "provider[\"registry.terraform.io/mypurecloud/genesyscloud\"]",
      "instances": [
        {
          "schema_version": 1,
          "attributes": {
            "id": "f8747332-7828-444b-8807-4266bd6cdeea",
            "roles": [
              {
                "division_ids": [
                  "f2777e89-ef43-44f2-a570-e883729854ea"
                ],
                "role_id": "05c2fe4c-0312-4598-8148-a96eb2c15b5d"
              },
              {
                "division_ids": [
                  "f2777e89-ef43-44f2-a570-e883729854ea"
                ],
                "role_id": "8fd2b585-45c8-43a8-a378-882d923b4dac"
              },
              {
                "division_ids": [
                  "f2777e89-ef43-44f2-a570-e883729854ea"
                ],
                "role_id": "b746f6cf-573e-4354-9276-265d66cb816e"
              },
              {
                "division_ids": [
                  "f2777e89-ef43-44f2-a570-e883729854ea"
                ],
                "role_id": "d40e93b6-a0c4-48f0-907f-1939a5c05f99"
              },
              {
                "division_ids": [
                  "f2777e89-ef43-44f2-a570-e883729854ea"
                ],
                "role_id": "dd8950a6-1e3c-46e1-b774-ab0f50a5ecb2"
              },
              {
                "division_ids": [
                  "f2777e89-ef43-44f2-a570-e883729854ea"
                ],
                "role_id": "ec850d7b-d45e-4e1c-a419-1cd3fc771649"
              }
            ],
            "user_id": "f8747332-7828-444b-8807-4266bd6cdeea"
          },
          "sensitive_attributes": [],
          "private": "eyJzY2hlbWFfdmVyc2lvbiI6IjEifQ==",
          "dependencies": [
            "data.genesyscloud_auth_role.AgentAssist",
            "data.genesyscloud_auth_role.Developer",
            "data.genesyscloud_auth_role.GenesysCloudVoiceAdmin",
            "data.genesyscloud_auth_role.MasterAdmin",
            "data.genesyscloud_auth_role.Terraform_user",
            "data.genesyscloud_auth_role.employee",
            "data.genesyscloud_routing_skill.z39",
            "genesyscloud_user.Workshop_user39"
          ]
        }
      ]
    },
    {
      "mode": "managed",
      "type": "genesyscloud_user_roles",
      "name": "Workshoproles_user4",
      "provider": "provider[\"registry.terraform.io/mypurecloud/genesyscloud\"]",
      "instances": [
        {
          "schema_version": 1,
          "attributes": {
            "id": "23865bdd-dd1b-4a61-8925-8cfe72dc8eec",
            "roles": [
              {
                "division_ids": [
                  "f2777e89-ef43-44f2-a570-e883729854ea"
                ],
                "role_id": "05c2fe4c-0312-4598-8148-a96eb2c15b5d"
              },
              {
                "division_ids": [
                  "f2777e89-ef43-44f2-a570-e883729854ea"
                ],
                "role_id": "8fd2b585-45c8-43a8-a378-882d923b4dac"
              },
              {
                "division_ids": [
                  "f2777e89-ef43-44f2-a570-e883729854ea"
                ],
                "role_id": "b746f6cf-573e-4354-9276-265d66cb816e"
              },
              {
                "division_ids": [
                  "f2777e89-ef43-44f2-a570-e883729854ea"
                ],
                "role_id": "d40e93b6-a0c4-48f0-907f-1939a5c05f99"
              },
              {
                "division_ids": [
                  "f2777e89-ef43-44f2-a570-e883729854ea"
                ],
                "role_id": "dd8950a6-1e3c-46e1-b774-ab0f50a5ecb2"
              },
              {
                "division_ids": [
                  "f2777e89-ef43-44f2-a570-e883729854ea"
                ],
                "role_id": "ec850d7b-d45e-4e1c-a419-1cd3fc771649"
              }
            ],
            "user_id": "23865bdd-dd1b-4a61-8925-8cfe72dc8eec"
          },
          "sensitive_attributes": [],
          "private": "eyJzY2hlbWFfdmVyc2lvbiI6IjEifQ==",
          "dependencies": [
            "data.genesyscloud_auth_role.AgentAssist",
            "data.genesyscloud_auth_role.Developer",
            "data.genesyscloud_auth_role.GenesysCloudVoiceAdmin",
            "data.genesyscloud_auth_role.MasterAdmin",
            "data.genesyscloud_auth_role.Terraform_user",
            "data.genesyscloud_auth_role.employee",
            "data.genesyscloud_routing_skill.z4",
            "genesyscloud_user.Workshop_user4"
          ]
        }
      ]
    },
    {
      "mode": "managed",
      "type": "genesyscloud_user_roles",
      "name": "Workshoproles_user40",
      "provider": "provider[\"registry.terraform.io/mypurecloud/genesyscloud\"]",
      "instances": [
        {
          "schema_version": 1,
          "attributes": {
            "id": "5723f5b9-3dcc-4260-87a5-9d1586fc81cb",
            "roles": [
              {
                "division_ids": [
                  "f2777e89-ef43-44f2-a570-e883729854ea"
                ],
                "role_id": "05c2fe4c-0312-4598-8148-a96eb2c15b5d"
              },
              {
                "division_ids": [
                  "f2777e89-ef43-44f2-a570-e883729854ea"
                ],
                "role_id": "8fd2b585-45c8-43a8-a378-882d923b4dac"
              },
              {
                "division_ids": [
                  "f2777e89-ef43-44f2-a570-e883729854ea"
                ],
                "role_id": "b746f6cf-573e-4354-9276-265d66cb816e"
              },
              {
                "division_ids": [
                  "f2777e89-ef43-44f2-a570-e883729854ea"
                ],
                "role_id": "d40e93b6-a0c4-48f0-907f-1939a5c05f99"
              },
              {
                "division_ids": [
                  "f2777e89-ef43-44f2-a570-e883729854ea"
                ],
                "role_id": "dd8950a6-1e3c-46e1-b774-ab0f50a5ecb2"
              },
              {
                "division_ids": [
                  "f2777e89-ef43-44f2-a570-e883729854ea"
                ],
                "role_id": "ec850d7b-d45e-4e1c-a419-1cd3fc771649"
              }
            ],
            "user_id": "5723f5b9-3dcc-4260-87a5-9d1586fc81cb"
          },
          "sensitive_attributes": [],
          "private": "eyJzY2hlbWFfdmVyc2lvbiI6IjEifQ==",
          "dependencies": [
            "data.genesyscloud_auth_role.AgentAssist",
            "data.genesyscloud_auth_role.Developer",
            "data.genesyscloud_auth_role.GenesysCloudVoiceAdmin",
            "data.genesyscloud_auth_role.MasterAdmin",
            "data.genesyscloud_auth_role.Terraform_user",
            "data.genesyscloud_auth_role.employee",
            "data.genesyscloud_routing_skill.z40",
            "genesyscloud_user.Workshop_user40"
          ]
        }
      ]
    },
    {
      "mode": "managed",
      "type": "genesyscloud_user_roles",
      "name": "Workshoproles_user41",
      "provider": "provider[\"registry.terraform.io/mypurecloud/genesyscloud\"]",
      "instances": [
        {
          "schema_version": 1,
          "attributes": {
            "id": "94ce73dc-b97f-480c-8f98-ba39a94cf596",
            "roles": [
              {
                "division_ids": [
                  "f2777e89-ef43-44f2-a570-e883729854ea"
                ],
                "role_id": "05c2fe4c-0312-4598-8148-a96eb2c15b5d"
              },
              {
                "division_ids": [
                  "f2777e89-ef43-44f2-a570-e883729854ea"
                ],
                "role_id": "8fd2b585-45c8-43a8-a378-882d923b4dac"
              },
              {
                "division_ids": [
                  "f2777e89-ef43-44f2-a570-e883729854ea"
                ],
                "role_id": "b746f6cf-573e-4354-9276-265d66cb816e"
              },
              {
                "division_ids": [
                  "f2777e89-ef43-44f2-a570-e883729854ea"
                ],
                "role_id": "d40e93b6-a0c4-48f0-907f-1939a5c05f99"
              },
              {
                "division_ids": [
                  "f2777e89-ef43-44f2-a570-e883729854ea"
                ],
                "role_id": "dd8950a6-1e3c-46e1-b774-ab0f50a5ecb2"
              },
              {
                "division_ids": [
                  "f2777e89-ef43-44f2-a570-e883729854ea"
                ],
                "role_id": "ec850d7b-d45e-4e1c-a419-1cd3fc771649"
              }
            ],
            "user_id": "94ce73dc-b97f-480c-8f98-ba39a94cf596"
          },
          "sensitive_attributes": [],
          "private": "eyJzY2hlbWFfdmVyc2lvbiI6IjEifQ==",
          "dependencies": [
            "data.genesyscloud_auth_role.AgentAssist",
            "data.genesyscloud_auth_role.Developer",
            "data.genesyscloud_auth_role.GenesysCloudVoiceAdmin",
            "data.genesyscloud_auth_role.MasterAdmin",
            "data.genesyscloud_auth_role.Terraform_user",
            "data.genesyscloud_auth_role.employee",
            "data.genesyscloud_routing_skill.z41",
            "genesyscloud_user.Workshop_user41"
          ]
        }
      ]
    },
    {
      "mode": "managed",
      "type": "genesyscloud_user_roles",
      "name": "Workshoproles_user42",
      "provider": "provider[\"registry.terraform.io/mypurecloud/genesyscloud\"]",
      "instances": [
        {
          "schema_version": 1,
          "attributes": {
            "id": "0f8b6603-fc04-47cf-967f-d9490849e720",
            "roles": [
              {
                "division_ids": [
                  "f2777e89-ef43-44f2-a570-e883729854ea"
                ],
                "role_id": "05c2fe4c-0312-4598-8148-a96eb2c15b5d"
              },
              {
                "division_ids": [
                  "f2777e89-ef43-44f2-a570-e883729854ea"
                ],
                "role_id": "8fd2b585-45c8-43a8-a378-882d923b4dac"
              },
              {
                "division_ids": [
                  "f2777e89-ef43-44f2-a570-e883729854ea"
                ],
                "role_id": "b746f6cf-573e-4354-9276-265d66cb816e"
              },
              {
                "division_ids": [
                  "f2777e89-ef43-44f2-a570-e883729854ea"
                ],
                "role_id": "d40e93b6-a0c4-48f0-907f-1939a5c05f99"
              },
              {
                "division_ids": [
                  "f2777e89-ef43-44f2-a570-e883729854ea"
                ],
                "role_id": "dd8950a6-1e3c-46e1-b774-ab0f50a5ecb2"
              },
              {
                "division_ids": [
                  "f2777e89-ef43-44f2-a570-e883729854ea"
                ],
                "role_id": "ec850d7b-d45e-4e1c-a419-1cd3fc771649"
              }
            ],
            "user_id": "0f8b6603-fc04-47cf-967f-d9490849e720"
          },
          "sensitive_attributes": [],
          "private": "eyJzY2hlbWFfdmVyc2lvbiI6IjEifQ==",
          "dependencies": [
            "data.genesyscloud_auth_role.AgentAssist",
            "data.genesyscloud_auth_role.Developer",
            "data.genesyscloud_auth_role.GenesysCloudVoiceAdmin",
            "data.genesyscloud_auth_role.MasterAdmin",
            "data.genesyscloud_auth_role.Terraform_user",
            "data.genesyscloud_auth_role.employee",
            "data.genesyscloud_routing_skill.z42",
            "genesyscloud_user.Workshop_user42"
          ]
        }
      ]
    },
    {
      "mode": "managed",
      "type": "genesyscloud_user_roles",
      "name": "Workshoproles_user43",
      "provider": "provider[\"registry.terraform.io/mypurecloud/genesyscloud\"]",
      "instances": [
        {
          "schema_version": 1,
          "attributes": {
            "id": "0973122a-586d-496f-abdd-996a27028f20",
            "roles": [
              {
                "division_ids": [
                  "f2777e89-ef43-44f2-a570-e883729854ea"
                ],
                "role_id": "05c2fe4c-0312-4598-8148-a96eb2c15b5d"
              },
              {
                "division_ids": [
                  "f2777e89-ef43-44f2-a570-e883729854ea"
                ],
                "role_id": "8fd2b585-45c8-43a8-a378-882d923b4dac"
              },
              {
                "division_ids": [
                  "f2777e89-ef43-44f2-a570-e883729854ea"
                ],
                "role_id": "b746f6cf-573e-4354-9276-265d66cb816e"
              },
              {
                "division_ids": [
                  "f2777e89-ef43-44f2-a570-e883729854ea"
                ],
                "role_id": "d40e93b6-a0c4-48f0-907f-1939a5c05f99"
              },
              {
                "division_ids": [
                  "f2777e89-ef43-44f2-a570-e883729854ea"
                ],
                "role_id": "dd8950a6-1e3c-46e1-b774-ab0f50a5ecb2"
              },
              {
                "division_ids": [
                  "f2777e89-ef43-44f2-a570-e883729854ea"
                ],
                "role_id": "ec850d7b-d45e-4e1c-a419-1cd3fc771649"
              }
            ],
            "user_id": "0973122a-586d-496f-abdd-996a27028f20"
          },
          "sensitive_attributes": [],
          "private": "eyJzY2hlbWFfdmVyc2lvbiI6IjEifQ==",
          "dependencies": [
            "data.genesyscloud_auth_role.AgentAssist",
            "data.genesyscloud_auth_role.Developer",
            "data.genesyscloud_auth_role.GenesysCloudVoiceAdmin",
            "data.genesyscloud_auth_role.MasterAdmin",
            "data.genesyscloud_auth_role.Terraform_user",
            "data.genesyscloud_auth_role.employee",
            "data.genesyscloud_routing_skill.z43",
            "genesyscloud_user.Workshop_user43"
          ]
        }
      ]
    },
    {
      "mode": "managed",
      "type": "genesyscloud_user_roles",
      "name": "Workshoproles_user44",
      "provider": "provider[\"registry.terraform.io/mypurecloud/genesyscloud\"]",
      "instances": [
        {
          "schema_version": 1,
          "attributes": {
            "id": "cba37f9e-a446-4eb3-9e2c-69c8cc5e528d",
            "roles": [
              {
                "division_ids": [
                  "f2777e89-ef43-44f2-a570-e883729854ea"
                ],
                "role_id": "05c2fe4c-0312-4598-8148-a96eb2c15b5d"
              },
              {
                "division_ids": [
                  "f2777e89-ef43-44f2-a570-e883729854ea"
                ],
                "role_id": "8fd2b585-45c8-43a8-a378-882d923b4dac"
              },
              {
                "division_ids": [
                  "f2777e89-ef43-44f2-a570-e883729854ea"
                ],
                "role_id": "b746f6cf-573e-4354-9276-265d66cb816e"
              },
              {
                "division_ids": [
                  "f2777e89-ef43-44f2-a570-e883729854ea"
                ],
                "role_id": "d40e93b6-a0c4-48f0-907f-1939a5c05f99"
              },
              {
                "division_ids": [
                  "f2777e89-ef43-44f2-a570-e883729854ea"
                ],
                "role_id": "dd8950a6-1e3c-46e1-b774-ab0f50a5ecb2"
              },
              {
                "division_ids": [
                  "f2777e89-ef43-44f2-a570-e883729854ea"
                ],
                "role_id": "ec850d7b-d45e-4e1c-a419-1cd3fc771649"
              }
            ],
            "user_id": "cba37f9e-a446-4eb3-9e2c-69c8cc5e528d"
          },
          "sensitive_attributes": [],
          "private": "eyJzY2hlbWFfdmVyc2lvbiI6IjEifQ==",
          "dependencies": [
            "data.genesyscloud_auth_role.AgentAssist",
            "data.genesyscloud_auth_role.Developer",
            "data.genesyscloud_auth_role.GenesysCloudVoiceAdmin",
            "data.genesyscloud_auth_role.MasterAdmin",
            "data.genesyscloud_auth_role.Terraform_user",
            "data.genesyscloud_auth_role.employee",
            "data.genesyscloud_routing_skill.z44",
            "genesyscloud_user.Workshop_user44"
          ]
        }
      ]
    },
    {
      "mode": "managed",
      "type": "genesyscloud_user_roles",
      "name": "Workshoproles_user45",
      "provider": "provider[\"registry.terraform.io/mypurecloud/genesyscloud\"]",
      "instances": [
        {
          "schema_version": 1,
          "attributes": {
            "id": "69f9e489-efed-4cee-b045-3d1063e63210",
            "roles": [
              {
                "division_ids": [
                  "f2777e89-ef43-44f2-a570-e883729854ea"
                ],
                "role_id": "05c2fe4c-0312-4598-8148-a96eb2c15b5d"
              },
              {
                "division_ids": [
                  "f2777e89-ef43-44f2-a570-e883729854ea"
                ],
                "role_id": "8fd2b585-45c8-43a8-a378-882d923b4dac"
              },
              {
                "division_ids": [
                  "f2777e89-ef43-44f2-a570-e883729854ea"
                ],
                "role_id": "b746f6cf-573e-4354-9276-265d66cb816e"
              },
              {
                "division_ids": [
                  "f2777e89-ef43-44f2-a570-e883729854ea"
                ],
                "role_id": "d40e93b6-a0c4-48f0-907f-1939a5c05f99"
              },
              {
                "division_ids": [
                  "f2777e89-ef43-44f2-a570-e883729854ea"
                ],
                "role_id": "dd8950a6-1e3c-46e1-b774-ab0f50a5ecb2"
              },
              {
                "division_ids": [
                  "f2777e89-ef43-44f2-a570-e883729854ea"
                ],
                "role_id": "ec850d7b-d45e-4e1c-a419-1cd3fc771649"
              }
            ],
            "user_id": "69f9e489-efed-4cee-b045-3d1063e63210"
          },
          "sensitive_attributes": [],
          "private": "eyJzY2hlbWFfdmVyc2lvbiI6IjEifQ==",
          "dependencies": [
            "data.genesyscloud_auth_role.AgentAssist",
            "data.genesyscloud_auth_role.Developer",
            "data.genesyscloud_auth_role.GenesysCloudVoiceAdmin",
            "data.genesyscloud_auth_role.MasterAdmin",
            "data.genesyscloud_auth_role.Terraform_user",
            "data.genesyscloud_auth_role.employee",
            "data.genesyscloud_routing_skill.z45",
            "genesyscloud_user.Workshop_user45"
          ]
        }
      ]
    },
    {
      "mode": "managed",
      "type": "genesyscloud_user_roles",
      "name": "Workshoproles_user46",
      "provider": "provider[\"registry.terraform.io/mypurecloud/genesyscloud\"]",
      "instances": [
        {
          "schema_version": 1,
          "attributes": {
            "id": "671d2a82-dfcb-44fb-8509-2e2b7f5cc1ba",
            "roles": [
              {
                "division_ids": [
                  "f2777e89-ef43-44f2-a570-e883729854ea"
                ],
                "role_id": "05c2fe4c-0312-4598-8148-a96eb2c15b5d"
              },
              {
                "division_ids": [
                  "f2777e89-ef43-44f2-a570-e883729854ea"
                ],
                "role_id": "8fd2b585-45c8-43a8-a378-882d923b4dac"
              },
              {
                "division_ids": [
                  "f2777e89-ef43-44f2-a570-e883729854ea"
                ],
                "role_id": "b746f6cf-573e-4354-9276-265d66cb816e"
              },
              {
                "division_ids": [
                  "f2777e89-ef43-44f2-a570-e883729854ea"
                ],
                "role_id": "d40e93b6-a0c4-48f0-907f-1939a5c05f99"
              },
              {
                "division_ids": [
                  "f2777e89-ef43-44f2-a570-e883729854ea"
                ],
                "role_id": "dd8950a6-1e3c-46e1-b774-ab0f50a5ecb2"
              },
              {
                "division_ids": [
                  "f2777e89-ef43-44f2-a570-e883729854ea"
                ],
                "role_id": "ec850d7b-d45e-4e1c-a419-1cd3fc771649"
              }
            ],
            "user_id": "671d2a82-dfcb-44fb-8509-2e2b7f5cc1ba"
          },
          "sensitive_attributes": [],
          "private": "eyJzY2hlbWFfdmVyc2lvbiI6IjEifQ==",
          "dependencies": [
            "data.genesyscloud_auth_role.AgentAssist",
            "data.genesyscloud_auth_role.Developer",
            "data.genesyscloud_auth_role.GenesysCloudVoiceAdmin",
            "data.genesyscloud_auth_role.MasterAdmin",
            "data.genesyscloud_auth_role.Terraform_user",
            "data.genesyscloud_auth_role.employee",
            "data.genesyscloud_routing_skill.z46",
            "genesyscloud_user.Workshop_user46"
          ]
        }
      ]
    },
    {
      "mode": "managed",
      "type": "genesyscloud_user_roles",
      "name": "Workshoproles_user47",
      "provider": "provider[\"registry.terraform.io/mypurecloud/genesyscloud\"]",
      "instances": [
        {
          "schema_version": 1,
          "attributes": {
            "id": "4b03e725-2de5-4db7-9ae2-ea33916ad3c1",
            "roles": [
              {
                "division_ids": [
                  "f2777e89-ef43-44f2-a570-e883729854ea"
                ],
                "role_id": "05c2fe4c-0312-4598-8148-a96eb2c15b5d"
              },
              {
                "division_ids": [
                  "f2777e89-ef43-44f2-a570-e883729854ea"
                ],
                "role_id": "8fd2b585-45c8-43a8-a378-882d923b4dac"
              },
              {
                "division_ids": [
                  "f2777e89-ef43-44f2-a570-e883729854ea"
                ],
                "role_id": "b746f6cf-573e-4354-9276-265d66cb816e"
              },
              {
                "division_ids": [
                  "f2777e89-ef43-44f2-a570-e883729854ea"
                ],
                "role_id": "d40e93b6-a0c4-48f0-907f-1939a5c05f99"
              },
              {
                "division_ids": [
                  "f2777e89-ef43-44f2-a570-e883729854ea"
                ],
                "role_id": "dd8950a6-1e3c-46e1-b774-ab0f50a5ecb2"
              },
              {
                "division_ids": [
                  "f2777e89-ef43-44f2-a570-e883729854ea"
                ],
                "role_id": "ec850d7b-d45e-4e1c-a419-1cd3fc771649"
              }
            ],
            "user_id": "4b03e725-2de5-4db7-9ae2-ea33916ad3c1"
          },
          "sensitive_attributes": [],
          "private": "eyJzY2hlbWFfdmVyc2lvbiI6IjEifQ==",
          "dependencies": [
            "data.genesyscloud_auth_role.AgentAssist",
            "data.genesyscloud_auth_role.Developer",
            "data.genesyscloud_auth_role.GenesysCloudVoiceAdmin",
            "data.genesyscloud_auth_role.MasterAdmin",
            "data.genesyscloud_auth_role.Terraform_user",
            "data.genesyscloud_auth_role.employee",
            "data.genesyscloud_routing_skill.z47",
            "genesyscloud_user.Workshop_user47"
          ]
        }
      ]
    },
    {
      "mode": "managed",
      "type": "genesyscloud_user_roles",
      "name": "Workshoproles_user48",
      "provider": "provider[\"registry.terraform.io/mypurecloud/genesyscloud\"]",
      "instances": [
        {
          "schema_version": 1,
          "attributes": {
            "id": "c358a119-4538-4da8-850e-b15a441b2fda",
            "roles": [
              {
                "division_ids": [
                  "f2777e89-ef43-44f2-a570-e883729854ea"
                ],
                "role_id": "05c2fe4c-0312-4598-8148-a96eb2c15b5d"
              },
              {
                "division_ids": [
                  "f2777e89-ef43-44f2-a570-e883729854ea"
                ],
                "role_id": "8fd2b585-45c8-43a8-a378-882d923b4dac"
              },
              {
                "division_ids": [
                  "f2777e89-ef43-44f2-a570-e883729854ea"
                ],
                "role_id": "b746f6cf-573e-4354-9276-265d66cb816e"
              },
              {
                "division_ids": [
                  "f2777e89-ef43-44f2-a570-e883729854ea"
                ],
                "role_id": "d40e93b6-a0c4-48f0-907f-1939a5c05f99"
              },
              {
                "division_ids": [
                  "f2777e89-ef43-44f2-a570-e883729854ea"
                ],
                "role_id": "dd8950a6-1e3c-46e1-b774-ab0f50a5ecb2"
              },
              {
                "division_ids": [
                  "f2777e89-ef43-44f2-a570-e883729854ea"
                ],
                "role_id": "ec850d7b-d45e-4e1c-a419-1cd3fc771649"
              }
            ],
            "user_id": "c358a119-4538-4da8-850e-b15a441b2fda"
          },
          "sensitive_attributes": [],
          "private": "eyJzY2hlbWFfdmVyc2lvbiI6IjEifQ==",
          "dependencies": [
            "data.genesyscloud_auth_role.AgentAssist",
            "data.genesyscloud_auth_role.Developer",
            "data.genesyscloud_auth_role.GenesysCloudVoiceAdmin",
            "data.genesyscloud_auth_role.MasterAdmin",
            "data.genesyscloud_auth_role.Terraform_user",
            "data.genesyscloud_auth_role.employee",
            "data.genesyscloud_routing_skill.z48",
            "genesyscloud_user.Workshop_user48"
          ]
        }
      ]
    },
    {
      "mode": "managed",
      "type": "genesyscloud_user_roles",
      "name": "Workshoproles_user49",
      "provider": "provider[\"registry.terraform.io/mypurecloud/genesyscloud\"]",
      "instances": [
        {
          "schema_version": 1,
          "attributes": {
            "id": "904fac1e-5738-40f1-8f16-bde2e27b2eeb",
            "roles": [
              {
                "division_ids": [
                  "f2777e89-ef43-44f2-a570-e883729854ea"
                ],
                "role_id": "05c2fe4c-0312-4598-8148-a96eb2c15b5d"
              },
              {
                "division_ids": [
                  "f2777e89-ef43-44f2-a570-e883729854ea"
                ],
                "role_id": "8fd2b585-45c8-43a8-a378-882d923b4dac"
              },
              {
                "division_ids": [
                  "f2777e89-ef43-44f2-a570-e883729854ea"
                ],
                "role_id": "b746f6cf-573e-4354-9276-265d66cb816e"
              },
              {
                "division_ids": [
                  "f2777e89-ef43-44f2-a570-e883729854ea"
                ],
                "role_id": "d40e93b6-a0c4-48f0-907f-1939a5c05f99"
              },
              {
                "division_ids": [
                  "f2777e89-ef43-44f2-a570-e883729854ea"
                ],
                "role_id": "dd8950a6-1e3c-46e1-b774-ab0f50a5ecb2"
              },
              {
                "division_ids": [
                  "f2777e89-ef43-44f2-a570-e883729854ea"
                ],
                "role_id": "ec850d7b-d45e-4e1c-a419-1cd3fc771649"
              }
            ],
            "user_id": "904fac1e-5738-40f1-8f16-bde2e27b2eeb"
          },
          "sensitive_attributes": [],
          "private": "eyJzY2hlbWFfdmVyc2lvbiI6IjEifQ==",
          "dependencies": [
            "data.genesyscloud_auth_role.AgentAssist",
            "data.genesyscloud_auth_role.Developer",
            "data.genesyscloud_auth_role.GenesysCloudVoiceAdmin",
            "data.genesyscloud_auth_role.MasterAdmin",
            "data.genesyscloud_auth_role.Terraform_user",
            "data.genesyscloud_auth_role.employee",
            "data.genesyscloud_routing_skill.z49",
            "genesyscloud_user.Workshop_user49"
          ]
        }
      ]
    },
    {
      "mode": "managed",
      "type": "genesyscloud_user_roles",
      "name": "Workshoproles_user5",
      "provider": "provider[\"registry.terraform.io/mypurecloud/genesyscloud\"]",
      "instances": [
        {
          "schema_version": 1,
          "attributes": {
            "id": "eb2415d6-635d-44ca-8e87-9f83b12b60ca",
            "roles": [
              {
                "division_ids": [
                  "f2777e89-ef43-44f2-a570-e883729854ea"
                ],
                "role_id": "05c2fe4c-0312-4598-8148-a96eb2c15b5d"
              },
              {
                "division_ids": [
                  "f2777e89-ef43-44f2-a570-e883729854ea"
                ],
                "role_id": "8fd2b585-45c8-43a8-a378-882d923b4dac"
              },
              {
                "division_ids": [
                  "f2777e89-ef43-44f2-a570-e883729854ea"
                ],
                "role_id": "b746f6cf-573e-4354-9276-265d66cb816e"
              },
              {
                "division_ids": [
                  "f2777e89-ef43-44f2-a570-e883729854ea"
                ],
                "role_id": "d40e93b6-a0c4-48f0-907f-1939a5c05f99"
              },
              {
                "division_ids": [
                  "f2777e89-ef43-44f2-a570-e883729854ea"
                ],
                "role_id": "dd8950a6-1e3c-46e1-b774-ab0f50a5ecb2"
              },
              {
                "division_ids": [
                  "f2777e89-ef43-44f2-a570-e883729854ea"
                ],
                "role_id": "ec850d7b-d45e-4e1c-a419-1cd3fc771649"
              }
            ],
            "user_id": "eb2415d6-635d-44ca-8e87-9f83b12b60ca"
          },
          "sensitive_attributes": [],
          "private": "eyJzY2hlbWFfdmVyc2lvbiI6IjEifQ==",
          "dependencies": [
            "data.genesyscloud_auth_role.AgentAssist",
            "data.genesyscloud_auth_role.Developer",
            "data.genesyscloud_auth_role.GenesysCloudVoiceAdmin",
            "data.genesyscloud_auth_role.MasterAdmin",
            "data.genesyscloud_auth_role.Terraform_user",
            "data.genesyscloud_auth_role.employee",
            "data.genesyscloud_routing_skill.z5",
            "genesyscloud_user.Workshop_user5"
          ]
        }
      ]
    },
    {
      "mode": "managed",
      "type": "genesyscloud_user_roles",
      "name": "Workshoproles_user50",
      "provider": "provider[\"registry.terraform.io/mypurecloud/genesyscloud\"]",
      "instances": [
        {
          "schema_version": 1,
          "attributes": {
            "id": "d88ecbd7-d9dd-4432-95e4-7657bd6500f9",
            "roles": [
              {
                "division_ids": [
                  "f2777e89-ef43-44f2-a570-e883729854ea"
                ],
                "role_id": "05c2fe4c-0312-4598-8148-a96eb2c15b5d"
              },
              {
                "division_ids": [
                  "f2777e89-ef43-44f2-a570-e883729854ea"
                ],
                "role_id": "8fd2b585-45c8-43a8-a378-882d923b4dac"
              },
              {
                "division_ids": [
                  "f2777e89-ef43-44f2-a570-e883729854ea"
                ],
                "role_id": "b746f6cf-573e-4354-9276-265d66cb816e"
              },
              {
                "division_ids": [
                  "f2777e89-ef43-44f2-a570-e883729854ea"
                ],
                "role_id": "d40e93b6-a0c4-48f0-907f-1939a5c05f99"
              },
              {
                "division_ids": [
                  "f2777e89-ef43-44f2-a570-e883729854ea"
                ],
                "role_id": "dd8950a6-1e3c-46e1-b774-ab0f50a5ecb2"
              },
              {
                "division_ids": [
                  "f2777e89-ef43-44f2-a570-e883729854ea"
                ],
                "role_id": "ec850d7b-d45e-4e1c-a419-1cd3fc771649"
              }
            ],
            "user_id": "d88ecbd7-d9dd-4432-95e4-7657bd6500f9"
          },
          "sensitive_attributes": [],
          "private": "eyJzY2hlbWFfdmVyc2lvbiI6IjEifQ==",
          "dependencies": [
            "data.genesyscloud_auth_role.AgentAssist",
            "data.genesyscloud_auth_role.Developer",
            "data.genesyscloud_auth_role.GenesysCloudVoiceAdmin",
            "data.genesyscloud_auth_role.MasterAdmin",
            "data.genesyscloud_auth_role.Terraform_user",
            "data.genesyscloud_auth_role.employee",
            "data.genesyscloud_routing_skill.z50",
            "genesyscloud_user.Workshop_user50"
          ]
        }
      ]
    },
    {
      "mode": "managed",
      "type": "genesyscloud_user_roles",
      "name": "Workshoproles_user51",
      "provider": "provider[\"registry.terraform.io/mypurecloud/genesyscloud\"]",
      "instances": [
        {
          "schema_version": 1,
          "attributes": {
            "id": "c089b4a2-d802-4be1-a76c-d0ccbcd1d14b",
            "roles": [
              {
                "division_ids": [
                  "f2777e89-ef43-44f2-a570-e883729854ea"
                ],
                "role_id": "05c2fe4c-0312-4598-8148-a96eb2c15b5d"
              },
              {
                "division_ids": [
                  "f2777e89-ef43-44f2-a570-e883729854ea"
                ],
                "role_id": "8fd2b585-45c8-43a8-a378-882d923b4dac"
              },
              {
                "division_ids": [
                  "f2777e89-ef43-44f2-a570-e883729854ea"
                ],
                "role_id": "b746f6cf-573e-4354-9276-265d66cb816e"
              },
              {
                "division_ids": [
                  "f2777e89-ef43-44f2-a570-e883729854ea"
                ],
                "role_id": "d40e93b6-a0c4-48f0-907f-1939a5c05f99"
              },
              {
                "division_ids": [
                  "f2777e89-ef43-44f2-a570-e883729854ea"
                ],
                "role_id": "dd8950a6-1e3c-46e1-b774-ab0f50a5ecb2"
              },
              {
                "division_ids": [
                  "f2777e89-ef43-44f2-a570-e883729854ea"
                ],
                "role_id": "ec850d7b-d45e-4e1c-a419-1cd3fc771649"
              }
            ],
            "user_id": "c089b4a2-d802-4be1-a76c-d0ccbcd1d14b"
          },
          "sensitive_attributes": [],
          "private": "eyJzY2hlbWFfdmVyc2lvbiI6IjEifQ==",
          "dependencies": [
            "data.genesyscloud_auth_role.AgentAssist",
            "data.genesyscloud_auth_role.Developer",
            "data.genesyscloud_auth_role.GenesysCloudVoiceAdmin",
            "data.genesyscloud_auth_role.MasterAdmin",
            "data.genesyscloud_auth_role.Terraform_user",
            "data.genesyscloud_auth_role.employee",
            "data.genesyscloud_routing_skill.z51",
            "genesyscloud_user.Workshop_user51"
          ]
        }
      ]
    },
    {
      "mode": "managed",
      "type": "genesyscloud_user_roles",
      "name": "Workshoproles_user52",
      "provider": "provider[\"registry.terraform.io/mypurecloud/genesyscloud\"]",
      "instances": [
        {
          "schema_version": 1,
          "attributes": {
            "id": "a556ea20-f706-422c-8ee1-afc572821efa",
            "roles": [
              {
                "division_ids": [
                  "f2777e89-ef43-44f2-a570-e883729854ea"
                ],
                "role_id": "05c2fe4c-0312-4598-8148-a96eb2c15b5d"
              },
              {
                "division_ids": [
                  "f2777e89-ef43-44f2-a570-e883729854ea"
                ],
                "role_id": "8fd2b585-45c8-43a8-a378-882d923b4dac"
              },
              {
                "division_ids": [
                  "f2777e89-ef43-44f2-a570-e883729854ea"
                ],
                "role_id": "b746f6cf-573e-4354-9276-265d66cb816e"
              },
              {
                "division_ids": [
                  "f2777e89-ef43-44f2-a570-e883729854ea"
                ],
                "role_id": "d40e93b6-a0c4-48f0-907f-1939a5c05f99"
              },
              {
                "division_ids": [
                  "f2777e89-ef43-44f2-a570-e883729854ea"
                ],
                "role_id": "dd8950a6-1e3c-46e1-b774-ab0f50a5ecb2"
              },
              {
                "division_ids": [
                  "f2777e89-ef43-44f2-a570-e883729854ea"
                ],
                "role_id": "ec850d7b-d45e-4e1c-a419-1cd3fc771649"
              }
            ],
            "user_id": "a556ea20-f706-422c-8ee1-afc572821efa"
          },
          "sensitive_attributes": [],
          "private": "eyJzY2hlbWFfdmVyc2lvbiI6IjEifQ==",
          "dependencies": [
            "data.genesyscloud_auth_role.AgentAssist",
            "data.genesyscloud_auth_role.Developer",
            "data.genesyscloud_auth_role.GenesysCloudVoiceAdmin",
            "data.genesyscloud_auth_role.MasterAdmin",
            "data.genesyscloud_auth_role.Terraform_user",
            "data.genesyscloud_auth_role.employee",
            "data.genesyscloud_routing_skill.z52",
            "genesyscloud_user.Workshop_user52"
          ]
        }
      ]
    },
    {
      "mode": "managed",
      "type": "genesyscloud_user_roles",
      "name": "Workshoproles_user53",
      "provider": "provider[\"registry.terraform.io/mypurecloud/genesyscloud\"]",
      "instances": [
        {
          "schema_version": 1,
          "attributes": {
            "id": "72c55a8a-405b-44d2-8a0b-8164059d8285",
            "roles": [
              {
                "division_ids": [
                  "f2777e89-ef43-44f2-a570-e883729854ea"
                ],
                "role_id": "05c2fe4c-0312-4598-8148-a96eb2c15b5d"
              },
              {
                "division_ids": [
                  "f2777e89-ef43-44f2-a570-e883729854ea"
                ],
                "role_id": "8fd2b585-45c8-43a8-a378-882d923b4dac"
              },
              {
                "division_ids": [
                  "f2777e89-ef43-44f2-a570-e883729854ea"
                ],
                "role_id": "b746f6cf-573e-4354-9276-265d66cb816e"
              },
              {
                "division_ids": [
                  "f2777e89-ef43-44f2-a570-e883729854ea"
                ],
                "role_id": "d40e93b6-a0c4-48f0-907f-1939a5c05f99"
              },
              {
                "division_ids": [
                  "f2777e89-ef43-44f2-a570-e883729854ea"
                ],
                "role_id": "dd8950a6-1e3c-46e1-b774-ab0f50a5ecb2"
              },
              {
                "division_ids": [
                  "f2777e89-ef43-44f2-a570-e883729854ea"
                ],
                "role_id": "ec850d7b-d45e-4e1c-a419-1cd3fc771649"
              }
            ],
            "user_id": "72c55a8a-405b-44d2-8a0b-8164059d8285"
          },
          "sensitive_attributes": [],
          "private": "eyJzY2hlbWFfdmVyc2lvbiI6IjEifQ==",
          "dependencies": [
            "data.genesyscloud_auth_role.AgentAssist",
            "data.genesyscloud_auth_role.Developer",
            "data.genesyscloud_auth_role.GenesysCloudVoiceAdmin",
            "data.genesyscloud_auth_role.MasterAdmin",
            "data.genesyscloud_auth_role.Terraform_user",
            "data.genesyscloud_auth_role.employee",
            "data.genesyscloud_routing_skill.z53",
            "genesyscloud_user.Workshop_user53"
          ]
        }
      ]
    },
    {
      "mode": "managed",
      "type": "genesyscloud_user_roles",
      "name": "Workshoproles_user54",
      "provider": "provider[\"registry.terraform.io/mypurecloud/genesyscloud\"]",
      "instances": [
        {
          "schema_version": 1,
          "attributes": {
            "id": "57899fdc-09d8-43c5-97ff-5e316d60ff53",
            "roles": [
              {
                "division_ids": [
                  "f2777e89-ef43-44f2-a570-e883729854ea"
                ],
                "role_id": "05c2fe4c-0312-4598-8148-a96eb2c15b5d"
              },
              {
                "division_ids": [
                  "f2777e89-ef43-44f2-a570-e883729854ea"
                ],
                "role_id": "8fd2b585-45c8-43a8-a378-882d923b4dac"
              },
              {
                "division_ids": [
                  "f2777e89-ef43-44f2-a570-e883729854ea"
                ],
                "role_id": "b746f6cf-573e-4354-9276-265d66cb816e"
              },
              {
                "division_ids": [
                  "f2777e89-ef43-44f2-a570-e883729854ea"
                ],
                "role_id": "d40e93b6-a0c4-48f0-907f-1939a5c05f99"
              },
              {
                "division_ids": [
                  "f2777e89-ef43-44f2-a570-e883729854ea"
                ],
                "role_id": "dd8950a6-1e3c-46e1-b774-ab0f50a5ecb2"
              },
              {
                "division_ids": [
                  "f2777e89-ef43-44f2-a570-e883729854ea"
                ],
                "role_id": "ec850d7b-d45e-4e1c-a419-1cd3fc771649"
              }
            ],
            "user_id": "57899fdc-09d8-43c5-97ff-5e316d60ff53"
          },
          "sensitive_attributes": [],
          "private": "eyJzY2hlbWFfdmVyc2lvbiI6IjEifQ==",
          "dependencies": [
            "data.genesyscloud_auth_role.AgentAssist",
            "data.genesyscloud_auth_role.Developer",
            "data.genesyscloud_auth_role.GenesysCloudVoiceAdmin",
            "data.genesyscloud_auth_role.MasterAdmin",
            "data.genesyscloud_auth_role.Terraform_user",
            "data.genesyscloud_auth_role.employee",
            "data.genesyscloud_routing_skill.z54",
            "genesyscloud_user.Workshop_user54"
          ]
        }
      ]
    },
    {
      "mode": "managed",
      "type": "genesyscloud_user_roles",
      "name": "Workshoproles_user55",
      "provider": "provider[\"registry.terraform.io/mypurecloud/genesyscloud\"]",
      "instances": [
        {
          "schema_version": 1,
          "attributes": {
            "id": "c424a452-fd13-4025-9cf3-6fea8025e4a6",
            "roles": [
              {
                "division_ids": [
                  "f2777e89-ef43-44f2-a570-e883729854ea"
                ],
                "role_id": "05c2fe4c-0312-4598-8148-a96eb2c15b5d"
              },
              {
                "division_ids": [
                  "f2777e89-ef43-44f2-a570-e883729854ea"
                ],
                "role_id": "8fd2b585-45c8-43a8-a378-882d923b4dac"
              },
              {
                "division_ids": [
                  "f2777e89-ef43-44f2-a570-e883729854ea"
                ],
                "role_id": "b746f6cf-573e-4354-9276-265d66cb816e"
              },
              {
                "division_ids": [
                  "f2777e89-ef43-44f2-a570-e883729854ea"
                ],
                "role_id": "d40e93b6-a0c4-48f0-907f-1939a5c05f99"
              },
              {
                "division_ids": [
                  "f2777e89-ef43-44f2-a570-e883729854ea"
                ],
                "role_id": "dd8950a6-1e3c-46e1-b774-ab0f50a5ecb2"
              },
              {
                "division_ids": [
                  "f2777e89-ef43-44f2-a570-e883729854ea"
                ],
                "role_id": "ec850d7b-d45e-4e1c-a419-1cd3fc771649"
              }
            ],
            "user_id": "c424a452-fd13-4025-9cf3-6fea8025e4a6"
          },
          "sensitive_attributes": [],
          "private": "eyJzY2hlbWFfdmVyc2lvbiI6IjEifQ==",
          "dependencies": [
            "data.genesyscloud_auth_role.AgentAssist",
            "data.genesyscloud_auth_role.Developer",
            "data.genesyscloud_auth_role.GenesysCloudVoiceAdmin",
            "data.genesyscloud_auth_role.MasterAdmin",
            "data.genesyscloud_auth_role.Terraform_user",
            "data.genesyscloud_auth_role.employee",
            "data.genesyscloud_routing_skill.z55",
            "genesyscloud_user.Workshop_user55"
          ]
        }
      ]
    },
    {
      "mode": "managed",
      "type": "genesyscloud_user_roles",
      "name": "Workshoproles_user56",
      "provider": "provider[\"registry.terraform.io/mypurecloud/genesyscloud\"]",
      "instances": [
        {
          "schema_version": 1,
          "attributes": {
            "id": "8f8b4f6b-3b9f-4d6a-ade6-89a81acaea43",
            "roles": [
              {
                "division_ids": [
                  "f2777e89-ef43-44f2-a570-e883729854ea"
                ],
                "role_id": "05c2fe4c-0312-4598-8148-a96eb2c15b5d"
              },
              {
                "division_ids": [
                  "f2777e89-ef43-44f2-a570-e883729854ea"
                ],
                "role_id": "8fd2b585-45c8-43a8-a378-882d923b4dac"
              },
              {
                "division_ids": [
                  "f2777e89-ef43-44f2-a570-e883729854ea"
                ],
                "role_id": "b746f6cf-573e-4354-9276-265d66cb816e"
              },
              {
                "division_ids": [
                  "f2777e89-ef43-44f2-a570-e883729854ea"
                ],
                "role_id": "d40e93b6-a0c4-48f0-907f-1939a5c05f99"
              },
              {
                "division_ids": [
                  "f2777e89-ef43-44f2-a570-e883729854ea"
                ],
                "role_id": "dd8950a6-1e3c-46e1-b774-ab0f50a5ecb2"
              },
              {
                "division_ids": [
                  "f2777e89-ef43-44f2-a570-e883729854ea"
                ],
                "role_id": "ec850d7b-d45e-4e1c-a419-1cd3fc771649"
              }
            ],
            "user_id": "8f8b4f6b-3b9f-4d6a-ade6-89a81acaea43"
          },
          "sensitive_attributes": [],
          "private": "eyJzY2hlbWFfdmVyc2lvbiI6IjEifQ==",
          "dependencies": [
            "data.genesyscloud_auth_role.AgentAssist",
            "data.genesyscloud_auth_role.Developer",
            "data.genesyscloud_auth_role.GenesysCloudVoiceAdmin",
            "data.genesyscloud_auth_role.MasterAdmin",
            "data.genesyscloud_auth_role.Terraform_user",
            "data.genesyscloud_auth_role.employee",
            "data.genesyscloud_routing_skill.z56",
            "genesyscloud_user.Workshop_user56"
          ]
        }
      ]
    },
    {
      "mode": "managed",
      "type": "genesyscloud_user_roles",
      "name": "Workshoproles_user57",
      "provider": "provider[\"registry.terraform.io/mypurecloud/genesyscloud\"]",
      "instances": [
        {
          "schema_version": 1,
          "attributes": {
            "id": "84d69a9b-b7bf-4b15-a497-ad25c5f3f8a6",
            "roles": [
              {
                "division_ids": [
                  "f2777e89-ef43-44f2-a570-e883729854ea"
                ],
                "role_id": "05c2fe4c-0312-4598-8148-a96eb2c15b5d"
              },
              {
                "division_ids": [
                  "f2777e89-ef43-44f2-a570-e883729854ea"
                ],
                "role_id": "8fd2b585-45c8-43a8-a378-882d923b4dac"
              },
              {
                "division_ids": [
                  "f2777e89-ef43-44f2-a570-e883729854ea"
                ],
                "role_id": "b746f6cf-573e-4354-9276-265d66cb816e"
              },
              {
                "division_ids": [
                  "f2777e89-ef43-44f2-a570-e883729854ea"
                ],
                "role_id": "d40e93b6-a0c4-48f0-907f-1939a5c05f99"
              },
              {
                "division_ids": [
                  "f2777e89-ef43-44f2-a570-e883729854ea"
                ],
                "role_id": "dd8950a6-1e3c-46e1-b774-ab0f50a5ecb2"
              },
              {
                "division_ids": [
                  "f2777e89-ef43-44f2-a570-e883729854ea"
                ],
                "role_id": "ec850d7b-d45e-4e1c-a419-1cd3fc771649"
              }
            ],
            "user_id": "84d69a9b-b7bf-4b15-a497-ad25c5f3f8a6"
          },
          "sensitive_attributes": [],
          "private": "eyJzY2hlbWFfdmVyc2lvbiI6IjEifQ==",
          "dependencies": [
            "data.genesyscloud_auth_role.AgentAssist",
            "data.genesyscloud_auth_role.Developer",
            "data.genesyscloud_auth_role.GenesysCloudVoiceAdmin",
            "data.genesyscloud_auth_role.MasterAdmin",
            "data.genesyscloud_auth_role.Terraform_user",
            "data.genesyscloud_auth_role.employee",
            "data.genesyscloud_routing_skill.z57",
            "genesyscloud_user.Workshop_user57"
          ]
        }
      ]
    },
    {
      "mode": "managed",
      "type": "genesyscloud_user_roles",
      "name": "Workshoproles_user58",
      "provider": "provider[\"registry.terraform.io/mypurecloud/genesyscloud\"]",
      "instances": [
        {
          "schema_version": 1,
          "attributes": {
            "id": "690a657f-bfd7-466d-8751-07e4dbf0e5d7",
            "roles": [
              {
                "division_ids": [
                  "f2777e89-ef43-44f2-a570-e883729854ea"
                ],
                "role_id": "05c2fe4c-0312-4598-8148-a96eb2c15b5d"
              },
              {
                "division_ids": [
                  "f2777e89-ef43-44f2-a570-e883729854ea"
                ],
                "role_id": "8fd2b585-45c8-43a8-a378-882d923b4dac"
              },
              {
                "division_ids": [
                  "f2777e89-ef43-44f2-a570-e883729854ea"
                ],
                "role_id": "b746f6cf-573e-4354-9276-265d66cb816e"
              },
              {
                "division_ids": [
                  "f2777e89-ef43-44f2-a570-e883729854ea"
                ],
                "role_id": "d40e93b6-a0c4-48f0-907f-1939a5c05f99"
              },
              {
                "division_ids": [
                  "f2777e89-ef43-44f2-a570-e883729854ea"
                ],
                "role_id": "dd8950a6-1e3c-46e1-b774-ab0f50a5ecb2"
              },
              {
                "division_ids": [
                  "f2777e89-ef43-44f2-a570-e883729854ea"
                ],
                "role_id": "ec850d7b-d45e-4e1c-a419-1cd3fc771649"
              }
            ],
            "user_id": "690a657f-bfd7-466d-8751-07e4dbf0e5d7"
          },
          "sensitive_attributes": [],
          "private": "eyJzY2hlbWFfdmVyc2lvbiI6IjEifQ==",
          "dependencies": [
            "data.genesyscloud_auth_role.AgentAssist",
            "data.genesyscloud_auth_role.Developer",
            "data.genesyscloud_auth_role.GenesysCloudVoiceAdmin",
            "data.genesyscloud_auth_role.MasterAdmin",
            "data.genesyscloud_auth_role.Terraform_user",
            "data.genesyscloud_auth_role.employee",
            "data.genesyscloud_routing_skill.z58",
            "genesyscloud_user.Workshop_user58"
          ]
        }
      ]
    },
    {
      "mode": "managed",
      "type": "genesyscloud_user_roles",
      "name": "Workshoproles_user59",
      "provider": "provider[\"registry.terraform.io/mypurecloud/genesyscloud\"]",
      "instances": [
        {
          "schema_version": 1,
          "attributes": {
            "id": "5b30b71b-c92a-46da-86a6-64ce83d9ccd2",
            "roles": [
              {
                "division_ids": [
                  "f2777e89-ef43-44f2-a570-e883729854ea"
                ],
                "role_id": "05c2fe4c-0312-4598-8148-a96eb2c15b5d"
              },
              {
                "division_ids": [
                  "f2777e89-ef43-44f2-a570-e883729854ea"
                ],
                "role_id": "8fd2b585-45c8-43a8-a378-882d923b4dac"
              },
              {
                "division_ids": [
                  "f2777e89-ef43-44f2-a570-e883729854ea"
                ],
                "role_id": "b746f6cf-573e-4354-9276-265d66cb816e"
              },
              {
                "division_ids": [
                  "f2777e89-ef43-44f2-a570-e883729854ea"
                ],
                "role_id": "d40e93b6-a0c4-48f0-907f-1939a5c05f99"
              },
              {
                "division_ids": [
                  "f2777e89-ef43-44f2-a570-e883729854ea"
                ],
                "role_id": "dd8950a6-1e3c-46e1-b774-ab0f50a5ecb2"
              },
              {
                "division_ids": [
                  "f2777e89-ef43-44f2-a570-e883729854ea"
                ],
                "role_id": "ec850d7b-d45e-4e1c-a419-1cd3fc771649"
              }
            ],
            "user_id": "5b30b71b-c92a-46da-86a6-64ce83d9ccd2"
          },
          "sensitive_attributes": [],
          "private": "eyJzY2hlbWFfdmVyc2lvbiI6IjEifQ==",
          "dependencies": [
            "data.genesyscloud_auth_role.AgentAssist",
            "data.genesyscloud_auth_role.Developer",
            "data.genesyscloud_auth_role.GenesysCloudVoiceAdmin",
            "data.genesyscloud_auth_role.MasterAdmin",
            "data.genesyscloud_auth_role.Terraform_user",
            "data.genesyscloud_auth_role.employee",
            "data.genesyscloud_routing_skill.z59",
            "genesyscloud_user.Workshop_user59"
          ]
        }
      ]
    },
    {
      "mode": "managed",
      "type": "genesyscloud_user_roles",
      "name": "Workshoproles_user6",
      "provider": "provider[\"registry.terraform.io/mypurecloud/genesyscloud\"]",
      "instances": [
        {
          "schema_version": 1,
          "attributes": {
            "id": "f78d5a7a-9738-4f19-a996-894307c425ce",
            "roles": [
              {
                "division_ids": [
                  "f2777e89-ef43-44f2-a570-e883729854ea"
                ],
                "role_id": "05c2fe4c-0312-4598-8148-a96eb2c15b5d"
              },
              {
                "division_ids": [
                  "f2777e89-ef43-44f2-a570-e883729854ea"
                ],
                "role_id": "8fd2b585-45c8-43a8-a378-882d923b4dac"
              },
              {
                "division_ids": [
                  "f2777e89-ef43-44f2-a570-e883729854ea"
                ],
                "role_id": "b746f6cf-573e-4354-9276-265d66cb816e"
              },
              {
                "division_ids": [
                  "f2777e89-ef43-44f2-a570-e883729854ea"
                ],
                "role_id": "d40e93b6-a0c4-48f0-907f-1939a5c05f99"
              },
              {
                "division_ids": [
                  "f2777e89-ef43-44f2-a570-e883729854ea"
                ],
                "role_id": "dd8950a6-1e3c-46e1-b774-ab0f50a5ecb2"
              },
              {
                "division_ids": [
                  "f2777e89-ef43-44f2-a570-e883729854ea"
                ],
                "role_id": "ec850d7b-d45e-4e1c-a419-1cd3fc771649"
              }
            ],
            "user_id": "f78d5a7a-9738-4f19-a996-894307c425ce"
          },
          "sensitive_attributes": [],
          "private": "eyJzY2hlbWFfdmVyc2lvbiI6IjEifQ==",
          "dependencies": [
            "data.genesyscloud_auth_role.AgentAssist",
            "data.genesyscloud_auth_role.Developer",
            "data.genesyscloud_auth_role.GenesysCloudVoiceAdmin",
            "data.genesyscloud_auth_role.MasterAdmin",
            "data.genesyscloud_auth_role.Terraform_user",
            "data.genesyscloud_auth_role.employee",
            "data.genesyscloud_routing_skill.z6",
            "genesyscloud_user.Workshop_user6"
          ]
        }
      ]
    },
    {
      "mode": "managed",
      "type": "genesyscloud_user_roles",
      "name": "Workshoproles_user60",
      "provider": "provider[\"registry.terraform.io/mypurecloud/genesyscloud\"]",
      "instances": [
        {
          "schema_version": 1,
          "attributes": {
            "id": "0f09900b-65e0-4c17-a54f-b279384f0241",
            "roles": [
              {
                "division_ids": [
                  "f2777e89-ef43-44f2-a570-e883729854ea"
                ],
                "role_id": "05c2fe4c-0312-4598-8148-a96eb2c15b5d"
              },
              {
                "division_ids": [
                  "f2777e89-ef43-44f2-a570-e883729854ea"
                ],
                "role_id": "8fd2b585-45c8-43a8-a378-882d923b4dac"
              },
              {
                "division_ids": [
                  "f2777e89-ef43-44f2-a570-e883729854ea"
                ],
                "role_id": "b746f6cf-573e-4354-9276-265d66cb816e"
              },
              {
                "division_ids": [
                  "f2777e89-ef43-44f2-a570-e883729854ea"
                ],
                "role_id": "d40e93b6-a0c4-48f0-907f-1939a5c05f99"
              },
              {
                "division_ids": [
                  "f2777e89-ef43-44f2-a570-e883729854ea"
                ],
                "role_id": "dd8950a6-1e3c-46e1-b774-ab0f50a5ecb2"
              },
              {
                "division_ids": [
                  "f2777e89-ef43-44f2-a570-e883729854ea"
                ],
                "role_id": "ec850d7b-d45e-4e1c-a419-1cd3fc771649"
              }
            ],
            "user_id": "0f09900b-65e0-4c17-a54f-b279384f0241"
          },
          "sensitive_attributes": [],
          "private": "eyJzY2hlbWFfdmVyc2lvbiI6IjEifQ==",
          "dependencies": [
            "data.genesyscloud_auth_role.AgentAssist",
            "data.genesyscloud_auth_role.Developer",
            "data.genesyscloud_auth_role.GenesysCloudVoiceAdmin",
            "data.genesyscloud_auth_role.MasterAdmin",
            "data.genesyscloud_auth_role.Terraform_user",
            "data.genesyscloud_auth_role.employee",
            "data.genesyscloud_routing_skill.z60",
            "genesyscloud_user.Workshop_user60"
          ]
        }
      ]
    },
    {
      "mode": "managed",
      "type": "genesyscloud_user_roles",
      "name": "Workshoproles_user61",
      "provider": "provider[\"registry.terraform.io/mypurecloud/genesyscloud\"]",
      "instances": [
        {
          "schema_version": 1,
          "attributes": {
            "id": "c66c7b42-04ae-4e88-9b54-3aee4b57241e",
            "roles": [
              {
                "division_ids": [
                  "f2777e89-ef43-44f2-a570-e883729854ea"
                ],
                "role_id": "05c2fe4c-0312-4598-8148-a96eb2c15b5d"
              },
              {
                "division_ids": [
                  "f2777e89-ef43-44f2-a570-e883729854ea"
                ],
                "role_id": "8fd2b585-45c8-43a8-a378-882d923b4dac"
              },
              {
                "division_ids": [
                  "f2777e89-ef43-44f2-a570-e883729854ea"
                ],
                "role_id": "b746f6cf-573e-4354-9276-265d66cb816e"
              },
              {
                "division_ids": [
                  "f2777e89-ef43-44f2-a570-e883729854ea"
                ],
                "role_id": "d40e93b6-a0c4-48f0-907f-1939a5c05f99"
              },
              {
                "division_ids": [
                  "f2777e89-ef43-44f2-a570-e883729854ea"
                ],
                "role_id": "dd8950a6-1e3c-46e1-b774-ab0f50a5ecb2"
              },
              {
                "division_ids": [
                  "f2777e89-ef43-44f2-a570-e883729854ea"
                ],
                "role_id": "ec850d7b-d45e-4e1c-a419-1cd3fc771649"
              }
            ],
            "user_id": "c66c7b42-04ae-4e88-9b54-3aee4b57241e"
          },
          "sensitive_attributes": [],
          "private": "eyJzY2hlbWFfdmVyc2lvbiI6IjEifQ==",
          "dependencies": [
            "data.genesyscloud_auth_role.AgentAssist",
            "data.genesyscloud_auth_role.Developer",
            "data.genesyscloud_auth_role.GenesysCloudVoiceAdmin",
            "data.genesyscloud_auth_role.MasterAdmin",
            "data.genesyscloud_auth_role.Terraform_user",
            "data.genesyscloud_auth_role.employee",
            "data.genesyscloud_routing_skill.z61",
            "genesyscloud_user.Workshop_user61"
          ]
        }
      ]
    },
    {
      "mode": "managed",
      "type": "genesyscloud_user_roles",
      "name": "Workshoproles_user62",
      "provider": "provider[\"registry.terraform.io/mypurecloud/genesyscloud\"]",
      "instances": [
        {
          "schema_version": 1,
          "attributes": {
            "id": "04c7cdff-d3f1-4fc7-8a3a-819741412902",
            "roles": [
              {
                "division_ids": [
                  "f2777e89-ef43-44f2-a570-e883729854ea"
                ],
                "role_id": "05c2fe4c-0312-4598-8148-a96eb2c15b5d"
              },
              {
                "division_ids": [
                  "f2777e89-ef43-44f2-a570-e883729854ea"
                ],
                "role_id": "8fd2b585-45c8-43a8-a378-882d923b4dac"
              },
              {
                "division_ids": [
                  "f2777e89-ef43-44f2-a570-e883729854ea"
                ],
                "role_id": "b746f6cf-573e-4354-9276-265d66cb816e"
              },
              {
                "division_ids": [
                  "f2777e89-ef43-44f2-a570-e883729854ea"
                ],
                "role_id": "d40e93b6-a0c4-48f0-907f-1939a5c05f99"
              },
              {
                "division_ids": [
                  "f2777e89-ef43-44f2-a570-e883729854ea"
                ],
                "role_id": "dd8950a6-1e3c-46e1-b774-ab0f50a5ecb2"
              },
              {
                "division_ids": [
                  "f2777e89-ef43-44f2-a570-e883729854ea"
                ],
                "role_id": "ec850d7b-d45e-4e1c-a419-1cd3fc771649"
              }
            ],
            "user_id": "04c7cdff-d3f1-4fc7-8a3a-819741412902"
          },
          "sensitive_attributes": [],
          "private": "eyJzY2hlbWFfdmVyc2lvbiI6IjEifQ==",
          "dependencies": [
            "data.genesyscloud_auth_role.AgentAssist",
            "data.genesyscloud_auth_role.Developer",
            "data.genesyscloud_auth_role.GenesysCloudVoiceAdmin",
            "data.genesyscloud_auth_role.MasterAdmin",
            "data.genesyscloud_auth_role.Terraform_user",
            "data.genesyscloud_auth_role.employee",
            "data.genesyscloud_routing_skill.z62",
            "genesyscloud_user.Workshop_user62"
          ]
        }
      ]
    },
    {
      "mode": "managed",
      "type": "genesyscloud_user_roles",
      "name": "Workshoproles_user63",
      "provider": "provider[\"registry.terraform.io/mypurecloud/genesyscloud\"]",
      "instances": [
        {
          "schema_version": 1,
          "attributes": {
            "id": "3fc7a45c-3edc-40bd-a76e-efe1afbdd5b3",
            "roles": [
              {
                "division_ids": [
                  "f2777e89-ef43-44f2-a570-e883729854ea"
                ],
                "role_id": "05c2fe4c-0312-4598-8148-a96eb2c15b5d"
              },
              {
                "division_ids": [
                  "f2777e89-ef43-44f2-a570-e883729854ea"
                ],
                "role_id": "8fd2b585-45c8-43a8-a378-882d923b4dac"
              },
              {
                "division_ids": [
                  "f2777e89-ef43-44f2-a570-e883729854ea"
                ],
                "role_id": "b746f6cf-573e-4354-9276-265d66cb816e"
              },
              {
                "division_ids": [
                  "f2777e89-ef43-44f2-a570-e883729854ea"
                ],
                "role_id": "d40e93b6-a0c4-48f0-907f-1939a5c05f99"
              },
              {
                "division_ids": [
                  "f2777e89-ef43-44f2-a570-e883729854ea"
                ],
                "role_id": "dd8950a6-1e3c-46e1-b774-ab0f50a5ecb2"
              },
              {
                "division_ids": [
                  "f2777e89-ef43-44f2-a570-e883729854ea"
                ],
                "role_id": "ec850d7b-d45e-4e1c-a419-1cd3fc771649"
              }
            ],
            "user_id": "3fc7a45c-3edc-40bd-a76e-efe1afbdd5b3"
          },
          "sensitive_attributes": [],
          "private": "eyJzY2hlbWFfdmVyc2lvbiI6IjEifQ==",
          "dependencies": [
            "data.genesyscloud_auth_role.AgentAssist",
            "data.genesyscloud_auth_role.Developer",
            "data.genesyscloud_auth_role.GenesysCloudVoiceAdmin",
            "data.genesyscloud_auth_role.MasterAdmin",
            "data.genesyscloud_auth_role.Terraform_user",
            "data.genesyscloud_auth_role.employee",
            "data.genesyscloud_routing_skill.z63",
            "genesyscloud_user.Workshop_user63"
          ]
        }
      ]
    },
    {
      "mode": "managed",
      "type": "genesyscloud_user_roles",
      "name": "Workshoproles_user64",
      "provider": "provider[\"registry.terraform.io/mypurecloud/genesyscloud\"]",
      "instances": [
        {
          "schema_version": 1,
          "attributes": {
            "id": "4245a787-4e6d-4eba-8875-284e089d41b7",
            "roles": [
              {
                "division_ids": [
                  "f2777e89-ef43-44f2-a570-e883729854ea"
                ],
                "role_id": "05c2fe4c-0312-4598-8148-a96eb2c15b5d"
              },
              {
                "division_ids": [
                  "f2777e89-ef43-44f2-a570-e883729854ea"
                ],
                "role_id": "8fd2b585-45c8-43a8-a378-882d923b4dac"
              },
              {
                "division_ids": [
                  "f2777e89-ef43-44f2-a570-e883729854ea"
                ],
                "role_id": "b746f6cf-573e-4354-9276-265d66cb816e"
              },
              {
                "division_ids": [
                  "f2777e89-ef43-44f2-a570-e883729854ea"
                ],
                "role_id": "d40e93b6-a0c4-48f0-907f-1939a5c05f99"
              },
              {
                "division_ids": [
                  "f2777e89-ef43-44f2-a570-e883729854ea"
                ],
                "role_id": "dd8950a6-1e3c-46e1-b774-ab0f50a5ecb2"
              },
              {
                "division_ids": [
                  "f2777e89-ef43-44f2-a570-e883729854ea"
                ],
                "role_id": "ec850d7b-d45e-4e1c-a419-1cd3fc771649"
              }
            ],
            "user_id": "4245a787-4e6d-4eba-8875-284e089d41b7"
          },
          "sensitive_attributes": [],
          "private": "eyJzY2hlbWFfdmVyc2lvbiI6IjEifQ==",
          "dependencies": [
            "data.genesyscloud_auth_role.AgentAssist",
            "data.genesyscloud_auth_role.Developer",
            "data.genesyscloud_auth_role.GenesysCloudVoiceAdmin",
            "data.genesyscloud_auth_role.MasterAdmin",
            "data.genesyscloud_auth_role.Terraform_user",
            "data.genesyscloud_auth_role.employee",
            "data.genesyscloud_routing_skill.z64",
            "genesyscloud_user.Workshop_user64"
          ]
        }
      ]
    },
    {
      "mode": "managed",
      "type": "genesyscloud_user_roles",
      "name": "Workshoproles_user65",
      "provider": "provider[\"registry.terraform.io/mypurecloud/genesyscloud\"]",
      "instances": [
        {
          "schema_version": 1,
          "attributes": {
            "id": "b1dd22e6-bab3-4b7a-b12a-4cf03d90cde9",
            "roles": [
              {
                "division_ids": [
                  "f2777e89-ef43-44f2-a570-e883729854ea"
                ],
                "role_id": "05c2fe4c-0312-4598-8148-a96eb2c15b5d"
              },
              {
                "division_ids": [
                  "f2777e89-ef43-44f2-a570-e883729854ea"
                ],
                "role_id": "8fd2b585-45c8-43a8-a378-882d923b4dac"
              },
              {
                "division_ids": [
                  "f2777e89-ef43-44f2-a570-e883729854ea"
                ],
                "role_id": "b746f6cf-573e-4354-9276-265d66cb816e"
              },
              {
                "division_ids": [
                  "f2777e89-ef43-44f2-a570-e883729854ea"
                ],
                "role_id": "d40e93b6-a0c4-48f0-907f-1939a5c05f99"
              },
              {
                "division_ids": [
                  "f2777e89-ef43-44f2-a570-e883729854ea"
                ],
                "role_id": "dd8950a6-1e3c-46e1-b774-ab0f50a5ecb2"
              },
              {
                "division_ids": [
                  "f2777e89-ef43-44f2-a570-e883729854ea"
                ],
                "role_id": "ec850d7b-d45e-4e1c-a419-1cd3fc771649"
              }
            ],
            "user_id": "b1dd22e6-bab3-4b7a-b12a-4cf03d90cde9"
          },
          "sensitive_attributes": [],
          "private": "eyJzY2hlbWFfdmVyc2lvbiI6IjEifQ==",
          "dependencies": [
            "data.genesyscloud_auth_role.AgentAssist",
            "data.genesyscloud_auth_role.Developer",
            "data.genesyscloud_auth_role.GenesysCloudVoiceAdmin",
            "data.genesyscloud_auth_role.MasterAdmin",
            "data.genesyscloud_auth_role.Terraform_user",
            "data.genesyscloud_auth_role.employee",
            "data.genesyscloud_routing_skill.z65",
            "genesyscloud_user.Workshop_user65"
          ]
        }
      ]
    },
    {
      "mode": "managed",
      "type": "genesyscloud_user_roles",
      "name": "Workshoproles_user66",
      "provider": "provider[\"registry.terraform.io/mypurecloud/genesyscloud\"]",
      "instances": [
        {
          "schema_version": 1,
          "attributes": {
            "id": "acf9b294-3018-4adc-ab3d-c033f1788348",
            "roles": [
              {
                "division_ids": [
                  "f2777e89-ef43-44f2-a570-e883729854ea"
                ],
                "role_id": "05c2fe4c-0312-4598-8148-a96eb2c15b5d"
              },
              {
                "division_ids": [
                  "f2777e89-ef43-44f2-a570-e883729854ea"
                ],
                "role_id": "8fd2b585-45c8-43a8-a378-882d923b4dac"
              },
              {
                "division_ids": [
                  "f2777e89-ef43-44f2-a570-e883729854ea"
                ],
                "role_id": "b746f6cf-573e-4354-9276-265d66cb816e"
              },
              {
                "division_ids": [
                  "f2777e89-ef43-44f2-a570-e883729854ea"
                ],
                "role_id": "d40e93b6-a0c4-48f0-907f-1939a5c05f99"
              },
              {
                "division_ids": [
                  "f2777e89-ef43-44f2-a570-e883729854ea"
                ],
                "role_id": "dd8950a6-1e3c-46e1-b774-ab0f50a5ecb2"
              },
              {
                "division_ids": [
                  "f2777e89-ef43-44f2-a570-e883729854ea"
                ],
                "role_id": "ec850d7b-d45e-4e1c-a419-1cd3fc771649"
              }
            ],
            "user_id": "acf9b294-3018-4adc-ab3d-c033f1788348"
          },
          "sensitive_attributes": [],
          "private": "eyJzY2hlbWFfdmVyc2lvbiI6IjEifQ==",
          "dependencies": [
            "data.genesyscloud_auth_role.AgentAssist",
            "data.genesyscloud_auth_role.Developer",
            "data.genesyscloud_auth_role.GenesysCloudVoiceAdmin",
            "data.genesyscloud_auth_role.MasterAdmin",
            "data.genesyscloud_auth_role.Terraform_user",
            "data.genesyscloud_auth_role.employee",
            "data.genesyscloud_routing_skill.z66",
            "genesyscloud_user.Workshop_user66"
          ]
        }
      ]
    },
    {
      "mode": "managed",
      "type": "genesyscloud_user_roles",
      "name": "Workshoproles_user67",
      "provider": "provider[\"registry.terraform.io/mypurecloud/genesyscloud\"]",
      "instances": [
        {
          "schema_version": 1,
          "attributes": {
            "id": "6d40684a-47ae-46fd-889c-cd1fae194ad1",
            "roles": [
              {
                "division_ids": [
                  "f2777e89-ef43-44f2-a570-e883729854ea"
                ],
                "role_id": "05c2fe4c-0312-4598-8148-a96eb2c15b5d"
              },
              {
                "division_ids": [
                  "f2777e89-ef43-44f2-a570-e883729854ea"
                ],
                "role_id": "8fd2b585-45c8-43a8-a378-882d923b4dac"
              },
              {
                "division_ids": [
                  "f2777e89-ef43-44f2-a570-e883729854ea"
                ],
                "role_id": "b746f6cf-573e-4354-9276-265d66cb816e"
              },
              {
                "division_ids": [
                  "f2777e89-ef43-44f2-a570-e883729854ea"
                ],
                "role_id": "d40e93b6-a0c4-48f0-907f-1939a5c05f99"
              },
              {
                "division_ids": [
                  "f2777e89-ef43-44f2-a570-e883729854ea"
                ],
                "role_id": "dd8950a6-1e3c-46e1-b774-ab0f50a5ecb2"
              },
              {
                "division_ids": [
                  "f2777e89-ef43-44f2-a570-e883729854ea"
                ],
                "role_id": "ec850d7b-d45e-4e1c-a419-1cd3fc771649"
              }
            ],
            "user_id": "6d40684a-47ae-46fd-889c-cd1fae194ad1"
          },
          "sensitive_attributes": [],
          "private": "eyJzY2hlbWFfdmVyc2lvbiI6IjEifQ==",
          "dependencies": [
            "data.genesyscloud_auth_role.AgentAssist",
            "data.genesyscloud_auth_role.Developer",
            "data.genesyscloud_auth_role.GenesysCloudVoiceAdmin",
            "data.genesyscloud_auth_role.MasterAdmin",
            "data.genesyscloud_auth_role.Terraform_user",
            "data.genesyscloud_auth_role.employee",
            "data.genesyscloud_routing_skill.z67",
            "genesyscloud_user.Workshop_user67"
          ]
        }
      ]
    },
    {
      "mode": "managed",
      "type": "genesyscloud_user_roles",
      "name": "Workshoproles_user68",
      "provider": "provider[\"registry.terraform.io/mypurecloud/genesyscloud\"]",
      "instances": [
        {
          "schema_version": 1,
          "attributes": {
            "id": "ceb1cce4-96ad-4a94-b682-1d5f81e48947",
            "roles": [
              {
                "division_ids": [
                  "f2777e89-ef43-44f2-a570-e883729854ea"
                ],
                "role_id": "05c2fe4c-0312-4598-8148-a96eb2c15b5d"
              },
              {
                "division_ids": [
                  "f2777e89-ef43-44f2-a570-e883729854ea"
                ],
                "role_id": "8fd2b585-45c8-43a8-a378-882d923b4dac"
              },
              {
                "division_ids": [
                  "f2777e89-ef43-44f2-a570-e883729854ea"
                ],
                "role_id": "b746f6cf-573e-4354-9276-265d66cb816e"
              },
              {
                "division_ids": [
                  "f2777e89-ef43-44f2-a570-e883729854ea"
                ],
                "role_id": "d40e93b6-a0c4-48f0-907f-1939a5c05f99"
              },
              {
                "division_ids": [
                  "f2777e89-ef43-44f2-a570-e883729854ea"
                ],
                "role_id": "dd8950a6-1e3c-46e1-b774-ab0f50a5ecb2"
              },
              {
                "division_ids": [
                  "f2777e89-ef43-44f2-a570-e883729854ea"
                ],
                "role_id": "ec850d7b-d45e-4e1c-a419-1cd3fc771649"
              }
            ],
            "user_id": "ceb1cce4-96ad-4a94-b682-1d5f81e48947"
          },
          "sensitive_attributes": [],
          "private": "eyJzY2hlbWFfdmVyc2lvbiI6IjEifQ==",
          "dependencies": [
            "data.genesyscloud_auth_role.AgentAssist",
            "data.genesyscloud_auth_role.Developer",
            "data.genesyscloud_auth_role.GenesysCloudVoiceAdmin",
            "data.genesyscloud_auth_role.MasterAdmin",
            "data.genesyscloud_auth_role.Terraform_user",
            "data.genesyscloud_auth_role.employee",
            "data.genesyscloud_routing_skill.z68",
            "genesyscloud_user.Workshop_user68"
          ]
        }
      ]
    },
    {
      "mode": "managed",
      "type": "genesyscloud_user_roles",
      "name": "Workshoproles_user69",
      "provider": "provider[\"registry.terraform.io/mypurecloud/genesyscloud\"]",
      "instances": [
        {
          "schema_version": 1,
          "attributes": {
            "id": "4e0d1763-756b-40a0-af5e-275f3e50d9d2",
            "roles": [
              {
                "division_ids": [
                  "f2777e89-ef43-44f2-a570-e883729854ea"
                ],
                "role_id": "05c2fe4c-0312-4598-8148-a96eb2c15b5d"
              },
              {
                "division_ids": [
                  "f2777e89-ef43-44f2-a570-e883729854ea"
                ],
                "role_id": "8fd2b585-45c8-43a8-a378-882d923b4dac"
              },
              {
                "division_ids": [
                  "f2777e89-ef43-44f2-a570-e883729854ea"
                ],
                "role_id": "b746f6cf-573e-4354-9276-265d66cb816e"
              },
              {
                "division_ids": [
                  "f2777e89-ef43-44f2-a570-e883729854ea"
                ],
                "role_id": "d40e93b6-a0c4-48f0-907f-1939a5c05f99"
              },
              {
                "division_ids": [
                  "f2777e89-ef43-44f2-a570-e883729854ea"
                ],
                "role_id": "dd8950a6-1e3c-46e1-b774-ab0f50a5ecb2"
              },
              {
                "division_ids": [
                  "f2777e89-ef43-44f2-a570-e883729854ea"
                ],
                "role_id": "ec850d7b-d45e-4e1c-a419-1cd3fc771649"
              }
            ],
            "user_id": "4e0d1763-756b-40a0-af5e-275f3e50d9d2"
          },
          "sensitive_attributes": [],
          "private": "eyJzY2hlbWFfdmVyc2lvbiI6IjEifQ==",
          "dependencies": [
            "data.genesyscloud_auth_role.AgentAssist",
            "data.genesyscloud_auth_role.Developer",
            "data.genesyscloud_auth_role.GenesysCloudVoiceAdmin",
            "data.genesyscloud_auth_role.MasterAdmin",
            "data.genesyscloud_auth_role.Terraform_user",
            "data.genesyscloud_auth_role.employee",
            "data.genesyscloud_routing_skill.z69",
            "genesyscloud_user.Workshop_user69"
          ]
        }
      ]
    },
    {
      "mode": "managed",
      "type": "genesyscloud_user_roles",
      "name": "Workshoproles_user7",
      "provider": "provider[\"registry.terraform.io/mypurecloud/genesyscloud\"]",
      "instances": [
        {
          "schema_version": 1,
          "attributes": {
            "id": "0a50f9df-4ccb-4430-9d8a-d7c92c52084d",
            "roles": [
              {
                "division_ids": [
                  "f2777e89-ef43-44f2-a570-e883729854ea"
                ],
                "role_id": "05c2fe4c-0312-4598-8148-a96eb2c15b5d"
              },
              {
                "division_ids": [
                  "f2777e89-ef43-44f2-a570-e883729854ea"
                ],
                "role_id": "8fd2b585-45c8-43a8-a378-882d923b4dac"
              },
              {
                "division_ids": [
                  "f2777e89-ef43-44f2-a570-e883729854ea"
                ],
                "role_id": "b746f6cf-573e-4354-9276-265d66cb816e"
              },
              {
                "division_ids": [
                  "f2777e89-ef43-44f2-a570-e883729854ea"
                ],
                "role_id": "d40e93b6-a0c4-48f0-907f-1939a5c05f99"
              },
              {
                "division_ids": [
                  "f2777e89-ef43-44f2-a570-e883729854ea"
                ],
                "role_id": "dd8950a6-1e3c-46e1-b774-ab0f50a5ecb2"
              },
              {
                "division_ids": [
                  "f2777e89-ef43-44f2-a570-e883729854ea"
                ],
                "role_id": "ec850d7b-d45e-4e1c-a419-1cd3fc771649"
              }
            ],
            "user_id": "0a50f9df-4ccb-4430-9d8a-d7c92c52084d"
          },
          "sensitive_attributes": [],
          "private": "eyJzY2hlbWFfdmVyc2lvbiI6IjEifQ==",
          "dependencies": [
            "data.genesyscloud_auth_role.AgentAssist",
            "data.genesyscloud_auth_role.Developer",
            "data.genesyscloud_auth_role.GenesysCloudVoiceAdmin",
            "data.genesyscloud_auth_role.MasterAdmin",
            "data.genesyscloud_auth_role.Terraform_user",
            "data.genesyscloud_auth_role.employee",
            "data.genesyscloud_routing_skill.z7",
            "genesyscloud_user.Workshop_user7"
          ]
        }
      ]
    },
    {
      "mode": "managed",
      "type": "genesyscloud_user_roles",
      "name": "Workshoproles_user70",
      "provider": "provider[\"registry.terraform.io/mypurecloud/genesyscloud\"]",
      "instances": [
        {
          "schema_version": 1,
          "attributes": {
            "id": "4e5f3dae-1aba-4fa1-8a3d-ee74813e3289",
            "roles": [
              {
                "division_ids": [
                  "f2777e89-ef43-44f2-a570-e883729854ea"
                ],
                "role_id": "05c2fe4c-0312-4598-8148-a96eb2c15b5d"
              },
              {
                "division_ids": [
                  "f2777e89-ef43-44f2-a570-e883729854ea"
                ],
                "role_id": "8fd2b585-45c8-43a8-a378-882d923b4dac"
              },
              {
                "division_ids": [
                  "f2777e89-ef43-44f2-a570-e883729854ea"
                ],
                "role_id": "b746f6cf-573e-4354-9276-265d66cb816e"
              },
              {
                "division_ids": [
                  "f2777e89-ef43-44f2-a570-e883729854ea"
                ],
                "role_id": "d40e93b6-a0c4-48f0-907f-1939a5c05f99"
              },
              {
                "division_ids": [
                  "f2777e89-ef43-44f2-a570-e883729854ea"
                ],
                "role_id": "dd8950a6-1e3c-46e1-b774-ab0f50a5ecb2"
              },
              {
                "division_ids": [
                  "f2777e89-ef43-44f2-a570-e883729854ea"
                ],
                "role_id": "ec850d7b-d45e-4e1c-a419-1cd3fc771649"
              }
            ],
            "user_id": "4e5f3dae-1aba-4fa1-8a3d-ee74813e3289"
          },
          "sensitive_attributes": [],
          "private": "eyJzY2hlbWFfdmVyc2lvbiI6IjEifQ==",
          "dependencies": [
            "data.genesyscloud_auth_role.AgentAssist",
            "data.genesyscloud_auth_role.Developer",
            "data.genesyscloud_auth_role.GenesysCloudVoiceAdmin",
            "data.genesyscloud_auth_role.MasterAdmin",
            "data.genesyscloud_auth_role.Terraform_user",
            "data.genesyscloud_auth_role.employee",
            "data.genesyscloud_routing_skill.z70",
            "genesyscloud_user.Workshop_user70"
          ]
        }
      ]
    },
    {
      "mode": "managed",
      "type": "genesyscloud_user_roles",
      "name": "Workshoproles_user71",
      "provider": "provider[\"registry.terraform.io/mypurecloud/genesyscloud\"]",
      "instances": [
        {
          "schema_version": 1,
          "attributes": {
            "id": "ef57a0c3-b497-45c9-b0eb-2d35f6b2ac89",
            "roles": [
              {
                "division_ids": [
                  "f2777e89-ef43-44f2-a570-e883729854ea"
                ],
                "role_id": "05c2fe4c-0312-4598-8148-a96eb2c15b5d"
              },
              {
                "division_ids": [
                  "f2777e89-ef43-44f2-a570-e883729854ea"
                ],
                "role_id": "8fd2b585-45c8-43a8-a378-882d923b4dac"
              },
              {
                "division_ids": [
                  "f2777e89-ef43-44f2-a570-e883729854ea"
                ],
                "role_id": "b746f6cf-573e-4354-9276-265d66cb816e"
              },
              {
                "division_ids": [
                  "f2777e89-ef43-44f2-a570-e883729854ea"
                ],
                "role_id": "d40e93b6-a0c4-48f0-907f-1939a5c05f99"
              },
              {
                "division_ids": [
                  "f2777e89-ef43-44f2-a570-e883729854ea"
                ],
                "role_id": "dd8950a6-1e3c-46e1-b774-ab0f50a5ecb2"
              },
              {
                "division_ids": [
                  "f2777e89-ef43-44f2-a570-e883729854ea"
                ],
                "role_id": "ec850d7b-d45e-4e1c-a419-1cd3fc771649"
              }
            ],
            "user_id": "ef57a0c3-b497-45c9-b0eb-2d35f6b2ac89"
          },
          "sensitive_attributes": [],
          "private": "eyJzY2hlbWFfdmVyc2lvbiI6IjEifQ==",
          "dependencies": [
            "data.genesyscloud_auth_role.AgentAssist",
            "data.genesyscloud_auth_role.Developer",
            "data.genesyscloud_auth_role.GenesysCloudVoiceAdmin",
            "data.genesyscloud_auth_role.MasterAdmin",
            "data.genesyscloud_auth_role.Terraform_user",
            "data.genesyscloud_auth_role.employee",
            "data.genesyscloud_routing_skill.z71",
            "genesyscloud_user.Workshop_user71"
          ]
        }
      ]
    },
    {
      "mode": "managed",
      "type": "genesyscloud_user_roles",
      "name": "Workshoproles_user72",
      "provider": "provider[\"registry.terraform.io/mypurecloud/genesyscloud\"]",
      "instances": [
        {
          "schema_version": 1,
          "attributes": {
            "id": "047dab5e-a316-4e85-9dd1-b88e145a2b5f",
            "roles": [
              {
                "division_ids": [
                  "f2777e89-ef43-44f2-a570-e883729854ea"
                ],
                "role_id": "05c2fe4c-0312-4598-8148-a96eb2c15b5d"
              },
              {
                "division_ids": [
                  "f2777e89-ef43-44f2-a570-e883729854ea"
                ],
                "role_id": "8fd2b585-45c8-43a8-a378-882d923b4dac"
              },
              {
                "division_ids": [
                  "f2777e89-ef43-44f2-a570-e883729854ea"
                ],
                "role_id": "b746f6cf-573e-4354-9276-265d66cb816e"
              },
              {
                "division_ids": [
                  "f2777e89-ef43-44f2-a570-e883729854ea"
                ],
                "role_id": "d40e93b6-a0c4-48f0-907f-1939a5c05f99"
              },
              {
                "division_ids": [
                  "f2777e89-ef43-44f2-a570-e883729854ea"
                ],
                "role_id": "dd8950a6-1e3c-46e1-b774-ab0f50a5ecb2"
              },
              {
                "division_ids": [
                  "f2777e89-ef43-44f2-a570-e883729854ea"
                ],
                "role_id": "ec850d7b-d45e-4e1c-a419-1cd3fc771649"
              }
            ],
            "user_id": "047dab5e-a316-4e85-9dd1-b88e145a2b5f"
          },
          "sensitive_attributes": [],
          "private": "eyJzY2hlbWFfdmVyc2lvbiI6IjEifQ==",
          "dependencies": [
            "data.genesyscloud_auth_role.AgentAssist",
            "data.genesyscloud_auth_role.Developer",
            "data.genesyscloud_auth_role.GenesysCloudVoiceAdmin",
            "data.genesyscloud_auth_role.MasterAdmin",
            "data.genesyscloud_auth_role.Terraform_user",
            "data.genesyscloud_auth_role.employee",
            "data.genesyscloud_routing_skill.z72",
            "genesyscloud_user.Workshop_user72"
          ]
        }
      ]
    },
    {
      "mode": "managed",
      "type": "genesyscloud_user_roles",
      "name": "Workshoproles_user73",
      "provider": "provider[\"registry.terraform.io/mypurecloud/genesyscloud\"]",
      "instances": [
        {
          "schema_version": 1,
          "attributes": {
            "id": "2c8064a5-b125-496c-b302-603d6d0e6f67",
            "roles": [
              {
                "division_ids": [
                  "f2777e89-ef43-44f2-a570-e883729854ea"
                ],
                "role_id": "05c2fe4c-0312-4598-8148-a96eb2c15b5d"
              },
              {
                "division_ids": [
                  "f2777e89-ef43-44f2-a570-e883729854ea"
                ],
                "role_id": "8fd2b585-45c8-43a8-a378-882d923b4dac"
              },
              {
                "division_ids": [
                  "f2777e89-ef43-44f2-a570-e883729854ea"
                ],
                "role_id": "b746f6cf-573e-4354-9276-265d66cb816e"
              },
              {
                "division_ids": [
                  "f2777e89-ef43-44f2-a570-e883729854ea"
                ],
                "role_id": "d40e93b6-a0c4-48f0-907f-1939a5c05f99"
              },
              {
                "division_ids": [
                  "f2777e89-ef43-44f2-a570-e883729854ea"
                ],
                "role_id": "dd8950a6-1e3c-46e1-b774-ab0f50a5ecb2"
              },
              {
                "division_ids": [
                  "f2777e89-ef43-44f2-a570-e883729854ea"
                ],
                "role_id": "ec850d7b-d45e-4e1c-a419-1cd3fc771649"
              }
            ],
            "user_id": "2c8064a5-b125-496c-b302-603d6d0e6f67"
          },
          "sensitive_attributes": [],
          "private": "eyJzY2hlbWFfdmVyc2lvbiI6IjEifQ==",
          "dependencies": [
            "data.genesyscloud_auth_role.AgentAssist",
            "data.genesyscloud_auth_role.Developer",
            "data.genesyscloud_auth_role.GenesysCloudVoiceAdmin",
            "data.genesyscloud_auth_role.MasterAdmin",
            "data.genesyscloud_auth_role.Terraform_user",
            "data.genesyscloud_auth_role.employee",
            "data.genesyscloud_routing_skill.z73",
            "genesyscloud_user.Workshop_user73"
          ]
        }
      ]
    },
    {
      "mode": "managed",
      "type": "genesyscloud_user_roles",
      "name": "Workshoproles_user74",
      "provider": "provider[\"registry.terraform.io/mypurecloud/genesyscloud\"]",
      "instances": [
        {
          "schema_version": 1,
          "attributes": {
            "id": "3c219043-b4d4-4e14-a720-5b56bcbb13fe",
            "roles": [
              {
                "division_ids": [
                  "f2777e89-ef43-44f2-a570-e883729854ea"
                ],
                "role_id": "05c2fe4c-0312-4598-8148-a96eb2c15b5d"
              },
              {
                "division_ids": [
                  "f2777e89-ef43-44f2-a570-e883729854ea"
                ],
                "role_id": "8fd2b585-45c8-43a8-a378-882d923b4dac"
              },
              {
                "division_ids": [
                  "f2777e89-ef43-44f2-a570-e883729854ea"
                ],
                "role_id": "b746f6cf-573e-4354-9276-265d66cb816e"
              },
              {
                "division_ids": [
                  "f2777e89-ef43-44f2-a570-e883729854ea"
                ],
                "role_id": "d40e93b6-a0c4-48f0-907f-1939a5c05f99"
              },
              {
                "division_ids": [
                  "f2777e89-ef43-44f2-a570-e883729854ea"
                ],
                "role_id": "dd8950a6-1e3c-46e1-b774-ab0f50a5ecb2"
              },
              {
                "division_ids": [
                  "f2777e89-ef43-44f2-a570-e883729854ea"
                ],
                "role_id": "ec850d7b-d45e-4e1c-a419-1cd3fc771649"
              }
            ],
            "user_id": "3c219043-b4d4-4e14-a720-5b56bcbb13fe"
          },
          "sensitive_attributes": [],
          "private": "eyJzY2hlbWFfdmVyc2lvbiI6IjEifQ==",
          "dependencies": [
            "data.genesyscloud_auth_role.AgentAssist",
            "data.genesyscloud_auth_role.Developer",
            "data.genesyscloud_auth_role.GenesysCloudVoiceAdmin",
            "data.genesyscloud_auth_role.MasterAdmin",
            "data.genesyscloud_auth_role.Terraform_user",
            "data.genesyscloud_auth_role.employee",
            "data.genesyscloud_routing_skill.z74",
            "genesyscloud_user.Workshop_user74"
          ]
        }
      ]
    },
    {
      "mode": "managed",
      "type": "genesyscloud_user_roles",
      "name": "Workshoproles_user75",
      "provider": "provider[\"registry.terraform.io/mypurecloud/genesyscloud\"]",
      "instances": [
        {
          "schema_version": 1,
          "attributes": {
            "id": "a31ce5ca-bca1-4700-8738-b3faad1be08c",
            "roles": [
              {
                "division_ids": [
                  "f2777e89-ef43-44f2-a570-e883729854ea"
                ],
                "role_id": "05c2fe4c-0312-4598-8148-a96eb2c15b5d"
              },
              {
                "division_ids": [
                  "f2777e89-ef43-44f2-a570-e883729854ea"
                ],
                "role_id": "8fd2b585-45c8-43a8-a378-882d923b4dac"
              },
              {
                "division_ids": [
                  "f2777e89-ef43-44f2-a570-e883729854ea"
                ],
                "role_id": "b746f6cf-573e-4354-9276-265d66cb816e"
              },
              {
                "division_ids": [
                  "f2777e89-ef43-44f2-a570-e883729854ea"
                ],
                "role_id": "d40e93b6-a0c4-48f0-907f-1939a5c05f99"
              },
              {
                "division_ids": [
                  "f2777e89-ef43-44f2-a570-e883729854ea"
                ],
                "role_id": "dd8950a6-1e3c-46e1-b774-ab0f50a5ecb2"
              },
              {
                "division_ids": [
                  "f2777e89-ef43-44f2-a570-e883729854ea"
                ],
                "role_id": "ec850d7b-d45e-4e1c-a419-1cd3fc771649"
              }
            ],
            "user_id": "a31ce5ca-bca1-4700-8738-b3faad1be08c"
          },
          "sensitive_attributes": [],
          "private": "eyJzY2hlbWFfdmVyc2lvbiI6IjEifQ==",
          "dependencies": [
            "data.genesyscloud_auth_role.AgentAssist",
            "data.genesyscloud_auth_role.Developer",
            "data.genesyscloud_auth_role.GenesysCloudVoiceAdmin",
            "data.genesyscloud_auth_role.MasterAdmin",
            "data.genesyscloud_auth_role.Terraform_user",
            "data.genesyscloud_auth_role.employee",
            "data.genesyscloud_routing_skill.z75",
            "genesyscloud_user.Workshop_user75"
          ]
        }
      ]
    },
    {
      "mode": "managed",
      "type": "genesyscloud_user_roles",
      "name": "Workshoproles_user76",
      "provider": "provider[\"registry.terraform.io/mypurecloud/genesyscloud\"]",
      "instances": [
        {
          "schema_version": 1,
          "attributes": {
            "id": "555d6843-764d-4552-8092-7d1a6dff6df2",
            "roles": [
              {
                "division_ids": [
                  "f2777e89-ef43-44f2-a570-e883729854ea"
                ],
                "role_id": "05c2fe4c-0312-4598-8148-a96eb2c15b5d"
              },
              {
                "division_ids": [
                  "f2777e89-ef43-44f2-a570-e883729854ea"
                ],
                "role_id": "8fd2b585-45c8-43a8-a378-882d923b4dac"
              },
              {
                "division_ids": [
                  "f2777e89-ef43-44f2-a570-e883729854ea"
                ],
                "role_id": "b746f6cf-573e-4354-9276-265d66cb816e"
              },
              {
                "division_ids": [
                  "f2777e89-ef43-44f2-a570-e883729854ea"
                ],
                "role_id": "d40e93b6-a0c4-48f0-907f-1939a5c05f99"
              },
              {
                "division_ids": [
                  "f2777e89-ef43-44f2-a570-e883729854ea"
                ],
                "role_id": "dd8950a6-1e3c-46e1-b774-ab0f50a5ecb2"
              },
              {
                "division_ids": [
                  "f2777e89-ef43-44f2-a570-e883729854ea"
                ],
                "role_id": "ec850d7b-d45e-4e1c-a419-1cd3fc771649"
              }
            ],
            "user_id": "555d6843-764d-4552-8092-7d1a6dff6df2"
          },
          "sensitive_attributes": [],
          "private": "eyJzY2hlbWFfdmVyc2lvbiI6IjEifQ==",
          "dependencies": [
            "data.genesyscloud_auth_role.AgentAssist",
            "data.genesyscloud_auth_role.Developer",
            "data.genesyscloud_auth_role.GenesysCloudVoiceAdmin",
            "data.genesyscloud_auth_role.MasterAdmin",
            "data.genesyscloud_auth_role.Terraform_user",
            "data.genesyscloud_auth_role.employee",
            "data.genesyscloud_routing_skill.z76",
            "genesyscloud_user.Workshop_user76"
          ]
        }
      ]
    },
    {
      "mode": "managed",
      "type": "genesyscloud_user_roles",
      "name": "Workshoproles_user77",
      "provider": "provider[\"registry.terraform.io/mypurecloud/genesyscloud\"]",
      "instances": [
        {
          "schema_version": 1,
          "attributes": {
            "id": "dfd3b785-57a7-4209-9e78-934cf804a6c2",
            "roles": [
              {
                "division_ids": [
                  "f2777e89-ef43-44f2-a570-e883729854ea"
                ],
                "role_id": "05c2fe4c-0312-4598-8148-a96eb2c15b5d"
              },
              {
                "division_ids": [
                  "f2777e89-ef43-44f2-a570-e883729854ea"
                ],
                "role_id": "8fd2b585-45c8-43a8-a378-882d923b4dac"
              },
              {
                "division_ids": [
                  "f2777e89-ef43-44f2-a570-e883729854ea"
                ],
                "role_id": "b746f6cf-573e-4354-9276-265d66cb816e"
              },
              {
                "division_ids": [
                  "f2777e89-ef43-44f2-a570-e883729854ea"
                ],
                "role_id": "d40e93b6-a0c4-48f0-907f-1939a5c05f99"
              },
              {
                "division_ids": [
                  "f2777e89-ef43-44f2-a570-e883729854ea"
                ],
                "role_id": "dd8950a6-1e3c-46e1-b774-ab0f50a5ecb2"
              },
              {
                "division_ids": [
                  "f2777e89-ef43-44f2-a570-e883729854ea"
                ],
                "role_id": "ec850d7b-d45e-4e1c-a419-1cd3fc771649"
              }
            ],
            "user_id": "dfd3b785-57a7-4209-9e78-934cf804a6c2"
          },
          "sensitive_attributes": [],
          "private": "eyJzY2hlbWFfdmVyc2lvbiI6IjEifQ==",
          "dependencies": [
            "data.genesyscloud_auth_role.AgentAssist",
            "data.genesyscloud_auth_role.Developer",
            "data.genesyscloud_auth_role.GenesysCloudVoiceAdmin",
            "data.genesyscloud_auth_role.MasterAdmin",
            "data.genesyscloud_auth_role.Terraform_user",
            "data.genesyscloud_auth_role.employee",
            "data.genesyscloud_routing_skill.z77",
            "genesyscloud_user.Workshop_user77"
          ]
        }
      ]
    },
    {
      "mode": "managed",
      "type": "genesyscloud_user_roles",
      "name": "Workshoproles_user78",
      "provider": "provider[\"registry.terraform.io/mypurecloud/genesyscloud\"]",
      "instances": [
        {
          "schema_version": 1,
          "attributes": {
            "id": "38592712-1530-492b-b463-0037b9330dba",
            "roles": [
              {
                "division_ids": [
                  "f2777e89-ef43-44f2-a570-e883729854ea"
                ],
                "role_id": "05c2fe4c-0312-4598-8148-a96eb2c15b5d"
              },
              {
                "division_ids": [
                  "f2777e89-ef43-44f2-a570-e883729854ea"
                ],
                "role_id": "8fd2b585-45c8-43a8-a378-882d923b4dac"
              },
              {
                "division_ids": [
                  "f2777e89-ef43-44f2-a570-e883729854ea"
                ],
                "role_id": "b746f6cf-573e-4354-9276-265d66cb816e"
              },
              {
                "division_ids": [
                  "f2777e89-ef43-44f2-a570-e883729854ea"
                ],
                "role_id": "d40e93b6-a0c4-48f0-907f-1939a5c05f99"
              },
              {
                "division_ids": [
                  "f2777e89-ef43-44f2-a570-e883729854ea"
                ],
                "role_id": "dd8950a6-1e3c-46e1-b774-ab0f50a5ecb2"
              },
              {
                "division_ids": [
                  "f2777e89-ef43-44f2-a570-e883729854ea"
                ],
                "role_id": "ec850d7b-d45e-4e1c-a419-1cd3fc771649"
              }
            ],
            "user_id": "38592712-1530-492b-b463-0037b9330dba"
          },
          "sensitive_attributes": [],
          "private": "eyJzY2hlbWFfdmVyc2lvbiI6IjEifQ==",
          "dependencies": [
            "data.genesyscloud_auth_role.AgentAssist",
            "data.genesyscloud_auth_role.Developer",
            "data.genesyscloud_auth_role.GenesysCloudVoiceAdmin",
            "data.genesyscloud_auth_role.MasterAdmin",
            "data.genesyscloud_auth_role.Terraform_user",
            "data.genesyscloud_auth_role.employee",
            "data.genesyscloud_routing_skill.z78",
            "genesyscloud_user.Workshop_user78"
          ]
        }
      ]
    },
    {
      "mode": "managed",
      "type": "genesyscloud_user_roles",
      "name": "Workshoproles_user79",
      "provider": "provider[\"registry.terraform.io/mypurecloud/genesyscloud\"]",
      "instances": [
        {
          "schema_version": 1,
          "attributes": {
            "id": "2a8fa46b-21b4-4410-ae51-a513648361e4",
            "roles": [
              {
                "division_ids": [
                  "f2777e89-ef43-44f2-a570-e883729854ea"
                ],
                "role_id": "05c2fe4c-0312-4598-8148-a96eb2c15b5d"
              },
              {
                "division_ids": [
                  "f2777e89-ef43-44f2-a570-e883729854ea"
                ],
                "role_id": "8fd2b585-45c8-43a8-a378-882d923b4dac"
              },
              {
                "division_ids": [
                  "f2777e89-ef43-44f2-a570-e883729854ea"
                ],
                "role_id": "b746f6cf-573e-4354-9276-265d66cb816e"
              },
              {
                "division_ids": [
                  "f2777e89-ef43-44f2-a570-e883729854ea"
                ],
                "role_id": "d40e93b6-a0c4-48f0-907f-1939a5c05f99"
              },
              {
                "division_ids": [
                  "f2777e89-ef43-44f2-a570-e883729854ea"
                ],
                "role_id": "dd8950a6-1e3c-46e1-b774-ab0f50a5ecb2"
              },
              {
                "division_ids": [
                  "f2777e89-ef43-44f2-a570-e883729854ea"
                ],
                "role_id": "ec850d7b-d45e-4e1c-a419-1cd3fc771649"
              }
            ],
            "user_id": "2a8fa46b-21b4-4410-ae51-a513648361e4"
          },
          "sensitive_attributes": [],
          "private": "eyJzY2hlbWFfdmVyc2lvbiI6IjEifQ==",
          "dependencies": [
            "data.genesyscloud_auth_role.AgentAssist",
            "data.genesyscloud_auth_role.Developer",
            "data.genesyscloud_auth_role.GenesysCloudVoiceAdmin",
            "data.genesyscloud_auth_role.MasterAdmin",
            "data.genesyscloud_auth_role.Terraform_user",
            "data.genesyscloud_auth_role.employee",
            "data.genesyscloud_routing_skill.z79",
            "genesyscloud_user.Workshop_user79"
          ]
        }
      ]
    },
    {
      "mode": "managed",
      "type": "genesyscloud_user_roles",
      "name": "Workshoproles_user8",
      "provider": "provider[\"registry.terraform.io/mypurecloud/genesyscloud\"]",
      "instances": [
        {
          "schema_version": 1,
          "attributes": {
            "id": "ff9041ae-a703-4a95-8499-ab5423f24012",
            "roles": [
              {
                "division_ids": [
                  "f2777e89-ef43-44f2-a570-e883729854ea"
                ],
                "role_id": "05c2fe4c-0312-4598-8148-a96eb2c15b5d"
              },
              {
                "division_ids": [
                  "f2777e89-ef43-44f2-a570-e883729854ea"
                ],
                "role_id": "8fd2b585-45c8-43a8-a378-882d923b4dac"
              },
              {
                "division_ids": [
                  "f2777e89-ef43-44f2-a570-e883729854ea"
                ],
                "role_id": "b746f6cf-573e-4354-9276-265d66cb816e"
              },
              {
                "division_ids": [
                  "f2777e89-ef43-44f2-a570-e883729854ea"
                ],
                "role_id": "d40e93b6-a0c4-48f0-907f-1939a5c05f99"
              },
              {
                "division_ids": [
                  "f2777e89-ef43-44f2-a570-e883729854ea"
                ],
                "role_id": "dd8950a6-1e3c-46e1-b774-ab0f50a5ecb2"
              },
              {
                "division_ids": [
                  "f2777e89-ef43-44f2-a570-e883729854ea"
                ],
                "role_id": "ec850d7b-d45e-4e1c-a419-1cd3fc771649"
              }
            ],
            "user_id": "ff9041ae-a703-4a95-8499-ab5423f24012"
          },
          "sensitive_attributes": [],
          "private": "eyJzY2hlbWFfdmVyc2lvbiI6IjEifQ==",
          "dependencies": [
            "data.genesyscloud_auth_role.AgentAssist",
            "data.genesyscloud_auth_role.Developer",
            "data.genesyscloud_auth_role.GenesysCloudVoiceAdmin",
            "data.genesyscloud_auth_role.MasterAdmin",
            "data.genesyscloud_auth_role.Terraform_user",
            "data.genesyscloud_auth_role.employee",
            "data.genesyscloud_routing_skill.z8",
            "genesyscloud_user.Workshop_user8"
          ]
        }
      ]
    },
    {
      "mode": "managed",
      "type": "genesyscloud_user_roles",
      "name": "Workshoproles_user80",
      "provider": "provider[\"registry.terraform.io/mypurecloud/genesyscloud\"]",
      "instances": [
        {
          "schema_version": 1,
          "attributes": {
            "id": "df093899-c6e7-4104-9e0d-99d6cb8f5969",
            "roles": [
              {
                "division_ids": [
                  "f2777e89-ef43-44f2-a570-e883729854ea"
                ],
                "role_id": "05c2fe4c-0312-4598-8148-a96eb2c15b5d"
              },
              {
                "division_ids": [
                  "f2777e89-ef43-44f2-a570-e883729854ea"
                ],
                "role_id": "8fd2b585-45c8-43a8-a378-882d923b4dac"
              },
              {
                "division_ids": [
                  "f2777e89-ef43-44f2-a570-e883729854ea"
                ],
                "role_id": "b746f6cf-573e-4354-9276-265d66cb816e"
              },
              {
                "division_ids": [
                  "f2777e89-ef43-44f2-a570-e883729854ea"
                ],
                "role_id": "d40e93b6-a0c4-48f0-907f-1939a5c05f99"
              },
              {
                "division_ids": [
                  "f2777e89-ef43-44f2-a570-e883729854ea"
                ],
                "role_id": "dd8950a6-1e3c-46e1-b774-ab0f50a5ecb2"
              },
              {
                "division_ids": [
                  "f2777e89-ef43-44f2-a570-e883729854ea"
                ],
                "role_id": "ec850d7b-d45e-4e1c-a419-1cd3fc771649"
              }
            ],
            "user_id": "df093899-c6e7-4104-9e0d-99d6cb8f5969"
          },
          "sensitive_attributes": [],
          "private": "eyJzY2hlbWFfdmVyc2lvbiI6IjEifQ==",
          "dependencies": [
            "data.genesyscloud_auth_role.AgentAssist",
            "data.genesyscloud_auth_role.Developer",
            "data.genesyscloud_auth_role.GenesysCloudVoiceAdmin",
            "data.genesyscloud_auth_role.MasterAdmin",
            "data.genesyscloud_auth_role.Terraform_user",
            "data.genesyscloud_auth_role.employee",
            "data.genesyscloud_routing_skill.z80",
            "genesyscloud_user.Workshop_user80"
          ]
        }
      ]
    },
    {
      "mode": "managed",
      "type": "genesyscloud_user_roles",
      "name": "Workshoproles_user9",
      "provider": "provider[\"registry.terraform.io/mypurecloud/genesyscloud\"]",
      "instances": [
        {
          "schema_version": 1,
          "attributes": {
            "id": "bb105c79-0331-4a25-bea0-e7bed803c62e",
            "roles": [
              {
                "division_ids": [
                  "f2777e89-ef43-44f2-a570-e883729854ea"
                ],
                "role_id": "05c2fe4c-0312-4598-8148-a96eb2c15b5d"
              },
              {
                "division_ids": [
                  "f2777e89-ef43-44f2-a570-e883729854ea"
                ],
                "role_id": "8fd2b585-45c8-43a8-a378-882d923b4dac"
              },
              {
                "division_ids": [
                  "f2777e89-ef43-44f2-a570-e883729854ea"
                ],
                "role_id": "b746f6cf-573e-4354-9276-265d66cb816e"
              },
              {
                "division_ids": [
                  "f2777e89-ef43-44f2-a570-e883729854ea"
                ],
                "role_id": "d40e93b6-a0c4-48f0-907f-1939a5c05f99"
              },
              {
                "division_ids": [
                  "f2777e89-ef43-44f2-a570-e883729854ea"
                ],
                "role_id": "dd8950a6-1e3c-46e1-b774-ab0f50a5ecb2"
              },
              {
                "division_ids": [
                  "f2777e89-ef43-44f2-a570-e883729854ea"
                ],
                "role_id": "ec850d7b-d45e-4e1c-a419-1cd3fc771649"
              }
            ],
            "user_id": "bb105c79-0331-4a25-bea0-e7bed803c62e"
          },
          "sensitive_attributes": [],
          "private": "eyJzY2hlbWFfdmVyc2lvbiI6IjEifQ==",
          "dependencies": [
            "data.genesyscloud_auth_role.AgentAssist",
            "data.genesyscloud_auth_role.Developer",
            "data.genesyscloud_auth_role.GenesysCloudVoiceAdmin",
            "data.genesyscloud_auth_role.MasterAdmin",
            "data.genesyscloud_auth_role.Terraform_user",
            "data.genesyscloud_auth_role.employee",
            "data.genesyscloud_routing_skill.z9",
            "genesyscloud_user.Workshop_user9"
          ]
        }
      ]
    }
  ]
}
