{
  "version": 4,
  "terraform_version": "1.1.8",
  "serial": 983,
  "lineage": "d625a3fa-8f27-63e4-1044-902981943688",
  "outputs": {},
  "resources": [
    {
      "mode": "data",
      "type": "genesyscloud_auth_role",
      "name": "AgentAssist",
      "provider": "provider[\"registry.terraform.io/mypurecloud/genesyscloud\"]",
      "instances": [
        {
          "schema_version": 0,
          "attributes": {
            "id": "ec850d7b-d45e-4e1c-a419-1cd3fc771649",
            "name": "Agent Assist"
          },
          "sensitive_attributes": []
        }
      ]
    },
    {
      "mode": "data",
      "type": "genesyscloud_auth_role",
      "name": "Developer",
      "provider": "provider[\"registry.terraform.io/mypurecloud/genesyscloud\"]",
      "instances": [
        {
          "schema_version": 0,
          "attributes": {
            "id": "d40e93b6-a0c4-48f0-907f-1939a5c05f99",
            "name": "Developer"
          },
          "sensitive_attributes": []
        }
      ]
    },
    {
      "mode": "data",
      "type": "genesyscloud_auth_role",
      "name": "GenesysCloudVoiceAdmin",
      "provider": "provider[\"registry.terraform.io/mypurecloud/genesyscloud\"]",
      "instances": [
        {
          "schema_version": 0,
          "attributes": {
            "id": "b746f6cf-573e-4354-9276-265d66cb816e",
            "name": "Genesys Cloud Voice Admin"
          },
          "sensitive_attributes": []
        }
      ]
    },
    {
      "mode": "data",
      "type": "genesyscloud_auth_role",
      "name": "MasterAdmin",
      "provider": "provider[\"registry.terraform.io/mypurecloud/genesyscloud\"]",
      "instances": [
        {
          "schema_version": 0,
          "attributes": {
            "id": "dd8950a6-1e3c-46e1-b774-ab0f50a5ecb2",
            "name": "Master Admin"
          },
          "sensitive_attributes": []
        }
      ]
    },
    {
      "mode": "data",
      "type": "genesyscloud_auth_role",
      "name": "Terraform_user",
      "provider": "provider[\"registry.terraform.io/mypurecloud/genesyscloud\"]",
      "instances": [
        {
          "schema_version": 0,
          "attributes": {
            "id": "8fd2b585-45c8-43a8-a378-882d923b4dac",
            "name": "Terraform_user"
          },
          "sensitive_attributes": []
        }
      ]
    },
    {
      "mode": "data",
      "type": "genesyscloud_auth_role",
      "name": "employee",
      "provider": "provider[\"registry.terraform.io/mypurecloud/genesyscloud\"]",
      "instances": [
        {
          "schema_version": 0,
          "attributes": {
            "id": "05c2fe4c-0312-4598-8148-a96eb2c15b5d",
            "name": "employee"
          },
          "sensitive_attributes": []
        }
      ]
    },
    {
      "mode": "data",
      "type": "genesyscloud_routing_skill",
      "name": "z1",
      "provider": "provider[\"registry.terraform.io/mypurecloud/genesyscloud\"]",
      "instances": [
        {
          "schema_version": 0,
          "attributes": {
            "id": "533f548c-944a-4580-9963-268faac40d47",
            "name": "z01"
          },
          "sensitive_attributes": []
        }
      ]
    },
    {
      "mode": "data",
      "type": "genesyscloud_routing_skill",
      "name": "z10",
      "provider": "provider[\"registry.terraform.io/mypurecloud/genesyscloud\"]",
      "instances": [
        {
          "schema_version": 0,
          "attributes": {
            "id": "ead3e567-ac0c-45c4-949b-2f6c6b00f732",
            "name": "z10"
          },
          "sensitive_attributes": []
        }
      ]
    },
    {
      "mode": "data",
      "type": "genesyscloud_routing_skill",
      "name": "z11",
      "provider": "provider[\"registry.terraform.io/mypurecloud/genesyscloud\"]",
      "instances": [
        {
          "schema_version": 0,
          "attributes": {
            "id": "7f3d8e01-352b-4317-9834-b767d72a8681",
            "name": "z11"
          },
          "sensitive_attributes": []
        }
      ]
    },
    {
      "mode": "data",
      "type": "genesyscloud_routing_skill",
      "name": "z12",
      "provider": "provider[\"registry.terraform.io/mypurecloud/genesyscloud\"]",
      "instances": [
        {
          "schema_version": 0,
          "attributes": {
            "id": "e8c05f4b-bfd8-45e0-861f-8923c8bdee46",
            "name": "z12"
          },
          "sensitive_attributes": []
        }
      ]
    },
    {
      "mode": "data",
      "type": "genesyscloud_routing_skill",
      "name": "z13",
      "provider": "provider[\"registry.terraform.io/mypurecloud/genesyscloud\"]",
      "instances": [
        {
          "schema_version": 0,
          "attributes": {
            "id": "8d450885-e20b-49ed-bb6c-2d9298a850c3",
            "name": "z13"
          },
          "sensitive_attributes": []
        }
      ]
    },
    {
      "mode": "data",
      "type": "genesyscloud_routing_skill",
      "name": "z14",
      "provider": "provider[\"registry.terraform.io/mypurecloud/genesyscloud\"]",
      "instances": [
        {
          "schema_version": 0,
          "attributes": {
            "id": "d1fc8f5b-bae5-4199-83f2-69c40db63ecb",
            "name": "z14"
          },
          "sensitive_attributes": []
        }
      ]
    },
    {
      "mode": "data",
      "type": "genesyscloud_routing_skill",
      "name": "z15",
      "provider": "provider[\"registry.terraform.io/mypurecloud/genesyscloud\"]",
      "instances": [
        {
          "schema_version": 0,
          "attributes": {
            "id": "b758615d-cd05-4172-8eea-8524c8c243d8",
            "name": "z15"
          },
          "sensitive_attributes": []
        }
      ]
    },
    {
      "mode": "data",
      "type": "genesyscloud_routing_skill",
      "name": "z16",
      "provider": "provider[\"registry.terraform.io/mypurecloud/genesyscloud\"]",
      "instances": [
        {
          "schema_version": 0,
          "attributes": {
            "id": "4b66a904-9f82-45ff-9c97-da4b0267b532",
            "name": "z16"
          },
          "sensitive_attributes": []
        }
      ]
    },
    {
      "mode": "data",
      "type": "genesyscloud_routing_skill",
      "name": "z17",
      "provider": "provider[\"registry.terraform.io/mypurecloud/genesyscloud\"]",
      "instances": [
        {
          "schema_version": 0,
          "attributes": {
            "id": "4dc1d324-eca1-4c87-9a6e-7923cc24a288",
            "name": "z17"
          },
          "sensitive_attributes": []
        }
      ]
    },
    {
      "mode": "data",
      "type": "genesyscloud_routing_skill",
      "name": "z18",
      "provider": "provider[\"registry.terraform.io/mypurecloud/genesyscloud\"]",
      "instances": [
        {
          "schema_version": 0,
          "attributes": {
            "id": "dc91d674-49d0-4ed9-8b97-3e801c73b2b2",
            "name": "z18"
          },
          "sensitive_attributes": []
        }
      ]
    },
    {
      "mode": "data",
      "type": "genesyscloud_routing_skill",
      "name": "z19",
      "provider": "provider[\"registry.terraform.io/mypurecloud/genesyscloud\"]",
      "instances": [
        {
          "schema_version": 0,
          "attributes": {
            "id": "91c1a2b8-8e1a-4dc5-843d-ad897170a5d6",
            "name": "z19"
          },
          "sensitive_attributes": []
        }
      ]
    },
    {
      "mode": "data",
      "type": "genesyscloud_routing_skill",
      "name": "z2",
      "provider": "provider[\"registry.terraform.io/mypurecloud/genesyscloud\"]",
      "instances": [
        {
          "schema_version": 0,
          "attributes": {
            "id": "e8bc4182-8f9d-445e-9e7b-5f1076e1b6af",
            "name": "z02"
          },
          "sensitive_attributes": []
        }
      ]
    },
    {
      "mode": "data",
      "type": "genesyscloud_routing_skill",
      "name": "z20",
      "provider": "provider[\"registry.terraform.io/mypurecloud/genesyscloud\"]",
      "instances": [
        {
          "schema_version": 0,
          "attributes": {
            "id": "2d0ec185-f0dd-433c-a413-979de846ee54",
            "name": "z20"
          },
          "sensitive_attributes": []
        }
      ]
    },
    {
      "mode": "data",
      "type": "genesyscloud_routing_skill",
      "name": "z21",
      "provider": "provider[\"registry.terraform.io/mypurecloud/genesyscloud\"]",
      "instances": [
        {
          "schema_version": 0,
          "attributes": {
            "id": "0dbde71f-5897-41e1-a662-7271e22e965d",
            "name": "z21"
          },
          "sensitive_attributes": []
        }
      ]
    },
    {
      "mode": "data",
      "type": "genesyscloud_routing_skill",
      "name": "z22",
      "provider": "provider[\"registry.terraform.io/mypurecloud/genesyscloud\"]",
      "instances": [
        {
          "schema_version": 0,
          "attributes": {
            "id": "b5f377ab-f173-440d-b8a8-36a3568a2f67",
            "name": "z22"
          },
          "sensitive_attributes": []
        }
      ]
    },
    {
      "mode": "data",
      "type": "genesyscloud_routing_skill",
      "name": "z23",
      "provider": "provider[\"registry.terraform.io/mypurecloud/genesyscloud\"]",
      "instances": [
        {
          "schema_version": 0,
          "attributes": {
            "id": "8d6aa33b-6113-442f-9fa7-8bc2525c518d",
            "name": "z23"
          },
          "sensitive_attributes": []
        }
      ]
    },
    {
      "mode": "data",
      "type": "genesyscloud_routing_skill",
      "name": "z24",
      "provider": "provider[\"registry.terraform.io/mypurecloud/genesyscloud\"]",
      "instances": [
        {
          "schema_version": 0,
          "attributes": {
            "id": "15b735b6-80e0-4dbf-9e11-e2e8fd3a0e0e",
            "name": "z24"
          },
          "sensitive_attributes": []
        }
      ]
    },
    {
      "mode": "data",
      "type": "genesyscloud_routing_skill",
      "name": "z25",
      "provider": "provider[\"registry.terraform.io/mypurecloud/genesyscloud\"]",
      "instances": [
        {
          "schema_version": 0,
          "attributes": {
            "id": "b325b3ba-75a0-49d2-a580-c0952c54a4dc",
            "name": "z25"
          },
          "sensitive_attributes": []
        }
      ]
    },
    {
      "mode": "data",
      "type": "genesyscloud_routing_skill",
      "name": "z26",
      "provider": "provider[\"registry.terraform.io/mypurecloud/genesyscloud\"]",
      "instances": [
        {
          "schema_version": 0,
          "attributes": {
            "id": "e87ea44e-a627-4320-a056-747fc0b755d4",
            "name": "z26"
          },
          "sensitive_attributes": []
        }
      ]
    },
    {
      "mode": "data",
      "type": "genesyscloud_routing_skill",
      "name": "z27",
      "provider": "provider[\"registry.terraform.io/mypurecloud/genesyscloud\"]",
      "instances": [
        {
          "schema_version": 0,
          "attributes": {
            "id": "91f1ef02-5f8d-4f01-8cdc-a1990317b93f",
            "name": "z27"
          },
          "sensitive_attributes": []
        }
      ]
    },
    {
      "mode": "data",
      "type": "genesyscloud_routing_skill",
      "name": "z28",
      "provider": "provider[\"registry.terraform.io/mypurecloud/genesyscloud\"]",
      "instances": [
        {
          "schema_version": 0,
          "attributes": {
            "id": "14f876db-e842-45e7-9a80-11e821cca490",
            "name": "z28"
          },
          "sensitive_attributes": []
        }
      ]
    },
    {
      "mode": "data",
      "type": "genesyscloud_routing_skill",
      "name": "z29",
      "provider": "provider[\"registry.terraform.io/mypurecloud/genesyscloud\"]",
      "instances": [
        {
          "schema_version": 0,
          "attributes": {
            "id": "4065cec0-a484-4eb5-b8c3-05facb930dbc",
            "name": "z29"
          },
          "sensitive_attributes": []
        }
      ]
    },
    {
      "mode": "data",
      "type": "genesyscloud_routing_skill",
      "name": "z3",
      "provider": "provider[\"registry.terraform.io/mypurecloud/genesyscloud\"]",
      "instances": [
        {
          "schema_version": 0,
          "attributes": {
            "id": "7aa0a6d4-5f3f-4361-bfc9-f26b655735b5",
            "name": "z03"
          },
          "sensitive_attributes": []
        }
      ]
    },
    {
      "mode": "data",
      "type": "genesyscloud_routing_skill",
      "name": "z30",
      "provider": "provider[\"registry.terraform.io/mypurecloud/genesyscloud\"]",
      "instances": [
        {
          "schema_version": 0,
          "attributes": {
            "id": "93075fdf-f8dd-464e-9431-d70352658397",
            "name": "z30"
          },
          "sensitive_attributes": []
        }
      ]
    },
    {
      "mode": "data",
      "type": "genesyscloud_routing_skill",
      "name": "z31",
      "provider": "provider[\"registry.terraform.io/mypurecloud/genesyscloud\"]",
      "instances": [
        {
          "schema_version": 0,
          "attributes": {
            "id": "7b0f1131-7d66-4ce7-a77a-c3169090650f",
            "name": "z31"
          },
          "sensitive_attributes": []
        }
      ]
    },
    {
      "mode": "data",
      "type": "genesyscloud_routing_skill",
      "name": "z32",
      "provider": "provider[\"registry.terraform.io/mypurecloud/genesyscloud\"]",
      "instances": [
        {
          "schema_version": 0,
          "attributes": {
            "id": "be074200-abc4-47ed-a820-ff92e44b05dc",
            "name": "z32"
          },
          "sensitive_attributes": []
        }
      ]
    },
    {
      "mode": "data",
      "type": "genesyscloud_routing_skill",
      "name": "z33",
      "provider": "provider[\"registry.terraform.io/mypurecloud/genesyscloud\"]",
      "instances": [
        {
          "schema_version": 0,
          "attributes": {
            "id": "aca8b164-0281-4ab4-ba90-3520a343d137",
            "name": "z33"
          },
          "sensitive_attributes": []
        }
      ]
    },
    {
      "mode": "data",
      "type": "genesyscloud_routing_skill",
      "name": "z34",
      "provider": "provider[\"registry.terraform.io/mypurecloud/genesyscloud\"]",
      "instances": [
        {
          "schema_version": 0,
          "attributes": {
            "id": "bf8d1414-3af0-4969-98c6-ef208321e8cc",
            "name": "z34"
          },
          "sensitive_attributes": []
        }
      ]
    },
    {
      "mode": "data",
      "type": "genesyscloud_routing_skill",
      "name": "z35",
      "provider": "provider[\"registry.terraform.io/mypurecloud/genesyscloud\"]",
      "instances": [
        {
          "schema_version": 0,
          "attributes": {
            "id": "625ebb47-4a58-466e-88e9-71c464879108",
            "name": "z35"
          },
          "sensitive_attributes": []
        }
      ]
    },
    {
      "mode": "data",
      "type": "genesyscloud_routing_skill",
      "name": "z36",
      "provider": "provider[\"registry.terraform.io/mypurecloud/genesyscloud\"]",
      "instances": [
        {
          "schema_version": 0,
          "attributes": {
            "id": "b652942b-e385-4028-a4c5-092ab74d3193",
            "name": "z36"
          },
          "sensitive_attributes": []
        }
      ]
    },
    {
      "mode": "data",
      "type": "genesyscloud_routing_skill",
      "name": "z37",
      "provider": "provider[\"registry.terraform.io/mypurecloud/genesyscloud\"]",
      "instances": [
        {
          "schema_version": 0,
          "attributes": {
            "id": "1bf92b14-dcfd-45c2-98fd-fdada9be3cc0",
            "name": "z37"
          },
          "sensitive_attributes": []
        }
      ]
    },
    {
      "mode": "data",
      "type": "genesyscloud_routing_skill",
      "name": "z38",
      "provider": "provider[\"registry.terraform.io/mypurecloud/genesyscloud\"]",
      "instances": [
        {
          "schema_version": 0,
          "attributes": {
            "id": "74693fc8-77af-4424-a42c-dfd575f86527",
            "name": "z38"
          },
          "sensitive_attributes": []
        }
      ]
    },
    {
      "mode": "data",
      "type": "genesyscloud_routing_skill",
      "name": "z39",
      "provider": "provider[\"registry.terraform.io/mypurecloud/genesyscloud\"]",
      "instances": [
        {
          "schema_version": 0,
          "attributes": {
            "id": "806e5c76-461a-41ed-8fa0-22fa47c33cd4",
            "name": "z39"
          },
          "sensitive_attributes": []
        }
      ]
    },
    {
      "mode": "data",
      "type": "genesyscloud_routing_skill",
      "name": "z4",
      "provider": "provider[\"registry.terraform.io/mypurecloud/genesyscloud\"]",
      "instances": [
        {
          "schema_version": 0,
          "attributes": {
            "id": "39d49578-72fc-4671-b5c9-adf7d8678234",
            "name": "z04"
          },
          "sensitive_attributes": []
        }
      ]
    },
    {
      "mode": "data",
      "type": "genesyscloud_routing_skill",
      "name": "z40",
      "provider": "provider[\"registry.terraform.io/mypurecloud/genesyscloud\"]",
      "instances": [
        {
          "schema_version": 0,
          "attributes": {
            "id": "b73d429c-fb9d-4a85-b6e3-32e3da29434b",
            "name": "z40"
          },
          "sensitive_attributes": []
        }
      ]
    },
    {
      "mode": "data",
      "type": "genesyscloud_routing_skill",
      "name": "z41",
      "provider": "provider[\"registry.terraform.io/mypurecloud/genesyscloud\"]",
      "instances": [
        {
          "schema_version": 0,
          "attributes": {
            "id": "bd17a9a1-4100-47ee-a717-f5ace5a14561",
            "name": "z41"
          },
          "sensitive_attributes": []
        }
      ]
    },
    {
      "mode": "data",
      "type": "genesyscloud_routing_skill",
      "name": "z42",
      "provider": "provider[\"registry.terraform.io/mypurecloud/genesyscloud\"]",
      "instances": [
        {
          "schema_version": 0,
          "attributes": {
            "id": "0e08a158-4268-458f-8aaf-12a54973fc19",
            "name": "z42"
          },
          "sensitive_attributes": []
        }
      ]
    },
    {
      "mode": "data",
      "type": "genesyscloud_routing_skill",
      "name": "z43",
      "provider": "provider[\"registry.terraform.io/mypurecloud/genesyscloud\"]",
      "instances": [
        {
          "schema_version": 0,
          "attributes": {
            "id": "9a0554ea-8088-4550-b5cc-b6f8644fa73e",
            "name": "z43"
          },
          "sensitive_attributes": []
        }
      ]
    },
    {
      "mode": "data",
      "type": "genesyscloud_routing_skill",
      "name": "z44",
      "provider": "provider[\"registry.terraform.io/mypurecloud/genesyscloud\"]",
      "instances": [
        {
          "schema_version": 0,
          "attributes": {
            "id": "62d02c37-251f-4d2f-9443-8c533cca96f7",
            "name": "z44"
          },
          "sensitive_attributes": []
        }
      ]
    },
    {
      "mode": "data",
      "type": "genesyscloud_routing_skill",
      "name": "z45",
      "provider": "provider[\"registry.terraform.io/mypurecloud/genesyscloud\"]",
      "instances": [
        {
          "schema_version": 0,
          "attributes": {
            "id": "15586098-e6d0-4a43-9cca-1265e40d69f3",
            "name": "z45"
          },
          "sensitive_attributes": []
        }
      ]
    },
    {
      "mode": "data",
      "type": "genesyscloud_routing_skill",
      "name": "z46",
      "provider": "provider[\"registry.terraform.io/mypurecloud/genesyscloud\"]",
      "instances": [
        {
          "schema_version": 0,
          "attributes": {
            "id": "79b2bb07-7ec4-4d43-9f13-a6ad338f7edd",
            "name": "z46"
          },
          "sensitive_attributes": []
        }
      ]
    },
    {
      "mode": "data",
      "type": "genesyscloud_routing_skill",
      "name": "z47",
      "provider": "provider[\"registry.terraform.io/mypurecloud/genesyscloud\"]",
      "instances": [
        {
          "schema_version": 0,
          "attributes": {
            "id": "33522273-9aa7-486c-9f04-08c4a9a64f11",
            "name": "z47"
          },
          "sensitive_attributes": []
        }
      ]
    },
    {
      "mode": "data",
      "type": "genesyscloud_routing_skill",
      "name": "z48",
      "provider": "provider[\"registry.terraform.io/mypurecloud/genesyscloud\"]",
      "instances": [
        {
          "schema_version": 0,
          "attributes": {
            "id": "a5a34a49-baa5-44a1-92a9-b68881fe152c",
            "name": "z48"
          },
          "sensitive_attributes": []
        }
      ]
    },
    {
      "mode": "data",
      "type": "genesyscloud_routing_skill",
      "name": "z49",
      "provider": "provider[\"registry.terraform.io/mypurecloud/genesyscloud\"]",
      "instances": [
        {
          "schema_version": 0,
          "attributes": {
            "id": "d3dd8052-f889-46cb-b741-c901f9166b3e",
            "name": "z49"
          },
          "sensitive_attributes": []
        }
      ]
    },
    {
      "mode": "data",
      "type": "genesyscloud_routing_skill",
      "name": "z5",
      "provider": "provider[\"registry.terraform.io/mypurecloud/genesyscloud\"]",
      "instances": [
        {
          "schema_version": 0,
          "attributes": {
            "id": "2b819b9a-3579-4dea-8228-535a1aa23126",
            "name": "z05"
          },
          "sensitive_attributes": []
        }
      ]
    },
    {
      "mode": "data",
      "type": "genesyscloud_routing_skill",
      "name": "z50",
      "provider": "provider[\"registry.terraform.io/mypurecloud/genesyscloud\"]",
      "instances": [
        {
          "schema_version": 0,
          "attributes": {
            "id": "f9fbb3c6-3511-44da-94ee-fd61ca098a01",
            "name": "z50"
          },
          "sensitive_attributes": []
        }
      ]
    },
    {
      "mode": "data",
      "type": "genesyscloud_routing_skill",
      "name": "z51",
      "provider": "provider[\"registry.terraform.io/mypurecloud/genesyscloud\"]",
      "instances": [
        {
          "schema_version": 0,
          "attributes": {
            "id": "f5fc0c8e-6f18-46b3-a8c9-71c7c253e720",
            "name": "z51"
          },
          "sensitive_attributes": []
        }
      ]
    },
    {
      "mode": "data",
      "type": "genesyscloud_routing_skill",
      "name": "z52",
      "provider": "provider[\"registry.terraform.io/mypurecloud/genesyscloud\"]",
      "instances": [
        {
          "schema_version": 0,
          "attributes": {
            "id": "e5d5ad92-8dba-4168-8ada-64ed090dba63",
            "name": "z52"
          },
          "sensitive_attributes": []
        }
      ]
    },
    {
      "mode": "data",
      "type": "genesyscloud_routing_skill",
      "name": "z53",
      "provider": "provider[\"registry.terraform.io/mypurecloud/genesyscloud\"]",
      "instances": [
        {
          "schema_version": 0,
          "attributes": {
            "id": "01807bd0-3c32-4c53-9b4b-02e09a9c18cf",
            "name": "z53"
          },
          "sensitive_attributes": []
        }
      ]
    },
    {
      "mode": "data",
      "type": "genesyscloud_routing_skill",
      "name": "z54",
      "provider": "provider[\"registry.terraform.io/mypurecloud/genesyscloud\"]",
      "instances": [
        {
          "schema_version": 0,
          "attributes": {
            "id": "d454c9d8-81f0-4ff6-8f4c-99e994f544d5",
            "name": "z54"
          },
          "sensitive_attributes": []
        }
      ]
    },
    {
      "mode": "data",
      "type": "genesyscloud_routing_skill",
      "name": "z55",
      "provider": "provider[\"registry.terraform.io/mypurecloud/genesyscloud\"]",
      "instances": [
        {
          "schema_version": 0,
          "attributes": {
            "id": "0b361a06-d0fa-45f6-bb5a-1db768b7be42",
            "name": "z55"
          },
          "sensitive_attributes": []
        }
      ]
    },
    {
      "mode": "data",
      "type": "genesyscloud_routing_skill",
      "name": "z56",
      "provider": "provider[\"registry.terraform.io/mypurecloud/genesyscloud\"]",
      "instances": [
        {
          "schema_version": 0,
          "attributes": {
            "id": "df99e8da-8938-4539-8cae-e0fea1f26f48",
            "name": "z56"
          },
          "sensitive_attributes": []
        }
      ]
    },
    {
      "mode": "data",
      "type": "genesyscloud_routing_skill",
      "name": "z57",
      "provider": "provider[\"registry.terraform.io/mypurecloud/genesyscloud\"]",
      "instances": [
        {
          "schema_version": 0,
          "attributes": {
            "id": "0b62260e-b0a3-48de-92c5-5eaed4463dfb",
            "name": "z57"
          },
          "sensitive_attributes": []
        }
      ]
    },
    {
      "mode": "data",
      "type": "genesyscloud_routing_skill",
      "name": "z58",
      "provider": "provider[\"registry.terraform.io/mypurecloud/genesyscloud\"]",
      "instances": [
        {
          "schema_version": 0,
          "attributes": {
            "id": "3df41770-bd91-4933-8890-9d3cc33c1036",
            "name": "z58"
          },
          "sensitive_attributes": []
        }
      ]
    },
    {
      "mode": "data",
      "type": "genesyscloud_routing_skill",
      "name": "z59",
      "provider": "provider[\"registry.terraform.io/mypurecloud/genesyscloud\"]",
      "instances": [
        {
          "schema_version": 0,
          "attributes": {
            "id": "d3c6acf9-5340-4375-937d-78f629d9524c",
            "name": "z59"
          },
          "sensitive_attributes": []
        }
      ]
    },
    {
      "mode": "data",
      "type": "genesyscloud_routing_skill",
      "name": "z6",
      "provider": "provider[\"registry.terraform.io/mypurecloud/genesyscloud\"]",
      "instances": [
        {
          "schema_version": 0,
          "attributes": {
            "id": "63fecb3d-fcb9-4765-99b2-c94a1307b670",
            "name": "z06"
          },
          "sensitive_attributes": []
        }
      ]
    },
    {
      "mode": "data",
      "type": "genesyscloud_routing_skill",
      "name": "z60",
      "provider": "provider[\"registry.terraform.io/mypurecloud/genesyscloud\"]",
      "instances": [
        {
          "schema_version": 0,
          "attributes": {
            "id": "ac38c09d-f3ba-47b9-9757-08b3f0fecad7",
            "name": "z60"
          },
          "sensitive_attributes": []
        }
      ]
    },
    {
      "mode": "data",
      "type": "genesyscloud_routing_skill",
      "name": "z61",
      "provider": "provider[\"registry.terraform.io/mypurecloud/genesyscloud\"]",
      "instances": [
        {
          "schema_version": 0,
          "attributes": {
            "id": "ae822cfb-8bf0-45be-bca9-568a62797bda",
            "name": "z61"
          },
          "sensitive_attributes": []
        }
      ]
    },
    {
      "mode": "data",
      "type": "genesyscloud_routing_skill",
      "name": "z62",
      "provider": "provider[\"registry.terraform.io/mypurecloud/genesyscloud\"]",
      "instances": [
        {
          "schema_version": 0,
          "attributes": {
            "id": "093ad350-a9f4-4606-901c-5b809602f0c9",
            "name": "z62"
          },
          "sensitive_attributes": []
        }
      ]
    },
    {
      "mode": "data",
      "type": "genesyscloud_routing_skill",
      "name": "z63",
      "provider": "provider[\"registry.terraform.io/mypurecloud/genesyscloud\"]",
      "instances": [
        {
          "schema_version": 0,
          "attributes": {
            "id": "cf13f62a-2b43-4dc4-993f-d2e5aadee964",
            "name": "z63"
          },
          "sensitive_attributes": []
        }
      ]
    },
    {
      "mode": "data",
      "type": "genesyscloud_routing_skill",
      "name": "z64",
      "provider": "provider[\"registry.terraform.io/mypurecloud/genesyscloud\"]",
      "instances": [
        {
          "schema_version": 0,
          "attributes": {
            "id": "65020080-7085-4890-9918-7e38288cc1d6",
            "name": "z64"
          },
          "sensitive_attributes": []
        }
      ]
    },
    {
      "mode": "data",
      "type": "genesyscloud_routing_skill",
      "name": "z65",
      "provider": "provider[\"registry.terraform.io/mypurecloud/genesyscloud\"]",
      "instances": [
        {
          "schema_version": 0,
          "attributes": {
            "id": "50420ddf-a631-4658-adcd-418c1ad824b3",
            "name": "z65"
          },
          "sensitive_attributes": []
        }
      ]
    },
    {
      "mode": "data",
      "type": "genesyscloud_routing_skill",
      "name": "z66",
      "provider": "provider[\"registry.terraform.io/mypurecloud/genesyscloud\"]",
      "instances": [
        {
          "schema_version": 0,
          "attributes": {
            "id": "f9ce9896-bb5c-4e3b-9b28-f29108e55957",
            "name": "z66"
          },
          "sensitive_attributes": []
        }
      ]
    },
    {
      "mode": "data",
      "type": "genesyscloud_routing_skill",
      "name": "z67",
      "provider": "provider[\"registry.terraform.io/mypurecloud/genesyscloud\"]",
      "instances": [
        {
          "schema_version": 0,
          "attributes": {
            "id": "b2b553b0-3ca3-4ce8-ae1b-f5d8f117e6fc",
            "name": "z67"
          },
          "sensitive_attributes": []
        }
      ]
    },
    {
      "mode": "data",
      "type": "genesyscloud_routing_skill",
      "name": "z68",
      "provider": "provider[\"registry.terraform.io/mypurecloud/genesyscloud\"]",
      "instances": [
        {
          "schema_version": 0,
          "attributes": {
            "id": "49ff0a2a-e3f0-46e4-9511-91d50a36982e",
            "name": "z68"
          },
          "sensitive_attributes": []
        }
      ]
    },
    {
      "mode": "data",
      "type": "genesyscloud_routing_skill",
      "name": "z69",
      "provider": "provider[\"registry.terraform.io/mypurecloud/genesyscloud\"]",
      "instances": [
        {
          "schema_version": 0,
          "attributes": {
            "id": "54ad549f-2d37-4c65-914a-94f52593ab8d",
            "name": "z69"
          },
          "sensitive_attributes": []
        }
      ]
    },
    {
      "mode": "data",
      "type": "genesyscloud_routing_skill",
      "name": "z7",
      "provider": "provider[\"registry.terraform.io/mypurecloud/genesyscloud\"]",
      "instances": [
        {
          "schema_version": 0,
          "attributes": {
            "id": "2a915990-b7c8-4f78-b5f1-de48a9b0ae1c",
            "name": "z07"
          },
          "sensitive_attributes": []
        }
      ]
    },
    {
      "mode": "data",
      "type": "genesyscloud_routing_skill",
      "name": "z70",
      "provider": "provider[\"registry.terraform.io/mypurecloud/genesyscloud\"]",
      "instances": [
        {
          "schema_version": 0,
          "attributes": {
            "id": "4ef2f0a2-9e81-4f00-b4e9-a5a9f73e0d47",
            "name": "z70"
          },
          "sensitive_attributes": []
        }
      ]
    },
    {
      "mode": "data",
      "type": "genesyscloud_routing_skill",
      "name": "z71",
      "provider": "provider[\"registry.terraform.io/mypurecloud/genesyscloud\"]",
      "instances": [
        {
          "schema_version": 0,
          "attributes": {
            "id": "3e724d89-678a-4fbe-9639-a6d0ad72ddbd",
            "name": "z71"
          },
          "sensitive_attributes": []
        }
      ]
    },
    {
      "mode": "data",
      "type": "genesyscloud_routing_skill",
      "name": "z72",
      "provider": "provider[\"registry.terraform.io/mypurecloud/genesyscloud\"]",
      "instances": [
        {
          "schema_version": 0,
          "attributes": {
            "id": "eaddd72b-e108-416e-b4ab-3e34cdaf1566",
            "name": "z72"
          },
          "sensitive_attributes": []
        }
      ]
    },
    {
      "mode": "data",
      "type": "genesyscloud_routing_skill",
      "name": "z73",
      "provider": "provider[\"registry.terraform.io/mypurecloud/genesyscloud\"]",
      "instances": [
        {
          "schema_version": 0,
          "attributes": {
            "id": "43ed2229-ea55-44e2-b961-31c66e080edf",
            "name": "z73"
          },
          "sensitive_attributes": []
        }
      ]
    },
    {
      "mode": "data",
      "type": "genesyscloud_routing_skill",
      "name": "z74",
      "provider": "provider[\"registry.terraform.io/mypurecloud/genesyscloud\"]",
      "instances": [
        {
          "schema_version": 0,
          "attributes": {
            "id": "e0e5abfd-e67c-4e25-8381-d5515cbb92cd",
            "name": "z74"
          },
          "sensitive_attributes": []
        }
      ]
    },
    {
      "mode": "data",
      "type": "genesyscloud_routing_skill",
      "name": "z75",
      "provider": "provider[\"registry.terraform.io/mypurecloud/genesyscloud\"]",
      "instances": [
        {
          "schema_version": 0,
          "attributes": {
            "id": "134ae21c-4b56-4be9-a819-ca5bf3c7064a",
            "name": "z75"
          },
          "sensitive_attributes": []
        }
      ]
    },
    {
      "mode": "data",
      "type": "genesyscloud_routing_skill",
      "name": "z76",
      "provider": "provider[\"registry.terraform.io/mypurecloud/genesyscloud\"]",
      "instances": [
        {
          "schema_version": 0,
          "attributes": {
            "id": "4ce40d6c-7dd0-4b14-ad3e-52913542e591",
            "name": "z76"
          },
          "sensitive_attributes": []
        }
      ]
    },
    {
      "mode": "data",
      "type": "genesyscloud_routing_skill",
      "name": "z77",
      "provider": "provider[\"registry.terraform.io/mypurecloud/genesyscloud\"]",
      "instances": [
        {
          "schema_version": 0,
          "attributes": {
            "id": "718076c5-fce0-41b7-bc80-0e20fea972b7",
            "name": "z77"
          },
          "sensitive_attributes": []
        }
      ]
    },
    {
      "mode": "data",
      "type": "genesyscloud_routing_skill",
      "name": "z78",
      "provider": "provider[\"registry.terraform.io/mypurecloud/genesyscloud\"]",
      "instances": [
        {
          "schema_version": 0,
          "attributes": {
            "id": "e31156a2-56c9-48c2-97a8-f4ff83098b65",
            "name": "z78"
          },
          "sensitive_attributes": []
        }
      ]
    },
    {
      "mode": "data",
      "type": "genesyscloud_routing_skill",
      "name": "z79",
      "provider": "provider[\"registry.terraform.io/mypurecloud/genesyscloud\"]",
      "instances": [
        {
          "schema_version": 0,
          "attributes": {
            "id": "3e4e9bd3-f1a3-4d93-9c9d-d9c20401aed1",
            "name": "z79"
          },
          "sensitive_attributes": []
        }
      ]
    },
    {
      "mode": "data",
      "type": "genesyscloud_routing_skill",
      "name": "z8",
      "provider": "provider[\"registry.terraform.io/mypurecloud/genesyscloud\"]",
      "instances": [
        {
          "schema_version": 0,
          "attributes": {
            "id": "721eaba0-a6dc-4575-8acf-5395ea9dfc2d",
            "name": "z08"
          },
          "sensitive_attributes": []
        }
      ]
    },
    {
      "mode": "data",
      "type": "genesyscloud_routing_skill",
      "name": "z80",
      "provider": "provider[\"registry.terraform.io/mypurecloud/genesyscloud\"]",
      "instances": [
        {
          "schema_version": 0,
          "attributes": {
            "id": "e487a3be-91ab-416f-b45c-4fb5036232aa",
            "name": "z80"
          },
          "sensitive_attributes": []
        }
      ]
    },
    {
      "mode": "data",
      "type": "genesyscloud_routing_skill",
      "name": "z9",
      "provider": "provider[\"registry.terraform.io/mypurecloud/genesyscloud\"]",
      "instances": [
        {
          "schema_version": 0,
          "attributes": {
            "id": "b52f050c-4bff-494f-a9c5-0ab4c16e3db1",
            "name": "z09"
          },
          "sensitive_attributes": []
        }
      ]
    },
    {
      "mode": "managed",
      "type": "genesyscloud_routing_queue",
      "name": "zCCAI_Queue",
      "provider": "provider[\"registry.terraform.io/mypurecloud/genesyscloud\"]",
      "instances": [
        {
          "schema_version": 1,
          "attributes": {
            "acw_timeout_ms": 0,
            "acw_wrapup_prompt": "MANDATORY_TIMEOUT",
            "auto_answer_only": true,
            "bullseye_rings": [],
            "calling_party_name": "",
            "calling_party_number": "",
            "default_script_ids": null,
            "description": "",
            "division_id": "f2777e89-ef43-44f2-a570-e883729854ea",
            "enable_manual_assignment": false,
            "enable_transcription": false,
            "id": "5dc138a6-217a-414c-9eee-af4bab82aeaa",
            "media_settings_call": [
              {
                "alerting_timeout_sec": 8,
                "service_level_duration_ms": 20000,
                "service_level_percentage": 0.8
              }
            ],
            "media_settings_callback": [
              {
                "alerting_timeout_sec": 30,
                "service_level_duration_ms": 20000,
                "service_level_percentage": 0.8
              }
            ],
            "media_settings_chat": [
              {
                "alerting_timeout_sec": 30,
                "service_level_duration_ms": 20000,
                "service_level_percentage": 0.8
              }
            ],
            "media_settings_email": [
              {
                "alerting_timeout_sec": 300,
                "service_level_duration_ms": 86400000,
                "service_level_percentage": 0.8
              }
            ],
            "media_settings_message": [
              {
                "alerting_timeout_sec": 30,
                "service_level_duration_ms": 20000,
                "service_level_percentage": 0.8
              }
            ],
            "media_settings_social": [],
            "media_settings_video": [
              {
                "alerting_timeout_sec": 8,
                "service_level_duration_ms": 20000,
                "service_level_percentage": 0.8
              }
            ],
            "members": [
              {
                "ring_num": 1,
                "user_id": "0751f294-d1c9-446f-a3a1-362d151c1619"
              },
              {
                "ring_num": 1,
                "user_id": "081c5cb6-f37f-432d-978b-ed5cc7191c18"
              },
              {
                "ring_num": 1,
                "user_id": "09a3f2ab-5977-417b-93ae-3f3676ccdce6"
              },
              {
                "ring_num": 1,
                "user_id": "0c150c12-628a-4759-ac99-1cb7f05bd2ab"
              },
              {
                "ring_num": 1,
                "user_id": "0e3ba0c6-ebd0-4de7-b6bd-32b5fa207235"
              },
              {
                "ring_num": 1,
                "user_id": "1277e751-1281-4113-84c9-1300be88a991"
              },
              {
                "ring_num": 1,
                "user_id": "16cadc31-a087-423c-aae1-e3a56e36629a"
              },
              {
                "ring_num": 1,
                "user_id": "1af1ec32-2153-4f65-8733-dfac8f60281a"
              },
              {
                "ring_num": 1,
                "user_id": "1d69759f-09c3-42a9-beaa-545b96ee4eb0"
              },
              {
                "ring_num": 1,
                "user_id": "242c9346-0ebb-470b-a24c-9b5abce5beba"
              },
              {
                "ring_num": 1,
                "user_id": "25ac4452-f57a-448a-9dd5-20c8ce20619c"
              },
              {
                "ring_num": 1,
                "user_id": "28e65cd7-1f53-42c8-9b49-1ae0d15a05e8"
              },
              {
                "ring_num": 1,
                "user_id": "299fc702-6c6f-47f3-b4cb-05ed6d56a7b6"
              },
              {
                "ring_num": 1,
                "user_id": "307137ec-9839-494c-b37f-7489a797ec22"
              },
              {
                "ring_num": 1,
                "user_id": "3c75c291-81b9-4c05-8e2e-706b50b9b618"
              },
              {
                "ring_num": 1,
                "user_id": "3e0c5dce-6d6a-422f-83f6-19224b9fb784"
              },
              {
                "ring_num": 1,
                "user_id": "42839cfd-34e5-4daa-8b52-6b23b7ade899"
              },
              {
                "ring_num": 1,
                "user_id": "438d7992-d660-4786-b992-900184c31c3e"
              },
              {
                "ring_num": 1,
                "user_id": "457a6149-ec08-40d6-8c96-dc414df15b9f"
              },
              {
                "ring_num": 1,
                "user_id": "4c8614b5-3fc1-471e-994c-e8e20e57796e"
              },
              {
                "ring_num": 1,
                "user_id": "4f9bb6a1-871c-4acb-a037-05505b6aba3c"
              },
              {
                "ring_num": 1,
                "user_id": "4fc4f540-edb8-4733-9d65-4b05ad79c6e1"
              },
              {
                "ring_num": 1,
                "user_id": "50d95e59-b83e-473b-b8b0-d94c5e48b448"
              },
              {
                "ring_num": 1,
                "user_id": "5408f654-fb93-476f-a2b7-e2d3e427a472"
              },
              {
                "ring_num": 1,
                "user_id": "54615dd5-457b-4a2b-b953-3a3c0a66da21"
              },
              {
                "ring_num": 1,
                "user_id": "55dd9219-2710-4ef1-9c9d-5cc2bc322139"
              },
              {
                "ring_num": 1,
                "user_id": "55fcb94e-eeec-422f-a0ed-c2e23183096c"
              },
              {
                "ring_num": 1,
                "user_id": "56575e44-4475-4bd3-85ec-0704ab8e6d95"
              },
              {
                "ring_num": 1,
                "user_id": "58160193-a57e-4c0b-b730-8a0a6042cd1e"
              },
              {
                "ring_num": 1,
                "user_id": "58d0756b-742e-4b44-b9e8-27769ca3161a"
              },
              {
                "ring_num": 1,
                "user_id": "5a78d831-1ce5-4f93-b742-2ef3438b2abe"
              },
              {
                "ring_num": 1,
                "user_id": "5e1928e2-68bb-4f18-9f04-14a95cbc877c"
              },
              {
                "ring_num": 1,
                "user_id": "5e508cdf-cf79-4419-92e8-38fc0cc197fe"
              },
              {
                "ring_num": 1,
                "user_id": "607ab10c-ce82-433b-a2ca-029b64c13e5c"
              },
              {
                "ring_num": 1,
                "user_id": "61303a1c-a59a-42c6-b4f7-8bb4a16d7247"
              },
              {
                "ring_num": 1,
                "user_id": "674840b2-c396-493b-9513-682c90f78590"
              },
              {
                "ring_num": 1,
                "user_id": "69dd2e4a-d105-430b-8d6d-cf8aab3aaed5"
              },
              {
                "ring_num": 1,
                "user_id": "6a6cddaf-3757-462f-860b-8f57f6125a75"
              },
              {
                "ring_num": 1,
                "user_id": "6d4eb1a9-78db-47fe-9204-3095992648e4"
              },
              {
                "ring_num": 1,
                "user_id": "6fc13cea-5233-4833-b621-84b0d7749fe0"
              },
              {
                "ring_num": 1,
                "user_id": "75be92ad-403e-436c-87a4-c7a2580eec6b"
              },
              {
                "ring_num": 1,
                "user_id": "78c3b169-ed30-4e2a-a039-3fbe3d112efe"
              },
              {
                "ring_num": 1,
                "user_id": "7baa93a4-eaf2-499c-a4be-f0c80b3ed39c"
              },
              {
                "ring_num": 1,
                "user_id": "7da174f3-e25a-46d8-a9ad-d9b79a43487c"
              },
              {
                "ring_num": 1,
                "user_id": "86fae9d5-33ea-4399-b408-f638321948fc"
              },
              {
                "ring_num": 1,
                "user_id": "8db5dacc-45b4-4ea5-9352-85de0fe6ead9"
              },
              {
                "ring_num": 1,
                "user_id": "8e94afef-c5e8-4b34-8a73-ea61b43fa031"
              },
              {
                "ring_num": 1,
                "user_id": "95329c71-6e68-4c77-9d57-9adbd64a3abc"
              },
              {
                "ring_num": 1,
                "user_id": "958633f9-2587-4c18-bc07-6ccb1a9dd5a8"
              },
              {
                "ring_num": 1,
                "user_id": "96816c28-6734-480f-8120-751662b6250a"
              },
              {
                "ring_num": 1,
                "user_id": "974638d4-b584-4df3-8ae6-ac6a1a7fc8d0"
              },
              {
                "ring_num": 1,
                "user_id": "a19ca402-db48-43ec-822d-dcf3e4b95432"
              },
              {
                "ring_num": 1,
                "user_id": "a7d6c492-b175-42a6-a841-01380028cf47"
              },
              {
                "ring_num": 1,
                "user_id": "a93e48b8-0e6c-4aeb-a75f-003fdd744a34"
              },
              {
                "ring_num": 1,
                "user_id": "ae18e99e-4a77-4c29-9d7a-0e6a7445e90f"
              },
              {
                "ring_num": 1,
                "user_id": "aedd13b1-7804-421d-96e2-8006e85ccc91"
              },
              {
                "ring_num": 1,
                "user_id": "b005b595-648d-4aaa-8293-23e4e706c6bc"
              },
              {
                "ring_num": 1,
                "user_id": "b492af1e-ce3e-476d-99f9-acbbbb28e96b"
              },
              {
                "ring_num": 1,
                "user_id": "b4b3a5f1-11c5-4d7c-a245-024508f065b1"
              },
              {
                "ring_num": 1,
                "user_id": "c41d7143-eeda-4887-a1d9-b48d26f350d0"
              },
              {
                "ring_num": 1,
                "user_id": "c5152aec-d83b-43bd-bb3a-da06f5ea812a"
              },
              {
                "ring_num": 1,
                "user_id": "c5f26109-b711-4789-96af-2a2702c54808"
              },
              {
                "ring_num": 1,
                "user_id": "c714ecf5-2b23-4e16-9222-ddad66f3dc62"
              },
              {
                "ring_num": 1,
                "user_id": "cd4b5d2b-1ee6-41a6-bf00-e8f3ecb9e8fa"
              },
              {
                "ring_num": 1,
                "user_id": "cda65fc9-b4a3-49fd-93ca-6fbc06272e64"
              },
              {
                "ring_num": 1,
                "user_id": "cdb84a63-3a8a-4ada-8592-5c348242cc55"
              },
              {
                "ring_num": 1,
                "user_id": "cdf69258-8aa9-47da-b1a0-fa89df280477"
              },
              {
                "ring_num": 1,
                "user_id": "d609f130-6d9e-41a0-8f3c-41344d3fb271"
              },
              {
                "ring_num": 1,
                "user_id": "d78afacb-e39a-4b88-8415-95fa38f1a709"
              },
              {
                "ring_num": 1,
                "user_id": "d7d35026-a1c7-4d18-80b8-fbcd4fab2506"
              },
              {
                "ring_num": 1,
                "user_id": "da40f62e-d8a9-43d4-8d67-3cd05429a487"
              },
              {
                "ring_num": 1,
                "user_id": "e077ebc4-1457-42e5-94d1-186e87f3013b"
              },
              {
                "ring_num": 1,
                "user_id": "e2469fc3-7341-4881-8ab1-9ec9ce2587e6"
              },
              {
                "ring_num": 1,
                "user_id": "e4c06ed3-fbc1-4b31-8005-824e59039b58"
              },
              {
                "ring_num": 1,
                "user_id": "ea82aa3e-0fbc-4bc5-b193-76fcc7a659e0"
              },
              {
                "ring_num": 1,
                "user_id": "eb5a3da3-57a2-4e5a-855f-47b516c407ea"
              },
              {
                "ring_num": 1,
                "user_id": "ed5c1cc6-f864-4f89-8262-9cfe545f5431"
              },
              {
                "ring_num": 1,
                "user_id": "f15e205b-caac-4291-b498-523143988804"
              },
              {
                "ring_num": 1,
                "user_id": "f2a0cc00-f710-4edd-89fc-de3fd405bd67"
              },
              {
                "ring_num": 1,
                "user_id": "f6a703c8-cef3-4b88-b17f-81e4ffabf324"
              }
            ],
            "name": "zCCAI Queue",
            "outbound_email_address": [],
            "outbound_messaging_sms_address_id": "",
            "queue_flow_id": "",
            "routing_rules": [],
            "skill_evaluation_method": "ALL",
            "whisper_prompt_id": "",
            "wrapup_codes": []
          },
          "sensitive_attributes": [],
          "private": "eyJzY2hlbWFfdmVyc2lvbiI6IjEifQ==",
          "dependencies": [
            "data.genesyscloud_routing_skill.z1",
            "data.genesyscloud_routing_skill.z10",
            "data.genesyscloud_routing_skill.z11",
            "data.genesyscloud_routing_skill.z12",
            "data.genesyscloud_routing_skill.z13",
            "data.genesyscloud_routing_skill.z14",
            "data.genesyscloud_routing_skill.z15",
            "data.genesyscloud_routing_skill.z16",
            "data.genesyscloud_routing_skill.z17",
            "data.genesyscloud_routing_skill.z18",
            "data.genesyscloud_routing_skill.z19",
            "data.genesyscloud_routing_skill.z2",
            "data.genesyscloud_routing_skill.z20",
            "data.genesyscloud_routing_skill.z21",
            "data.genesyscloud_routing_skill.z22",
            "data.genesyscloud_routing_skill.z23",
            "data.genesyscloud_routing_skill.z24",
            "data.genesyscloud_routing_skill.z25",
            "data.genesyscloud_routing_skill.z26",
            "data.genesyscloud_routing_skill.z27",
            "data.genesyscloud_routing_skill.z28",
            "data.genesyscloud_routing_skill.z29",
            "data.genesyscloud_routing_skill.z3",
            "data.genesyscloud_routing_skill.z30",
            "data.genesyscloud_routing_skill.z31",
            "data.genesyscloud_routing_skill.z32",
            "data.genesyscloud_routing_skill.z33",
            "data.genesyscloud_routing_skill.z34",
            "data.genesyscloud_routing_skill.z35",
            "data.genesyscloud_routing_skill.z36",
            "data.genesyscloud_routing_skill.z37",
            "data.genesyscloud_routing_skill.z38",
            "data.genesyscloud_routing_skill.z39",
            "data.genesyscloud_routing_skill.z4",
            "data.genesyscloud_routing_skill.z40",
            "data.genesyscloud_routing_skill.z41",
            "data.genesyscloud_routing_skill.z42",
            "data.genesyscloud_routing_skill.z43",
            "data.genesyscloud_routing_skill.z44",
            "data.genesyscloud_routing_skill.z45",
            "data.genesyscloud_routing_skill.z46",
            "data.genesyscloud_routing_skill.z47",
            "data.genesyscloud_routing_skill.z48",
            "data.genesyscloud_routing_skill.z49",
            "data.genesyscloud_routing_skill.z5",
            "data.genesyscloud_routing_skill.z50",
            "data.genesyscloud_routing_skill.z51",
            "data.genesyscloud_routing_skill.z52",
            "data.genesyscloud_routing_skill.z53",
            "data.genesyscloud_routing_skill.z54",
            "data.genesyscloud_routing_skill.z55",
            "data.genesyscloud_routing_skill.z56",
            "data.genesyscloud_routing_skill.z57",
            "data.genesyscloud_routing_skill.z58",
            "data.genesyscloud_routing_skill.z59",
            "data.genesyscloud_routing_skill.z6",
            "data.genesyscloud_routing_skill.z60",
            "data.genesyscloud_routing_skill.z61",
            "data.genesyscloud_routing_skill.z62",
            "data.genesyscloud_routing_skill.z63",
            "data.genesyscloud_routing_skill.z64",
            "data.genesyscloud_routing_skill.z65",
            "data.genesyscloud_routing_skill.z66",
            "data.genesyscloud_routing_skill.z67",
            "data.genesyscloud_routing_skill.z68",
            "data.genesyscloud_routing_skill.z69",
            "data.genesyscloud_routing_skill.z7",
            "data.genesyscloud_routing_skill.z70",
            "data.genesyscloud_routing_skill.z71",
            "data.genesyscloud_routing_skill.z72",
            "data.genesyscloud_routing_skill.z73",
            "data.genesyscloud_routing_skill.z74",
            "data.genesyscloud_routing_skill.z75",
            "data.genesyscloud_routing_skill.z76",
            "data.genesyscloud_routing_skill.z77",
            "data.genesyscloud_routing_skill.z78",
            "data.genesyscloud_routing_skill.z79",
            "data.genesyscloud_routing_skill.z8",
            "data.genesyscloud_routing_skill.z80",
            "data.genesyscloud_routing_skill.z9",
            "genesyscloud_user.Workshop_user1",
            "genesyscloud_user.Workshop_user10",
            "genesyscloud_user.Workshop_user11",
            "genesyscloud_user.Workshop_user12",
            "genesyscloud_user.Workshop_user13",
            "genesyscloud_user.Workshop_user14",
            "genesyscloud_user.Workshop_user15",
            "genesyscloud_user.Workshop_user16",
            "genesyscloud_user.Workshop_user17",
            "genesyscloud_user.Workshop_user18",
            "genesyscloud_user.Workshop_user19",
            "genesyscloud_user.Workshop_user2",
            "genesyscloud_user.Workshop_user20",
            "genesyscloud_user.Workshop_user21",
            "genesyscloud_user.Workshop_user22",
            "genesyscloud_user.Workshop_user23",
            "genesyscloud_user.Workshop_user24",
            "genesyscloud_user.Workshop_user25",
            "genesyscloud_user.Workshop_user26",
            "genesyscloud_user.Workshop_user27",
            "genesyscloud_user.Workshop_user28",
            "genesyscloud_user.Workshop_user29",
            "genesyscloud_user.Workshop_user3",
            "genesyscloud_user.Workshop_user30",
            "genesyscloud_user.Workshop_user31",
            "genesyscloud_user.Workshop_user32",
            "genesyscloud_user.Workshop_user33",
            "genesyscloud_user.Workshop_user34",
            "genesyscloud_user.Workshop_user35",
            "genesyscloud_user.Workshop_user36",
            "genesyscloud_user.Workshop_user37",
            "genesyscloud_user.Workshop_user38",
            "genesyscloud_user.Workshop_user39",
            "genesyscloud_user.Workshop_user4",
            "genesyscloud_user.Workshop_user40",
            "genesyscloud_user.Workshop_user41",
            "genesyscloud_user.Workshop_user42",
            "genesyscloud_user.Workshop_user43",
            "genesyscloud_user.Workshop_user44",
            "genesyscloud_user.Workshop_user45",
            "genesyscloud_user.Workshop_user46",
            "genesyscloud_user.Workshop_user47",
            "genesyscloud_user.Workshop_user48",
            "genesyscloud_user.Workshop_user49",
            "genesyscloud_user.Workshop_user5",
            "genesyscloud_user.Workshop_user50",
            "genesyscloud_user.Workshop_user51",
            "genesyscloud_user.Workshop_user52",
            "genesyscloud_user.Workshop_user53",
            "genesyscloud_user.Workshop_user54",
            "genesyscloud_user.Workshop_user55",
            "genesyscloud_user.Workshop_user56",
            "genesyscloud_user.Workshop_user57",
            "genesyscloud_user.Workshop_user58",
            "genesyscloud_user.Workshop_user59",
            "genesyscloud_user.Workshop_user6",
            "genesyscloud_user.Workshop_user60",
            "genesyscloud_user.Workshop_user61",
            "genesyscloud_user.Workshop_user62",
            "genesyscloud_user.Workshop_user63",
            "genesyscloud_user.Workshop_user64",
            "genesyscloud_user.Workshop_user65",
            "genesyscloud_user.Workshop_user66",
            "genesyscloud_user.Workshop_user67",
            "genesyscloud_user.Workshop_user68",
            "genesyscloud_user.Workshop_user69",
            "genesyscloud_user.Workshop_user7",
            "genesyscloud_user.Workshop_user70",
            "genesyscloud_user.Workshop_user71",
            "genesyscloud_user.Workshop_user72",
            "genesyscloud_user.Workshop_user73",
            "genesyscloud_user.Workshop_user74",
            "genesyscloud_user.Workshop_user75",
            "genesyscloud_user.Workshop_user76",
            "genesyscloud_user.Workshop_user77",
            "genesyscloud_user.Workshop_user78",
            "genesyscloud_user.Workshop_user79",
            "genesyscloud_user.Workshop_user8",
            "genesyscloud_user.Workshop_user80",
            "genesyscloud_user.Workshop_user9"
          ]
        }
      ]
    },
    {
      "mode": "managed",
      "type": "genesyscloud_user",
      "name": "Workshop_user1",
      "provider": "provider[\"registry.terraform.io/mypurecloud/genesyscloud\"]",
      "instances": [
        {
          "schema_version": 1,
          "attributes": {
            "acd_auto_answer": false,
            "addresses": [],
            "certifications": [],
            "department": "",
            "division_id": "f2777e89-ef43-44f2-a570-e883729854ea",
            "email": "workshop01@genesystest.com",
            "employer_info": [],
            "id": "242c9346-0ebb-470b-a24c-9b5abce5beba",
            "locations": [],
            "manager": "",
            "name": "Workshop User 01",
            "password": "Indyworkshop1!",
            "profile_skills": [],
            "routing_languages": [],
            "routing_skills": [
              {
                "proficiency": 4.5,
                "skill_id": "533f548c-944a-4580-9963-268faac40d47"
              }
            ],
            "routing_utilization": [],
            "state": "active",
            "title": ""
          },
          "sensitive_attributes": [],
          "private": "eyJzY2hlbWFfdmVyc2lvbiI6IjEifQ==",
          "dependencies": [
            "data.genesyscloud_routing_skill.z1"
          ]
        }
      ]
    },
    {
      "mode": "managed",
      "type": "genesyscloud_user",
      "name": "Workshop_user10",
      "provider": "provider[\"registry.terraform.io/mypurecloud/genesyscloud\"]",
      "instances": [
        {
          "schema_version": 1,
          "attributes": {
            "acd_auto_answer": false,
            "addresses": [],
            "certifications": [],
            "department": "",
            "division_id": "f2777e89-ef43-44f2-a570-e883729854ea",
            "email": "workshop10@genesystest.com",
            "employer_info": [],
            "id": "e077ebc4-1457-42e5-94d1-186e87f3013b",
            "locations": [],
            "manager": "",
            "name": "Workshop User 10",
            "password": "Indyworkshop1!",
            "profile_skills": [],
            "routing_languages": [],
            "routing_skills": [
              {
                "proficiency": 4.5,
                "skill_id": "ead3e567-ac0c-45c4-949b-2f6c6b00f732"
              }
            ],
            "routing_utilization": [],
            "state": "active",
            "title": ""
          },
          "sensitive_attributes": [],
          "private": "eyJzY2hlbWFfdmVyc2lvbiI6IjEifQ==",
          "dependencies": [
            "data.genesyscloud_routing_skill.z10"
          ]
        }
      ]
    },
    {
      "mode": "managed",
      "type": "genesyscloud_user",
      "name": "Workshop_user11",
      "provider": "provider[\"registry.terraform.io/mypurecloud/genesyscloud\"]",
      "instances": [
        {
          "schema_version": 1,
          "attributes": {
            "acd_auto_answer": false,
            "addresses": [],
            "certifications": [],
            "department": "",
            "division_id": "f2777e89-ef43-44f2-a570-e883729854ea",
            "email": "workshop11@genesystest.com",
            "employer_info": [],
            "id": "307137ec-9839-494c-b37f-7489a797ec22",
            "locations": [],
            "manager": "",
            "name": "Workshop User 11",
            "password": "Indyworkshop1!",
            "profile_skills": [],
            "routing_languages": [],
            "routing_skills": [
              {
                "proficiency": 4.5,
                "skill_id": "7f3d8e01-352b-4317-9834-b767d72a8681"
              }
            ],
            "routing_utilization": [],
            "state": "active",
            "title": ""
          },
          "sensitive_attributes": [],
          "private": "eyJzY2hlbWFfdmVyc2lvbiI6IjEifQ==",
          "dependencies": [
            "data.genesyscloud_routing_skill.z11"
          ]
        }
      ]
    },
    {
      "mode": "managed",
      "type": "genesyscloud_user",
      "name": "Workshop_user12",
      "provider": "provider[\"registry.terraform.io/mypurecloud/genesyscloud\"]",
      "instances": [
        {
          "schema_version": 1,
          "attributes": {
            "acd_auto_answer": false,
            "addresses": [],
            "certifications": [],
            "department": "",
            "division_id": "f2777e89-ef43-44f2-a570-e883729854ea",
            "email": "workshop12@genesystest.com",
            "employer_info": [],
            "id": "58160193-a57e-4c0b-b730-8a0a6042cd1e",
            "locations": [],
            "manager": "",
            "name": "Workshop User 12",
            "password": "Indyworkshop1!",
            "profile_skills": [],
            "routing_languages": [],
            "routing_skills": [
              {
                "proficiency": 4.5,
                "skill_id": "e8c05f4b-bfd8-45e0-861f-8923c8bdee46"
              }
            ],
            "routing_utilization": [],
            "state": "active",
            "title": ""
          },
          "sensitive_attributes": [],
          "private": "eyJzY2hlbWFfdmVyc2lvbiI6IjEifQ==",
          "dependencies": [
            "data.genesyscloud_routing_skill.z12"
          ]
        }
      ]
    },
    {
      "mode": "managed",
      "type": "genesyscloud_user",
      "name": "Workshop_user13",
      "provider": "provider[\"registry.terraform.io/mypurecloud/genesyscloud\"]",
      "instances": [
        {
          "schema_version": 1,
          "attributes": {
            "acd_auto_answer": false,
            "addresses": [],
            "certifications": [],
            "department": "",
            "division_id": "f2777e89-ef43-44f2-a570-e883729854ea",
            "email": "workshop13@genesystest.com",
            "employer_info": [],
            "id": "8e94afef-c5e8-4b34-8a73-ea61b43fa031",
            "locations": [],
            "manager": "",
            "name": "Workshop User 13",
            "password": "Indyworkshop1!",
            "profile_skills": [],
            "routing_languages": [],
            "routing_skills": [
              {
                "proficiency": 4.5,
                "skill_id": "8d450885-e20b-49ed-bb6c-2d9298a850c3"
              }
            ],
            "routing_utilization": [],
            "state": "active",
            "title": ""
          },
          "sensitive_attributes": [],
          "private": "eyJzY2hlbWFfdmVyc2lvbiI6IjEifQ==",
          "dependencies": [
            "data.genesyscloud_routing_skill.z13"
          ]
        }
      ]
    },
    {
      "mode": "managed",
      "type": "genesyscloud_user",
      "name": "Workshop_user14",
      "provider": "provider[\"registry.terraform.io/mypurecloud/genesyscloud\"]",
      "instances": [
        {
          "schema_version": 1,
          "attributes": {
            "acd_auto_answer": false,
            "addresses": [],
            "certifications": [],
            "department": "",
            "division_id": "f2777e89-ef43-44f2-a570-e883729854ea",
            "email": "workshop14@genesystest.com",
            "employer_info": [],
            "id": "28e65cd7-1f53-42c8-9b49-1ae0d15a05e8",
            "locations": [],
            "manager": "",
            "name": "Workshop User 14",
            "password": "Indyworkshop1!",
            "profile_skills": [],
            "routing_languages": [],
            "routing_skills": [
              {
                "proficiency": 4.5,
                "skill_id": "d1fc8f5b-bae5-4199-83f2-69c40db63ecb"
              }
            ],
            "routing_utilization": [],
            "state": "active",
            "title": ""
          },
          "sensitive_attributes": [],
          "private": "eyJzY2hlbWFfdmVyc2lvbiI6IjEifQ==",
          "dependencies": [
            "data.genesyscloud_routing_skill.z14"
          ]
        }
      ]
    },
    {
      "mode": "managed",
      "type": "genesyscloud_user",
      "name": "Workshop_user15",
      "provider": "provider[\"registry.terraform.io/mypurecloud/genesyscloud\"]",
      "instances": [
        {
          "schema_version": 1,
          "attributes": {
            "acd_auto_answer": false,
            "addresses": [],
            "certifications": [],
            "department": "",
            "division_id": "f2777e89-ef43-44f2-a570-e883729854ea",
            "email": "workshop15@genesystest.com",
            "employer_info": [],
            "id": "974638d4-b584-4df3-8ae6-ac6a1a7fc8d0",
            "locations": [],
            "manager": "",
            "name": "Workshop User 15",
            "password": "Indyworkshop1!",
            "profile_skills": [],
            "routing_languages": [],
            "routing_skills": [
              {
                "proficiency": 4.5,
                "skill_id": "b758615d-cd05-4172-8eea-8524c8c243d8"
              }
            ],
            "routing_utilization": [],
            "state": "active",
            "title": ""
          },
          "sensitive_attributes": [],
          "private": "eyJzY2hlbWFfdmVyc2lvbiI6IjEifQ==",
          "dependencies": [
            "data.genesyscloud_routing_skill.z15"
          ]
        }
      ]
    },
    {
      "mode": "managed",
      "type": "genesyscloud_user",
      "name": "Workshop_user16",
      "provider": "provider[\"registry.terraform.io/mypurecloud/genesyscloud\"]",
      "instances": [
        {
          "schema_version": 1,
          "attributes": {
            "acd_auto_answer": false,
            "addresses": [],
            "certifications": [],
            "department": "",
            "division_id": "f2777e89-ef43-44f2-a570-e883729854ea",
            "email": "workshop16@genesystest.com",
            "employer_info": [],
            "id": "f2a0cc00-f710-4edd-89fc-de3fd405bd67",
            "locations": [],
            "manager": "",
            "name": "Workshop User 16",
            "password": "Indyworkshop1!",
            "profile_skills": [],
            "routing_languages": [],
            "routing_skills": [
              {
                "proficiency": 4.5,
                "skill_id": "4b66a904-9f82-45ff-9c97-da4b0267b532"
              }
            ],
            "routing_utilization": [],
            "state": "active",
            "title": ""
          },
          "sensitive_attributes": [],
          "private": "eyJzY2hlbWFfdmVyc2lvbiI6IjEifQ==",
          "dependencies": [
            "data.genesyscloud_routing_skill.z16"
          ]
        }
      ]
    },
    {
      "mode": "managed",
      "type": "genesyscloud_user",
      "name": "Workshop_user17",
      "provider": "provider[\"registry.terraform.io/mypurecloud/genesyscloud\"]",
      "instances": [
        {
          "schema_version": 1,
          "attributes": {
            "acd_auto_answer": false,
            "addresses": [],
            "certifications": [],
            "department": "",
            "division_id": "f2777e89-ef43-44f2-a570-e883729854ea",
            "email": "workshop17@genesystest.com",
            "employer_info": [],
            "id": "f15e205b-caac-4291-b498-523143988804",
            "locations": [],
            "manager": "",
            "name": "Workshop User 17",
            "password": "Indyworkshop1!",
            "profile_skills": [],
            "routing_languages": [],
            "routing_skills": [
              {
                "proficiency": 4.5,
                "skill_id": "4dc1d324-eca1-4c87-9a6e-7923cc24a288"
              }
            ],
            "routing_utilization": [],
            "state": "active",
            "title": ""
          },
          "sensitive_attributes": [],
          "private": "eyJzY2hlbWFfdmVyc2lvbiI6IjEifQ==",
          "dependencies": [
            "data.genesyscloud_routing_skill.z17"
          ]
        }
      ]
    },
    {
      "mode": "managed",
      "type": "genesyscloud_user",
      "name": "Workshop_user18",
      "provider": "provider[\"registry.terraform.io/mypurecloud/genesyscloud\"]",
      "instances": [
        {
          "schema_version": 1,
          "attributes": {
            "acd_auto_answer": false,
            "addresses": [],
            "certifications": [],
            "department": "",
            "division_id": "f2777e89-ef43-44f2-a570-e883729854ea",
            "email": "workshop18@genesystest.com",
            "employer_info": [],
            "id": "25ac4452-f57a-448a-9dd5-20c8ce20619c",
            "locations": [],
            "manager": "",
            "name": "Workshop User 18",
            "password": "Indyworkshop1!",
            "profile_skills": [],
            "routing_languages": [],
            "routing_skills": [
              {
                "proficiency": 4.5,
                "skill_id": "dc91d674-49d0-4ed9-8b97-3e801c73b2b2"
              }
            ],
            "routing_utilization": [],
            "state": "active",
            "title": ""
          },
          "sensitive_attributes": [],
          "private": "eyJzY2hlbWFfdmVyc2lvbiI6IjEifQ==",
          "dependencies": [
            "data.genesyscloud_routing_skill.z18"
          ]
        }
      ]
    },
    {
      "mode": "managed",
      "type": "genesyscloud_user",
      "name": "Workshop_user19",
      "provider": "provider[\"registry.terraform.io/mypurecloud/genesyscloud\"]",
      "instances": [
        {
          "schema_version": 1,
          "attributes": {
            "acd_auto_answer": false,
            "addresses": [],
            "certifications": [],
            "department": "",
            "division_id": "f2777e89-ef43-44f2-a570-e883729854ea",
            "email": "workshop19@genesystest.com",
            "employer_info": [],
            "id": "5e1928e2-68bb-4f18-9f04-14a95cbc877c",
            "locations": [],
            "manager": "",
            "name": "Workshop User 19",
            "password": "Indyworkshop1!",
            "profile_skills": [],
            "routing_languages": [],
            "routing_skills": [
              {
                "proficiency": 4.5,
                "skill_id": "91c1a2b8-8e1a-4dc5-843d-ad897170a5d6"
              }
            ],
            "routing_utilization": [],
            "state": "active",
            "title": ""
          },
          "sensitive_attributes": [],
          "private": "eyJzY2hlbWFfdmVyc2lvbiI6IjEifQ==",
          "dependencies": [
            "data.genesyscloud_routing_skill.z19"
          ]
        }
      ]
    },
    {
      "mode": "managed",
      "type": "genesyscloud_user",
      "name": "Workshop_user2",
      "provider": "provider[\"registry.terraform.io/mypurecloud/genesyscloud\"]",
      "instances": [
        {
          "schema_version": 1,
          "attributes": {
            "acd_auto_answer": false,
            "addresses": [],
            "certifications": [],
            "department": "",
            "division_id": "f2777e89-ef43-44f2-a570-e883729854ea",
            "email": "workshop02@genesystest.com",
            "employer_info": [],
            "id": "8db5dacc-45b4-4ea5-9352-85de0fe6ead9",
            "locations": [],
            "manager": "",
            "name": "Workshop User 02",
            "password": "Indyworkshop1!",
            "profile_skills": [],
            "routing_languages": [],
            "routing_skills": [
              {
                "proficiency": 4.5,
                "skill_id": "e8bc4182-8f9d-445e-9e7b-5f1076e1b6af"
              }
            ],
            "routing_utilization": [],
            "state": "active",
            "title": ""
          },
          "sensitive_attributes": [],
          "private": "eyJzY2hlbWFfdmVyc2lvbiI6IjEifQ==",
          "dependencies": [
            "data.genesyscloud_routing_skill.z2"
          ]
        }
      ]
    },
    {
      "mode": "managed",
      "type": "genesyscloud_user",
      "name": "Workshop_user20",
      "provider": "provider[\"registry.terraform.io/mypurecloud/genesyscloud\"]",
      "instances": [
        {
          "schema_version": 1,
          "attributes": {
            "acd_auto_answer": false,
            "addresses": [],
            "certifications": [],
            "department": "",
            "division_id": "f2777e89-ef43-44f2-a570-e883729854ea",
            "email": "workshop20@genesystest.com",
            "employer_info": [],
            "id": "ea82aa3e-0fbc-4bc5-b193-76fcc7a659e0",
            "locations": [],
            "manager": "",
            "name": "Workshop User 20",
            "password": "Indyworkshop1!",
            "profile_skills": [],
            "routing_languages": [],
            "routing_skills": [
              {
                "proficiency": 4.5,
                "skill_id": "2d0ec185-f0dd-433c-a413-979de846ee54"
              }
            ],
            "routing_utilization": [],
            "state": "active",
            "title": ""
          },
          "sensitive_attributes": [],
          "private": "eyJzY2hlbWFfdmVyc2lvbiI6IjEifQ==",
          "dependencies": [
            "data.genesyscloud_routing_skill.z20"
          ]
        }
      ]
    },
    {
      "mode": "managed",
      "type": "genesyscloud_user",
      "name": "Workshop_user21",
      "provider": "provider[\"registry.terraform.io/mypurecloud/genesyscloud\"]",
      "instances": [
        {
          "schema_version": 1,
          "attributes": {
            "acd_auto_answer": false,
            "addresses": [],
            "certifications": [],
            "department": "",
            "division_id": "f2777e89-ef43-44f2-a570-e883729854ea",
            "email": "workshop21@genesystest.com",
            "employer_info": [],
            "id": "4f9bb6a1-871c-4acb-a037-05505b6aba3c",
            "locations": [],
            "manager": "",
            "name": "Workshop User 21",
            "password": "Indyworkshop1!",
            "profile_skills": [],
            "routing_languages": [],
            "routing_skills": [
              {
                "proficiency": 4.5,
                "skill_id": "0dbde71f-5897-41e1-a662-7271e22e965d"
              }
            ],
            "routing_utilization": [],
            "state": "active",
            "title": ""
          },
          "sensitive_attributes": [],
          "private": "eyJzY2hlbWFfdmVyc2lvbiI6IjEifQ==",
          "dependencies": [
            "data.genesyscloud_routing_skill.z21"
          ]
        }
      ]
    },
    {
      "mode": "managed",
      "type": "genesyscloud_user",
      "name": "Workshop_user22",
      "provider": "provider[\"registry.terraform.io/mypurecloud/genesyscloud\"]",
      "instances": [
        {
          "schema_version": 1,
          "attributes": {
            "acd_auto_answer": false,
            "addresses": [],
            "certifications": [],
            "department": "",
            "division_id": "f2777e89-ef43-44f2-a570-e883729854ea",
            "email": "workshop22@genesystest.com",
            "employer_info": [],
            "id": "50d95e59-b83e-473b-b8b0-d94c5e48b448",
            "locations": [],
            "manager": "",
            "name": "Workshop User 22",
            "password": "Indyworkshop1!",
            "profile_skills": [],
            "routing_languages": [],
            "routing_skills": [
              {
                "proficiency": 4.5,
                "skill_id": "b5f377ab-f173-440d-b8a8-36a3568a2f67"
              }
            ],
            "routing_utilization": [],
            "state": "active",
            "title": ""
          },
          "sensitive_attributes": [],
          "private": "eyJzY2hlbWFfdmVyc2lvbiI6IjEifQ==",
          "dependencies": [
            "data.genesyscloud_routing_skill.z22"
          ]
        }
      ]
    },
    {
      "mode": "managed",
      "type": "genesyscloud_user",
      "name": "Workshop_user23",
      "provider": "provider[\"registry.terraform.io/mypurecloud/genesyscloud\"]",
      "instances": [
        {
          "schema_version": 1,
          "attributes": {
            "acd_auto_answer": false,
            "addresses": [],
            "certifications": [],
            "department": "",
            "division_id": "f2777e89-ef43-44f2-a570-e883729854ea",
            "email": "workshop23@genesystest.com",
            "employer_info": [],
            "id": "6d4eb1a9-78db-47fe-9204-3095992648e4",
            "locations": [],
            "manager": "",
            "name": "Workshop User 23",
            "password": "Indyworkshop1!",
            "profile_skills": [],
            "routing_languages": [],
            "routing_skills": [
              {
                "proficiency": 4.5,
                "skill_id": "8d6aa33b-6113-442f-9fa7-8bc2525c518d"
              }
            ],
            "routing_utilization": [],
            "state": "active",
            "title": ""
          },
          "sensitive_attributes": [],
          "private": "eyJzY2hlbWFfdmVyc2lvbiI6IjEifQ==",
          "dependencies": [
            "data.genesyscloud_routing_skill.z23"
          ]
        }
      ]
    },
    {
      "mode": "managed",
      "type": "genesyscloud_user",
      "name": "Workshop_user24",
      "provider": "provider[\"registry.terraform.io/mypurecloud/genesyscloud\"]",
      "instances": [
        {
          "schema_version": 1,
          "attributes": {
            "acd_auto_answer": false,
            "addresses": [],
            "certifications": [],
            "department": "",
            "division_id": "f2777e89-ef43-44f2-a570-e883729854ea",
            "email": "workshop24@genesystest.com",
            "employer_info": [],
            "id": "c714ecf5-2b23-4e16-9222-ddad66f3dc62",
            "locations": [],
            "manager": "",
            "name": "Workshop User 24",
            "password": "Indyworkshop1!",
            "profile_skills": [],
            "routing_languages": [],
            "routing_skills": [
              {
                "proficiency": 4.5,
                "skill_id": "15b735b6-80e0-4dbf-9e11-e2e8fd3a0e0e"
              }
            ],
            "routing_utilization": [],
            "state": "active",
            "title": ""
          },
          "sensitive_attributes": [],
          "private": "eyJzY2hlbWFfdmVyc2lvbiI6IjEifQ==",
          "dependencies": [
            "data.genesyscloud_routing_skill.z24"
          ]
        }
      ]
    },
    {
      "mode": "managed",
      "type": "genesyscloud_user",
      "name": "Workshop_user25",
      "provider": "provider[\"registry.terraform.io/mypurecloud/genesyscloud\"]",
      "instances": [
        {
          "schema_version": 1,
          "attributes": {
            "acd_auto_answer": false,
            "addresses": [],
            "certifications": [],
            "department": "",
            "division_id": "f2777e89-ef43-44f2-a570-e883729854ea",
            "email": "workshop25@genesystest.com",
            "employer_info": [],
            "id": "4fc4f540-edb8-4733-9d65-4b05ad79c6e1",
            "locations": [],
            "manager": "",
            "name": "Workshop User 25",
            "password": "Indyworkshop1!",
            "profile_skills": [],
            "routing_languages": [],
            "routing_skills": [
              {
                "proficiency": 4.5,
                "skill_id": "b325b3ba-75a0-49d2-a580-c0952c54a4dc"
              }
            ],
            "routing_utilization": [],
            "state": "active",
            "title": ""
          },
          "sensitive_attributes": [],
          "private": "eyJzY2hlbWFfdmVyc2lvbiI6IjEifQ==",
          "dependencies": [
            "data.genesyscloud_routing_skill.z25"
          ]
        }
      ]
    },
    {
      "mode": "managed",
      "type": "genesyscloud_user",
      "name": "Workshop_user26",
      "provider": "provider[\"registry.terraform.io/mypurecloud/genesyscloud\"]",
      "instances": [
        {
          "schema_version": 1,
          "attributes": {
            "acd_auto_answer": false,
            "addresses": [],
            "certifications": [],
            "department": "",
            "division_id": "f2777e89-ef43-44f2-a570-e883729854ea",
            "email": "workshop26@genesystest.com",
            "employer_info": [],
            "id": "0c150c12-628a-4759-ac99-1cb7f05bd2ab",
            "locations": [],
            "manager": "",
            "name": "Workshop User 26",
            "password": "Indyworkshop1!",
            "profile_skills": [],
            "routing_languages": [],
            "routing_skills": [
              {
                "proficiency": 4.5,
                "skill_id": "e87ea44e-a627-4320-a056-747fc0b755d4"
              }
            ],
            "routing_utilization": [],
            "state": "active",
            "title": ""
          },
          "sensitive_attributes": [],
          "private": "eyJzY2hlbWFfdmVyc2lvbiI6IjEifQ==",
          "dependencies": [
            "data.genesyscloud_routing_skill.z26"
          ]
        }
      ]
    },
    {
      "mode": "managed",
      "type": "genesyscloud_user",
      "name": "Workshop_user27",
      "provider": "provider[\"registry.terraform.io/mypurecloud/genesyscloud\"]",
      "instances": [
        {
          "schema_version": 1,
          "attributes": {
            "acd_auto_answer": false,
            "addresses": [],
            "certifications": [],
            "department": "",
            "division_id": "f2777e89-ef43-44f2-a570-e883729854ea",
            "email": "workshop27@genesystest.com",
            "employer_info": [],
            "id": "75be92ad-403e-436c-87a4-c7a2580eec6b",
            "locations": [],
            "manager": "",
            "name": "Workshop User 27",
            "password": "Indyworkshop1!",
            "profile_skills": [],
            "routing_languages": [],
            "routing_skills": [
              {
                "proficiency": 4.5,
                "skill_id": "91f1ef02-5f8d-4f01-8cdc-a1990317b93f"
              }
            ],
            "routing_utilization": [],
            "state": "active",
            "title": ""
          },
          "sensitive_attributes": [],
          "private": "eyJzY2hlbWFfdmVyc2lvbiI6IjEifQ==",
          "dependencies": [
            "data.genesyscloud_routing_skill.z27"
          ]
        }
      ]
    },
    {
      "mode": "managed",
      "type": "genesyscloud_user",
      "name": "Workshop_user28",
      "provider": "provider[\"registry.terraform.io/mypurecloud/genesyscloud\"]",
      "instances": [
        {
          "schema_version": 1,
          "attributes": {
            "acd_auto_answer": false,
            "addresses": [],
            "certifications": [],
            "department": "",
            "division_id": "f2777e89-ef43-44f2-a570-e883729854ea",
            "email": "workshop28@genesystest.com",
            "employer_info": [],
            "id": "cdf69258-8aa9-47da-b1a0-fa89df280477",
            "locations": [],
            "manager": "",
            "name": "Workshop User 28",
            "password": "Indyworkshop1!",
            "profile_skills": [],
            "routing_languages": [],
            "routing_skills": [
              {
                "proficiency": 4.5,
                "skill_id": "14f876db-e842-45e7-9a80-11e821cca490"
              }
            ],
            "routing_utilization": [],
            "state": "active",
            "title": ""
          },
          "sensitive_attributes": [],
          "private": "eyJzY2hlbWFfdmVyc2lvbiI6IjEifQ==",
          "dependencies": [
            "data.genesyscloud_routing_skill.z28"
          ]
        }
      ]
    },
    {
      "mode": "managed",
      "type": "genesyscloud_user",
      "name": "Workshop_user29",
      "provider": "provider[\"registry.terraform.io/mypurecloud/genesyscloud\"]",
      "instances": [
        {
          "schema_version": 1,
          "attributes": {
            "acd_auto_answer": false,
            "addresses": [],
            "certifications": [],
            "department": "",
            "division_id": "f2777e89-ef43-44f2-a570-e883729854ea",
            "email": "workshop29@genesystest.com",
            "employer_info": [],
            "id": "7baa93a4-eaf2-499c-a4be-f0c80b3ed39c",
            "locations": [],
            "manager": "",
            "name": "Workshop User 29",
            "password": "Indyworkshop1!",
            "profile_skills": [],
            "routing_languages": [],
            "routing_skills": [
              {
                "proficiency": 4.5,
                "skill_id": "4065cec0-a484-4eb5-b8c3-05facb930dbc"
              }
            ],
            "routing_utilization": [],
            "state": "active",
            "title": ""
          },
          "sensitive_attributes": [],
          "private": "eyJzY2hlbWFfdmVyc2lvbiI6IjEifQ==",
          "dependencies": [
            "data.genesyscloud_routing_skill.z29"
          ]
        }
      ]
    },
    {
      "mode": "managed",
      "type": "genesyscloud_user",
      "name": "Workshop_user3",
      "provider": "provider[\"registry.terraform.io/mypurecloud/genesyscloud\"]",
      "instances": [
        {
          "schema_version": 1,
          "attributes": {
            "acd_auto_answer": false,
            "addresses": [],
            "certifications": [],
            "department": "",
            "division_id": "f2777e89-ef43-44f2-a570-e883729854ea",
            "email": "workshop03@genesystest.com",
            "employer_info": [],
            "id": "da40f62e-d8a9-43d4-8d67-3cd05429a487",
            "locations": [],
            "manager": "",
            "name": "Workshop User 03",
            "password": "Indyworkshop1!",
            "profile_skills": [],
            "routing_languages": [],
            "routing_skills": [
              {
                "proficiency": 4.5,
                "skill_id": "7aa0a6d4-5f3f-4361-bfc9-f26b655735b5"
              }
            ],
            "routing_utilization": [],
            "state": "active",
            "title": ""
          },
          "sensitive_attributes": [],
          "private": "eyJzY2hlbWFfdmVyc2lvbiI6IjEifQ==",
          "dependencies": [
            "data.genesyscloud_routing_skill.z3"
          ]
        }
      ]
    },
    {
      "mode": "managed",
      "type": "genesyscloud_user",
      "name": "Workshop_user30",
      "provider": "provider[\"registry.terraform.io/mypurecloud/genesyscloud\"]",
      "instances": [
        {
          "schema_version": 1,
          "attributes": {
            "acd_auto_answer": false,
            "addresses": [],
            "certifications": [],
            "department": "",
            "division_id": "f2777e89-ef43-44f2-a570-e883729854ea",
            "email": "workshop30@genesystest.com",
            "employer_info": [],
            "id": "96816c28-6734-480f-8120-751662b6250a",
            "locations": [],
            "manager": "",
            "name": "Workshop User 30",
            "password": "Indyworkshop1!",
            "profile_skills": [],
            "routing_languages": [],
            "routing_skills": [
              {
                "proficiency": 4.5,
                "skill_id": "93075fdf-f8dd-464e-9431-d70352658397"
              }
            ],
            "routing_utilization": [],
            "state": "active",
            "title": ""
          },
          "sensitive_attributes": [],
          "private": "eyJzY2hlbWFfdmVyc2lvbiI6IjEifQ==",
          "dependencies": [
            "data.genesyscloud_routing_skill.z30"
          ]
        }
      ]
    },
    {
      "mode": "managed",
      "type": "genesyscloud_user",
      "name": "Workshop_user31",
      "provider": "provider[\"registry.terraform.io/mypurecloud/genesyscloud\"]",
      "instances": [
        {
          "schema_version": 1,
          "attributes": {
            "acd_auto_answer": false,
            "addresses": [],
            "certifications": [],
            "department": "",
            "division_id": "f2777e89-ef43-44f2-a570-e883729854ea",
            "email": "workshop31@genesystest.com",
            "employer_info": [],
            "id": "cda65fc9-b4a3-49fd-93ca-6fbc06272e64",
            "locations": [],
            "manager": "",
            "name": "Workshop User 31",
            "password": "Indyworkshop1!",
            "profile_skills": [],
            "routing_languages": [],
            "routing_skills": [
              {
                "proficiency": 4.5,
                "skill_id": "7b0f1131-7d66-4ce7-a77a-c3169090650f"
              }
            ],
            "routing_utilization": [],
            "state": "active",
            "title": ""
          },
          "sensitive_attributes": [],
          "private": "eyJzY2hlbWFfdmVyc2lvbiI6IjEifQ==",
          "dependencies": [
            "data.genesyscloud_routing_skill.z31"
          ]
        }
      ]
    },
    {
      "mode": "managed",
      "type": "genesyscloud_user",
      "name": "Workshop_user32",
      "provider": "provider[\"registry.terraform.io/mypurecloud/genesyscloud\"]",
      "instances": [
        {
          "schema_version": 1,
          "attributes": {
            "acd_auto_answer": false,
            "addresses": [],
            "certifications": [],
            "department": "",
            "division_id": "f2777e89-ef43-44f2-a570-e883729854ea",
            "email": "workshop32@genesystest.com",
            "employer_info": [],
            "id": "438d7992-d660-4786-b992-900184c31c3e",
            "locations": [],
            "manager": "",
            "name": "Workshop User 32",
            "password": "Indyworkshop1!",
            "profile_skills": [],
            "routing_languages": [],
            "routing_skills": [
              {
                "proficiency": 4.5,
                "skill_id": "be074200-abc4-47ed-a820-ff92e44b05dc"
              }
            ],
            "routing_utilization": [],
            "state": "active",
            "title": ""
          },
          "sensitive_attributes": [],
          "private": "eyJzY2hlbWFfdmVyc2lvbiI6IjEifQ==",
          "dependencies": [
            "data.genesyscloud_routing_skill.z32"
          ]
        }
      ]
    },
    {
      "mode": "managed",
      "type": "genesyscloud_user",
      "name": "Workshop_user33",
      "provider": "provider[\"registry.terraform.io/mypurecloud/genesyscloud\"]",
      "instances": [
        {
          "schema_version": 1,
          "attributes": {
            "acd_auto_answer": false,
            "addresses": [],
            "certifications": [],
            "department": "",
            "division_id": "f2777e89-ef43-44f2-a570-e883729854ea",
            "email": "workshop33@genesystest.com",
            "employer_info": [],
            "id": "d7d35026-a1c7-4d18-80b8-fbcd4fab2506",
            "locations": [],
            "manager": "",
            "name": "Workshop User 33",
            "password": "Indyworkshop1!",
            "profile_skills": [],
            "routing_languages": [],
            "routing_skills": [
              {
                "proficiency": 4.5,
                "skill_id": "aca8b164-0281-4ab4-ba90-3520a343d137"
              }
            ],
            "routing_utilization": [],
            "state": "active",
            "title": ""
          },
          "sensitive_attributes": [],
          "private": "eyJzY2hlbWFfdmVyc2lvbiI6IjEifQ==",
          "dependencies": [
            "data.genesyscloud_routing_skill.z33"
          ]
        }
      ]
    },
    {
      "mode": "managed",
      "type": "genesyscloud_user",
      "name": "Workshop_user34",
      "provider": "provider[\"registry.terraform.io/mypurecloud/genesyscloud\"]",
      "instances": [
        {
          "schema_version": 1,
          "attributes": {
            "acd_auto_answer": false,
            "addresses": [],
            "certifications": [],
            "department": "",
            "division_id": "f2777e89-ef43-44f2-a570-e883729854ea",
            "email": "workshop34@genesystest.com",
            "employer_info": [],
            "id": "7da174f3-e25a-46d8-a9ad-d9b79a43487c",
            "locations": [],
            "manager": "",
            "name": "Workshop User 34",
            "password": "Indyworkshop1!",
            "profile_skills": [],
            "routing_languages": [],
            "routing_skills": [
              {
                "proficiency": 4.5,
                "skill_id": "bf8d1414-3af0-4969-98c6-ef208321e8cc"
              }
            ],
            "routing_utilization": [],
            "state": "active",
            "title": ""
          },
          "sensitive_attributes": [],
          "private": "eyJzY2hlbWFfdmVyc2lvbiI6IjEifQ==",
          "dependencies": [
            "data.genesyscloud_routing_skill.z34"
          ]
        }
      ]
    },
    {
      "mode": "managed",
      "type": "genesyscloud_user",
      "name": "Workshop_user35",
      "provider": "provider[\"registry.terraform.io/mypurecloud/genesyscloud\"]",
      "instances": [
        {
          "schema_version": 1,
          "attributes": {
            "acd_auto_answer": false,
            "addresses": [],
            "certifications": [],
            "department": "",
            "division_id": "f2777e89-ef43-44f2-a570-e883729854ea",
            "email": "workshop35@genesystest.com",
            "employer_info": [],
            "id": "86fae9d5-33ea-4399-b408-f638321948fc",
            "locations": [],
            "manager": "",
            "name": "Workshop User 35",
            "password": "Indyworkshop1!",
            "profile_skills": [],
            "routing_languages": [],
            "routing_skills": [
              {
                "proficiency": 4.5,
                "skill_id": "625ebb47-4a58-466e-88e9-71c464879108"
              }
            ],
            "routing_utilization": [],
            "state": "active",
            "title": ""
          },
          "sensitive_attributes": [],
          "private": "eyJzY2hlbWFfdmVyc2lvbiI6IjEifQ==",
          "dependencies": [
            "data.genesyscloud_routing_skill.z35"
          ]
        }
      ]
    },
    {
      "mode": "managed",
      "type": "genesyscloud_user",
      "name": "Workshop_user36",
      "provider": "provider[\"registry.terraform.io/mypurecloud/genesyscloud\"]",
      "instances": [
        {
          "schema_version": 1,
          "attributes": {
            "acd_auto_answer": false,
            "addresses": [],
            "certifications": [],
            "department": "",
            "division_id": "f2777e89-ef43-44f2-a570-e883729854ea",
            "email": "workshop36@genesystest.com",
            "employer_info": [],
            "id": "c5152aec-d83b-43bd-bb3a-da06f5ea812a",
            "locations": [],
            "manager": "",
            "name": "Workshop User 36",
            "password": "Indyworkshop1!",
            "profile_skills": [],
            "routing_languages": [],
            "routing_skills": [
              {
                "proficiency": 4.5,
                "skill_id": "b652942b-e385-4028-a4c5-092ab74d3193"
              }
            ],
            "routing_utilization": [],
            "state": "active",
            "title": ""
          },
          "sensitive_attributes": [],
          "private": "eyJzY2hlbWFfdmVyc2lvbiI6IjEifQ==",
          "dependencies": [
            "data.genesyscloud_routing_skill.z36"
          ]
        }
      ]
    },
    {
      "mode": "managed",
      "type": "genesyscloud_user",
      "name": "Workshop_user37",
      "provider": "provider[\"registry.terraform.io/mypurecloud/genesyscloud\"]",
      "instances": [
        {
          "schema_version": 1,
          "attributes": {
            "acd_auto_answer": false,
            "addresses": [],
            "certifications": [],
            "department": "",
            "division_id": "f2777e89-ef43-44f2-a570-e883729854ea",
            "email": "workshop37@genesystest.com",
            "employer_info": [],
            "id": "cdb84a63-3a8a-4ada-8592-5c348242cc55",
            "locations": [],
            "manager": "",
            "name": "Workshop User 37",
            "password": "Indyworkshop1!",
            "profile_skills": [],
            "routing_languages": [],
            "routing_skills": [
              {
                "proficiency": 4.5,
                "skill_id": "1bf92b14-dcfd-45c2-98fd-fdada9be3cc0"
              }
            ],
            "routing_utilization": [],
            "state": "active",
            "title": ""
          },
          "sensitive_attributes": [],
          "private": "eyJzY2hlbWFfdmVyc2lvbiI6IjEifQ==",
          "dependencies": [
            "data.genesyscloud_routing_skill.z37"
          ]
        }
      ]
    },
    {
      "mode": "managed",
      "type": "genesyscloud_user",
      "name": "Workshop_user38",
      "provider": "provider[\"registry.terraform.io/mypurecloud/genesyscloud\"]",
      "instances": [
        {
          "schema_version": 1,
          "attributes": {
            "acd_auto_answer": false,
            "addresses": [],
            "certifications": [],
            "department": "",
            "division_id": "f2777e89-ef43-44f2-a570-e883729854ea",
            "email": "workshop38@genesystest.com",
            "employer_info": [],
            "id": "d609f130-6d9e-41a0-8f3c-41344d3fb271",
            "locations": [],
            "manager": "",
            "name": "Workshop User 38",
            "password": "Indyworkshop1!",
            "profile_skills": [],
            "routing_languages": [],
            "routing_skills": [
              {
                "proficiency": 4.5,
                "skill_id": "74693fc8-77af-4424-a42c-dfd575f86527"
              }
            ],
            "routing_utilization": [],
            "state": "active",
            "title": ""
          },
          "sensitive_attributes": [],
          "private": "eyJzY2hlbWFfdmVyc2lvbiI6IjEifQ==",
          "dependencies": [
            "data.genesyscloud_routing_skill.z38"
          ]
        }
      ]
    },
    {
      "mode": "managed",
      "type": "genesyscloud_user",
      "name": "Workshop_user39",
      "provider": "provider[\"registry.terraform.io/mypurecloud/genesyscloud\"]",
      "instances": [
        {
          "schema_version": 1,
          "attributes": {
            "acd_auto_answer": false,
            "addresses": [],
            "certifications": [],
            "department": "",
            "division_id": "f2777e89-ef43-44f2-a570-e883729854ea",
            "email": "workshop39@genesystest.com",
            "employer_info": [],
            "id": "6a6cddaf-3757-462f-860b-8f57f6125a75",
            "locations": [],
            "manager": "",
            "name": "Workshop User 39",
            "password": "Indyworkshop1!",
            "profile_skills": [],
            "routing_languages": [],
            "routing_skills": [
              {
                "proficiency": 4.5,
                "skill_id": "806e5c76-461a-41ed-8fa0-22fa47c33cd4"
              }
            ],
            "routing_utilization": [],
            "state": "active",
            "title": ""
          },
          "sensitive_attributes": [],
          "private": "eyJzY2hlbWFfdmVyc2lvbiI6IjEifQ==",
          "dependencies": [
            "data.genesyscloud_routing_skill.z39"
          ]
        }
      ]
    },
    {
      "mode": "managed",
      "type": "genesyscloud_user",
      "name": "Workshop_user4",
      "provider": "provider[\"registry.terraform.io/mypurecloud/genesyscloud\"]",
      "instances": [
        {
          "schema_version": 1,
          "attributes": {
            "acd_auto_answer": false,
            "addresses": [],
            "certifications": [],
            "department": "",
            "division_id": "f2777e89-ef43-44f2-a570-e883729854ea",
            "email": "workshop04@genesystest.com",
            "employer_info": [],
            "id": "09a3f2ab-5977-417b-93ae-3f3676ccdce6",
            "locations": [],
            "manager": "",
            "name": "Workshop User 04",
            "password": "Indyworkshop1!",
            "profile_skills": [],
            "routing_languages": [],
            "routing_skills": [
              {
                "proficiency": 4.5,
                "skill_id": "39d49578-72fc-4671-b5c9-adf7d8678234"
              }
            ],
            "routing_utilization": [],
            "state": "active",
            "title": ""
          },
          "sensitive_attributes": [],
          "private": "eyJzY2hlbWFfdmVyc2lvbiI6IjEifQ==",
          "dependencies": [
            "data.genesyscloud_routing_skill.z4"
          ]
        }
      ]
    },
    {
      "mode": "managed",
      "type": "genesyscloud_user",
      "name": "Workshop_user40",
      "provider": "provider[\"registry.terraform.io/mypurecloud/genesyscloud\"]",
      "instances": [
        {
          "schema_version": 1,
          "attributes": {
            "acd_auto_answer": false,
            "addresses": [],
            "certifications": [],
            "department": "",
            "division_id": "f2777e89-ef43-44f2-a570-e883729854ea",
            "email": "workshop40@genesystest.com",
            "employer_info": [],
            "id": "a19ca402-db48-43ec-822d-dcf3e4b95432",
            "locations": [],
            "manager": "",
            "name": "Workshop User 40",
            "password": "Indyworkshop1!",
            "profile_skills": [],
            "routing_languages": [],
            "routing_skills": [
              {
                "proficiency": 4.5,
                "skill_id": "b73d429c-fb9d-4a85-b6e3-32e3da29434b"
              }
            ],
            "routing_utilization": [],
            "state": "active",
            "title": ""
          },
          "sensitive_attributes": [],
          "private": "eyJzY2hlbWFfdmVyc2lvbiI6IjEifQ==",
          "dependencies": [
            "data.genesyscloud_routing_skill.z40"
          ]
        }
      ]
    },
    {
      "mode": "managed",
      "type": "genesyscloud_user",
      "name": "Workshop_user41",
      "provider": "provider[\"registry.terraform.io/mypurecloud/genesyscloud\"]",
      "instances": [
        {
          "schema_version": 1,
          "attributes": {
            "acd_auto_answer": false,
            "addresses": [],
            "certifications": [],
            "department": "",
            "division_id": "f2777e89-ef43-44f2-a570-e883729854ea",
            "email": "workshop41@genesystest.com",
            "employer_info": [],
            "id": "78c3b169-ed30-4e2a-a039-3fbe3d112efe",
            "locations": [],
            "manager": "",
            "name": "Workshop User 41",
            "password": "Indyworkshop1!",
            "profile_skills": [],
            "routing_languages": [],
            "routing_skills": [
              {
                "proficiency": 4.5,
                "skill_id": "bd17a9a1-4100-47ee-a717-f5ace5a14561"
              }
            ],
            "routing_utilization": [],
            "state": "active",
            "title": ""
          },
          "sensitive_attributes": [],
          "private": "eyJzY2hlbWFfdmVyc2lvbiI6IjEifQ==",
          "dependencies": [
            "data.genesyscloud_routing_skill.z41"
          ]
        }
      ]
    },
    {
      "mode": "managed",
      "type": "genesyscloud_user",
      "name": "Workshop_user42",
      "provider": "provider[\"registry.terraform.io/mypurecloud/genesyscloud\"]",
      "instances": [
        {
          "schema_version": 1,
          "attributes": {
            "acd_auto_answer": false,
            "addresses": [],
            "certifications": [],
            "department": "",
            "division_id": "f2777e89-ef43-44f2-a570-e883729854ea",
            "email": "workshop42@genesystest.com",
            "employer_info": [],
            "id": "b492af1e-ce3e-476d-99f9-acbbbb28e96b",
            "locations": [],
            "manager": "",
            "name": "Workshop User 42",
            "password": "Indyworkshop1!",
            "profile_skills": [],
            "routing_languages": [],
            "routing_skills": [
              {
                "proficiency": 4.5,
                "skill_id": "0e08a158-4268-458f-8aaf-12a54973fc19"
              }
            ],
            "routing_utilization": [],
            "state": "active",
            "title": ""
          },
          "sensitive_attributes": [],
          "private": "eyJzY2hlbWFfdmVyc2lvbiI6IjEifQ==",
          "dependencies": [
            "data.genesyscloud_routing_skill.z42"
          ]
        }
      ]
    },
    {
      "mode": "managed",
      "type": "genesyscloud_user",
      "name": "Workshop_user43",
      "provider": "provider[\"registry.terraform.io/mypurecloud/genesyscloud\"]",
      "instances": [
        {
          "schema_version": 1,
          "attributes": {
            "acd_auto_answer": false,
            "addresses": [],
            "certifications": [],
            "department": "",
            "division_id": "f2777e89-ef43-44f2-a570-e883729854ea",
            "email": "workshop43@genesystest.com",
            "employer_info": [],
            "id": "674840b2-c396-493b-9513-682c90f78590",
            "locations": [],
            "manager": "",
            "name": "Workshop User 43",
            "password": "Indyworkshop1!",
            "profile_skills": [],
            "routing_languages": [],
            "routing_skills": [
              {
                "proficiency": 4.5,
                "skill_id": "9a0554ea-8088-4550-b5cc-b6f8644fa73e"
              }
            ],
            "routing_utilization": [],
            "state": "active",
            "title": ""
          },
          "sensitive_attributes": [],
          "private": "eyJzY2hlbWFfdmVyc2lvbiI6IjEifQ==",
          "dependencies": [
            "data.genesyscloud_routing_skill.z43"
          ]
        }
      ]
    },
    {
      "mode": "managed",
      "type": "genesyscloud_user",
      "name": "Workshop_user44",
      "provider": "provider[\"registry.terraform.io/mypurecloud/genesyscloud\"]",
      "instances": [
        {
          "schema_version": 1,
          "attributes": {
            "acd_auto_answer": false,
            "addresses": [],
            "certifications": [],
            "department": "",
            "division_id": "f2777e89-ef43-44f2-a570-e883729854ea",
            "email": "workshop44@genesystest.com",
            "employer_info": [],
            "id": "a7d6c492-b175-42a6-a841-01380028cf47",
            "locations": [],
            "manager": "",
            "name": "Workshop User 44",
            "password": "Indyworkshop1!",
            "profile_skills": [],
            "routing_languages": [],
            "routing_skills": [
              {
                "proficiency": 4.5,
                "skill_id": "62d02c37-251f-4d2f-9443-8c533cca96f7"
              }
            ],
            "routing_utilization": [],
            "state": "active",
            "title": ""
          },
          "sensitive_attributes": [],
          "private": "eyJzY2hlbWFfdmVyc2lvbiI6IjEifQ==",
          "dependencies": [
            "data.genesyscloud_routing_skill.z44"
          ]
        }
      ]
    },
    {
      "mode": "managed",
      "type": "genesyscloud_user",
      "name": "Workshop_user45",
      "provider": "provider[\"registry.terraform.io/mypurecloud/genesyscloud\"]",
      "instances": [
        {
          "schema_version": 1,
          "attributes": {
            "acd_auto_answer": false,
            "addresses": [],
            "certifications": [],
            "department": "",
            "division_id": "f2777e89-ef43-44f2-a570-e883729854ea",
            "email": "workshop45@genesystest.com",
            "employer_info": [],
            "id": "16cadc31-a087-423c-aae1-e3a56e36629a",
            "locations": [],
            "manager": "",
            "name": "Workshop User 45",
            "password": "Indyworkshop1!",
            "profile_skills": [],
            "routing_languages": [],
            "routing_skills": [
              {
                "proficiency": 4.5,
                "skill_id": "15586098-e6d0-4a43-9cca-1265e40d69f3"
              }
            ],
            "routing_utilization": [],
            "state": "active",
            "title": ""
          },
          "sensitive_attributes": [],
          "private": "eyJzY2hlbWFfdmVyc2lvbiI6IjEifQ==",
          "dependencies": [
            "data.genesyscloud_routing_skill.z45"
          ]
        }
      ]
    },
    {
      "mode": "managed",
      "type": "genesyscloud_user",
      "name": "Workshop_user46",
      "provider": "provider[\"registry.terraform.io/mypurecloud/genesyscloud\"]",
      "instances": [
        {
          "schema_version": 1,
          "attributes": {
            "acd_auto_answer": false,
            "addresses": [],
            "certifications": [],
            "department": "",
            "division_id": "f2777e89-ef43-44f2-a570-e883729854ea",
            "email": "workshop46@genesystest.com",
            "employer_info": [],
            "id": "1277e751-1281-4113-84c9-1300be88a991",
            "locations": [],
            "manager": "",
            "name": "Workshop User 46",
            "password": "Indyworkshop1!",
            "profile_skills": [],
            "routing_languages": [],
            "routing_skills": [
              {
                "proficiency": 4.5,
                "skill_id": "79b2bb07-7ec4-4d43-9f13-a6ad338f7edd"
              }
            ],
            "routing_utilization": [],
            "state": "active",
            "title": ""
          },
          "sensitive_attributes": [],
          "private": "eyJzY2hlbWFfdmVyc2lvbiI6IjEifQ==",
          "dependencies": [
            "data.genesyscloud_routing_skill.z46"
          ]
        }
      ]
    },
    {
      "mode": "managed",
      "type": "genesyscloud_user",
      "name": "Workshop_user47",
      "provider": "provider[\"registry.terraform.io/mypurecloud/genesyscloud\"]",
      "instances": [
        {
          "schema_version": 1,
          "attributes": {
            "acd_auto_answer": false,
            "addresses": [],
            "certifications": [],
            "department": "",
            "division_id": "f2777e89-ef43-44f2-a570-e883729854ea",
            "email": "workshop47@genesystest.com",
            "employer_info": [],
            "id": "b005b595-648d-4aaa-8293-23e4e706c6bc",
            "locations": [],
            "manager": "",
            "name": "Workshop User 47",
            "password": "Indyworkshop1!",
            "profile_skills": [],
            "routing_languages": [],
            "routing_skills": [
              {
                "proficiency": 4.5,
                "skill_id": "33522273-9aa7-486c-9f04-08c4a9a64f11"
              }
            ],
            "routing_utilization": [],
            "state": "active",
            "title": ""
          },
          "sensitive_attributes": [],
          "private": "eyJzY2hlbWFfdmVyc2lvbiI6IjEifQ==",
          "dependencies": [
            "data.genesyscloud_routing_skill.z47"
          ]
        }
      ]
    },
    {
      "mode": "managed",
      "type": "genesyscloud_user",
      "name": "Workshop_user48",
      "provider": "provider[\"registry.terraform.io/mypurecloud/genesyscloud\"]",
      "instances": [
        {
          "schema_version": 1,
          "attributes": {
            "acd_auto_answer": false,
            "addresses": [],
            "certifications": [],
            "department": "",
            "division_id": "f2777e89-ef43-44f2-a570-e883729854ea",
            "email": "workshop48@genesystest.com",
            "employer_info": [],
            "id": "f6a703c8-cef3-4b88-b17f-81e4ffabf324",
            "locations": [],
            "manager": "",
            "name": "Workshop User 48",
            "password": "Indyworkshop1!",
            "profile_skills": [],
            "routing_languages": [],
            "routing_skills": [
              {
                "proficiency": 4.5,
                "skill_id": "a5a34a49-baa5-44a1-92a9-b68881fe152c"
              }
            ],
            "routing_utilization": [],
            "state": "active",
            "title": ""
          },
          "sensitive_attributes": [],
          "private": "eyJzY2hlbWFfdmVyc2lvbiI6IjEifQ==",
          "dependencies": [
            "data.genesyscloud_routing_skill.z48"
          ]
        }
      ]
    },
    {
      "mode": "managed",
      "type": "genesyscloud_user",
      "name": "Workshop_user49",
      "provider": "provider[\"registry.terraform.io/mypurecloud/genesyscloud\"]",
      "instances": [
        {
          "schema_version": 1,
          "attributes": {
            "acd_auto_answer": false,
            "addresses": [],
            "certifications": [],
            "department": "",
            "division_id": "f2777e89-ef43-44f2-a570-e883729854ea",
            "email": "workshop49@genesystest.com",
            "employer_info": [],
            "id": "5a78d831-1ce5-4f93-b742-2ef3438b2abe",
            "locations": [],
            "manager": "",
            "name": "Workshop User 49",
            "password": "Indyworkshop1!",
            "profile_skills": [],
            "routing_languages": [],
            "routing_skills": [
              {
                "proficiency": 4.5,
                "skill_id": "d3dd8052-f889-46cb-b741-c901f9166b3e"
              }
            ],
            "routing_utilization": [],
            "state": "active",
            "title": ""
          },
          "sensitive_attributes": [],
          "private": "eyJzY2hlbWFfdmVyc2lvbiI6IjEifQ==",
          "dependencies": [
            "data.genesyscloud_routing_skill.z49"
          ]
        }
      ]
    },
    {
      "mode": "managed",
      "type": "genesyscloud_user",
      "name": "Workshop_user5",
      "provider": "provider[\"registry.terraform.io/mypurecloud/genesyscloud\"]",
      "instances": [
        {
          "schema_version": 1,
          "attributes": {
            "acd_auto_answer": false,
            "addresses": [],
            "certifications": [],
            "department": "",
            "division_id": "f2777e89-ef43-44f2-a570-e883729854ea",
            "email": "workshop05@genesystest.com",
            "employer_info": [],
            "id": "69dd2e4a-d105-430b-8d6d-cf8aab3aaed5",
            "locations": [],
            "manager": "",
            "name": "Workshop User 05",
            "password": "Indyworkshop1!",
            "profile_skills": [],
            "routing_languages": [],
            "routing_skills": [
              {
                "proficiency": 4.5,
                "skill_id": "2b819b9a-3579-4dea-8228-535a1aa23126"
              }
            ],
            "routing_utilization": [],
            "state": "active",
            "title": ""
          },
          "sensitive_attributes": [],
          "private": "eyJzY2hlbWFfdmVyc2lvbiI6IjEifQ==",
          "dependencies": [
            "data.genesyscloud_routing_skill.z5"
          ]
        }
      ]
    },
    {
      "mode": "managed",
      "type": "genesyscloud_user",
      "name": "Workshop_user50",
      "provider": "provider[\"registry.terraform.io/mypurecloud/genesyscloud\"]",
      "instances": [
        {
          "schema_version": 1,
          "attributes": {
            "acd_auto_answer": false,
            "addresses": [],
            "certifications": [],
            "department": "",
            "division_id": "f2777e89-ef43-44f2-a570-e883729854ea",
            "email": "workshop50@genesystest.com",
            "employer_info": [],
            "id": "b4b3a5f1-11c5-4d7c-a245-024508f065b1",
            "locations": [],
            "manager": "",
            "name": "Workshop User 50",
            "password": "Indyworkshop1!",
            "profile_skills": [],
            "routing_languages": [],
            "routing_skills": [
              {
                "proficiency": 4.5,
                "skill_id": "f9fbb3c6-3511-44da-94ee-fd61ca098a01"
              }
            ],
            "routing_utilization": [],
            "state": "active",
            "title": ""
          },
          "sensitive_attributes": [],
          "private": "eyJzY2hlbWFfdmVyc2lvbiI6IjEifQ==",
          "dependencies": [
            "data.genesyscloud_routing_skill.z50"
          ]
        }
      ]
    },
    {
      "mode": "managed",
      "type": "genesyscloud_user",
      "name": "Workshop_user51",
      "provider": "provider[\"registry.terraform.io/mypurecloud/genesyscloud\"]",
      "instances": [
        {
          "schema_version": 1,
          "attributes": {
            "acd_auto_answer": false,
            "addresses": [],
            "certifications": [],
            "department": "",
            "division_id": "f2777e89-ef43-44f2-a570-e883729854ea",
            "email": "workshop51@genesystest.com",
            "employer_info": [],
            "id": "1d69759f-09c3-42a9-beaa-545b96ee4eb0",
            "locations": [],
            "manager": "",
            "name": "Workshop User 51",
            "password": "Indyworkshop1!",
            "profile_skills": [],
            "routing_languages": [],
            "routing_skills": [
              {
                "proficiency": 4.5,
                "skill_id": "f5fc0c8e-6f18-46b3-a8c9-71c7c253e720"
              }
            ],
            "routing_utilization": [],
            "state": "active",
            "title": ""
          },
          "sensitive_attributes": [],
          "private": "eyJzY2hlbWFfdmVyc2lvbiI6IjEifQ==",
          "dependencies": [
            "data.genesyscloud_routing_skill.z51"
          ]
        }
      ]
    },
    {
      "mode": "managed",
      "type": "genesyscloud_user",
      "name": "Workshop_user52",
      "provider": "provider[\"registry.terraform.io/mypurecloud/genesyscloud\"]",
      "instances": [
        {
          "schema_version": 1,
          "attributes": {
            "acd_auto_answer": false,
            "addresses": [],
            "certifications": [],
            "department": "",
            "division_id": "f2777e89-ef43-44f2-a570-e883729854ea",
            "email": "workshop52@genesystest.com",
            "employer_info": [],
            "id": "e2469fc3-7341-4881-8ab1-9ec9ce2587e6",
            "locations": [],
            "manager": "",
            "name": "Workshop User 52",
            "password": "Indyworkshop1!",
            "profile_skills": [],
            "routing_languages": [],
            "routing_skills": [
              {
                "proficiency": 4.5,
                "skill_id": "e5d5ad92-8dba-4168-8ada-64ed090dba63"
              }
            ],
            "routing_utilization": [],
            "state": "active",
            "title": ""
          },
          "sensitive_attributes": [],
          "private": "eyJzY2hlbWFfdmVyc2lvbiI6IjEifQ==",
          "dependencies": [
            "data.genesyscloud_routing_skill.z52"
          ]
        }
      ]
    },
    {
      "mode": "managed",
      "type": "genesyscloud_user",
      "name": "Workshop_user53",
      "provider": "provider[\"registry.terraform.io/mypurecloud/genesyscloud\"]",
      "instances": [
        {
          "schema_version": 1,
          "attributes": {
            "acd_auto_answer": false,
            "addresses": [],
            "certifications": [],
            "department": "",
            "division_id": "f2777e89-ef43-44f2-a570-e883729854ea",
            "email": "workshop53@genesystest.com",
            "employer_info": [],
            "id": "95329c71-6e68-4c77-9d57-9adbd64a3abc",
            "locations": [],
            "manager": "",
            "name": "Workshop User 53",
            "password": "Indyworkshop1!",
            "profile_skills": [],
            "routing_languages": [],
            "routing_skills": [
              {
                "proficiency": 4.5,
                "skill_id": "01807bd0-3c32-4c53-9b4b-02e09a9c18cf"
              }
            ],
            "routing_utilization": [],
            "state": "active",
            "title": ""
          },
          "sensitive_attributes": [],
          "private": "eyJzY2hlbWFfdmVyc2lvbiI6IjEifQ==",
          "dependencies": [
            "data.genesyscloud_routing_skill.z53"
          ]
        }
      ]
    },
    {
      "mode": "managed",
      "type": "genesyscloud_user",
      "name": "Workshop_user54",
      "provider": "provider[\"registry.terraform.io/mypurecloud/genesyscloud\"]",
      "instances": [
        {
          "schema_version": 1,
          "attributes": {
            "acd_auto_answer": false,
            "addresses": [],
            "certifications": [],
            "department": "",
            "division_id": "f2777e89-ef43-44f2-a570-e883729854ea",
            "email": "workshop54@genesystest.com",
            "employer_info": [],
            "id": "c41d7143-eeda-4887-a1d9-b48d26f350d0",
            "locations": [],
            "manager": "",
            "name": "Workshop User 54",
            "password": "Indyworkshop1!",
            "profile_skills": [],
            "routing_languages": [],
            "routing_skills": [
              {
                "proficiency": 4.5,
                "skill_id": "d454c9d8-81f0-4ff6-8f4c-99e994f544d5"
              }
            ],
            "routing_utilization": [],
            "state": "active",
            "title": ""
          },
          "sensitive_attributes": [],
          "private": "eyJzY2hlbWFfdmVyc2lvbiI6IjEifQ==",
          "dependencies": [
            "data.genesyscloud_routing_skill.z54"
          ]
        }
      ]
    },
    {
      "mode": "managed",
      "type": "genesyscloud_user",
      "name": "Workshop_user55",
      "provider": "provider[\"registry.terraform.io/mypurecloud/genesyscloud\"]",
      "instances": [
        {
          "schema_version": 1,
          "attributes": {
            "acd_auto_answer": false,
            "addresses": [],
            "certifications": [],
            "department": "",
            "division_id": "f2777e89-ef43-44f2-a570-e883729854ea",
            "email": "workshop55@genesystest.com",
            "employer_info": [],
            "id": "55fcb94e-eeec-422f-a0ed-c2e23183096c",
            "locations": [],
            "manager": "",
            "name": "Workshop User 55",
            "password": "Indyworkshop1!",
            "profile_skills": [],
            "routing_languages": [],
            "routing_skills": [
              {
                "proficiency": 4.5,
                "skill_id": "0b361a06-d0fa-45f6-bb5a-1db768b7be42"
              }
            ],
            "routing_utilization": [],
            "state": "active",
            "title": ""
          },
          "sensitive_attributes": [],
          "private": "eyJzY2hlbWFfdmVyc2lvbiI6IjEifQ==",
          "dependencies": [
            "data.genesyscloud_routing_skill.z55"
          ]
        }
      ]
    },
    {
      "mode": "managed",
      "type": "genesyscloud_user",
      "name": "Workshop_user56",
      "provider": "provider[\"registry.terraform.io/mypurecloud/genesyscloud\"]",
      "instances": [
        {
          "schema_version": 1,
          "attributes": {
            "acd_auto_answer": false,
            "addresses": [],
            "certifications": [],
            "department": "",
            "division_id": "f2777e89-ef43-44f2-a570-e883729854ea",
            "email": "workshop56@genesystest.com",
            "employer_info": [],
            "id": "aedd13b1-7804-421d-96e2-8006e85ccc91",
            "locations": [],
            "manager": "",
            "name": "Workshop User 56",
            "password": "Indyworkshop1!",
            "profile_skills": [],
            "routing_languages": [],
            "routing_skills": [
              {
                "proficiency": 4.5,
                "skill_id": "df99e8da-8938-4539-8cae-e0fea1f26f48"
              }
            ],
            "routing_utilization": [],
            "state": "active",
            "title": ""
          },
          "sensitive_attributes": [],
          "private": "eyJzY2hlbWFfdmVyc2lvbiI6IjEifQ==",
          "dependencies": [
            "data.genesyscloud_routing_skill.z56"
          ]
        }
      ]
    },
    {
      "mode": "managed",
      "type": "genesyscloud_user",
      "name": "Workshop_user57",
      "provider": "provider[\"registry.terraform.io/mypurecloud/genesyscloud\"]",
      "instances": [
        {
          "schema_version": 1,
          "attributes": {
            "acd_auto_answer": false,
            "addresses": [],
            "certifications": [],
            "department": "",
            "division_id": "f2777e89-ef43-44f2-a570-e883729854ea",
            "email": "workshop57@genesystest.com",
            "employer_info": [],
            "id": "d78afacb-e39a-4b88-8415-95fa38f1a709",
            "locations": [],
            "manager": "",
            "name": "Workshop User 57",
            "password": "Indyworkshop1!",
            "profile_skills": [],
            "routing_languages": [],
            "routing_skills": [
              {
                "proficiency": 4.5,
                "skill_id": "0b62260e-b0a3-48de-92c5-5eaed4463dfb"
              }
            ],
            "routing_utilization": [],
            "state": "active",
            "title": ""
          },
          "sensitive_attributes": [],
          "private": "eyJzY2hlbWFfdmVyc2lvbiI6IjEifQ==",
          "dependencies": [
            "data.genesyscloud_routing_skill.z57"
          ]
        }
      ]
    },
    {
      "mode": "managed",
      "type": "genesyscloud_user",
      "name": "Workshop_user58",
      "provider": "provider[\"registry.terraform.io/mypurecloud/genesyscloud\"]",
      "instances": [
        {
          "schema_version": 1,
          "attributes": {
            "acd_auto_answer": false,
            "addresses": [],
            "certifications": [],
            "department": "",
            "division_id": "f2777e89-ef43-44f2-a570-e883729854ea",
            "email": "workshop58@genesystest.com",
            "employer_info": [],
            "id": "eb5a3da3-57a2-4e5a-855f-47b516c407ea",
            "locations": [],
            "manager": "",
            "name": "Workshop User 58",
            "password": "Indyworkshop1!",
            "profile_skills": [],
            "routing_languages": [],
            "routing_skills": [
              {
                "proficiency": 4.5,
                "skill_id": "3df41770-bd91-4933-8890-9d3cc33c1036"
              }
            ],
            "routing_utilization": [],
            "state": "active",
            "title": ""
          },
          "sensitive_attributes": [],
          "private": "eyJzY2hlbWFfdmVyc2lvbiI6IjEifQ==",
          "dependencies": [
            "data.genesyscloud_routing_skill.z58"
          ]
        }
      ]
    },
    {
      "mode": "managed",
      "type": "genesyscloud_user",
      "name": "Workshop_user59",
      "provider": "provider[\"registry.terraform.io/mypurecloud/genesyscloud\"]",
      "instances": [
        {
          "schema_version": 1,
          "attributes": {
            "acd_auto_answer": false,
            "addresses": [],
            "certifications": [],
            "department": "",
            "division_id": "f2777e89-ef43-44f2-a570-e883729854ea",
            "email": "workshop59@genesystest.com",
            "employer_info": [],
            "id": "55dd9219-2710-4ef1-9c9d-5cc2bc322139",
            "locations": [],
            "manager": "",
            "name": "Workshop User 59",
            "password": "Indyworkshop1!",
            "profile_skills": [],
            "routing_languages": [],
            "routing_skills": [
              {
                "proficiency": 4.5,
                "skill_id": "d3c6acf9-5340-4375-937d-78f629d9524c"
              }
            ],
            "routing_utilization": [],
            "state": "active",
            "title": ""
          },
          "sensitive_attributes": [],
          "private": "eyJzY2hlbWFfdmVyc2lvbiI6IjEifQ==",
          "dependencies": [
            "data.genesyscloud_routing_skill.z59"
          ]
        }
      ]
    },
    {
      "mode": "managed",
      "type": "genesyscloud_user",
      "name": "Workshop_user6",
      "provider": "provider[\"registry.terraform.io/mypurecloud/genesyscloud\"]",
      "instances": [
        {
          "schema_version": 1,
          "attributes": {
            "acd_auto_answer": false,
            "addresses": [],
            "certifications": [],
            "department": "",
            "division_id": "f2777e89-ef43-44f2-a570-e883729854ea",
            "email": "workshop06@genesystest.com",
            "employer_info": [],
            "id": "0751f294-d1c9-446f-a3a1-362d151c1619",
            "locations": [],
            "manager": "",
            "name": "Workshop User 06",
            "password": "Indyworkshop1!",
            "profile_skills": [],
            "routing_languages": [],
            "routing_skills": [
              {
                "proficiency": 4.5,
                "skill_id": "63fecb3d-fcb9-4765-99b2-c94a1307b670"
              }
            ],
            "routing_utilization": [],
            "state": "active",
            "title": ""
          },
          "sensitive_attributes": [],
          "private": "eyJzY2hlbWFfdmVyc2lvbiI6IjEifQ==",
          "dependencies": [
            "data.genesyscloud_routing_skill.z6"
          ]
        }
      ]
    },
    {
      "mode": "managed",
      "type": "genesyscloud_user",
      "name": "Workshop_user60",
      "provider": "provider[\"registry.terraform.io/mypurecloud/genesyscloud\"]",
      "instances": [
        {
          "schema_version": 1,
          "attributes": {
            "acd_auto_answer": false,
            "addresses": [],
            "certifications": [],
            "department": "",
            "division_id": "f2777e89-ef43-44f2-a570-e883729854ea",
            "email": "workshop60@genesystest.com",
            "employer_info": [],
            "id": "ae18e99e-4a77-4c29-9d7a-0e6a7445e90f",
            "locations": [],
            "manager": "",
            "name": "Workshop User 60",
            "password": "Indyworkshop1!",
            "profile_skills": [],
            "routing_languages": [],
            "routing_skills": [
              {
                "proficiency": 4.5,
                "skill_id": "ac38c09d-f3ba-47b9-9757-08b3f0fecad7"
              }
            ],
            "routing_utilization": [],
            "state": "active",
            "title": ""
          },
          "sensitive_attributes": [],
          "private": "eyJzY2hlbWFfdmVyc2lvbiI6IjEifQ==",
          "dependencies": [
            "data.genesyscloud_routing_skill.z60"
          ]
        }
      ]
    },
    {
      "mode": "managed",
      "type": "genesyscloud_user",
      "name": "Workshop_user61",
      "provider": "provider[\"registry.terraform.io/mypurecloud/genesyscloud\"]",
      "instances": [
        {
          "schema_version": 1,
          "attributes": {
            "acd_auto_answer": false,
            "addresses": [],
            "certifications": [],
            "department": "",
            "division_id": "f2777e89-ef43-44f2-a570-e883729854ea",
            "email": "workshop61@genesystest.com",
            "employer_info": [],
            "id": "e4c06ed3-fbc1-4b31-8005-824e59039b58",
            "locations": [],
            "manager": "",
            "name": "Workshop User 61",
            "password": "Indyworkshop1!",
            "profile_skills": [],
            "routing_languages": [],
            "routing_skills": [
              {
                "proficiency": 4.5,
                "skill_id": "ae822cfb-8bf0-45be-bca9-568a62797bda"
              }
            ],
            "routing_utilization": [],
            "state": "active",
            "title": ""
          },
          "sensitive_attributes": [],
          "private": "eyJzY2hlbWFfdmVyc2lvbiI6IjEifQ==",
          "dependencies": [
            "data.genesyscloud_routing_skill.z61"
          ]
        }
      ]
    },
    {
      "mode": "managed",
      "type": "genesyscloud_user",
      "name": "Workshop_user62",
      "provider": "provider[\"registry.terraform.io/mypurecloud/genesyscloud\"]",
      "instances": [
        {
          "schema_version": 1,
          "attributes": {
            "acd_auto_answer": false,
            "addresses": [],
            "certifications": [],
            "department": "",
            "division_id": "f2777e89-ef43-44f2-a570-e883729854ea",
            "email": "workshop62@genesystest.com",
            "employer_info": [],
            "id": "56575e44-4475-4bd3-85ec-0704ab8e6d95",
            "locations": [],
            "manager": "",
            "name": "Workshop User 62",
            "password": "Indyworkshop1!",
            "profile_skills": [],
            "routing_languages": [],
            "routing_skills": [
              {
                "proficiency": 4.5,
                "skill_id": "093ad350-a9f4-4606-901c-5b809602f0c9"
              }
            ],
            "routing_utilization": [],
            "state": "active",
            "title": ""
          },
          "sensitive_attributes": [],
          "private": "eyJzY2hlbWFfdmVyc2lvbiI6IjEifQ==",
          "dependencies": [
            "data.genesyscloud_routing_skill.z62"
          ]
        }
      ]
    },
    {
      "mode": "managed",
      "type": "genesyscloud_user",
      "name": "Workshop_user63",
      "provider": "provider[\"registry.terraform.io/mypurecloud/genesyscloud\"]",
      "instances": [
        {
          "schema_version": 1,
          "attributes": {
            "acd_auto_answer": false,
            "addresses": [],
            "certifications": [],
            "department": "",
            "division_id": "f2777e89-ef43-44f2-a570-e883729854ea",
            "email": "workshop63@genesystest.com",
            "employer_info": [],
            "id": "3c75c291-81b9-4c05-8e2e-706b50b9b618",
            "locations": [],
            "manager": "",
            "name": "Workshop User 63",
            "password": "Indyworkshop1!",
            "profile_skills": [],
            "routing_languages": [],
            "routing_skills": [
              {
                "proficiency": 4.5,
                "skill_id": "cf13f62a-2b43-4dc4-993f-d2e5aadee964"
              }
            ],
            "routing_utilization": [],
            "state": "active",
            "title": ""
          },
          "sensitive_attributes": [],
          "private": "eyJzY2hlbWFfdmVyc2lvbiI6IjEifQ==",
          "dependencies": [
            "data.genesyscloud_routing_skill.z63"
          ]
        }
      ]
    },
    {
      "mode": "managed",
      "type": "genesyscloud_user",
      "name": "Workshop_user64",
      "provider": "provider[\"registry.terraform.io/mypurecloud/genesyscloud\"]",
      "instances": [
        {
          "schema_version": 1,
          "attributes": {
            "acd_auto_answer": false,
            "addresses": [],
            "certifications": [],
            "department": "",
            "division_id": "f2777e89-ef43-44f2-a570-e883729854ea",
            "email": "workshop64@genesystest.com",
            "employer_info": [],
            "id": "54615dd5-457b-4a2b-b953-3a3c0a66da21",
            "locations": [],
            "manager": "",
            "name": "Workshop User 64",
            "password": "Indyworkshop1!",
            "profile_skills": [],
            "routing_languages": [],
            "routing_skills": [
              {
                "proficiency": 4.5,
                "skill_id": "65020080-7085-4890-9918-7e38288cc1d6"
              }
            ],
            "routing_utilization": [],
            "state": "active",
            "title": ""
          },
          "sensitive_attributes": [],
          "private": "eyJzY2hlbWFfdmVyc2lvbiI6IjEifQ==",
          "dependencies": [
            "data.genesyscloud_routing_skill.z64"
          ]
        }
      ]
    },
    {
      "mode": "managed",
      "type": "genesyscloud_user",
      "name": "Workshop_user65",
      "provider": "provider[\"registry.terraform.io/mypurecloud/genesyscloud\"]",
      "instances": [
        {
          "schema_version": 1,
          "attributes": {
            "acd_auto_answer": false,
            "addresses": [],
            "certifications": [],
            "department": "",
            "division_id": "f2777e89-ef43-44f2-a570-e883729854ea",
            "email": "workshop65@genesystest.com",
            "employer_info": [],
            "id": "299fc702-6c6f-47f3-b4cb-05ed6d56a7b6",
            "locations": [],
            "manager": "",
            "name": "Workshop User 65",
            "password": "Indyworkshop1!",
            "profile_skills": [],
            "routing_languages": [],
            "routing_skills": [
              {
                "proficiency": 4.5,
                "skill_id": "50420ddf-a631-4658-adcd-418c1ad824b3"
              }
            ],
            "routing_utilization": [],
            "state": "active",
            "title": ""
          },
          "sensitive_attributes": [],
          "private": "eyJzY2hlbWFfdmVyc2lvbiI6IjEifQ==",
          "dependencies": [
            "data.genesyscloud_routing_skill.z65"
          ]
        }
      ]
    },
    {
      "mode": "managed",
      "type": "genesyscloud_user",
      "name": "Workshop_user66",
      "provider": "provider[\"registry.terraform.io/mypurecloud/genesyscloud\"]",
      "instances": [
        {
          "schema_version": 1,
          "attributes": {
            "acd_auto_answer": false,
            "addresses": [],
            "certifications": [],
            "department": "",
            "division_id": "f2777e89-ef43-44f2-a570-e883729854ea",
            "email": "workshop66@genesystest.com",
            "employer_info": [],
            "id": "5e508cdf-cf79-4419-92e8-38fc0cc197fe",
            "locations": [],
            "manager": "",
            "name": "Workshop User 66",
            "password": "Indyworkshop1!",
            "profile_skills": [],
            "routing_languages": [],
            "routing_skills": [
              {
                "proficiency": 4.5,
                "skill_id": "f9ce9896-bb5c-4e3b-9b28-f29108e55957"
              }
            ],
            "routing_utilization": [],
            "state": "active",
            "title": ""
          },
          "sensitive_attributes": [],
          "private": "eyJzY2hlbWFfdmVyc2lvbiI6IjEifQ==",
          "dependencies": [
            "data.genesyscloud_routing_skill.z66"
          ]
        }
      ]
    },
    {
      "mode": "managed",
      "type": "genesyscloud_user",
      "name": "Workshop_user67",
      "provider": "provider[\"registry.terraform.io/mypurecloud/genesyscloud\"]",
      "instances": [
        {
          "schema_version": 1,
          "attributes": {
            "acd_auto_answer": false,
            "addresses": [],
            "certifications": [],
            "department": "",
            "division_id": "f2777e89-ef43-44f2-a570-e883729854ea",
            "email": "workshop67@genesystest.com",
            "employer_info": [],
            "id": "a93e48b8-0e6c-4aeb-a75f-003fdd744a34",
            "locations": [],
            "manager": "",
            "name": "Workshop User 67",
            "password": "Indyworkshop1!",
            "profile_skills": [],
            "routing_languages": [],
            "routing_skills": [
              {
                "proficiency": 4.5,
                "skill_id": "b2b553b0-3ca3-4ce8-ae1b-f5d8f117e6fc"
              }
            ],
            "routing_utilization": [],
            "state": "active",
            "title": ""
          },
          "sensitive_attributes": [],
          "private": "eyJzY2hlbWFfdmVyc2lvbiI6IjEifQ==",
          "dependencies": [
            "data.genesyscloud_routing_skill.z67"
          ]
        }
      ]
    },
    {
      "mode": "managed",
      "type": "genesyscloud_user",
      "name": "Workshop_user68",
      "provider": "provider[\"registry.terraform.io/mypurecloud/genesyscloud\"]",
      "instances": [
        {
          "schema_version": 1,
          "attributes": {
            "acd_auto_answer": false,
            "addresses": [],
            "certifications": [],
            "department": "",
            "division_id": "f2777e89-ef43-44f2-a570-e883729854ea",
            "email": "workshop68@genesystest.com",
            "employer_info": [],
            "id": "1af1ec32-2153-4f65-8733-dfac8f60281a",
            "locations": [],
            "manager": "",
            "name": "Workshop User 68",
            "password": "Indyworkshop1!",
            "profile_skills": [],
            "routing_languages": [],
            "routing_skills": [
              {
                "proficiency": 4.5,
                "skill_id": "49ff0a2a-e3f0-46e4-9511-91d50a36982e"
              }
            ],
            "routing_utilization": [],
            "state": "active",
            "title": ""
          },
          "sensitive_attributes": [],
          "private": "eyJzY2hlbWFfdmVyc2lvbiI6IjEifQ==",
          "dependencies": [
            "data.genesyscloud_routing_skill.z68"
          ]
        }
      ]
    },
    {
      "mode": "managed",
      "type": "genesyscloud_user",
      "name": "Workshop_user69",
      "provider": "provider[\"registry.terraform.io/mypurecloud/genesyscloud\"]",
      "instances": [
        {
          "schema_version": 1,
          "attributes": {
            "acd_auto_answer": false,
            "addresses": [],
            "certifications": [],
            "department": "",
            "division_id": "f2777e89-ef43-44f2-a570-e883729854ea",
            "email": "workshop69@genesystest.com",
            "employer_info": [],
            "id": "0e3ba0c6-ebd0-4de7-b6bd-32b5fa207235",
            "locations": [],
            "manager": "",
            "name": "Workshop User 69",
            "password": "Indyworkshop1!",
            "profile_skills": [],
            "routing_languages": [],
            "routing_skills": [
              {
                "proficiency": 4.5,
                "skill_id": "54ad549f-2d37-4c65-914a-94f52593ab8d"
              }
            ],
            "routing_utilization": [],
            "state": "active",
            "title": ""
          },
          "sensitive_attributes": [],
          "private": "eyJzY2hlbWFfdmVyc2lvbiI6IjEifQ==",
          "dependencies": [
            "data.genesyscloud_routing_skill.z69"
          ]
        }
      ]
    },
    {
      "mode": "managed",
      "type": "genesyscloud_user",
      "name": "Workshop_user7",
      "provider": "provider[\"registry.terraform.io/mypurecloud/genesyscloud\"]",
      "instances": [
        {
          "schema_version": 1,
          "attributes": {
            "acd_auto_answer": false,
            "addresses": [],
            "certifications": [],
            "department": "",
            "division_id": "f2777e89-ef43-44f2-a570-e883729854ea",
            "email": "workshop07@genesystest.com",
            "employer_info": [],
            "id": "457a6149-ec08-40d6-8c96-dc414df15b9f",
            "locations": [],
            "manager": "",
            "name": "Workshop User 07",
            "password": "Indyworkshop1!",
            "profile_skills": [],
            "routing_languages": [],
            "routing_skills": [
              {
                "proficiency": 4.5,
                "skill_id": "2a915990-b7c8-4f78-b5f1-de48a9b0ae1c"
              }
            ],
            "routing_utilization": [],
            "state": "active",
            "title": ""
          },
          "sensitive_attributes": [],
          "private": "eyJzY2hlbWFfdmVyc2lvbiI6IjEifQ==",
          "dependencies": [
            "data.genesyscloud_routing_skill.z7"
          ]
        }
      ]
    },
    {
      "mode": "managed",
      "type": "genesyscloud_user",
      "name": "Workshop_user70",
      "provider": "provider[\"registry.terraform.io/mypurecloud/genesyscloud\"]",
      "instances": [
        {
          "schema_version": 1,
          "attributes": {
            "acd_auto_answer": false,
            "addresses": [],
            "certifications": [],
            "department": "",
            "division_id": "f2777e89-ef43-44f2-a570-e883729854ea",
            "email": "workshop70@genesystest.com",
            "employer_info": [],
            "id": "cd4b5d2b-1ee6-41a6-bf00-e8f3ecb9e8fa",
            "locations": [],
            "manager": "",
            "name": "Workshop User 70",
            "password": "Indyworkshop1!",
            "profile_skills": [],
            "routing_languages": [],
            "routing_skills": [
              {
                "proficiency": 4.5,
                "skill_id": "4ef2f0a2-9e81-4f00-b4e9-a5a9f73e0d47"
              }
            ],
            "routing_utilization": [],
            "state": "active",
            "title": ""
          },
          "sensitive_attributes": [],
          "private": "eyJzY2hlbWFfdmVyc2lvbiI6IjEifQ==",
          "dependencies": [
            "data.genesyscloud_routing_skill.z70"
          ]
        }
      ]
    },
    {
      "mode": "managed",
      "type": "genesyscloud_user",
      "name": "Workshop_user71",
      "provider": "provider[\"registry.terraform.io/mypurecloud/genesyscloud\"]",
      "instances": [
        {
          "schema_version": 1,
          "attributes": {
            "acd_auto_answer": false,
            "addresses": [],
            "certifications": [],
            "department": "",
            "division_id": "f2777e89-ef43-44f2-a570-e883729854ea",
            "email": "workshop71@genesystest.com",
            "employer_info": [],
            "id": "5408f654-fb93-476f-a2b7-e2d3e427a472",
            "locations": [],
            "manager": "",
            "name": "Workshop User 71",
            "password": "Indyworkshop1!",
            "profile_skills": [],
            "routing_languages": [],
            "routing_skills": [
              {
                "proficiency": 4.5,
                "skill_id": "3e724d89-678a-4fbe-9639-a6d0ad72ddbd"
              }
            ],
            "routing_utilization": [],
            "state": "active",
            "title": ""
          },
          "sensitive_attributes": [],
          "private": "eyJzY2hlbWFfdmVyc2lvbiI6IjEifQ==",
          "dependencies": [
            "data.genesyscloud_routing_skill.z71"
          ]
        }
      ]
    },
    {
      "mode": "managed",
      "type": "genesyscloud_user",
      "name": "Workshop_user72",
      "provider": "provider[\"registry.terraform.io/mypurecloud/genesyscloud\"]",
      "instances": [
        {
          "schema_version": 1,
          "attributes": {
            "acd_auto_answer": false,
            "addresses": [],
            "certifications": [],
            "department": "",
            "division_id": "f2777e89-ef43-44f2-a570-e883729854ea",
            "email": "workshop72@genesystest.com",
            "employer_info": [],
            "id": "6fc13cea-5233-4833-b621-84b0d7749fe0",
            "locations": [],
            "manager": "",
            "name": "Workshop User 72",
            "password": "Indyworkshop1!",
            "profile_skills": [],
            "routing_languages": [],
            "routing_skills": [
              {
                "proficiency": 4.5,
                "skill_id": "eaddd72b-e108-416e-b4ab-3e34cdaf1566"
              }
            ],
            "routing_utilization": [],
            "state": "active",
            "title": ""
          },
          "sensitive_attributes": [],
          "private": "eyJzY2hlbWFfdmVyc2lvbiI6IjEifQ==",
          "dependencies": [
            "data.genesyscloud_routing_skill.z72"
          ]
        }
      ]
    },
    {
      "mode": "managed",
      "type": "genesyscloud_user",
      "name": "Workshop_user73",
      "provider": "provider[\"registry.terraform.io/mypurecloud/genesyscloud\"]",
      "instances": [
        {
          "schema_version": 1,
          "attributes": {
            "acd_auto_answer": false,
            "addresses": [],
            "certifications": [],
            "department": "",
            "division_id": "f2777e89-ef43-44f2-a570-e883729854ea",
            "email": "workshop73@genesystest.com",
            "employer_info": [],
            "id": "61303a1c-a59a-42c6-b4f7-8bb4a16d7247",
            "locations": [],
            "manager": "",
            "name": "Workshop User 73",
            "password": "Indyworkshop1!",
            "profile_skills": [],
            "routing_languages": [],
            "routing_skills": [
              {
                "proficiency": 4.5,
                "skill_id": "43ed2229-ea55-44e2-b961-31c66e080edf"
              }
            ],
            "routing_utilization": [],
            "state": "active",
            "title": ""
          },
          "sensitive_attributes": [],
          "private": "eyJzY2hlbWFfdmVyc2lvbiI6IjEifQ==",
          "dependencies": [
            "data.genesyscloud_routing_skill.z73"
          ]
        }
      ]
    },
    {
      "mode": "managed",
      "type": "genesyscloud_user",
      "name": "Workshop_user74",
      "provider": "provider[\"registry.terraform.io/mypurecloud/genesyscloud\"]",
      "instances": [
        {
          "schema_version": 1,
          "attributes": {
            "acd_auto_answer": false,
            "addresses": [],
            "certifications": [],
            "department": "",
            "division_id": "f2777e89-ef43-44f2-a570-e883729854ea",
            "email": "workshop74@genesystest.com",
            "employer_info": [],
            "id": "081c5cb6-f37f-432d-978b-ed5cc7191c18",
            "locations": [],
            "manager": "",
            "name": "Workshop User 74",
            "password": "Indyworkshop1!",
            "profile_skills": [],
            "routing_languages": [],
            "routing_skills": [
              {
                "proficiency": 4.5,
                "skill_id": "e0e5abfd-e67c-4e25-8381-d5515cbb92cd"
              }
            ],
            "routing_utilization": [],
            "state": "active",
            "title": ""
          },
          "sensitive_attributes": [],
          "private": "eyJzY2hlbWFfdmVyc2lvbiI6IjEifQ==",
          "dependencies": [
            "data.genesyscloud_routing_skill.z74"
          ]
        }
      ]
    },
    {
      "mode": "managed",
      "type": "genesyscloud_user",
      "name": "Workshop_user75",
      "provider": "provider[\"registry.terraform.io/mypurecloud/genesyscloud\"]",
      "instances": [
        {
          "schema_version": 1,
          "attributes": {
            "acd_auto_answer": false,
            "addresses": [],
            "certifications": [],
            "department": "",
            "division_id": "f2777e89-ef43-44f2-a570-e883729854ea",
            "email": "workshop75@genesystest.com",
            "employer_info": [],
            "id": "c5f26109-b711-4789-96af-2a2702c54808",
            "locations": [],
            "manager": "",
            "name": "Workshop User 75",
            "password": "Indyworkshop1!",
            "profile_skills": [],
            "routing_languages": [],
            "routing_skills": [
              {
                "proficiency": 4.5,
                "skill_id": "134ae21c-4b56-4be9-a819-ca5bf3c7064a"
              }
            ],
            "routing_utilization": [],
            "state": "active",
            "title": ""
          },
          "sensitive_attributes": [],
          "private": "eyJzY2hlbWFfdmVyc2lvbiI6IjEifQ==",
          "dependencies": [
            "data.genesyscloud_routing_skill.z75"
          ]
        }
      ]
    },
    {
      "mode": "managed",
      "type": "genesyscloud_user",
      "name": "Workshop_user76",
      "provider": "provider[\"registry.terraform.io/mypurecloud/genesyscloud\"]",
      "instances": [
        {
          "schema_version": 1,
          "attributes": {
            "acd_auto_answer": false,
            "addresses": [],
            "certifications": [],
            "department": "",
            "division_id": "f2777e89-ef43-44f2-a570-e883729854ea",
            "email": "workshop76@genesystest.com",
            "employer_info": [],
            "id": "958633f9-2587-4c18-bc07-6ccb1a9dd5a8",
            "locations": [],
            "manager": "",
            "name": "Workshop User 76",
            "password": "Indyworkshop1!",
            "profile_skills": [],
            "routing_languages": [],
            "routing_skills": [
              {
                "proficiency": 4.5,
                "skill_id": "4ce40d6c-7dd0-4b14-ad3e-52913542e591"
              }
            ],
            "routing_utilization": [],
            "state": "active",
            "title": ""
          },
          "sensitive_attributes": [],
          "private": "eyJzY2hlbWFfdmVyc2lvbiI6IjEifQ==",
          "dependencies": [
            "data.genesyscloud_routing_skill.z76"
          ]
        }
      ]
    },
    {
      "mode": "managed",
      "type": "genesyscloud_user",
      "name": "Workshop_user77",
      "provider": "provider[\"registry.terraform.io/mypurecloud/genesyscloud\"]",
      "instances": [
        {
          "schema_version": 1,
          "attributes": {
            "acd_auto_answer": false,
            "addresses": [],
            "certifications": [],
            "department": "",
            "division_id": "f2777e89-ef43-44f2-a570-e883729854ea",
            "email": "workshop77@genesystest.com",
            "employer_info": [],
            "id": "ed5c1cc6-f864-4f89-8262-9cfe545f5431",
            "locations": [],
            "manager": "",
            "name": "Workshop User 77",
            "password": "Indyworkshop1!",
            "profile_skills": [],
            "routing_languages": [],
            "routing_skills": [
              {
                "proficiency": 4.5,
                "skill_id": "718076c5-fce0-41b7-bc80-0e20fea972b7"
              }
            ],
            "routing_utilization": [],
            "state": "active",
            "title": ""
          },
          "sensitive_attributes": [],
          "private": "eyJzY2hlbWFfdmVyc2lvbiI6IjEifQ==",
          "dependencies": [
            "data.genesyscloud_routing_skill.z77"
          ]
        }
      ]
    },
    {
      "mode": "managed",
      "type": "genesyscloud_user",
      "name": "Workshop_user78",
      "provider": "provider[\"registry.terraform.io/mypurecloud/genesyscloud\"]",
      "instances": [
        {
          "schema_version": 1,
          "attributes": {
            "acd_auto_answer": false,
            "addresses": [],
            "certifications": [],
            "department": "",
            "division_id": "f2777e89-ef43-44f2-a570-e883729854ea",
            "email": "workshop78@genesystest.com",
            "employer_info": [],
            "id": "3e0c5dce-6d6a-422f-83f6-19224b9fb784",
            "locations": [],
            "manager": "",
            "name": "Workshop User 78",
            "password": "Indyworkshop1!",
            "profile_skills": [],
            "routing_languages": [],
            "routing_skills": [
              {
                "proficiency": 4.5,
                "skill_id": "e31156a2-56c9-48c2-97a8-f4ff83098b65"
              }
            ],
            "routing_utilization": [],
            "state": "active",
            "title": ""
          },
          "sensitive_attributes": [],
          "private": "eyJzY2hlbWFfdmVyc2lvbiI6IjEifQ==",
          "dependencies": [
            "data.genesyscloud_routing_skill.z78"
          ]
        }
      ]
    },
    {
      "mode": "managed",
      "type": "genesyscloud_user",
      "name": "Workshop_user79",
      "provider": "provider[\"registry.terraform.io/mypurecloud/genesyscloud\"]",
      "instances": [
        {
          "schema_version": 1,
          "attributes": {
            "acd_auto_answer": false,
            "addresses": [],
            "certifications": [],
            "department": "",
            "division_id": "f2777e89-ef43-44f2-a570-e883729854ea",
            "email": "workshop79@genesystest.com",
            "employer_info": [],
            "id": "4c8614b5-3fc1-471e-994c-e8e20e57796e",
            "locations": [],
            "manager": "",
            "name": "Workshop User 79",
            "password": "Indyworkshop1!",
            "profile_skills": [],
            "routing_languages": [],
            "routing_skills": [
              {
                "proficiency": 4.5,
                "skill_id": "3e4e9bd3-f1a3-4d93-9c9d-d9c20401aed1"
              }
            ],
            "routing_utilization": [],
            "state": "active",
            "title": ""
          },
          "sensitive_attributes": [],
          "private": "eyJzY2hlbWFfdmVyc2lvbiI6IjEifQ==",
          "dependencies": [
            "data.genesyscloud_routing_skill.z79"
          ]
        }
      ]
    },
    {
      "mode": "managed",
      "type": "genesyscloud_user",
      "name": "Workshop_user8",
      "provider": "provider[\"registry.terraform.io/mypurecloud/genesyscloud\"]",
      "instances": [
        {
          "schema_version": 1,
          "attributes": {
            "acd_auto_answer": false,
            "addresses": [],
            "certifications": [],
            "department": "",
            "division_id": "f2777e89-ef43-44f2-a570-e883729854ea",
            "email": "workshop08@genesystest.com",
            "employer_info": [],
            "id": "58d0756b-742e-4b44-b9e8-27769ca3161a",
            "locations": [],
            "manager": "",
            "name": "Workshop User 08",
            "password": "Indyworkshop1!",
            "profile_skills": [],
            "routing_languages": [],
            "routing_skills": [
              {
                "proficiency": 4.5,
                "skill_id": "721eaba0-a6dc-4575-8acf-5395ea9dfc2d"
              }
            ],
            "routing_utilization": [],
            "state": "active",
            "title": ""
          },
          "sensitive_attributes": [],
          "private": "eyJzY2hlbWFfdmVyc2lvbiI6IjEifQ==",
          "dependencies": [
            "data.genesyscloud_routing_skill.z8"
          ]
        }
      ]
    },
    {
      "mode": "managed",
      "type": "genesyscloud_user",
      "name": "Workshop_user80",
      "provider": "provider[\"registry.terraform.io/mypurecloud/genesyscloud\"]",
      "instances": [
        {
          "schema_version": 1,
          "attributes": {
            "acd_auto_answer": false,
            "addresses": [],
            "certifications": [],
            "department": "",
            "division_id": "f2777e89-ef43-44f2-a570-e883729854ea",
            "email": "workshop80@genesystest.com",
            "employer_info": [],
            "id": "42839cfd-34e5-4daa-8b52-6b23b7ade899",
            "locations": [],
            "manager": "",
            "name": "Workshop User 80",
            "password": "Indyworkshop1!",
            "profile_skills": [],
            "routing_languages": [],
            "routing_skills": [
              {
                "proficiency": 4.5,
                "skill_id": "e487a3be-91ab-416f-b45c-4fb5036232aa"
              }
            ],
            "routing_utilization": [],
            "state": "active",
            "title": ""
          },
          "sensitive_attributes": [],
          "private": "eyJzY2hlbWFfdmVyc2lvbiI6IjEifQ==",
          "dependencies": [
            "data.genesyscloud_routing_skill.z80"
          ]
        }
      ]
    },
    {
      "mode": "managed",
      "type": "genesyscloud_user",
      "name": "Workshop_user9",
      "provider": "provider[\"registry.terraform.io/mypurecloud/genesyscloud\"]",
      "instances": [
        {
          "schema_version": 1,
          "attributes": {
            "acd_auto_answer": false,
            "addresses": [],
            "certifications": [],
            "department": "",
            "division_id": "f2777e89-ef43-44f2-a570-e883729854ea",
            "email": "workshop09@genesystest.com",
            "employer_info": [],
            "id": "607ab10c-ce82-433b-a2ca-029b64c13e5c",
            "locations": [],
            "manager": "",
            "name": "Workshop User 09",
            "password": "Indyworkshop1!",
            "profile_skills": [],
            "routing_languages": [],
            "routing_skills": [
              {
                "proficiency": 4.5,
                "skill_id": "b52f050c-4bff-494f-a9c5-0ab4c16e3db1"
              }
            ],
            "routing_utilization": [],
            "state": "active",
            "title": ""
          },
          "sensitive_attributes": [],
          "private": "eyJzY2hlbWFfdmVyc2lvbiI6IjEifQ==",
          "dependencies": [
            "data.genesyscloud_routing_skill.z9"
          ]
        }
      ]
    },
    {
      "mode": "managed",
      "type": "genesyscloud_user_roles",
      "name": "Workshoproles_user1",
      "provider": "provider[\"registry.terraform.io/mypurecloud/genesyscloud\"]",
      "instances": [
        {
          "schema_version": 1,
          "attributes": {
            "id": "242c9346-0ebb-470b-a24c-9b5abce5beba",
            "roles": [
              {
                "division_ids": [
                  "f2777e89-ef43-44f2-a570-e883729854ea"
                ],
                "role_id": "05c2fe4c-0312-4598-8148-a96eb2c15b5d"
              },
              {
                "division_ids": [
                  "f2777e89-ef43-44f2-a570-e883729854ea"
                ],
                "role_id": "8fd2b585-45c8-43a8-a378-882d923b4dac"
              },
              {
                "division_ids": [
                  "f2777e89-ef43-44f2-a570-e883729854ea"
                ],
                "role_id": "b746f6cf-573e-4354-9276-265d66cb816e"
              },
              {
                "division_ids": [
                  "f2777e89-ef43-44f2-a570-e883729854ea"
                ],
                "role_id": "d40e93b6-a0c4-48f0-907f-1939a5c05f99"
              },
              {
                "division_ids": [
                  "f2777e89-ef43-44f2-a570-e883729854ea"
                ],
                "role_id": "dd8950a6-1e3c-46e1-b774-ab0f50a5ecb2"
              },
              {
                "division_ids": [
                  "f2777e89-ef43-44f2-a570-e883729854ea"
                ],
                "role_id": "ec850d7b-d45e-4e1c-a419-1cd3fc771649"
              }
            ],
            "user_id": "242c9346-0ebb-470b-a24c-9b5abce5beba"
          },
          "sensitive_attributes": [],
          "private": "eyJzY2hlbWFfdmVyc2lvbiI6IjEifQ==",
          "dependencies": [
            "data.genesyscloud_auth_role.AgentAssist",
            "data.genesyscloud_auth_role.Developer",
            "data.genesyscloud_auth_role.GenesysCloudVoiceAdmin",
            "data.genesyscloud_auth_role.MasterAdmin",
            "data.genesyscloud_auth_role.Terraform_user",
            "data.genesyscloud_auth_role.employee",
            "data.genesyscloud_routing_skill.z1",
            "genesyscloud_user.Workshop_user1"
          ]
        }
      ]
    },
    {
      "mode": "managed",
      "type": "genesyscloud_user_roles",
      "name": "Workshoproles_user10",
      "provider": "provider[\"registry.terraform.io/mypurecloud/genesyscloud\"]",
      "instances": [
        {
          "schema_version": 1,
          "attributes": {
            "id": "e077ebc4-1457-42e5-94d1-186e87f3013b",
            "roles": [
              {
                "division_ids": [
                  "f2777e89-ef43-44f2-a570-e883729854ea"
                ],
                "role_id": "05c2fe4c-0312-4598-8148-a96eb2c15b5d"
              },
              {
                "division_ids": [
                  "f2777e89-ef43-44f2-a570-e883729854ea"
                ],
                "role_id": "8fd2b585-45c8-43a8-a378-882d923b4dac"
              },
              {
                "division_ids": [
                  "f2777e89-ef43-44f2-a570-e883729854ea"
                ],
                "role_id": "b746f6cf-573e-4354-9276-265d66cb816e"
              },
              {
                "division_ids": [
                  "f2777e89-ef43-44f2-a570-e883729854ea"
                ],
                "role_id": "d40e93b6-a0c4-48f0-907f-1939a5c05f99"
              },
              {
                "division_ids": [
                  "f2777e89-ef43-44f2-a570-e883729854ea"
                ],
                "role_id": "dd8950a6-1e3c-46e1-b774-ab0f50a5ecb2"
              },
              {
                "division_ids": [
                  "f2777e89-ef43-44f2-a570-e883729854ea"
                ],
                "role_id": "ec850d7b-d45e-4e1c-a419-1cd3fc771649"
              }
            ],
            "user_id": "e077ebc4-1457-42e5-94d1-186e87f3013b"
          },
          "sensitive_attributes": [],
          "private": "eyJzY2hlbWFfdmVyc2lvbiI6IjEifQ==",
          "dependencies": [
            "data.genesyscloud_auth_role.AgentAssist",
            "data.genesyscloud_auth_role.Developer",
            "data.genesyscloud_auth_role.GenesysCloudVoiceAdmin",
            "data.genesyscloud_auth_role.MasterAdmin",
            "data.genesyscloud_auth_role.Terraform_user",
            "data.genesyscloud_auth_role.employee",
            "data.genesyscloud_routing_skill.z10",
            "genesyscloud_user.Workshop_user10"
          ]
        }
      ]
    },
    {
      "mode": "managed",
      "type": "genesyscloud_user_roles",
      "name": "Workshoproles_user11",
      "provider": "provider[\"registry.terraform.io/mypurecloud/genesyscloud\"]",
      "instances": [
        {
          "schema_version": 1,
          "attributes": {
            "id": "307137ec-9839-494c-b37f-7489a797ec22",
            "roles": [
              {
                "division_ids": [
                  "f2777e89-ef43-44f2-a570-e883729854ea"
                ],
                "role_id": "05c2fe4c-0312-4598-8148-a96eb2c15b5d"
              },
              {
                "division_ids": [
                  "f2777e89-ef43-44f2-a570-e883729854ea"
                ],
                "role_id": "8fd2b585-45c8-43a8-a378-882d923b4dac"
              },
              {
                "division_ids": [
                  "f2777e89-ef43-44f2-a570-e883729854ea"
                ],
                "role_id": "b746f6cf-573e-4354-9276-265d66cb816e"
              },
              {
                "division_ids": [
                  "f2777e89-ef43-44f2-a570-e883729854ea"
                ],
                "role_id": "d40e93b6-a0c4-48f0-907f-1939a5c05f99"
              },
              {
                "division_ids": [
                  "f2777e89-ef43-44f2-a570-e883729854ea"
                ],
                "role_id": "dd8950a6-1e3c-46e1-b774-ab0f50a5ecb2"
              },
              {
                "division_ids": [
                  "f2777e89-ef43-44f2-a570-e883729854ea"
                ],
                "role_id": "ec850d7b-d45e-4e1c-a419-1cd3fc771649"
              }
            ],
            "user_id": "307137ec-9839-494c-b37f-7489a797ec22"
          },
          "sensitive_attributes": [],
          "private": "eyJzY2hlbWFfdmVyc2lvbiI6IjEifQ==",
          "dependencies": [
            "data.genesyscloud_auth_role.AgentAssist",
            "data.genesyscloud_auth_role.Developer",
            "data.genesyscloud_auth_role.GenesysCloudVoiceAdmin",
            "data.genesyscloud_auth_role.MasterAdmin",
            "data.genesyscloud_auth_role.Terraform_user",
            "data.genesyscloud_auth_role.employee",
            "data.genesyscloud_routing_skill.z11",
            "genesyscloud_user.Workshop_user11"
          ]
        }
      ]
    },
    {
      "mode": "managed",
      "type": "genesyscloud_user_roles",
      "name": "Workshoproles_user12",
      "provider": "provider[\"registry.terraform.io/mypurecloud/genesyscloud\"]",
      "instances": [
        {
          "schema_version": 1,
          "attributes": {
            "id": "58160193-a57e-4c0b-b730-8a0a6042cd1e",
            "roles": [
              {
                "division_ids": [
                  "f2777e89-ef43-44f2-a570-e883729854ea"
                ],
                "role_id": "05c2fe4c-0312-4598-8148-a96eb2c15b5d"
              },
              {
                "division_ids": [
                  "f2777e89-ef43-44f2-a570-e883729854ea"
                ],
                "role_id": "8fd2b585-45c8-43a8-a378-882d923b4dac"
              },
              {
                "division_ids": [
                  "f2777e89-ef43-44f2-a570-e883729854ea"
                ],
                "role_id": "b746f6cf-573e-4354-9276-265d66cb816e"
              },
              {
                "division_ids": [
                  "f2777e89-ef43-44f2-a570-e883729854ea"
                ],
                "role_id": "d40e93b6-a0c4-48f0-907f-1939a5c05f99"
              },
              {
                "division_ids": [
                  "f2777e89-ef43-44f2-a570-e883729854ea"
                ],
                "role_id": "dd8950a6-1e3c-46e1-b774-ab0f50a5ecb2"
              },
              {
                "division_ids": [
                  "f2777e89-ef43-44f2-a570-e883729854ea"
                ],
                "role_id": "ec850d7b-d45e-4e1c-a419-1cd3fc771649"
              }
            ],
            "user_id": "58160193-a57e-4c0b-b730-8a0a6042cd1e"
          },
          "sensitive_attributes": [],
          "private": "eyJzY2hlbWFfdmVyc2lvbiI6IjEifQ==",
          "dependencies": [
            "data.genesyscloud_auth_role.AgentAssist",
            "data.genesyscloud_auth_role.Developer",
            "data.genesyscloud_auth_role.GenesysCloudVoiceAdmin",
            "data.genesyscloud_auth_role.MasterAdmin",
            "data.genesyscloud_auth_role.Terraform_user",
            "data.genesyscloud_auth_role.employee",
            "data.genesyscloud_routing_skill.z12",
            "genesyscloud_user.Workshop_user12"
          ]
        }
      ]
    },
    {
      "mode": "managed",
      "type": "genesyscloud_user_roles",
      "name": "Workshoproles_user13",
      "provider": "provider[\"registry.terraform.io/mypurecloud/genesyscloud\"]",
      "instances": [
        {
          "schema_version": 1,
          "attributes": {
            "id": "8e94afef-c5e8-4b34-8a73-ea61b43fa031",
            "roles": [
              {
                "division_ids": [
                  "f2777e89-ef43-44f2-a570-e883729854ea"
                ],
                "role_id": "05c2fe4c-0312-4598-8148-a96eb2c15b5d"
              },
              {
                "division_ids": [
                  "f2777e89-ef43-44f2-a570-e883729854ea"
                ],
                "role_id": "8fd2b585-45c8-43a8-a378-882d923b4dac"
              },
              {
                "division_ids": [
                  "f2777e89-ef43-44f2-a570-e883729854ea"
                ],
                "role_id": "b746f6cf-573e-4354-9276-265d66cb816e"
              },
              {
                "division_ids": [
                  "f2777e89-ef43-44f2-a570-e883729854ea"
                ],
                "role_id": "d40e93b6-a0c4-48f0-907f-1939a5c05f99"
              },
              {
                "division_ids": [
                  "f2777e89-ef43-44f2-a570-e883729854ea"
                ],
                "role_id": "dd8950a6-1e3c-46e1-b774-ab0f50a5ecb2"
              },
              {
                "division_ids": [
                  "f2777e89-ef43-44f2-a570-e883729854ea"
                ],
                "role_id": "ec850d7b-d45e-4e1c-a419-1cd3fc771649"
              }
            ],
            "user_id": "8e94afef-c5e8-4b34-8a73-ea61b43fa031"
          },
          "sensitive_attributes": [],
          "private": "eyJzY2hlbWFfdmVyc2lvbiI6IjEifQ==",
          "dependencies": [
            "data.genesyscloud_auth_role.AgentAssist",
            "data.genesyscloud_auth_role.Developer",
            "data.genesyscloud_auth_role.GenesysCloudVoiceAdmin",
            "data.genesyscloud_auth_role.MasterAdmin",
            "data.genesyscloud_auth_role.Terraform_user",
            "data.genesyscloud_auth_role.employee",
            "data.genesyscloud_routing_skill.z13",
            "genesyscloud_user.Workshop_user13"
          ]
        }
      ]
    },
    {
      "mode": "managed",
      "type": "genesyscloud_user_roles",
      "name": "Workshoproles_user14",
      "provider": "provider[\"registry.terraform.io/mypurecloud/genesyscloud\"]",
      "instances": [
        {
          "schema_version": 1,
          "attributes": {
            "id": "28e65cd7-1f53-42c8-9b49-1ae0d15a05e8",
            "roles": [
              {
                "division_ids": [
                  "f2777e89-ef43-44f2-a570-e883729854ea"
                ],
                "role_id": "05c2fe4c-0312-4598-8148-a96eb2c15b5d"
              },
              {
                "division_ids": [
                  "f2777e89-ef43-44f2-a570-e883729854ea"
                ],
                "role_id": "8fd2b585-45c8-43a8-a378-882d923b4dac"
              },
              {
                "division_ids": [
                  "f2777e89-ef43-44f2-a570-e883729854ea"
                ],
                "role_id": "b746f6cf-573e-4354-9276-265d66cb816e"
              },
              {
                "division_ids": [
                  "f2777e89-ef43-44f2-a570-e883729854ea"
                ],
                "role_id": "d40e93b6-a0c4-48f0-907f-1939a5c05f99"
              },
              {
                "division_ids": [
                  "f2777e89-ef43-44f2-a570-e883729854ea"
                ],
                "role_id": "dd8950a6-1e3c-46e1-b774-ab0f50a5ecb2"
              },
              {
                "division_ids": [
                  "f2777e89-ef43-44f2-a570-e883729854ea"
                ],
                "role_id": "ec850d7b-d45e-4e1c-a419-1cd3fc771649"
              }
            ],
            "user_id": "28e65cd7-1f53-42c8-9b49-1ae0d15a05e8"
          },
          "sensitive_attributes": [],
          "private": "eyJzY2hlbWFfdmVyc2lvbiI6IjEifQ==",
          "dependencies": [
            "data.genesyscloud_auth_role.AgentAssist",
            "data.genesyscloud_auth_role.Developer",
            "data.genesyscloud_auth_role.GenesysCloudVoiceAdmin",
            "data.genesyscloud_auth_role.MasterAdmin",
            "data.genesyscloud_auth_role.Terraform_user",
            "data.genesyscloud_auth_role.employee",
            "data.genesyscloud_routing_skill.z14",
            "genesyscloud_user.Workshop_user14"
          ]
        }
      ]
    },
    {
      "mode": "managed",
      "type": "genesyscloud_user_roles",
      "name": "Workshoproles_user15",
      "provider": "provider[\"registry.terraform.io/mypurecloud/genesyscloud\"]",
      "instances": [
        {
          "schema_version": 1,
          "attributes": {
            "id": "974638d4-b584-4df3-8ae6-ac6a1a7fc8d0",
            "roles": [
              {
                "division_ids": [
                  "f2777e89-ef43-44f2-a570-e883729854ea"
                ],
                "role_id": "05c2fe4c-0312-4598-8148-a96eb2c15b5d"
              },
              {
                "division_ids": [
                  "f2777e89-ef43-44f2-a570-e883729854ea"
                ],
                "role_id": "8fd2b585-45c8-43a8-a378-882d923b4dac"
              },
              {
                "division_ids": [
                  "f2777e89-ef43-44f2-a570-e883729854ea"
                ],
                "role_id": "b746f6cf-573e-4354-9276-265d66cb816e"
              },
              {
                "division_ids": [
                  "f2777e89-ef43-44f2-a570-e883729854ea"
                ],
                "role_id": "d40e93b6-a0c4-48f0-907f-1939a5c05f99"
              },
              {
                "division_ids": [
                  "f2777e89-ef43-44f2-a570-e883729854ea"
                ],
                "role_id": "dd8950a6-1e3c-46e1-b774-ab0f50a5ecb2"
              },
              {
                "division_ids": [
                  "f2777e89-ef43-44f2-a570-e883729854ea"
                ],
                "role_id": "ec850d7b-d45e-4e1c-a419-1cd3fc771649"
              }
            ],
            "user_id": "974638d4-b584-4df3-8ae6-ac6a1a7fc8d0"
          },
          "sensitive_attributes": [],
          "private": "eyJzY2hlbWFfdmVyc2lvbiI6IjEifQ==",
          "dependencies": [
            "data.genesyscloud_auth_role.AgentAssist",
            "data.genesyscloud_auth_role.Developer",
            "data.genesyscloud_auth_role.GenesysCloudVoiceAdmin",
            "data.genesyscloud_auth_role.MasterAdmin",
            "data.genesyscloud_auth_role.Terraform_user",
            "data.genesyscloud_auth_role.employee",
            "data.genesyscloud_routing_skill.z15",
            "genesyscloud_user.Workshop_user15"
          ]
        }
      ]
    },
    {
      "mode": "managed",
      "type": "genesyscloud_user_roles",
      "name": "Workshoproles_user16",
      "provider": "provider[\"registry.terraform.io/mypurecloud/genesyscloud\"]",
      "instances": [
        {
          "schema_version": 1,
          "attributes": {
            "id": "f2a0cc00-f710-4edd-89fc-de3fd405bd67",
            "roles": [
              {
                "division_ids": [
                  "f2777e89-ef43-44f2-a570-e883729854ea"
                ],
                "role_id": "05c2fe4c-0312-4598-8148-a96eb2c15b5d"
              },
              {
                "division_ids": [
                  "f2777e89-ef43-44f2-a570-e883729854ea"
                ],
                "role_id": "8fd2b585-45c8-43a8-a378-882d923b4dac"
              },
              {
                "division_ids": [
                  "f2777e89-ef43-44f2-a570-e883729854ea"
                ],
                "role_id": "b746f6cf-573e-4354-9276-265d66cb816e"
              },
              {
                "division_ids": [
                  "f2777e89-ef43-44f2-a570-e883729854ea"
                ],
                "role_id": "d40e93b6-a0c4-48f0-907f-1939a5c05f99"
              },
              {
                "division_ids": [
                  "f2777e89-ef43-44f2-a570-e883729854ea"
                ],
                "role_id": "dd8950a6-1e3c-46e1-b774-ab0f50a5ecb2"
              },
              {
                "division_ids": [
                  "f2777e89-ef43-44f2-a570-e883729854ea"
                ],
                "role_id": "ec850d7b-d45e-4e1c-a419-1cd3fc771649"
              }
            ],
            "user_id": "f2a0cc00-f710-4edd-89fc-de3fd405bd67"
          },
          "sensitive_attributes": [],
          "private": "eyJzY2hlbWFfdmVyc2lvbiI6IjEifQ==",
          "dependencies": [
            "data.genesyscloud_auth_role.AgentAssist",
            "data.genesyscloud_auth_role.Developer",
            "data.genesyscloud_auth_role.GenesysCloudVoiceAdmin",
            "data.genesyscloud_auth_role.MasterAdmin",
            "data.genesyscloud_auth_role.Terraform_user",
            "data.genesyscloud_auth_role.employee",
            "data.genesyscloud_routing_skill.z16",
            "genesyscloud_user.Workshop_user16"
          ]
        }
      ]
    },
    {
      "mode": "managed",
      "type": "genesyscloud_user_roles",
      "name": "Workshoproles_user17",
      "provider": "provider[\"registry.terraform.io/mypurecloud/genesyscloud\"]",
      "instances": [
        {
          "schema_version": 1,
          "attributes": {
            "id": "f15e205b-caac-4291-b498-523143988804",
            "roles": [
              {
                "division_ids": [
                  "f2777e89-ef43-44f2-a570-e883729854ea"
                ],
                "role_id": "05c2fe4c-0312-4598-8148-a96eb2c15b5d"
              },
              {
                "division_ids": [
                  "f2777e89-ef43-44f2-a570-e883729854ea"
                ],
                "role_id": "8fd2b585-45c8-43a8-a378-882d923b4dac"
              },
              {
                "division_ids": [
                  "f2777e89-ef43-44f2-a570-e883729854ea"
                ],
                "role_id": "b746f6cf-573e-4354-9276-265d66cb816e"
              },
              {
                "division_ids": [
                  "f2777e89-ef43-44f2-a570-e883729854ea"
                ],
                "role_id": "d40e93b6-a0c4-48f0-907f-1939a5c05f99"
              },
              {
                "division_ids": [
                  "f2777e89-ef43-44f2-a570-e883729854ea"
                ],
                "role_id": "dd8950a6-1e3c-46e1-b774-ab0f50a5ecb2"
              },
              {
                "division_ids": [
                  "f2777e89-ef43-44f2-a570-e883729854ea"
                ],
                "role_id": "ec850d7b-d45e-4e1c-a419-1cd3fc771649"
              }
            ],
            "user_id": "f15e205b-caac-4291-b498-523143988804"
          },
          "sensitive_attributes": [],
          "private": "eyJzY2hlbWFfdmVyc2lvbiI6IjEifQ==",
          "dependencies": [
            "data.genesyscloud_auth_role.AgentAssist",
            "data.genesyscloud_auth_role.Developer",
            "data.genesyscloud_auth_role.GenesysCloudVoiceAdmin",
            "data.genesyscloud_auth_role.MasterAdmin",
            "data.genesyscloud_auth_role.Terraform_user",
            "data.genesyscloud_auth_role.employee",
            "data.genesyscloud_routing_skill.z17",
            "genesyscloud_user.Workshop_user17"
          ]
        }
      ]
    },
    {
      "mode": "managed",
      "type": "genesyscloud_user_roles",
      "name": "Workshoproles_user18",
      "provider": "provider[\"registry.terraform.io/mypurecloud/genesyscloud\"]",
      "instances": [
        {
          "schema_version": 1,
          "attributes": {
            "id": "25ac4452-f57a-448a-9dd5-20c8ce20619c",
            "roles": [
              {
                "division_ids": [
                  "f2777e89-ef43-44f2-a570-e883729854ea"
                ],
                "role_id": "05c2fe4c-0312-4598-8148-a96eb2c15b5d"
              },
              {
                "division_ids": [
                  "f2777e89-ef43-44f2-a570-e883729854ea"
                ],
                "role_id": "8fd2b585-45c8-43a8-a378-882d923b4dac"
              },
              {
                "division_ids": [
                  "f2777e89-ef43-44f2-a570-e883729854ea"
                ],
                "role_id": "b746f6cf-573e-4354-9276-265d66cb816e"
              },
              {
                "division_ids": [
                  "f2777e89-ef43-44f2-a570-e883729854ea"
                ],
                "role_id": "d40e93b6-a0c4-48f0-907f-1939a5c05f99"
              },
              {
                "division_ids": [
                  "f2777e89-ef43-44f2-a570-e883729854ea"
                ],
                "role_id": "dd8950a6-1e3c-46e1-b774-ab0f50a5ecb2"
              },
              {
                "division_ids": [
                  "f2777e89-ef43-44f2-a570-e883729854ea"
                ],
                "role_id": "ec850d7b-d45e-4e1c-a419-1cd3fc771649"
              }
            ],
            "user_id": "25ac4452-f57a-448a-9dd5-20c8ce20619c"
          },
          "sensitive_attributes": [],
          "private": "eyJzY2hlbWFfdmVyc2lvbiI6IjEifQ==",
          "dependencies": [
            "data.genesyscloud_auth_role.AgentAssist",
            "data.genesyscloud_auth_role.Developer",
            "data.genesyscloud_auth_role.GenesysCloudVoiceAdmin",
            "data.genesyscloud_auth_role.MasterAdmin",
            "data.genesyscloud_auth_role.Terraform_user",
            "data.genesyscloud_auth_role.employee",
            "data.genesyscloud_routing_skill.z18",
            "genesyscloud_user.Workshop_user18"
          ]
        }
      ]
    },
    {
      "mode": "managed",
      "type": "genesyscloud_user_roles",
      "name": "Workshoproles_user19",
      "provider": "provider[\"registry.terraform.io/mypurecloud/genesyscloud\"]",
      "instances": [
        {
          "schema_version": 1,
          "attributes": {
            "id": "5e1928e2-68bb-4f18-9f04-14a95cbc877c",
            "roles": [
              {
                "division_ids": [
                  "f2777e89-ef43-44f2-a570-e883729854ea"
                ],
                "role_id": "05c2fe4c-0312-4598-8148-a96eb2c15b5d"
              },
              {
                "division_ids": [
                  "f2777e89-ef43-44f2-a570-e883729854ea"
                ],
                "role_id": "8fd2b585-45c8-43a8-a378-882d923b4dac"
              },
              {
                "division_ids": [
                  "f2777e89-ef43-44f2-a570-e883729854ea"
                ],
                "role_id": "b746f6cf-573e-4354-9276-265d66cb816e"
              },
              {
                "division_ids": [
                  "f2777e89-ef43-44f2-a570-e883729854ea"
                ],
                "role_id": "d40e93b6-a0c4-48f0-907f-1939a5c05f99"
              },
              {
                "division_ids": [
                  "f2777e89-ef43-44f2-a570-e883729854ea"
                ],
                "role_id": "dd8950a6-1e3c-46e1-b774-ab0f50a5ecb2"
              },
              {
                "division_ids": [
                  "f2777e89-ef43-44f2-a570-e883729854ea"
                ],
                "role_id": "ec850d7b-d45e-4e1c-a419-1cd3fc771649"
              }
            ],
            "user_id": "5e1928e2-68bb-4f18-9f04-14a95cbc877c"
          },
          "sensitive_attributes": [],
          "private": "eyJzY2hlbWFfdmVyc2lvbiI6IjEifQ==",
          "dependencies": [
            "data.genesyscloud_auth_role.AgentAssist",
            "data.genesyscloud_auth_role.Developer",
            "data.genesyscloud_auth_role.GenesysCloudVoiceAdmin",
            "data.genesyscloud_auth_role.MasterAdmin",
            "data.genesyscloud_auth_role.Terraform_user",
            "data.genesyscloud_auth_role.employee",
            "data.genesyscloud_routing_skill.z19",
            "genesyscloud_user.Workshop_user19"
          ]
        }
      ]
    },
    {
      "mode": "managed",
      "type": "genesyscloud_user_roles",
      "name": "Workshoproles_user2",
      "provider": "provider[\"registry.terraform.io/mypurecloud/genesyscloud\"]",
      "instances": [
        {
          "schema_version": 1,
          "attributes": {
            "id": "8db5dacc-45b4-4ea5-9352-85de0fe6ead9",
            "roles": [
              {
                "division_ids": [
                  "f2777e89-ef43-44f2-a570-e883729854ea"
                ],
                "role_id": "05c2fe4c-0312-4598-8148-a96eb2c15b5d"
              },
              {
                "division_ids": [
                  "f2777e89-ef43-44f2-a570-e883729854ea"
                ],
                "role_id": "8fd2b585-45c8-43a8-a378-882d923b4dac"
              },
              {
                "division_ids": [
                  "f2777e89-ef43-44f2-a570-e883729854ea"
                ],
                "role_id": "b746f6cf-573e-4354-9276-265d66cb816e"
              },
              {
                "division_ids": [
                  "f2777e89-ef43-44f2-a570-e883729854ea"
                ],
                "role_id": "d40e93b6-a0c4-48f0-907f-1939a5c05f99"
              },
              {
                "division_ids": [
                  "f2777e89-ef43-44f2-a570-e883729854ea"
                ],
                "role_id": "dd8950a6-1e3c-46e1-b774-ab0f50a5ecb2"
              },
              {
                "division_ids": [
                  "f2777e89-ef43-44f2-a570-e883729854ea"
                ],
                "role_id": "ec850d7b-d45e-4e1c-a419-1cd3fc771649"
              }
            ],
            "user_id": "8db5dacc-45b4-4ea5-9352-85de0fe6ead9"
          },
          "sensitive_attributes": [],
          "private": "eyJzY2hlbWFfdmVyc2lvbiI6IjEifQ==",
          "dependencies": [
            "data.genesyscloud_auth_role.AgentAssist",
            "data.genesyscloud_auth_role.Developer",
            "data.genesyscloud_auth_role.GenesysCloudVoiceAdmin",
            "data.genesyscloud_auth_role.MasterAdmin",
            "data.genesyscloud_auth_role.Terraform_user",
            "data.genesyscloud_auth_role.employee",
            "data.genesyscloud_routing_skill.z2",
            "genesyscloud_user.Workshop_user2"
          ]
        }
      ]
    },
    {
      "mode": "managed",
      "type": "genesyscloud_user_roles",
      "name": "Workshoproles_user20",
      "provider": "provider[\"registry.terraform.io/mypurecloud/genesyscloud\"]",
      "instances": [
        {
          "schema_version": 1,
          "attributes": {
            "id": "ea82aa3e-0fbc-4bc5-b193-76fcc7a659e0",
            "roles": [
              {
                "division_ids": [
                  "f2777e89-ef43-44f2-a570-e883729854ea"
                ],
                "role_id": "05c2fe4c-0312-4598-8148-a96eb2c15b5d"
              },
              {
                "division_ids": [
                  "f2777e89-ef43-44f2-a570-e883729854ea"
                ],
                "role_id": "8fd2b585-45c8-43a8-a378-882d923b4dac"
              },
              {
                "division_ids": [
                  "f2777e89-ef43-44f2-a570-e883729854ea"
                ],
                "role_id": "b746f6cf-573e-4354-9276-265d66cb816e"
              },
              {
                "division_ids": [
                  "f2777e89-ef43-44f2-a570-e883729854ea"
                ],
                "role_id": "d40e93b6-a0c4-48f0-907f-1939a5c05f99"
              },
              {
                "division_ids": [
                  "f2777e89-ef43-44f2-a570-e883729854ea"
                ],
                "role_id": "dd8950a6-1e3c-46e1-b774-ab0f50a5ecb2"
              },
              {
                "division_ids": [
                  "f2777e89-ef43-44f2-a570-e883729854ea"
                ],
                "role_id": "ec850d7b-d45e-4e1c-a419-1cd3fc771649"
              }
            ],
            "user_id": "ea82aa3e-0fbc-4bc5-b193-76fcc7a659e0"
          },
          "sensitive_attributes": [],
          "private": "eyJzY2hlbWFfdmVyc2lvbiI6IjEifQ==",
          "dependencies": [
            "data.genesyscloud_auth_role.AgentAssist",
            "data.genesyscloud_auth_role.Developer",
            "data.genesyscloud_auth_role.GenesysCloudVoiceAdmin",
            "data.genesyscloud_auth_role.MasterAdmin",
            "data.genesyscloud_auth_role.Terraform_user",
            "data.genesyscloud_auth_role.employee",
            "data.genesyscloud_routing_skill.z20",
            "genesyscloud_user.Workshop_user20"
          ]
        }
      ]
    },
    {
      "mode": "managed",
      "type": "genesyscloud_user_roles",
      "name": "Workshoproles_user21",
      "provider": "provider[\"registry.terraform.io/mypurecloud/genesyscloud\"]",
      "instances": [
        {
          "schema_version": 1,
          "attributes": {
            "id": "4f9bb6a1-871c-4acb-a037-05505b6aba3c",
            "roles": [
              {
                "division_ids": [
                  "f2777e89-ef43-44f2-a570-e883729854ea"
                ],
                "role_id": "05c2fe4c-0312-4598-8148-a96eb2c15b5d"
              },
              {
                "division_ids": [
                  "f2777e89-ef43-44f2-a570-e883729854ea"
                ],
                "role_id": "8fd2b585-45c8-43a8-a378-882d923b4dac"
              },
              {
                "division_ids": [
                  "f2777e89-ef43-44f2-a570-e883729854ea"
                ],
                "role_id": "b746f6cf-573e-4354-9276-265d66cb816e"
              },
              {
                "division_ids": [
                  "f2777e89-ef43-44f2-a570-e883729854ea"
                ],
                "role_id": "d40e93b6-a0c4-48f0-907f-1939a5c05f99"
              },
              {
                "division_ids": [
                  "f2777e89-ef43-44f2-a570-e883729854ea"
                ],
                "role_id": "dd8950a6-1e3c-46e1-b774-ab0f50a5ecb2"
              },
              {
                "division_ids": [
                  "f2777e89-ef43-44f2-a570-e883729854ea"
                ],
                "role_id": "ec850d7b-d45e-4e1c-a419-1cd3fc771649"
              }
            ],
            "user_id": "4f9bb6a1-871c-4acb-a037-05505b6aba3c"
          },
          "sensitive_attributes": [],
          "private": "eyJzY2hlbWFfdmVyc2lvbiI6IjEifQ==",
          "dependencies": [
            "data.genesyscloud_auth_role.AgentAssist",
            "data.genesyscloud_auth_role.Developer",
            "data.genesyscloud_auth_role.GenesysCloudVoiceAdmin",
            "data.genesyscloud_auth_role.MasterAdmin",
            "data.genesyscloud_auth_role.Terraform_user",
            "data.genesyscloud_auth_role.employee",
            "data.genesyscloud_routing_skill.z21",
            "genesyscloud_user.Workshop_user21"
          ]
        }
      ]
    },
    {
      "mode": "managed",
      "type": "genesyscloud_user_roles",
      "name": "Workshoproles_user22",
      "provider": "provider[\"registry.terraform.io/mypurecloud/genesyscloud\"]",
      "instances": [
        {
          "schema_version": 1,
          "attributes": {
            "id": "50d95e59-b83e-473b-b8b0-d94c5e48b448",
            "roles": [
              {
                "division_ids": [
                  "f2777e89-ef43-44f2-a570-e883729854ea"
                ],
                "role_id": "05c2fe4c-0312-4598-8148-a96eb2c15b5d"
              },
              {
                "division_ids": [
                  "f2777e89-ef43-44f2-a570-e883729854ea"
                ],
                "role_id": "8fd2b585-45c8-43a8-a378-882d923b4dac"
              },
              {
                "division_ids": [
                  "f2777e89-ef43-44f2-a570-e883729854ea"
                ],
                "role_id": "b746f6cf-573e-4354-9276-265d66cb816e"
              },
              {
                "division_ids": [
                  "f2777e89-ef43-44f2-a570-e883729854ea"
                ],
                "role_id": "d40e93b6-a0c4-48f0-907f-1939a5c05f99"
              },
              {
                "division_ids": [
                  "f2777e89-ef43-44f2-a570-e883729854ea"
                ],
                "role_id": "dd8950a6-1e3c-46e1-b774-ab0f50a5ecb2"
              },
              {
                "division_ids": [
                  "f2777e89-ef43-44f2-a570-e883729854ea"
                ],
                "role_id": "ec850d7b-d45e-4e1c-a419-1cd3fc771649"
              }
            ],
            "user_id": "50d95e59-b83e-473b-b8b0-d94c5e48b448"
          },
          "sensitive_attributes": [],
          "private": "eyJzY2hlbWFfdmVyc2lvbiI6IjEifQ==",
          "dependencies": [
            "data.genesyscloud_auth_role.AgentAssist",
            "data.genesyscloud_auth_role.Developer",
            "data.genesyscloud_auth_role.GenesysCloudVoiceAdmin",
            "data.genesyscloud_auth_role.MasterAdmin",
            "data.genesyscloud_auth_role.Terraform_user",
            "data.genesyscloud_auth_role.employee",
            "data.genesyscloud_routing_skill.z22",
            "genesyscloud_user.Workshop_user22"
          ]
        }
      ]
    },
    {
      "mode": "managed",
      "type": "genesyscloud_user_roles",
      "name": "Workshoproles_user23",
      "provider": "provider[\"registry.terraform.io/mypurecloud/genesyscloud\"]",
      "instances": [
        {
          "schema_version": 1,
          "attributes": {
            "id": "6d4eb1a9-78db-47fe-9204-3095992648e4",
            "roles": [
              {
                "division_ids": [
                  "f2777e89-ef43-44f2-a570-e883729854ea"
                ],
                "role_id": "05c2fe4c-0312-4598-8148-a96eb2c15b5d"
              },
              {
                "division_ids": [
                  "f2777e89-ef43-44f2-a570-e883729854ea"
                ],
                "role_id": "8fd2b585-45c8-43a8-a378-882d923b4dac"
              },
              {
                "division_ids": [
                  "f2777e89-ef43-44f2-a570-e883729854ea"
                ],
                "role_id": "b746f6cf-573e-4354-9276-265d66cb816e"
              },
              {
                "division_ids": [
                  "f2777e89-ef43-44f2-a570-e883729854ea"
                ],
                "role_id": "d40e93b6-a0c4-48f0-907f-1939a5c05f99"
              },
              {
                "division_ids": [
                  "f2777e89-ef43-44f2-a570-e883729854ea"
                ],
                "role_id": "dd8950a6-1e3c-46e1-b774-ab0f50a5ecb2"
              },
              {
                "division_ids": [
                  "f2777e89-ef43-44f2-a570-e883729854ea"
                ],
                "role_id": "ec850d7b-d45e-4e1c-a419-1cd3fc771649"
              }
            ],
            "user_id": "6d4eb1a9-78db-47fe-9204-3095992648e4"
          },
          "sensitive_attributes": [],
          "private": "eyJzY2hlbWFfdmVyc2lvbiI6IjEifQ==",
          "dependencies": [
            "data.genesyscloud_auth_role.AgentAssist",
            "data.genesyscloud_auth_role.Developer",
            "data.genesyscloud_auth_role.GenesysCloudVoiceAdmin",
            "data.genesyscloud_auth_role.MasterAdmin",
            "data.genesyscloud_auth_role.Terraform_user",
            "data.genesyscloud_auth_role.employee",
            "data.genesyscloud_routing_skill.z23",
            "genesyscloud_user.Workshop_user23"
          ]
        }
      ]
    },
    {
      "mode": "managed",
      "type": "genesyscloud_user_roles",
      "name": "Workshoproles_user24",
      "provider": "provider[\"registry.terraform.io/mypurecloud/genesyscloud\"]",
      "instances": [
        {
          "schema_version": 1,
          "attributes": {
            "id": "c714ecf5-2b23-4e16-9222-ddad66f3dc62",
            "roles": [
              {
                "division_ids": [
                  "f2777e89-ef43-44f2-a570-e883729854ea"
                ],
                "role_id": "05c2fe4c-0312-4598-8148-a96eb2c15b5d"
              },
              {
                "division_ids": [
                  "f2777e89-ef43-44f2-a570-e883729854ea"
                ],
                "role_id": "8fd2b585-45c8-43a8-a378-882d923b4dac"
              },
              {
                "division_ids": [
                  "f2777e89-ef43-44f2-a570-e883729854ea"
                ],
                "role_id": "b746f6cf-573e-4354-9276-265d66cb816e"
              },
              {
                "division_ids": [
                  "f2777e89-ef43-44f2-a570-e883729854ea"
                ],
                "role_id": "d40e93b6-a0c4-48f0-907f-1939a5c05f99"
              },
              {
                "division_ids": [
                  "f2777e89-ef43-44f2-a570-e883729854ea"
                ],
                "role_id": "dd8950a6-1e3c-46e1-b774-ab0f50a5ecb2"
              },
              {
                "division_ids": [
                  "f2777e89-ef43-44f2-a570-e883729854ea"
                ],
                "role_id": "ec850d7b-d45e-4e1c-a419-1cd3fc771649"
              }
            ],
            "user_id": "c714ecf5-2b23-4e16-9222-ddad66f3dc62"
          },
          "sensitive_attributes": [],
          "private": "eyJzY2hlbWFfdmVyc2lvbiI6IjEifQ==",
          "dependencies": [
            "data.genesyscloud_auth_role.AgentAssist",
            "data.genesyscloud_auth_role.Developer",
            "data.genesyscloud_auth_role.GenesysCloudVoiceAdmin",
            "data.genesyscloud_auth_role.MasterAdmin",
            "data.genesyscloud_auth_role.Terraform_user",
            "data.genesyscloud_auth_role.employee",
            "data.genesyscloud_routing_skill.z24",
            "genesyscloud_user.Workshop_user24"
          ]
        }
      ]
    },
    {
      "mode": "managed",
      "type": "genesyscloud_user_roles",
      "name": "Workshoproles_user25",
      "provider": "provider[\"registry.terraform.io/mypurecloud/genesyscloud\"]",
      "instances": [
        {
          "schema_version": 1,
          "attributes": {
            "id": "4fc4f540-edb8-4733-9d65-4b05ad79c6e1",
            "roles": [
              {
                "division_ids": [
                  "f2777e89-ef43-44f2-a570-e883729854ea"
                ],
                "role_id": "05c2fe4c-0312-4598-8148-a96eb2c15b5d"
              },
              {
                "division_ids": [
                  "f2777e89-ef43-44f2-a570-e883729854ea"
                ],
                "role_id": "8fd2b585-45c8-43a8-a378-882d923b4dac"
              },
              {
                "division_ids": [
                  "f2777e89-ef43-44f2-a570-e883729854ea"
                ],
                "role_id": "b746f6cf-573e-4354-9276-265d66cb816e"
              },
              {
                "division_ids": [
                  "f2777e89-ef43-44f2-a570-e883729854ea"
                ],
                "role_id": "d40e93b6-a0c4-48f0-907f-1939a5c05f99"
              },
              {
                "division_ids": [
                  "f2777e89-ef43-44f2-a570-e883729854ea"
                ],
                "role_id": "dd8950a6-1e3c-46e1-b774-ab0f50a5ecb2"
              },
              {
                "division_ids": [
                  "f2777e89-ef43-44f2-a570-e883729854ea"
                ],
                "role_id": "ec850d7b-d45e-4e1c-a419-1cd3fc771649"
              }
            ],
            "user_id": "4fc4f540-edb8-4733-9d65-4b05ad79c6e1"
          },
          "sensitive_attributes": [],
          "private": "eyJzY2hlbWFfdmVyc2lvbiI6IjEifQ==",
          "dependencies": [
            "data.genesyscloud_auth_role.AgentAssist",
            "data.genesyscloud_auth_role.Developer",
            "data.genesyscloud_auth_role.GenesysCloudVoiceAdmin",
            "data.genesyscloud_auth_role.MasterAdmin",
            "data.genesyscloud_auth_role.Terraform_user",
            "data.genesyscloud_auth_role.employee",
            "data.genesyscloud_routing_skill.z25",
            "genesyscloud_user.Workshop_user25"
          ]
        }
      ]
    },
    {
      "mode": "managed",
      "type": "genesyscloud_user_roles",
      "name": "Workshoproles_user26",
      "provider": "provider[\"registry.terraform.io/mypurecloud/genesyscloud\"]",
      "instances": [
        {
          "schema_version": 1,
          "attributes": {
            "id": "0c150c12-628a-4759-ac99-1cb7f05bd2ab",
            "roles": [
              {
                "division_ids": [
                  "f2777e89-ef43-44f2-a570-e883729854ea"
                ],
                "role_id": "05c2fe4c-0312-4598-8148-a96eb2c15b5d"
              },
              {
                "division_ids": [
                  "f2777e89-ef43-44f2-a570-e883729854ea"
                ],
                "role_id": "8fd2b585-45c8-43a8-a378-882d923b4dac"
              },
              {
                "division_ids": [
                  "f2777e89-ef43-44f2-a570-e883729854ea"
                ],
                "role_id": "b746f6cf-573e-4354-9276-265d66cb816e"
              },
              {
                "division_ids": [
                  "f2777e89-ef43-44f2-a570-e883729854ea"
                ],
                "role_id": "d40e93b6-a0c4-48f0-907f-1939a5c05f99"
              },
              {
                "division_ids": [
                  "f2777e89-ef43-44f2-a570-e883729854ea"
                ],
                "role_id": "dd8950a6-1e3c-46e1-b774-ab0f50a5ecb2"
              },
              {
                "division_ids": [
                  "f2777e89-ef43-44f2-a570-e883729854ea"
                ],
                "role_id": "ec850d7b-d45e-4e1c-a419-1cd3fc771649"
              }
            ],
            "user_id": "0c150c12-628a-4759-ac99-1cb7f05bd2ab"
          },
          "sensitive_attributes": [],
          "private": "eyJzY2hlbWFfdmVyc2lvbiI6IjEifQ==",
          "dependencies": [
            "data.genesyscloud_auth_role.AgentAssist",
            "data.genesyscloud_auth_role.Developer",
            "data.genesyscloud_auth_role.GenesysCloudVoiceAdmin",
            "data.genesyscloud_auth_role.MasterAdmin",
            "data.genesyscloud_auth_role.Terraform_user",
            "data.genesyscloud_auth_role.employee",
            "data.genesyscloud_routing_skill.z26",
            "genesyscloud_user.Workshop_user26"
          ]
        }
      ]
    },
    {
      "mode": "managed",
      "type": "genesyscloud_user_roles",
      "name": "Workshoproles_user27",
      "provider": "provider[\"registry.terraform.io/mypurecloud/genesyscloud\"]",
      "instances": [
        {
          "schema_version": 1,
          "attributes": {
            "id": "75be92ad-403e-436c-87a4-c7a2580eec6b",
            "roles": [
              {
                "division_ids": [
                  "f2777e89-ef43-44f2-a570-e883729854ea"
                ],
                "role_id": "05c2fe4c-0312-4598-8148-a96eb2c15b5d"
              },
              {
                "division_ids": [
                  "f2777e89-ef43-44f2-a570-e883729854ea"
                ],
                "role_id": "8fd2b585-45c8-43a8-a378-882d923b4dac"
              },
              {
                "division_ids": [
                  "f2777e89-ef43-44f2-a570-e883729854ea"
                ],
                "role_id": "b746f6cf-573e-4354-9276-265d66cb816e"
              },
              {
                "division_ids": [
                  "f2777e89-ef43-44f2-a570-e883729854ea"
                ],
                "role_id": "d40e93b6-a0c4-48f0-907f-1939a5c05f99"
              },
              {
                "division_ids": [
                  "f2777e89-ef43-44f2-a570-e883729854ea"
                ],
                "role_id": "dd8950a6-1e3c-46e1-b774-ab0f50a5ecb2"
              },
              {
                "division_ids": [
                  "f2777e89-ef43-44f2-a570-e883729854ea"
                ],
                "role_id": "ec850d7b-d45e-4e1c-a419-1cd3fc771649"
              }
            ],
            "user_id": "75be92ad-403e-436c-87a4-c7a2580eec6b"
          },
          "sensitive_attributes": [],
          "private": "eyJzY2hlbWFfdmVyc2lvbiI6IjEifQ==",
          "dependencies": [
            "data.genesyscloud_auth_role.AgentAssist",
            "data.genesyscloud_auth_role.Developer",
            "data.genesyscloud_auth_role.GenesysCloudVoiceAdmin",
            "data.genesyscloud_auth_role.MasterAdmin",
            "data.genesyscloud_auth_role.Terraform_user",
            "data.genesyscloud_auth_role.employee",
            "data.genesyscloud_routing_skill.z27",
            "genesyscloud_user.Workshop_user27"
          ]
        }
      ]
    },
    {
      "mode": "managed",
      "type": "genesyscloud_user_roles",
      "name": "Workshoproles_user28",
      "provider": "provider[\"registry.terraform.io/mypurecloud/genesyscloud\"]",
      "instances": [
        {
          "schema_version": 1,
          "attributes": {
            "id": "cdf69258-8aa9-47da-b1a0-fa89df280477",
            "roles": [
              {
                "division_ids": [
                  "f2777e89-ef43-44f2-a570-e883729854ea"
                ],
                "role_id": "05c2fe4c-0312-4598-8148-a96eb2c15b5d"
              },
              {
                "division_ids": [
                  "f2777e89-ef43-44f2-a570-e883729854ea"
                ],
                "role_id": "8fd2b585-45c8-43a8-a378-882d923b4dac"
              },
              {
                "division_ids": [
                  "f2777e89-ef43-44f2-a570-e883729854ea"
                ],
                "role_id": "b746f6cf-573e-4354-9276-265d66cb816e"
              },
              {
                "division_ids": [
                  "f2777e89-ef43-44f2-a570-e883729854ea"
                ],
                "role_id": "d40e93b6-a0c4-48f0-907f-1939a5c05f99"
              },
              {
                "division_ids": [
                  "f2777e89-ef43-44f2-a570-e883729854ea"
                ],
                "role_id": "dd8950a6-1e3c-46e1-b774-ab0f50a5ecb2"
              },
              {
                "division_ids": [
                  "f2777e89-ef43-44f2-a570-e883729854ea"
                ],
                "role_id": "ec850d7b-d45e-4e1c-a419-1cd3fc771649"
              }
            ],
            "user_id": "cdf69258-8aa9-47da-b1a0-fa89df280477"
          },
          "sensitive_attributes": [],
          "private": "eyJzY2hlbWFfdmVyc2lvbiI6IjEifQ==",
          "dependencies": [
            "data.genesyscloud_auth_role.AgentAssist",
            "data.genesyscloud_auth_role.Developer",
            "data.genesyscloud_auth_role.GenesysCloudVoiceAdmin",
            "data.genesyscloud_auth_role.MasterAdmin",
            "data.genesyscloud_auth_role.Terraform_user",
            "data.genesyscloud_auth_role.employee",
            "data.genesyscloud_routing_skill.z28",
            "genesyscloud_user.Workshop_user28"
          ]
        }
      ]
    },
    {
      "mode": "managed",
      "type": "genesyscloud_user_roles",
      "name": "Workshoproles_user29",
      "provider": "provider[\"registry.terraform.io/mypurecloud/genesyscloud\"]",
      "instances": [
        {
          "schema_version": 1,
          "attributes": {
            "id": "7baa93a4-eaf2-499c-a4be-f0c80b3ed39c",
            "roles": [
              {
                "division_ids": [
                  "f2777e89-ef43-44f2-a570-e883729854ea"
                ],
                "role_id": "05c2fe4c-0312-4598-8148-a96eb2c15b5d"
              },
              {
                "division_ids": [
                  "f2777e89-ef43-44f2-a570-e883729854ea"
                ],
                "role_id": "8fd2b585-45c8-43a8-a378-882d923b4dac"
              },
              {
                "division_ids": [
                  "f2777e89-ef43-44f2-a570-e883729854ea"
                ],
                "role_id": "b746f6cf-573e-4354-9276-265d66cb816e"
              },
              {
                "division_ids": [
                  "f2777e89-ef43-44f2-a570-e883729854ea"
                ],
                "role_id": "d40e93b6-a0c4-48f0-907f-1939a5c05f99"
              },
              {
                "division_ids": [
                  "f2777e89-ef43-44f2-a570-e883729854ea"
                ],
                "role_id": "dd8950a6-1e3c-46e1-b774-ab0f50a5ecb2"
              },
              {
                "division_ids": [
                  "f2777e89-ef43-44f2-a570-e883729854ea"
                ],
                "role_id": "ec850d7b-d45e-4e1c-a419-1cd3fc771649"
              }
            ],
            "user_id": "7baa93a4-eaf2-499c-a4be-f0c80b3ed39c"
          },
          "sensitive_attributes": [],
          "private": "eyJzY2hlbWFfdmVyc2lvbiI6IjEifQ==",
          "dependencies": [
            "data.genesyscloud_auth_role.AgentAssist",
            "data.genesyscloud_auth_role.Developer",
            "data.genesyscloud_auth_role.GenesysCloudVoiceAdmin",
            "data.genesyscloud_auth_role.MasterAdmin",
            "data.genesyscloud_auth_role.Terraform_user",
            "data.genesyscloud_auth_role.employee",
            "data.genesyscloud_routing_skill.z29",
            "genesyscloud_user.Workshop_user29"
          ]
        }
      ]
    },
    {
      "mode": "managed",
      "type": "genesyscloud_user_roles",
      "name": "Workshoproles_user3",
      "provider": "provider[\"registry.terraform.io/mypurecloud/genesyscloud\"]",
      "instances": [
        {
          "schema_version": 1,
          "attributes": {
            "id": "da40f62e-d8a9-43d4-8d67-3cd05429a487",
            "roles": [
              {
                "division_ids": [
                  "f2777e89-ef43-44f2-a570-e883729854ea"
                ],
                "role_id": "05c2fe4c-0312-4598-8148-a96eb2c15b5d"
              },
              {
                "division_ids": [
                  "f2777e89-ef43-44f2-a570-e883729854ea"
                ],
                "role_id": "8fd2b585-45c8-43a8-a378-882d923b4dac"
              },
              {
                "division_ids": [
                  "f2777e89-ef43-44f2-a570-e883729854ea"
                ],
                "role_id": "b746f6cf-573e-4354-9276-265d66cb816e"
              },
              {
                "division_ids": [
                  "f2777e89-ef43-44f2-a570-e883729854ea"
                ],
                "role_id": "d40e93b6-a0c4-48f0-907f-1939a5c05f99"
              },
              {
                "division_ids": [
                  "f2777e89-ef43-44f2-a570-e883729854ea"
                ],
                "role_id": "dd8950a6-1e3c-46e1-b774-ab0f50a5ecb2"
              },
              {
                "division_ids": [
                  "f2777e89-ef43-44f2-a570-e883729854ea"
                ],
                "role_id": "ec850d7b-d45e-4e1c-a419-1cd3fc771649"
              }
            ],
            "user_id": "da40f62e-d8a9-43d4-8d67-3cd05429a487"
          },
          "sensitive_attributes": [],
          "private": "eyJzY2hlbWFfdmVyc2lvbiI6IjEifQ==",
          "dependencies": [
            "data.genesyscloud_auth_role.AgentAssist",
            "data.genesyscloud_auth_role.Developer",
            "data.genesyscloud_auth_role.GenesysCloudVoiceAdmin",
            "data.genesyscloud_auth_role.MasterAdmin",
            "data.genesyscloud_auth_role.Terraform_user",
            "data.genesyscloud_auth_role.employee",
            "data.genesyscloud_routing_skill.z3",
            "genesyscloud_user.Workshop_user3"
          ]
        }
      ]
    },
    {
      "mode": "managed",
      "type": "genesyscloud_user_roles",
      "name": "Workshoproles_user30",
      "provider": "provider[\"registry.terraform.io/mypurecloud/genesyscloud\"]",
      "instances": [
        {
          "schema_version": 1,
          "attributes": {
            "id": "96816c28-6734-480f-8120-751662b6250a",
            "roles": [
              {
                "division_ids": [
                  "f2777e89-ef43-44f2-a570-e883729854ea"
                ],
                "role_id": "05c2fe4c-0312-4598-8148-a96eb2c15b5d"
              },
              {
                "division_ids": [
                  "f2777e89-ef43-44f2-a570-e883729854ea"
                ],
                "role_id": "8fd2b585-45c8-43a8-a378-882d923b4dac"
              },
              {
                "division_ids": [
                  "f2777e89-ef43-44f2-a570-e883729854ea"
                ],
                "role_id": "b746f6cf-573e-4354-9276-265d66cb816e"
              },
              {
                "division_ids": [
                  "f2777e89-ef43-44f2-a570-e883729854ea"
                ],
                "role_id": "d40e93b6-a0c4-48f0-907f-1939a5c05f99"
              },
              {
                "division_ids": [
                  "f2777e89-ef43-44f2-a570-e883729854ea"
                ],
                "role_id": "dd8950a6-1e3c-46e1-b774-ab0f50a5ecb2"
              },
              {
                "division_ids": [
                  "f2777e89-ef43-44f2-a570-e883729854ea"
                ],
                "role_id": "ec850d7b-d45e-4e1c-a419-1cd3fc771649"
              }
            ],
            "user_id": "96816c28-6734-480f-8120-751662b6250a"
          },
          "sensitive_attributes": [],
          "private": "eyJzY2hlbWFfdmVyc2lvbiI6IjEifQ==",
          "dependencies": [
            "data.genesyscloud_auth_role.AgentAssist",
            "data.genesyscloud_auth_role.Developer",
            "data.genesyscloud_auth_role.GenesysCloudVoiceAdmin",
            "data.genesyscloud_auth_role.MasterAdmin",
            "data.genesyscloud_auth_role.Terraform_user",
            "data.genesyscloud_auth_role.employee",
            "data.genesyscloud_routing_skill.z30",
            "genesyscloud_user.Workshop_user30"
          ]
        }
      ]
    },
    {
      "mode": "managed",
      "type": "genesyscloud_user_roles",
      "name": "Workshoproles_user31",
      "provider": "provider[\"registry.terraform.io/mypurecloud/genesyscloud\"]",
      "instances": [
        {
          "schema_version": 1,
          "attributes": {
            "id": "cda65fc9-b4a3-49fd-93ca-6fbc06272e64",
            "roles": [
              {
                "division_ids": [
                  "f2777e89-ef43-44f2-a570-e883729854ea"
                ],
                "role_id": "05c2fe4c-0312-4598-8148-a96eb2c15b5d"
              },
              {
                "division_ids": [
                  "f2777e89-ef43-44f2-a570-e883729854ea"
                ],
                "role_id": "8fd2b585-45c8-43a8-a378-882d923b4dac"
              },
              {
                "division_ids": [
                  "f2777e89-ef43-44f2-a570-e883729854ea"
                ],
                "role_id": "b746f6cf-573e-4354-9276-265d66cb816e"
              },
              {
                "division_ids": [
                  "f2777e89-ef43-44f2-a570-e883729854ea"
                ],
                "role_id": "d40e93b6-a0c4-48f0-907f-1939a5c05f99"
              },
              {
                "division_ids": [
                  "f2777e89-ef43-44f2-a570-e883729854ea"
                ],
                "role_id": "dd8950a6-1e3c-46e1-b774-ab0f50a5ecb2"
              },
              {
                "division_ids": [
                  "f2777e89-ef43-44f2-a570-e883729854ea"
                ],
                "role_id": "ec850d7b-d45e-4e1c-a419-1cd3fc771649"
              }
            ],
            "user_id": "cda65fc9-b4a3-49fd-93ca-6fbc06272e64"
          },
          "sensitive_attributes": [],
          "private": "eyJzY2hlbWFfdmVyc2lvbiI6IjEifQ==",
          "dependencies": [
            "data.genesyscloud_auth_role.AgentAssist",
            "data.genesyscloud_auth_role.Developer",
            "data.genesyscloud_auth_role.GenesysCloudVoiceAdmin",
            "data.genesyscloud_auth_role.MasterAdmin",
            "data.genesyscloud_auth_role.Terraform_user",
            "data.genesyscloud_auth_role.employee",
            "data.genesyscloud_routing_skill.z31",
            "genesyscloud_user.Workshop_user31"
          ]
        }
      ]
    },
    {
      "mode": "managed",
      "type": "genesyscloud_user_roles",
      "name": "Workshoproles_user32",
      "provider": "provider[\"registry.terraform.io/mypurecloud/genesyscloud\"]",
      "instances": [
        {
          "schema_version": 1,
          "attributes": {
            "id": "438d7992-d660-4786-b992-900184c31c3e",
            "roles": [
              {
                "division_ids": [
                  "f2777e89-ef43-44f2-a570-e883729854ea"
                ],
                "role_id": "05c2fe4c-0312-4598-8148-a96eb2c15b5d"
              },
              {
                "division_ids": [
                  "f2777e89-ef43-44f2-a570-e883729854ea"
                ],
                "role_id": "8fd2b585-45c8-43a8-a378-882d923b4dac"
              },
              {
                "division_ids": [
                  "f2777e89-ef43-44f2-a570-e883729854ea"
                ],
                "role_id": "b746f6cf-573e-4354-9276-265d66cb816e"
              },
              {
                "division_ids": [
                  "f2777e89-ef43-44f2-a570-e883729854ea"
                ],
                "role_id": "d40e93b6-a0c4-48f0-907f-1939a5c05f99"
              },
              {
                "division_ids": [
                  "f2777e89-ef43-44f2-a570-e883729854ea"
                ],
                "role_id": "dd8950a6-1e3c-46e1-b774-ab0f50a5ecb2"
              },
              {
                "division_ids": [
                  "f2777e89-ef43-44f2-a570-e883729854ea"
                ],
                "role_id": "ec850d7b-d45e-4e1c-a419-1cd3fc771649"
              }
            ],
            "user_id": "438d7992-d660-4786-b992-900184c31c3e"
          },
          "sensitive_attributes": [],
          "private": "eyJzY2hlbWFfdmVyc2lvbiI6IjEifQ==",
          "dependencies": [
            "data.genesyscloud_auth_role.AgentAssist",
            "data.genesyscloud_auth_role.Developer",
            "data.genesyscloud_auth_role.GenesysCloudVoiceAdmin",
            "data.genesyscloud_auth_role.MasterAdmin",
            "data.genesyscloud_auth_role.Terraform_user",
            "data.genesyscloud_auth_role.employee",
            "data.genesyscloud_routing_skill.z32",
            "genesyscloud_user.Workshop_user32"
          ]
        }
      ]
    },
    {
      "mode": "managed",
      "type": "genesyscloud_user_roles",
      "name": "Workshoproles_user33",
      "provider": "provider[\"registry.terraform.io/mypurecloud/genesyscloud\"]",
      "instances": [
        {
          "schema_version": 1,
          "attributes": {
            "id": "d7d35026-a1c7-4d18-80b8-fbcd4fab2506",
            "roles": [
              {
                "division_ids": [
                  "f2777e89-ef43-44f2-a570-e883729854ea"
                ],
                "role_id": "05c2fe4c-0312-4598-8148-a96eb2c15b5d"
              },
              {
                "division_ids": [
                  "f2777e89-ef43-44f2-a570-e883729854ea"
                ],
                "role_id": "8fd2b585-45c8-43a8-a378-882d923b4dac"
              },
              {
                "division_ids": [
                  "f2777e89-ef43-44f2-a570-e883729854ea"
                ],
                "role_id": "b746f6cf-573e-4354-9276-265d66cb816e"
              },
              {
                "division_ids": [
                  "f2777e89-ef43-44f2-a570-e883729854ea"
                ],
                "role_id": "d40e93b6-a0c4-48f0-907f-1939a5c05f99"
              },
              {
                "division_ids": [
                  "f2777e89-ef43-44f2-a570-e883729854ea"
                ],
                "role_id": "dd8950a6-1e3c-46e1-b774-ab0f50a5ecb2"
              },
              {
                "division_ids": [
                  "f2777e89-ef43-44f2-a570-e883729854ea"
                ],
                "role_id": "ec850d7b-d45e-4e1c-a419-1cd3fc771649"
              }
            ],
            "user_id": "d7d35026-a1c7-4d18-80b8-fbcd4fab2506"
          },
          "sensitive_attributes": [],
          "private": "eyJzY2hlbWFfdmVyc2lvbiI6IjEifQ==",
          "dependencies": [
            "data.genesyscloud_auth_role.AgentAssist",
            "data.genesyscloud_auth_role.Developer",
            "data.genesyscloud_auth_role.GenesysCloudVoiceAdmin",
            "data.genesyscloud_auth_role.MasterAdmin",
            "data.genesyscloud_auth_role.Terraform_user",
            "data.genesyscloud_auth_role.employee",
            "data.genesyscloud_routing_skill.z33",
            "genesyscloud_user.Workshop_user33"
          ]
        }
      ]
    },
    {
      "mode": "managed",
      "type": "genesyscloud_user_roles",
      "name": "Workshoproles_user34",
      "provider": "provider[\"registry.terraform.io/mypurecloud/genesyscloud\"]",
      "instances": [
        {
          "schema_version": 1,
          "attributes": {
            "id": "7da174f3-e25a-46d8-a9ad-d9b79a43487c",
            "roles": [
              {
                "division_ids": [
                  "f2777e89-ef43-44f2-a570-e883729854ea"
                ],
                "role_id": "05c2fe4c-0312-4598-8148-a96eb2c15b5d"
              },
              {
                "division_ids": [
                  "f2777e89-ef43-44f2-a570-e883729854ea"
                ],
                "role_id": "8fd2b585-45c8-43a8-a378-882d923b4dac"
              },
              {
                "division_ids": [
                  "f2777e89-ef43-44f2-a570-e883729854ea"
                ],
                "role_id": "b746f6cf-573e-4354-9276-265d66cb816e"
              },
              {
                "division_ids": [
                  "f2777e89-ef43-44f2-a570-e883729854ea"
                ],
                "role_id": "d40e93b6-a0c4-48f0-907f-1939a5c05f99"
              },
              {
                "division_ids": [
                  "f2777e89-ef43-44f2-a570-e883729854ea"
                ],
                "role_id": "dd8950a6-1e3c-46e1-b774-ab0f50a5ecb2"
              },
              {
                "division_ids": [
                  "f2777e89-ef43-44f2-a570-e883729854ea"
                ],
                "role_id": "ec850d7b-d45e-4e1c-a419-1cd3fc771649"
              }
            ],
            "user_id": "7da174f3-e25a-46d8-a9ad-d9b79a43487c"
          },
          "sensitive_attributes": [],
          "private": "eyJzY2hlbWFfdmVyc2lvbiI6IjEifQ==",
          "dependencies": [
            "data.genesyscloud_auth_role.AgentAssist",
            "data.genesyscloud_auth_role.Developer",
            "data.genesyscloud_auth_role.GenesysCloudVoiceAdmin",
            "data.genesyscloud_auth_role.MasterAdmin",
            "data.genesyscloud_auth_role.Terraform_user",
            "data.genesyscloud_auth_role.employee",
            "data.genesyscloud_routing_skill.z34",
            "genesyscloud_user.Workshop_user34"
          ]
        }
      ]
    },
    {
      "mode": "managed",
      "type": "genesyscloud_user_roles",
      "name": "Workshoproles_user35",
      "provider": "provider[\"registry.terraform.io/mypurecloud/genesyscloud\"]",
      "instances": [
        {
          "schema_version": 1,
          "attributes": {
            "id": "86fae9d5-33ea-4399-b408-f638321948fc",
            "roles": [
              {
                "division_ids": [
                  "f2777e89-ef43-44f2-a570-e883729854ea"
                ],
                "role_id": "05c2fe4c-0312-4598-8148-a96eb2c15b5d"
              },
              {
                "division_ids": [
                  "f2777e89-ef43-44f2-a570-e883729854ea"
                ],
                "role_id": "8fd2b585-45c8-43a8-a378-882d923b4dac"
              },
              {
                "division_ids": [
                  "f2777e89-ef43-44f2-a570-e883729854ea"
                ],
                "role_id": "b746f6cf-573e-4354-9276-265d66cb816e"
              },
              {
                "division_ids": [
                  "f2777e89-ef43-44f2-a570-e883729854ea"
                ],
                "role_id": "d40e93b6-a0c4-48f0-907f-1939a5c05f99"
              },
              {
                "division_ids": [
                  "f2777e89-ef43-44f2-a570-e883729854ea"
                ],
                "role_id": "dd8950a6-1e3c-46e1-b774-ab0f50a5ecb2"
              },
              {
                "division_ids": [
                  "f2777e89-ef43-44f2-a570-e883729854ea"
                ],
                "role_id": "ec850d7b-d45e-4e1c-a419-1cd3fc771649"
              }
            ],
            "user_id": "86fae9d5-33ea-4399-b408-f638321948fc"
          },
          "sensitive_attributes": [],
          "private": "eyJzY2hlbWFfdmVyc2lvbiI6IjEifQ==",
          "dependencies": [
            "data.genesyscloud_auth_role.AgentAssist",
            "data.genesyscloud_auth_role.Developer",
            "data.genesyscloud_auth_role.GenesysCloudVoiceAdmin",
            "data.genesyscloud_auth_role.MasterAdmin",
            "data.genesyscloud_auth_role.Terraform_user",
            "data.genesyscloud_auth_role.employee",
            "data.genesyscloud_routing_skill.z35",
            "genesyscloud_user.Workshop_user35"
          ]
        }
      ]
    },
    {
      "mode": "managed",
      "type": "genesyscloud_user_roles",
      "name": "Workshoproles_user36",
      "provider": "provider[\"registry.terraform.io/mypurecloud/genesyscloud\"]",
      "instances": [
        {
          "schema_version": 1,
          "attributes": {
            "id": "c5152aec-d83b-43bd-bb3a-da06f5ea812a",
            "roles": [
              {
                "division_ids": [
                  "f2777e89-ef43-44f2-a570-e883729854ea"
                ],
                "role_id": "05c2fe4c-0312-4598-8148-a96eb2c15b5d"
              },
              {
                "division_ids": [
                  "f2777e89-ef43-44f2-a570-e883729854ea"
                ],
                "role_id": "8fd2b585-45c8-43a8-a378-882d923b4dac"
              },
              {
                "division_ids": [
                  "f2777e89-ef43-44f2-a570-e883729854ea"
                ],
                "role_id": "b746f6cf-573e-4354-9276-265d66cb816e"
              },
              {
                "division_ids": [
                  "f2777e89-ef43-44f2-a570-e883729854ea"
                ],
                "role_id": "d40e93b6-a0c4-48f0-907f-1939a5c05f99"
              },
              {
                "division_ids": [
                  "f2777e89-ef43-44f2-a570-e883729854ea"
                ],
                "role_id": "dd8950a6-1e3c-46e1-b774-ab0f50a5ecb2"
              },
              {
                "division_ids": [
                  "f2777e89-ef43-44f2-a570-e883729854ea"
                ],
                "role_id": "ec850d7b-d45e-4e1c-a419-1cd3fc771649"
              }
            ],
            "user_id": "c5152aec-d83b-43bd-bb3a-da06f5ea812a"
          },
          "sensitive_attributes": [],
          "private": "eyJzY2hlbWFfdmVyc2lvbiI6IjEifQ==",
          "dependencies": [
            "data.genesyscloud_auth_role.AgentAssist",
            "data.genesyscloud_auth_role.Developer",
            "data.genesyscloud_auth_role.GenesysCloudVoiceAdmin",
            "data.genesyscloud_auth_role.MasterAdmin",
            "data.genesyscloud_auth_role.Terraform_user",
            "data.genesyscloud_auth_role.employee",
            "data.genesyscloud_routing_skill.z36",
            "genesyscloud_user.Workshop_user36"
          ]
        }
      ]
    },
    {
      "mode": "managed",
      "type": "genesyscloud_user_roles",
      "name": "Workshoproles_user37",
      "provider": "provider[\"registry.terraform.io/mypurecloud/genesyscloud\"]",
      "instances": [
        {
          "schema_version": 1,
          "attributes": {
            "id": "cdb84a63-3a8a-4ada-8592-5c348242cc55",
            "roles": [
              {
                "division_ids": [
                  "f2777e89-ef43-44f2-a570-e883729854ea"
                ],
                "role_id": "05c2fe4c-0312-4598-8148-a96eb2c15b5d"
              },
              {
                "division_ids": [
                  "f2777e89-ef43-44f2-a570-e883729854ea"
                ],
                "role_id": "8fd2b585-45c8-43a8-a378-882d923b4dac"
              },
              {
                "division_ids": [
                  "f2777e89-ef43-44f2-a570-e883729854ea"
                ],
                "role_id": "b746f6cf-573e-4354-9276-265d66cb816e"
              },
              {
                "division_ids": [
                  "f2777e89-ef43-44f2-a570-e883729854ea"
                ],
                "role_id": "d40e93b6-a0c4-48f0-907f-1939a5c05f99"
              },
              {
                "division_ids": [
                  "f2777e89-ef43-44f2-a570-e883729854ea"
                ],
                "role_id": "dd8950a6-1e3c-46e1-b774-ab0f50a5ecb2"
              },
              {
                "division_ids": [
                  "f2777e89-ef43-44f2-a570-e883729854ea"
                ],
                "role_id": "ec850d7b-d45e-4e1c-a419-1cd3fc771649"
              }
            ],
            "user_id": "cdb84a63-3a8a-4ada-8592-5c348242cc55"
          },
          "sensitive_attributes": [],
          "private": "eyJzY2hlbWFfdmVyc2lvbiI6IjEifQ==",
          "dependencies": [
            "data.genesyscloud_auth_role.AgentAssist",
            "data.genesyscloud_auth_role.Developer",
            "data.genesyscloud_auth_role.GenesysCloudVoiceAdmin",
            "data.genesyscloud_auth_role.MasterAdmin",
            "data.genesyscloud_auth_role.Terraform_user",
            "data.genesyscloud_auth_role.employee",
            "data.genesyscloud_routing_skill.z37",
            "genesyscloud_user.Workshop_user37"
          ]
        }
      ]
    },
    {
      "mode": "managed",
      "type": "genesyscloud_user_roles",
      "name": "Workshoproles_user38",
      "provider": "provider[\"registry.terraform.io/mypurecloud/genesyscloud\"]",
      "instances": [
        {
          "schema_version": 1,
          "attributes": {
            "id": "d609f130-6d9e-41a0-8f3c-41344d3fb271",
            "roles": [
              {
                "division_ids": [
                  "f2777e89-ef43-44f2-a570-e883729854ea"
                ],
                "role_id": "05c2fe4c-0312-4598-8148-a96eb2c15b5d"
              },
              {
                "division_ids": [
                  "f2777e89-ef43-44f2-a570-e883729854ea"
                ],
                "role_id": "8fd2b585-45c8-43a8-a378-882d923b4dac"
              },
              {
                "division_ids": [
                  "f2777e89-ef43-44f2-a570-e883729854ea"
                ],
                "role_id": "b746f6cf-573e-4354-9276-265d66cb816e"
              },
              {
                "division_ids": [
                  "f2777e89-ef43-44f2-a570-e883729854ea"
                ],
                "role_id": "d40e93b6-a0c4-48f0-907f-1939a5c05f99"
              },
              {
                "division_ids": [
                  "f2777e89-ef43-44f2-a570-e883729854ea"
                ],
                "role_id": "dd8950a6-1e3c-46e1-b774-ab0f50a5ecb2"
              },
              {
                "division_ids": [
                  "f2777e89-ef43-44f2-a570-e883729854ea"
                ],
                "role_id": "ec850d7b-d45e-4e1c-a419-1cd3fc771649"
              }
            ],
            "user_id": "d609f130-6d9e-41a0-8f3c-41344d3fb271"
          },
          "sensitive_attributes": [],
          "private": "eyJzY2hlbWFfdmVyc2lvbiI6IjEifQ==",
          "dependencies": [
            "data.genesyscloud_auth_role.AgentAssist",
            "data.genesyscloud_auth_role.Developer",
            "data.genesyscloud_auth_role.GenesysCloudVoiceAdmin",
            "data.genesyscloud_auth_role.MasterAdmin",
            "data.genesyscloud_auth_role.Terraform_user",
            "data.genesyscloud_auth_role.employee",
            "data.genesyscloud_routing_skill.z38",
            "genesyscloud_user.Workshop_user38"
          ]
        }
      ]
    },
    {
      "mode": "managed",
      "type": "genesyscloud_user_roles",
      "name": "Workshoproles_user39",
      "provider": "provider[\"registry.terraform.io/mypurecloud/genesyscloud\"]",
      "instances": [
        {
          "schema_version": 1,
          "attributes": {
            "id": "6a6cddaf-3757-462f-860b-8f57f6125a75",
            "roles": [
              {
                "division_ids": [
                  "f2777e89-ef43-44f2-a570-e883729854ea"
                ],
                "role_id": "05c2fe4c-0312-4598-8148-a96eb2c15b5d"
              },
              {
                "division_ids": [
                  "f2777e89-ef43-44f2-a570-e883729854ea"
                ],
                "role_id": "8fd2b585-45c8-43a8-a378-882d923b4dac"
              },
              {
                "division_ids": [
                  "f2777e89-ef43-44f2-a570-e883729854ea"
                ],
                "role_id": "b746f6cf-573e-4354-9276-265d66cb816e"
              },
              {
                "division_ids": [
                  "f2777e89-ef43-44f2-a570-e883729854ea"
                ],
                "role_id": "d40e93b6-a0c4-48f0-907f-1939a5c05f99"
              },
              {
                "division_ids": [
                  "f2777e89-ef43-44f2-a570-e883729854ea"
                ],
                "role_id": "dd8950a6-1e3c-46e1-b774-ab0f50a5ecb2"
              },
              {
                "division_ids": [
                  "f2777e89-ef43-44f2-a570-e883729854ea"
                ],
                "role_id": "ec850d7b-d45e-4e1c-a419-1cd3fc771649"
              }
            ],
            "user_id": "6a6cddaf-3757-462f-860b-8f57f6125a75"
          },
          "sensitive_attributes": [],
          "private": "eyJzY2hlbWFfdmVyc2lvbiI6IjEifQ==",
          "dependencies": [
            "data.genesyscloud_auth_role.AgentAssist",
            "data.genesyscloud_auth_role.Developer",
            "data.genesyscloud_auth_role.GenesysCloudVoiceAdmin",
            "data.genesyscloud_auth_role.MasterAdmin",
            "data.genesyscloud_auth_role.Terraform_user",
            "data.genesyscloud_auth_role.employee",
            "data.genesyscloud_routing_skill.z39",
            "genesyscloud_user.Workshop_user39"
          ]
        }
      ]
    },
    {
      "mode": "managed",
      "type": "genesyscloud_user_roles",
      "name": "Workshoproles_user4",
      "provider": "provider[\"registry.terraform.io/mypurecloud/genesyscloud\"]",
      "instances": [
        {
          "schema_version": 1,
          "attributes": {
            "id": "09a3f2ab-5977-417b-93ae-3f3676ccdce6",
            "roles": [
              {
                "division_ids": [
                  "f2777e89-ef43-44f2-a570-e883729854ea"
                ],
                "role_id": "05c2fe4c-0312-4598-8148-a96eb2c15b5d"
              },
              {
                "division_ids": [
                  "f2777e89-ef43-44f2-a570-e883729854ea"
                ],
                "role_id": "8fd2b585-45c8-43a8-a378-882d923b4dac"
              },
              {
                "division_ids": [
                  "f2777e89-ef43-44f2-a570-e883729854ea"
                ],
                "role_id": "b746f6cf-573e-4354-9276-265d66cb816e"
              },
              {
                "division_ids": [
                  "f2777e89-ef43-44f2-a570-e883729854ea"
                ],
                "role_id": "d40e93b6-a0c4-48f0-907f-1939a5c05f99"
              },
              {
                "division_ids": [
                  "f2777e89-ef43-44f2-a570-e883729854ea"
                ],
                "role_id": "dd8950a6-1e3c-46e1-b774-ab0f50a5ecb2"
              },
              {
                "division_ids": [
                  "f2777e89-ef43-44f2-a570-e883729854ea"
                ],
                "role_id": "ec850d7b-d45e-4e1c-a419-1cd3fc771649"
              }
            ],
            "user_id": "09a3f2ab-5977-417b-93ae-3f3676ccdce6"
          },
          "sensitive_attributes": [],
          "private": "eyJzY2hlbWFfdmVyc2lvbiI6IjEifQ==",
          "dependencies": [
            "data.genesyscloud_auth_role.AgentAssist",
            "data.genesyscloud_auth_role.Developer",
            "data.genesyscloud_auth_role.GenesysCloudVoiceAdmin",
            "data.genesyscloud_auth_role.MasterAdmin",
            "data.genesyscloud_auth_role.Terraform_user",
            "data.genesyscloud_auth_role.employee",
            "data.genesyscloud_routing_skill.z4",
            "genesyscloud_user.Workshop_user4"
          ]
        }
      ]
    },
    {
      "mode": "managed",
      "type": "genesyscloud_user_roles",
      "name": "Workshoproles_user40",
      "provider": "provider[\"registry.terraform.io/mypurecloud/genesyscloud\"]",
      "instances": [
        {
          "schema_version": 1,
          "attributes": {
            "id": "a19ca402-db48-43ec-822d-dcf3e4b95432",
            "roles": [
              {
                "division_ids": [
                  "f2777e89-ef43-44f2-a570-e883729854ea"
                ],
                "role_id": "05c2fe4c-0312-4598-8148-a96eb2c15b5d"
              },
              {
                "division_ids": [
                  "f2777e89-ef43-44f2-a570-e883729854ea"
                ],
                "role_id": "8fd2b585-45c8-43a8-a378-882d923b4dac"
              },
              {
                "division_ids": [
                  "f2777e89-ef43-44f2-a570-e883729854ea"
                ],
                "role_id": "b746f6cf-573e-4354-9276-265d66cb816e"
              },
              {
                "division_ids": [
                  "f2777e89-ef43-44f2-a570-e883729854ea"
                ],
                "role_id": "d40e93b6-a0c4-48f0-907f-1939a5c05f99"
              },
              {
                "division_ids": [
                  "f2777e89-ef43-44f2-a570-e883729854ea"
                ],
                "role_id": "dd8950a6-1e3c-46e1-b774-ab0f50a5ecb2"
              },
              {
                "division_ids": [
                  "f2777e89-ef43-44f2-a570-e883729854ea"
                ],
                "role_id": "ec850d7b-d45e-4e1c-a419-1cd3fc771649"
              }
            ],
            "user_id": "a19ca402-db48-43ec-822d-dcf3e4b95432"
          },
          "sensitive_attributes": [],
          "private": "eyJzY2hlbWFfdmVyc2lvbiI6IjEifQ==",
          "dependencies": [
            "data.genesyscloud_auth_role.AgentAssist",
            "data.genesyscloud_auth_role.Developer",
            "data.genesyscloud_auth_role.GenesysCloudVoiceAdmin",
            "data.genesyscloud_auth_role.MasterAdmin",
            "data.genesyscloud_auth_role.Terraform_user",
            "data.genesyscloud_auth_role.employee",
            "data.genesyscloud_routing_skill.z40",
            "genesyscloud_user.Workshop_user40"
          ]
        }
      ]
    },
    {
      "mode": "managed",
      "type": "genesyscloud_user_roles",
      "name": "Workshoproles_user41",
      "provider": "provider[\"registry.terraform.io/mypurecloud/genesyscloud\"]",
      "instances": [
        {
          "schema_version": 1,
          "attributes": {
            "id": "78c3b169-ed30-4e2a-a039-3fbe3d112efe",
            "roles": [
              {
                "division_ids": [
                  "f2777e89-ef43-44f2-a570-e883729854ea"
                ],
                "role_id": "05c2fe4c-0312-4598-8148-a96eb2c15b5d"
              },
              {
                "division_ids": [
                  "f2777e89-ef43-44f2-a570-e883729854ea"
                ],
                "role_id": "8fd2b585-45c8-43a8-a378-882d923b4dac"
              },
              {
                "division_ids": [
                  "f2777e89-ef43-44f2-a570-e883729854ea"
                ],
                "role_id": "b746f6cf-573e-4354-9276-265d66cb816e"
              },
              {
                "division_ids": [
                  "f2777e89-ef43-44f2-a570-e883729854ea"
                ],
                "role_id": "d40e93b6-a0c4-48f0-907f-1939a5c05f99"
              },
              {
                "division_ids": [
                  "f2777e89-ef43-44f2-a570-e883729854ea"
                ],
                "role_id": "dd8950a6-1e3c-46e1-b774-ab0f50a5ecb2"
              },
              {
                "division_ids": [
                  "f2777e89-ef43-44f2-a570-e883729854ea"
                ],
                "role_id": "ec850d7b-d45e-4e1c-a419-1cd3fc771649"
              }
            ],
            "user_id": "78c3b169-ed30-4e2a-a039-3fbe3d112efe"
          },
          "sensitive_attributes": [],
          "private": "eyJzY2hlbWFfdmVyc2lvbiI6IjEifQ==",
          "dependencies": [
            "data.genesyscloud_auth_role.AgentAssist",
            "data.genesyscloud_auth_role.Developer",
            "data.genesyscloud_auth_role.GenesysCloudVoiceAdmin",
            "data.genesyscloud_auth_role.MasterAdmin",
            "data.genesyscloud_auth_role.Terraform_user",
            "data.genesyscloud_auth_role.employee",
            "data.genesyscloud_routing_skill.z41",
            "genesyscloud_user.Workshop_user41"
          ]
        }
      ]
    },
    {
      "mode": "managed",
      "type": "genesyscloud_user_roles",
      "name": "Workshoproles_user42",
      "provider": "provider[\"registry.terraform.io/mypurecloud/genesyscloud\"]",
      "instances": [
        {
          "schema_version": 1,
          "attributes": {
            "id": "b492af1e-ce3e-476d-99f9-acbbbb28e96b",
            "roles": [
              {
                "division_ids": [
                  "f2777e89-ef43-44f2-a570-e883729854ea"
                ],
                "role_id": "05c2fe4c-0312-4598-8148-a96eb2c15b5d"
              },
              {
                "division_ids": [
                  "f2777e89-ef43-44f2-a570-e883729854ea"
                ],
                "role_id": "8fd2b585-45c8-43a8-a378-882d923b4dac"
              },
              {
                "division_ids": [
                  "f2777e89-ef43-44f2-a570-e883729854ea"
                ],
                "role_id": "b746f6cf-573e-4354-9276-265d66cb816e"
              },
              {
                "division_ids": [
                  "f2777e89-ef43-44f2-a570-e883729854ea"
                ],
                "role_id": "d40e93b6-a0c4-48f0-907f-1939a5c05f99"
              },
              {
                "division_ids": [
                  "f2777e89-ef43-44f2-a570-e883729854ea"
                ],
                "role_id": "dd8950a6-1e3c-46e1-b774-ab0f50a5ecb2"
              },
              {
                "division_ids": [
                  "f2777e89-ef43-44f2-a570-e883729854ea"
                ],
                "role_id": "ec850d7b-d45e-4e1c-a419-1cd3fc771649"
              }
            ],
            "user_id": "b492af1e-ce3e-476d-99f9-acbbbb28e96b"
          },
          "sensitive_attributes": [],
          "private": "eyJzY2hlbWFfdmVyc2lvbiI6IjEifQ==",
          "dependencies": [
            "data.genesyscloud_auth_role.AgentAssist",
            "data.genesyscloud_auth_role.Developer",
            "data.genesyscloud_auth_role.GenesysCloudVoiceAdmin",
            "data.genesyscloud_auth_role.MasterAdmin",
            "data.genesyscloud_auth_role.Terraform_user",
            "data.genesyscloud_auth_role.employee",
            "data.genesyscloud_routing_skill.z42",
            "genesyscloud_user.Workshop_user42"
          ]
        }
      ]
    },
    {
      "mode": "managed",
      "type": "genesyscloud_user_roles",
      "name": "Workshoproles_user43",
      "provider": "provider[\"registry.terraform.io/mypurecloud/genesyscloud\"]",
      "instances": [
        {
          "schema_version": 1,
          "attributes": {
            "id": "674840b2-c396-493b-9513-682c90f78590",
            "roles": [
              {
                "division_ids": [
                  "f2777e89-ef43-44f2-a570-e883729854ea"
                ],
                "role_id": "05c2fe4c-0312-4598-8148-a96eb2c15b5d"
              },
              {
                "division_ids": [
                  "f2777e89-ef43-44f2-a570-e883729854ea"
                ],
                "role_id": "8fd2b585-45c8-43a8-a378-882d923b4dac"
              },
              {
                "division_ids": [
                  "f2777e89-ef43-44f2-a570-e883729854ea"
                ],
                "role_id": "b746f6cf-573e-4354-9276-265d66cb816e"
              },
              {
                "division_ids": [
                  "f2777e89-ef43-44f2-a570-e883729854ea"
                ],
                "role_id": "d40e93b6-a0c4-48f0-907f-1939a5c05f99"
              },
              {
                "division_ids": [
                  "f2777e89-ef43-44f2-a570-e883729854ea"
                ],
                "role_id": "dd8950a6-1e3c-46e1-b774-ab0f50a5ecb2"
              },
              {
                "division_ids": [
                  "f2777e89-ef43-44f2-a570-e883729854ea"
                ],
                "role_id": "ec850d7b-d45e-4e1c-a419-1cd3fc771649"
              }
            ],
            "user_id": "674840b2-c396-493b-9513-682c90f78590"
          },
          "sensitive_attributes": [],
          "private": "eyJzY2hlbWFfdmVyc2lvbiI6IjEifQ==",
          "dependencies": [
            "data.genesyscloud_auth_role.AgentAssist",
            "data.genesyscloud_auth_role.Developer",
            "data.genesyscloud_auth_role.GenesysCloudVoiceAdmin",
            "data.genesyscloud_auth_role.MasterAdmin",
            "data.genesyscloud_auth_role.Terraform_user",
            "data.genesyscloud_auth_role.employee",
            "data.genesyscloud_routing_skill.z43",
            "genesyscloud_user.Workshop_user43"
          ]
        }
      ]
    },
    {
      "mode": "managed",
      "type": "genesyscloud_user_roles",
      "name": "Workshoproles_user44",
      "provider": "provider[\"registry.terraform.io/mypurecloud/genesyscloud\"]",
      "instances": [
        {
          "schema_version": 1,
          "attributes": {
            "id": "a7d6c492-b175-42a6-a841-01380028cf47",
            "roles": [
              {
                "division_ids": [
                  "f2777e89-ef43-44f2-a570-e883729854ea"
                ],
                "role_id": "05c2fe4c-0312-4598-8148-a96eb2c15b5d"
              },
              {
                "division_ids": [
                  "f2777e89-ef43-44f2-a570-e883729854ea"
                ],
                "role_id": "8fd2b585-45c8-43a8-a378-882d923b4dac"
              },
              {
                "division_ids": [
                  "f2777e89-ef43-44f2-a570-e883729854ea"
                ],
                "role_id": "b746f6cf-573e-4354-9276-265d66cb816e"
              },
              {
                "division_ids": [
                  "f2777e89-ef43-44f2-a570-e883729854ea"
                ],
                "role_id": "d40e93b6-a0c4-48f0-907f-1939a5c05f99"
              },
              {
                "division_ids": [
                  "f2777e89-ef43-44f2-a570-e883729854ea"
                ],
                "role_id": "dd8950a6-1e3c-46e1-b774-ab0f50a5ecb2"
              },
              {
                "division_ids": [
                  "f2777e89-ef43-44f2-a570-e883729854ea"
                ],
                "role_id": "ec850d7b-d45e-4e1c-a419-1cd3fc771649"
              }
            ],
            "user_id": "a7d6c492-b175-42a6-a841-01380028cf47"
          },
          "sensitive_attributes": [],
          "private": "eyJzY2hlbWFfdmVyc2lvbiI6IjEifQ==",
          "dependencies": [
            "data.genesyscloud_auth_role.AgentAssist",
            "data.genesyscloud_auth_role.Developer",
            "data.genesyscloud_auth_role.GenesysCloudVoiceAdmin",
            "data.genesyscloud_auth_role.MasterAdmin",
            "data.genesyscloud_auth_role.Terraform_user",
            "data.genesyscloud_auth_role.employee",
            "data.genesyscloud_routing_skill.z44",
            "genesyscloud_user.Workshop_user44"
          ]
        }
      ]
    },
    {
      "mode": "managed",
      "type": "genesyscloud_user_roles",
      "name": "Workshoproles_user45",
      "provider": "provider[\"registry.terraform.io/mypurecloud/genesyscloud\"]",
      "instances": [
        {
          "schema_version": 1,
          "attributes": {
            "id": "16cadc31-a087-423c-aae1-e3a56e36629a",
            "roles": [
              {
                "division_ids": [
                  "f2777e89-ef43-44f2-a570-e883729854ea"
                ],
                "role_id": "05c2fe4c-0312-4598-8148-a96eb2c15b5d"
              },
              {
                "division_ids": [
                  "f2777e89-ef43-44f2-a570-e883729854ea"
                ],
                "role_id": "8fd2b585-45c8-43a8-a378-882d923b4dac"
              },
              {
                "division_ids": [
                  "f2777e89-ef43-44f2-a570-e883729854ea"
                ],
                "role_id": "b746f6cf-573e-4354-9276-265d66cb816e"
              },
              {
                "division_ids": [
                  "f2777e89-ef43-44f2-a570-e883729854ea"
                ],
                "role_id": "d40e93b6-a0c4-48f0-907f-1939a5c05f99"
              },
              {
                "division_ids": [
                  "f2777e89-ef43-44f2-a570-e883729854ea"
                ],
                "role_id": "dd8950a6-1e3c-46e1-b774-ab0f50a5ecb2"
              },
              {
                "division_ids": [
                  "f2777e89-ef43-44f2-a570-e883729854ea"
                ],
                "role_id": "ec850d7b-d45e-4e1c-a419-1cd3fc771649"
              }
            ],
            "user_id": "16cadc31-a087-423c-aae1-e3a56e36629a"
          },
          "sensitive_attributes": [],
          "private": "eyJzY2hlbWFfdmVyc2lvbiI6IjEifQ==",
          "dependencies": [
            "data.genesyscloud_auth_role.AgentAssist",
            "data.genesyscloud_auth_role.Developer",
            "data.genesyscloud_auth_role.GenesysCloudVoiceAdmin",
            "data.genesyscloud_auth_role.MasterAdmin",
            "data.genesyscloud_auth_role.Terraform_user",
            "data.genesyscloud_auth_role.employee",
            "data.genesyscloud_routing_skill.z45",
            "genesyscloud_user.Workshop_user45"
          ]
        }
      ]
    },
    {
      "mode": "managed",
      "type": "genesyscloud_user_roles",
      "name": "Workshoproles_user46",
      "provider": "provider[\"registry.terraform.io/mypurecloud/genesyscloud\"]",
      "instances": [
        {
          "schema_version": 1,
          "attributes": {
            "id": "1277e751-1281-4113-84c9-1300be88a991",
            "roles": [
              {
                "division_ids": [
                  "f2777e89-ef43-44f2-a570-e883729854ea"
                ],
                "role_id": "05c2fe4c-0312-4598-8148-a96eb2c15b5d"
              },
              {
                "division_ids": [
                  "f2777e89-ef43-44f2-a570-e883729854ea"
                ],
                "role_id": "8fd2b585-45c8-43a8-a378-882d923b4dac"
              },
              {
                "division_ids": [
                  "f2777e89-ef43-44f2-a570-e883729854ea"
                ],
                "role_id": "b746f6cf-573e-4354-9276-265d66cb816e"
              },
              {
                "division_ids": [
                  "f2777e89-ef43-44f2-a570-e883729854ea"
                ],
                "role_id": "d40e93b6-a0c4-48f0-907f-1939a5c05f99"
              },
              {
                "division_ids": [
                  "f2777e89-ef43-44f2-a570-e883729854ea"
                ],
                "role_id": "dd8950a6-1e3c-46e1-b774-ab0f50a5ecb2"
              },
              {
                "division_ids": [
                  "f2777e89-ef43-44f2-a570-e883729854ea"
                ],
                "role_id": "ec850d7b-d45e-4e1c-a419-1cd3fc771649"
              }
            ],
            "user_id": "1277e751-1281-4113-84c9-1300be88a991"
          },
          "sensitive_attributes": [],
          "private": "eyJzY2hlbWFfdmVyc2lvbiI6IjEifQ==",
          "dependencies": [
            "data.genesyscloud_auth_role.AgentAssist",
            "data.genesyscloud_auth_role.Developer",
            "data.genesyscloud_auth_role.GenesysCloudVoiceAdmin",
            "data.genesyscloud_auth_role.MasterAdmin",
            "data.genesyscloud_auth_role.Terraform_user",
            "data.genesyscloud_auth_role.employee",
            "data.genesyscloud_routing_skill.z46",
            "genesyscloud_user.Workshop_user46"
          ]
        }
      ]
    },
    {
      "mode": "managed",
      "type": "genesyscloud_user_roles",
      "name": "Workshoproles_user47",
      "provider": "provider[\"registry.terraform.io/mypurecloud/genesyscloud\"]",
      "instances": [
        {
          "schema_version": 1,
          "attributes": {
            "id": "b005b595-648d-4aaa-8293-23e4e706c6bc",
            "roles": [
              {
                "division_ids": [
                  "f2777e89-ef43-44f2-a570-e883729854ea"
                ],
                "role_id": "05c2fe4c-0312-4598-8148-a96eb2c15b5d"
              },
              {
                "division_ids": [
                  "f2777e89-ef43-44f2-a570-e883729854ea"
                ],
                "role_id": "8fd2b585-45c8-43a8-a378-882d923b4dac"
              },
              {
                "division_ids": [
                  "f2777e89-ef43-44f2-a570-e883729854ea"
                ],
                "role_id": "b746f6cf-573e-4354-9276-265d66cb816e"
              },
              {
                "division_ids": [
                  "f2777e89-ef43-44f2-a570-e883729854ea"
                ],
                "role_id": "d40e93b6-a0c4-48f0-907f-1939a5c05f99"
              },
              {
                "division_ids": [
                  "f2777e89-ef43-44f2-a570-e883729854ea"
                ],
                "role_id": "dd8950a6-1e3c-46e1-b774-ab0f50a5ecb2"
              },
              {
                "division_ids": [
                  "f2777e89-ef43-44f2-a570-e883729854ea"
                ],
                "role_id": "ec850d7b-d45e-4e1c-a419-1cd3fc771649"
              }
            ],
            "user_id": "b005b595-648d-4aaa-8293-23e4e706c6bc"
          },
          "sensitive_attributes": [],
          "private": "eyJzY2hlbWFfdmVyc2lvbiI6IjEifQ==",
          "dependencies": [
            "data.genesyscloud_auth_role.AgentAssist",
            "data.genesyscloud_auth_role.Developer",
            "data.genesyscloud_auth_role.GenesysCloudVoiceAdmin",
            "data.genesyscloud_auth_role.MasterAdmin",
            "data.genesyscloud_auth_role.Terraform_user",
            "data.genesyscloud_auth_role.employee",
            "data.genesyscloud_routing_skill.z47",
            "genesyscloud_user.Workshop_user47"
          ]
        }
      ]
    },
    {
      "mode": "managed",
      "type": "genesyscloud_user_roles",
      "name": "Workshoproles_user48",
      "provider": "provider[\"registry.terraform.io/mypurecloud/genesyscloud\"]",
      "instances": [
        {
          "schema_version": 1,
          "attributes": {
            "id": "f6a703c8-cef3-4b88-b17f-81e4ffabf324",
            "roles": [
              {
                "division_ids": [
                  "f2777e89-ef43-44f2-a570-e883729854ea"
                ],
                "role_id": "05c2fe4c-0312-4598-8148-a96eb2c15b5d"
              },
              {
                "division_ids": [
                  "f2777e89-ef43-44f2-a570-e883729854ea"
                ],
                "role_id": "8fd2b585-45c8-43a8-a378-882d923b4dac"
              },
              {
                "division_ids": [
                  "f2777e89-ef43-44f2-a570-e883729854ea"
                ],
                "role_id": "b746f6cf-573e-4354-9276-265d66cb816e"
              },
              {
                "division_ids": [
                  "f2777e89-ef43-44f2-a570-e883729854ea"
                ],
                "role_id": "d40e93b6-a0c4-48f0-907f-1939a5c05f99"
              },
              {
                "division_ids": [
                  "f2777e89-ef43-44f2-a570-e883729854ea"
                ],
                "role_id": "dd8950a6-1e3c-46e1-b774-ab0f50a5ecb2"
              },
              {
                "division_ids": [
                  "f2777e89-ef43-44f2-a570-e883729854ea"
                ],
                "role_id": "ec850d7b-d45e-4e1c-a419-1cd3fc771649"
              }
            ],
            "user_id": "f6a703c8-cef3-4b88-b17f-81e4ffabf324"
          },
          "sensitive_attributes": [],
          "private": "eyJzY2hlbWFfdmVyc2lvbiI6IjEifQ==",
          "dependencies": [
            "data.genesyscloud_auth_role.AgentAssist",
            "data.genesyscloud_auth_role.Developer",
            "data.genesyscloud_auth_role.GenesysCloudVoiceAdmin",
            "data.genesyscloud_auth_role.MasterAdmin",
            "data.genesyscloud_auth_role.Terraform_user",
            "data.genesyscloud_auth_role.employee",
            "data.genesyscloud_routing_skill.z48",
            "genesyscloud_user.Workshop_user48"
          ]
        }
      ]
    },
    {
      "mode": "managed",
      "type": "genesyscloud_user_roles",
      "name": "Workshoproles_user49",
      "provider": "provider[\"registry.terraform.io/mypurecloud/genesyscloud\"]",
      "instances": [
        {
          "schema_version": 1,
          "attributes": {
            "id": "5a78d831-1ce5-4f93-b742-2ef3438b2abe",
            "roles": [
              {
                "division_ids": [
                  "f2777e89-ef43-44f2-a570-e883729854ea"
                ],
                "role_id": "05c2fe4c-0312-4598-8148-a96eb2c15b5d"
              },
              {
                "division_ids": [
                  "f2777e89-ef43-44f2-a570-e883729854ea"
                ],
                "role_id": "8fd2b585-45c8-43a8-a378-882d923b4dac"
              },
              {
                "division_ids": [
                  "f2777e89-ef43-44f2-a570-e883729854ea"
                ],
                "role_id": "b746f6cf-573e-4354-9276-265d66cb816e"
              },
              {
                "division_ids": [
                  "f2777e89-ef43-44f2-a570-e883729854ea"
                ],
                "role_id": "d40e93b6-a0c4-48f0-907f-1939a5c05f99"
              },
              {
                "division_ids": [
                  "f2777e89-ef43-44f2-a570-e883729854ea"
                ],
                "role_id": "dd8950a6-1e3c-46e1-b774-ab0f50a5ecb2"
              },
              {
                "division_ids": [
                  "f2777e89-ef43-44f2-a570-e883729854ea"
                ],
                "role_id": "ec850d7b-d45e-4e1c-a419-1cd3fc771649"
              }
            ],
            "user_id": "5a78d831-1ce5-4f93-b742-2ef3438b2abe"
          },
          "sensitive_attributes": [],
          "private": "eyJzY2hlbWFfdmVyc2lvbiI6IjEifQ==",
          "dependencies": [
            "data.genesyscloud_auth_role.AgentAssist",
            "data.genesyscloud_auth_role.Developer",
            "data.genesyscloud_auth_role.GenesysCloudVoiceAdmin",
            "data.genesyscloud_auth_role.MasterAdmin",
            "data.genesyscloud_auth_role.Terraform_user",
            "data.genesyscloud_auth_role.employee",
            "data.genesyscloud_routing_skill.z49",
            "genesyscloud_user.Workshop_user49"
          ]
        }
      ]
    },
    {
      "mode": "managed",
      "type": "genesyscloud_user_roles",
      "name": "Workshoproles_user5",
      "provider": "provider[\"registry.terraform.io/mypurecloud/genesyscloud\"]",
      "instances": [
        {
          "schema_version": 1,
          "attributes": {
            "id": "69dd2e4a-d105-430b-8d6d-cf8aab3aaed5",
            "roles": [
              {
                "division_ids": [
                  "f2777e89-ef43-44f2-a570-e883729854ea"
                ],
                "role_id": "05c2fe4c-0312-4598-8148-a96eb2c15b5d"
              },
              {
                "division_ids": [
                  "f2777e89-ef43-44f2-a570-e883729854ea"
                ],
                "role_id": "8fd2b585-45c8-43a8-a378-882d923b4dac"
              },
              {
                "division_ids": [
                  "f2777e89-ef43-44f2-a570-e883729854ea"
                ],
                "role_id": "b746f6cf-573e-4354-9276-265d66cb816e"
              },
              {
                "division_ids": [
                  "f2777e89-ef43-44f2-a570-e883729854ea"
                ],
                "role_id": "d40e93b6-a0c4-48f0-907f-1939a5c05f99"
              },
              {
                "division_ids": [
                  "f2777e89-ef43-44f2-a570-e883729854ea"
                ],
                "role_id": "dd8950a6-1e3c-46e1-b774-ab0f50a5ecb2"
              },
              {
                "division_ids": [
                  "f2777e89-ef43-44f2-a570-e883729854ea"
                ],
                "role_id": "ec850d7b-d45e-4e1c-a419-1cd3fc771649"
              }
            ],
            "user_id": "69dd2e4a-d105-430b-8d6d-cf8aab3aaed5"
          },
          "sensitive_attributes": [],
          "private": "eyJzY2hlbWFfdmVyc2lvbiI6IjEifQ==",
          "dependencies": [
            "data.genesyscloud_auth_role.AgentAssist",
            "data.genesyscloud_auth_role.Developer",
            "data.genesyscloud_auth_role.GenesysCloudVoiceAdmin",
            "data.genesyscloud_auth_role.MasterAdmin",
            "data.genesyscloud_auth_role.Terraform_user",
            "data.genesyscloud_auth_role.employee",
            "data.genesyscloud_routing_skill.z5",
            "genesyscloud_user.Workshop_user5"
          ]
        }
      ]
    },
    {
      "mode": "managed",
      "type": "genesyscloud_user_roles",
      "name": "Workshoproles_user50",
      "provider": "provider[\"registry.terraform.io/mypurecloud/genesyscloud\"]",
      "instances": [
        {
          "schema_version": 1,
          "attributes": {
            "id": "b4b3a5f1-11c5-4d7c-a245-024508f065b1",
            "roles": [
              {
                "division_ids": [
                  "f2777e89-ef43-44f2-a570-e883729854ea"
                ],
                "role_id": "05c2fe4c-0312-4598-8148-a96eb2c15b5d"
              },
              {
                "division_ids": [
                  "f2777e89-ef43-44f2-a570-e883729854ea"
                ],
                "role_id": "8fd2b585-45c8-43a8-a378-882d923b4dac"
              },
              {
                "division_ids": [
                  "f2777e89-ef43-44f2-a570-e883729854ea"
                ],
                "role_id": "b746f6cf-573e-4354-9276-265d66cb816e"
              },
              {
                "division_ids": [
                  "f2777e89-ef43-44f2-a570-e883729854ea"
                ],
                "role_id": "d40e93b6-a0c4-48f0-907f-1939a5c05f99"
              },
              {
                "division_ids": [
                  "f2777e89-ef43-44f2-a570-e883729854ea"
                ],
                "role_id": "dd8950a6-1e3c-46e1-b774-ab0f50a5ecb2"
              },
              {
                "division_ids": [
                  "f2777e89-ef43-44f2-a570-e883729854ea"
                ],
                "role_id": "ec850d7b-d45e-4e1c-a419-1cd3fc771649"
              }
            ],
            "user_id": "b4b3a5f1-11c5-4d7c-a245-024508f065b1"
          },
          "sensitive_attributes": [],
          "private": "eyJzY2hlbWFfdmVyc2lvbiI6IjEifQ==",
          "dependencies": [
            "data.genesyscloud_auth_role.AgentAssist",
            "data.genesyscloud_auth_role.Developer",
            "data.genesyscloud_auth_role.GenesysCloudVoiceAdmin",
            "data.genesyscloud_auth_role.MasterAdmin",
            "data.genesyscloud_auth_role.Terraform_user",
            "data.genesyscloud_auth_role.employee",
            "data.genesyscloud_routing_skill.z50",
            "genesyscloud_user.Workshop_user50"
          ]
        }
      ]
    },
    {
      "mode": "managed",
      "type": "genesyscloud_user_roles",
      "name": "Workshoproles_user51",
      "provider": "provider[\"registry.terraform.io/mypurecloud/genesyscloud\"]",
      "instances": [
        {
          "schema_version": 1,
          "attributes": {
            "id": "1d69759f-09c3-42a9-beaa-545b96ee4eb0",
            "roles": [
              {
                "division_ids": [
                  "f2777e89-ef43-44f2-a570-e883729854ea"
                ],
                "role_id": "05c2fe4c-0312-4598-8148-a96eb2c15b5d"
              },
              {
                "division_ids": [
                  "f2777e89-ef43-44f2-a570-e883729854ea"
                ],
                "role_id": "8fd2b585-45c8-43a8-a378-882d923b4dac"
              },
              {
                "division_ids": [
                  "f2777e89-ef43-44f2-a570-e883729854ea"
                ],
                "role_id": "b746f6cf-573e-4354-9276-265d66cb816e"
              },
              {
                "division_ids": [
                  "f2777e89-ef43-44f2-a570-e883729854ea"
                ],
                "role_id": "d40e93b6-a0c4-48f0-907f-1939a5c05f99"
              },
              {
                "division_ids": [
                  "f2777e89-ef43-44f2-a570-e883729854ea"
                ],
                "role_id": "dd8950a6-1e3c-46e1-b774-ab0f50a5ecb2"
              },
              {
                "division_ids": [
                  "f2777e89-ef43-44f2-a570-e883729854ea"
                ],
                "role_id": "ec850d7b-d45e-4e1c-a419-1cd3fc771649"
              }
            ],
            "user_id": "1d69759f-09c3-42a9-beaa-545b96ee4eb0"
          },
          "sensitive_attributes": [],
          "private": "eyJzY2hlbWFfdmVyc2lvbiI6IjEifQ==",
          "dependencies": [
            "data.genesyscloud_auth_role.AgentAssist",
            "data.genesyscloud_auth_role.Developer",
            "data.genesyscloud_auth_role.GenesysCloudVoiceAdmin",
            "data.genesyscloud_auth_role.MasterAdmin",
            "data.genesyscloud_auth_role.Terraform_user",
            "data.genesyscloud_auth_role.employee",
            "data.genesyscloud_routing_skill.z51",
            "genesyscloud_user.Workshop_user51"
          ]
        }
      ]
    },
    {
      "mode": "managed",
      "type": "genesyscloud_user_roles",
      "name": "Workshoproles_user52",
      "provider": "provider[\"registry.terraform.io/mypurecloud/genesyscloud\"]",
      "instances": [
        {
          "schema_version": 1,
          "attributes": {
            "id": "e2469fc3-7341-4881-8ab1-9ec9ce2587e6",
            "roles": [
              {
                "division_ids": [
                  "f2777e89-ef43-44f2-a570-e883729854ea"
                ],
                "role_id": "05c2fe4c-0312-4598-8148-a96eb2c15b5d"
              },
              {
                "division_ids": [
                  "f2777e89-ef43-44f2-a570-e883729854ea"
                ],
                "role_id": "8fd2b585-45c8-43a8-a378-882d923b4dac"
              },
              {
                "division_ids": [
                  "f2777e89-ef43-44f2-a570-e883729854ea"
                ],
                "role_id": "b746f6cf-573e-4354-9276-265d66cb816e"
              },
              {
                "division_ids": [
                  "f2777e89-ef43-44f2-a570-e883729854ea"
                ],
                "role_id": "d40e93b6-a0c4-48f0-907f-1939a5c05f99"
              },
              {
                "division_ids": [
                  "f2777e89-ef43-44f2-a570-e883729854ea"
                ],
                "role_id": "dd8950a6-1e3c-46e1-b774-ab0f50a5ecb2"
              },
              {
                "division_ids": [
                  "f2777e89-ef43-44f2-a570-e883729854ea"
                ],
                "role_id": "ec850d7b-d45e-4e1c-a419-1cd3fc771649"
              }
            ],
            "user_id": "e2469fc3-7341-4881-8ab1-9ec9ce2587e6"
          },
          "sensitive_attributes": [],
          "private": "eyJzY2hlbWFfdmVyc2lvbiI6IjEifQ==",
          "dependencies": [
            "data.genesyscloud_auth_role.AgentAssist",
            "data.genesyscloud_auth_role.Developer",
            "data.genesyscloud_auth_role.GenesysCloudVoiceAdmin",
            "data.genesyscloud_auth_role.MasterAdmin",
            "data.genesyscloud_auth_role.Terraform_user",
            "data.genesyscloud_auth_role.employee",
            "data.genesyscloud_routing_skill.z52",
            "genesyscloud_user.Workshop_user52"
          ]
        }
      ]
    },
    {
      "mode": "managed",
      "type": "genesyscloud_user_roles",
      "name": "Workshoproles_user53",
      "provider": "provider[\"registry.terraform.io/mypurecloud/genesyscloud\"]",
      "instances": [
        {
          "schema_version": 1,
          "attributes": {
            "id": "95329c71-6e68-4c77-9d57-9adbd64a3abc",
            "roles": [
              {
                "division_ids": [
                  "f2777e89-ef43-44f2-a570-e883729854ea"
                ],
                "role_id": "05c2fe4c-0312-4598-8148-a96eb2c15b5d"
              },
              {
                "division_ids": [
                  "f2777e89-ef43-44f2-a570-e883729854ea"
                ],
                "role_id": "8fd2b585-45c8-43a8-a378-882d923b4dac"
              },
              {
                "division_ids": [
                  "f2777e89-ef43-44f2-a570-e883729854ea"
                ],
                "role_id": "b746f6cf-573e-4354-9276-265d66cb816e"
              },
              {
                "division_ids": [
                  "f2777e89-ef43-44f2-a570-e883729854ea"
                ],
                "role_id": "d40e93b6-a0c4-48f0-907f-1939a5c05f99"
              },
              {
                "division_ids": [
                  "f2777e89-ef43-44f2-a570-e883729854ea"
                ],
                "role_id": "dd8950a6-1e3c-46e1-b774-ab0f50a5ecb2"
              },
              {
                "division_ids": [
                  "f2777e89-ef43-44f2-a570-e883729854ea"
                ],
                "role_id": "ec850d7b-d45e-4e1c-a419-1cd3fc771649"
              }
            ],
            "user_id": "95329c71-6e68-4c77-9d57-9adbd64a3abc"
          },
          "sensitive_attributes": [],
          "private": "eyJzY2hlbWFfdmVyc2lvbiI6IjEifQ==",
          "dependencies": [
            "data.genesyscloud_auth_role.AgentAssist",
            "data.genesyscloud_auth_role.Developer",
            "data.genesyscloud_auth_role.GenesysCloudVoiceAdmin",
            "data.genesyscloud_auth_role.MasterAdmin",
            "data.genesyscloud_auth_role.Terraform_user",
            "data.genesyscloud_auth_role.employee",
            "data.genesyscloud_routing_skill.z53",
            "genesyscloud_user.Workshop_user53"
          ]
        }
      ]
    },
    {
      "mode": "managed",
      "type": "genesyscloud_user_roles",
      "name": "Workshoproles_user54",
      "provider": "provider[\"registry.terraform.io/mypurecloud/genesyscloud\"]",
      "instances": [
        {
          "schema_version": 1,
          "attributes": {
            "id": "c41d7143-eeda-4887-a1d9-b48d26f350d0",
            "roles": [
              {
                "division_ids": [
                  "f2777e89-ef43-44f2-a570-e883729854ea"
                ],
                "role_id": "05c2fe4c-0312-4598-8148-a96eb2c15b5d"
              },
              {
                "division_ids": [
                  "f2777e89-ef43-44f2-a570-e883729854ea"
                ],
                "role_id": "8fd2b585-45c8-43a8-a378-882d923b4dac"
              },
              {
                "division_ids": [
                  "f2777e89-ef43-44f2-a570-e883729854ea"
                ],
                "role_id": "b746f6cf-573e-4354-9276-265d66cb816e"
              },
              {
                "division_ids": [
                  "f2777e89-ef43-44f2-a570-e883729854ea"
                ],
                "role_id": "d40e93b6-a0c4-48f0-907f-1939a5c05f99"
              },
              {
                "division_ids": [
                  "f2777e89-ef43-44f2-a570-e883729854ea"
                ],
                "role_id": "dd8950a6-1e3c-46e1-b774-ab0f50a5ecb2"
              },
              {
                "division_ids": [
                  "f2777e89-ef43-44f2-a570-e883729854ea"
                ],
                "role_id": "ec850d7b-d45e-4e1c-a419-1cd3fc771649"
              }
            ],
            "user_id": "c41d7143-eeda-4887-a1d9-b48d26f350d0"
          },
          "sensitive_attributes": [],
          "private": "eyJzY2hlbWFfdmVyc2lvbiI6IjEifQ==",
          "dependencies": [
            "data.genesyscloud_auth_role.AgentAssist",
            "data.genesyscloud_auth_role.Developer",
            "data.genesyscloud_auth_role.GenesysCloudVoiceAdmin",
            "data.genesyscloud_auth_role.MasterAdmin",
            "data.genesyscloud_auth_role.Terraform_user",
            "data.genesyscloud_auth_role.employee",
            "data.genesyscloud_routing_skill.z54",
            "genesyscloud_user.Workshop_user54"
          ]
        }
      ]
    },
    {
      "mode": "managed",
      "type": "genesyscloud_user_roles",
      "name": "Workshoproles_user55",
      "provider": "provider[\"registry.terraform.io/mypurecloud/genesyscloud\"]",
      "instances": [
        {
          "schema_version": 1,
          "attributes": {
            "id": "55fcb94e-eeec-422f-a0ed-c2e23183096c",
            "roles": [
              {
                "division_ids": [
                  "f2777e89-ef43-44f2-a570-e883729854ea"
                ],
                "role_id": "05c2fe4c-0312-4598-8148-a96eb2c15b5d"
              },
              {
                "division_ids": [
                  "f2777e89-ef43-44f2-a570-e883729854ea"
                ],
                "role_id": "8fd2b585-45c8-43a8-a378-882d923b4dac"
              },
              {
                "division_ids": [
                  "f2777e89-ef43-44f2-a570-e883729854ea"
                ],
                "role_id": "b746f6cf-573e-4354-9276-265d66cb816e"
              },
              {
                "division_ids": [
                  "f2777e89-ef43-44f2-a570-e883729854ea"
                ],
                "role_id": "d40e93b6-a0c4-48f0-907f-1939a5c05f99"
              },
              {
                "division_ids": [
                  "f2777e89-ef43-44f2-a570-e883729854ea"
                ],
                "role_id": "dd8950a6-1e3c-46e1-b774-ab0f50a5ecb2"
              },
              {
                "division_ids": [
                  "f2777e89-ef43-44f2-a570-e883729854ea"
                ],
                "role_id": "ec850d7b-d45e-4e1c-a419-1cd3fc771649"
              }
            ],
            "user_id": "55fcb94e-eeec-422f-a0ed-c2e23183096c"
          },
          "sensitive_attributes": [],
          "private": "eyJzY2hlbWFfdmVyc2lvbiI6IjEifQ==",
          "dependencies": [
            "data.genesyscloud_auth_role.AgentAssist",
            "data.genesyscloud_auth_role.Developer",
            "data.genesyscloud_auth_role.GenesysCloudVoiceAdmin",
            "data.genesyscloud_auth_role.MasterAdmin",
            "data.genesyscloud_auth_role.Terraform_user",
            "data.genesyscloud_auth_role.employee",
            "data.genesyscloud_routing_skill.z55",
            "genesyscloud_user.Workshop_user55"
          ]
        }
      ]
    },
    {
      "mode": "managed",
      "type": "genesyscloud_user_roles",
      "name": "Workshoproles_user56",
      "provider": "provider[\"registry.terraform.io/mypurecloud/genesyscloud\"]",
      "instances": [
        {
          "schema_version": 1,
          "attributes": {
            "id": "aedd13b1-7804-421d-96e2-8006e85ccc91",
            "roles": [
              {
                "division_ids": [
                  "f2777e89-ef43-44f2-a570-e883729854ea"
                ],
                "role_id": "05c2fe4c-0312-4598-8148-a96eb2c15b5d"
              },
              {
                "division_ids": [
                  "f2777e89-ef43-44f2-a570-e883729854ea"
                ],
                "role_id": "8fd2b585-45c8-43a8-a378-882d923b4dac"
              },
              {
                "division_ids": [
                  "f2777e89-ef43-44f2-a570-e883729854ea"
                ],
                "role_id": "b746f6cf-573e-4354-9276-265d66cb816e"
              },
              {
                "division_ids": [
                  "f2777e89-ef43-44f2-a570-e883729854ea"
                ],
                "role_id": "d40e93b6-a0c4-48f0-907f-1939a5c05f99"
              },
              {
                "division_ids": [
                  "f2777e89-ef43-44f2-a570-e883729854ea"
                ],
                "role_id": "dd8950a6-1e3c-46e1-b774-ab0f50a5ecb2"
              },
              {
                "division_ids": [
                  "f2777e89-ef43-44f2-a570-e883729854ea"
                ],
                "role_id": "ec850d7b-d45e-4e1c-a419-1cd3fc771649"
              }
            ],
            "user_id": "aedd13b1-7804-421d-96e2-8006e85ccc91"
          },
          "sensitive_attributes": [],
          "private": "eyJzY2hlbWFfdmVyc2lvbiI6IjEifQ==",
          "dependencies": [
            "data.genesyscloud_auth_role.AgentAssist",
            "data.genesyscloud_auth_role.Developer",
            "data.genesyscloud_auth_role.GenesysCloudVoiceAdmin",
            "data.genesyscloud_auth_role.MasterAdmin",
            "data.genesyscloud_auth_role.Terraform_user",
            "data.genesyscloud_auth_role.employee",
            "data.genesyscloud_routing_skill.z56",
            "genesyscloud_user.Workshop_user56"
          ]
        }
      ]
    },
    {
      "mode": "managed",
      "type": "genesyscloud_user_roles",
      "name": "Workshoproles_user57",
      "provider": "provider[\"registry.terraform.io/mypurecloud/genesyscloud\"]",
      "instances": [
        {
          "schema_version": 1,
          "attributes": {
            "id": "d78afacb-e39a-4b88-8415-95fa38f1a709",
            "roles": [
              {
                "division_ids": [
                  "f2777e89-ef43-44f2-a570-e883729854ea"
                ],
                "role_id": "05c2fe4c-0312-4598-8148-a96eb2c15b5d"
              },
              {
                "division_ids": [
                  "f2777e89-ef43-44f2-a570-e883729854ea"
                ],
                "role_id": "8fd2b585-45c8-43a8-a378-882d923b4dac"
              },
              {
                "division_ids": [
                  "f2777e89-ef43-44f2-a570-e883729854ea"
                ],
                "role_id": "b746f6cf-573e-4354-9276-265d66cb816e"
              },
              {
                "division_ids": [
                  "f2777e89-ef43-44f2-a570-e883729854ea"
                ],
                "role_id": "d40e93b6-a0c4-48f0-907f-1939a5c05f99"
              },
              {
                "division_ids": [
                  "f2777e89-ef43-44f2-a570-e883729854ea"
                ],
                "role_id": "dd8950a6-1e3c-46e1-b774-ab0f50a5ecb2"
              },
              {
                "division_ids": [
                  "f2777e89-ef43-44f2-a570-e883729854ea"
                ],
                "role_id": "ec850d7b-d45e-4e1c-a419-1cd3fc771649"
              }
            ],
            "user_id": "d78afacb-e39a-4b88-8415-95fa38f1a709"
          },
          "sensitive_attributes": [],
          "private": "eyJzY2hlbWFfdmVyc2lvbiI6IjEifQ==",
          "dependencies": [
            "data.genesyscloud_auth_role.AgentAssist",
            "data.genesyscloud_auth_role.Developer",
            "data.genesyscloud_auth_role.GenesysCloudVoiceAdmin",
            "data.genesyscloud_auth_role.MasterAdmin",
            "data.genesyscloud_auth_role.Terraform_user",
            "data.genesyscloud_auth_role.employee",
            "data.genesyscloud_routing_skill.z57",
            "genesyscloud_user.Workshop_user57"
          ]
        }
      ]
    },
    {
      "mode": "managed",
      "type": "genesyscloud_user_roles",
      "name": "Workshoproles_user58",
      "provider": "provider[\"registry.terraform.io/mypurecloud/genesyscloud\"]",
      "instances": [
        {
          "schema_version": 1,
          "attributes": {
            "id": "eb5a3da3-57a2-4e5a-855f-47b516c407ea",
            "roles": [
              {
                "division_ids": [
                  "f2777e89-ef43-44f2-a570-e883729854ea"
                ],
                "role_id": "05c2fe4c-0312-4598-8148-a96eb2c15b5d"
              },
              {
                "division_ids": [
                  "f2777e89-ef43-44f2-a570-e883729854ea"
                ],
                "role_id": "8fd2b585-45c8-43a8-a378-882d923b4dac"
              },
              {
                "division_ids": [
                  "f2777e89-ef43-44f2-a570-e883729854ea"
                ],
                "role_id": "b746f6cf-573e-4354-9276-265d66cb816e"
              },
              {
                "division_ids": [
                  "f2777e89-ef43-44f2-a570-e883729854ea"
                ],
                "role_id": "d40e93b6-a0c4-48f0-907f-1939a5c05f99"
              },
              {
                "division_ids": [
                  "f2777e89-ef43-44f2-a570-e883729854ea"
                ],
                "role_id": "dd8950a6-1e3c-46e1-b774-ab0f50a5ecb2"
              },
              {
                "division_ids": [
                  "f2777e89-ef43-44f2-a570-e883729854ea"
                ],
                "role_id": "ec850d7b-d45e-4e1c-a419-1cd3fc771649"
              }
            ],
            "user_id": "eb5a3da3-57a2-4e5a-855f-47b516c407ea"
          },
          "sensitive_attributes": [],
          "private": "eyJzY2hlbWFfdmVyc2lvbiI6IjEifQ==",
          "dependencies": [
            "data.genesyscloud_auth_role.AgentAssist",
            "data.genesyscloud_auth_role.Developer",
            "data.genesyscloud_auth_role.GenesysCloudVoiceAdmin",
            "data.genesyscloud_auth_role.MasterAdmin",
            "data.genesyscloud_auth_role.Terraform_user",
            "data.genesyscloud_auth_role.employee",
            "data.genesyscloud_routing_skill.z58",
            "genesyscloud_user.Workshop_user58"
          ]
        }
      ]
    },
    {
      "mode": "managed",
      "type": "genesyscloud_user_roles",
      "name": "Workshoproles_user59",
      "provider": "provider[\"registry.terraform.io/mypurecloud/genesyscloud\"]",
      "instances": [
        {
          "schema_version": 1,
          "attributes": {
            "id": "55dd9219-2710-4ef1-9c9d-5cc2bc322139",
            "roles": [
              {
                "division_ids": [
                  "f2777e89-ef43-44f2-a570-e883729854ea"
                ],
                "role_id": "05c2fe4c-0312-4598-8148-a96eb2c15b5d"
              },
              {
                "division_ids": [
                  "f2777e89-ef43-44f2-a570-e883729854ea"
                ],
                "role_id": "8fd2b585-45c8-43a8-a378-882d923b4dac"
              },
              {
                "division_ids": [
                  "f2777e89-ef43-44f2-a570-e883729854ea"
                ],
                "role_id": "b746f6cf-573e-4354-9276-265d66cb816e"
              },
              {
                "division_ids": [
                  "f2777e89-ef43-44f2-a570-e883729854ea"
                ],
                "role_id": "d40e93b6-a0c4-48f0-907f-1939a5c05f99"
              },
              {
                "division_ids": [
                  "f2777e89-ef43-44f2-a570-e883729854ea"
                ],
                "role_id": "dd8950a6-1e3c-46e1-b774-ab0f50a5ecb2"
              },
              {
                "division_ids": [
                  "f2777e89-ef43-44f2-a570-e883729854ea"
                ],
                "role_id": "ec850d7b-d45e-4e1c-a419-1cd3fc771649"
              }
            ],
            "user_id": "55dd9219-2710-4ef1-9c9d-5cc2bc322139"
          },
          "sensitive_attributes": [],
          "private": "eyJzY2hlbWFfdmVyc2lvbiI6IjEifQ==",
          "dependencies": [
            "data.genesyscloud_auth_role.AgentAssist",
            "data.genesyscloud_auth_role.Developer",
            "data.genesyscloud_auth_role.GenesysCloudVoiceAdmin",
            "data.genesyscloud_auth_role.MasterAdmin",
            "data.genesyscloud_auth_role.Terraform_user",
            "data.genesyscloud_auth_role.employee",
            "data.genesyscloud_routing_skill.z59",
            "genesyscloud_user.Workshop_user59"
          ]
        }
      ]
    },
    {
      "mode": "managed",
      "type": "genesyscloud_user_roles",
      "name": "Workshoproles_user6",
      "provider": "provider[\"registry.terraform.io/mypurecloud/genesyscloud\"]",
      "instances": [
        {
          "schema_version": 1,
          "attributes": {
            "id": "0751f294-d1c9-446f-a3a1-362d151c1619",
            "roles": [
              {
                "division_ids": [
                  "f2777e89-ef43-44f2-a570-e883729854ea"
                ],
                "role_id": "05c2fe4c-0312-4598-8148-a96eb2c15b5d"
              },
              {
                "division_ids": [
                  "f2777e89-ef43-44f2-a570-e883729854ea"
                ],
                "role_id": "8fd2b585-45c8-43a8-a378-882d923b4dac"
              },
              {
                "division_ids": [
                  "f2777e89-ef43-44f2-a570-e883729854ea"
                ],
                "role_id": "b746f6cf-573e-4354-9276-265d66cb816e"
              },
              {
                "division_ids": [
                  "f2777e89-ef43-44f2-a570-e883729854ea"
                ],
                "role_id": "d40e93b6-a0c4-48f0-907f-1939a5c05f99"
              },
              {
                "division_ids": [
                  "f2777e89-ef43-44f2-a570-e883729854ea"
                ],
                "role_id": "dd8950a6-1e3c-46e1-b774-ab0f50a5ecb2"
              },
              {
                "division_ids": [
                  "f2777e89-ef43-44f2-a570-e883729854ea"
                ],
                "role_id": "ec850d7b-d45e-4e1c-a419-1cd3fc771649"
              }
            ],
            "user_id": "0751f294-d1c9-446f-a3a1-362d151c1619"
          },
          "sensitive_attributes": [],
          "private": "eyJzY2hlbWFfdmVyc2lvbiI6IjEifQ==",
          "dependencies": [
            "data.genesyscloud_auth_role.AgentAssist",
            "data.genesyscloud_auth_role.Developer",
            "data.genesyscloud_auth_role.GenesysCloudVoiceAdmin",
            "data.genesyscloud_auth_role.MasterAdmin",
            "data.genesyscloud_auth_role.Terraform_user",
            "data.genesyscloud_auth_role.employee",
            "data.genesyscloud_routing_skill.z6",
            "genesyscloud_user.Workshop_user6"
          ]
        }
      ]
    },
    {
      "mode": "managed",
      "type": "genesyscloud_user_roles",
      "name": "Workshoproles_user60",
      "provider": "provider[\"registry.terraform.io/mypurecloud/genesyscloud\"]",
      "instances": [
        {
          "schema_version": 1,
          "attributes": {
            "id": "ae18e99e-4a77-4c29-9d7a-0e6a7445e90f",
            "roles": [
              {
                "division_ids": [
                  "f2777e89-ef43-44f2-a570-e883729854ea"
                ],
                "role_id": "05c2fe4c-0312-4598-8148-a96eb2c15b5d"
              },
              {
                "division_ids": [
                  "f2777e89-ef43-44f2-a570-e883729854ea"
                ],
                "role_id": "8fd2b585-45c8-43a8-a378-882d923b4dac"
              },
              {
                "division_ids": [
                  "f2777e89-ef43-44f2-a570-e883729854ea"
                ],
                "role_id": "b746f6cf-573e-4354-9276-265d66cb816e"
              },
              {
                "division_ids": [
                  "f2777e89-ef43-44f2-a570-e883729854ea"
                ],
                "role_id": "d40e93b6-a0c4-48f0-907f-1939a5c05f99"
              },
              {
                "division_ids": [
                  "f2777e89-ef43-44f2-a570-e883729854ea"
                ],
                "role_id": "dd8950a6-1e3c-46e1-b774-ab0f50a5ecb2"
              },
              {
                "division_ids": [
                  "f2777e89-ef43-44f2-a570-e883729854ea"
                ],
                "role_id": "ec850d7b-d45e-4e1c-a419-1cd3fc771649"
              }
            ],
            "user_id": "ae18e99e-4a77-4c29-9d7a-0e6a7445e90f"
          },
          "sensitive_attributes": [],
          "private": "eyJzY2hlbWFfdmVyc2lvbiI6IjEifQ==",
          "dependencies": [
            "data.genesyscloud_auth_role.AgentAssist",
            "data.genesyscloud_auth_role.Developer",
            "data.genesyscloud_auth_role.GenesysCloudVoiceAdmin",
            "data.genesyscloud_auth_role.MasterAdmin",
            "data.genesyscloud_auth_role.Terraform_user",
            "data.genesyscloud_auth_role.employee",
            "data.genesyscloud_routing_skill.z60",
            "genesyscloud_user.Workshop_user60"
          ]
        }
      ]
    },
    {
      "mode": "managed",
      "type": "genesyscloud_user_roles",
      "name": "Workshoproles_user61",
      "provider": "provider[\"registry.terraform.io/mypurecloud/genesyscloud\"]",
      "instances": [
        {
          "schema_version": 1,
          "attributes": {
            "id": "e4c06ed3-fbc1-4b31-8005-824e59039b58",
            "roles": [
              {
                "division_ids": [
                  "f2777e89-ef43-44f2-a570-e883729854ea"
                ],
                "role_id": "05c2fe4c-0312-4598-8148-a96eb2c15b5d"
              },
              {
                "division_ids": [
                  "f2777e89-ef43-44f2-a570-e883729854ea"
                ],
                "role_id": "8fd2b585-45c8-43a8-a378-882d923b4dac"
              },
              {
                "division_ids": [
                  "f2777e89-ef43-44f2-a570-e883729854ea"
                ],
                "role_id": "b746f6cf-573e-4354-9276-265d66cb816e"
              },
              {
                "division_ids": [
                  "f2777e89-ef43-44f2-a570-e883729854ea"
                ],
                "role_id": "d40e93b6-a0c4-48f0-907f-1939a5c05f99"
              },
              {
                "division_ids": [
                  "f2777e89-ef43-44f2-a570-e883729854ea"
                ],
                "role_id": "dd8950a6-1e3c-46e1-b774-ab0f50a5ecb2"
              },
              {
                "division_ids": [
                  "f2777e89-ef43-44f2-a570-e883729854ea"
                ],
                "role_id": "ec850d7b-d45e-4e1c-a419-1cd3fc771649"
              }
            ],
            "user_id": "e4c06ed3-fbc1-4b31-8005-824e59039b58"
          },
          "sensitive_attributes": [],
          "private": "eyJzY2hlbWFfdmVyc2lvbiI6IjEifQ==",
          "dependencies": [
            "data.genesyscloud_auth_role.AgentAssist",
            "data.genesyscloud_auth_role.Developer",
            "data.genesyscloud_auth_role.GenesysCloudVoiceAdmin",
            "data.genesyscloud_auth_role.MasterAdmin",
            "data.genesyscloud_auth_role.Terraform_user",
            "data.genesyscloud_auth_role.employee",
            "data.genesyscloud_routing_skill.z61",
            "genesyscloud_user.Workshop_user61"
          ]
        }
      ]
    },
    {
      "mode": "managed",
      "type": "genesyscloud_user_roles",
      "name": "Workshoproles_user62",
      "provider": "provider[\"registry.terraform.io/mypurecloud/genesyscloud\"]",
      "instances": [
        {
          "schema_version": 1,
          "attributes": {
            "id": "56575e44-4475-4bd3-85ec-0704ab8e6d95",
            "roles": [
              {
                "division_ids": [
                  "f2777e89-ef43-44f2-a570-e883729854ea"
                ],
                "role_id": "05c2fe4c-0312-4598-8148-a96eb2c15b5d"
              },
              {
                "division_ids": [
                  "f2777e89-ef43-44f2-a570-e883729854ea"
                ],
                "role_id": "8fd2b585-45c8-43a8-a378-882d923b4dac"
              },
              {
                "division_ids": [
                  "f2777e89-ef43-44f2-a570-e883729854ea"
                ],
                "role_id": "b746f6cf-573e-4354-9276-265d66cb816e"
              },
              {
                "division_ids": [
                  "f2777e89-ef43-44f2-a570-e883729854ea"
                ],
                "role_id": "d40e93b6-a0c4-48f0-907f-1939a5c05f99"
              },
              {
                "division_ids": [
                  "f2777e89-ef43-44f2-a570-e883729854ea"
                ],
                "role_id": "dd8950a6-1e3c-46e1-b774-ab0f50a5ecb2"
              },
              {
                "division_ids": [
                  "f2777e89-ef43-44f2-a570-e883729854ea"
                ],
                "role_id": "ec850d7b-d45e-4e1c-a419-1cd3fc771649"
              }
            ],
            "user_id": "56575e44-4475-4bd3-85ec-0704ab8e6d95"
          },
          "sensitive_attributes": [],
          "private": "eyJzY2hlbWFfdmVyc2lvbiI6IjEifQ==",
          "dependencies": [
            "data.genesyscloud_auth_role.AgentAssist",
            "data.genesyscloud_auth_role.Developer",
            "data.genesyscloud_auth_role.GenesysCloudVoiceAdmin",
            "data.genesyscloud_auth_role.MasterAdmin",
            "data.genesyscloud_auth_role.Terraform_user",
            "data.genesyscloud_auth_role.employee",
            "data.genesyscloud_routing_skill.z62",
            "genesyscloud_user.Workshop_user62"
          ]
        }
      ]
    },
    {
      "mode": "managed",
      "type": "genesyscloud_user_roles",
      "name": "Workshoproles_user63",
      "provider": "provider[\"registry.terraform.io/mypurecloud/genesyscloud\"]",
      "instances": [
        {
          "schema_version": 1,
          "attributes": {
            "id": "3c75c291-81b9-4c05-8e2e-706b50b9b618",
            "roles": [
              {
                "division_ids": [
                  "f2777e89-ef43-44f2-a570-e883729854ea"
                ],
                "role_id": "05c2fe4c-0312-4598-8148-a96eb2c15b5d"
              },
              {
                "division_ids": [
                  "f2777e89-ef43-44f2-a570-e883729854ea"
                ],
                "role_id": "8fd2b585-45c8-43a8-a378-882d923b4dac"
              },
              {
                "division_ids": [
                  "f2777e89-ef43-44f2-a570-e883729854ea"
                ],
                "role_id": "b746f6cf-573e-4354-9276-265d66cb816e"
              },
              {
                "division_ids": [
                  "f2777e89-ef43-44f2-a570-e883729854ea"
                ],
                "role_id": "d40e93b6-a0c4-48f0-907f-1939a5c05f99"
              },
              {
                "division_ids": [
                  "f2777e89-ef43-44f2-a570-e883729854ea"
                ],
                "role_id": "dd8950a6-1e3c-46e1-b774-ab0f50a5ecb2"
              },
              {
                "division_ids": [
                  "f2777e89-ef43-44f2-a570-e883729854ea"
                ],
                "role_id": "ec850d7b-d45e-4e1c-a419-1cd3fc771649"
              }
            ],
            "user_id": "3c75c291-81b9-4c05-8e2e-706b50b9b618"
          },
          "sensitive_attributes": [],
          "private": "eyJzY2hlbWFfdmVyc2lvbiI6IjEifQ==",
          "dependencies": [
            "data.genesyscloud_auth_role.AgentAssist",
            "data.genesyscloud_auth_role.Developer",
            "data.genesyscloud_auth_role.GenesysCloudVoiceAdmin",
            "data.genesyscloud_auth_role.MasterAdmin",
            "data.genesyscloud_auth_role.Terraform_user",
            "data.genesyscloud_auth_role.employee",
            "data.genesyscloud_routing_skill.z63",
            "genesyscloud_user.Workshop_user63"
          ]
        }
      ]
    },
    {
      "mode": "managed",
      "type": "genesyscloud_user_roles",
      "name": "Workshoproles_user64",
      "provider": "provider[\"registry.terraform.io/mypurecloud/genesyscloud\"]",
      "instances": [
        {
          "schema_version": 1,
          "attributes": {
            "id": "54615dd5-457b-4a2b-b953-3a3c0a66da21",
            "roles": [
              {
                "division_ids": [
                  "f2777e89-ef43-44f2-a570-e883729854ea"
                ],
                "role_id": "05c2fe4c-0312-4598-8148-a96eb2c15b5d"
              },
              {
                "division_ids": [
                  "f2777e89-ef43-44f2-a570-e883729854ea"
                ],
                "role_id": "8fd2b585-45c8-43a8-a378-882d923b4dac"
              },
              {
                "division_ids": [
                  "f2777e89-ef43-44f2-a570-e883729854ea"
                ],
                "role_id": "b746f6cf-573e-4354-9276-265d66cb816e"
              },
              {
                "division_ids": [
                  "f2777e89-ef43-44f2-a570-e883729854ea"
                ],
                "role_id": "d40e93b6-a0c4-48f0-907f-1939a5c05f99"
              },
              {
                "division_ids": [
                  "f2777e89-ef43-44f2-a570-e883729854ea"
                ],
                "role_id": "dd8950a6-1e3c-46e1-b774-ab0f50a5ecb2"
              },
              {
                "division_ids": [
                  "f2777e89-ef43-44f2-a570-e883729854ea"
                ],
                "role_id": "ec850d7b-d45e-4e1c-a419-1cd3fc771649"
              }
            ],
            "user_id": "54615dd5-457b-4a2b-b953-3a3c0a66da21"
          },
          "sensitive_attributes": [],
          "private": "eyJzY2hlbWFfdmVyc2lvbiI6IjEifQ==",
          "dependencies": [
            "data.genesyscloud_auth_role.AgentAssist",
            "data.genesyscloud_auth_role.Developer",
            "data.genesyscloud_auth_role.GenesysCloudVoiceAdmin",
            "data.genesyscloud_auth_role.MasterAdmin",
            "data.genesyscloud_auth_role.Terraform_user",
            "data.genesyscloud_auth_role.employee",
            "data.genesyscloud_routing_skill.z64",
            "genesyscloud_user.Workshop_user64"
          ]
        }
      ]
    },
    {
      "mode": "managed",
      "type": "genesyscloud_user_roles",
      "name": "Workshoproles_user65",
      "provider": "provider[\"registry.terraform.io/mypurecloud/genesyscloud\"]",
      "instances": [
        {
          "schema_version": 1,
          "attributes": {
            "id": "299fc702-6c6f-47f3-b4cb-05ed6d56a7b6",
            "roles": [
              {
                "division_ids": [
                  "f2777e89-ef43-44f2-a570-e883729854ea"
                ],
                "role_id": "05c2fe4c-0312-4598-8148-a96eb2c15b5d"
              },
              {
                "division_ids": [
                  "f2777e89-ef43-44f2-a570-e883729854ea"
                ],
                "role_id": "8fd2b585-45c8-43a8-a378-882d923b4dac"
              },
              {
                "division_ids": [
                  "f2777e89-ef43-44f2-a570-e883729854ea"
                ],
                "role_id": "b746f6cf-573e-4354-9276-265d66cb816e"
              },
              {
                "division_ids": [
                  "f2777e89-ef43-44f2-a570-e883729854ea"
                ],
                "role_id": "d40e93b6-a0c4-48f0-907f-1939a5c05f99"
              },
              {
                "division_ids": [
                  "f2777e89-ef43-44f2-a570-e883729854ea"
                ],
                "role_id": "dd8950a6-1e3c-46e1-b774-ab0f50a5ecb2"
              },
              {
                "division_ids": [
                  "f2777e89-ef43-44f2-a570-e883729854ea"
                ],
                "role_id": "ec850d7b-d45e-4e1c-a419-1cd3fc771649"
              }
            ],
            "user_id": "299fc702-6c6f-47f3-b4cb-05ed6d56a7b6"
          },
          "sensitive_attributes": [],
          "private": "eyJzY2hlbWFfdmVyc2lvbiI6IjEifQ==",
          "dependencies": [
            "data.genesyscloud_auth_role.AgentAssist",
            "data.genesyscloud_auth_role.Developer",
            "data.genesyscloud_auth_role.GenesysCloudVoiceAdmin",
            "data.genesyscloud_auth_role.MasterAdmin",
            "data.genesyscloud_auth_role.Terraform_user",
            "data.genesyscloud_auth_role.employee",
            "data.genesyscloud_routing_skill.z65",
            "genesyscloud_user.Workshop_user65"
          ]
        }
      ]
    },
    {
      "mode": "managed",
      "type": "genesyscloud_user_roles",
      "name": "Workshoproles_user66",
      "provider": "provider[\"registry.terraform.io/mypurecloud/genesyscloud\"]",
      "instances": [
        {
          "schema_version": 1,
          "attributes": {
            "id": "5e508cdf-cf79-4419-92e8-38fc0cc197fe",
            "roles": [
              {
                "division_ids": [
                  "f2777e89-ef43-44f2-a570-e883729854ea"
                ],
                "role_id": "05c2fe4c-0312-4598-8148-a96eb2c15b5d"
              },
              {
                "division_ids": [
                  "f2777e89-ef43-44f2-a570-e883729854ea"
                ],
                "role_id": "8fd2b585-45c8-43a8-a378-882d923b4dac"
              },
              {
                "division_ids": [
                  "f2777e89-ef43-44f2-a570-e883729854ea"
                ],
                "role_id": "b746f6cf-573e-4354-9276-265d66cb816e"
              },
              {
                "division_ids": [
                  "f2777e89-ef43-44f2-a570-e883729854ea"
                ],
                "role_id": "d40e93b6-a0c4-48f0-907f-1939a5c05f99"
              },
              {
                "division_ids": [
                  "f2777e89-ef43-44f2-a570-e883729854ea"
                ],
                "role_id": "dd8950a6-1e3c-46e1-b774-ab0f50a5ecb2"
              },
              {
                "division_ids": [
                  "f2777e89-ef43-44f2-a570-e883729854ea"
                ],
                "role_id": "ec850d7b-d45e-4e1c-a419-1cd3fc771649"
              }
            ],
            "user_id": "5e508cdf-cf79-4419-92e8-38fc0cc197fe"
          },
          "sensitive_attributes": [],
          "private": "eyJzY2hlbWFfdmVyc2lvbiI6IjEifQ==",
          "dependencies": [
            "data.genesyscloud_auth_role.AgentAssist",
            "data.genesyscloud_auth_role.Developer",
            "data.genesyscloud_auth_role.GenesysCloudVoiceAdmin",
            "data.genesyscloud_auth_role.MasterAdmin",
            "data.genesyscloud_auth_role.Terraform_user",
            "data.genesyscloud_auth_role.employee",
            "data.genesyscloud_routing_skill.z66",
            "genesyscloud_user.Workshop_user66"
          ]
        }
      ]
    },
    {
      "mode": "managed",
      "type": "genesyscloud_user_roles",
      "name": "Workshoproles_user67",
      "provider": "provider[\"registry.terraform.io/mypurecloud/genesyscloud\"]",
      "instances": [
        {
          "schema_version": 1,
          "attributes": {
            "id": "a93e48b8-0e6c-4aeb-a75f-003fdd744a34",
            "roles": [
              {
                "division_ids": [
                  "f2777e89-ef43-44f2-a570-e883729854ea"
                ],
                "role_id": "05c2fe4c-0312-4598-8148-a96eb2c15b5d"
              },
              {
                "division_ids": [
                  "f2777e89-ef43-44f2-a570-e883729854ea"
                ],
                "role_id": "8fd2b585-45c8-43a8-a378-882d923b4dac"
              },
              {
                "division_ids": [
                  "f2777e89-ef43-44f2-a570-e883729854ea"
                ],
                "role_id": "b746f6cf-573e-4354-9276-265d66cb816e"
              },
              {
                "division_ids": [
                  "f2777e89-ef43-44f2-a570-e883729854ea"
                ],
                "role_id": "d40e93b6-a0c4-48f0-907f-1939a5c05f99"
              },
              {
                "division_ids": [
                  "f2777e89-ef43-44f2-a570-e883729854ea"
                ],
                "role_id": "dd8950a6-1e3c-46e1-b774-ab0f50a5ecb2"
              },
              {
                "division_ids": [
                  "f2777e89-ef43-44f2-a570-e883729854ea"
                ],
                "role_id": "ec850d7b-d45e-4e1c-a419-1cd3fc771649"
              }
            ],
            "user_id": "a93e48b8-0e6c-4aeb-a75f-003fdd744a34"
          },
          "sensitive_attributes": [],
          "private": "eyJzY2hlbWFfdmVyc2lvbiI6IjEifQ==",
          "dependencies": [
            "data.genesyscloud_auth_role.AgentAssist",
            "data.genesyscloud_auth_role.Developer",
            "data.genesyscloud_auth_role.GenesysCloudVoiceAdmin",
            "data.genesyscloud_auth_role.MasterAdmin",
            "data.genesyscloud_auth_role.Terraform_user",
            "data.genesyscloud_auth_role.employee",
            "data.genesyscloud_routing_skill.z67",
            "genesyscloud_user.Workshop_user67"
          ]
        }
      ]
    },
    {
      "mode": "managed",
      "type": "genesyscloud_user_roles",
      "name": "Workshoproles_user68",
      "provider": "provider[\"registry.terraform.io/mypurecloud/genesyscloud\"]",
      "instances": [
        {
          "schema_version": 1,
          "attributes": {
            "id": "1af1ec32-2153-4f65-8733-dfac8f60281a",
            "roles": [
              {
                "division_ids": [
                  "f2777e89-ef43-44f2-a570-e883729854ea"
                ],
                "role_id": "05c2fe4c-0312-4598-8148-a96eb2c15b5d"
              },
              {
                "division_ids": [
                  "f2777e89-ef43-44f2-a570-e883729854ea"
                ],
                "role_id": "8fd2b585-45c8-43a8-a378-882d923b4dac"
              },
              {
                "division_ids": [
                  "f2777e89-ef43-44f2-a570-e883729854ea"
                ],
                "role_id": "b746f6cf-573e-4354-9276-265d66cb816e"
              },
              {
                "division_ids": [
                  "f2777e89-ef43-44f2-a570-e883729854ea"
                ],
                "role_id": "d40e93b6-a0c4-48f0-907f-1939a5c05f99"
              },
              {
                "division_ids": [
                  "f2777e89-ef43-44f2-a570-e883729854ea"
                ],
                "role_id": "dd8950a6-1e3c-46e1-b774-ab0f50a5ecb2"
              },
              {
                "division_ids": [
                  "f2777e89-ef43-44f2-a570-e883729854ea"
                ],
                "role_id": "ec850d7b-d45e-4e1c-a419-1cd3fc771649"
              }
            ],
            "user_id": "1af1ec32-2153-4f65-8733-dfac8f60281a"
          },
          "sensitive_attributes": [],
          "private": "eyJzY2hlbWFfdmVyc2lvbiI6IjEifQ==",
          "dependencies": [
            "data.genesyscloud_auth_role.AgentAssist",
            "data.genesyscloud_auth_role.Developer",
            "data.genesyscloud_auth_role.GenesysCloudVoiceAdmin",
            "data.genesyscloud_auth_role.MasterAdmin",
            "data.genesyscloud_auth_role.Terraform_user",
            "data.genesyscloud_auth_role.employee",
            "data.genesyscloud_routing_skill.z68",
            "genesyscloud_user.Workshop_user68"
          ]
        }
      ]
    },
    {
      "mode": "managed",
      "type": "genesyscloud_user_roles",
      "name": "Workshoproles_user69",
      "provider": "provider[\"registry.terraform.io/mypurecloud/genesyscloud\"]",
      "instances": [
        {
          "schema_version": 1,
          "attributes": {
            "id": "0e3ba0c6-ebd0-4de7-b6bd-32b5fa207235",
            "roles": [
              {
                "division_ids": [
                  "f2777e89-ef43-44f2-a570-e883729854ea"
                ],
                "role_id": "05c2fe4c-0312-4598-8148-a96eb2c15b5d"
              },
              {
                "division_ids": [
                  "f2777e89-ef43-44f2-a570-e883729854ea"
                ],
                "role_id": "8fd2b585-45c8-43a8-a378-882d923b4dac"
              },
              {
                "division_ids": [
                  "f2777e89-ef43-44f2-a570-e883729854ea"
                ],
                "role_id": "b746f6cf-573e-4354-9276-265d66cb816e"
              },
              {
                "division_ids": [
                  "f2777e89-ef43-44f2-a570-e883729854ea"
                ],
                "role_id": "d40e93b6-a0c4-48f0-907f-1939a5c05f99"
              },
              {
                "division_ids": [
                  "f2777e89-ef43-44f2-a570-e883729854ea"
                ],
                "role_id": "dd8950a6-1e3c-46e1-b774-ab0f50a5ecb2"
              },
              {
                "division_ids": [
                  "f2777e89-ef43-44f2-a570-e883729854ea"
                ],
                "role_id": "ec850d7b-d45e-4e1c-a419-1cd3fc771649"
              }
            ],
            "user_id": "0e3ba0c6-ebd0-4de7-b6bd-32b5fa207235"
          },
          "sensitive_attributes": [],
          "private": "eyJzY2hlbWFfdmVyc2lvbiI6IjEifQ==",
          "dependencies": [
            "data.genesyscloud_auth_role.AgentAssist",
            "data.genesyscloud_auth_role.Developer",
            "data.genesyscloud_auth_role.GenesysCloudVoiceAdmin",
            "data.genesyscloud_auth_role.MasterAdmin",
            "data.genesyscloud_auth_role.Terraform_user",
            "data.genesyscloud_auth_role.employee",
            "data.genesyscloud_routing_skill.z69",
            "genesyscloud_user.Workshop_user69"
          ]
        }
      ]
    },
    {
      "mode": "managed",
      "type": "genesyscloud_user_roles",
      "name": "Workshoproles_user7",
      "provider": "provider[\"registry.terraform.io/mypurecloud/genesyscloud\"]",
      "instances": [
        {
          "schema_version": 1,
          "attributes": {
            "id": "457a6149-ec08-40d6-8c96-dc414df15b9f",
            "roles": [
              {
                "division_ids": [
                  "f2777e89-ef43-44f2-a570-e883729854ea"
                ],
                "role_id": "05c2fe4c-0312-4598-8148-a96eb2c15b5d"
              },
              {
                "division_ids": [
                  "f2777e89-ef43-44f2-a570-e883729854ea"
                ],
                "role_id": "8fd2b585-45c8-43a8-a378-882d923b4dac"
              },
              {
                "division_ids": [
                  "f2777e89-ef43-44f2-a570-e883729854ea"
                ],
                "role_id": "b746f6cf-573e-4354-9276-265d66cb816e"
              },
              {
                "division_ids": [
                  "f2777e89-ef43-44f2-a570-e883729854ea"
                ],
                "role_id": "d40e93b6-a0c4-48f0-907f-1939a5c05f99"
              },
              {
                "division_ids": [
                  "f2777e89-ef43-44f2-a570-e883729854ea"
                ],
                "role_id": "dd8950a6-1e3c-46e1-b774-ab0f50a5ecb2"
              },
              {
                "division_ids": [
                  "f2777e89-ef43-44f2-a570-e883729854ea"
                ],
                "role_id": "ec850d7b-d45e-4e1c-a419-1cd3fc771649"
              }
            ],
            "user_id": "457a6149-ec08-40d6-8c96-dc414df15b9f"
          },
          "sensitive_attributes": [],
          "private": "eyJzY2hlbWFfdmVyc2lvbiI6IjEifQ==",
          "dependencies": [
            "data.genesyscloud_auth_role.AgentAssist",
            "data.genesyscloud_auth_role.Developer",
            "data.genesyscloud_auth_role.GenesysCloudVoiceAdmin",
            "data.genesyscloud_auth_role.MasterAdmin",
            "data.genesyscloud_auth_role.Terraform_user",
            "data.genesyscloud_auth_role.employee",
            "data.genesyscloud_routing_skill.z7",
            "genesyscloud_user.Workshop_user7"
          ]
        }
      ]
    },
    {
      "mode": "managed",
      "type": "genesyscloud_user_roles",
      "name": "Workshoproles_user70",
      "provider": "provider[\"registry.terraform.io/mypurecloud/genesyscloud\"]",
      "instances": [
        {
          "schema_version": 1,
          "attributes": {
            "id": "cd4b5d2b-1ee6-41a6-bf00-e8f3ecb9e8fa",
            "roles": [
              {
                "division_ids": [
                  "f2777e89-ef43-44f2-a570-e883729854ea"
                ],
                "role_id": "05c2fe4c-0312-4598-8148-a96eb2c15b5d"
              },
              {
                "division_ids": [
                  "f2777e89-ef43-44f2-a570-e883729854ea"
                ],
                "role_id": "8fd2b585-45c8-43a8-a378-882d923b4dac"
              },
              {
                "division_ids": [
                  "f2777e89-ef43-44f2-a570-e883729854ea"
                ],
                "role_id": "b746f6cf-573e-4354-9276-265d66cb816e"
              },
              {
                "division_ids": [
                  "f2777e89-ef43-44f2-a570-e883729854ea"
                ],
                "role_id": "d40e93b6-a0c4-48f0-907f-1939a5c05f99"
              },
              {
                "division_ids": [
                  "f2777e89-ef43-44f2-a570-e883729854ea"
                ],
                "role_id": "dd8950a6-1e3c-46e1-b774-ab0f50a5ecb2"
              },
              {
                "division_ids": [
                  "f2777e89-ef43-44f2-a570-e883729854ea"
                ],
                "role_id": "ec850d7b-d45e-4e1c-a419-1cd3fc771649"
              }
            ],
            "user_id": "cd4b5d2b-1ee6-41a6-bf00-e8f3ecb9e8fa"
          },
          "sensitive_attributes": [],
          "private": "eyJzY2hlbWFfdmVyc2lvbiI6IjEifQ==",
          "dependencies": [
            "data.genesyscloud_auth_role.AgentAssist",
            "data.genesyscloud_auth_role.Developer",
            "data.genesyscloud_auth_role.GenesysCloudVoiceAdmin",
            "data.genesyscloud_auth_role.MasterAdmin",
            "data.genesyscloud_auth_role.Terraform_user",
            "data.genesyscloud_auth_role.employee",
            "data.genesyscloud_routing_skill.z70",
            "genesyscloud_user.Workshop_user70"
          ]
        }
      ]
    },
    {
      "mode": "managed",
      "type": "genesyscloud_user_roles",
      "name": "Workshoproles_user71",
      "provider": "provider[\"registry.terraform.io/mypurecloud/genesyscloud\"]",
      "instances": [
        {
          "schema_version": 1,
          "attributes": {
            "id": "5408f654-fb93-476f-a2b7-e2d3e427a472",
            "roles": [
              {
                "division_ids": [
                  "f2777e89-ef43-44f2-a570-e883729854ea"
                ],
                "role_id": "05c2fe4c-0312-4598-8148-a96eb2c15b5d"
              },
              {
                "division_ids": [
                  "f2777e89-ef43-44f2-a570-e883729854ea"
                ],
                "role_id": "8fd2b585-45c8-43a8-a378-882d923b4dac"
              },
              {
                "division_ids": [
                  "f2777e89-ef43-44f2-a570-e883729854ea"
                ],
                "role_id": "b746f6cf-573e-4354-9276-265d66cb816e"
              },
              {
                "division_ids": [
                  "f2777e89-ef43-44f2-a570-e883729854ea"
                ],
                "role_id": "d40e93b6-a0c4-48f0-907f-1939a5c05f99"
              },
              {
                "division_ids": [
                  "f2777e89-ef43-44f2-a570-e883729854ea"
                ],
                "role_id": "dd8950a6-1e3c-46e1-b774-ab0f50a5ecb2"
              },
              {
                "division_ids": [
                  "f2777e89-ef43-44f2-a570-e883729854ea"
                ],
                "role_id": "ec850d7b-d45e-4e1c-a419-1cd3fc771649"
              }
            ],
            "user_id": "5408f654-fb93-476f-a2b7-e2d3e427a472"
          },
          "sensitive_attributes": [],
          "private": "eyJzY2hlbWFfdmVyc2lvbiI6IjEifQ==",
          "dependencies": [
            "data.genesyscloud_auth_role.AgentAssist",
            "data.genesyscloud_auth_role.Developer",
            "data.genesyscloud_auth_role.GenesysCloudVoiceAdmin",
            "data.genesyscloud_auth_role.MasterAdmin",
            "data.genesyscloud_auth_role.Terraform_user",
            "data.genesyscloud_auth_role.employee",
            "data.genesyscloud_routing_skill.z71",
            "genesyscloud_user.Workshop_user71"
          ]
        }
      ]
    },
    {
      "mode": "managed",
      "type": "genesyscloud_user_roles",
      "name": "Workshoproles_user72",
      "provider": "provider[\"registry.terraform.io/mypurecloud/genesyscloud\"]",
      "instances": [
        {
          "schema_version": 1,
          "attributes": {
            "id": "6fc13cea-5233-4833-b621-84b0d7749fe0",
            "roles": [
              {
                "division_ids": [
                  "f2777e89-ef43-44f2-a570-e883729854ea"
                ],
                "role_id": "05c2fe4c-0312-4598-8148-a96eb2c15b5d"
              },
              {
                "division_ids": [
                  "f2777e89-ef43-44f2-a570-e883729854ea"
                ],
                "role_id": "8fd2b585-45c8-43a8-a378-882d923b4dac"
              },
              {
                "division_ids": [
                  "f2777e89-ef43-44f2-a570-e883729854ea"
                ],
                "role_id": "b746f6cf-573e-4354-9276-265d66cb816e"
              },
              {
                "division_ids": [
                  "f2777e89-ef43-44f2-a570-e883729854ea"
                ],
                "role_id": "d40e93b6-a0c4-48f0-907f-1939a5c05f99"
              },
              {
                "division_ids": [
                  "f2777e89-ef43-44f2-a570-e883729854ea"
                ],
                "role_id": "dd8950a6-1e3c-46e1-b774-ab0f50a5ecb2"
              },
              {
                "division_ids": [
                  "f2777e89-ef43-44f2-a570-e883729854ea"
                ],
                "role_id": "ec850d7b-d45e-4e1c-a419-1cd3fc771649"
              }
            ],
            "user_id": "6fc13cea-5233-4833-b621-84b0d7749fe0"
          },
          "sensitive_attributes": [],
          "private": "eyJzY2hlbWFfdmVyc2lvbiI6IjEifQ==",
          "dependencies": [
            "data.genesyscloud_auth_role.AgentAssist",
            "data.genesyscloud_auth_role.Developer",
            "data.genesyscloud_auth_role.GenesysCloudVoiceAdmin",
            "data.genesyscloud_auth_role.MasterAdmin",
            "data.genesyscloud_auth_role.Terraform_user",
            "data.genesyscloud_auth_role.employee",
            "data.genesyscloud_routing_skill.z72",
            "genesyscloud_user.Workshop_user72"
          ]
        }
      ]
    },
    {
      "mode": "managed",
      "type": "genesyscloud_user_roles",
      "name": "Workshoproles_user73",
      "provider": "provider[\"registry.terraform.io/mypurecloud/genesyscloud\"]",
      "instances": [
        {
          "schema_version": 1,
          "attributes": {
            "id": "61303a1c-a59a-42c6-b4f7-8bb4a16d7247",
            "roles": [
              {
                "division_ids": [
                  "f2777e89-ef43-44f2-a570-e883729854ea"
                ],
                "role_id": "05c2fe4c-0312-4598-8148-a96eb2c15b5d"
              },
              {
                "division_ids": [
                  "f2777e89-ef43-44f2-a570-e883729854ea"
                ],
                "role_id": "8fd2b585-45c8-43a8-a378-882d923b4dac"
              },
              {
                "division_ids": [
                  "f2777e89-ef43-44f2-a570-e883729854ea"
                ],
                "role_id": "b746f6cf-573e-4354-9276-265d66cb816e"
              },
              {
                "division_ids": [
                  "f2777e89-ef43-44f2-a570-e883729854ea"
                ],
                "role_id": "d40e93b6-a0c4-48f0-907f-1939a5c05f99"
              },
              {
                "division_ids": [
                  "f2777e89-ef43-44f2-a570-e883729854ea"
                ],
                "role_id": "dd8950a6-1e3c-46e1-b774-ab0f50a5ecb2"
              },
              {
                "division_ids": [
                  "f2777e89-ef43-44f2-a570-e883729854ea"
                ],
                "role_id": "ec850d7b-d45e-4e1c-a419-1cd3fc771649"
              }
            ],
            "user_id": "61303a1c-a59a-42c6-b4f7-8bb4a16d7247"
          },
          "sensitive_attributes": [],
          "private": "eyJzY2hlbWFfdmVyc2lvbiI6IjEifQ==",
          "dependencies": [
            "data.genesyscloud_auth_role.AgentAssist",
            "data.genesyscloud_auth_role.Developer",
            "data.genesyscloud_auth_role.GenesysCloudVoiceAdmin",
            "data.genesyscloud_auth_role.MasterAdmin",
            "data.genesyscloud_auth_role.Terraform_user",
            "data.genesyscloud_auth_role.employee",
            "data.genesyscloud_routing_skill.z73",
            "genesyscloud_user.Workshop_user73"
          ]
        }
      ]
    },
    {
      "mode": "managed",
      "type": "genesyscloud_user_roles",
      "name": "Workshoproles_user74",
      "provider": "provider[\"registry.terraform.io/mypurecloud/genesyscloud\"]",
      "instances": [
        {
          "schema_version": 1,
          "attributes": {
            "id": "081c5cb6-f37f-432d-978b-ed5cc7191c18",
            "roles": [
              {
                "division_ids": [
                  "f2777e89-ef43-44f2-a570-e883729854ea"
                ],
                "role_id": "05c2fe4c-0312-4598-8148-a96eb2c15b5d"
              },
              {
                "division_ids": [
                  "f2777e89-ef43-44f2-a570-e883729854ea"
                ],
                "role_id": "8fd2b585-45c8-43a8-a378-882d923b4dac"
              },
              {
                "division_ids": [
                  "f2777e89-ef43-44f2-a570-e883729854ea"
                ],
                "role_id": "b746f6cf-573e-4354-9276-265d66cb816e"
              },
              {
                "division_ids": [
                  "f2777e89-ef43-44f2-a570-e883729854ea"
                ],
                "role_id": "d40e93b6-a0c4-48f0-907f-1939a5c05f99"
              },
              {
                "division_ids": [
                  "f2777e89-ef43-44f2-a570-e883729854ea"
                ],
                "role_id": "dd8950a6-1e3c-46e1-b774-ab0f50a5ecb2"
              },
              {
                "division_ids": [
                  "f2777e89-ef43-44f2-a570-e883729854ea"
                ],
                "role_id": "ec850d7b-d45e-4e1c-a419-1cd3fc771649"
              }
            ],
            "user_id": "081c5cb6-f37f-432d-978b-ed5cc7191c18"
          },
          "sensitive_attributes": [],
          "private": "eyJzY2hlbWFfdmVyc2lvbiI6IjEifQ==",
          "dependencies": [
            "data.genesyscloud_auth_role.AgentAssist",
            "data.genesyscloud_auth_role.Developer",
            "data.genesyscloud_auth_role.GenesysCloudVoiceAdmin",
            "data.genesyscloud_auth_role.MasterAdmin",
            "data.genesyscloud_auth_role.Terraform_user",
            "data.genesyscloud_auth_role.employee",
            "data.genesyscloud_routing_skill.z74",
            "genesyscloud_user.Workshop_user74"
          ]
        }
      ]
    },
    {
      "mode": "managed",
      "type": "genesyscloud_user_roles",
      "name": "Workshoproles_user75",
      "provider": "provider[\"registry.terraform.io/mypurecloud/genesyscloud\"]",
      "instances": [
        {
          "schema_version": 1,
          "attributes": {
            "id": "c5f26109-b711-4789-96af-2a2702c54808",
            "roles": [
              {
                "division_ids": [
                  "f2777e89-ef43-44f2-a570-e883729854ea"
                ],
                "role_id": "05c2fe4c-0312-4598-8148-a96eb2c15b5d"
              },
              {
                "division_ids": [
                  "f2777e89-ef43-44f2-a570-e883729854ea"
                ],
                "role_id": "8fd2b585-45c8-43a8-a378-882d923b4dac"
              },
              {
                "division_ids": [
                  "f2777e89-ef43-44f2-a570-e883729854ea"
                ],
                "role_id": "b746f6cf-573e-4354-9276-265d66cb816e"
              },
              {
                "division_ids": [
                  "f2777e89-ef43-44f2-a570-e883729854ea"
                ],
                "role_id": "d40e93b6-a0c4-48f0-907f-1939a5c05f99"
              },
              {
                "division_ids": [
                  "f2777e89-ef43-44f2-a570-e883729854ea"
                ],
                "role_id": "dd8950a6-1e3c-46e1-b774-ab0f50a5ecb2"
              },
              {
                "division_ids": [
                  "f2777e89-ef43-44f2-a570-e883729854ea"
                ],
                "role_id": "ec850d7b-d45e-4e1c-a419-1cd3fc771649"
              }
            ],
            "user_id": "c5f26109-b711-4789-96af-2a2702c54808"
          },
          "sensitive_attributes": [],
          "private": "eyJzY2hlbWFfdmVyc2lvbiI6IjEifQ==",
          "dependencies": [
            "data.genesyscloud_auth_role.AgentAssist",
            "data.genesyscloud_auth_role.Developer",
            "data.genesyscloud_auth_role.GenesysCloudVoiceAdmin",
            "data.genesyscloud_auth_role.MasterAdmin",
            "data.genesyscloud_auth_role.Terraform_user",
            "data.genesyscloud_auth_role.employee",
            "data.genesyscloud_routing_skill.z75",
            "genesyscloud_user.Workshop_user75"
          ]
        }
      ]
    },
    {
      "mode": "managed",
      "type": "genesyscloud_user_roles",
      "name": "Workshoproles_user76",
      "provider": "provider[\"registry.terraform.io/mypurecloud/genesyscloud\"]",
      "instances": [
        {
          "schema_version": 1,
          "attributes": {
            "id": "958633f9-2587-4c18-bc07-6ccb1a9dd5a8",
            "roles": [
              {
                "division_ids": [
                  "f2777e89-ef43-44f2-a570-e883729854ea"
                ],
                "role_id": "05c2fe4c-0312-4598-8148-a96eb2c15b5d"
              },
              {
                "division_ids": [
                  "f2777e89-ef43-44f2-a570-e883729854ea"
                ],
                "role_id": "8fd2b585-45c8-43a8-a378-882d923b4dac"
              },
              {
                "division_ids": [
                  "f2777e89-ef43-44f2-a570-e883729854ea"
                ],
                "role_id": "b746f6cf-573e-4354-9276-265d66cb816e"
              },
              {
                "division_ids": [
                  "f2777e89-ef43-44f2-a570-e883729854ea"
                ],
                "role_id": "d40e93b6-a0c4-48f0-907f-1939a5c05f99"
              },
              {
                "division_ids": [
                  "f2777e89-ef43-44f2-a570-e883729854ea"
                ],
                "role_id": "dd8950a6-1e3c-46e1-b774-ab0f50a5ecb2"
              },
              {
                "division_ids": [
                  "f2777e89-ef43-44f2-a570-e883729854ea"
                ],
                "role_id": "ec850d7b-d45e-4e1c-a419-1cd3fc771649"
              }
            ],
            "user_id": "958633f9-2587-4c18-bc07-6ccb1a9dd5a8"
          },
          "sensitive_attributes": [],
          "private": "eyJzY2hlbWFfdmVyc2lvbiI6IjEifQ==",
          "dependencies": [
            "data.genesyscloud_auth_role.AgentAssist",
            "data.genesyscloud_auth_role.Developer",
            "data.genesyscloud_auth_role.GenesysCloudVoiceAdmin",
            "data.genesyscloud_auth_role.MasterAdmin",
            "data.genesyscloud_auth_role.Terraform_user",
            "data.genesyscloud_auth_role.employee",
            "data.genesyscloud_routing_skill.z76",
            "genesyscloud_user.Workshop_user76"
          ]
        }
      ]
    },
    {
      "mode": "managed",
      "type": "genesyscloud_user_roles",
      "name": "Workshoproles_user77",
      "provider": "provider[\"registry.terraform.io/mypurecloud/genesyscloud\"]",
      "instances": [
        {
          "schema_version": 1,
          "attributes": {
            "id": "ed5c1cc6-f864-4f89-8262-9cfe545f5431",
            "roles": [
              {
                "division_ids": [
                  "f2777e89-ef43-44f2-a570-e883729854ea"
                ],
                "role_id": "05c2fe4c-0312-4598-8148-a96eb2c15b5d"
              },
              {
                "division_ids": [
                  "f2777e89-ef43-44f2-a570-e883729854ea"
                ],
                "role_id": "8fd2b585-45c8-43a8-a378-882d923b4dac"
              },
              {
                "division_ids": [
                  "f2777e89-ef43-44f2-a570-e883729854ea"
                ],
                "role_id": "b746f6cf-573e-4354-9276-265d66cb816e"
              },
              {
                "division_ids": [
                  "f2777e89-ef43-44f2-a570-e883729854ea"
                ],
                "role_id": "d40e93b6-a0c4-48f0-907f-1939a5c05f99"
              },
              {
                "division_ids": [
                  "f2777e89-ef43-44f2-a570-e883729854ea"
                ],
                "role_id": "dd8950a6-1e3c-46e1-b774-ab0f50a5ecb2"
              },
              {
                "division_ids": [
                  "f2777e89-ef43-44f2-a570-e883729854ea"
                ],
                "role_id": "ec850d7b-d45e-4e1c-a419-1cd3fc771649"
              }
            ],
            "user_id": "ed5c1cc6-f864-4f89-8262-9cfe545f5431"
          },
          "sensitive_attributes": [],
          "private": "eyJzY2hlbWFfdmVyc2lvbiI6IjEifQ==",
          "dependencies": [
            "data.genesyscloud_auth_role.AgentAssist",
            "data.genesyscloud_auth_role.Developer",
            "data.genesyscloud_auth_role.GenesysCloudVoiceAdmin",
            "data.genesyscloud_auth_role.MasterAdmin",
            "data.genesyscloud_auth_role.Terraform_user",
            "data.genesyscloud_auth_role.employee",
            "data.genesyscloud_routing_skill.z77",
            "genesyscloud_user.Workshop_user77"
          ]
        }
      ]
    },
    {
      "mode": "managed",
      "type": "genesyscloud_user_roles",
      "name": "Workshoproles_user78",
      "provider": "provider[\"registry.terraform.io/mypurecloud/genesyscloud\"]",
      "instances": [
        {
          "schema_version": 1,
          "attributes": {
            "id": "3e0c5dce-6d6a-422f-83f6-19224b9fb784",
            "roles": [
              {
                "division_ids": [
                  "f2777e89-ef43-44f2-a570-e883729854ea"
                ],
                "role_id": "05c2fe4c-0312-4598-8148-a96eb2c15b5d"
              },
              {
                "division_ids": [
                  "f2777e89-ef43-44f2-a570-e883729854ea"
                ],
                "role_id": "8fd2b585-45c8-43a8-a378-882d923b4dac"
              },
              {
                "division_ids": [
                  "f2777e89-ef43-44f2-a570-e883729854ea"
                ],
                "role_id": "b746f6cf-573e-4354-9276-265d66cb816e"
              },
              {
                "division_ids": [
                  "f2777e89-ef43-44f2-a570-e883729854ea"
                ],
                "role_id": "d40e93b6-a0c4-48f0-907f-1939a5c05f99"
              },
              {
                "division_ids": [
                  "f2777e89-ef43-44f2-a570-e883729854ea"
                ],
                "role_id": "dd8950a6-1e3c-46e1-b774-ab0f50a5ecb2"
              },
              {
                "division_ids": [
                  "f2777e89-ef43-44f2-a570-e883729854ea"
                ],
                "role_id": "ec850d7b-d45e-4e1c-a419-1cd3fc771649"
              }
            ],
            "user_id": "3e0c5dce-6d6a-422f-83f6-19224b9fb784"
          },
          "sensitive_attributes": [],
          "private": "eyJzY2hlbWFfdmVyc2lvbiI6IjEifQ==",
          "dependencies": [
            "data.genesyscloud_auth_role.AgentAssist",
            "data.genesyscloud_auth_role.Developer",
            "data.genesyscloud_auth_role.GenesysCloudVoiceAdmin",
            "data.genesyscloud_auth_role.MasterAdmin",
            "data.genesyscloud_auth_role.Terraform_user",
            "data.genesyscloud_auth_role.employee",
            "data.genesyscloud_routing_skill.z78",
            "genesyscloud_user.Workshop_user78"
          ]
        }
      ]
    },
    {
      "mode": "managed",
      "type": "genesyscloud_user_roles",
      "name": "Workshoproles_user79",
      "provider": "provider[\"registry.terraform.io/mypurecloud/genesyscloud\"]",
      "instances": [
        {
          "schema_version": 1,
          "attributes": {
            "id": "4c8614b5-3fc1-471e-994c-e8e20e57796e",
            "roles": [
              {
                "division_ids": [
                  "f2777e89-ef43-44f2-a570-e883729854ea"
                ],
                "role_id": "05c2fe4c-0312-4598-8148-a96eb2c15b5d"
              },
              {
                "division_ids": [
                  "f2777e89-ef43-44f2-a570-e883729854ea"
                ],
                "role_id": "8fd2b585-45c8-43a8-a378-882d923b4dac"
              },
              {
                "division_ids": [
                  "f2777e89-ef43-44f2-a570-e883729854ea"
                ],
                "role_id": "b746f6cf-573e-4354-9276-265d66cb816e"
              },
              {
                "division_ids": [
                  "f2777e89-ef43-44f2-a570-e883729854ea"
                ],
                "role_id": "d40e93b6-a0c4-48f0-907f-1939a5c05f99"
              },
              {
                "division_ids": [
                  "f2777e89-ef43-44f2-a570-e883729854ea"
                ],
                "role_id": "dd8950a6-1e3c-46e1-b774-ab0f50a5ecb2"
              },
              {
                "division_ids": [
                  "f2777e89-ef43-44f2-a570-e883729854ea"
                ],
                "role_id": "ec850d7b-d45e-4e1c-a419-1cd3fc771649"
              }
            ],
            "user_id": "4c8614b5-3fc1-471e-994c-e8e20e57796e"
          },
          "sensitive_attributes": [],
          "private": "eyJzY2hlbWFfdmVyc2lvbiI6IjEifQ==",
          "dependencies": [
            "data.genesyscloud_auth_role.AgentAssist",
            "data.genesyscloud_auth_role.Developer",
            "data.genesyscloud_auth_role.GenesysCloudVoiceAdmin",
            "data.genesyscloud_auth_role.MasterAdmin",
            "data.genesyscloud_auth_role.Terraform_user",
            "data.genesyscloud_auth_role.employee",
            "data.genesyscloud_routing_skill.z79",
            "genesyscloud_user.Workshop_user79"
          ]
        }
      ]
    },
    {
      "mode": "managed",
      "type": "genesyscloud_user_roles",
      "name": "Workshoproles_user8",
      "provider": "provider[\"registry.terraform.io/mypurecloud/genesyscloud\"]",
      "instances": [
        {
          "schema_version": 1,
          "attributes": {
            "id": "58d0756b-742e-4b44-b9e8-27769ca3161a",
            "roles": [
              {
                "division_ids": [
                  "f2777e89-ef43-44f2-a570-e883729854ea"
                ],
                "role_id": "05c2fe4c-0312-4598-8148-a96eb2c15b5d"
              },
              {
                "division_ids": [
                  "f2777e89-ef43-44f2-a570-e883729854ea"
                ],
                "role_id": "8fd2b585-45c8-43a8-a378-882d923b4dac"
              },
              {
                "division_ids": [
                  "f2777e89-ef43-44f2-a570-e883729854ea"
                ],
                "role_id": "b746f6cf-573e-4354-9276-265d66cb816e"
              },
              {
                "division_ids": [
                  "f2777e89-ef43-44f2-a570-e883729854ea"
                ],
                "role_id": "d40e93b6-a0c4-48f0-907f-1939a5c05f99"
              },
              {
                "division_ids": [
                  "f2777e89-ef43-44f2-a570-e883729854ea"
                ],
                "role_id": "dd8950a6-1e3c-46e1-b774-ab0f50a5ecb2"
              },
              {
                "division_ids": [
                  "f2777e89-ef43-44f2-a570-e883729854ea"
                ],
                "role_id": "ec850d7b-d45e-4e1c-a419-1cd3fc771649"
              }
            ],
            "user_id": "58d0756b-742e-4b44-b9e8-27769ca3161a"
          },
          "sensitive_attributes": [],
          "private": "eyJzY2hlbWFfdmVyc2lvbiI6IjEifQ==",
          "dependencies": [
            "data.genesyscloud_auth_role.AgentAssist",
            "data.genesyscloud_auth_role.Developer",
            "data.genesyscloud_auth_role.GenesysCloudVoiceAdmin",
            "data.genesyscloud_auth_role.MasterAdmin",
            "data.genesyscloud_auth_role.Terraform_user",
            "data.genesyscloud_auth_role.employee",
            "data.genesyscloud_routing_skill.z8",
            "genesyscloud_user.Workshop_user8"
          ]
        }
      ]
    },
    {
      "mode": "managed",
      "type": "genesyscloud_user_roles",
      "name": "Workshoproles_user80",
      "provider": "provider[\"registry.terraform.io/mypurecloud/genesyscloud\"]",
      "instances": [
        {
          "schema_version": 1,
          "attributes": {
            "id": "42839cfd-34e5-4daa-8b52-6b23b7ade899",
            "roles": [
              {
                "division_ids": [
                  "f2777e89-ef43-44f2-a570-e883729854ea"
                ],
                "role_id": "05c2fe4c-0312-4598-8148-a96eb2c15b5d"
              },
              {
                "division_ids": [
                  "f2777e89-ef43-44f2-a570-e883729854ea"
                ],
                "role_id": "8fd2b585-45c8-43a8-a378-882d923b4dac"
              },
              {
                "division_ids": [
                  "f2777e89-ef43-44f2-a570-e883729854ea"
                ],
                "role_id": "b746f6cf-573e-4354-9276-265d66cb816e"
              },
              {
                "division_ids": [
                  "f2777e89-ef43-44f2-a570-e883729854ea"
                ],
                "role_id": "d40e93b6-a0c4-48f0-907f-1939a5c05f99"
              },
              {
                "division_ids": [
                  "f2777e89-ef43-44f2-a570-e883729854ea"
                ],
                "role_id": "dd8950a6-1e3c-46e1-b774-ab0f50a5ecb2"
              },
              {
                "division_ids": [
                  "f2777e89-ef43-44f2-a570-e883729854ea"
                ],
                "role_id": "ec850d7b-d45e-4e1c-a419-1cd3fc771649"
              }
            ],
            "user_id": "42839cfd-34e5-4daa-8b52-6b23b7ade899"
          },
          "sensitive_attributes": [],
          "private": "eyJzY2hlbWFfdmVyc2lvbiI6IjEifQ==",
          "dependencies": [
            "data.genesyscloud_auth_role.AgentAssist",
            "data.genesyscloud_auth_role.Developer",
            "data.genesyscloud_auth_role.GenesysCloudVoiceAdmin",
            "data.genesyscloud_auth_role.MasterAdmin",
            "data.genesyscloud_auth_role.Terraform_user",
            "data.genesyscloud_auth_role.employee",
            "data.genesyscloud_routing_skill.z80",
            "genesyscloud_user.Workshop_user80"
          ]
        }
      ]
    },
    {
      "mode": "managed",
      "type": "genesyscloud_user_roles",
      "name": "Workshoproles_user9",
      "provider": "provider[\"registry.terraform.io/mypurecloud/genesyscloud\"]",
      "instances": [
        {
          "schema_version": 1,
          "attributes": {
            "id": "607ab10c-ce82-433b-a2ca-029b64c13e5c",
            "roles": [
              {
                "division_ids": [
                  "f2777e89-ef43-44f2-a570-e883729854ea"
                ],
                "role_id": "05c2fe4c-0312-4598-8148-a96eb2c15b5d"
              },
              {
                "division_ids": [
                  "f2777e89-ef43-44f2-a570-e883729854ea"
                ],
                "role_id": "8fd2b585-45c8-43a8-a378-882d923b4dac"
              },
              {
                "division_ids": [
                  "f2777e89-ef43-44f2-a570-e883729854ea"
                ],
                "role_id": "b746f6cf-573e-4354-9276-265d66cb816e"
              },
              {
                "division_ids": [
                  "f2777e89-ef43-44f2-a570-e883729854ea"
                ],
                "role_id": "d40e93b6-a0c4-48f0-907f-1939a5c05f99"
              },
              {
                "division_ids": [
                  "f2777e89-ef43-44f2-a570-e883729854ea"
                ],
                "role_id": "dd8950a6-1e3c-46e1-b774-ab0f50a5ecb2"
              },
              {
                "division_ids": [
                  "f2777e89-ef43-44f2-a570-e883729854ea"
                ],
                "role_id": "ec850d7b-d45e-4e1c-a419-1cd3fc771649"
              }
            ],
            "user_id": "607ab10c-ce82-433b-a2ca-029b64c13e5c"
          },
          "sensitive_attributes": [],
          "private": "eyJzY2hlbWFfdmVyc2lvbiI6IjEifQ==",
          "dependencies": [
            "data.genesyscloud_auth_role.AgentAssist",
            "data.genesyscloud_auth_role.Developer",
            "data.genesyscloud_auth_role.GenesysCloudVoiceAdmin",
            "data.genesyscloud_auth_role.MasterAdmin",
            "data.genesyscloud_auth_role.Terraform_user",
            "data.genesyscloud_auth_role.employee",
            "data.genesyscloud_routing_skill.z9",
            "genesyscloud_user.Workshop_user9"
          ]
        }
      ]
    }
  ]
}
