{
  "version": 4,
  "terraform_version": "1.1.8",
  "serial": 3040,
  "lineage": "d625a3fa-8f27-63e4-1044-902981943688",
  "outputs": {},
  "resources": [
    {
      "mode": "data",
      "type": "genesyscloud_auth_role",
      "name": "AgentAssist",
      "provider": "provider[\"registry.terraform.io/mypurecloud/genesyscloud\"]",
      "instances": [
        {
          "schema_version": 0,
          "attributes": {
            "id": "ec850d7b-d45e-4e1c-a419-1cd3fc771649",
            "name": "Agent Assist"
          },
          "sensitive_attributes": []
        }
      ]
    },
    {
      "mode": "data",
      "type": "genesyscloud_auth_role",
      "name": "Developer",
      "provider": "provider[\"registry.terraform.io/mypurecloud/genesyscloud\"]",
      "instances": [
        {
          "schema_version": 0,
          "attributes": {
            "id": "d40e93b6-a0c4-48f0-907f-1939a5c05f99",
            "name": "Developer"
          },
          "sensitive_attributes": []
        }
      ]
    },
    {
      "mode": "data",
      "type": "genesyscloud_auth_role",
      "name": "GenesysCloudVoiceAdmin",
      "provider": "provider[\"registry.terraform.io/mypurecloud/genesyscloud\"]",
      "instances": [
        {
          "schema_version": 0,
          "attributes": {
            "id": "b746f6cf-573e-4354-9276-265d66cb816e",
            "name": "Genesys Cloud Voice Admin"
          },
          "sensitive_attributes": []
        }
      ]
    },
    {
      "mode": "data",
      "type": "genesyscloud_auth_role",
      "name": "MasterAdmin",
      "provider": "provider[\"registry.terraform.io/mypurecloud/genesyscloud\"]",
      "instances": [
        {
          "schema_version": 0,
          "attributes": {
            "id": "dd8950a6-1e3c-46e1-b774-ab0f50a5ecb2",
            "name": "Master Admin"
          },
          "sensitive_attributes": []
        }
      ]
    },
    {
      "mode": "data",
      "type": "genesyscloud_auth_role",
      "name": "Terraform_user",
      "provider": "provider[\"registry.terraform.io/mypurecloud/genesyscloud\"]",
      "instances": [
        {
          "schema_version": 0,
          "attributes": {
            "id": "8fd2b585-45c8-43a8-a378-882d923b4dac",
            "name": "Terraform_user"
          },
          "sensitive_attributes": []
        }
      ]
    },
    {
      "mode": "data",
      "type": "genesyscloud_auth_role",
      "name": "admin",
      "provider": "provider[\"registry.terraform.io/mypurecloud/genesyscloud\"]",
      "instances": [
        {
          "schema_version": 0,
          "attributes": {
            "id": "380f8746-2e13-46d2-b91d-411cd8595468",
            "name": "admin"
          },
          "sensitive_attributes": []
        }
      ]
    },
    {
      "mode": "data",
      "type": "genesyscloud_auth_role",
      "name": "employee",
      "provider": "provider[\"registry.terraform.io/mypurecloud/genesyscloud\"]",
      "instances": [
        {
          "schema_version": 0,
          "attributes": {
            "id": "05c2fe4c-0312-4598-8148-a96eb2c15b5d",
            "name": "employee"
          },
          "sensitive_attributes": []
        }
      ]
    },
    {
      "mode": "data",
      "type": "genesyscloud_routing_skill",
      "name": "z1",
      "provider": "provider[\"registry.terraform.io/mypurecloud/genesyscloud\"]",
      "instances": [
        {
          "schema_version": 0,
          "attributes": {
            "id": "533f548c-944a-4580-9963-268faac40d47",
            "name": "z01"
          },
          "sensitive_attributes": []
        }
      ]
    },
    {
      "mode": "data",
      "type": "genesyscloud_routing_skill",
      "name": "z10",
      "provider": "provider[\"registry.terraform.io/mypurecloud/genesyscloud\"]",
      "instances": [
        {
          "schema_version": 0,
          "attributes": {
            "id": "ead3e567-ac0c-45c4-949b-2f6c6b00f732",
            "name": "z10"
          },
          "sensitive_attributes": []
        }
      ]
    },
    {
      "mode": "data",
      "type": "genesyscloud_routing_skill",
      "name": "z11",
      "provider": "provider[\"registry.terraform.io/mypurecloud/genesyscloud\"]",
      "instances": [
        {
          "schema_version": 0,
          "attributes": {
            "id": "7f3d8e01-352b-4317-9834-b767d72a8681",
            "name": "z11"
          },
          "sensitive_attributes": []
        }
      ]
    },
    {
      "mode": "data",
      "type": "genesyscloud_routing_skill",
      "name": "z12",
      "provider": "provider[\"registry.terraform.io/mypurecloud/genesyscloud\"]",
      "instances": [
        {
          "schema_version": 0,
          "attributes": {
            "id": "e8c05f4b-bfd8-45e0-861f-8923c8bdee46",
            "name": "z12"
          },
          "sensitive_attributes": []
        }
      ]
    },
    {
      "mode": "data",
      "type": "genesyscloud_routing_skill",
      "name": "z13",
      "provider": "provider[\"registry.terraform.io/mypurecloud/genesyscloud\"]",
      "instances": [
        {
          "schema_version": 0,
          "attributes": {
            "id": "8d450885-e20b-49ed-bb6c-2d9298a850c3",
            "name": "z13"
          },
          "sensitive_attributes": []
        }
      ]
    },
    {
      "mode": "data",
      "type": "genesyscloud_routing_skill",
      "name": "z14",
      "provider": "provider[\"registry.terraform.io/mypurecloud/genesyscloud\"]",
      "instances": [
        {
          "schema_version": 0,
          "attributes": {
            "id": "d1fc8f5b-bae5-4199-83f2-69c40db63ecb",
            "name": "z14"
          },
          "sensitive_attributes": []
        }
      ]
    },
    {
      "mode": "data",
      "type": "genesyscloud_routing_skill",
      "name": "z15",
      "provider": "provider[\"registry.terraform.io/mypurecloud/genesyscloud\"]",
      "instances": [
        {
          "schema_version": 0,
          "attributes": {
            "id": "b758615d-cd05-4172-8eea-8524c8c243d8",
            "name": "z15"
          },
          "sensitive_attributes": []
        }
      ]
    },
    {
      "mode": "data",
      "type": "genesyscloud_routing_skill",
      "name": "z16",
      "provider": "provider[\"registry.terraform.io/mypurecloud/genesyscloud\"]",
      "instances": [
        {
          "schema_version": 0,
          "attributes": {
            "id": "4b66a904-9f82-45ff-9c97-da4b0267b532",
            "name": "z16"
          },
          "sensitive_attributes": []
        }
      ]
    },
    {
      "mode": "data",
      "type": "genesyscloud_routing_skill",
      "name": "z17",
      "provider": "provider[\"registry.terraform.io/mypurecloud/genesyscloud\"]",
      "instances": [
        {
          "schema_version": 0,
          "attributes": {
            "id": "4dc1d324-eca1-4c87-9a6e-7923cc24a288",
            "name": "z17"
          },
          "sensitive_attributes": []
        }
      ]
    },
    {
      "mode": "data",
      "type": "genesyscloud_routing_skill",
      "name": "z18",
      "provider": "provider[\"registry.terraform.io/mypurecloud/genesyscloud\"]",
      "instances": [
        {
          "schema_version": 0,
          "attributes": {
            "id": "dc91d674-49d0-4ed9-8b97-3e801c73b2b2",
            "name": "z18"
          },
          "sensitive_attributes": []
        }
      ]
    },
    {
      "mode": "data",
      "type": "genesyscloud_routing_skill",
      "name": "z19",
      "provider": "provider[\"registry.terraform.io/mypurecloud/genesyscloud\"]",
      "instances": [
        {
          "schema_version": 0,
          "attributes": {
            "id": "91c1a2b8-8e1a-4dc5-843d-ad897170a5d6",
            "name": "z19"
          },
          "sensitive_attributes": []
        }
      ]
    },
    {
      "mode": "data",
      "type": "genesyscloud_routing_skill",
      "name": "z2",
      "provider": "provider[\"registry.terraform.io/mypurecloud/genesyscloud\"]",
      "instances": [
        {
          "schema_version": 0,
          "attributes": {
            "id": "e8bc4182-8f9d-445e-9e7b-5f1076e1b6af",
            "name": "z02"
          },
          "sensitive_attributes": []
        }
      ]
    },
    {
      "mode": "data",
      "type": "genesyscloud_routing_skill",
      "name": "z20",
      "provider": "provider[\"registry.terraform.io/mypurecloud/genesyscloud\"]",
      "instances": [
        {
          "schema_version": 0,
          "attributes": {
            "id": "2d0ec185-f0dd-433c-a413-979de846ee54",
            "name": "z20"
          },
          "sensitive_attributes": []
        }
      ]
    },
    {
      "mode": "data",
      "type": "genesyscloud_routing_skill",
      "name": "z21",
      "provider": "provider[\"registry.terraform.io/mypurecloud/genesyscloud\"]",
      "instances": [
        {
          "schema_version": 0,
          "attributes": {
            "id": "0dbde71f-5897-41e1-a662-7271e22e965d",
            "name": "z21"
          },
          "sensitive_attributes": []
        }
      ]
    },
    {
      "mode": "data",
      "type": "genesyscloud_routing_skill",
      "name": "z22",
      "provider": "provider[\"registry.terraform.io/mypurecloud/genesyscloud\"]",
      "instances": [
        {
          "schema_version": 0,
          "attributes": {
            "id": "b5f377ab-f173-440d-b8a8-36a3568a2f67",
            "name": "z22"
          },
          "sensitive_attributes": []
        }
      ]
    },
    {
      "mode": "data",
      "type": "genesyscloud_routing_skill",
      "name": "z23",
      "provider": "provider[\"registry.terraform.io/mypurecloud/genesyscloud\"]",
      "instances": [
        {
          "schema_version": 0,
          "attributes": {
            "id": "8d6aa33b-6113-442f-9fa7-8bc2525c518d",
            "name": "z23"
          },
          "sensitive_attributes": []
        }
      ]
    },
    {
      "mode": "data",
      "type": "genesyscloud_routing_skill",
      "name": "z24",
      "provider": "provider[\"registry.terraform.io/mypurecloud/genesyscloud\"]",
      "instances": [
        {
          "schema_version": 0,
          "attributes": {
            "id": "15b735b6-80e0-4dbf-9e11-e2e8fd3a0e0e",
            "name": "z24"
          },
          "sensitive_attributes": []
        }
      ]
    },
    {
      "mode": "data",
      "type": "genesyscloud_routing_skill",
      "name": "z25",
      "provider": "provider[\"registry.terraform.io/mypurecloud/genesyscloud\"]",
      "instances": [
        {
          "schema_version": 0,
          "attributes": {
            "id": "b325b3ba-75a0-49d2-a580-c0952c54a4dc",
            "name": "z25"
          },
          "sensitive_attributes": []
        }
      ]
    },
    {
      "mode": "data",
      "type": "genesyscloud_routing_skill",
      "name": "z26",
      "provider": "provider[\"registry.terraform.io/mypurecloud/genesyscloud\"]",
      "instances": [
        {
          "schema_version": 0,
          "attributes": {
            "id": "e87ea44e-a627-4320-a056-747fc0b755d4",
            "name": "z26"
          },
          "sensitive_attributes": []
        }
      ]
    },
    {
      "mode": "data",
      "type": "genesyscloud_routing_skill",
      "name": "z27",
      "provider": "provider[\"registry.terraform.io/mypurecloud/genesyscloud\"]",
      "instances": [
        {
          "schema_version": 0,
          "attributes": {
            "id": "91f1ef02-5f8d-4f01-8cdc-a1990317b93f",
            "name": "z27"
          },
          "sensitive_attributes": []
        }
      ]
    },
    {
      "mode": "data",
      "type": "genesyscloud_routing_skill",
      "name": "z28",
      "provider": "provider[\"registry.terraform.io/mypurecloud/genesyscloud\"]",
      "instances": [
        {
          "schema_version": 0,
          "attributes": {
            "id": "14f876db-e842-45e7-9a80-11e821cca490",
            "name": "z28"
          },
          "sensitive_attributes": []
        }
      ]
    },
    {
      "mode": "data",
      "type": "genesyscloud_routing_skill",
      "name": "z29",
      "provider": "provider[\"registry.terraform.io/mypurecloud/genesyscloud\"]",
      "instances": [
        {
          "schema_version": 0,
          "attributes": {
            "id": "4065cec0-a484-4eb5-b8c3-05facb930dbc",
            "name": "z29"
          },
          "sensitive_attributes": []
        }
      ]
    },
    {
      "mode": "data",
      "type": "genesyscloud_routing_skill",
      "name": "z3",
      "provider": "provider[\"registry.terraform.io/mypurecloud/genesyscloud\"]",
      "instances": [
        {
          "schema_version": 0,
          "attributes": {
            "id": "7aa0a6d4-5f3f-4361-bfc9-f26b655735b5",
            "name": "z03"
          },
          "sensitive_attributes": []
        }
      ]
    },
    {
      "mode": "data",
      "type": "genesyscloud_routing_skill",
      "name": "z30",
      "provider": "provider[\"registry.terraform.io/mypurecloud/genesyscloud\"]",
      "instances": [
        {
          "schema_version": 0,
          "attributes": {
            "id": "93075fdf-f8dd-464e-9431-d70352658397",
            "name": "z30"
          },
          "sensitive_attributes": []
        }
      ]
    },
    {
      "mode": "data",
      "type": "genesyscloud_routing_skill",
      "name": "z31",
      "provider": "provider[\"registry.terraform.io/mypurecloud/genesyscloud\"]",
      "instances": [
        {
          "schema_version": 0,
          "attributes": {
            "id": "7b0f1131-7d66-4ce7-a77a-c3169090650f",
            "name": "z31"
          },
          "sensitive_attributes": []
        }
      ]
    },
    {
      "mode": "data",
      "type": "genesyscloud_routing_skill",
      "name": "z32",
      "provider": "provider[\"registry.terraform.io/mypurecloud/genesyscloud\"]",
      "instances": [
        {
          "schema_version": 0,
          "attributes": {
            "id": "be074200-abc4-47ed-a820-ff92e44b05dc",
            "name": "z32"
          },
          "sensitive_attributes": []
        }
      ]
    },
    {
      "mode": "data",
      "type": "genesyscloud_routing_skill",
      "name": "z33",
      "provider": "provider[\"registry.terraform.io/mypurecloud/genesyscloud\"]",
      "instances": [
        {
          "schema_version": 0,
          "attributes": {
            "id": "aca8b164-0281-4ab4-ba90-3520a343d137",
            "name": "z33"
          },
          "sensitive_attributes": []
        }
      ]
    },
    {
      "mode": "data",
      "type": "genesyscloud_routing_skill",
      "name": "z34",
      "provider": "provider[\"registry.terraform.io/mypurecloud/genesyscloud\"]",
      "instances": [
        {
          "schema_version": 0,
          "attributes": {
            "id": "bf8d1414-3af0-4969-98c6-ef208321e8cc",
            "name": "z34"
          },
          "sensitive_attributes": []
        }
      ]
    },
    {
      "mode": "data",
      "type": "genesyscloud_routing_skill",
      "name": "z35",
      "provider": "provider[\"registry.terraform.io/mypurecloud/genesyscloud\"]",
      "instances": [
        {
          "schema_version": 0,
          "attributes": {
            "id": "625ebb47-4a58-466e-88e9-71c464879108",
            "name": "z35"
          },
          "sensitive_attributes": []
        }
      ]
    },
    {
      "mode": "data",
      "type": "genesyscloud_routing_skill",
      "name": "z36",
      "provider": "provider[\"registry.terraform.io/mypurecloud/genesyscloud\"]",
      "instances": [
        {
          "schema_version": 0,
          "attributes": {
            "id": "b652942b-e385-4028-a4c5-092ab74d3193",
            "name": "z36"
          },
          "sensitive_attributes": []
        }
      ]
    },
    {
      "mode": "data",
      "type": "genesyscloud_routing_skill",
      "name": "z37",
      "provider": "provider[\"registry.terraform.io/mypurecloud/genesyscloud\"]",
      "instances": [
        {
          "schema_version": 0,
          "attributes": {
            "id": "1bf92b14-dcfd-45c2-98fd-fdada9be3cc0",
            "name": "z37"
          },
          "sensitive_attributes": []
        }
      ]
    },
    {
      "mode": "data",
      "type": "genesyscloud_routing_skill",
      "name": "z38",
      "provider": "provider[\"registry.terraform.io/mypurecloud/genesyscloud\"]",
      "instances": [
        {
          "schema_version": 0,
          "attributes": {
            "id": "74693fc8-77af-4424-a42c-dfd575f86527",
            "name": "z38"
          },
          "sensitive_attributes": []
        }
      ]
    },
    {
      "mode": "data",
      "type": "genesyscloud_routing_skill",
      "name": "z39",
      "provider": "provider[\"registry.terraform.io/mypurecloud/genesyscloud\"]",
      "instances": [
        {
          "schema_version": 0,
          "attributes": {
            "id": "806e5c76-461a-41ed-8fa0-22fa47c33cd4",
            "name": "z39"
          },
          "sensitive_attributes": []
        }
      ]
    },
    {
      "mode": "data",
      "type": "genesyscloud_routing_skill",
      "name": "z4",
      "provider": "provider[\"registry.terraform.io/mypurecloud/genesyscloud\"]",
      "instances": [
        {
          "schema_version": 0,
          "attributes": {
            "id": "39d49578-72fc-4671-b5c9-adf7d8678234",
            "name": "z04"
          },
          "sensitive_attributes": []
        }
      ]
    },
    {
      "mode": "data",
      "type": "genesyscloud_routing_skill",
      "name": "z40",
      "provider": "provider[\"registry.terraform.io/mypurecloud/genesyscloud\"]",
      "instances": [
        {
          "schema_version": 0,
          "attributes": {
            "id": "b73d429c-fb9d-4a85-b6e3-32e3da29434b",
            "name": "z40"
          },
          "sensitive_attributes": []
        }
      ]
    },
    {
      "mode": "data",
      "type": "genesyscloud_routing_skill",
      "name": "z41",
      "provider": "provider[\"registry.terraform.io/mypurecloud/genesyscloud\"]",
      "instances": [
        {
          "schema_version": 0,
          "attributes": {
            "id": "bd17a9a1-4100-47ee-a717-f5ace5a14561",
            "name": "z41"
          },
          "sensitive_attributes": []
        }
      ]
    },
    {
      "mode": "data",
      "type": "genesyscloud_routing_skill",
      "name": "z42",
      "provider": "provider[\"registry.terraform.io/mypurecloud/genesyscloud\"]",
      "instances": [
        {
          "schema_version": 0,
          "attributes": {
            "id": "0e08a158-4268-458f-8aaf-12a54973fc19",
            "name": "z42"
          },
          "sensitive_attributes": []
        }
      ]
    },
    {
      "mode": "data",
      "type": "genesyscloud_routing_skill",
      "name": "z43",
      "provider": "provider[\"registry.terraform.io/mypurecloud/genesyscloud\"]",
      "instances": [
        {
          "schema_version": 0,
          "attributes": {
            "id": "9a0554ea-8088-4550-b5cc-b6f8644fa73e",
            "name": "z43"
          },
          "sensitive_attributes": []
        }
      ]
    },
    {
      "mode": "data",
      "type": "genesyscloud_routing_skill",
      "name": "z44",
      "provider": "provider[\"registry.terraform.io/mypurecloud/genesyscloud\"]",
      "instances": [
        {
          "schema_version": 0,
          "attributes": {
            "id": "62d02c37-251f-4d2f-9443-8c533cca96f7",
            "name": "z44"
          },
          "sensitive_attributes": []
        }
      ]
    },
    {
      "mode": "data",
      "type": "genesyscloud_routing_skill",
      "name": "z45",
      "provider": "provider[\"registry.terraform.io/mypurecloud/genesyscloud\"]",
      "instances": [
        {
          "schema_version": 0,
          "attributes": {
            "id": "15586098-e6d0-4a43-9cca-1265e40d69f3",
            "name": "z45"
          },
          "sensitive_attributes": []
        }
      ]
    },
    {
      "mode": "data",
      "type": "genesyscloud_routing_skill",
      "name": "z46",
      "provider": "provider[\"registry.terraform.io/mypurecloud/genesyscloud\"]",
      "instances": [
        {
          "schema_version": 0,
          "attributes": {
            "id": "79b2bb07-7ec4-4d43-9f13-a6ad338f7edd",
            "name": "z46"
          },
          "sensitive_attributes": []
        }
      ]
    },
    {
      "mode": "data",
      "type": "genesyscloud_routing_skill",
      "name": "z47",
      "provider": "provider[\"registry.terraform.io/mypurecloud/genesyscloud\"]",
      "instances": [
        {
          "schema_version": 0,
          "attributes": {
            "id": "33522273-9aa7-486c-9f04-08c4a9a64f11",
            "name": "z47"
          },
          "sensitive_attributes": []
        }
      ]
    },
    {
      "mode": "data",
      "type": "genesyscloud_routing_skill",
      "name": "z48",
      "provider": "provider[\"registry.terraform.io/mypurecloud/genesyscloud\"]",
      "instances": [
        {
          "schema_version": 0,
          "attributes": {
            "id": "a5a34a49-baa5-44a1-92a9-b68881fe152c",
            "name": "z48"
          },
          "sensitive_attributes": []
        }
      ]
    },
    {
      "mode": "data",
      "type": "genesyscloud_routing_skill",
      "name": "z49",
      "provider": "provider[\"registry.terraform.io/mypurecloud/genesyscloud\"]",
      "instances": [
        {
          "schema_version": 0,
          "attributes": {
            "id": "d3dd8052-f889-46cb-b741-c901f9166b3e",
            "name": "z49"
          },
          "sensitive_attributes": []
        }
      ]
    },
    {
      "mode": "data",
      "type": "genesyscloud_routing_skill",
      "name": "z5",
      "provider": "provider[\"registry.terraform.io/mypurecloud/genesyscloud\"]",
      "instances": [
        {
          "schema_version": 0,
          "attributes": {
            "id": "2b819b9a-3579-4dea-8228-535a1aa23126",
            "name": "z05"
          },
          "sensitive_attributes": []
        }
      ]
    },
    {
      "mode": "data",
      "type": "genesyscloud_routing_skill",
      "name": "z50",
      "provider": "provider[\"registry.terraform.io/mypurecloud/genesyscloud\"]",
      "instances": [
        {
          "schema_version": 0,
          "attributes": {
            "id": "f9fbb3c6-3511-44da-94ee-fd61ca098a01",
            "name": "z50"
          },
          "sensitive_attributes": []
        }
      ]
    },
    {
      "mode": "data",
      "type": "genesyscloud_routing_skill",
      "name": "z51",
      "provider": "provider[\"registry.terraform.io/mypurecloud/genesyscloud\"]",
      "instances": [
        {
          "schema_version": 0,
          "attributes": {
            "id": "f5fc0c8e-6f18-46b3-a8c9-71c7c253e720",
            "name": "z51"
          },
          "sensitive_attributes": []
        }
      ]
    },
    {
      "mode": "data",
      "type": "genesyscloud_routing_skill",
      "name": "z52",
      "provider": "provider[\"registry.terraform.io/mypurecloud/genesyscloud\"]",
      "instances": [
        {
          "schema_version": 0,
          "attributes": {
            "id": "e5d5ad92-8dba-4168-8ada-64ed090dba63",
            "name": "z52"
          },
          "sensitive_attributes": []
        }
      ]
    },
    {
      "mode": "data",
      "type": "genesyscloud_routing_skill",
      "name": "z53",
      "provider": "provider[\"registry.terraform.io/mypurecloud/genesyscloud\"]",
      "instances": [
        {
          "schema_version": 0,
          "attributes": {
            "id": "01807bd0-3c32-4c53-9b4b-02e09a9c18cf",
            "name": "z53"
          },
          "sensitive_attributes": []
        }
      ]
    },
    {
      "mode": "data",
      "type": "genesyscloud_routing_skill",
      "name": "z54",
      "provider": "provider[\"registry.terraform.io/mypurecloud/genesyscloud\"]",
      "instances": [
        {
          "schema_version": 0,
          "attributes": {
            "id": "d454c9d8-81f0-4ff6-8f4c-99e994f544d5",
            "name": "z54"
          },
          "sensitive_attributes": []
        }
      ]
    },
    {
      "mode": "data",
      "type": "genesyscloud_routing_skill",
      "name": "z55",
      "provider": "provider[\"registry.terraform.io/mypurecloud/genesyscloud\"]",
      "instances": [
        {
          "schema_version": 0,
          "attributes": {
            "id": "0b361a06-d0fa-45f6-bb5a-1db768b7be42",
            "name": "z55"
          },
          "sensitive_attributes": []
        }
      ]
    },
    {
      "mode": "data",
      "type": "genesyscloud_routing_skill",
      "name": "z56",
      "provider": "provider[\"registry.terraform.io/mypurecloud/genesyscloud\"]",
      "instances": [
        {
          "schema_version": 0,
          "attributes": {
            "id": "df99e8da-8938-4539-8cae-e0fea1f26f48",
            "name": "z56"
          },
          "sensitive_attributes": []
        }
      ]
    },
    {
      "mode": "data",
      "type": "genesyscloud_routing_skill",
      "name": "z57",
      "provider": "provider[\"registry.terraform.io/mypurecloud/genesyscloud\"]",
      "instances": [
        {
          "schema_version": 0,
          "attributes": {
            "id": "0b62260e-b0a3-48de-92c5-5eaed4463dfb",
            "name": "z57"
          },
          "sensitive_attributes": []
        }
      ]
    },
    {
      "mode": "data",
      "type": "genesyscloud_routing_skill",
      "name": "z58",
      "provider": "provider[\"registry.terraform.io/mypurecloud/genesyscloud\"]",
      "instances": [
        {
          "schema_version": 0,
          "attributes": {
            "id": "3df41770-bd91-4933-8890-9d3cc33c1036",
            "name": "z58"
          },
          "sensitive_attributes": []
        }
      ]
    },
    {
      "mode": "data",
      "type": "genesyscloud_routing_skill",
      "name": "z59",
      "provider": "provider[\"registry.terraform.io/mypurecloud/genesyscloud\"]",
      "instances": [
        {
          "schema_version": 0,
          "attributes": {
            "id": "d3c6acf9-5340-4375-937d-78f629d9524c",
            "name": "z59"
          },
          "sensitive_attributes": []
        }
      ]
    },
    {
      "mode": "data",
      "type": "genesyscloud_routing_skill",
      "name": "z6",
      "provider": "provider[\"registry.terraform.io/mypurecloud/genesyscloud\"]",
      "instances": [
        {
          "schema_version": 0,
          "attributes": {
            "id": "63fecb3d-fcb9-4765-99b2-c94a1307b670",
            "name": "z06"
          },
          "sensitive_attributes": []
        }
      ]
    },
    {
      "mode": "data",
      "type": "genesyscloud_routing_skill",
      "name": "z60",
      "provider": "provider[\"registry.terraform.io/mypurecloud/genesyscloud\"]",
      "instances": [
        {
          "schema_version": 0,
          "attributes": {
            "id": "ac38c09d-f3ba-47b9-9757-08b3f0fecad7",
            "name": "z60"
          },
          "sensitive_attributes": []
        }
      ]
    },
    {
      "mode": "data",
      "type": "genesyscloud_routing_skill",
      "name": "z61",
      "provider": "provider[\"registry.terraform.io/mypurecloud/genesyscloud\"]",
      "instances": [
        {
          "schema_version": 0,
          "attributes": {
            "id": "ae822cfb-8bf0-45be-bca9-568a62797bda",
            "name": "z61"
          },
          "sensitive_attributes": []
        }
      ]
    },
    {
      "mode": "data",
      "type": "genesyscloud_routing_skill",
      "name": "z62",
      "provider": "provider[\"registry.terraform.io/mypurecloud/genesyscloud\"]",
      "instances": [
        {
          "schema_version": 0,
          "attributes": {
            "id": "093ad350-a9f4-4606-901c-5b809602f0c9",
            "name": "z62"
          },
          "sensitive_attributes": []
        }
      ]
    },
    {
      "mode": "data",
      "type": "genesyscloud_routing_skill",
      "name": "z63",
      "provider": "provider[\"registry.terraform.io/mypurecloud/genesyscloud\"]",
      "instances": [
        {
          "schema_version": 0,
          "attributes": {
            "id": "cf13f62a-2b43-4dc4-993f-d2e5aadee964",
            "name": "z63"
          },
          "sensitive_attributes": []
        }
      ]
    },
    {
      "mode": "data",
      "type": "genesyscloud_routing_skill",
      "name": "z64",
      "provider": "provider[\"registry.terraform.io/mypurecloud/genesyscloud\"]",
      "instances": [
        {
          "schema_version": 0,
          "attributes": {
            "id": "65020080-7085-4890-9918-7e38288cc1d6",
            "name": "z64"
          },
          "sensitive_attributes": []
        }
      ]
    },
    {
      "mode": "data",
      "type": "genesyscloud_routing_skill",
      "name": "z65",
      "provider": "provider[\"registry.terraform.io/mypurecloud/genesyscloud\"]",
      "instances": [
        {
          "schema_version": 0,
          "attributes": {
            "id": "50420ddf-a631-4658-adcd-418c1ad824b3",
            "name": "z65"
          },
          "sensitive_attributes": []
        }
      ]
    },
    {
      "mode": "data",
      "type": "genesyscloud_routing_skill",
      "name": "z66",
      "provider": "provider[\"registry.terraform.io/mypurecloud/genesyscloud\"]",
      "instances": [
        {
          "schema_version": 0,
          "attributes": {
            "id": "f9ce9896-bb5c-4e3b-9b28-f29108e55957",
            "name": "z66"
          },
          "sensitive_attributes": []
        }
      ]
    },
    {
      "mode": "data",
      "type": "genesyscloud_routing_skill",
      "name": "z67",
      "provider": "provider[\"registry.terraform.io/mypurecloud/genesyscloud\"]",
      "instances": [
        {
          "schema_version": 0,
          "attributes": {
            "id": "b2b553b0-3ca3-4ce8-ae1b-f5d8f117e6fc",
            "name": "z67"
          },
          "sensitive_attributes": []
        }
      ]
    },
    {
      "mode": "data",
      "type": "genesyscloud_routing_skill",
      "name": "z68",
      "provider": "provider[\"registry.terraform.io/mypurecloud/genesyscloud\"]",
      "instances": [
        {
          "schema_version": 0,
          "attributes": {
            "id": "49ff0a2a-e3f0-46e4-9511-91d50a36982e",
            "name": "z68"
          },
          "sensitive_attributes": []
        }
      ]
    },
    {
      "mode": "data",
      "type": "genesyscloud_routing_skill",
      "name": "z69",
      "provider": "provider[\"registry.terraform.io/mypurecloud/genesyscloud\"]",
      "instances": [
        {
          "schema_version": 0,
          "attributes": {
            "id": "54ad549f-2d37-4c65-914a-94f52593ab8d",
            "name": "z69"
          },
          "sensitive_attributes": []
        }
      ]
    },
    {
      "mode": "data",
      "type": "genesyscloud_routing_skill",
      "name": "z7",
      "provider": "provider[\"registry.terraform.io/mypurecloud/genesyscloud\"]",
      "instances": [
        {
          "schema_version": 0,
          "attributes": {
            "id": "2a915990-b7c8-4f78-b5f1-de48a9b0ae1c",
            "name": "z07"
          },
          "sensitive_attributes": []
        }
      ]
    },
    {
      "mode": "data",
      "type": "genesyscloud_routing_skill",
      "name": "z70",
      "provider": "provider[\"registry.terraform.io/mypurecloud/genesyscloud\"]",
      "instances": [
        {
          "schema_version": 0,
          "attributes": {
            "id": "4ef2f0a2-9e81-4f00-b4e9-a5a9f73e0d47",
            "name": "z70"
          },
          "sensitive_attributes": []
        }
      ]
    },
    {
      "mode": "data",
      "type": "genesyscloud_routing_skill",
      "name": "z71",
      "provider": "provider[\"registry.terraform.io/mypurecloud/genesyscloud\"]",
      "instances": [
        {
          "schema_version": 0,
          "attributes": {
            "id": "3e724d89-678a-4fbe-9639-a6d0ad72ddbd",
            "name": "z71"
          },
          "sensitive_attributes": []
        }
      ]
    },
    {
      "mode": "data",
      "type": "genesyscloud_routing_skill",
      "name": "z72",
      "provider": "provider[\"registry.terraform.io/mypurecloud/genesyscloud\"]",
      "instances": [
        {
          "schema_version": 0,
          "attributes": {
            "id": "eaddd72b-e108-416e-b4ab-3e34cdaf1566",
            "name": "z72"
          },
          "sensitive_attributes": []
        }
      ]
    },
    {
      "mode": "data",
      "type": "genesyscloud_routing_skill",
      "name": "z73",
      "provider": "provider[\"registry.terraform.io/mypurecloud/genesyscloud\"]",
      "instances": [
        {
          "schema_version": 0,
          "attributes": {
            "id": "43ed2229-ea55-44e2-b961-31c66e080edf",
            "name": "z73"
          },
          "sensitive_attributes": []
        }
      ]
    },
    {
      "mode": "data",
      "type": "genesyscloud_routing_skill",
      "name": "z74",
      "provider": "provider[\"registry.terraform.io/mypurecloud/genesyscloud\"]",
      "instances": [
        {
          "schema_version": 0,
          "attributes": {
            "id": "e0e5abfd-e67c-4e25-8381-d5515cbb92cd",
            "name": "z74"
          },
          "sensitive_attributes": []
        }
      ]
    },
    {
      "mode": "data",
      "type": "genesyscloud_routing_skill",
      "name": "z75",
      "provider": "provider[\"registry.terraform.io/mypurecloud/genesyscloud\"]",
      "instances": [
        {
          "schema_version": 0,
          "attributes": {
            "id": "134ae21c-4b56-4be9-a819-ca5bf3c7064a",
            "name": "z75"
          },
          "sensitive_attributes": []
        }
      ]
    },
    {
      "mode": "data",
      "type": "genesyscloud_routing_skill",
      "name": "z76",
      "provider": "provider[\"registry.terraform.io/mypurecloud/genesyscloud\"]",
      "instances": [
        {
          "schema_version": 0,
          "attributes": {
            "id": "4ce40d6c-7dd0-4b14-ad3e-52913542e591",
            "name": "z76"
          },
          "sensitive_attributes": []
        }
      ]
    },
    {
      "mode": "data",
      "type": "genesyscloud_routing_skill",
      "name": "z77",
      "provider": "provider[\"registry.terraform.io/mypurecloud/genesyscloud\"]",
      "instances": [
        {
          "schema_version": 0,
          "attributes": {
            "id": "718076c5-fce0-41b7-bc80-0e20fea972b7",
            "name": "z77"
          },
          "sensitive_attributes": []
        }
      ]
    },
    {
      "mode": "data",
      "type": "genesyscloud_routing_skill",
      "name": "z78",
      "provider": "provider[\"registry.terraform.io/mypurecloud/genesyscloud\"]",
      "instances": [
        {
          "schema_version": 0,
          "attributes": {
            "id": "e31156a2-56c9-48c2-97a8-f4ff83098b65",
            "name": "z78"
          },
          "sensitive_attributes": []
        }
      ]
    },
    {
      "mode": "data",
      "type": "genesyscloud_routing_skill",
      "name": "z79",
      "provider": "provider[\"registry.terraform.io/mypurecloud/genesyscloud\"]",
      "instances": [
        {
          "schema_version": 0,
          "attributes": {
            "id": "3e4e9bd3-f1a3-4d93-9c9d-d9c20401aed1",
            "name": "z79"
          },
          "sensitive_attributes": []
        }
      ]
    },
    {
      "mode": "data",
      "type": "genesyscloud_routing_skill",
      "name": "z8",
      "provider": "provider[\"registry.terraform.io/mypurecloud/genesyscloud\"]",
      "instances": [
        {
          "schema_version": 0,
          "attributes": {
            "id": "721eaba0-a6dc-4575-8acf-5395ea9dfc2d",
            "name": "z08"
          },
          "sensitive_attributes": []
        }
      ]
    },
    {
      "mode": "data",
      "type": "genesyscloud_routing_skill",
      "name": "z80",
      "provider": "provider[\"registry.terraform.io/mypurecloud/genesyscloud\"]",
      "instances": [
        {
          "schema_version": 0,
          "attributes": {
            "id": "e487a3be-91ab-416f-b45c-4fb5036232aa",
            "name": "z80"
          },
          "sensitive_attributes": []
        }
      ]
    },
    {
      "mode": "data",
      "type": "genesyscloud_routing_skill",
      "name": "z9",
      "provider": "provider[\"registry.terraform.io/mypurecloud/genesyscloud\"]",
      "instances": [
        {
          "schema_version": 0,
          "attributes": {
            "id": "b52f050c-4bff-494f-a9c5-0ab4c16e3db1",
            "name": "z09"
          },
          "sensitive_attributes": []
        }
      ]
    },
    {
      "mode": "managed",
      "type": "genesyscloud_routing_queue",
      "name": "zCCAI_Queue",
      "provider": "provider[\"registry.terraform.io/mypurecloud/genesyscloud\"]",
      "instances": [
        {
          "schema_version": 1,
          "attributes": {
            "acw_timeout_ms": 0,
            "acw_wrapup_prompt": "MANDATORY_TIMEOUT",
            "auto_answer_only": true,
            "bullseye_rings": [],
            "calling_party_name": "",
            "calling_party_number": "",
            "default_script_ids": null,
            "description": "",
            "division_id": "f2777e89-ef43-44f2-a570-e883729854ea",
            "enable_manual_assignment": false,
            "enable_transcription": false,
            "id": "e0eeca73-fc7e-43cc-a49e-0b0c9b4c8bcf",
            "media_settings_call": [
              {
                "alerting_timeout_sec": 8,
                "service_level_duration_ms": 20000,
                "service_level_percentage": 0.8
              }
            ],
            "media_settings_callback": [
              {
                "alerting_timeout_sec": 30,
                "service_level_duration_ms": 20000,
                "service_level_percentage": 0.8
              }
            ],
            "media_settings_chat": [
              {
                "alerting_timeout_sec": 30,
                "service_level_duration_ms": 20000,
                "service_level_percentage": 0.8
              }
            ],
            "media_settings_email": [
              {
                "alerting_timeout_sec": 300,
                "service_level_duration_ms": 86400000,
                "service_level_percentage": 0.8
              }
            ],
            "media_settings_message": [
              {
                "alerting_timeout_sec": 30,
                "service_level_duration_ms": 20000,
                "service_level_percentage": 0.8
              }
            ],
            "media_settings_social": [],
            "media_settings_video": [
              {
                "alerting_timeout_sec": 8,
                "service_level_duration_ms": 20000,
                "service_level_percentage": 0.8
              }
            ],
            "members": [
              {
                "ring_num": 1,
                "user_id": "00bf2236-e5ad-419a-a7b4-10f55ee97c06"
              },
              {
                "ring_num": 1,
                "user_id": "01a514bb-c30c-4f71-bd9f-4e3dcf361d29"
              },
              {
                "ring_num": 1,
                "user_id": "029ed269-b83c-4d04-ac3d-9e2be20aeeaa"
              },
              {
                "ring_num": 1,
                "user_id": "0a62e36e-4fa8-42a0-9ed2-dce48b0a6128"
              },
              {
                "ring_num": 1,
                "user_id": "0e2b3d81-01b8-403c-a952-3506fff62399"
              },
              {
                "ring_num": 1,
                "user_id": "11056efb-1308-44e5-bb57-6e35ac136143"
              },
              {
                "ring_num": 1,
                "user_id": "15e72bfe-a55f-448e-9929-ec58508d5372"
              },
              {
                "ring_num": 1,
                "user_id": "164e6f62-6777-4933-b513-b656598e10e4"
              },
              {
                "ring_num": 1,
                "user_id": "1e663518-0cdb-42a1-a208-bf210ea369ee"
              },
              {
                "ring_num": 1,
                "user_id": "1ea4a699-a03f-4ca1-8f55-df8b50e8be88"
              },
              {
                "ring_num": 1,
                "user_id": "21565db1-b18a-44d3-873e-39515062ab80"
              },
              {
                "ring_num": 1,
                "user_id": "28991cf2-21c5-4fb8-89aa-33f7bcd24b6a"
              },
              {
                "ring_num": 1,
                "user_id": "28cdb6f1-d08b-4d57-b9c2-00294b4a8368"
              },
              {
                "ring_num": 1,
                "user_id": "2d20e6b3-677d-4ccd-951e-eca828a28ac8"
              },
              {
                "ring_num": 1,
                "user_id": "2da32470-16a0-4286-932e-29a313bfd6e9"
              },
              {
                "ring_num": 1,
                "user_id": "2fe57d3a-5937-4438-b19c-5d6392890a15"
              },
              {
                "ring_num": 1,
                "user_id": "312ee3a6-2f52-483c-85fd-be682da6b4f8"
              },
              {
                "ring_num": 1,
                "user_id": "35685080-4a68-4bcf-8706-d97ff31a222b"
              },
              {
                "ring_num": 1,
                "user_id": "3597692c-f64e-4b2e-8fc8-1e63953063d3"
              },
              {
                "ring_num": 1,
                "user_id": "36c3814f-ba18-436f-a908-2852dc041e30"
              },
              {
                "ring_num": 1,
                "user_id": "42443e2c-c30f-4ff4-89e1-2e510bf90025"
              },
              {
                "ring_num": 1,
                "user_id": "4a47011e-8ec7-4a9a-a5cb-36601151d3c8"
              },
              {
                "ring_num": 1,
                "user_id": "4a93fd8f-d0d6-43e2-bf4d-0b99b7b6d0e5"
              },
              {
                "ring_num": 1,
                "user_id": "4bbcdf31-f404-4247-8a7b-a56a2411351a"
              },
              {
                "ring_num": 1,
                "user_id": "4be80e1b-1f6d-47f8-a31b-2fb0692017e3"
              },
              {
                "ring_num": 1,
                "user_id": "4e62b9ac-3dcf-4c16-b971-edbedec0b194"
              },
              {
                "ring_num": 1,
                "user_id": "4ff57217-a9d7-467d-82e9-85aebaac06b2"
              },
              {
                "ring_num": 1,
                "user_id": "52cd451a-0289-4a2b-882c-f8c4c168ad4c"
              },
              {
                "ring_num": 1,
                "user_id": "54773443-7ab6-4db8-9971-df7f086451bf"
              },
              {
                "ring_num": 1,
                "user_id": "5970f465-a060-433e-8cee-6fefaeea3a37"
              },
              {
                "ring_num": 1,
                "user_id": "59a77456-3295-4017-a51b-a566b94c3f0b"
              },
              {
                "ring_num": 1,
                "user_id": "5b227ab4-90ec-441a-8216-79e195b654db"
              },
              {
                "ring_num": 1,
                "user_id": "5c8e2f0f-fa2f-4510-bfcc-90a759f506d5"
              },
              {
                "ring_num": 1,
                "user_id": "5f1899be-0c24-40cc-9e2a-9b1518897757"
              },
              {
                "ring_num": 1,
                "user_id": "6020a195-7938-44d3-958d-79df93dd16d9"
              },
              {
                "ring_num": 1,
                "user_id": "6387cefe-0592-4d95-a79f-8fcf62986590"
              },
              {
                "ring_num": 1,
                "user_id": "64301a71-946e-41d5-ae20-0b3bb37963bf"
              },
              {
                "ring_num": 1,
                "user_id": "64b28376-e6cd-4ae1-8a5d-5300c19c2a1a"
              },
              {
                "ring_num": 1,
                "user_id": "69810fd2-e45d-4444-82ff-0a566fe8e3d3"
              },
              {
                "ring_num": 1,
                "user_id": "69dff4aa-48cb-45ed-b2f4-9bd205c4f65d"
              },
              {
                "ring_num": 1,
                "user_id": "76d3fd11-c313-4cb3-a5f7-451bbc5831f8"
              },
              {
                "ring_num": 1,
                "user_id": "7b3ea461-e189-499f-880a-8eada1c3c3e4"
              },
              {
                "ring_num": 1,
                "user_id": "829185aa-7328-4ef0-ab58-6db08e28415c"
              },
              {
                "ring_num": 1,
                "user_id": "8440ad44-3bb2-42fc-a9fe-be5c478f5c20"
              },
              {
                "ring_num": 1,
                "user_id": "87522443-9569-41fd-983c-bbf239f06d37"
              },
              {
                "ring_num": 1,
                "user_id": "8ecc9357-4d82-41df-acb2-d1a249518357"
              },
              {
                "ring_num": 1,
                "user_id": "91c68008-74f2-40c8-9f1a-a605039cf6e0"
              },
              {
                "ring_num": 1,
                "user_id": "9202bce2-8f83-44a2-8de9-e7b332f9cf87"
              },
              {
                "ring_num": 1,
                "user_id": "926125a0-299f-4169-9ab7-4cb3eb97a358"
              },
              {
                "ring_num": 1,
                "user_id": "930c2f3e-16da-4d8e-b066-8dec6ea4b636"
              },
              {
                "ring_num": 1,
                "user_id": "96d0ddad-26e6-4ea7-b5a8-cdd85c34b6b4"
              },
              {
                "ring_num": 1,
                "user_id": "9afe2833-fbf4-4b81-9733-e7aa8cfe1e1f"
              },
              {
                "ring_num": 1,
                "user_id": "9e89e1cd-ed11-4f84-890d-c81662f6a6da"
              },
              {
                "ring_num": 1,
                "user_id": "a1e4ab8c-b4bb-4b64-a68a-a2d6f8556e6f"
              },
              {
                "ring_num": 1,
                "user_id": "aa624ffd-efbd-4f09-afd0-0ed05c849430"
              },
              {
                "ring_num": 1,
                "user_id": "aba483a3-1efb-4c41-80fb-f4c67339f8e6"
              },
              {
                "ring_num": 1,
                "user_id": "ac1d82a9-1cb9-4209-ada0-a4af6685142d"
              },
              {
                "ring_num": 1,
                "user_id": "ae48fe91-0bd8-431a-894c-094c75be8226"
              },
              {
                "ring_num": 1,
                "user_id": "b697f2d4-de71-485e-8cc6-fe51eb34f00a"
              },
              {
                "ring_num": 1,
                "user_id": "b7659cbb-9d83-44bd-86cc-bee9ae9653c0"
              },
              {
                "ring_num": 1,
                "user_id": "c1e7359e-695d-4867-8d7f-6d15136de39a"
              },
              {
                "ring_num": 1,
                "user_id": "c302123b-322c-4a8d-83fb-de0e40a64ee5"
              },
              {
                "ring_num": 1,
                "user_id": "c7307a92-19cf-4487-a53e-63d3cbe7ac2e"
              },
              {
                "ring_num": 1,
                "user_id": "cae4ff0a-89cf-4f0e-a5a7-3597cff9b133"
              },
              {
                "ring_num": 1,
                "user_id": "d03033bc-7a4e-45a9-ba3d-9cb840e34489"
              },
              {
                "ring_num": 1,
                "user_id": "d0b33e6e-171c-4ce0-9a23-a12e25e32972"
              },
              {
                "ring_num": 1,
                "user_id": "d32341f2-eca1-4ba1-967a-7fac703f7b36"
              },
              {
                "ring_num": 1,
                "user_id": "d9cee279-23bb-4b8d-ae45-b6c2cf9c59d8"
              },
              {
                "ring_num": 1,
                "user_id": "da614ab5-5ee5-41f6-96d5-3679e3feb969"
              },
              {
                "ring_num": 1,
                "user_id": "dadb2faf-944f-4bfc-be06-2dee8ffff1c8"
              },
              {
                "ring_num": 1,
                "user_id": "daf9802e-f959-4f53-bae7-db6a0e2ea137"
              },
              {
                "ring_num": 1,
                "user_id": "dc7d167c-df06-4666-8351-38c403cd24d4"
              },
              {
                "ring_num": 1,
                "user_id": "dd175de5-1c62-4fbf-ae89-c3dec1bdb317"
              },
              {
                "ring_num": 1,
                "user_id": "e3cd50d4-6be9-4525-8712-ee909d4fa11f"
              },
              {
                "ring_num": 1,
                "user_id": "e519eb2c-fc61-45c7-be02-4badf22534c0"
              },
              {
                "ring_num": 1,
                "user_id": "eb183618-38a5-4c8a-a79b-9ca3c96c6df2"
              },
              {
                "ring_num": 1,
                "user_id": "ebc58970-8dd1-4160-a632-4e442a1764e8"
              },
              {
                "ring_num": 1,
                "user_id": "f6038ea4-f7cd-475b-aa0e-fe911ac725c0"
              },
              {
                "ring_num": 1,
                "user_id": "fae96b1e-de47-45f6-ace8-aac554ca9e4e"
              },
              {
                "ring_num": 1,
                "user_id": "fb449095-c94d-4d18-9123-7a6d4c720770"
              }
            ],
            "name": "zCCAI Queue",
            "outbound_email_address": [],
            "outbound_messaging_sms_address_id": "",
            "queue_flow_id": "",
            "routing_rules": [],
            "skill_evaluation_method": "ALL",
            "whisper_prompt_id": "",
            "wrapup_codes": []
          },
          "sensitive_attributes": [],
          "private": "eyJzY2hlbWFfdmVyc2lvbiI6IjEifQ==",
          "dependencies": [
            "data.genesyscloud_routing_skill.z1",
            "data.genesyscloud_routing_skill.z10",
            "data.genesyscloud_routing_skill.z11",
            "data.genesyscloud_routing_skill.z12",
            "data.genesyscloud_routing_skill.z13",
            "data.genesyscloud_routing_skill.z14",
            "data.genesyscloud_routing_skill.z15",
            "data.genesyscloud_routing_skill.z16",
            "data.genesyscloud_routing_skill.z17",
            "data.genesyscloud_routing_skill.z18",
            "data.genesyscloud_routing_skill.z19",
            "data.genesyscloud_routing_skill.z2",
            "data.genesyscloud_routing_skill.z20",
            "data.genesyscloud_routing_skill.z21",
            "data.genesyscloud_routing_skill.z22",
            "data.genesyscloud_routing_skill.z23",
            "data.genesyscloud_routing_skill.z24",
            "data.genesyscloud_routing_skill.z25",
            "data.genesyscloud_routing_skill.z26",
            "data.genesyscloud_routing_skill.z27",
            "data.genesyscloud_routing_skill.z28",
            "data.genesyscloud_routing_skill.z29",
            "data.genesyscloud_routing_skill.z3",
            "data.genesyscloud_routing_skill.z30",
            "data.genesyscloud_routing_skill.z31",
            "data.genesyscloud_routing_skill.z32",
            "data.genesyscloud_routing_skill.z33",
            "data.genesyscloud_routing_skill.z34",
            "data.genesyscloud_routing_skill.z35",
            "data.genesyscloud_routing_skill.z36",
            "data.genesyscloud_routing_skill.z37",
            "data.genesyscloud_routing_skill.z38",
            "data.genesyscloud_routing_skill.z39",
            "data.genesyscloud_routing_skill.z4",
            "data.genesyscloud_routing_skill.z40",
            "data.genesyscloud_routing_skill.z41",
            "data.genesyscloud_routing_skill.z42",
            "data.genesyscloud_routing_skill.z43",
            "data.genesyscloud_routing_skill.z44",
            "data.genesyscloud_routing_skill.z45",
            "data.genesyscloud_routing_skill.z46",
            "data.genesyscloud_routing_skill.z47",
            "data.genesyscloud_routing_skill.z48",
            "data.genesyscloud_routing_skill.z49",
            "data.genesyscloud_routing_skill.z5",
            "data.genesyscloud_routing_skill.z50",
            "data.genesyscloud_routing_skill.z51",
            "data.genesyscloud_routing_skill.z52",
            "data.genesyscloud_routing_skill.z53",
            "data.genesyscloud_routing_skill.z54",
            "data.genesyscloud_routing_skill.z55",
            "data.genesyscloud_routing_skill.z56",
            "data.genesyscloud_routing_skill.z57",
            "data.genesyscloud_routing_skill.z58",
            "data.genesyscloud_routing_skill.z59",
            "data.genesyscloud_routing_skill.z6",
            "data.genesyscloud_routing_skill.z60",
            "data.genesyscloud_routing_skill.z61",
            "data.genesyscloud_routing_skill.z62",
            "data.genesyscloud_routing_skill.z63",
            "data.genesyscloud_routing_skill.z64",
            "data.genesyscloud_routing_skill.z65",
            "data.genesyscloud_routing_skill.z66",
            "data.genesyscloud_routing_skill.z67",
            "data.genesyscloud_routing_skill.z68",
            "data.genesyscloud_routing_skill.z69",
            "data.genesyscloud_routing_skill.z7",
            "data.genesyscloud_routing_skill.z70",
            "data.genesyscloud_routing_skill.z71",
            "data.genesyscloud_routing_skill.z72",
            "data.genesyscloud_routing_skill.z73",
            "data.genesyscloud_routing_skill.z74",
            "data.genesyscloud_routing_skill.z75",
            "data.genesyscloud_routing_skill.z76",
            "data.genesyscloud_routing_skill.z77",
            "data.genesyscloud_routing_skill.z78",
            "data.genesyscloud_routing_skill.z79",
            "data.genesyscloud_routing_skill.z8",
            "data.genesyscloud_routing_skill.z80",
            "data.genesyscloud_routing_skill.z9",
            "genesyscloud_user.Workshop_user1",
            "genesyscloud_user.Workshop_user10",
            "genesyscloud_user.Workshop_user11",
            "genesyscloud_user.Workshop_user12",
            "genesyscloud_user.Workshop_user13",
            "genesyscloud_user.Workshop_user14",
            "genesyscloud_user.Workshop_user15",
            "genesyscloud_user.Workshop_user16",
            "genesyscloud_user.Workshop_user17",
            "genesyscloud_user.Workshop_user18",
            "genesyscloud_user.Workshop_user19",
            "genesyscloud_user.Workshop_user2",
            "genesyscloud_user.Workshop_user20",
            "genesyscloud_user.Workshop_user21",
            "genesyscloud_user.Workshop_user22",
            "genesyscloud_user.Workshop_user23",
            "genesyscloud_user.Workshop_user24",
            "genesyscloud_user.Workshop_user25",
            "genesyscloud_user.Workshop_user26",
            "genesyscloud_user.Workshop_user27",
            "genesyscloud_user.Workshop_user28",
            "genesyscloud_user.Workshop_user29",
            "genesyscloud_user.Workshop_user3",
            "genesyscloud_user.Workshop_user30",
            "genesyscloud_user.Workshop_user31",
            "genesyscloud_user.Workshop_user32",
            "genesyscloud_user.Workshop_user33",
            "genesyscloud_user.Workshop_user34",
            "genesyscloud_user.Workshop_user35",
            "genesyscloud_user.Workshop_user36",
            "genesyscloud_user.Workshop_user37",
            "genesyscloud_user.Workshop_user38",
            "genesyscloud_user.Workshop_user39",
            "genesyscloud_user.Workshop_user4",
            "genesyscloud_user.Workshop_user40",
            "genesyscloud_user.Workshop_user41",
            "genesyscloud_user.Workshop_user42",
            "genesyscloud_user.Workshop_user43",
            "genesyscloud_user.Workshop_user44",
            "genesyscloud_user.Workshop_user45",
            "genesyscloud_user.Workshop_user46",
            "genesyscloud_user.Workshop_user47",
            "genesyscloud_user.Workshop_user48",
            "genesyscloud_user.Workshop_user49",
            "genesyscloud_user.Workshop_user5",
            "genesyscloud_user.Workshop_user50",
            "genesyscloud_user.Workshop_user51",
            "genesyscloud_user.Workshop_user52",
            "genesyscloud_user.Workshop_user53",
            "genesyscloud_user.Workshop_user54",
            "genesyscloud_user.Workshop_user55",
            "genesyscloud_user.Workshop_user56",
            "genesyscloud_user.Workshop_user57",
            "genesyscloud_user.Workshop_user58",
            "genesyscloud_user.Workshop_user59",
            "genesyscloud_user.Workshop_user6",
            "genesyscloud_user.Workshop_user60",
            "genesyscloud_user.Workshop_user61",
            "genesyscloud_user.Workshop_user62",
            "genesyscloud_user.Workshop_user63",
            "genesyscloud_user.Workshop_user64",
            "genesyscloud_user.Workshop_user65",
            "genesyscloud_user.Workshop_user66",
            "genesyscloud_user.Workshop_user67",
            "genesyscloud_user.Workshop_user68",
            "genesyscloud_user.Workshop_user69",
            "genesyscloud_user.Workshop_user7",
            "genesyscloud_user.Workshop_user70",
            "genesyscloud_user.Workshop_user71",
            "genesyscloud_user.Workshop_user72",
            "genesyscloud_user.Workshop_user73",
            "genesyscloud_user.Workshop_user74",
            "genesyscloud_user.Workshop_user75",
            "genesyscloud_user.Workshop_user76",
            "genesyscloud_user.Workshop_user77",
            "genesyscloud_user.Workshop_user78",
            "genesyscloud_user.Workshop_user79",
            "genesyscloud_user.Workshop_user8",
            "genesyscloud_user.Workshop_user80",
            "genesyscloud_user.Workshop_user9"
          ]
        }
      ]
    },
    {
      "mode": "managed",
      "type": "genesyscloud_user",
      "name": "Workshop_user1",
      "provider": "provider[\"registry.terraform.io/mypurecloud/genesyscloud\"]",
      "instances": [
        {
          "schema_version": 1,
          "attributes": {
            "acd_auto_answer": false,
            "addresses": [],
            "certifications": [],
            "department": "",
            "division_id": "f2777e89-ef43-44f2-a570-e883729854ea",
            "email": "WShop01@genesystest.com",
            "employer_info": [],
            "id": "5c8e2f0f-fa2f-4510-bfcc-90a759f506d5",
            "locations": [],
            "manager": "",
            "name": "Workshop User 01",
            "password": "DC45workshop!",
            "profile_skills": [],
            "routing_languages": [],
            "routing_skills": [
              {
                "proficiency": 4.5,
                "skill_id": "533f548c-944a-4580-9963-268faac40d47"
              }
            ],
            "routing_utilization": [],
            "state": "active",
            "title": ""
          },
          "sensitive_attributes": [],
          "private": "eyJzY2hlbWFfdmVyc2lvbiI6IjEifQ==",
          "dependencies": [
            "data.genesyscloud_routing_skill.z1"
          ]
        }
      ]
    },
    {
      "mode": "managed",
      "type": "genesyscloud_user",
      "name": "Workshop_user10",
      "provider": "provider[\"registry.terraform.io/mypurecloud/genesyscloud\"]",
      "instances": [
        {
          "schema_version": 1,
          "attributes": {
            "acd_auto_answer": false,
            "addresses": [],
            "certifications": [],
            "department": "",
            "division_id": "f2777e89-ef43-44f2-a570-e883729854ea",
            "email": "WShop10@genesystest.com",
            "employer_info": [],
            "id": "4be80e1b-1f6d-47f8-a31b-2fb0692017e3",
            "locations": [],
            "manager": "",
            "name": "Workshop User 10",
            "password": "DC45workshop!",
            "profile_skills": [],
            "routing_languages": [],
            "routing_skills": [
              {
                "proficiency": 4.5,
                "skill_id": "ead3e567-ac0c-45c4-949b-2f6c6b00f732"
              }
            ],
            "routing_utilization": [],
            "state": "active",
            "title": ""
          },
          "sensitive_attributes": [],
          "private": "eyJzY2hlbWFfdmVyc2lvbiI6IjEifQ==",
          "dependencies": [
            "data.genesyscloud_routing_skill.z10"
          ]
        }
      ]
    },
    {
      "mode": "managed",
      "type": "genesyscloud_user",
      "name": "Workshop_user11",
      "provider": "provider[\"registry.terraform.io/mypurecloud/genesyscloud\"]",
      "instances": [
        {
          "schema_version": 1,
          "attributes": {
            "acd_auto_answer": false,
            "addresses": [],
            "certifications": [],
            "department": "",
            "division_id": "f2777e89-ef43-44f2-a570-e883729854ea",
            "email": "WShop11@genesystest.com",
            "employer_info": [],
            "id": "aba483a3-1efb-4c41-80fb-f4c67339f8e6",
            "locations": [],
            "manager": "",
            "name": "Workshop User 11",
            "password": "DC45workshop!",
            "profile_skills": [],
            "routing_languages": [],
            "routing_skills": [
              {
                "proficiency": 4.5,
                "skill_id": "7f3d8e01-352b-4317-9834-b767d72a8681"
              }
            ],
            "routing_utilization": [],
            "state": "active",
            "title": ""
          },
          "sensitive_attributes": [],
          "private": "eyJzY2hlbWFfdmVyc2lvbiI6IjEifQ==",
          "dependencies": [
            "data.genesyscloud_routing_skill.z11"
          ]
        }
      ]
    },
    {
      "mode": "managed",
      "type": "genesyscloud_user",
      "name": "Workshop_user12",
      "provider": "provider[\"registry.terraform.io/mypurecloud/genesyscloud\"]",
      "instances": [
        {
          "schema_version": 1,
          "attributes": {
            "acd_auto_answer": false,
            "addresses": [],
            "certifications": [],
            "department": "",
            "division_id": "f2777e89-ef43-44f2-a570-e883729854ea",
            "email": "WShop12@genesystest.com",
            "employer_info": [],
            "id": "fb449095-c94d-4d18-9123-7a6d4c720770",
            "locations": [],
            "manager": "",
            "name": "Workshop User 12",
            "password": "DC45workshop!",
            "profile_skills": [],
            "routing_languages": [],
            "routing_skills": [
              {
                "proficiency": 4.5,
                "skill_id": "e8c05f4b-bfd8-45e0-861f-8923c8bdee46"
              }
            ],
            "routing_utilization": [],
            "state": "active",
            "title": ""
          },
          "sensitive_attributes": [],
          "private": "eyJzY2hlbWFfdmVyc2lvbiI6IjEifQ==",
          "dependencies": [
            "data.genesyscloud_routing_skill.z12"
          ]
        }
      ]
    },
    {
      "mode": "managed",
      "type": "genesyscloud_user",
      "name": "Workshop_user13",
      "provider": "provider[\"registry.terraform.io/mypurecloud/genesyscloud\"]",
      "instances": [
        {
          "schema_version": 1,
          "attributes": {
            "acd_auto_answer": false,
            "addresses": [],
            "certifications": [],
            "department": "",
            "division_id": "f2777e89-ef43-44f2-a570-e883729854ea",
            "email": "WShop13@genesystest.com",
            "employer_info": [],
            "id": "a1e4ab8c-b4bb-4b64-a68a-a2d6f8556e6f",
            "locations": [],
            "manager": "",
            "name": "Workshop User 13",
            "password": "DC45workshop!",
            "profile_skills": [],
            "routing_languages": [],
            "routing_skills": [
              {
                "proficiency": 4.5,
                "skill_id": "8d450885-e20b-49ed-bb6c-2d9298a850c3"
              }
            ],
            "routing_utilization": [],
            "state": "active",
            "title": ""
          },
          "sensitive_attributes": [],
          "private": "eyJzY2hlbWFfdmVyc2lvbiI6IjEifQ==",
          "dependencies": [
            "data.genesyscloud_routing_skill.z13"
          ]
        }
      ]
    },
    {
      "mode": "managed",
      "type": "genesyscloud_user",
      "name": "Workshop_user14",
      "provider": "provider[\"registry.terraform.io/mypurecloud/genesyscloud\"]",
      "instances": [
        {
          "schema_version": 1,
          "attributes": {
            "acd_auto_answer": false,
            "addresses": [],
            "certifications": [],
            "department": "",
            "division_id": "f2777e89-ef43-44f2-a570-e883729854ea",
            "email": "WShop14@genesystest.com",
            "employer_info": [],
            "id": "daf9802e-f959-4f53-bae7-db6a0e2ea137",
            "locations": [],
            "manager": "",
            "name": "Workshop User 14",
            "password": "DC45workshop!",
            "profile_skills": [],
            "routing_languages": [],
            "routing_skills": [
              {
                "proficiency": 4.5,
                "skill_id": "d1fc8f5b-bae5-4199-83f2-69c40db63ecb"
              }
            ],
            "routing_utilization": [],
            "state": "active",
            "title": ""
          },
          "sensitive_attributes": [],
          "private": "eyJzY2hlbWFfdmVyc2lvbiI6IjEifQ==",
          "dependencies": [
            "data.genesyscloud_routing_skill.z14"
          ]
        }
      ]
    },
    {
      "mode": "managed",
      "type": "genesyscloud_user",
      "name": "Workshop_user15",
      "provider": "provider[\"registry.terraform.io/mypurecloud/genesyscloud\"]",
      "instances": [
        {
          "schema_version": 1,
          "attributes": {
            "acd_auto_answer": false,
            "addresses": [],
            "certifications": [],
            "department": "",
            "division_id": "f2777e89-ef43-44f2-a570-e883729854ea",
            "email": "WShop15@genesystest.com",
            "employer_info": [],
            "id": "1ea4a699-a03f-4ca1-8f55-df8b50e8be88",
            "locations": [],
            "manager": "",
            "name": "Workshop User 15",
            "password": "DC45workshop!",
            "profile_skills": [],
            "routing_languages": [],
            "routing_skills": [
              {
                "proficiency": 4.5,
                "skill_id": "b758615d-cd05-4172-8eea-8524c8c243d8"
              }
            ],
            "routing_utilization": [],
            "state": "active",
            "title": ""
          },
          "sensitive_attributes": [],
          "private": "eyJzY2hlbWFfdmVyc2lvbiI6IjEifQ==",
          "dependencies": [
            "data.genesyscloud_routing_skill.z15"
          ]
        }
      ]
    },
    {
      "mode": "managed",
      "type": "genesyscloud_user",
      "name": "Workshop_user16",
      "provider": "provider[\"registry.terraform.io/mypurecloud/genesyscloud\"]",
      "instances": [
        {
          "schema_version": 1,
          "attributes": {
            "acd_auto_answer": false,
            "addresses": [],
            "certifications": [],
            "department": "",
            "division_id": "f2777e89-ef43-44f2-a570-e883729854ea",
            "email": "WShop16@genesystest.com",
            "employer_info": [],
            "id": "11056efb-1308-44e5-bb57-6e35ac136143",
            "locations": [],
            "manager": "",
            "name": "Workshop User 16",
            "password": "DC45workshop!",
            "profile_skills": [],
            "routing_languages": [],
            "routing_skills": [
              {
                "proficiency": 4.5,
                "skill_id": "4b66a904-9f82-45ff-9c97-da4b0267b532"
              }
            ],
            "routing_utilization": [],
            "state": "active",
            "title": ""
          },
          "sensitive_attributes": [],
          "private": "eyJzY2hlbWFfdmVyc2lvbiI6IjEifQ==",
          "dependencies": [
            "data.genesyscloud_routing_skill.z16"
          ]
        }
      ]
    },
    {
      "mode": "managed",
      "type": "genesyscloud_user",
      "name": "Workshop_user17",
      "provider": "provider[\"registry.terraform.io/mypurecloud/genesyscloud\"]",
      "instances": [
        {
          "schema_version": 1,
          "attributes": {
            "acd_auto_answer": false,
            "addresses": [],
            "certifications": [],
            "department": "",
            "division_id": "f2777e89-ef43-44f2-a570-e883729854ea",
            "email": "WShop17@genesystest.com",
            "employer_info": [],
            "id": "2d20e6b3-677d-4ccd-951e-eca828a28ac8",
            "locations": [],
            "manager": "",
            "name": "Workshop User 17",
            "password": "DC45workshop!",
            "profile_skills": [],
            "routing_languages": [],
            "routing_skills": [
              {
                "proficiency": 4.5,
                "skill_id": "4dc1d324-eca1-4c87-9a6e-7923cc24a288"
              }
            ],
            "routing_utilization": [],
            "state": "active",
            "title": ""
          },
          "sensitive_attributes": [],
          "private": "eyJzY2hlbWFfdmVyc2lvbiI6IjEifQ==",
          "dependencies": [
            "data.genesyscloud_routing_skill.z17"
          ]
        }
      ]
    },
    {
      "mode": "managed",
      "type": "genesyscloud_user",
      "name": "Workshop_user18",
      "provider": "provider[\"registry.terraform.io/mypurecloud/genesyscloud\"]",
      "instances": [
        {
          "schema_version": 1,
          "attributes": {
            "acd_auto_answer": false,
            "addresses": [],
            "certifications": [],
            "department": "",
            "division_id": "f2777e89-ef43-44f2-a570-e883729854ea",
            "email": "WShop18@genesystest.com",
            "employer_info": [],
            "id": "9e89e1cd-ed11-4f84-890d-c81662f6a6da",
            "locations": [],
            "manager": "",
            "name": "Workshop User 18",
            "password": "DC45workshop!",
            "profile_skills": [],
            "routing_languages": [],
            "routing_skills": [
              {
                "proficiency": 4.5,
                "skill_id": "dc91d674-49d0-4ed9-8b97-3e801c73b2b2"
              }
            ],
            "routing_utilization": [],
            "state": "active",
            "title": ""
          },
          "sensitive_attributes": [],
          "private": "eyJzY2hlbWFfdmVyc2lvbiI6IjEifQ==",
          "dependencies": [
            "data.genesyscloud_routing_skill.z18"
          ]
        }
      ]
    },
    {
      "mode": "managed",
      "type": "genesyscloud_user",
      "name": "Workshop_user19",
      "provider": "provider[\"registry.terraform.io/mypurecloud/genesyscloud\"]",
      "instances": [
        {
          "schema_version": 1,
          "attributes": {
            "acd_auto_answer": false,
            "addresses": [],
            "certifications": [],
            "department": "",
            "division_id": "f2777e89-ef43-44f2-a570-e883729854ea",
            "email": "WShop19@genesystest.com",
            "employer_info": [],
            "id": "829185aa-7328-4ef0-ab58-6db08e28415c",
            "locations": [],
            "manager": "",
            "name": "Workshop User 19",
            "password": "DC45workshop!",
            "profile_skills": [],
            "routing_languages": [],
            "routing_skills": [
              {
                "proficiency": 4.5,
                "skill_id": "91c1a2b8-8e1a-4dc5-843d-ad897170a5d6"
              }
            ],
            "routing_utilization": [],
            "state": "active",
            "title": ""
          },
          "sensitive_attributes": [],
          "private": "eyJzY2hlbWFfdmVyc2lvbiI6IjEifQ==",
          "dependencies": [
            "data.genesyscloud_routing_skill.z19"
          ]
        }
      ]
    },
    {
      "mode": "managed",
      "type": "genesyscloud_user",
      "name": "Workshop_user2",
      "provider": "provider[\"registry.terraform.io/mypurecloud/genesyscloud\"]",
      "instances": [
        {
          "schema_version": 1,
          "attributes": {
            "acd_auto_answer": false,
            "addresses": [],
            "certifications": [],
            "department": "",
            "division_id": "f2777e89-ef43-44f2-a570-e883729854ea",
            "email": "WShop02@genesystest.com",
            "employer_info": [],
            "id": "164e6f62-6777-4933-b513-b656598e10e4",
            "locations": [],
            "manager": "",
            "name": "Workshop User 02",
            "password": "DC45workshop!",
            "profile_skills": [],
            "routing_languages": [],
            "routing_skills": [
              {
                "proficiency": 4.5,
                "skill_id": "e8bc4182-8f9d-445e-9e7b-5f1076e1b6af"
              }
            ],
            "routing_utilization": [],
            "state": "active",
            "title": ""
          },
          "sensitive_attributes": [],
          "private": "eyJzY2hlbWFfdmVyc2lvbiI6IjEifQ==",
          "dependencies": [
            "data.genesyscloud_routing_skill.z2"
          ]
        }
      ]
    },
    {
      "mode": "managed",
      "type": "genesyscloud_user",
      "name": "Workshop_user20",
      "provider": "provider[\"registry.terraform.io/mypurecloud/genesyscloud\"]",
      "instances": [
        {
          "schema_version": 1,
          "attributes": {
            "acd_auto_answer": false,
            "addresses": [],
            "certifications": [],
            "department": "",
            "division_id": "f2777e89-ef43-44f2-a570-e883729854ea",
            "email": "WShop20@genesystest.com",
            "employer_info": [],
            "id": "76d3fd11-c313-4cb3-a5f7-451bbc5831f8",
            "locations": [],
            "manager": "",
            "name": "Workshop User 20",
            "password": "DC45workshop!",
            "profile_skills": [],
            "routing_languages": [],
            "routing_skills": [
              {
                "proficiency": 4.5,
                "skill_id": "2d0ec185-f0dd-433c-a413-979de846ee54"
              }
            ],
            "routing_utilization": [],
            "state": "active",
            "title": ""
          },
          "sensitive_attributes": [],
          "private": "eyJzY2hlbWFfdmVyc2lvbiI6IjEifQ==",
          "dependencies": [
            "data.genesyscloud_routing_skill.z20"
          ]
        }
      ]
    },
    {
      "mode": "managed",
      "type": "genesyscloud_user",
      "name": "Workshop_user21",
      "provider": "provider[\"registry.terraform.io/mypurecloud/genesyscloud\"]",
      "instances": [
        {
          "schema_version": 1,
          "attributes": {
            "acd_auto_answer": false,
            "addresses": [],
            "certifications": [],
            "department": "",
            "division_id": "f2777e89-ef43-44f2-a570-e883729854ea",
            "email": "WShop21@genesystest.com",
            "employer_info": [],
            "id": "ae48fe91-0bd8-431a-894c-094c75be8226",
            "locations": [],
            "manager": "",
            "name": "Workshop User 21",
            "password": "DC45workshop!",
            "profile_skills": [],
            "routing_languages": [],
            "routing_skills": [
              {
                "proficiency": 4.5,
                "skill_id": "0dbde71f-5897-41e1-a662-7271e22e965d"
              }
            ],
            "routing_utilization": [],
            "state": "active",
            "title": ""
          },
          "sensitive_attributes": [],
          "private": "eyJzY2hlbWFfdmVyc2lvbiI6IjEifQ==",
          "dependencies": [
            "data.genesyscloud_routing_skill.z21"
          ]
        }
      ]
    },
    {
      "mode": "managed",
      "type": "genesyscloud_user",
      "name": "Workshop_user22",
      "provider": "provider[\"registry.terraform.io/mypurecloud/genesyscloud\"]",
      "instances": [
        {
          "schema_version": 1,
          "attributes": {
            "acd_auto_answer": false,
            "addresses": [],
            "certifications": [],
            "department": "",
            "division_id": "f2777e89-ef43-44f2-a570-e883729854ea",
            "email": "WShop22@genesystest.com",
            "employer_info": [],
            "id": "d03033bc-7a4e-45a9-ba3d-9cb840e34489",
            "locations": [],
            "manager": "",
            "name": "Workshop User 22",
            "password": "DC45workshop!",
            "profile_skills": [],
            "routing_languages": [],
            "routing_skills": [
              {
                "proficiency": 4.5,
                "skill_id": "b5f377ab-f173-440d-b8a8-36a3568a2f67"
              }
            ],
            "routing_utilization": [],
            "state": "active",
            "title": ""
          },
          "sensitive_attributes": [],
          "private": "eyJzY2hlbWFfdmVyc2lvbiI6IjEifQ==",
          "dependencies": [
            "data.genesyscloud_routing_skill.z22"
          ]
        }
      ]
    },
    {
      "mode": "managed",
      "type": "genesyscloud_user",
      "name": "Workshop_user23",
      "provider": "provider[\"registry.terraform.io/mypurecloud/genesyscloud\"]",
      "instances": [
        {
          "schema_version": 1,
          "attributes": {
            "acd_auto_answer": false,
            "addresses": [],
            "certifications": [],
            "department": "",
            "division_id": "f2777e89-ef43-44f2-a570-e883729854ea",
            "email": "WShop23@genesystest.com",
            "employer_info": [],
            "id": "dc7d167c-df06-4666-8351-38c403cd24d4",
            "locations": [],
            "manager": "",
            "name": "Workshop User 23",
            "password": "DC45workshop!",
            "profile_skills": [],
            "routing_languages": [],
            "routing_skills": [
              {
                "proficiency": 4.5,
                "skill_id": "8d6aa33b-6113-442f-9fa7-8bc2525c518d"
              }
            ],
            "routing_utilization": [],
            "state": "active",
            "title": ""
          },
          "sensitive_attributes": [],
          "private": "eyJzY2hlbWFfdmVyc2lvbiI6IjEifQ==",
          "dependencies": [
            "data.genesyscloud_routing_skill.z23"
          ]
        }
      ]
    },
    {
      "mode": "managed",
      "type": "genesyscloud_user",
      "name": "Workshop_user24",
      "provider": "provider[\"registry.terraform.io/mypurecloud/genesyscloud\"]",
      "instances": [
        {
          "schema_version": 1,
          "attributes": {
            "acd_auto_answer": false,
            "addresses": [],
            "certifications": [],
            "department": "",
            "division_id": "f2777e89-ef43-44f2-a570-e883729854ea",
            "email": "WShop24@genesystest.com",
            "employer_info": [],
            "id": "4ff57217-a9d7-467d-82e9-85aebaac06b2",
            "locations": [],
            "manager": "",
            "name": "Workshop User 24",
            "password": "DC45workshop!",
            "profile_skills": [],
            "routing_languages": [],
            "routing_skills": [
              {
                "proficiency": 4.5,
                "skill_id": "15b735b6-80e0-4dbf-9e11-e2e8fd3a0e0e"
              }
            ],
            "routing_utilization": [],
            "state": "active",
            "title": ""
          },
          "sensitive_attributes": [],
          "private": "eyJzY2hlbWFfdmVyc2lvbiI6IjEifQ==",
          "dependencies": [
            "data.genesyscloud_routing_skill.z24"
          ]
        }
      ]
    },
    {
      "mode": "managed",
      "type": "genesyscloud_user",
      "name": "Workshop_user25",
      "provider": "provider[\"registry.terraform.io/mypurecloud/genesyscloud\"]",
      "instances": [
        {
          "schema_version": 1,
          "attributes": {
            "acd_auto_answer": false,
            "addresses": [],
            "certifications": [],
            "department": "",
            "division_id": "f2777e89-ef43-44f2-a570-e883729854ea",
            "email": "WShop25@genesystest.com",
            "employer_info": [],
            "id": "96d0ddad-26e6-4ea7-b5a8-cdd85c34b6b4",
            "locations": [],
            "manager": "",
            "name": "Workshop User 25",
            "password": "DC45workshop!",
            "profile_skills": [],
            "routing_languages": [],
            "routing_skills": [
              {
                "proficiency": 4.5,
                "skill_id": "b325b3ba-75a0-49d2-a580-c0952c54a4dc"
              }
            ],
            "routing_utilization": [],
            "state": "active",
            "title": ""
          },
          "sensitive_attributes": [],
          "private": "eyJzY2hlbWFfdmVyc2lvbiI6IjEifQ==",
          "dependencies": [
            "data.genesyscloud_routing_skill.z25"
          ]
        }
      ]
    },
    {
      "mode": "managed",
      "type": "genesyscloud_user",
      "name": "Workshop_user26",
      "provider": "provider[\"registry.terraform.io/mypurecloud/genesyscloud\"]",
      "instances": [
        {
          "schema_version": 1,
          "attributes": {
            "acd_auto_answer": false,
            "addresses": [],
            "certifications": [],
            "department": "",
            "division_id": "f2777e89-ef43-44f2-a570-e883729854ea",
            "email": "WShop26@genesystest.com",
            "employer_info": [],
            "id": "f6038ea4-f7cd-475b-aa0e-fe911ac725c0",
            "locations": [],
            "manager": "",
            "name": "Workshop User 26",
            "password": "DC45workshop!",
            "profile_skills": [],
            "routing_languages": [],
            "routing_skills": [
              {
                "proficiency": 4.5,
                "skill_id": "e87ea44e-a627-4320-a056-747fc0b755d4"
              }
            ],
            "routing_utilization": [],
            "state": "active",
            "title": ""
          },
          "sensitive_attributes": [],
          "private": "eyJzY2hlbWFfdmVyc2lvbiI6IjEifQ==",
          "dependencies": [
            "data.genesyscloud_routing_skill.z26"
          ]
        }
      ]
    },
    {
      "mode": "managed",
      "type": "genesyscloud_user",
      "name": "Workshop_user27",
      "provider": "provider[\"registry.terraform.io/mypurecloud/genesyscloud\"]",
      "instances": [
        {
          "schema_version": 1,
          "attributes": {
            "acd_auto_answer": false,
            "addresses": [],
            "certifications": [],
            "department": "",
            "division_id": "f2777e89-ef43-44f2-a570-e883729854ea",
            "email": "WShop27@genesystest.com",
            "employer_info": [],
            "id": "00bf2236-e5ad-419a-a7b4-10f55ee97c06",
            "locations": [],
            "manager": "",
            "name": "Workshop User 27",
            "password": "DC45workshop!",
            "profile_skills": [],
            "routing_languages": [],
            "routing_skills": [
              {
                "proficiency": 4.5,
                "skill_id": "91f1ef02-5f8d-4f01-8cdc-a1990317b93f"
              }
            ],
            "routing_utilization": [],
            "state": "active",
            "title": ""
          },
          "sensitive_attributes": [],
          "private": "eyJzY2hlbWFfdmVyc2lvbiI6IjEifQ==",
          "dependencies": [
            "data.genesyscloud_routing_skill.z27"
          ]
        }
      ]
    },
    {
      "mode": "managed",
      "type": "genesyscloud_user",
      "name": "Workshop_user28",
      "provider": "provider[\"registry.terraform.io/mypurecloud/genesyscloud\"]",
      "instances": [
        {
          "schema_version": 1,
          "attributes": {
            "acd_auto_answer": false,
            "addresses": [],
            "certifications": [],
            "department": "",
            "division_id": "f2777e89-ef43-44f2-a570-e883729854ea",
            "email": "WShop28@genesystest.com",
            "employer_info": [],
            "id": "54773443-7ab6-4db8-9971-df7f086451bf",
            "locations": [],
            "manager": "",
            "name": "Workshop User 28",
            "password": "DC45workshop!",
            "profile_skills": [],
            "routing_languages": [],
            "routing_skills": [
              {
                "proficiency": 4.5,
                "skill_id": "14f876db-e842-45e7-9a80-11e821cca490"
              }
            ],
            "routing_utilization": [],
            "state": "active",
            "title": ""
          },
          "sensitive_attributes": [],
          "private": "eyJzY2hlbWFfdmVyc2lvbiI6IjEifQ==",
          "dependencies": [
            "data.genesyscloud_routing_skill.z28"
          ]
        }
      ]
    },
    {
      "mode": "managed",
      "type": "genesyscloud_user",
      "name": "Workshop_user29",
      "provider": "provider[\"registry.terraform.io/mypurecloud/genesyscloud\"]",
      "instances": [
        {
          "schema_version": 1,
          "attributes": {
            "acd_auto_answer": false,
            "addresses": [],
            "certifications": [],
            "department": "",
            "division_id": "f2777e89-ef43-44f2-a570-e883729854ea",
            "email": "WShop29@genesystest.com",
            "employer_info": [],
            "id": "35685080-4a68-4bcf-8706-d97ff31a222b",
            "locations": [],
            "manager": "",
            "name": "Workshop User 29",
            "password": "DC45workshop!",
            "profile_skills": [],
            "routing_languages": [],
            "routing_skills": [
              {
                "proficiency": 4.5,
                "skill_id": "4065cec0-a484-4eb5-b8c3-05facb930dbc"
              }
            ],
            "routing_utilization": [],
            "state": "active",
            "title": ""
          },
          "sensitive_attributes": [],
          "private": "eyJzY2hlbWFfdmVyc2lvbiI6IjEifQ==",
          "dependencies": [
            "data.genesyscloud_routing_skill.z29"
          ]
        }
      ]
    },
    {
      "mode": "managed",
      "type": "genesyscloud_user",
      "name": "Workshop_user3",
      "provider": "provider[\"registry.terraform.io/mypurecloud/genesyscloud\"]",
      "instances": [
        {
          "schema_version": 1,
          "attributes": {
            "acd_auto_answer": false,
            "addresses": [],
            "certifications": [],
            "department": "",
            "division_id": "f2777e89-ef43-44f2-a570-e883729854ea",
            "email": "WShop03@genesystest.com",
            "employer_info": [],
            "id": "28991cf2-21c5-4fb8-89aa-33f7bcd24b6a",
            "locations": [],
            "manager": "",
            "name": "Workshop User 03",
            "password": "DC45workshop!",
            "profile_skills": [],
            "routing_languages": [],
            "routing_skills": [
              {
                "proficiency": 4.5,
                "skill_id": "7aa0a6d4-5f3f-4361-bfc9-f26b655735b5"
              }
            ],
            "routing_utilization": [],
            "state": "active",
            "title": ""
          },
          "sensitive_attributes": [],
          "private": "eyJzY2hlbWFfdmVyc2lvbiI6IjEifQ==",
          "dependencies": [
            "data.genesyscloud_routing_skill.z3"
          ]
        }
      ]
    },
    {
      "mode": "managed",
      "type": "genesyscloud_user",
      "name": "Workshop_user30",
      "provider": "provider[\"registry.terraform.io/mypurecloud/genesyscloud\"]",
      "instances": [
        {
          "schema_version": 1,
          "attributes": {
            "acd_auto_answer": false,
            "addresses": [],
            "certifications": [],
            "department": "",
            "division_id": "f2777e89-ef43-44f2-a570-e883729854ea",
            "email": "WShop30@genesystest.com",
            "employer_info": [],
            "id": "21565db1-b18a-44d3-873e-39515062ab80",
            "locations": [],
            "manager": "",
            "name": "Workshop User 30",
            "password": "DC45workshop!",
            "profile_skills": [],
            "routing_languages": [],
            "routing_skills": [
              {
                "proficiency": 4.5,
                "skill_id": "93075fdf-f8dd-464e-9431-d70352658397"
              }
            ],
            "routing_utilization": [],
            "state": "active",
            "title": ""
          },
          "sensitive_attributes": [],
          "private": "eyJzY2hlbWFfdmVyc2lvbiI6IjEifQ==",
          "dependencies": [
            "data.genesyscloud_routing_skill.z30"
          ]
        }
      ]
    },
    {
      "mode": "managed",
      "type": "genesyscloud_user",
      "name": "Workshop_user31",
      "provider": "provider[\"registry.terraform.io/mypurecloud/genesyscloud\"]",
      "instances": [
        {
          "schema_version": 1,
          "attributes": {
            "acd_auto_answer": false,
            "addresses": [],
            "certifications": [],
            "department": "",
            "division_id": "f2777e89-ef43-44f2-a570-e883729854ea",
            "email": "WShop31@genesystest.com",
            "employer_info": [],
            "id": "fae96b1e-de47-45f6-ace8-aac554ca9e4e",
            "locations": [],
            "manager": "",
            "name": "Workshop User 31",
            "password": "DC45workshop!",
            "profile_skills": [],
            "routing_languages": [],
            "routing_skills": [
              {
                "proficiency": 4.5,
                "skill_id": "7b0f1131-7d66-4ce7-a77a-c3169090650f"
              }
            ],
            "routing_utilization": [],
            "state": "active",
            "title": ""
          },
          "sensitive_attributes": [],
          "private": "eyJzY2hlbWFfdmVyc2lvbiI6IjEifQ==",
          "dependencies": [
            "data.genesyscloud_routing_skill.z31"
          ]
        }
      ]
    },
    {
      "mode": "managed",
      "type": "genesyscloud_user",
      "name": "Workshop_user32",
      "provider": "provider[\"registry.terraform.io/mypurecloud/genesyscloud\"]",
      "instances": [
        {
          "schema_version": 1,
          "attributes": {
            "acd_auto_answer": false,
            "addresses": [],
            "certifications": [],
            "department": "",
            "division_id": "f2777e89-ef43-44f2-a570-e883729854ea",
            "email": "WShop32@genesystest.com",
            "employer_info": [],
            "id": "d0b33e6e-171c-4ce0-9a23-a12e25e32972",
            "locations": [],
            "manager": "",
            "name": "Workshop User 32",
            "password": "DC45workshop!",
            "profile_skills": [],
            "routing_languages": [],
            "routing_skills": [
              {
                "proficiency": 4.5,
                "skill_id": "be074200-abc4-47ed-a820-ff92e44b05dc"
              }
            ],
            "routing_utilization": [],
            "state": "active",
            "title": ""
          },
          "sensitive_attributes": [],
          "private": "eyJzY2hlbWFfdmVyc2lvbiI6IjEifQ==",
          "dependencies": [
            "data.genesyscloud_routing_skill.z32"
          ]
        }
      ]
    },
    {
      "mode": "managed",
      "type": "genesyscloud_user",
      "name": "Workshop_user33",
      "provider": "provider[\"registry.terraform.io/mypurecloud/genesyscloud\"]",
      "instances": [
        {
          "schema_version": 1,
          "attributes": {
            "acd_auto_answer": false,
            "addresses": [],
            "certifications": [],
            "department": "",
            "division_id": "f2777e89-ef43-44f2-a570-e883729854ea",
            "email": "WShop33@genesystest.com",
            "employer_info": [],
            "id": "01a514bb-c30c-4f71-bd9f-4e3dcf361d29",
            "locations": [],
            "manager": "",
            "name": "Workshop User 33",
            "password": "DC45workshop!",
            "profile_skills": [],
            "routing_languages": [],
            "routing_skills": [
              {
                "proficiency": 4.5,
                "skill_id": "aca8b164-0281-4ab4-ba90-3520a343d137"
              }
            ],
            "routing_utilization": [],
            "state": "active",
            "title": ""
          },
          "sensitive_attributes": [],
          "private": "eyJzY2hlbWFfdmVyc2lvbiI6IjEifQ==",
          "dependencies": [
            "data.genesyscloud_routing_skill.z33"
          ]
        }
      ]
    },
    {
      "mode": "managed",
      "type": "genesyscloud_user",
      "name": "Workshop_user34",
      "provider": "provider[\"registry.terraform.io/mypurecloud/genesyscloud\"]",
      "instances": [
        {
          "schema_version": 1,
          "attributes": {
            "acd_auto_answer": false,
            "addresses": [],
            "certifications": [],
            "department": "",
            "division_id": "f2777e89-ef43-44f2-a570-e883729854ea",
            "email": "WShop34@genesystest.com",
            "employer_info": [],
            "id": "5f1899be-0c24-40cc-9e2a-9b1518897757",
            "locations": [],
            "manager": "",
            "name": "Workshop User 34",
            "password": "DC45workshop!",
            "profile_skills": [],
            "routing_languages": [],
            "routing_skills": [
              {
                "proficiency": 4.5,
                "skill_id": "bf8d1414-3af0-4969-98c6-ef208321e8cc"
              }
            ],
            "routing_utilization": [],
            "state": "active",
            "title": ""
          },
          "sensitive_attributes": [],
          "private": "eyJzY2hlbWFfdmVyc2lvbiI6IjEifQ==",
          "dependencies": [
            "data.genesyscloud_routing_skill.z34"
          ]
        }
      ]
    },
    {
      "mode": "managed",
      "type": "genesyscloud_user",
      "name": "Workshop_user35",
      "provider": "provider[\"registry.terraform.io/mypurecloud/genesyscloud\"]",
      "instances": [
        {
          "schema_version": 1,
          "attributes": {
            "acd_auto_answer": false,
            "addresses": [],
            "certifications": [],
            "department": "",
            "division_id": "f2777e89-ef43-44f2-a570-e883729854ea",
            "email": "WShop35@genesystest.com",
            "employer_info": [],
            "id": "b7659cbb-9d83-44bd-86cc-bee9ae9653c0",
            "locations": [],
            "manager": "",
            "name": "Workshop User 35",
            "password": "DC45workshop!",
            "profile_skills": [],
            "routing_languages": [],
            "routing_skills": [
              {
                "proficiency": 4.5,
                "skill_id": "625ebb47-4a58-466e-88e9-71c464879108"
              }
            ],
            "routing_utilization": [],
            "state": "active",
            "title": ""
          },
          "sensitive_attributes": [],
          "private": "eyJzY2hlbWFfdmVyc2lvbiI6IjEifQ==",
          "dependencies": [
            "data.genesyscloud_routing_skill.z35"
          ]
        }
      ]
    },
    {
      "mode": "managed",
      "type": "genesyscloud_user",
      "name": "Workshop_user36",
      "provider": "provider[\"registry.terraform.io/mypurecloud/genesyscloud\"]",
      "instances": [
        {
          "schema_version": 1,
          "attributes": {
            "acd_auto_answer": false,
            "addresses": [],
            "certifications": [],
            "department": "",
            "division_id": "f2777e89-ef43-44f2-a570-e883729854ea",
            "email": "WShop36@genesystest.com",
            "employer_info": [],
            "id": "c7307a92-19cf-4487-a53e-63d3cbe7ac2e",
            "locations": [],
            "manager": "",
            "name": "Workshop User 36",
            "password": "DC45workshop!",
            "profile_skills": [],
            "routing_languages": [],
            "routing_skills": [
              {
                "proficiency": 4.5,
                "skill_id": "b652942b-e385-4028-a4c5-092ab74d3193"
              }
            ],
            "routing_utilization": [],
            "state": "active",
            "title": ""
          },
          "sensitive_attributes": [],
          "private": "eyJzY2hlbWFfdmVyc2lvbiI6IjEifQ==",
          "dependencies": [
            "data.genesyscloud_routing_skill.z36"
          ]
        }
      ]
    },
    {
      "mode": "managed",
      "type": "genesyscloud_user",
      "name": "Workshop_user37",
      "provider": "provider[\"registry.terraform.io/mypurecloud/genesyscloud\"]",
      "instances": [
        {
          "schema_version": 1,
          "attributes": {
            "acd_auto_answer": false,
            "addresses": [],
            "certifications": [],
            "department": "",
            "division_id": "f2777e89-ef43-44f2-a570-e883729854ea",
            "email": "WShop37@genesystest.com",
            "employer_info": [],
            "id": "91c68008-74f2-40c8-9f1a-a605039cf6e0",
            "locations": [],
            "manager": "",
            "name": "Workshop User 37",
            "password": "DC45workshop!",
            "profile_skills": [],
            "routing_languages": [],
            "routing_skills": [
              {
                "proficiency": 4.5,
                "skill_id": "1bf92b14-dcfd-45c2-98fd-fdada9be3cc0"
              }
            ],
            "routing_utilization": [],
            "state": "active",
            "title": ""
          },
          "sensitive_attributes": [],
          "private": "eyJzY2hlbWFfdmVyc2lvbiI6IjEifQ==",
          "dependencies": [
            "data.genesyscloud_routing_skill.z37"
          ]
        }
      ]
    },
    {
      "mode": "managed",
      "type": "genesyscloud_user",
      "name": "Workshop_user38",
      "provider": "provider[\"registry.terraform.io/mypurecloud/genesyscloud\"]",
      "instances": [
        {
          "schema_version": 1,
          "attributes": {
            "acd_auto_answer": false,
            "addresses": [],
            "certifications": [],
            "department": "",
            "division_id": "f2777e89-ef43-44f2-a570-e883729854ea",
            "email": "WShop38@genesystest.com",
            "employer_info": [],
            "id": "d32341f2-eca1-4ba1-967a-7fac703f7b36",
            "locations": [],
            "manager": "",
            "name": "Workshop User 38",
            "password": "DC45workshop!",
            "profile_skills": [],
            "routing_languages": [],
            "routing_skills": [
              {
                "proficiency": 4.5,
                "skill_id": "74693fc8-77af-4424-a42c-dfd575f86527"
              }
            ],
            "routing_utilization": [],
            "state": "active",
            "title": ""
          },
          "sensitive_attributes": [],
          "private": "eyJzY2hlbWFfdmVyc2lvbiI6IjEifQ==",
          "dependencies": [
            "data.genesyscloud_routing_skill.z38"
          ]
        }
      ]
    },
    {
      "mode": "managed",
      "type": "genesyscloud_user",
      "name": "Workshop_user39",
      "provider": "provider[\"registry.terraform.io/mypurecloud/genesyscloud\"]",
      "instances": [
        {
          "schema_version": 1,
          "attributes": {
            "acd_auto_answer": false,
            "addresses": [],
            "certifications": [],
            "department": "",
            "division_id": "f2777e89-ef43-44f2-a570-e883729854ea",
            "email": "WShop39@genesystest.com",
            "employer_info": [],
            "id": "0e2b3d81-01b8-403c-a952-3506fff62399",
            "locations": [],
            "manager": "",
            "name": "Workshop User 39",
            "password": "DC45workshop!",
            "profile_skills": [],
            "routing_languages": [],
            "routing_skills": [
              {
                "proficiency": 4.5,
                "skill_id": "806e5c76-461a-41ed-8fa0-22fa47c33cd4"
              }
            ],
            "routing_utilization": [],
            "state": "active",
            "title": ""
          },
          "sensitive_attributes": [],
          "private": "eyJzY2hlbWFfdmVyc2lvbiI6IjEifQ==",
          "dependencies": [
            "data.genesyscloud_routing_skill.z39"
          ]
        }
      ]
    },
    {
      "mode": "managed",
      "type": "genesyscloud_user",
      "name": "Workshop_user4",
      "provider": "provider[\"registry.terraform.io/mypurecloud/genesyscloud\"]",
      "instances": [
        {
          "schema_version": 1,
          "attributes": {
            "acd_auto_answer": false,
            "addresses": [],
            "certifications": [],
            "department": "",
            "division_id": "f2777e89-ef43-44f2-a570-e883729854ea",
            "email": "WShop04@genesystest.com",
            "employer_info": [],
            "id": "28cdb6f1-d08b-4d57-b9c2-00294b4a8368",
            "locations": [],
            "manager": "",
            "name": "Workshop User 04",
            "password": "DC45workshop!",
            "profile_skills": [],
            "routing_languages": [],
            "routing_skills": [
              {
                "proficiency": 4.5,
                "skill_id": "39d49578-72fc-4671-b5c9-adf7d8678234"
              }
            ],
            "routing_utilization": [],
            "state": "active",
            "title": ""
          },
          "sensitive_attributes": [],
          "private": "eyJzY2hlbWFfdmVyc2lvbiI6IjEifQ==",
          "dependencies": [
            "data.genesyscloud_routing_skill.z4"
          ]
        }
      ]
    },
    {
      "mode": "managed",
      "type": "genesyscloud_user",
      "name": "Workshop_user40",
      "provider": "provider[\"registry.terraform.io/mypurecloud/genesyscloud\"]",
      "instances": [
        {
          "schema_version": 1,
          "attributes": {
            "acd_auto_answer": false,
            "addresses": [],
            "certifications": [],
            "department": "",
            "division_id": "f2777e89-ef43-44f2-a570-e883729854ea",
            "email": "WShop40@genesystest.com",
            "employer_info": [],
            "id": "4a93fd8f-d0d6-43e2-bf4d-0b99b7b6d0e5",
            "locations": [],
            "manager": "",
            "name": "Workshop User 40",
            "password": "DC45workshop!",
            "profile_skills": [],
            "routing_languages": [],
            "routing_skills": [
              {
                "proficiency": 4.5,
                "skill_id": "b73d429c-fb9d-4a85-b6e3-32e3da29434b"
              }
            ],
            "routing_utilization": [],
            "state": "active",
            "title": ""
          },
          "sensitive_attributes": [],
          "private": "eyJzY2hlbWFfdmVyc2lvbiI6IjEifQ==",
          "dependencies": [
            "data.genesyscloud_routing_skill.z40"
          ]
        }
      ]
    },
    {
      "mode": "managed",
      "type": "genesyscloud_user",
      "name": "Workshop_user41",
      "provider": "provider[\"registry.terraform.io/mypurecloud/genesyscloud\"]",
      "instances": [
        {
          "schema_version": 1,
          "attributes": {
            "acd_auto_answer": false,
            "addresses": [],
            "certifications": [],
            "department": "",
            "division_id": "f2777e89-ef43-44f2-a570-e883729854ea",
            "email": "WShop41@genesystest.com",
            "employer_info": [],
            "id": "ebc58970-8dd1-4160-a632-4e442a1764e8",
            "locations": [],
            "manager": "",
            "name": "Workshop User 41",
            "password": "DC45workshop!",
            "profile_skills": [],
            "routing_languages": [],
            "routing_skills": [
              {
                "proficiency": 4.5,
                "skill_id": "bd17a9a1-4100-47ee-a717-f5ace5a14561"
              }
            ],
            "routing_utilization": [],
            "state": "active",
            "title": ""
          },
          "sensitive_attributes": [],
          "private": "eyJzY2hlbWFfdmVyc2lvbiI6IjEifQ==",
          "dependencies": [
            "data.genesyscloud_routing_skill.z41"
          ]
        }
      ]
    },
    {
      "mode": "managed",
      "type": "genesyscloud_user",
      "name": "Workshop_user42",
      "provider": "provider[\"registry.terraform.io/mypurecloud/genesyscloud\"]",
      "instances": [
        {
          "schema_version": 1,
          "attributes": {
            "acd_auto_answer": false,
            "addresses": [],
            "certifications": [],
            "department": "",
            "division_id": "f2777e89-ef43-44f2-a570-e883729854ea",
            "email": "WShop42@genesystest.com",
            "employer_info": [],
            "id": "52cd451a-0289-4a2b-882c-f8c4c168ad4c",
            "locations": [],
            "manager": "",
            "name": "Workshop User 42",
            "password": "DC45workshop!",
            "profile_skills": [],
            "routing_languages": [],
            "routing_skills": [
              {
                "proficiency": 4.5,
                "skill_id": "0e08a158-4268-458f-8aaf-12a54973fc19"
              }
            ],
            "routing_utilization": [],
            "state": "active",
            "title": ""
          },
          "sensitive_attributes": [],
          "private": "eyJzY2hlbWFfdmVyc2lvbiI6IjEifQ==",
          "dependencies": [
            "data.genesyscloud_routing_skill.z42"
          ]
        }
      ]
    },
    {
      "mode": "managed",
      "type": "genesyscloud_user",
      "name": "Workshop_user43",
      "provider": "provider[\"registry.terraform.io/mypurecloud/genesyscloud\"]",
      "instances": [
        {
          "schema_version": 1,
          "attributes": {
            "acd_auto_answer": false,
            "addresses": [],
            "certifications": [],
            "department": "",
            "division_id": "f2777e89-ef43-44f2-a570-e883729854ea",
            "email": "WShop43@genesystest.com",
            "employer_info": [],
            "id": "5b227ab4-90ec-441a-8216-79e195b654db",
            "locations": [],
            "manager": "",
            "name": "Workshop User 43",
            "password": "DC45workshop!",
            "profile_skills": [],
            "routing_languages": [],
            "routing_skills": [
              {
                "proficiency": 4.5,
                "skill_id": "9a0554ea-8088-4550-b5cc-b6f8644fa73e"
              }
            ],
            "routing_utilization": [],
            "state": "active",
            "title": ""
          },
          "sensitive_attributes": [],
          "private": "eyJzY2hlbWFfdmVyc2lvbiI6IjEifQ==",
          "dependencies": [
            "data.genesyscloud_routing_skill.z43"
          ]
        }
      ]
    },
    {
      "mode": "managed",
      "type": "genesyscloud_user",
      "name": "Workshop_user44",
      "provider": "provider[\"registry.terraform.io/mypurecloud/genesyscloud\"]",
      "instances": [
        {
          "schema_version": 1,
          "attributes": {
            "acd_auto_answer": false,
            "addresses": [],
            "certifications": [],
            "department": "",
            "division_id": "f2777e89-ef43-44f2-a570-e883729854ea",
            "email": "WShop44@genesystest.com",
            "employer_info": [],
            "id": "59a77456-3295-4017-a51b-a566b94c3f0b",
            "locations": [],
            "manager": "",
            "name": "Workshop User 44",
            "password": "DC45workshop!",
            "profile_skills": [],
            "routing_languages": [],
            "routing_skills": [
              {
                "proficiency": 4.5,
                "skill_id": "62d02c37-251f-4d2f-9443-8c533cca96f7"
              }
            ],
            "routing_utilization": [],
            "state": "active",
            "title": ""
          },
          "sensitive_attributes": [],
          "private": "eyJzY2hlbWFfdmVyc2lvbiI6IjEifQ==",
          "dependencies": [
            "data.genesyscloud_routing_skill.z44"
          ]
        }
      ]
    },
    {
      "mode": "managed",
      "type": "genesyscloud_user",
      "name": "Workshop_user45",
      "provider": "provider[\"registry.terraform.io/mypurecloud/genesyscloud\"]",
      "instances": [
        {
          "schema_version": 1,
          "attributes": {
            "acd_auto_answer": false,
            "addresses": [],
            "certifications": [],
            "department": "",
            "division_id": "f2777e89-ef43-44f2-a570-e883729854ea",
            "email": "WShop45@genesystest.com",
            "employer_info": [],
            "id": "4a47011e-8ec7-4a9a-a5cb-36601151d3c8",
            "locations": [],
            "manager": "",
            "name": "Workshop User 45",
            "password": "DC45workshop!",
            "profile_skills": [],
            "routing_languages": [],
            "routing_skills": [
              {
                "proficiency": 4.5,
                "skill_id": "15586098-e6d0-4a43-9cca-1265e40d69f3"
              }
            ],
            "routing_utilization": [],
            "state": "active",
            "title": ""
          },
          "sensitive_attributes": [],
          "private": "eyJzY2hlbWFfdmVyc2lvbiI6IjEifQ==",
          "dependencies": [
            "data.genesyscloud_routing_skill.z45"
          ]
        }
      ]
    },
    {
      "mode": "managed",
      "type": "genesyscloud_user",
      "name": "Workshop_user46",
      "provider": "provider[\"registry.terraform.io/mypurecloud/genesyscloud\"]",
      "instances": [
        {
          "schema_version": 1,
          "attributes": {
            "acd_auto_answer": false,
            "addresses": [],
            "certifications": [],
            "department": "",
            "division_id": "f2777e89-ef43-44f2-a570-e883729854ea",
            "email": "WShop46@genesystest.com",
            "employer_info": [],
            "id": "cae4ff0a-89cf-4f0e-a5a7-3597cff9b133",
            "locations": [],
            "manager": "",
            "name": "Workshop User 46",
            "password": "DC45workshop!",
            "profile_skills": [],
            "routing_languages": [],
            "routing_skills": [
              {
                "proficiency": 4.5,
                "skill_id": "79b2bb07-7ec4-4d43-9f13-a6ad338f7edd"
              }
            ],
            "routing_utilization": [],
            "state": "active",
            "title": ""
          },
          "sensitive_attributes": [],
          "private": "eyJzY2hlbWFfdmVyc2lvbiI6IjEifQ==",
          "dependencies": [
            "data.genesyscloud_routing_skill.z46"
          ]
        }
      ]
    },
    {
      "mode": "managed",
      "type": "genesyscloud_user",
      "name": "Workshop_user47",
      "provider": "provider[\"registry.terraform.io/mypurecloud/genesyscloud\"]",
      "instances": [
        {
          "schema_version": 1,
          "attributes": {
            "acd_auto_answer": false,
            "addresses": [],
            "certifications": [],
            "department": "",
            "division_id": "f2777e89-ef43-44f2-a570-e883729854ea",
            "email": "WShop47@genesystest.com",
            "employer_info": [],
            "id": "aa624ffd-efbd-4f09-afd0-0ed05c849430",
            "locations": [],
            "manager": "",
            "name": "Workshop User 47",
            "password": "DC45workshop!",
            "profile_skills": [],
            "routing_languages": [],
            "routing_skills": [
              {
                "proficiency": 4.5,
                "skill_id": "33522273-9aa7-486c-9f04-08c4a9a64f11"
              }
            ],
            "routing_utilization": [],
            "state": "active",
            "title": ""
          },
          "sensitive_attributes": [],
          "private": "eyJzY2hlbWFfdmVyc2lvbiI6IjEifQ==",
          "dependencies": [
            "data.genesyscloud_routing_skill.z47"
          ]
        }
      ]
    },
    {
      "mode": "managed",
      "type": "genesyscloud_user",
      "name": "Workshop_user48",
      "provider": "provider[\"registry.terraform.io/mypurecloud/genesyscloud\"]",
      "instances": [
        {
          "schema_version": 1,
          "attributes": {
            "acd_auto_answer": false,
            "addresses": [],
            "certifications": [],
            "department": "",
            "division_id": "f2777e89-ef43-44f2-a570-e883729854ea",
            "email": "WShop48@genesystest.com",
            "employer_info": [],
            "id": "ac1d82a9-1cb9-4209-ada0-a4af6685142d",
            "locations": [],
            "manager": "",
            "name": "Workshop User 48",
            "password": "DC45workshop!",
            "profile_skills": [],
            "routing_languages": [],
            "routing_skills": [
              {
                "proficiency": 4.5,
                "skill_id": "a5a34a49-baa5-44a1-92a9-b68881fe152c"
              }
            ],
            "routing_utilization": [],
            "state": "active",
            "title": ""
          },
          "sensitive_attributes": [],
          "private": "eyJzY2hlbWFfdmVyc2lvbiI6IjEifQ==",
          "dependencies": [
            "data.genesyscloud_routing_skill.z48"
          ]
        }
      ]
    },
    {
      "mode": "managed",
      "type": "genesyscloud_user",
      "name": "Workshop_user49",
      "provider": "provider[\"registry.terraform.io/mypurecloud/genesyscloud\"]",
      "instances": [
        {
          "schema_version": 1,
          "attributes": {
            "acd_auto_answer": false,
            "addresses": [],
            "certifications": [],
            "department": "",
            "division_id": "f2777e89-ef43-44f2-a570-e883729854ea",
            "email": "WShop49@genesystest.com",
            "employer_info": [],
            "id": "7b3ea461-e189-499f-880a-8eada1c3c3e4",
            "locations": [],
            "manager": "",
            "name": "Workshop User 49",
            "password": "DC45workshop!",
            "profile_skills": [],
            "routing_languages": [],
            "routing_skills": [
              {
                "proficiency": 4.5,
                "skill_id": "d3dd8052-f889-46cb-b741-c901f9166b3e"
              }
            ],
            "routing_utilization": [],
            "state": "active",
            "title": ""
          },
          "sensitive_attributes": [],
          "private": "eyJzY2hlbWFfdmVyc2lvbiI6IjEifQ==",
          "dependencies": [
            "data.genesyscloud_routing_skill.z49"
          ]
        }
      ]
    },
    {
      "mode": "managed",
      "type": "genesyscloud_user",
      "name": "Workshop_user5",
      "provider": "provider[\"registry.terraform.io/mypurecloud/genesyscloud\"]",
      "instances": [
        {
          "schema_version": 1,
          "attributes": {
            "acd_auto_answer": false,
            "addresses": [],
            "certifications": [],
            "department": "",
            "division_id": "f2777e89-ef43-44f2-a570-e883729854ea",
            "email": "WShop05@genesystest.com",
            "employer_info": [],
            "id": "8ecc9357-4d82-41df-acb2-d1a249518357",
            "locations": [],
            "manager": "",
            "name": "Workshop User 05",
            "password": "DC45workshop!",
            "profile_skills": [],
            "routing_languages": [],
            "routing_skills": [
              {
                "proficiency": 4.5,
                "skill_id": "2b819b9a-3579-4dea-8228-535a1aa23126"
              }
            ],
            "routing_utilization": [],
            "state": "active",
            "title": ""
          },
          "sensitive_attributes": [],
          "private": "eyJzY2hlbWFfdmVyc2lvbiI6IjEifQ==",
          "dependencies": [
            "data.genesyscloud_routing_skill.z5"
          ]
        }
      ]
    },
    {
      "mode": "managed",
      "type": "genesyscloud_user",
      "name": "Workshop_user50",
      "provider": "provider[\"registry.terraform.io/mypurecloud/genesyscloud\"]",
      "instances": [
        {
          "schema_version": 1,
          "attributes": {
            "acd_auto_answer": false,
            "addresses": [],
            "certifications": [],
            "department": "",
            "division_id": "f2777e89-ef43-44f2-a570-e883729854ea",
            "email": "WShop50@genesystest.com",
            "employer_info": [],
            "id": "36c3814f-ba18-436f-a908-2852dc041e30",
            "locations": [],
            "manager": "",
            "name": "Workshop User 50",
            "password": "DC45workshop!",
            "profile_skills": [],
            "routing_languages": [],
            "routing_skills": [
              {
                "proficiency": 4.5,
                "skill_id": "f9fbb3c6-3511-44da-94ee-fd61ca098a01"
              }
            ],
            "routing_utilization": [],
            "state": "active",
            "title": ""
          },
          "sensitive_attributes": [],
          "private": "eyJzY2hlbWFfdmVyc2lvbiI6IjEifQ==",
          "dependencies": [
            "data.genesyscloud_routing_skill.z50"
          ]
        }
      ]
    },
    {
      "mode": "managed",
      "type": "genesyscloud_user",
      "name": "Workshop_user51",
      "provider": "provider[\"registry.terraform.io/mypurecloud/genesyscloud\"]",
      "instances": [
        {
          "schema_version": 1,
          "attributes": {
            "acd_auto_answer": false,
            "addresses": [],
            "certifications": [],
            "department": "",
            "division_id": "f2777e89-ef43-44f2-a570-e883729854ea",
            "email": "WShop51@genesystest.com",
            "employer_info": [],
            "id": "9202bce2-8f83-44a2-8de9-e7b332f9cf87",
            "locations": [],
            "manager": "",
            "name": "Workshop User 51",
            "password": "DC45workshop!",
            "profile_skills": [],
            "routing_languages": [],
            "routing_skills": [
              {
                "proficiency": 4.5,
                "skill_id": "f5fc0c8e-6f18-46b3-a8c9-71c7c253e720"
              }
            ],
            "routing_utilization": [],
            "state": "active",
            "title": ""
          },
          "sensitive_attributes": [],
          "private": "eyJzY2hlbWFfdmVyc2lvbiI6IjEifQ==",
          "dependencies": [
            "data.genesyscloud_routing_skill.z51"
          ]
        }
      ]
    },
    {
      "mode": "managed",
      "type": "genesyscloud_user",
      "name": "Workshop_user52",
      "provider": "provider[\"registry.terraform.io/mypurecloud/genesyscloud\"]",
      "instances": [
        {
          "schema_version": 1,
          "attributes": {
            "acd_auto_answer": false,
            "addresses": [],
            "certifications": [],
            "department": "",
            "division_id": "f2777e89-ef43-44f2-a570-e883729854ea",
            "email": "WShop52@genesystest.com",
            "employer_info": [],
            "id": "3597692c-f64e-4b2e-8fc8-1e63953063d3",
            "locations": [],
            "manager": "",
            "name": "Workshop User 52",
            "password": "DC45workshop!",
            "profile_skills": [],
            "routing_languages": [],
            "routing_skills": [
              {
                "proficiency": 4.5,
                "skill_id": "e5d5ad92-8dba-4168-8ada-64ed090dba63"
              }
            ],
            "routing_utilization": [],
            "state": "active",
            "title": ""
          },
          "sensitive_attributes": [],
          "private": "eyJzY2hlbWFfdmVyc2lvbiI6IjEifQ==",
          "dependencies": [
            "data.genesyscloud_routing_skill.z52"
          ]
        }
      ]
    },
    {
      "mode": "managed",
      "type": "genesyscloud_user",
      "name": "Workshop_user53",
      "provider": "provider[\"registry.terraform.io/mypurecloud/genesyscloud\"]",
      "instances": [
        {
          "schema_version": 1,
          "attributes": {
            "acd_auto_answer": false,
            "addresses": [],
            "certifications": [],
            "department": "",
            "division_id": "f2777e89-ef43-44f2-a570-e883729854ea",
            "email": "WShop53@genesystest.com",
            "employer_info": [],
            "id": "6020a195-7938-44d3-958d-79df93dd16d9",
            "locations": [],
            "manager": "",
            "name": "Workshop User 53",
            "password": "DC45workshop!",
            "profile_skills": [],
            "routing_languages": [],
            "routing_skills": [
              {
                "proficiency": 4.5,
                "skill_id": "01807bd0-3c32-4c53-9b4b-02e09a9c18cf"
              }
            ],
            "routing_utilization": [],
            "state": "active",
            "title": ""
          },
          "sensitive_attributes": [],
          "private": "eyJzY2hlbWFfdmVyc2lvbiI6IjEifQ==",
          "dependencies": [
            "data.genesyscloud_routing_skill.z53"
          ]
        }
      ]
    },
    {
      "mode": "managed",
      "type": "genesyscloud_user",
      "name": "Workshop_user54",
      "provider": "provider[\"registry.terraform.io/mypurecloud/genesyscloud\"]",
      "instances": [
        {
          "schema_version": 1,
          "attributes": {
            "acd_auto_answer": false,
            "addresses": [],
            "certifications": [],
            "department": "",
            "division_id": "f2777e89-ef43-44f2-a570-e883729854ea",
            "email": "WShop54@genesystest.com",
            "employer_info": [],
            "id": "69dff4aa-48cb-45ed-b2f4-9bd205c4f65d",
            "locations": [],
            "manager": "",
            "name": "Workshop User 54",
            "password": "DC45workshop!",
            "profile_skills": [],
            "routing_languages": [],
            "routing_skills": [
              {
                "proficiency": 4.5,
                "skill_id": "d454c9d8-81f0-4ff6-8f4c-99e994f544d5"
              }
            ],
            "routing_utilization": [],
            "state": "active",
            "title": ""
          },
          "sensitive_attributes": [],
          "private": "eyJzY2hlbWFfdmVyc2lvbiI6IjEifQ==",
          "dependencies": [
            "data.genesyscloud_routing_skill.z54"
          ]
        }
      ]
    },
    {
      "mode": "managed",
      "type": "genesyscloud_user",
      "name": "Workshop_user55",
      "provider": "provider[\"registry.terraform.io/mypurecloud/genesyscloud\"]",
      "instances": [
        {
          "schema_version": 1,
          "attributes": {
            "acd_auto_answer": false,
            "addresses": [],
            "certifications": [],
            "department": "",
            "division_id": "f2777e89-ef43-44f2-a570-e883729854ea",
            "email": "WShop55@genesystest.com",
            "employer_info": [],
            "id": "e519eb2c-fc61-45c7-be02-4badf22534c0",
            "locations": [],
            "manager": "",
            "name": "Workshop User 55",
            "password": "DC45workshop!",
            "profile_skills": [],
            "routing_languages": [],
            "routing_skills": [
              {
                "proficiency": 4.5,
                "skill_id": "0b361a06-d0fa-45f6-bb5a-1db768b7be42"
              }
            ],
            "routing_utilization": [],
            "state": "active",
            "title": ""
          },
          "sensitive_attributes": [],
          "private": "eyJzY2hlbWFfdmVyc2lvbiI6IjEifQ==",
          "dependencies": [
            "data.genesyscloud_routing_skill.z55"
          ]
        }
      ]
    },
    {
      "mode": "managed",
      "type": "genesyscloud_user",
      "name": "Workshop_user56",
      "provider": "provider[\"registry.terraform.io/mypurecloud/genesyscloud\"]",
      "instances": [
        {
          "schema_version": 1,
          "attributes": {
            "acd_auto_answer": false,
            "addresses": [],
            "certifications": [],
            "department": "",
            "division_id": "f2777e89-ef43-44f2-a570-e883729854ea",
            "email": "WShop56@genesystest.com",
            "employer_info": [],
            "id": "dadb2faf-944f-4bfc-be06-2dee8ffff1c8",
            "locations": [],
            "manager": "",
            "name": "Workshop User 56",
            "password": "DC45workshop!",
            "profile_skills": [],
            "routing_languages": [],
            "routing_skills": [
              {
                "proficiency": 4.5,
                "skill_id": "df99e8da-8938-4539-8cae-e0fea1f26f48"
              }
            ],
            "routing_utilization": [],
            "state": "active",
            "title": ""
          },
          "sensitive_attributes": [],
          "private": "eyJzY2hlbWFfdmVyc2lvbiI6IjEifQ==",
          "dependencies": [
            "data.genesyscloud_routing_skill.z56"
          ]
        }
      ]
    },
    {
      "mode": "managed",
      "type": "genesyscloud_user",
      "name": "Workshop_user57",
      "provider": "provider[\"registry.terraform.io/mypurecloud/genesyscloud\"]",
      "instances": [
        {
          "schema_version": 1,
          "attributes": {
            "acd_auto_answer": false,
            "addresses": [],
            "certifications": [],
            "department": "",
            "division_id": "f2777e89-ef43-44f2-a570-e883729854ea",
            "email": "WShop57@genesystest.com",
            "employer_info": [],
            "id": "312ee3a6-2f52-483c-85fd-be682da6b4f8",
            "locations": [],
            "manager": "",
            "name": "Workshop User 57",
            "password": "DC45workshop!",
            "profile_skills": [],
            "routing_languages": [],
            "routing_skills": [
              {
                "proficiency": 4.5,
                "skill_id": "0b62260e-b0a3-48de-92c5-5eaed4463dfb"
              }
            ],
            "routing_utilization": [],
            "state": "active",
            "title": ""
          },
          "sensitive_attributes": [],
          "private": "eyJzY2hlbWFfdmVyc2lvbiI6IjEifQ==",
          "dependencies": [
            "data.genesyscloud_routing_skill.z57"
          ]
        }
      ]
    },
    {
      "mode": "managed",
      "type": "genesyscloud_user",
      "name": "Workshop_user58",
      "provider": "provider[\"registry.terraform.io/mypurecloud/genesyscloud\"]",
      "instances": [
        {
          "schema_version": 1,
          "attributes": {
            "acd_auto_answer": false,
            "addresses": [],
            "certifications": [],
            "department": "",
            "division_id": "f2777e89-ef43-44f2-a570-e883729854ea",
            "email": "WShop58@genesystest.com",
            "employer_info": [],
            "id": "eb183618-38a5-4c8a-a79b-9ca3c96c6df2",
            "locations": [],
            "manager": "",
            "name": "Workshop User 58",
            "password": "DC45workshop!",
            "profile_skills": [],
            "routing_languages": [],
            "routing_skills": [
              {
                "proficiency": 4.5,
                "skill_id": "3df41770-bd91-4933-8890-9d3cc33c1036"
              }
            ],
            "routing_utilization": [],
            "state": "active",
            "title": ""
          },
          "sensitive_attributes": [],
          "private": "eyJzY2hlbWFfdmVyc2lvbiI6IjEifQ==",
          "dependencies": [
            "data.genesyscloud_routing_skill.z58"
          ]
        }
      ]
    },
    {
      "mode": "managed",
      "type": "genesyscloud_user",
      "name": "Workshop_user59",
      "provider": "provider[\"registry.terraform.io/mypurecloud/genesyscloud\"]",
      "instances": [
        {
          "schema_version": 1,
          "attributes": {
            "acd_auto_answer": false,
            "addresses": [],
            "certifications": [],
            "department": "",
            "division_id": "f2777e89-ef43-44f2-a570-e883729854ea",
            "email": "WShop59@genesystest.com",
            "employer_info": [],
            "id": "e3cd50d4-6be9-4525-8712-ee909d4fa11f",
            "locations": [],
            "manager": "",
            "name": "Workshop User 59",
            "password": "DC45workshop!",
            "profile_skills": [],
            "routing_languages": [],
            "routing_skills": [
              {
                "proficiency": 4.5,
                "skill_id": "d3c6acf9-5340-4375-937d-78f629d9524c"
              }
            ],
            "routing_utilization": [],
            "state": "active",
            "title": ""
          },
          "sensitive_attributes": [],
          "private": "eyJzY2hlbWFfdmVyc2lvbiI6IjEifQ==",
          "dependencies": [
            "data.genesyscloud_routing_skill.z59"
          ]
        }
      ]
    },
    {
      "mode": "managed",
      "type": "genesyscloud_user",
      "name": "Workshop_user6",
      "provider": "provider[\"registry.terraform.io/mypurecloud/genesyscloud\"]",
      "instances": [
        {
          "schema_version": 1,
          "attributes": {
            "acd_auto_answer": false,
            "addresses": [],
            "certifications": [],
            "department": "",
            "division_id": "f2777e89-ef43-44f2-a570-e883729854ea",
            "email": "WShop06@genesystest.com",
            "employer_info": [],
            "id": "5970f465-a060-433e-8cee-6fefaeea3a37",
            "locations": [],
            "manager": "",
            "name": "Workshop User 06",
            "password": "DC45workshop!",
            "profile_skills": [],
            "routing_languages": [],
            "routing_skills": [
              {
                "proficiency": 4.5,
                "skill_id": "63fecb3d-fcb9-4765-99b2-c94a1307b670"
              }
            ],
            "routing_utilization": [],
            "state": "active",
            "title": ""
          },
          "sensitive_attributes": [],
          "private": "eyJzY2hlbWFfdmVyc2lvbiI6IjEifQ==",
          "dependencies": [
            "data.genesyscloud_routing_skill.z6"
          ]
        }
      ]
    },
    {
      "mode": "managed",
      "type": "genesyscloud_user",
      "name": "Workshop_user60",
      "provider": "provider[\"registry.terraform.io/mypurecloud/genesyscloud\"]",
      "instances": [
        {
          "schema_version": 1,
          "attributes": {
            "acd_auto_answer": false,
            "addresses": [],
            "certifications": [],
            "department": "",
            "division_id": "f2777e89-ef43-44f2-a570-e883729854ea",
            "email": "WShop60@genesystest.com",
            "employer_info": [],
            "id": "2da32470-16a0-4286-932e-29a313bfd6e9",
            "locations": [],
            "manager": "",
            "name": "Workshop User 60",
            "password": "DC45workshop!",
            "profile_skills": [],
            "routing_languages": [],
            "routing_skills": [
              {
                "proficiency": 4.5,
                "skill_id": "ac38c09d-f3ba-47b9-9757-08b3f0fecad7"
              }
            ],
            "routing_utilization": [],
            "state": "active",
            "title": ""
          },
          "sensitive_attributes": [],
          "private": "eyJzY2hlbWFfdmVyc2lvbiI6IjEifQ==",
          "dependencies": [
            "data.genesyscloud_routing_skill.z60"
          ]
        }
      ]
    },
    {
      "mode": "managed",
      "type": "genesyscloud_user",
      "name": "Workshop_user61",
      "provider": "provider[\"registry.terraform.io/mypurecloud/genesyscloud\"]",
      "instances": [
        {
          "schema_version": 1,
          "attributes": {
            "acd_auto_answer": false,
            "addresses": [],
            "certifications": [],
            "department": "",
            "division_id": "f2777e89-ef43-44f2-a570-e883729854ea",
            "email": "WShop61@genesystest.com",
            "employer_info": [],
            "id": "8440ad44-3bb2-42fc-a9fe-be5c478f5c20",
            "locations": [],
            "manager": "",
            "name": "Workshop User 61",
            "password": "DC45workshop!",
            "profile_skills": [],
            "routing_languages": [],
            "routing_skills": [
              {
                "proficiency": 4.5,
                "skill_id": "ae822cfb-8bf0-45be-bca9-568a62797bda"
              }
            ],
            "routing_utilization": [],
            "state": "active",
            "title": ""
          },
          "sensitive_attributes": [],
          "private": "eyJzY2hlbWFfdmVyc2lvbiI6IjEifQ==",
          "dependencies": [
            "data.genesyscloud_routing_skill.z61"
          ]
        }
      ]
    },
    {
      "mode": "managed",
      "type": "genesyscloud_user",
      "name": "Workshop_user62",
      "provider": "provider[\"registry.terraform.io/mypurecloud/genesyscloud\"]",
      "instances": [
        {
          "schema_version": 1,
          "attributes": {
            "acd_auto_answer": false,
            "addresses": [],
            "certifications": [],
            "department": "",
            "division_id": "f2777e89-ef43-44f2-a570-e883729854ea",
            "email": "WShop62@genesystest.com",
            "employer_info": [],
            "id": "42443e2c-c30f-4ff4-89e1-2e510bf90025",
            "locations": [],
            "manager": "",
            "name": "Workshop User 62",
            "password": "DC45workshop!",
            "profile_skills": [],
            "routing_languages": [],
            "routing_skills": [
              {
                "proficiency": 4.5,
                "skill_id": "093ad350-a9f4-4606-901c-5b809602f0c9"
              }
            ],
            "routing_utilization": [],
            "state": "active",
            "title": ""
          },
          "sensitive_attributes": [],
          "private": "eyJzY2hlbWFfdmVyc2lvbiI6IjEifQ==",
          "dependencies": [
            "data.genesyscloud_routing_skill.z62"
          ]
        }
      ]
    },
    {
      "mode": "managed",
      "type": "genesyscloud_user",
      "name": "Workshop_user63",
      "provider": "provider[\"registry.terraform.io/mypurecloud/genesyscloud\"]",
      "instances": [
        {
          "schema_version": 1,
          "attributes": {
            "acd_auto_answer": false,
            "addresses": [],
            "certifications": [],
            "department": "",
            "division_id": "f2777e89-ef43-44f2-a570-e883729854ea",
            "email": "WShop63@genesystest.com",
            "employer_info": [],
            "id": "930c2f3e-16da-4d8e-b066-8dec6ea4b636",
            "locations": [],
            "manager": "",
            "name": "Workshop User 63",
            "password": "DC45workshop!",
            "profile_skills": [],
            "routing_languages": [],
            "routing_skills": [
              {
                "proficiency": 4.5,
                "skill_id": "cf13f62a-2b43-4dc4-993f-d2e5aadee964"
              }
            ],
            "routing_utilization": [],
            "state": "active",
            "title": ""
          },
          "sensitive_attributes": [],
          "private": "eyJzY2hlbWFfdmVyc2lvbiI6IjEifQ==",
          "dependencies": [
            "data.genesyscloud_routing_skill.z63"
          ]
        }
      ]
    },
    {
      "mode": "managed",
      "type": "genesyscloud_user",
      "name": "Workshop_user64",
      "provider": "provider[\"registry.terraform.io/mypurecloud/genesyscloud\"]",
      "instances": [
        {
          "schema_version": 1,
          "attributes": {
            "acd_auto_answer": false,
            "addresses": [],
            "certifications": [],
            "department": "",
            "division_id": "f2777e89-ef43-44f2-a570-e883729854ea",
            "email": "WShop64@genesystest.com",
            "employer_info": [],
            "id": "dd175de5-1c62-4fbf-ae89-c3dec1bdb317",
            "locations": [],
            "manager": "",
            "name": "Workshop User 64",
            "password": "DC45workshop!",
            "profile_skills": [],
            "routing_languages": [],
            "routing_skills": [
              {
                "proficiency": 4.5,
                "skill_id": "65020080-7085-4890-9918-7e38288cc1d6"
              }
            ],
            "routing_utilization": [],
            "state": "active",
            "title": ""
          },
          "sensitive_attributes": [],
          "private": "eyJzY2hlbWFfdmVyc2lvbiI6IjEifQ==",
          "dependencies": [
            "data.genesyscloud_routing_skill.z64"
          ]
        }
      ]
    },
    {
      "mode": "managed",
      "type": "genesyscloud_user",
      "name": "Workshop_user65",
      "provider": "provider[\"registry.terraform.io/mypurecloud/genesyscloud\"]",
      "instances": [
        {
          "schema_version": 1,
          "attributes": {
            "acd_auto_answer": false,
            "addresses": [],
            "certifications": [],
            "department": "",
            "division_id": "f2777e89-ef43-44f2-a570-e883729854ea",
            "email": "WShop65@genesystest.com",
            "employer_info": [],
            "id": "029ed269-b83c-4d04-ac3d-9e2be20aeeaa",
            "locations": [],
            "manager": "",
            "name": "Workshop User 65",
            "password": "DC45workshop!",
            "profile_skills": [],
            "routing_languages": [],
            "routing_skills": [
              {
                "proficiency": 4.5,
                "skill_id": "50420ddf-a631-4658-adcd-418c1ad824b3"
              }
            ],
            "routing_utilization": [],
            "state": "active",
            "title": ""
          },
          "sensitive_attributes": [],
          "private": "eyJzY2hlbWFfdmVyc2lvbiI6IjEifQ==",
          "dependencies": [
            "data.genesyscloud_routing_skill.z65"
          ]
        }
      ]
    },
    {
      "mode": "managed",
      "type": "genesyscloud_user",
      "name": "Workshop_user66",
      "provider": "provider[\"registry.terraform.io/mypurecloud/genesyscloud\"]",
      "instances": [
        {
          "schema_version": 1,
          "attributes": {
            "acd_auto_answer": false,
            "addresses": [],
            "certifications": [],
            "department": "",
            "division_id": "f2777e89-ef43-44f2-a570-e883729854ea",
            "email": "WShop66@genesystest.com",
            "employer_info": [],
            "id": "da614ab5-5ee5-41f6-96d5-3679e3feb969",
            "locations": [],
            "manager": "",
            "name": "Workshop User 66",
            "password": "DC45workshop!",
            "profile_skills": [],
            "routing_languages": [],
            "routing_skills": [
              {
                "proficiency": 4.5,
                "skill_id": "f9ce9896-bb5c-4e3b-9b28-f29108e55957"
              }
            ],
            "routing_utilization": [],
            "state": "active",
            "title": ""
          },
          "sensitive_attributes": [],
          "private": "eyJzY2hlbWFfdmVyc2lvbiI6IjEifQ==",
          "dependencies": [
            "data.genesyscloud_routing_skill.z66"
          ]
        }
      ]
    },
    {
      "mode": "managed",
      "type": "genesyscloud_user",
      "name": "Workshop_user67",
      "provider": "provider[\"registry.terraform.io/mypurecloud/genesyscloud\"]",
      "instances": [
        {
          "schema_version": 1,
          "attributes": {
            "acd_auto_answer": false,
            "addresses": [],
            "certifications": [],
            "department": "",
            "division_id": "f2777e89-ef43-44f2-a570-e883729854ea",
            "email": "WShop67@genesystest.com",
            "employer_info": [],
            "id": "c302123b-322c-4a8d-83fb-de0e40a64ee5",
            "locations": [],
            "manager": "",
            "name": "Workshop User 67",
            "password": "DC45workshop!",
            "profile_skills": [],
            "routing_languages": [],
            "routing_skills": [
              {
                "proficiency": 4.5,
                "skill_id": "b2b553b0-3ca3-4ce8-ae1b-f5d8f117e6fc"
              }
            ],
            "routing_utilization": [],
            "state": "active",
            "title": ""
          },
          "sensitive_attributes": [],
          "private": "eyJzY2hlbWFfdmVyc2lvbiI6IjEifQ==",
          "dependencies": [
            "data.genesyscloud_routing_skill.z67"
          ]
        }
      ]
    },
    {
      "mode": "managed",
      "type": "genesyscloud_user",
      "name": "Workshop_user68",
      "provider": "provider[\"registry.terraform.io/mypurecloud/genesyscloud\"]",
      "instances": [
        {
          "schema_version": 1,
          "attributes": {
            "acd_auto_answer": false,
            "addresses": [],
            "certifications": [],
            "department": "",
            "division_id": "f2777e89-ef43-44f2-a570-e883729854ea",
            "email": "WShop68@genesystest.com",
            "employer_info": [],
            "id": "69810fd2-e45d-4444-82ff-0a566fe8e3d3",
            "locations": [],
            "manager": "",
            "name": "Workshop User 68",
            "password": "DC45workshop!",
            "profile_skills": [],
            "routing_languages": [],
            "routing_skills": [
              {
                "proficiency": 4.5,
                "skill_id": "49ff0a2a-e3f0-46e4-9511-91d50a36982e"
              }
            ],
            "routing_utilization": [],
            "state": "active",
            "title": ""
          },
          "sensitive_attributes": [],
          "private": "eyJzY2hlbWFfdmVyc2lvbiI6IjEifQ==",
          "dependencies": [
            "data.genesyscloud_routing_skill.z68"
          ]
        }
      ]
    },
    {
      "mode": "managed",
      "type": "genesyscloud_user",
      "name": "Workshop_user69",
      "provider": "provider[\"registry.terraform.io/mypurecloud/genesyscloud\"]",
      "instances": [
        {
          "schema_version": 1,
          "attributes": {
            "acd_auto_answer": false,
            "addresses": [],
            "certifications": [],
            "department": "",
            "division_id": "f2777e89-ef43-44f2-a570-e883729854ea",
            "email": "WShop69@genesystest.com",
            "employer_info": [],
            "id": "2fe57d3a-5937-4438-b19c-5d6392890a15",
            "locations": [],
            "manager": "",
            "name": "Workshop User 69",
            "password": "DC45workshop!",
            "profile_skills": [],
            "routing_languages": [],
            "routing_skills": [
              {
                "proficiency": 4.5,
                "skill_id": "54ad549f-2d37-4c65-914a-94f52593ab8d"
              }
            ],
            "routing_utilization": [],
            "state": "active",
            "title": ""
          },
          "sensitive_attributes": [],
          "private": "eyJzY2hlbWFfdmVyc2lvbiI6IjEifQ==",
          "dependencies": [
            "data.genesyscloud_routing_skill.z69"
          ]
        }
      ]
    },
    {
      "mode": "managed",
      "type": "genesyscloud_user",
      "name": "Workshop_user7",
      "provider": "provider[\"registry.terraform.io/mypurecloud/genesyscloud\"]",
      "instances": [
        {
          "schema_version": 1,
          "attributes": {
            "acd_auto_answer": false,
            "addresses": [],
            "certifications": [],
            "department": "",
            "division_id": "f2777e89-ef43-44f2-a570-e883729854ea",
            "email": "WShop07@genesystest.com",
            "employer_info": [],
            "id": "87522443-9569-41fd-983c-bbf239f06d37",
            "locations": [],
            "manager": "",
            "name": "Workshop User 07",
            "password": "DC45workshop!",
            "profile_skills": [],
            "routing_languages": [],
            "routing_skills": [
              {
                "proficiency": 4.5,
                "skill_id": "2a915990-b7c8-4f78-b5f1-de48a9b0ae1c"
              }
            ],
            "routing_utilization": [],
            "state": "active",
            "title": ""
          },
          "sensitive_attributes": [],
          "private": "eyJzY2hlbWFfdmVyc2lvbiI6IjEifQ==",
          "dependencies": [
            "data.genesyscloud_routing_skill.z7"
          ]
        }
      ]
    },
    {
      "mode": "managed",
      "type": "genesyscloud_user",
      "name": "Workshop_user70",
      "provider": "provider[\"registry.terraform.io/mypurecloud/genesyscloud\"]",
      "instances": [
        {
          "schema_version": 1,
          "attributes": {
            "acd_auto_answer": false,
            "addresses": [],
            "certifications": [],
            "department": "",
            "division_id": "f2777e89-ef43-44f2-a570-e883729854ea",
            "email": "WShop70@genesystest.com",
            "employer_info": [],
            "id": "d9cee279-23bb-4b8d-ae45-b6c2cf9c59d8",
            "locations": [],
            "manager": "",
            "name": "Workshop User 70",
            "password": "DC45workshop!",
            "profile_skills": [],
            "routing_languages": [],
            "routing_skills": [
              {
                "proficiency": 4.5,
                "skill_id": "4ef2f0a2-9e81-4f00-b4e9-a5a9f73e0d47"
              }
            ],
            "routing_utilization": [],
            "state": "active",
            "title": ""
          },
          "sensitive_attributes": [],
          "private": "eyJzY2hlbWFfdmVyc2lvbiI6IjEifQ==",
          "dependencies": [
            "data.genesyscloud_routing_skill.z70"
          ]
        }
      ]
    },
    {
      "mode": "managed",
      "type": "genesyscloud_user",
      "name": "Workshop_user71",
      "provider": "provider[\"registry.terraform.io/mypurecloud/genesyscloud\"]",
      "instances": [
        {
          "schema_version": 1,
          "attributes": {
            "acd_auto_answer": false,
            "addresses": [],
            "certifications": [],
            "department": "",
            "division_id": "f2777e89-ef43-44f2-a570-e883729854ea",
            "email": "WShop71@genesystest.com",
            "employer_info": [],
            "id": "4e62b9ac-3dcf-4c16-b971-edbedec0b194",
            "locations": [],
            "manager": "",
            "name": "Workshop User 71",
            "password": "DC45workshop!",
            "profile_skills": [],
            "routing_languages": [],
            "routing_skills": [
              {
                "proficiency": 4.5,
                "skill_id": "3e724d89-678a-4fbe-9639-a6d0ad72ddbd"
              }
            ],
            "routing_utilization": [],
            "state": "active",
            "title": ""
          },
          "sensitive_attributes": [],
          "private": "eyJzY2hlbWFfdmVyc2lvbiI6IjEifQ==",
          "dependencies": [
            "data.genesyscloud_routing_skill.z71"
          ]
        }
      ]
    },
    {
      "mode": "managed",
      "type": "genesyscloud_user",
      "name": "Workshop_user72",
      "provider": "provider[\"registry.terraform.io/mypurecloud/genesyscloud\"]",
      "instances": [
        {
          "schema_version": 1,
          "attributes": {
            "acd_auto_answer": false,
            "addresses": [],
            "certifications": [],
            "department": "",
            "division_id": "f2777e89-ef43-44f2-a570-e883729854ea",
            "email": "WShop72@genesystest.com",
            "employer_info": [],
            "id": "926125a0-299f-4169-9ab7-4cb3eb97a358",
            "locations": [],
            "manager": "",
            "name": "Workshop User 72",
            "password": "DC45workshop!",
            "profile_skills": [],
            "routing_languages": [],
            "routing_skills": [
              {
                "proficiency": 4.5,
                "skill_id": "eaddd72b-e108-416e-b4ab-3e34cdaf1566"
              }
            ],
            "routing_utilization": [],
            "state": "active",
            "title": ""
          },
          "sensitive_attributes": [],
          "private": "eyJzY2hlbWFfdmVyc2lvbiI6IjEifQ==",
          "dependencies": [
            "data.genesyscloud_routing_skill.z72"
          ]
        }
      ]
    },
    {
      "mode": "managed",
      "type": "genesyscloud_user",
      "name": "Workshop_user73",
      "provider": "provider[\"registry.terraform.io/mypurecloud/genesyscloud\"]",
      "instances": [
        {
          "schema_version": 1,
          "attributes": {
            "acd_auto_answer": false,
            "addresses": [],
            "certifications": [],
            "department": "",
            "division_id": "f2777e89-ef43-44f2-a570-e883729854ea",
            "email": "WShop73@genesystest.com",
            "employer_info": [],
            "id": "0a62e36e-4fa8-42a0-9ed2-dce48b0a6128",
            "locations": [],
            "manager": "",
            "name": "Workshop User 73",
            "password": "DC45workshop!",
            "profile_skills": [],
            "routing_languages": [],
            "routing_skills": [
              {
                "proficiency": 4.5,
                "skill_id": "43ed2229-ea55-44e2-b961-31c66e080edf"
              }
            ],
            "routing_utilization": [],
            "state": "active",
            "title": ""
          },
          "sensitive_attributes": [],
          "private": "eyJzY2hlbWFfdmVyc2lvbiI6IjEifQ==",
          "dependencies": [
            "data.genesyscloud_routing_skill.z73"
          ]
        }
      ]
    },
    {
      "mode": "managed",
      "type": "genesyscloud_user",
      "name": "Workshop_user74",
      "provider": "provider[\"registry.terraform.io/mypurecloud/genesyscloud\"]",
      "instances": [
        {
          "schema_version": 1,
          "attributes": {
            "acd_auto_answer": false,
            "addresses": [],
            "certifications": [],
            "department": "",
            "division_id": "f2777e89-ef43-44f2-a570-e883729854ea",
            "email": "WShop74@genesystest.com",
            "employer_info": [],
            "id": "9afe2833-fbf4-4b81-9733-e7aa8cfe1e1f",
            "locations": [],
            "manager": "",
            "name": "Workshop User 74",
            "password": "DC45workshop!",
            "profile_skills": [],
            "routing_languages": [],
            "routing_skills": [
              {
                "proficiency": 4.5,
                "skill_id": "e0e5abfd-e67c-4e25-8381-d5515cbb92cd"
              }
            ],
            "routing_utilization": [],
            "state": "active",
            "title": ""
          },
          "sensitive_attributes": [],
          "private": "eyJzY2hlbWFfdmVyc2lvbiI6IjEifQ==",
          "dependencies": [
            "data.genesyscloud_routing_skill.z74"
          ]
        }
      ]
    },
    {
      "mode": "managed",
      "type": "genesyscloud_user",
      "name": "Workshop_user75",
      "provider": "provider[\"registry.terraform.io/mypurecloud/genesyscloud\"]",
      "instances": [
        {
          "schema_version": 1,
          "attributes": {
            "acd_auto_answer": false,
            "addresses": [],
            "certifications": [],
            "department": "",
            "division_id": "f2777e89-ef43-44f2-a570-e883729854ea",
            "email": "WShop75@genesystest.com",
            "employer_info": [],
            "id": "b697f2d4-de71-485e-8cc6-fe51eb34f00a",
            "locations": [],
            "manager": "",
            "name": "Workshop User 75",
            "password": "DC45workshop!",
            "profile_skills": [],
            "routing_languages": [],
            "routing_skills": [
              {
                "proficiency": 4.5,
                "skill_id": "134ae21c-4b56-4be9-a819-ca5bf3c7064a"
              }
            ],
            "routing_utilization": [],
            "state": "active",
            "title": ""
          },
          "sensitive_attributes": [],
          "private": "eyJzY2hlbWFfdmVyc2lvbiI6IjEifQ==",
          "dependencies": [
            "data.genesyscloud_routing_skill.z75"
          ]
        }
      ]
    },
    {
      "mode": "managed",
      "type": "genesyscloud_user",
      "name": "Workshop_user76",
      "provider": "provider[\"registry.terraform.io/mypurecloud/genesyscloud\"]",
      "instances": [
        {
          "schema_version": 1,
          "attributes": {
            "acd_auto_answer": false,
            "addresses": [],
            "certifications": [],
            "department": "",
            "division_id": "f2777e89-ef43-44f2-a570-e883729854ea",
            "email": "WShop76@genesystest.com",
            "employer_info": [],
            "id": "64301a71-946e-41d5-ae20-0b3bb37963bf",
            "locations": [],
            "manager": "",
            "name": "Workshop User 76",
            "password": "DC45workshop!",
            "profile_skills": [],
            "routing_languages": [],
            "routing_skills": [
              {
                "proficiency": 4.5,
                "skill_id": "4ce40d6c-7dd0-4b14-ad3e-52913542e591"
              }
            ],
            "routing_utilization": [],
            "state": "active",
            "title": ""
          },
          "sensitive_attributes": [],
          "private": "eyJzY2hlbWFfdmVyc2lvbiI6IjEifQ==",
          "dependencies": [
            "data.genesyscloud_routing_skill.z76"
          ]
        }
      ]
    },
    {
      "mode": "managed",
      "type": "genesyscloud_user",
      "name": "Workshop_user77",
      "provider": "provider[\"registry.terraform.io/mypurecloud/genesyscloud\"]",
      "instances": [
        {
          "schema_version": 1,
          "attributes": {
            "acd_auto_answer": false,
            "addresses": [],
            "certifications": [],
            "department": "",
            "division_id": "f2777e89-ef43-44f2-a570-e883729854ea",
            "email": "WShop77@genesystest.com",
            "employer_info": [],
            "id": "64b28376-e6cd-4ae1-8a5d-5300c19c2a1a",
            "locations": [],
            "manager": "",
            "name": "Workshop User 77",
            "password": "DC45workshop!",
            "profile_skills": [],
            "routing_languages": [],
            "routing_skills": [
              {
                "proficiency": 4.5,
                "skill_id": "718076c5-fce0-41b7-bc80-0e20fea972b7"
              }
            ],
            "routing_utilization": [],
            "state": "active",
            "title": ""
          },
          "sensitive_attributes": [],
          "private": "eyJzY2hlbWFfdmVyc2lvbiI6IjEifQ==",
          "dependencies": [
            "data.genesyscloud_routing_skill.z77"
          ]
        }
      ]
    },
    {
      "mode": "managed",
      "type": "genesyscloud_user",
      "name": "Workshop_user78",
      "provider": "provider[\"registry.terraform.io/mypurecloud/genesyscloud\"]",
      "instances": [
        {
          "schema_version": 1,
          "attributes": {
            "acd_auto_answer": false,
            "addresses": [],
            "certifications": [],
            "department": "",
            "division_id": "f2777e89-ef43-44f2-a570-e883729854ea",
            "email": "WShop78@genesystest.com",
            "employer_info": [],
            "id": "4bbcdf31-f404-4247-8a7b-a56a2411351a",
            "locations": [],
            "manager": "",
            "name": "Workshop User 78",
            "password": "DC45workshop!",
            "profile_skills": [],
            "routing_languages": [],
            "routing_skills": [
              {
                "proficiency": 4.5,
                "skill_id": "e31156a2-56c9-48c2-97a8-f4ff83098b65"
              }
            ],
            "routing_utilization": [],
            "state": "active",
            "title": ""
          },
          "sensitive_attributes": [],
          "private": "eyJzY2hlbWFfdmVyc2lvbiI6IjEifQ==",
          "dependencies": [
            "data.genesyscloud_routing_skill.z78"
          ]
        }
      ]
    },
    {
      "mode": "managed",
      "type": "genesyscloud_user",
      "name": "Workshop_user79",
      "provider": "provider[\"registry.terraform.io/mypurecloud/genesyscloud\"]",
      "instances": [
        {
          "schema_version": 1,
          "attributes": {
            "acd_auto_answer": false,
            "addresses": [],
            "certifications": [],
            "department": "",
            "division_id": "f2777e89-ef43-44f2-a570-e883729854ea",
            "email": "WShop79@genesystest.com",
            "employer_info": [],
            "id": "6387cefe-0592-4d95-a79f-8fcf62986590",
            "locations": [],
            "manager": "",
            "name": "Workshop User 79",
            "password": "DC45workshop!",
            "profile_skills": [],
            "routing_languages": [],
            "routing_skills": [
              {
                "proficiency": 4.5,
                "skill_id": "3e4e9bd3-f1a3-4d93-9c9d-d9c20401aed1"
              }
            ],
            "routing_utilization": [],
            "state": "active",
            "title": ""
          },
          "sensitive_attributes": [],
          "private": "eyJzY2hlbWFfdmVyc2lvbiI6IjEifQ==",
          "dependencies": [
            "data.genesyscloud_routing_skill.z79"
          ]
        }
      ]
    },
    {
      "mode": "managed",
      "type": "genesyscloud_user",
      "name": "Workshop_user8",
      "provider": "provider[\"registry.terraform.io/mypurecloud/genesyscloud\"]",
      "instances": [
        {
          "schema_version": 1,
          "attributes": {
            "acd_auto_answer": false,
            "addresses": [],
            "certifications": [],
            "department": "",
            "division_id": "f2777e89-ef43-44f2-a570-e883729854ea",
            "email": "WShop08@genesystest.com",
            "employer_info": [],
            "id": "15e72bfe-a55f-448e-9929-ec58508d5372",
            "locations": [],
            "manager": "",
            "name": "Workshop User 08",
            "password": "DC45workshop!",
            "profile_skills": [],
            "routing_languages": [],
            "routing_skills": [
              {
                "proficiency": 4.5,
                "skill_id": "721eaba0-a6dc-4575-8acf-5395ea9dfc2d"
              }
            ],
            "routing_utilization": [],
            "state": "active",
            "title": ""
          },
          "sensitive_attributes": [],
          "private": "eyJzY2hlbWFfdmVyc2lvbiI6IjEifQ==",
          "dependencies": [
            "data.genesyscloud_routing_skill.z8"
          ]
        }
      ]
    },
    {
      "mode": "managed",
      "type": "genesyscloud_user",
      "name": "Workshop_user80",
      "provider": "provider[\"registry.terraform.io/mypurecloud/genesyscloud\"]",
      "instances": [
        {
          "schema_version": 1,
          "attributes": {
            "acd_auto_answer": false,
            "addresses": [],
            "certifications": [],
            "department": "",
            "division_id": "f2777e89-ef43-44f2-a570-e883729854ea",
            "email": "WShop80@genesystest.com",
            "employer_info": [],
            "id": "1e663518-0cdb-42a1-a208-bf210ea369ee",
            "locations": [],
            "manager": "",
            "name": "Workshop User 80",
            "password": "DC45workshop!",
            "profile_skills": [],
            "routing_languages": [],
            "routing_skills": [
              {
                "proficiency": 4.5,
                "skill_id": "e487a3be-91ab-416f-b45c-4fb5036232aa"
              }
            ],
            "routing_utilization": [],
            "state": "active",
            "title": ""
          },
          "sensitive_attributes": [],
          "private": "eyJzY2hlbWFfdmVyc2lvbiI6IjEifQ==",
          "dependencies": [
            "data.genesyscloud_routing_skill.z80"
          ]
        }
      ]
    },
    {
      "mode": "managed",
      "type": "genesyscloud_user",
      "name": "Workshop_user9",
      "provider": "provider[\"registry.terraform.io/mypurecloud/genesyscloud\"]",
      "instances": [
        {
          "schema_version": 1,
          "attributes": {
            "acd_auto_answer": false,
            "addresses": [],
            "certifications": [],
            "department": "",
            "division_id": "f2777e89-ef43-44f2-a570-e883729854ea",
            "email": "WShop09@genesystest.com",
            "employer_info": [],
            "id": "c1e7359e-695d-4867-8d7f-6d15136de39a",
            "locations": [],
            "manager": "",
            "name": "Workshop User 09",
            "password": "DC45workshop!",
            "profile_skills": [],
            "routing_languages": [],
            "routing_skills": [
              {
                "proficiency": 4.5,
                "skill_id": "b52f050c-4bff-494f-a9c5-0ab4c16e3db1"
              }
            ],
            "routing_utilization": [],
            "state": "active",
            "title": ""
          },
          "sensitive_attributes": [],
          "private": "eyJzY2hlbWFfdmVyc2lvbiI6IjEifQ==",
          "dependencies": [
            "data.genesyscloud_routing_skill.z9"
          ]
        }
      ]
    },
    {
      "mode": "managed",
      "type": "genesyscloud_user_roles",
      "name": "Workshoproles_user1",
      "provider": "provider[\"registry.terraform.io/mypurecloud/genesyscloud\"]",
      "instances": [
        {
          "schema_version": 1,
          "attributes": {
            "id": "5c8e2f0f-fa2f-4510-bfcc-90a759f506d5",
            "roles": [
              {
                "division_ids": [
                  "f2777e89-ef43-44f2-a570-e883729854ea"
                ],
                "role_id": "05c2fe4c-0312-4598-8148-a96eb2c15b5d"
              },
              {
                "division_ids": [
                  "f2777e89-ef43-44f2-a570-e883729854ea"
                ],
                "role_id": "380f8746-2e13-46d2-b91d-411cd8595468"
              },
              {
                "division_ids": [
                  "f2777e89-ef43-44f2-a570-e883729854ea"
                ],
                "role_id": "8fd2b585-45c8-43a8-a378-882d923b4dac"
              },
              {
                "division_ids": [
                  "f2777e89-ef43-44f2-a570-e883729854ea"
                ],
                "role_id": "b746f6cf-573e-4354-9276-265d66cb816e"
              },
              {
                "division_ids": [
                  "f2777e89-ef43-44f2-a570-e883729854ea"
                ],
                "role_id": "d40e93b6-a0c4-48f0-907f-1939a5c05f99"
              },
              {
                "division_ids": [
                  "f2777e89-ef43-44f2-a570-e883729854ea"
                ],
                "role_id": "dd8950a6-1e3c-46e1-b774-ab0f50a5ecb2"
              },
              {
                "division_ids": [
                  "f2777e89-ef43-44f2-a570-e883729854ea"
                ],
                "role_id": "ec850d7b-d45e-4e1c-a419-1cd3fc771649"
              }
            ],
            "user_id": "5c8e2f0f-fa2f-4510-bfcc-90a759f506d5"
          },
          "sensitive_attributes": [],
          "private": "eyJzY2hlbWFfdmVyc2lvbiI6IjEifQ==",
          "dependencies": [
            "data.genesyscloud_auth_role.AgentAssist",
            "data.genesyscloud_auth_role.Developer",
            "data.genesyscloud_auth_role.GenesysCloudVoiceAdmin",
            "data.genesyscloud_auth_role.MasterAdmin",
            "data.genesyscloud_auth_role.Terraform_user",
            "data.genesyscloud_auth_role.admin",
            "data.genesyscloud_auth_role.employee",
            "data.genesyscloud_routing_skill.z1",
            "genesyscloud_user.Workshop_user1"
          ]
        }
      ]
    },
    {
      "mode": "managed",
      "type": "genesyscloud_user_roles",
      "name": "Workshoproles_user10",
      "provider": "provider[\"registry.terraform.io/mypurecloud/genesyscloud\"]",
      "instances": [
        {
          "schema_version": 1,
          "attributes": {
            "id": "4be80e1b-1f6d-47f8-a31b-2fb0692017e3",
            "roles": [
              {
                "division_ids": [
                  "f2777e89-ef43-44f2-a570-e883729854ea"
                ],
                "role_id": "05c2fe4c-0312-4598-8148-a96eb2c15b5d"
              },
              {
                "division_ids": [
                  "f2777e89-ef43-44f2-a570-e883729854ea"
                ],
                "role_id": "380f8746-2e13-46d2-b91d-411cd8595468"
              },
              {
                "division_ids": [
                  "f2777e89-ef43-44f2-a570-e883729854ea"
                ],
                "role_id": "8fd2b585-45c8-43a8-a378-882d923b4dac"
              },
              {
                "division_ids": [
                  "f2777e89-ef43-44f2-a570-e883729854ea"
                ],
                "role_id": "b746f6cf-573e-4354-9276-265d66cb816e"
              },
              {
                "division_ids": [
                  "f2777e89-ef43-44f2-a570-e883729854ea"
                ],
                "role_id": "d40e93b6-a0c4-48f0-907f-1939a5c05f99"
              },
              {
                "division_ids": [
                  "f2777e89-ef43-44f2-a570-e883729854ea"
                ],
                "role_id": "dd8950a6-1e3c-46e1-b774-ab0f50a5ecb2"
              },
              {
                "division_ids": [
                  "f2777e89-ef43-44f2-a570-e883729854ea"
                ],
                "role_id": "ec850d7b-d45e-4e1c-a419-1cd3fc771649"
              }
            ],
            "user_id": "4be80e1b-1f6d-47f8-a31b-2fb0692017e3"
          },
          "sensitive_attributes": [],
          "private": "eyJzY2hlbWFfdmVyc2lvbiI6IjEifQ==",
          "dependencies": [
            "data.genesyscloud_auth_role.AgentAssist",
            "data.genesyscloud_auth_role.Developer",
            "data.genesyscloud_auth_role.GenesysCloudVoiceAdmin",
            "data.genesyscloud_auth_role.MasterAdmin",
            "data.genesyscloud_auth_role.Terraform_user",
            "data.genesyscloud_auth_role.admin",
            "data.genesyscloud_auth_role.employee",
            "data.genesyscloud_routing_skill.z10",
            "genesyscloud_user.Workshop_user10"
          ]
        }
      ]
    },
    {
      "mode": "managed",
      "type": "genesyscloud_user_roles",
      "name": "Workshoproles_user11",
      "provider": "provider[\"registry.terraform.io/mypurecloud/genesyscloud\"]",
      "instances": [
        {
          "schema_version": 1,
          "attributes": {
            "id": "aba483a3-1efb-4c41-80fb-f4c67339f8e6",
            "roles": [
              {
                "division_ids": [
                  "f2777e89-ef43-44f2-a570-e883729854ea"
                ],
                "role_id": "05c2fe4c-0312-4598-8148-a96eb2c15b5d"
              },
              {
                "division_ids": [
                  "f2777e89-ef43-44f2-a570-e883729854ea"
                ],
                "role_id": "380f8746-2e13-46d2-b91d-411cd8595468"
              },
              {
                "division_ids": [
                  "f2777e89-ef43-44f2-a570-e883729854ea"
                ],
                "role_id": "8fd2b585-45c8-43a8-a378-882d923b4dac"
              },
              {
                "division_ids": [
                  "f2777e89-ef43-44f2-a570-e883729854ea"
                ],
                "role_id": "b746f6cf-573e-4354-9276-265d66cb816e"
              },
              {
                "division_ids": [
                  "f2777e89-ef43-44f2-a570-e883729854ea"
                ],
                "role_id": "d40e93b6-a0c4-48f0-907f-1939a5c05f99"
              },
              {
                "division_ids": [
                  "f2777e89-ef43-44f2-a570-e883729854ea"
                ],
                "role_id": "dd8950a6-1e3c-46e1-b774-ab0f50a5ecb2"
              },
              {
                "division_ids": [
                  "f2777e89-ef43-44f2-a570-e883729854ea"
                ],
                "role_id": "ec850d7b-d45e-4e1c-a419-1cd3fc771649"
              }
            ],
            "user_id": "aba483a3-1efb-4c41-80fb-f4c67339f8e6"
          },
          "sensitive_attributes": [],
          "private": "eyJzY2hlbWFfdmVyc2lvbiI6IjEifQ==",
          "dependencies": [
            "data.genesyscloud_auth_role.AgentAssist",
            "data.genesyscloud_auth_role.Developer",
            "data.genesyscloud_auth_role.GenesysCloudVoiceAdmin",
            "data.genesyscloud_auth_role.MasterAdmin",
            "data.genesyscloud_auth_role.Terraform_user",
            "data.genesyscloud_auth_role.admin",
            "data.genesyscloud_auth_role.employee",
            "data.genesyscloud_routing_skill.z11",
            "genesyscloud_user.Workshop_user11"
          ]
        }
      ]
    },
    {
      "mode": "managed",
      "type": "genesyscloud_user_roles",
      "name": "Workshoproles_user12",
      "provider": "provider[\"registry.terraform.io/mypurecloud/genesyscloud\"]",
      "instances": [
        {
          "schema_version": 1,
          "attributes": {
            "id": "fb449095-c94d-4d18-9123-7a6d4c720770",
            "roles": [
              {
                "division_ids": [
                  "f2777e89-ef43-44f2-a570-e883729854ea"
                ],
                "role_id": "05c2fe4c-0312-4598-8148-a96eb2c15b5d"
              },
              {
                "division_ids": [
                  "f2777e89-ef43-44f2-a570-e883729854ea"
                ],
                "role_id": "380f8746-2e13-46d2-b91d-411cd8595468"
              },
              {
                "division_ids": [
                  "f2777e89-ef43-44f2-a570-e883729854ea"
                ],
                "role_id": "8fd2b585-45c8-43a8-a378-882d923b4dac"
              },
              {
                "division_ids": [
                  "f2777e89-ef43-44f2-a570-e883729854ea"
                ],
                "role_id": "b746f6cf-573e-4354-9276-265d66cb816e"
              },
              {
                "division_ids": [
                  "f2777e89-ef43-44f2-a570-e883729854ea"
                ],
                "role_id": "d40e93b6-a0c4-48f0-907f-1939a5c05f99"
              },
              {
                "division_ids": [
                  "f2777e89-ef43-44f2-a570-e883729854ea"
                ],
                "role_id": "dd8950a6-1e3c-46e1-b774-ab0f50a5ecb2"
              },
              {
                "division_ids": [
                  "f2777e89-ef43-44f2-a570-e883729854ea"
                ],
                "role_id": "ec850d7b-d45e-4e1c-a419-1cd3fc771649"
              }
            ],
            "user_id": "fb449095-c94d-4d18-9123-7a6d4c720770"
          },
          "sensitive_attributes": [],
          "private": "eyJzY2hlbWFfdmVyc2lvbiI6IjEifQ==",
          "dependencies": [
            "data.genesyscloud_auth_role.AgentAssist",
            "data.genesyscloud_auth_role.Developer",
            "data.genesyscloud_auth_role.GenesysCloudVoiceAdmin",
            "data.genesyscloud_auth_role.MasterAdmin",
            "data.genesyscloud_auth_role.Terraform_user",
            "data.genesyscloud_auth_role.admin",
            "data.genesyscloud_auth_role.employee",
            "data.genesyscloud_routing_skill.z12",
            "genesyscloud_user.Workshop_user12"
          ]
        }
      ]
    },
    {
      "mode": "managed",
      "type": "genesyscloud_user_roles",
      "name": "Workshoproles_user13",
      "provider": "provider[\"registry.terraform.io/mypurecloud/genesyscloud\"]",
      "instances": [
        {
          "schema_version": 1,
          "attributes": {
            "id": "a1e4ab8c-b4bb-4b64-a68a-a2d6f8556e6f",
            "roles": [
              {
                "division_ids": [
                  "f2777e89-ef43-44f2-a570-e883729854ea"
                ],
                "role_id": "05c2fe4c-0312-4598-8148-a96eb2c15b5d"
              },
              {
                "division_ids": [
                  "f2777e89-ef43-44f2-a570-e883729854ea"
                ],
                "role_id": "380f8746-2e13-46d2-b91d-411cd8595468"
              },
              {
                "division_ids": [
                  "f2777e89-ef43-44f2-a570-e883729854ea"
                ],
                "role_id": "8fd2b585-45c8-43a8-a378-882d923b4dac"
              },
              {
                "division_ids": [
                  "f2777e89-ef43-44f2-a570-e883729854ea"
                ],
                "role_id": "b746f6cf-573e-4354-9276-265d66cb816e"
              },
              {
                "division_ids": [
                  "f2777e89-ef43-44f2-a570-e883729854ea"
                ],
                "role_id": "d40e93b6-a0c4-48f0-907f-1939a5c05f99"
              },
              {
                "division_ids": [
                  "f2777e89-ef43-44f2-a570-e883729854ea"
                ],
                "role_id": "dd8950a6-1e3c-46e1-b774-ab0f50a5ecb2"
              },
              {
                "division_ids": [
                  "f2777e89-ef43-44f2-a570-e883729854ea"
                ],
                "role_id": "ec850d7b-d45e-4e1c-a419-1cd3fc771649"
              }
            ],
            "user_id": "a1e4ab8c-b4bb-4b64-a68a-a2d6f8556e6f"
          },
          "sensitive_attributes": [],
          "private": "eyJzY2hlbWFfdmVyc2lvbiI6IjEifQ==",
          "dependencies": [
            "data.genesyscloud_auth_role.AgentAssist",
            "data.genesyscloud_auth_role.Developer",
            "data.genesyscloud_auth_role.GenesysCloudVoiceAdmin",
            "data.genesyscloud_auth_role.MasterAdmin",
            "data.genesyscloud_auth_role.Terraform_user",
            "data.genesyscloud_auth_role.admin",
            "data.genesyscloud_auth_role.employee",
            "data.genesyscloud_routing_skill.z13",
            "genesyscloud_user.Workshop_user13"
          ]
        }
      ]
    },
    {
      "mode": "managed",
      "type": "genesyscloud_user_roles",
      "name": "Workshoproles_user14",
      "provider": "provider[\"registry.terraform.io/mypurecloud/genesyscloud\"]",
      "instances": [
        {
          "schema_version": 1,
          "attributes": {
            "id": "daf9802e-f959-4f53-bae7-db6a0e2ea137",
            "roles": [
              {
                "division_ids": [
                  "f2777e89-ef43-44f2-a570-e883729854ea"
                ],
                "role_id": "05c2fe4c-0312-4598-8148-a96eb2c15b5d"
              },
              {
                "division_ids": [
                  "f2777e89-ef43-44f2-a570-e883729854ea"
                ],
                "role_id": "380f8746-2e13-46d2-b91d-411cd8595468"
              },
              {
                "division_ids": [
                  "f2777e89-ef43-44f2-a570-e883729854ea"
                ],
                "role_id": "8fd2b585-45c8-43a8-a378-882d923b4dac"
              },
              {
                "division_ids": [
                  "f2777e89-ef43-44f2-a570-e883729854ea"
                ],
                "role_id": "b746f6cf-573e-4354-9276-265d66cb816e"
              },
              {
                "division_ids": [
                  "f2777e89-ef43-44f2-a570-e883729854ea"
                ],
                "role_id": "d40e93b6-a0c4-48f0-907f-1939a5c05f99"
              },
              {
                "division_ids": [
                  "f2777e89-ef43-44f2-a570-e883729854ea"
                ],
                "role_id": "dd8950a6-1e3c-46e1-b774-ab0f50a5ecb2"
              },
              {
                "division_ids": [
                  "f2777e89-ef43-44f2-a570-e883729854ea"
                ],
                "role_id": "ec850d7b-d45e-4e1c-a419-1cd3fc771649"
              }
            ],
            "user_id": "daf9802e-f959-4f53-bae7-db6a0e2ea137"
          },
          "sensitive_attributes": [],
          "private": "eyJzY2hlbWFfdmVyc2lvbiI6IjEifQ==",
          "dependencies": [
            "data.genesyscloud_auth_role.AgentAssist",
            "data.genesyscloud_auth_role.Developer",
            "data.genesyscloud_auth_role.GenesysCloudVoiceAdmin",
            "data.genesyscloud_auth_role.MasterAdmin",
            "data.genesyscloud_auth_role.Terraform_user",
            "data.genesyscloud_auth_role.admin",
            "data.genesyscloud_auth_role.employee",
            "data.genesyscloud_routing_skill.z14",
            "genesyscloud_user.Workshop_user14"
          ]
        }
      ]
    },
    {
      "mode": "managed",
      "type": "genesyscloud_user_roles",
      "name": "Workshoproles_user15",
      "provider": "provider[\"registry.terraform.io/mypurecloud/genesyscloud\"]",
      "instances": [
        {
          "schema_version": 1,
          "attributes": {
            "id": "1ea4a699-a03f-4ca1-8f55-df8b50e8be88",
            "roles": [
              {
                "division_ids": [
                  "f2777e89-ef43-44f2-a570-e883729854ea"
                ],
                "role_id": "05c2fe4c-0312-4598-8148-a96eb2c15b5d"
              },
              {
                "division_ids": [
                  "f2777e89-ef43-44f2-a570-e883729854ea"
                ],
                "role_id": "380f8746-2e13-46d2-b91d-411cd8595468"
              },
              {
                "division_ids": [
                  "f2777e89-ef43-44f2-a570-e883729854ea"
                ],
                "role_id": "8fd2b585-45c8-43a8-a378-882d923b4dac"
              },
              {
                "division_ids": [
                  "f2777e89-ef43-44f2-a570-e883729854ea"
                ],
                "role_id": "b746f6cf-573e-4354-9276-265d66cb816e"
              },
              {
                "division_ids": [
                  "f2777e89-ef43-44f2-a570-e883729854ea"
                ],
                "role_id": "d40e93b6-a0c4-48f0-907f-1939a5c05f99"
              },
              {
                "division_ids": [
                  "f2777e89-ef43-44f2-a570-e883729854ea"
                ],
                "role_id": "dd8950a6-1e3c-46e1-b774-ab0f50a5ecb2"
              },
              {
                "division_ids": [
                  "f2777e89-ef43-44f2-a570-e883729854ea"
                ],
                "role_id": "ec850d7b-d45e-4e1c-a419-1cd3fc771649"
              }
            ],
            "user_id": "1ea4a699-a03f-4ca1-8f55-df8b50e8be88"
          },
          "sensitive_attributes": [],
          "private": "eyJzY2hlbWFfdmVyc2lvbiI6IjEifQ==",
          "dependencies": [
            "data.genesyscloud_auth_role.AgentAssist",
            "data.genesyscloud_auth_role.Developer",
            "data.genesyscloud_auth_role.GenesysCloudVoiceAdmin",
            "data.genesyscloud_auth_role.MasterAdmin",
            "data.genesyscloud_auth_role.Terraform_user",
            "data.genesyscloud_auth_role.admin",
            "data.genesyscloud_auth_role.employee",
            "data.genesyscloud_routing_skill.z15",
            "genesyscloud_user.Workshop_user15"
          ]
        }
      ]
    },
    {
      "mode": "managed",
      "type": "genesyscloud_user_roles",
      "name": "Workshoproles_user16",
      "provider": "provider[\"registry.terraform.io/mypurecloud/genesyscloud\"]",
      "instances": [
        {
          "schema_version": 1,
          "attributes": {
            "id": "11056efb-1308-44e5-bb57-6e35ac136143",
            "roles": [
              {
                "division_ids": [
                  "f2777e89-ef43-44f2-a570-e883729854ea"
                ],
                "role_id": "05c2fe4c-0312-4598-8148-a96eb2c15b5d"
              },
              {
                "division_ids": [
                  "f2777e89-ef43-44f2-a570-e883729854ea"
                ],
                "role_id": "380f8746-2e13-46d2-b91d-411cd8595468"
              },
              {
                "division_ids": [
                  "f2777e89-ef43-44f2-a570-e883729854ea"
                ],
                "role_id": "8fd2b585-45c8-43a8-a378-882d923b4dac"
              },
              {
                "division_ids": [
                  "f2777e89-ef43-44f2-a570-e883729854ea"
                ],
                "role_id": "b746f6cf-573e-4354-9276-265d66cb816e"
              },
              {
                "division_ids": [
                  "f2777e89-ef43-44f2-a570-e883729854ea"
                ],
                "role_id": "d40e93b6-a0c4-48f0-907f-1939a5c05f99"
              },
              {
                "division_ids": [
                  "f2777e89-ef43-44f2-a570-e883729854ea"
                ],
                "role_id": "dd8950a6-1e3c-46e1-b774-ab0f50a5ecb2"
              },
              {
                "division_ids": [
                  "f2777e89-ef43-44f2-a570-e883729854ea"
                ],
                "role_id": "ec850d7b-d45e-4e1c-a419-1cd3fc771649"
              }
            ],
            "user_id": "11056efb-1308-44e5-bb57-6e35ac136143"
          },
          "sensitive_attributes": [],
          "private": "eyJzY2hlbWFfdmVyc2lvbiI6IjEifQ==",
          "dependencies": [
            "data.genesyscloud_auth_role.AgentAssist",
            "data.genesyscloud_auth_role.Developer",
            "data.genesyscloud_auth_role.GenesysCloudVoiceAdmin",
            "data.genesyscloud_auth_role.MasterAdmin",
            "data.genesyscloud_auth_role.Terraform_user",
            "data.genesyscloud_auth_role.admin",
            "data.genesyscloud_auth_role.employee",
            "data.genesyscloud_routing_skill.z16",
            "genesyscloud_user.Workshop_user16"
          ]
        }
      ]
    },
    {
      "mode": "managed",
      "type": "genesyscloud_user_roles",
      "name": "Workshoproles_user17",
      "provider": "provider[\"registry.terraform.io/mypurecloud/genesyscloud\"]",
      "instances": [
        {
          "schema_version": 1,
          "attributes": {
            "id": "2d20e6b3-677d-4ccd-951e-eca828a28ac8",
            "roles": [
              {
                "division_ids": [
                  "f2777e89-ef43-44f2-a570-e883729854ea"
                ],
                "role_id": "05c2fe4c-0312-4598-8148-a96eb2c15b5d"
              },
              {
                "division_ids": [
                  "f2777e89-ef43-44f2-a570-e883729854ea"
                ],
                "role_id": "380f8746-2e13-46d2-b91d-411cd8595468"
              },
              {
                "division_ids": [
                  "f2777e89-ef43-44f2-a570-e883729854ea"
                ],
                "role_id": "8fd2b585-45c8-43a8-a378-882d923b4dac"
              },
              {
                "division_ids": [
                  "f2777e89-ef43-44f2-a570-e883729854ea"
                ],
                "role_id": "b746f6cf-573e-4354-9276-265d66cb816e"
              },
              {
                "division_ids": [
                  "f2777e89-ef43-44f2-a570-e883729854ea"
                ],
                "role_id": "d40e93b6-a0c4-48f0-907f-1939a5c05f99"
              },
              {
                "division_ids": [
                  "f2777e89-ef43-44f2-a570-e883729854ea"
                ],
                "role_id": "dd8950a6-1e3c-46e1-b774-ab0f50a5ecb2"
              },
              {
                "division_ids": [
                  "f2777e89-ef43-44f2-a570-e883729854ea"
                ],
                "role_id": "ec850d7b-d45e-4e1c-a419-1cd3fc771649"
              }
            ],
            "user_id": "2d20e6b3-677d-4ccd-951e-eca828a28ac8"
          },
          "sensitive_attributes": [],
          "private": "eyJzY2hlbWFfdmVyc2lvbiI6IjEifQ==",
          "dependencies": [
            "data.genesyscloud_auth_role.AgentAssist",
            "data.genesyscloud_auth_role.Developer",
            "data.genesyscloud_auth_role.GenesysCloudVoiceAdmin",
            "data.genesyscloud_auth_role.MasterAdmin",
            "data.genesyscloud_auth_role.Terraform_user",
            "data.genesyscloud_auth_role.admin",
            "data.genesyscloud_auth_role.employee",
            "data.genesyscloud_routing_skill.z17",
            "genesyscloud_user.Workshop_user17"
          ]
        }
      ]
    },
    {
      "mode": "managed",
      "type": "genesyscloud_user_roles",
      "name": "Workshoproles_user18",
      "provider": "provider[\"registry.terraform.io/mypurecloud/genesyscloud\"]",
      "instances": [
        {
          "schema_version": 1,
          "attributes": {
            "id": "9e89e1cd-ed11-4f84-890d-c81662f6a6da",
            "roles": [
              {
                "division_ids": [
                  "f2777e89-ef43-44f2-a570-e883729854ea"
                ],
                "role_id": "05c2fe4c-0312-4598-8148-a96eb2c15b5d"
              },
              {
                "division_ids": [
                  "f2777e89-ef43-44f2-a570-e883729854ea"
                ],
                "role_id": "380f8746-2e13-46d2-b91d-411cd8595468"
              },
              {
                "division_ids": [
                  "f2777e89-ef43-44f2-a570-e883729854ea"
                ],
                "role_id": "8fd2b585-45c8-43a8-a378-882d923b4dac"
              },
              {
                "division_ids": [
                  "f2777e89-ef43-44f2-a570-e883729854ea"
                ],
                "role_id": "b746f6cf-573e-4354-9276-265d66cb816e"
              },
              {
                "division_ids": [
                  "f2777e89-ef43-44f2-a570-e883729854ea"
                ],
                "role_id": "d40e93b6-a0c4-48f0-907f-1939a5c05f99"
              },
              {
                "division_ids": [
                  "f2777e89-ef43-44f2-a570-e883729854ea"
                ],
                "role_id": "dd8950a6-1e3c-46e1-b774-ab0f50a5ecb2"
              },
              {
                "division_ids": [
                  "f2777e89-ef43-44f2-a570-e883729854ea"
                ],
                "role_id": "ec850d7b-d45e-4e1c-a419-1cd3fc771649"
              }
            ],
            "user_id": "9e89e1cd-ed11-4f84-890d-c81662f6a6da"
          },
          "sensitive_attributes": [],
          "private": "eyJzY2hlbWFfdmVyc2lvbiI6IjEifQ==",
          "dependencies": [
            "data.genesyscloud_auth_role.AgentAssist",
            "data.genesyscloud_auth_role.Developer",
            "data.genesyscloud_auth_role.GenesysCloudVoiceAdmin",
            "data.genesyscloud_auth_role.MasterAdmin",
            "data.genesyscloud_auth_role.Terraform_user",
            "data.genesyscloud_auth_role.admin",
            "data.genesyscloud_auth_role.employee",
            "data.genesyscloud_routing_skill.z18",
            "genesyscloud_user.Workshop_user18"
          ]
        }
      ]
    },
    {
      "mode": "managed",
      "type": "genesyscloud_user_roles",
      "name": "Workshoproles_user19",
      "provider": "provider[\"registry.terraform.io/mypurecloud/genesyscloud\"]",
      "instances": [
        {
          "schema_version": 1,
          "attributes": {
            "id": "829185aa-7328-4ef0-ab58-6db08e28415c",
            "roles": [
              {
                "division_ids": [
                  "f2777e89-ef43-44f2-a570-e883729854ea"
                ],
                "role_id": "05c2fe4c-0312-4598-8148-a96eb2c15b5d"
              },
              {
                "division_ids": [
                  "f2777e89-ef43-44f2-a570-e883729854ea"
                ],
                "role_id": "380f8746-2e13-46d2-b91d-411cd8595468"
              },
              {
                "division_ids": [
                  "f2777e89-ef43-44f2-a570-e883729854ea"
                ],
                "role_id": "8fd2b585-45c8-43a8-a378-882d923b4dac"
              },
              {
                "division_ids": [
                  "f2777e89-ef43-44f2-a570-e883729854ea"
                ],
                "role_id": "b746f6cf-573e-4354-9276-265d66cb816e"
              },
              {
                "division_ids": [
                  "f2777e89-ef43-44f2-a570-e883729854ea"
                ],
                "role_id": "d40e93b6-a0c4-48f0-907f-1939a5c05f99"
              },
              {
                "division_ids": [
                  "f2777e89-ef43-44f2-a570-e883729854ea"
                ],
                "role_id": "dd8950a6-1e3c-46e1-b774-ab0f50a5ecb2"
              },
              {
                "division_ids": [
                  "f2777e89-ef43-44f2-a570-e883729854ea"
                ],
                "role_id": "ec850d7b-d45e-4e1c-a419-1cd3fc771649"
              }
            ],
            "user_id": "829185aa-7328-4ef0-ab58-6db08e28415c"
          },
          "sensitive_attributes": [],
          "private": "eyJzY2hlbWFfdmVyc2lvbiI6IjEifQ==",
          "dependencies": [
            "data.genesyscloud_auth_role.AgentAssist",
            "data.genesyscloud_auth_role.Developer",
            "data.genesyscloud_auth_role.GenesysCloudVoiceAdmin",
            "data.genesyscloud_auth_role.MasterAdmin",
            "data.genesyscloud_auth_role.Terraform_user",
            "data.genesyscloud_auth_role.admin",
            "data.genesyscloud_auth_role.employee",
            "data.genesyscloud_routing_skill.z19",
            "genesyscloud_user.Workshop_user19"
          ]
        }
      ]
    },
    {
      "mode": "managed",
      "type": "genesyscloud_user_roles",
      "name": "Workshoproles_user2",
      "provider": "provider[\"registry.terraform.io/mypurecloud/genesyscloud\"]",
      "instances": [
        {
          "schema_version": 1,
          "attributes": {
            "id": "164e6f62-6777-4933-b513-b656598e10e4",
            "roles": [
              {
                "division_ids": [
                  "f2777e89-ef43-44f2-a570-e883729854ea"
                ],
                "role_id": "05c2fe4c-0312-4598-8148-a96eb2c15b5d"
              },
              {
                "division_ids": [
                  "f2777e89-ef43-44f2-a570-e883729854ea"
                ],
                "role_id": "380f8746-2e13-46d2-b91d-411cd8595468"
              },
              {
                "division_ids": [
                  "f2777e89-ef43-44f2-a570-e883729854ea"
                ],
                "role_id": "8fd2b585-45c8-43a8-a378-882d923b4dac"
              },
              {
                "division_ids": [
                  "f2777e89-ef43-44f2-a570-e883729854ea"
                ],
                "role_id": "b746f6cf-573e-4354-9276-265d66cb816e"
              },
              {
                "division_ids": [
                  "f2777e89-ef43-44f2-a570-e883729854ea"
                ],
                "role_id": "d40e93b6-a0c4-48f0-907f-1939a5c05f99"
              },
              {
                "division_ids": [
                  "f2777e89-ef43-44f2-a570-e883729854ea"
                ],
                "role_id": "dd8950a6-1e3c-46e1-b774-ab0f50a5ecb2"
              },
              {
                "division_ids": [
                  "f2777e89-ef43-44f2-a570-e883729854ea"
                ],
                "role_id": "ec850d7b-d45e-4e1c-a419-1cd3fc771649"
              }
            ],
            "user_id": "164e6f62-6777-4933-b513-b656598e10e4"
          },
          "sensitive_attributes": [],
          "private": "eyJzY2hlbWFfdmVyc2lvbiI6IjEifQ==",
          "dependencies": [
            "data.genesyscloud_auth_role.AgentAssist",
            "data.genesyscloud_auth_role.Developer",
            "data.genesyscloud_auth_role.GenesysCloudVoiceAdmin",
            "data.genesyscloud_auth_role.MasterAdmin",
            "data.genesyscloud_auth_role.Terraform_user",
            "data.genesyscloud_auth_role.admin",
            "data.genesyscloud_auth_role.employee",
            "data.genesyscloud_routing_skill.z2",
            "genesyscloud_user.Workshop_user2"
          ]
        }
      ]
    },
    {
      "mode": "managed",
      "type": "genesyscloud_user_roles",
      "name": "Workshoproles_user20",
      "provider": "provider[\"registry.terraform.io/mypurecloud/genesyscloud\"]",
      "instances": [
        {
          "schema_version": 1,
          "attributes": {
            "id": "76d3fd11-c313-4cb3-a5f7-451bbc5831f8",
            "roles": [
              {
                "division_ids": [
                  "f2777e89-ef43-44f2-a570-e883729854ea"
                ],
                "role_id": "05c2fe4c-0312-4598-8148-a96eb2c15b5d"
              },
              {
                "division_ids": [
                  "f2777e89-ef43-44f2-a570-e883729854ea"
                ],
                "role_id": "380f8746-2e13-46d2-b91d-411cd8595468"
              },
              {
                "division_ids": [
                  "f2777e89-ef43-44f2-a570-e883729854ea"
                ],
                "role_id": "8fd2b585-45c8-43a8-a378-882d923b4dac"
              },
              {
                "division_ids": [
                  "f2777e89-ef43-44f2-a570-e883729854ea"
                ],
                "role_id": "b746f6cf-573e-4354-9276-265d66cb816e"
              },
              {
                "division_ids": [
                  "f2777e89-ef43-44f2-a570-e883729854ea"
                ],
                "role_id": "d40e93b6-a0c4-48f0-907f-1939a5c05f99"
              },
              {
                "division_ids": [
                  "f2777e89-ef43-44f2-a570-e883729854ea"
                ],
                "role_id": "dd8950a6-1e3c-46e1-b774-ab0f50a5ecb2"
              },
              {
                "division_ids": [
                  "f2777e89-ef43-44f2-a570-e883729854ea"
                ],
                "role_id": "ec850d7b-d45e-4e1c-a419-1cd3fc771649"
              }
            ],
            "user_id": "76d3fd11-c313-4cb3-a5f7-451bbc5831f8"
          },
          "sensitive_attributes": [],
          "private": "eyJzY2hlbWFfdmVyc2lvbiI6IjEifQ==",
          "dependencies": [
            "data.genesyscloud_auth_role.AgentAssist",
            "data.genesyscloud_auth_role.Developer",
            "data.genesyscloud_auth_role.GenesysCloudVoiceAdmin",
            "data.genesyscloud_auth_role.MasterAdmin",
            "data.genesyscloud_auth_role.Terraform_user",
            "data.genesyscloud_auth_role.admin",
            "data.genesyscloud_auth_role.employee",
            "data.genesyscloud_routing_skill.z20",
            "genesyscloud_user.Workshop_user20"
          ]
        }
      ]
    },
    {
      "mode": "managed",
      "type": "genesyscloud_user_roles",
      "name": "Workshoproles_user21",
      "provider": "provider[\"registry.terraform.io/mypurecloud/genesyscloud\"]",
      "instances": [
        {
          "schema_version": 1,
          "attributes": {
            "id": "ae48fe91-0bd8-431a-894c-094c75be8226",
            "roles": [
              {
                "division_ids": [
                  "f2777e89-ef43-44f2-a570-e883729854ea"
                ],
                "role_id": "05c2fe4c-0312-4598-8148-a96eb2c15b5d"
              },
              {
                "division_ids": [
                  "f2777e89-ef43-44f2-a570-e883729854ea"
                ],
                "role_id": "380f8746-2e13-46d2-b91d-411cd8595468"
              },
              {
                "division_ids": [
                  "f2777e89-ef43-44f2-a570-e883729854ea"
                ],
                "role_id": "8fd2b585-45c8-43a8-a378-882d923b4dac"
              },
              {
                "division_ids": [
                  "f2777e89-ef43-44f2-a570-e883729854ea"
                ],
                "role_id": "b746f6cf-573e-4354-9276-265d66cb816e"
              },
              {
                "division_ids": [
                  "f2777e89-ef43-44f2-a570-e883729854ea"
                ],
                "role_id": "d40e93b6-a0c4-48f0-907f-1939a5c05f99"
              },
              {
                "division_ids": [
                  "f2777e89-ef43-44f2-a570-e883729854ea"
                ],
                "role_id": "dd8950a6-1e3c-46e1-b774-ab0f50a5ecb2"
              },
              {
                "division_ids": [
                  "f2777e89-ef43-44f2-a570-e883729854ea"
                ],
                "role_id": "ec850d7b-d45e-4e1c-a419-1cd3fc771649"
              }
            ],
            "user_id": "ae48fe91-0bd8-431a-894c-094c75be8226"
          },
          "sensitive_attributes": [],
          "private": "eyJzY2hlbWFfdmVyc2lvbiI6IjEifQ==",
          "dependencies": [
            "data.genesyscloud_auth_role.AgentAssist",
            "data.genesyscloud_auth_role.Developer",
            "data.genesyscloud_auth_role.GenesysCloudVoiceAdmin",
            "data.genesyscloud_auth_role.MasterAdmin",
            "data.genesyscloud_auth_role.Terraform_user",
            "data.genesyscloud_auth_role.admin",
            "data.genesyscloud_auth_role.employee",
            "data.genesyscloud_routing_skill.z21",
            "genesyscloud_user.Workshop_user21"
          ]
        }
      ]
    },
    {
      "mode": "managed",
      "type": "genesyscloud_user_roles",
      "name": "Workshoproles_user22",
      "provider": "provider[\"registry.terraform.io/mypurecloud/genesyscloud\"]",
      "instances": [
        {
          "schema_version": 1,
          "attributes": {
            "id": "d03033bc-7a4e-45a9-ba3d-9cb840e34489",
            "roles": [
              {
                "division_ids": [
                  "f2777e89-ef43-44f2-a570-e883729854ea"
                ],
                "role_id": "05c2fe4c-0312-4598-8148-a96eb2c15b5d"
              },
              {
                "division_ids": [
                  "f2777e89-ef43-44f2-a570-e883729854ea"
                ],
                "role_id": "380f8746-2e13-46d2-b91d-411cd8595468"
              },
              {
                "division_ids": [
                  "f2777e89-ef43-44f2-a570-e883729854ea"
                ],
                "role_id": "8fd2b585-45c8-43a8-a378-882d923b4dac"
              },
              {
                "division_ids": [
                  "f2777e89-ef43-44f2-a570-e883729854ea"
                ],
                "role_id": "b746f6cf-573e-4354-9276-265d66cb816e"
              },
              {
                "division_ids": [
                  "f2777e89-ef43-44f2-a570-e883729854ea"
                ],
                "role_id": "d40e93b6-a0c4-48f0-907f-1939a5c05f99"
              },
              {
                "division_ids": [
                  "f2777e89-ef43-44f2-a570-e883729854ea"
                ],
                "role_id": "dd8950a6-1e3c-46e1-b774-ab0f50a5ecb2"
              },
              {
                "division_ids": [
                  "f2777e89-ef43-44f2-a570-e883729854ea"
                ],
                "role_id": "ec850d7b-d45e-4e1c-a419-1cd3fc771649"
              }
            ],
            "user_id": "d03033bc-7a4e-45a9-ba3d-9cb840e34489"
          },
          "sensitive_attributes": [],
          "private": "eyJzY2hlbWFfdmVyc2lvbiI6IjEifQ==",
          "dependencies": [
            "data.genesyscloud_auth_role.AgentAssist",
            "data.genesyscloud_auth_role.Developer",
            "data.genesyscloud_auth_role.GenesysCloudVoiceAdmin",
            "data.genesyscloud_auth_role.MasterAdmin",
            "data.genesyscloud_auth_role.Terraform_user",
            "data.genesyscloud_auth_role.admin",
            "data.genesyscloud_auth_role.employee",
            "data.genesyscloud_routing_skill.z22",
            "genesyscloud_user.Workshop_user22"
          ]
        }
      ]
    },
    {
      "mode": "managed",
      "type": "genesyscloud_user_roles",
      "name": "Workshoproles_user23",
      "provider": "provider[\"registry.terraform.io/mypurecloud/genesyscloud\"]",
      "instances": [
        {
          "schema_version": 1,
          "attributes": {
            "id": "dc7d167c-df06-4666-8351-38c403cd24d4",
            "roles": [
              {
                "division_ids": [
                  "f2777e89-ef43-44f2-a570-e883729854ea"
                ],
                "role_id": "05c2fe4c-0312-4598-8148-a96eb2c15b5d"
              },
              {
                "division_ids": [
                  "f2777e89-ef43-44f2-a570-e883729854ea"
                ],
                "role_id": "380f8746-2e13-46d2-b91d-411cd8595468"
              },
              {
                "division_ids": [
                  "f2777e89-ef43-44f2-a570-e883729854ea"
                ],
                "role_id": "8fd2b585-45c8-43a8-a378-882d923b4dac"
              },
              {
                "division_ids": [
                  "f2777e89-ef43-44f2-a570-e883729854ea"
                ],
                "role_id": "b746f6cf-573e-4354-9276-265d66cb816e"
              },
              {
                "division_ids": [
                  "f2777e89-ef43-44f2-a570-e883729854ea"
                ],
                "role_id": "d40e93b6-a0c4-48f0-907f-1939a5c05f99"
              },
              {
                "division_ids": [
                  "f2777e89-ef43-44f2-a570-e883729854ea"
                ],
                "role_id": "dd8950a6-1e3c-46e1-b774-ab0f50a5ecb2"
              },
              {
                "division_ids": [
                  "f2777e89-ef43-44f2-a570-e883729854ea"
                ],
                "role_id": "ec850d7b-d45e-4e1c-a419-1cd3fc771649"
              }
            ],
            "user_id": "dc7d167c-df06-4666-8351-38c403cd24d4"
          },
          "sensitive_attributes": [],
          "private": "eyJzY2hlbWFfdmVyc2lvbiI6IjEifQ==",
          "dependencies": [
            "data.genesyscloud_auth_role.AgentAssist",
            "data.genesyscloud_auth_role.Developer",
            "data.genesyscloud_auth_role.GenesysCloudVoiceAdmin",
            "data.genesyscloud_auth_role.MasterAdmin",
            "data.genesyscloud_auth_role.Terraform_user",
            "data.genesyscloud_auth_role.admin",
            "data.genesyscloud_auth_role.employee",
            "data.genesyscloud_routing_skill.z23",
            "genesyscloud_user.Workshop_user23"
          ]
        }
      ]
    },
    {
      "mode": "managed",
      "type": "genesyscloud_user_roles",
      "name": "Workshoproles_user24",
      "provider": "provider[\"registry.terraform.io/mypurecloud/genesyscloud\"]",
      "instances": [
        {
          "schema_version": 1,
          "attributes": {
            "id": "4ff57217-a9d7-467d-82e9-85aebaac06b2",
            "roles": [
              {
                "division_ids": [
                  "f2777e89-ef43-44f2-a570-e883729854ea"
                ],
                "role_id": "05c2fe4c-0312-4598-8148-a96eb2c15b5d"
              },
              {
                "division_ids": [
                  "f2777e89-ef43-44f2-a570-e883729854ea"
                ],
                "role_id": "380f8746-2e13-46d2-b91d-411cd8595468"
              },
              {
                "division_ids": [
                  "f2777e89-ef43-44f2-a570-e883729854ea"
                ],
                "role_id": "8fd2b585-45c8-43a8-a378-882d923b4dac"
              },
              {
                "division_ids": [
                  "f2777e89-ef43-44f2-a570-e883729854ea"
                ],
                "role_id": "b746f6cf-573e-4354-9276-265d66cb816e"
              },
              {
                "division_ids": [
                  "f2777e89-ef43-44f2-a570-e883729854ea"
                ],
                "role_id": "d40e93b6-a0c4-48f0-907f-1939a5c05f99"
              },
              {
                "division_ids": [
                  "f2777e89-ef43-44f2-a570-e883729854ea"
                ],
                "role_id": "dd8950a6-1e3c-46e1-b774-ab0f50a5ecb2"
              },
              {
                "division_ids": [
                  "f2777e89-ef43-44f2-a570-e883729854ea"
                ],
                "role_id": "ec850d7b-d45e-4e1c-a419-1cd3fc771649"
              }
            ],
            "user_id": "4ff57217-a9d7-467d-82e9-85aebaac06b2"
          },
          "sensitive_attributes": [],
          "private": "eyJzY2hlbWFfdmVyc2lvbiI6IjEifQ==",
          "dependencies": [
            "data.genesyscloud_auth_role.AgentAssist",
            "data.genesyscloud_auth_role.Developer",
            "data.genesyscloud_auth_role.GenesysCloudVoiceAdmin",
            "data.genesyscloud_auth_role.MasterAdmin",
            "data.genesyscloud_auth_role.Terraform_user",
            "data.genesyscloud_auth_role.admin",
            "data.genesyscloud_auth_role.employee",
            "data.genesyscloud_routing_skill.z24",
            "genesyscloud_user.Workshop_user24"
          ]
        }
      ]
    },
    {
      "mode": "managed",
      "type": "genesyscloud_user_roles",
      "name": "Workshoproles_user25",
      "provider": "provider[\"registry.terraform.io/mypurecloud/genesyscloud\"]",
      "instances": [
        {
          "schema_version": 1,
          "attributes": {
            "id": "96d0ddad-26e6-4ea7-b5a8-cdd85c34b6b4",
            "roles": [
              {
                "division_ids": [
                  "f2777e89-ef43-44f2-a570-e883729854ea"
                ],
                "role_id": "05c2fe4c-0312-4598-8148-a96eb2c15b5d"
              },
              {
                "division_ids": [
                  "f2777e89-ef43-44f2-a570-e883729854ea"
                ],
                "role_id": "380f8746-2e13-46d2-b91d-411cd8595468"
              },
              {
                "division_ids": [
                  "f2777e89-ef43-44f2-a570-e883729854ea"
                ],
                "role_id": "8fd2b585-45c8-43a8-a378-882d923b4dac"
              },
              {
                "division_ids": [
                  "f2777e89-ef43-44f2-a570-e883729854ea"
                ],
                "role_id": "b746f6cf-573e-4354-9276-265d66cb816e"
              },
              {
                "division_ids": [
                  "f2777e89-ef43-44f2-a570-e883729854ea"
                ],
                "role_id": "d40e93b6-a0c4-48f0-907f-1939a5c05f99"
              },
              {
                "division_ids": [
                  "f2777e89-ef43-44f2-a570-e883729854ea"
                ],
                "role_id": "dd8950a6-1e3c-46e1-b774-ab0f50a5ecb2"
              },
              {
                "division_ids": [
                  "f2777e89-ef43-44f2-a570-e883729854ea"
                ],
                "role_id": "ec850d7b-d45e-4e1c-a419-1cd3fc771649"
              }
            ],
            "user_id": "96d0ddad-26e6-4ea7-b5a8-cdd85c34b6b4"
          },
          "sensitive_attributes": [],
          "private": "eyJzY2hlbWFfdmVyc2lvbiI6IjEifQ==",
          "dependencies": [
            "data.genesyscloud_auth_role.AgentAssist",
            "data.genesyscloud_auth_role.Developer",
            "data.genesyscloud_auth_role.GenesysCloudVoiceAdmin",
            "data.genesyscloud_auth_role.MasterAdmin",
            "data.genesyscloud_auth_role.Terraform_user",
            "data.genesyscloud_auth_role.admin",
            "data.genesyscloud_auth_role.employee",
            "data.genesyscloud_routing_skill.z25",
            "genesyscloud_user.Workshop_user25"
          ]
        }
      ]
    },
    {
      "mode": "managed",
      "type": "genesyscloud_user_roles",
      "name": "Workshoproles_user26",
      "provider": "provider[\"registry.terraform.io/mypurecloud/genesyscloud\"]",
      "instances": [
        {
          "schema_version": 1,
          "attributes": {
            "id": "f6038ea4-f7cd-475b-aa0e-fe911ac725c0",
            "roles": [
              {
                "division_ids": [
                  "f2777e89-ef43-44f2-a570-e883729854ea"
                ],
                "role_id": "05c2fe4c-0312-4598-8148-a96eb2c15b5d"
              },
              {
                "division_ids": [
                  "f2777e89-ef43-44f2-a570-e883729854ea"
                ],
                "role_id": "380f8746-2e13-46d2-b91d-411cd8595468"
              },
              {
                "division_ids": [
                  "f2777e89-ef43-44f2-a570-e883729854ea"
                ],
                "role_id": "8fd2b585-45c8-43a8-a378-882d923b4dac"
              },
              {
                "division_ids": [
                  "f2777e89-ef43-44f2-a570-e883729854ea"
                ],
                "role_id": "b746f6cf-573e-4354-9276-265d66cb816e"
              },
              {
                "division_ids": [
                  "f2777e89-ef43-44f2-a570-e883729854ea"
                ],
                "role_id": "d40e93b6-a0c4-48f0-907f-1939a5c05f99"
              },
              {
                "division_ids": [
                  "f2777e89-ef43-44f2-a570-e883729854ea"
                ],
                "role_id": "dd8950a6-1e3c-46e1-b774-ab0f50a5ecb2"
              },
              {
                "division_ids": [
                  "f2777e89-ef43-44f2-a570-e883729854ea"
                ],
                "role_id": "ec850d7b-d45e-4e1c-a419-1cd3fc771649"
              }
            ],
            "user_id": "f6038ea4-f7cd-475b-aa0e-fe911ac725c0"
          },
          "sensitive_attributes": [],
          "private": "eyJzY2hlbWFfdmVyc2lvbiI6IjEifQ==",
          "dependencies": [
            "data.genesyscloud_auth_role.AgentAssist",
            "data.genesyscloud_auth_role.Developer",
            "data.genesyscloud_auth_role.GenesysCloudVoiceAdmin",
            "data.genesyscloud_auth_role.MasterAdmin",
            "data.genesyscloud_auth_role.Terraform_user",
            "data.genesyscloud_auth_role.admin",
            "data.genesyscloud_auth_role.employee",
            "data.genesyscloud_routing_skill.z26",
            "genesyscloud_user.Workshop_user26"
          ]
        }
      ]
    },
    {
      "mode": "managed",
      "type": "genesyscloud_user_roles",
      "name": "Workshoproles_user27",
      "provider": "provider[\"registry.terraform.io/mypurecloud/genesyscloud\"]",
      "instances": [
        {
          "schema_version": 1,
          "attributes": {
            "id": "00bf2236-e5ad-419a-a7b4-10f55ee97c06",
            "roles": [
              {
                "division_ids": [
                  "f2777e89-ef43-44f2-a570-e883729854ea"
                ],
                "role_id": "05c2fe4c-0312-4598-8148-a96eb2c15b5d"
              },
              {
                "division_ids": [
                  "f2777e89-ef43-44f2-a570-e883729854ea"
                ],
                "role_id": "380f8746-2e13-46d2-b91d-411cd8595468"
              },
              {
                "division_ids": [
                  "f2777e89-ef43-44f2-a570-e883729854ea"
                ],
                "role_id": "8fd2b585-45c8-43a8-a378-882d923b4dac"
              },
              {
                "division_ids": [
                  "f2777e89-ef43-44f2-a570-e883729854ea"
                ],
                "role_id": "b746f6cf-573e-4354-9276-265d66cb816e"
              },
              {
                "division_ids": [
                  "f2777e89-ef43-44f2-a570-e883729854ea"
                ],
                "role_id": "d40e93b6-a0c4-48f0-907f-1939a5c05f99"
              },
              {
                "division_ids": [
                  "f2777e89-ef43-44f2-a570-e883729854ea"
                ],
                "role_id": "dd8950a6-1e3c-46e1-b774-ab0f50a5ecb2"
              },
              {
                "division_ids": [
                  "f2777e89-ef43-44f2-a570-e883729854ea"
                ],
                "role_id": "ec850d7b-d45e-4e1c-a419-1cd3fc771649"
              }
            ],
            "user_id": "00bf2236-e5ad-419a-a7b4-10f55ee97c06"
          },
          "sensitive_attributes": [],
          "private": "eyJzY2hlbWFfdmVyc2lvbiI6IjEifQ==",
          "dependencies": [
            "data.genesyscloud_auth_role.AgentAssist",
            "data.genesyscloud_auth_role.Developer",
            "data.genesyscloud_auth_role.GenesysCloudVoiceAdmin",
            "data.genesyscloud_auth_role.MasterAdmin",
            "data.genesyscloud_auth_role.Terraform_user",
            "data.genesyscloud_auth_role.admin",
            "data.genesyscloud_auth_role.employee",
            "data.genesyscloud_routing_skill.z27",
            "genesyscloud_user.Workshop_user27"
          ]
        }
      ]
    },
    {
      "mode": "managed",
      "type": "genesyscloud_user_roles",
      "name": "Workshoproles_user28",
      "provider": "provider[\"registry.terraform.io/mypurecloud/genesyscloud\"]",
      "instances": [
        {
          "schema_version": 1,
          "attributes": {
            "id": "54773443-7ab6-4db8-9971-df7f086451bf",
            "roles": [
              {
                "division_ids": [
                  "f2777e89-ef43-44f2-a570-e883729854ea"
                ],
                "role_id": "05c2fe4c-0312-4598-8148-a96eb2c15b5d"
              },
              {
                "division_ids": [
                  "f2777e89-ef43-44f2-a570-e883729854ea"
                ],
                "role_id": "380f8746-2e13-46d2-b91d-411cd8595468"
              },
              {
                "division_ids": [
                  "f2777e89-ef43-44f2-a570-e883729854ea"
                ],
                "role_id": "8fd2b585-45c8-43a8-a378-882d923b4dac"
              },
              {
                "division_ids": [
                  "f2777e89-ef43-44f2-a570-e883729854ea"
                ],
                "role_id": "b746f6cf-573e-4354-9276-265d66cb816e"
              },
              {
                "division_ids": [
                  "f2777e89-ef43-44f2-a570-e883729854ea"
                ],
                "role_id": "d40e93b6-a0c4-48f0-907f-1939a5c05f99"
              },
              {
                "division_ids": [
                  "f2777e89-ef43-44f2-a570-e883729854ea"
                ],
                "role_id": "dd8950a6-1e3c-46e1-b774-ab0f50a5ecb2"
              },
              {
                "division_ids": [
                  "f2777e89-ef43-44f2-a570-e883729854ea"
                ],
                "role_id": "ec850d7b-d45e-4e1c-a419-1cd3fc771649"
              }
            ],
            "user_id": "54773443-7ab6-4db8-9971-df7f086451bf"
          },
          "sensitive_attributes": [],
          "private": "eyJzY2hlbWFfdmVyc2lvbiI6IjEifQ==",
          "dependencies": [
            "data.genesyscloud_auth_role.AgentAssist",
            "data.genesyscloud_auth_role.Developer",
            "data.genesyscloud_auth_role.GenesysCloudVoiceAdmin",
            "data.genesyscloud_auth_role.MasterAdmin",
            "data.genesyscloud_auth_role.Terraform_user",
            "data.genesyscloud_auth_role.admin",
            "data.genesyscloud_auth_role.employee",
            "data.genesyscloud_routing_skill.z28",
            "genesyscloud_user.Workshop_user28"
          ]
        }
      ]
    },
    {
      "mode": "managed",
      "type": "genesyscloud_user_roles",
      "name": "Workshoproles_user29",
      "provider": "provider[\"registry.terraform.io/mypurecloud/genesyscloud\"]",
      "instances": [
        {
          "schema_version": 1,
          "attributes": {
            "id": "35685080-4a68-4bcf-8706-d97ff31a222b",
            "roles": [
              {
                "division_ids": [
                  "f2777e89-ef43-44f2-a570-e883729854ea"
                ],
                "role_id": "05c2fe4c-0312-4598-8148-a96eb2c15b5d"
              },
              {
                "division_ids": [
                  "f2777e89-ef43-44f2-a570-e883729854ea"
                ],
                "role_id": "380f8746-2e13-46d2-b91d-411cd8595468"
              },
              {
                "division_ids": [
                  "f2777e89-ef43-44f2-a570-e883729854ea"
                ],
                "role_id": "8fd2b585-45c8-43a8-a378-882d923b4dac"
              },
              {
                "division_ids": [
                  "f2777e89-ef43-44f2-a570-e883729854ea"
                ],
                "role_id": "b746f6cf-573e-4354-9276-265d66cb816e"
              },
              {
                "division_ids": [
                  "f2777e89-ef43-44f2-a570-e883729854ea"
                ],
                "role_id": "d40e93b6-a0c4-48f0-907f-1939a5c05f99"
              },
              {
                "division_ids": [
                  "f2777e89-ef43-44f2-a570-e883729854ea"
                ],
                "role_id": "dd8950a6-1e3c-46e1-b774-ab0f50a5ecb2"
              },
              {
                "division_ids": [
                  "f2777e89-ef43-44f2-a570-e883729854ea"
                ],
                "role_id": "ec850d7b-d45e-4e1c-a419-1cd3fc771649"
              }
            ],
            "user_id": "35685080-4a68-4bcf-8706-d97ff31a222b"
          },
          "sensitive_attributes": [],
          "private": "eyJzY2hlbWFfdmVyc2lvbiI6IjEifQ==",
          "dependencies": [
            "data.genesyscloud_auth_role.AgentAssist",
            "data.genesyscloud_auth_role.Developer",
            "data.genesyscloud_auth_role.GenesysCloudVoiceAdmin",
            "data.genesyscloud_auth_role.MasterAdmin",
            "data.genesyscloud_auth_role.Terraform_user",
            "data.genesyscloud_auth_role.admin",
            "data.genesyscloud_auth_role.employee",
            "data.genesyscloud_routing_skill.z29",
            "genesyscloud_user.Workshop_user29"
          ]
        }
      ]
    },
    {
      "mode": "managed",
      "type": "genesyscloud_user_roles",
      "name": "Workshoproles_user3",
      "provider": "provider[\"registry.terraform.io/mypurecloud/genesyscloud\"]",
      "instances": [
        {
          "schema_version": 1,
          "attributes": {
            "id": "28991cf2-21c5-4fb8-89aa-33f7bcd24b6a",
            "roles": [
              {
                "division_ids": [
                  "f2777e89-ef43-44f2-a570-e883729854ea"
                ],
                "role_id": "05c2fe4c-0312-4598-8148-a96eb2c15b5d"
              },
              {
                "division_ids": [
                  "f2777e89-ef43-44f2-a570-e883729854ea"
                ],
                "role_id": "380f8746-2e13-46d2-b91d-411cd8595468"
              },
              {
                "division_ids": [
                  "f2777e89-ef43-44f2-a570-e883729854ea"
                ],
                "role_id": "8fd2b585-45c8-43a8-a378-882d923b4dac"
              },
              {
                "division_ids": [
                  "f2777e89-ef43-44f2-a570-e883729854ea"
                ],
                "role_id": "b746f6cf-573e-4354-9276-265d66cb816e"
              },
              {
                "division_ids": [
                  "f2777e89-ef43-44f2-a570-e883729854ea"
                ],
                "role_id": "d40e93b6-a0c4-48f0-907f-1939a5c05f99"
              },
              {
                "division_ids": [
                  "f2777e89-ef43-44f2-a570-e883729854ea"
                ],
                "role_id": "dd8950a6-1e3c-46e1-b774-ab0f50a5ecb2"
              },
              {
                "division_ids": [
                  "f2777e89-ef43-44f2-a570-e883729854ea"
                ],
                "role_id": "ec850d7b-d45e-4e1c-a419-1cd3fc771649"
              }
            ],
            "user_id": "28991cf2-21c5-4fb8-89aa-33f7bcd24b6a"
          },
          "sensitive_attributes": [],
          "private": "eyJzY2hlbWFfdmVyc2lvbiI6IjEifQ==",
          "dependencies": [
            "data.genesyscloud_auth_role.AgentAssist",
            "data.genesyscloud_auth_role.Developer",
            "data.genesyscloud_auth_role.GenesysCloudVoiceAdmin",
            "data.genesyscloud_auth_role.MasterAdmin",
            "data.genesyscloud_auth_role.Terraform_user",
            "data.genesyscloud_auth_role.admin",
            "data.genesyscloud_auth_role.employee",
            "data.genesyscloud_routing_skill.z3",
            "genesyscloud_user.Workshop_user3"
          ]
        }
      ]
    },
    {
      "mode": "managed",
      "type": "genesyscloud_user_roles",
      "name": "Workshoproles_user30",
      "provider": "provider[\"registry.terraform.io/mypurecloud/genesyscloud\"]",
      "instances": [
        {
          "schema_version": 1,
          "attributes": {
            "id": "21565db1-b18a-44d3-873e-39515062ab80",
            "roles": [
              {
                "division_ids": [
                  "f2777e89-ef43-44f2-a570-e883729854ea"
                ],
                "role_id": "05c2fe4c-0312-4598-8148-a96eb2c15b5d"
              },
              {
                "division_ids": [
                  "f2777e89-ef43-44f2-a570-e883729854ea"
                ],
                "role_id": "380f8746-2e13-46d2-b91d-411cd8595468"
              },
              {
                "division_ids": [
                  "f2777e89-ef43-44f2-a570-e883729854ea"
                ],
                "role_id": "8fd2b585-45c8-43a8-a378-882d923b4dac"
              },
              {
                "division_ids": [
                  "f2777e89-ef43-44f2-a570-e883729854ea"
                ],
                "role_id": "b746f6cf-573e-4354-9276-265d66cb816e"
              },
              {
                "division_ids": [
                  "f2777e89-ef43-44f2-a570-e883729854ea"
                ],
                "role_id": "d40e93b6-a0c4-48f0-907f-1939a5c05f99"
              },
              {
                "division_ids": [
                  "f2777e89-ef43-44f2-a570-e883729854ea"
                ],
                "role_id": "dd8950a6-1e3c-46e1-b774-ab0f50a5ecb2"
              },
              {
                "division_ids": [
                  "f2777e89-ef43-44f2-a570-e883729854ea"
                ],
                "role_id": "ec850d7b-d45e-4e1c-a419-1cd3fc771649"
              }
            ],
            "user_id": "21565db1-b18a-44d3-873e-39515062ab80"
          },
          "sensitive_attributes": [],
          "private": "eyJzY2hlbWFfdmVyc2lvbiI6IjEifQ==",
          "dependencies": [
            "data.genesyscloud_auth_role.AgentAssist",
            "data.genesyscloud_auth_role.Developer",
            "data.genesyscloud_auth_role.GenesysCloudVoiceAdmin",
            "data.genesyscloud_auth_role.MasterAdmin",
            "data.genesyscloud_auth_role.Terraform_user",
            "data.genesyscloud_auth_role.admin",
            "data.genesyscloud_auth_role.employee",
            "data.genesyscloud_routing_skill.z30",
            "genesyscloud_user.Workshop_user30"
          ]
        }
      ]
    },
    {
      "mode": "managed",
      "type": "genesyscloud_user_roles",
      "name": "Workshoproles_user31",
      "provider": "provider[\"registry.terraform.io/mypurecloud/genesyscloud\"]",
      "instances": [
        {
          "schema_version": 1,
          "attributes": {
            "id": "fae96b1e-de47-45f6-ace8-aac554ca9e4e",
            "roles": [
              {
                "division_ids": [
                  "f2777e89-ef43-44f2-a570-e883729854ea"
                ],
                "role_id": "05c2fe4c-0312-4598-8148-a96eb2c15b5d"
              },
              {
                "division_ids": [
                  "f2777e89-ef43-44f2-a570-e883729854ea"
                ],
                "role_id": "380f8746-2e13-46d2-b91d-411cd8595468"
              },
              {
                "division_ids": [
                  "f2777e89-ef43-44f2-a570-e883729854ea"
                ],
                "role_id": "8fd2b585-45c8-43a8-a378-882d923b4dac"
              },
              {
                "division_ids": [
                  "f2777e89-ef43-44f2-a570-e883729854ea"
                ],
                "role_id": "b746f6cf-573e-4354-9276-265d66cb816e"
              },
              {
                "division_ids": [
                  "f2777e89-ef43-44f2-a570-e883729854ea"
                ],
                "role_id": "d40e93b6-a0c4-48f0-907f-1939a5c05f99"
              },
              {
                "division_ids": [
                  "f2777e89-ef43-44f2-a570-e883729854ea"
                ],
                "role_id": "dd8950a6-1e3c-46e1-b774-ab0f50a5ecb2"
              },
              {
                "division_ids": [
                  "f2777e89-ef43-44f2-a570-e883729854ea"
                ],
                "role_id": "ec850d7b-d45e-4e1c-a419-1cd3fc771649"
              }
            ],
            "user_id": "fae96b1e-de47-45f6-ace8-aac554ca9e4e"
          },
          "sensitive_attributes": [],
          "private": "eyJzY2hlbWFfdmVyc2lvbiI6IjEifQ==",
          "dependencies": [
            "data.genesyscloud_auth_role.AgentAssist",
            "data.genesyscloud_auth_role.Developer",
            "data.genesyscloud_auth_role.GenesysCloudVoiceAdmin",
            "data.genesyscloud_auth_role.MasterAdmin",
            "data.genesyscloud_auth_role.Terraform_user",
            "data.genesyscloud_auth_role.admin",
            "data.genesyscloud_auth_role.employee",
            "data.genesyscloud_routing_skill.z31",
            "genesyscloud_user.Workshop_user31"
          ]
        }
      ]
    },
    {
      "mode": "managed",
      "type": "genesyscloud_user_roles",
      "name": "Workshoproles_user32",
      "provider": "provider[\"registry.terraform.io/mypurecloud/genesyscloud\"]",
      "instances": [
        {
          "schema_version": 1,
          "attributes": {
            "id": "d0b33e6e-171c-4ce0-9a23-a12e25e32972",
            "roles": [
              {
                "division_ids": [
                  "f2777e89-ef43-44f2-a570-e883729854ea"
                ],
                "role_id": "05c2fe4c-0312-4598-8148-a96eb2c15b5d"
              },
              {
                "division_ids": [
                  "f2777e89-ef43-44f2-a570-e883729854ea"
                ],
                "role_id": "380f8746-2e13-46d2-b91d-411cd8595468"
              },
              {
                "division_ids": [
                  "f2777e89-ef43-44f2-a570-e883729854ea"
                ],
                "role_id": "8fd2b585-45c8-43a8-a378-882d923b4dac"
              },
              {
                "division_ids": [
                  "f2777e89-ef43-44f2-a570-e883729854ea"
                ],
                "role_id": "b746f6cf-573e-4354-9276-265d66cb816e"
              },
              {
                "division_ids": [
                  "f2777e89-ef43-44f2-a570-e883729854ea"
                ],
                "role_id": "d40e93b6-a0c4-48f0-907f-1939a5c05f99"
              },
              {
                "division_ids": [
                  "f2777e89-ef43-44f2-a570-e883729854ea"
                ],
                "role_id": "dd8950a6-1e3c-46e1-b774-ab0f50a5ecb2"
              },
              {
                "division_ids": [
                  "f2777e89-ef43-44f2-a570-e883729854ea"
                ],
                "role_id": "ec850d7b-d45e-4e1c-a419-1cd3fc771649"
              }
            ],
            "user_id": "d0b33e6e-171c-4ce0-9a23-a12e25e32972"
          },
          "sensitive_attributes": [],
          "private": "eyJzY2hlbWFfdmVyc2lvbiI6IjEifQ==",
          "dependencies": [
            "data.genesyscloud_auth_role.AgentAssist",
            "data.genesyscloud_auth_role.Developer",
            "data.genesyscloud_auth_role.GenesysCloudVoiceAdmin",
            "data.genesyscloud_auth_role.MasterAdmin",
            "data.genesyscloud_auth_role.Terraform_user",
            "data.genesyscloud_auth_role.admin",
            "data.genesyscloud_auth_role.employee",
            "data.genesyscloud_routing_skill.z32",
            "genesyscloud_user.Workshop_user32"
          ]
        }
      ]
    },
    {
      "mode": "managed",
      "type": "genesyscloud_user_roles",
      "name": "Workshoproles_user33",
      "provider": "provider[\"registry.terraform.io/mypurecloud/genesyscloud\"]",
      "instances": [
        {
          "schema_version": 1,
          "attributes": {
            "id": "01a514bb-c30c-4f71-bd9f-4e3dcf361d29",
            "roles": [
              {
                "division_ids": [
                  "f2777e89-ef43-44f2-a570-e883729854ea"
                ],
                "role_id": "05c2fe4c-0312-4598-8148-a96eb2c15b5d"
              },
              {
                "division_ids": [
                  "f2777e89-ef43-44f2-a570-e883729854ea"
                ],
                "role_id": "380f8746-2e13-46d2-b91d-411cd8595468"
              },
              {
                "division_ids": [
                  "f2777e89-ef43-44f2-a570-e883729854ea"
                ],
                "role_id": "8fd2b585-45c8-43a8-a378-882d923b4dac"
              },
              {
                "division_ids": [
                  "f2777e89-ef43-44f2-a570-e883729854ea"
                ],
                "role_id": "b746f6cf-573e-4354-9276-265d66cb816e"
              },
              {
                "division_ids": [
                  "f2777e89-ef43-44f2-a570-e883729854ea"
                ],
                "role_id": "d40e93b6-a0c4-48f0-907f-1939a5c05f99"
              },
              {
                "division_ids": [
                  "f2777e89-ef43-44f2-a570-e883729854ea"
                ],
                "role_id": "dd8950a6-1e3c-46e1-b774-ab0f50a5ecb2"
              },
              {
                "division_ids": [
                  "f2777e89-ef43-44f2-a570-e883729854ea"
                ],
                "role_id": "ec850d7b-d45e-4e1c-a419-1cd3fc771649"
              }
            ],
            "user_id": "01a514bb-c30c-4f71-bd9f-4e3dcf361d29"
          },
          "sensitive_attributes": [],
          "private": "eyJzY2hlbWFfdmVyc2lvbiI6IjEifQ==",
          "dependencies": [
            "data.genesyscloud_auth_role.AgentAssist",
            "data.genesyscloud_auth_role.Developer",
            "data.genesyscloud_auth_role.GenesysCloudVoiceAdmin",
            "data.genesyscloud_auth_role.MasterAdmin",
            "data.genesyscloud_auth_role.Terraform_user",
            "data.genesyscloud_auth_role.admin",
            "data.genesyscloud_auth_role.employee",
            "data.genesyscloud_routing_skill.z33",
            "genesyscloud_user.Workshop_user33"
          ]
        }
      ]
    },
    {
      "mode": "managed",
      "type": "genesyscloud_user_roles",
      "name": "Workshoproles_user34",
      "provider": "provider[\"registry.terraform.io/mypurecloud/genesyscloud\"]",
      "instances": [
        {
          "schema_version": 1,
          "attributes": {
            "id": "5f1899be-0c24-40cc-9e2a-9b1518897757",
            "roles": [
              {
                "division_ids": [
                  "f2777e89-ef43-44f2-a570-e883729854ea"
                ],
                "role_id": "05c2fe4c-0312-4598-8148-a96eb2c15b5d"
              },
              {
                "division_ids": [
                  "f2777e89-ef43-44f2-a570-e883729854ea"
                ],
                "role_id": "380f8746-2e13-46d2-b91d-411cd8595468"
              },
              {
                "division_ids": [
                  "f2777e89-ef43-44f2-a570-e883729854ea"
                ],
                "role_id": "8fd2b585-45c8-43a8-a378-882d923b4dac"
              },
              {
                "division_ids": [
                  "f2777e89-ef43-44f2-a570-e883729854ea"
                ],
                "role_id": "b746f6cf-573e-4354-9276-265d66cb816e"
              },
              {
                "division_ids": [
                  "f2777e89-ef43-44f2-a570-e883729854ea"
                ],
                "role_id": "d40e93b6-a0c4-48f0-907f-1939a5c05f99"
              },
              {
                "division_ids": [
                  "f2777e89-ef43-44f2-a570-e883729854ea"
                ],
                "role_id": "dd8950a6-1e3c-46e1-b774-ab0f50a5ecb2"
              },
              {
                "division_ids": [
                  "f2777e89-ef43-44f2-a570-e883729854ea"
                ],
                "role_id": "ec850d7b-d45e-4e1c-a419-1cd3fc771649"
              }
            ],
            "user_id": "5f1899be-0c24-40cc-9e2a-9b1518897757"
          },
          "sensitive_attributes": [],
          "private": "eyJzY2hlbWFfdmVyc2lvbiI6IjEifQ==",
          "dependencies": [
            "data.genesyscloud_auth_role.AgentAssist",
            "data.genesyscloud_auth_role.Developer",
            "data.genesyscloud_auth_role.GenesysCloudVoiceAdmin",
            "data.genesyscloud_auth_role.MasterAdmin",
            "data.genesyscloud_auth_role.Terraform_user",
            "data.genesyscloud_auth_role.admin",
            "data.genesyscloud_auth_role.employee",
            "data.genesyscloud_routing_skill.z34",
            "genesyscloud_user.Workshop_user34"
          ]
        }
      ]
    },
    {
      "mode": "managed",
      "type": "genesyscloud_user_roles",
      "name": "Workshoproles_user35",
      "provider": "provider[\"registry.terraform.io/mypurecloud/genesyscloud\"]",
      "instances": [
        {
          "schema_version": 1,
          "attributes": {
            "id": "b7659cbb-9d83-44bd-86cc-bee9ae9653c0",
            "roles": [
              {
                "division_ids": [
                  "f2777e89-ef43-44f2-a570-e883729854ea"
                ],
                "role_id": "05c2fe4c-0312-4598-8148-a96eb2c15b5d"
              },
              {
                "division_ids": [
                  "f2777e89-ef43-44f2-a570-e883729854ea"
                ],
                "role_id": "380f8746-2e13-46d2-b91d-411cd8595468"
              },
              {
                "division_ids": [
                  "f2777e89-ef43-44f2-a570-e883729854ea"
                ],
                "role_id": "8fd2b585-45c8-43a8-a378-882d923b4dac"
              },
              {
                "division_ids": [
                  "f2777e89-ef43-44f2-a570-e883729854ea"
                ],
                "role_id": "b746f6cf-573e-4354-9276-265d66cb816e"
              },
              {
                "division_ids": [
                  "f2777e89-ef43-44f2-a570-e883729854ea"
                ],
                "role_id": "d40e93b6-a0c4-48f0-907f-1939a5c05f99"
              },
              {
                "division_ids": [
                  "f2777e89-ef43-44f2-a570-e883729854ea"
                ],
                "role_id": "dd8950a6-1e3c-46e1-b774-ab0f50a5ecb2"
              },
              {
                "division_ids": [
                  "f2777e89-ef43-44f2-a570-e883729854ea"
                ],
                "role_id": "ec850d7b-d45e-4e1c-a419-1cd3fc771649"
              }
            ],
            "user_id": "b7659cbb-9d83-44bd-86cc-bee9ae9653c0"
          },
          "sensitive_attributes": [],
          "private": "eyJzY2hlbWFfdmVyc2lvbiI6IjEifQ==",
          "dependencies": [
            "data.genesyscloud_auth_role.AgentAssist",
            "data.genesyscloud_auth_role.Developer",
            "data.genesyscloud_auth_role.GenesysCloudVoiceAdmin",
            "data.genesyscloud_auth_role.MasterAdmin",
            "data.genesyscloud_auth_role.Terraform_user",
            "data.genesyscloud_auth_role.admin",
            "data.genesyscloud_auth_role.employee",
            "data.genesyscloud_routing_skill.z35",
            "genesyscloud_user.Workshop_user35"
          ]
        }
      ]
    },
    {
      "mode": "managed",
      "type": "genesyscloud_user_roles",
      "name": "Workshoproles_user36",
      "provider": "provider[\"registry.terraform.io/mypurecloud/genesyscloud\"]",
      "instances": [
        {
          "schema_version": 1,
          "attributes": {
            "id": "c7307a92-19cf-4487-a53e-63d3cbe7ac2e",
            "roles": [
              {
                "division_ids": [
                  "f2777e89-ef43-44f2-a570-e883729854ea"
                ],
                "role_id": "05c2fe4c-0312-4598-8148-a96eb2c15b5d"
              },
              {
                "division_ids": [
                  "f2777e89-ef43-44f2-a570-e883729854ea"
                ],
                "role_id": "380f8746-2e13-46d2-b91d-411cd8595468"
              },
              {
                "division_ids": [
                  "f2777e89-ef43-44f2-a570-e883729854ea"
                ],
                "role_id": "8fd2b585-45c8-43a8-a378-882d923b4dac"
              },
              {
                "division_ids": [
                  "f2777e89-ef43-44f2-a570-e883729854ea"
                ],
                "role_id": "b746f6cf-573e-4354-9276-265d66cb816e"
              },
              {
                "division_ids": [
                  "f2777e89-ef43-44f2-a570-e883729854ea"
                ],
                "role_id": "d40e93b6-a0c4-48f0-907f-1939a5c05f99"
              },
              {
                "division_ids": [
                  "f2777e89-ef43-44f2-a570-e883729854ea"
                ],
                "role_id": "dd8950a6-1e3c-46e1-b774-ab0f50a5ecb2"
              },
              {
                "division_ids": [
                  "f2777e89-ef43-44f2-a570-e883729854ea"
                ],
                "role_id": "ec850d7b-d45e-4e1c-a419-1cd3fc771649"
              }
            ],
            "user_id": "c7307a92-19cf-4487-a53e-63d3cbe7ac2e"
          },
          "sensitive_attributes": [],
          "private": "eyJzY2hlbWFfdmVyc2lvbiI6IjEifQ==",
          "dependencies": [
            "data.genesyscloud_auth_role.AgentAssist",
            "data.genesyscloud_auth_role.Developer",
            "data.genesyscloud_auth_role.GenesysCloudVoiceAdmin",
            "data.genesyscloud_auth_role.MasterAdmin",
            "data.genesyscloud_auth_role.Terraform_user",
            "data.genesyscloud_auth_role.admin",
            "data.genesyscloud_auth_role.employee",
            "data.genesyscloud_routing_skill.z36",
            "genesyscloud_user.Workshop_user36"
          ]
        }
      ]
    },
    {
      "mode": "managed",
      "type": "genesyscloud_user_roles",
      "name": "Workshoproles_user37",
      "provider": "provider[\"registry.terraform.io/mypurecloud/genesyscloud\"]",
      "instances": [
        {
          "schema_version": 1,
          "attributes": {
            "id": "91c68008-74f2-40c8-9f1a-a605039cf6e0",
            "roles": [
              {
                "division_ids": [
                  "f2777e89-ef43-44f2-a570-e883729854ea"
                ],
                "role_id": "05c2fe4c-0312-4598-8148-a96eb2c15b5d"
              },
              {
                "division_ids": [
                  "f2777e89-ef43-44f2-a570-e883729854ea"
                ],
                "role_id": "380f8746-2e13-46d2-b91d-411cd8595468"
              },
              {
                "division_ids": [
                  "f2777e89-ef43-44f2-a570-e883729854ea"
                ],
                "role_id": "8fd2b585-45c8-43a8-a378-882d923b4dac"
              },
              {
                "division_ids": [
                  "f2777e89-ef43-44f2-a570-e883729854ea"
                ],
                "role_id": "b746f6cf-573e-4354-9276-265d66cb816e"
              },
              {
                "division_ids": [
                  "f2777e89-ef43-44f2-a570-e883729854ea"
                ],
                "role_id": "d40e93b6-a0c4-48f0-907f-1939a5c05f99"
              },
              {
                "division_ids": [
                  "f2777e89-ef43-44f2-a570-e883729854ea"
                ],
                "role_id": "dd8950a6-1e3c-46e1-b774-ab0f50a5ecb2"
              },
              {
                "division_ids": [
                  "f2777e89-ef43-44f2-a570-e883729854ea"
                ],
                "role_id": "ec850d7b-d45e-4e1c-a419-1cd3fc771649"
              }
            ],
            "user_id": "91c68008-74f2-40c8-9f1a-a605039cf6e0"
          },
          "sensitive_attributes": [],
          "private": "eyJzY2hlbWFfdmVyc2lvbiI6IjEifQ==",
          "dependencies": [
            "data.genesyscloud_auth_role.AgentAssist",
            "data.genesyscloud_auth_role.Developer",
            "data.genesyscloud_auth_role.GenesysCloudVoiceAdmin",
            "data.genesyscloud_auth_role.MasterAdmin",
            "data.genesyscloud_auth_role.Terraform_user",
            "data.genesyscloud_auth_role.admin",
            "data.genesyscloud_auth_role.employee",
            "data.genesyscloud_routing_skill.z37",
            "genesyscloud_user.Workshop_user37"
          ]
        }
      ]
    },
    {
      "mode": "managed",
      "type": "genesyscloud_user_roles",
      "name": "Workshoproles_user38",
      "provider": "provider[\"registry.terraform.io/mypurecloud/genesyscloud\"]",
      "instances": [
        {
          "schema_version": 1,
          "attributes": {
            "id": "d32341f2-eca1-4ba1-967a-7fac703f7b36",
            "roles": [
              {
                "division_ids": [
                  "f2777e89-ef43-44f2-a570-e883729854ea"
                ],
                "role_id": "05c2fe4c-0312-4598-8148-a96eb2c15b5d"
              },
              {
                "division_ids": [
                  "f2777e89-ef43-44f2-a570-e883729854ea"
                ],
                "role_id": "380f8746-2e13-46d2-b91d-411cd8595468"
              },
              {
                "division_ids": [
                  "f2777e89-ef43-44f2-a570-e883729854ea"
                ],
                "role_id": "8fd2b585-45c8-43a8-a378-882d923b4dac"
              },
              {
                "division_ids": [
                  "f2777e89-ef43-44f2-a570-e883729854ea"
                ],
                "role_id": "b746f6cf-573e-4354-9276-265d66cb816e"
              },
              {
                "division_ids": [
                  "f2777e89-ef43-44f2-a570-e883729854ea"
                ],
                "role_id": "d40e93b6-a0c4-48f0-907f-1939a5c05f99"
              },
              {
                "division_ids": [
                  "f2777e89-ef43-44f2-a570-e883729854ea"
                ],
                "role_id": "dd8950a6-1e3c-46e1-b774-ab0f50a5ecb2"
              },
              {
                "division_ids": [
                  "f2777e89-ef43-44f2-a570-e883729854ea"
                ],
                "role_id": "ec850d7b-d45e-4e1c-a419-1cd3fc771649"
              }
            ],
            "user_id": "d32341f2-eca1-4ba1-967a-7fac703f7b36"
          },
          "sensitive_attributes": [],
          "private": "eyJzY2hlbWFfdmVyc2lvbiI6IjEifQ==",
          "dependencies": [
            "data.genesyscloud_auth_role.AgentAssist",
            "data.genesyscloud_auth_role.Developer",
            "data.genesyscloud_auth_role.GenesysCloudVoiceAdmin",
            "data.genesyscloud_auth_role.MasterAdmin",
            "data.genesyscloud_auth_role.Terraform_user",
            "data.genesyscloud_auth_role.admin",
            "data.genesyscloud_auth_role.employee",
            "data.genesyscloud_routing_skill.z38",
            "genesyscloud_user.Workshop_user38"
          ]
        }
      ]
    },
    {
      "mode": "managed",
      "type": "genesyscloud_user_roles",
      "name": "Workshoproles_user39",
      "provider": "provider[\"registry.terraform.io/mypurecloud/genesyscloud\"]",
      "instances": [
        {
          "schema_version": 1,
          "attributes": {
            "id": "0e2b3d81-01b8-403c-a952-3506fff62399",
            "roles": [
              {
                "division_ids": [
                  "f2777e89-ef43-44f2-a570-e883729854ea"
                ],
                "role_id": "05c2fe4c-0312-4598-8148-a96eb2c15b5d"
              },
              {
                "division_ids": [
                  "f2777e89-ef43-44f2-a570-e883729854ea"
                ],
                "role_id": "380f8746-2e13-46d2-b91d-411cd8595468"
              },
              {
                "division_ids": [
                  "f2777e89-ef43-44f2-a570-e883729854ea"
                ],
                "role_id": "8fd2b585-45c8-43a8-a378-882d923b4dac"
              },
              {
                "division_ids": [
                  "f2777e89-ef43-44f2-a570-e883729854ea"
                ],
                "role_id": "b746f6cf-573e-4354-9276-265d66cb816e"
              },
              {
                "division_ids": [
                  "f2777e89-ef43-44f2-a570-e883729854ea"
                ],
                "role_id": "d40e93b6-a0c4-48f0-907f-1939a5c05f99"
              },
              {
                "division_ids": [
                  "f2777e89-ef43-44f2-a570-e883729854ea"
                ],
                "role_id": "dd8950a6-1e3c-46e1-b774-ab0f50a5ecb2"
              },
              {
                "division_ids": [
                  "f2777e89-ef43-44f2-a570-e883729854ea"
                ],
                "role_id": "ec850d7b-d45e-4e1c-a419-1cd3fc771649"
              }
            ],
            "user_id": "0e2b3d81-01b8-403c-a952-3506fff62399"
          },
          "sensitive_attributes": [],
          "private": "eyJzY2hlbWFfdmVyc2lvbiI6IjEifQ==",
          "dependencies": [
            "data.genesyscloud_auth_role.AgentAssist",
            "data.genesyscloud_auth_role.Developer",
            "data.genesyscloud_auth_role.GenesysCloudVoiceAdmin",
            "data.genesyscloud_auth_role.MasterAdmin",
            "data.genesyscloud_auth_role.Terraform_user",
            "data.genesyscloud_auth_role.admin",
            "data.genesyscloud_auth_role.employee",
            "data.genesyscloud_routing_skill.z39",
            "genesyscloud_user.Workshop_user39"
          ]
        }
      ]
    },
    {
      "mode": "managed",
      "type": "genesyscloud_user_roles",
      "name": "Workshoproles_user4",
      "provider": "provider[\"registry.terraform.io/mypurecloud/genesyscloud\"]",
      "instances": [
        {
          "schema_version": 1,
          "attributes": {
            "id": "28cdb6f1-d08b-4d57-b9c2-00294b4a8368",
            "roles": [
              {
                "division_ids": [
                  "f2777e89-ef43-44f2-a570-e883729854ea"
                ],
                "role_id": "05c2fe4c-0312-4598-8148-a96eb2c15b5d"
              },
              {
                "division_ids": [
                  "f2777e89-ef43-44f2-a570-e883729854ea"
                ],
                "role_id": "380f8746-2e13-46d2-b91d-411cd8595468"
              },
              {
                "division_ids": [
                  "f2777e89-ef43-44f2-a570-e883729854ea"
                ],
                "role_id": "8fd2b585-45c8-43a8-a378-882d923b4dac"
              },
              {
                "division_ids": [
                  "f2777e89-ef43-44f2-a570-e883729854ea"
                ],
                "role_id": "b746f6cf-573e-4354-9276-265d66cb816e"
              },
              {
                "division_ids": [
                  "f2777e89-ef43-44f2-a570-e883729854ea"
                ],
                "role_id": "d40e93b6-a0c4-48f0-907f-1939a5c05f99"
              },
              {
                "division_ids": [
                  "f2777e89-ef43-44f2-a570-e883729854ea"
                ],
                "role_id": "dd8950a6-1e3c-46e1-b774-ab0f50a5ecb2"
              },
              {
                "division_ids": [
                  "f2777e89-ef43-44f2-a570-e883729854ea"
                ],
                "role_id": "ec850d7b-d45e-4e1c-a419-1cd3fc771649"
              }
            ],
            "user_id": "28cdb6f1-d08b-4d57-b9c2-00294b4a8368"
          },
          "sensitive_attributes": [],
          "private": "eyJzY2hlbWFfdmVyc2lvbiI6IjEifQ==",
          "dependencies": [
            "data.genesyscloud_auth_role.AgentAssist",
            "data.genesyscloud_auth_role.Developer",
            "data.genesyscloud_auth_role.GenesysCloudVoiceAdmin",
            "data.genesyscloud_auth_role.MasterAdmin",
            "data.genesyscloud_auth_role.Terraform_user",
            "data.genesyscloud_auth_role.admin",
            "data.genesyscloud_auth_role.employee",
            "data.genesyscloud_routing_skill.z4",
            "genesyscloud_user.Workshop_user4"
          ]
        }
      ]
    },
    {
      "mode": "managed",
      "type": "genesyscloud_user_roles",
      "name": "Workshoproles_user40",
      "provider": "provider[\"registry.terraform.io/mypurecloud/genesyscloud\"]",
      "instances": [
        {
          "schema_version": 1,
          "attributes": {
            "id": "4a93fd8f-d0d6-43e2-bf4d-0b99b7b6d0e5",
            "roles": [
              {
                "division_ids": [
                  "f2777e89-ef43-44f2-a570-e883729854ea"
                ],
                "role_id": "05c2fe4c-0312-4598-8148-a96eb2c15b5d"
              },
              {
                "division_ids": [
                  "f2777e89-ef43-44f2-a570-e883729854ea"
                ],
                "role_id": "380f8746-2e13-46d2-b91d-411cd8595468"
              },
              {
                "division_ids": [
                  "f2777e89-ef43-44f2-a570-e883729854ea"
                ],
                "role_id": "8fd2b585-45c8-43a8-a378-882d923b4dac"
              },
              {
                "division_ids": [
                  "f2777e89-ef43-44f2-a570-e883729854ea"
                ],
                "role_id": "b746f6cf-573e-4354-9276-265d66cb816e"
              },
              {
                "division_ids": [
                  "f2777e89-ef43-44f2-a570-e883729854ea"
                ],
                "role_id": "d40e93b6-a0c4-48f0-907f-1939a5c05f99"
              },
              {
                "division_ids": [
                  "f2777e89-ef43-44f2-a570-e883729854ea"
                ],
                "role_id": "dd8950a6-1e3c-46e1-b774-ab0f50a5ecb2"
              },
              {
                "division_ids": [
                  "f2777e89-ef43-44f2-a570-e883729854ea"
                ],
                "role_id": "ec850d7b-d45e-4e1c-a419-1cd3fc771649"
              }
            ],
            "user_id": "4a93fd8f-d0d6-43e2-bf4d-0b99b7b6d0e5"
          },
          "sensitive_attributes": [],
          "private": "eyJzY2hlbWFfdmVyc2lvbiI6IjEifQ==",
          "dependencies": [
            "data.genesyscloud_auth_role.AgentAssist",
            "data.genesyscloud_auth_role.Developer",
            "data.genesyscloud_auth_role.GenesysCloudVoiceAdmin",
            "data.genesyscloud_auth_role.MasterAdmin",
            "data.genesyscloud_auth_role.Terraform_user",
            "data.genesyscloud_auth_role.admin",
            "data.genesyscloud_auth_role.employee",
            "data.genesyscloud_routing_skill.z40",
            "genesyscloud_user.Workshop_user40"
          ]
        }
      ]
    },
    {
      "mode": "managed",
      "type": "genesyscloud_user_roles",
      "name": "Workshoproles_user41",
      "provider": "provider[\"registry.terraform.io/mypurecloud/genesyscloud\"]",
      "instances": [
        {
          "schema_version": 1,
          "attributes": {
            "id": "ebc58970-8dd1-4160-a632-4e442a1764e8",
            "roles": [
              {
                "division_ids": [
                  "f2777e89-ef43-44f2-a570-e883729854ea"
                ],
                "role_id": "05c2fe4c-0312-4598-8148-a96eb2c15b5d"
              },
              {
                "division_ids": [
                  "f2777e89-ef43-44f2-a570-e883729854ea"
                ],
                "role_id": "380f8746-2e13-46d2-b91d-411cd8595468"
              },
              {
                "division_ids": [
                  "f2777e89-ef43-44f2-a570-e883729854ea"
                ],
                "role_id": "8fd2b585-45c8-43a8-a378-882d923b4dac"
              },
              {
                "division_ids": [
                  "f2777e89-ef43-44f2-a570-e883729854ea"
                ],
                "role_id": "b746f6cf-573e-4354-9276-265d66cb816e"
              },
              {
                "division_ids": [
                  "f2777e89-ef43-44f2-a570-e883729854ea"
                ],
                "role_id": "d40e93b6-a0c4-48f0-907f-1939a5c05f99"
              },
              {
                "division_ids": [
                  "f2777e89-ef43-44f2-a570-e883729854ea"
                ],
                "role_id": "dd8950a6-1e3c-46e1-b774-ab0f50a5ecb2"
              },
              {
                "division_ids": [
                  "f2777e89-ef43-44f2-a570-e883729854ea"
                ],
                "role_id": "ec850d7b-d45e-4e1c-a419-1cd3fc771649"
              }
            ],
            "user_id": "ebc58970-8dd1-4160-a632-4e442a1764e8"
          },
          "sensitive_attributes": [],
          "private": "eyJzY2hlbWFfdmVyc2lvbiI6IjEifQ==",
          "dependencies": [
            "data.genesyscloud_auth_role.AgentAssist",
            "data.genesyscloud_auth_role.Developer",
            "data.genesyscloud_auth_role.GenesysCloudVoiceAdmin",
            "data.genesyscloud_auth_role.MasterAdmin",
            "data.genesyscloud_auth_role.Terraform_user",
            "data.genesyscloud_auth_role.admin",
            "data.genesyscloud_auth_role.employee",
            "data.genesyscloud_routing_skill.z41",
            "genesyscloud_user.Workshop_user41"
          ]
        }
      ]
    },
    {
      "mode": "managed",
      "type": "genesyscloud_user_roles",
      "name": "Workshoproles_user42",
      "provider": "provider[\"registry.terraform.io/mypurecloud/genesyscloud\"]",
      "instances": [
        {
          "schema_version": 1,
          "attributes": {
            "id": "52cd451a-0289-4a2b-882c-f8c4c168ad4c",
            "roles": [
              {
                "division_ids": [
                  "f2777e89-ef43-44f2-a570-e883729854ea"
                ],
                "role_id": "05c2fe4c-0312-4598-8148-a96eb2c15b5d"
              },
              {
                "division_ids": [
                  "f2777e89-ef43-44f2-a570-e883729854ea"
                ],
                "role_id": "380f8746-2e13-46d2-b91d-411cd8595468"
              },
              {
                "division_ids": [
                  "f2777e89-ef43-44f2-a570-e883729854ea"
                ],
                "role_id": "8fd2b585-45c8-43a8-a378-882d923b4dac"
              },
              {
                "division_ids": [
                  "f2777e89-ef43-44f2-a570-e883729854ea"
                ],
                "role_id": "b746f6cf-573e-4354-9276-265d66cb816e"
              },
              {
                "division_ids": [
                  "f2777e89-ef43-44f2-a570-e883729854ea"
                ],
                "role_id": "d40e93b6-a0c4-48f0-907f-1939a5c05f99"
              },
              {
                "division_ids": [
                  "f2777e89-ef43-44f2-a570-e883729854ea"
                ],
                "role_id": "dd8950a6-1e3c-46e1-b774-ab0f50a5ecb2"
              },
              {
                "division_ids": [
                  "f2777e89-ef43-44f2-a570-e883729854ea"
                ],
                "role_id": "ec850d7b-d45e-4e1c-a419-1cd3fc771649"
              }
            ],
            "user_id": "52cd451a-0289-4a2b-882c-f8c4c168ad4c"
          },
          "sensitive_attributes": [],
          "private": "eyJzY2hlbWFfdmVyc2lvbiI6IjEifQ==",
          "dependencies": [
            "data.genesyscloud_auth_role.AgentAssist",
            "data.genesyscloud_auth_role.Developer",
            "data.genesyscloud_auth_role.GenesysCloudVoiceAdmin",
            "data.genesyscloud_auth_role.MasterAdmin",
            "data.genesyscloud_auth_role.Terraform_user",
            "data.genesyscloud_auth_role.admin",
            "data.genesyscloud_auth_role.employee",
            "data.genesyscloud_routing_skill.z42",
            "genesyscloud_user.Workshop_user42"
          ]
        }
      ]
    },
    {
      "mode": "managed",
      "type": "genesyscloud_user_roles",
      "name": "Workshoproles_user43",
      "provider": "provider[\"registry.terraform.io/mypurecloud/genesyscloud\"]",
      "instances": [
        {
          "schema_version": 1,
          "attributes": {
            "id": "5b227ab4-90ec-441a-8216-79e195b654db",
            "roles": [
              {
                "division_ids": [
                  "f2777e89-ef43-44f2-a570-e883729854ea"
                ],
                "role_id": "05c2fe4c-0312-4598-8148-a96eb2c15b5d"
              },
              {
                "division_ids": [
                  "f2777e89-ef43-44f2-a570-e883729854ea"
                ],
                "role_id": "380f8746-2e13-46d2-b91d-411cd8595468"
              },
              {
                "division_ids": [
                  "f2777e89-ef43-44f2-a570-e883729854ea"
                ],
                "role_id": "8fd2b585-45c8-43a8-a378-882d923b4dac"
              },
              {
                "division_ids": [
                  "f2777e89-ef43-44f2-a570-e883729854ea"
                ],
                "role_id": "b746f6cf-573e-4354-9276-265d66cb816e"
              },
              {
                "division_ids": [
                  "f2777e89-ef43-44f2-a570-e883729854ea"
                ],
                "role_id": "d40e93b6-a0c4-48f0-907f-1939a5c05f99"
              },
              {
                "division_ids": [
                  "f2777e89-ef43-44f2-a570-e883729854ea"
                ],
                "role_id": "dd8950a6-1e3c-46e1-b774-ab0f50a5ecb2"
              },
              {
                "division_ids": [
                  "f2777e89-ef43-44f2-a570-e883729854ea"
                ],
                "role_id": "ec850d7b-d45e-4e1c-a419-1cd3fc771649"
              }
            ],
            "user_id": "5b227ab4-90ec-441a-8216-79e195b654db"
          },
          "sensitive_attributes": [],
          "private": "eyJzY2hlbWFfdmVyc2lvbiI6IjEifQ==",
          "dependencies": [
            "data.genesyscloud_auth_role.AgentAssist",
            "data.genesyscloud_auth_role.Developer",
            "data.genesyscloud_auth_role.GenesysCloudVoiceAdmin",
            "data.genesyscloud_auth_role.MasterAdmin",
            "data.genesyscloud_auth_role.Terraform_user",
            "data.genesyscloud_auth_role.admin",
            "data.genesyscloud_auth_role.employee",
            "data.genesyscloud_routing_skill.z43",
            "genesyscloud_user.Workshop_user43"
          ]
        }
      ]
    },
    {
      "mode": "managed",
      "type": "genesyscloud_user_roles",
      "name": "Workshoproles_user44",
      "provider": "provider[\"registry.terraform.io/mypurecloud/genesyscloud\"]",
      "instances": [
        {
          "schema_version": 1,
          "attributes": {
            "id": "59a77456-3295-4017-a51b-a566b94c3f0b",
            "roles": [
              {
                "division_ids": [
                  "f2777e89-ef43-44f2-a570-e883729854ea"
                ],
                "role_id": "05c2fe4c-0312-4598-8148-a96eb2c15b5d"
              },
              {
                "division_ids": [
                  "f2777e89-ef43-44f2-a570-e883729854ea"
                ],
                "role_id": "380f8746-2e13-46d2-b91d-411cd8595468"
              },
              {
                "division_ids": [
                  "f2777e89-ef43-44f2-a570-e883729854ea"
                ],
                "role_id": "8fd2b585-45c8-43a8-a378-882d923b4dac"
              },
              {
                "division_ids": [
                  "f2777e89-ef43-44f2-a570-e883729854ea"
                ],
                "role_id": "b746f6cf-573e-4354-9276-265d66cb816e"
              },
              {
                "division_ids": [
                  "f2777e89-ef43-44f2-a570-e883729854ea"
                ],
                "role_id": "d40e93b6-a0c4-48f0-907f-1939a5c05f99"
              },
              {
                "division_ids": [
                  "f2777e89-ef43-44f2-a570-e883729854ea"
                ],
                "role_id": "dd8950a6-1e3c-46e1-b774-ab0f50a5ecb2"
              },
              {
                "division_ids": [
                  "f2777e89-ef43-44f2-a570-e883729854ea"
                ],
                "role_id": "ec850d7b-d45e-4e1c-a419-1cd3fc771649"
              }
            ],
            "user_id": "59a77456-3295-4017-a51b-a566b94c3f0b"
          },
          "sensitive_attributes": [],
          "private": "eyJzY2hlbWFfdmVyc2lvbiI6IjEifQ==",
          "dependencies": [
            "data.genesyscloud_auth_role.AgentAssist",
            "data.genesyscloud_auth_role.Developer",
            "data.genesyscloud_auth_role.GenesysCloudVoiceAdmin",
            "data.genesyscloud_auth_role.MasterAdmin",
            "data.genesyscloud_auth_role.Terraform_user",
            "data.genesyscloud_auth_role.admin",
            "data.genesyscloud_auth_role.employee",
            "data.genesyscloud_routing_skill.z44",
            "genesyscloud_user.Workshop_user44"
          ]
        }
      ]
    },
    {
      "mode": "managed",
      "type": "genesyscloud_user_roles",
      "name": "Workshoproles_user45",
      "provider": "provider[\"registry.terraform.io/mypurecloud/genesyscloud\"]",
      "instances": [
        {
          "schema_version": 1,
          "attributes": {
            "id": "4a47011e-8ec7-4a9a-a5cb-36601151d3c8",
            "roles": [
              {
                "division_ids": [
                  "f2777e89-ef43-44f2-a570-e883729854ea"
                ],
                "role_id": "05c2fe4c-0312-4598-8148-a96eb2c15b5d"
              },
              {
                "division_ids": [
                  "f2777e89-ef43-44f2-a570-e883729854ea"
                ],
                "role_id": "380f8746-2e13-46d2-b91d-411cd8595468"
              },
              {
                "division_ids": [
                  "f2777e89-ef43-44f2-a570-e883729854ea"
                ],
                "role_id": "8fd2b585-45c8-43a8-a378-882d923b4dac"
              },
              {
                "division_ids": [
                  "f2777e89-ef43-44f2-a570-e883729854ea"
                ],
                "role_id": "b746f6cf-573e-4354-9276-265d66cb816e"
              },
              {
                "division_ids": [
                  "f2777e89-ef43-44f2-a570-e883729854ea"
                ],
                "role_id": "d40e93b6-a0c4-48f0-907f-1939a5c05f99"
              },
              {
                "division_ids": [
                  "f2777e89-ef43-44f2-a570-e883729854ea"
                ],
                "role_id": "dd8950a6-1e3c-46e1-b774-ab0f50a5ecb2"
              },
              {
                "division_ids": [
                  "f2777e89-ef43-44f2-a570-e883729854ea"
                ],
                "role_id": "ec850d7b-d45e-4e1c-a419-1cd3fc771649"
              }
            ],
            "user_id": "4a47011e-8ec7-4a9a-a5cb-36601151d3c8"
          },
          "sensitive_attributes": [],
          "private": "eyJzY2hlbWFfdmVyc2lvbiI6IjEifQ==",
          "dependencies": [
            "data.genesyscloud_auth_role.AgentAssist",
            "data.genesyscloud_auth_role.Developer",
            "data.genesyscloud_auth_role.GenesysCloudVoiceAdmin",
            "data.genesyscloud_auth_role.MasterAdmin",
            "data.genesyscloud_auth_role.Terraform_user",
            "data.genesyscloud_auth_role.admin",
            "data.genesyscloud_auth_role.employee",
            "data.genesyscloud_routing_skill.z45",
            "genesyscloud_user.Workshop_user45"
          ]
        }
      ]
    },
    {
      "mode": "managed",
      "type": "genesyscloud_user_roles",
      "name": "Workshoproles_user46",
      "provider": "provider[\"registry.terraform.io/mypurecloud/genesyscloud\"]",
      "instances": [
        {
          "schema_version": 1,
          "attributes": {
            "id": "cae4ff0a-89cf-4f0e-a5a7-3597cff9b133",
            "roles": [
              {
                "division_ids": [
                  "f2777e89-ef43-44f2-a570-e883729854ea"
                ],
                "role_id": "05c2fe4c-0312-4598-8148-a96eb2c15b5d"
              },
              {
                "division_ids": [
                  "f2777e89-ef43-44f2-a570-e883729854ea"
                ],
                "role_id": "380f8746-2e13-46d2-b91d-411cd8595468"
              },
              {
                "division_ids": [
                  "f2777e89-ef43-44f2-a570-e883729854ea"
                ],
                "role_id": "8fd2b585-45c8-43a8-a378-882d923b4dac"
              },
              {
                "division_ids": [
                  "f2777e89-ef43-44f2-a570-e883729854ea"
                ],
                "role_id": "b746f6cf-573e-4354-9276-265d66cb816e"
              },
              {
                "division_ids": [
                  "f2777e89-ef43-44f2-a570-e883729854ea"
                ],
                "role_id": "d40e93b6-a0c4-48f0-907f-1939a5c05f99"
              },
              {
                "division_ids": [
                  "f2777e89-ef43-44f2-a570-e883729854ea"
                ],
                "role_id": "dd8950a6-1e3c-46e1-b774-ab0f50a5ecb2"
              },
              {
                "division_ids": [
                  "f2777e89-ef43-44f2-a570-e883729854ea"
                ],
                "role_id": "ec850d7b-d45e-4e1c-a419-1cd3fc771649"
              }
            ],
            "user_id": "cae4ff0a-89cf-4f0e-a5a7-3597cff9b133"
          },
          "sensitive_attributes": [],
          "private": "eyJzY2hlbWFfdmVyc2lvbiI6IjEifQ==",
          "dependencies": [
            "data.genesyscloud_auth_role.AgentAssist",
            "data.genesyscloud_auth_role.Developer",
            "data.genesyscloud_auth_role.GenesysCloudVoiceAdmin",
            "data.genesyscloud_auth_role.MasterAdmin",
            "data.genesyscloud_auth_role.Terraform_user",
            "data.genesyscloud_auth_role.admin",
            "data.genesyscloud_auth_role.employee",
            "data.genesyscloud_routing_skill.z46",
            "genesyscloud_user.Workshop_user46"
          ]
        }
      ]
    },
    {
      "mode": "managed",
      "type": "genesyscloud_user_roles",
      "name": "Workshoproles_user47",
      "provider": "provider[\"registry.terraform.io/mypurecloud/genesyscloud\"]",
      "instances": [
        {
          "schema_version": 1,
          "attributes": {
            "id": "aa624ffd-efbd-4f09-afd0-0ed05c849430",
            "roles": [
              {
                "division_ids": [
                  "f2777e89-ef43-44f2-a570-e883729854ea"
                ],
                "role_id": "05c2fe4c-0312-4598-8148-a96eb2c15b5d"
              },
              {
                "division_ids": [
                  "f2777e89-ef43-44f2-a570-e883729854ea"
                ],
                "role_id": "380f8746-2e13-46d2-b91d-411cd8595468"
              },
              {
                "division_ids": [
                  "f2777e89-ef43-44f2-a570-e883729854ea"
                ],
                "role_id": "8fd2b585-45c8-43a8-a378-882d923b4dac"
              },
              {
                "division_ids": [
                  "f2777e89-ef43-44f2-a570-e883729854ea"
                ],
                "role_id": "b746f6cf-573e-4354-9276-265d66cb816e"
              },
              {
                "division_ids": [
                  "f2777e89-ef43-44f2-a570-e883729854ea"
                ],
                "role_id": "d40e93b6-a0c4-48f0-907f-1939a5c05f99"
              },
              {
                "division_ids": [
                  "f2777e89-ef43-44f2-a570-e883729854ea"
                ],
                "role_id": "dd8950a6-1e3c-46e1-b774-ab0f50a5ecb2"
              },
              {
                "division_ids": [
                  "f2777e89-ef43-44f2-a570-e883729854ea"
                ],
                "role_id": "ec850d7b-d45e-4e1c-a419-1cd3fc771649"
              }
            ],
            "user_id": "aa624ffd-efbd-4f09-afd0-0ed05c849430"
          },
          "sensitive_attributes": [],
          "private": "eyJzY2hlbWFfdmVyc2lvbiI6IjEifQ==",
          "dependencies": [
            "data.genesyscloud_auth_role.AgentAssist",
            "data.genesyscloud_auth_role.Developer",
            "data.genesyscloud_auth_role.GenesysCloudVoiceAdmin",
            "data.genesyscloud_auth_role.MasterAdmin",
            "data.genesyscloud_auth_role.Terraform_user",
            "data.genesyscloud_auth_role.admin",
            "data.genesyscloud_auth_role.employee",
            "data.genesyscloud_routing_skill.z47",
            "genesyscloud_user.Workshop_user47"
          ]
        }
      ]
    },
    {
      "mode": "managed",
      "type": "genesyscloud_user_roles",
      "name": "Workshoproles_user48",
      "provider": "provider[\"registry.terraform.io/mypurecloud/genesyscloud\"]",
      "instances": [
        {
          "schema_version": 1,
          "attributes": {
            "id": "ac1d82a9-1cb9-4209-ada0-a4af6685142d",
            "roles": [
              {
                "division_ids": [
                  "f2777e89-ef43-44f2-a570-e883729854ea"
                ],
                "role_id": "05c2fe4c-0312-4598-8148-a96eb2c15b5d"
              },
              {
                "division_ids": [
                  "f2777e89-ef43-44f2-a570-e883729854ea"
                ],
                "role_id": "380f8746-2e13-46d2-b91d-411cd8595468"
              },
              {
                "division_ids": [
                  "f2777e89-ef43-44f2-a570-e883729854ea"
                ],
                "role_id": "8fd2b585-45c8-43a8-a378-882d923b4dac"
              },
              {
                "division_ids": [
                  "f2777e89-ef43-44f2-a570-e883729854ea"
                ],
                "role_id": "b746f6cf-573e-4354-9276-265d66cb816e"
              },
              {
                "division_ids": [
                  "f2777e89-ef43-44f2-a570-e883729854ea"
                ],
                "role_id": "d40e93b6-a0c4-48f0-907f-1939a5c05f99"
              },
              {
                "division_ids": [
                  "f2777e89-ef43-44f2-a570-e883729854ea"
                ],
                "role_id": "dd8950a6-1e3c-46e1-b774-ab0f50a5ecb2"
              },
              {
                "division_ids": [
                  "f2777e89-ef43-44f2-a570-e883729854ea"
                ],
                "role_id": "ec850d7b-d45e-4e1c-a419-1cd3fc771649"
              }
            ],
            "user_id": "ac1d82a9-1cb9-4209-ada0-a4af6685142d"
          },
          "sensitive_attributes": [],
          "private": "eyJzY2hlbWFfdmVyc2lvbiI6IjEifQ==",
          "dependencies": [
            "data.genesyscloud_auth_role.AgentAssist",
            "data.genesyscloud_auth_role.Developer",
            "data.genesyscloud_auth_role.GenesysCloudVoiceAdmin",
            "data.genesyscloud_auth_role.MasterAdmin",
            "data.genesyscloud_auth_role.Terraform_user",
            "data.genesyscloud_auth_role.admin",
            "data.genesyscloud_auth_role.employee",
            "data.genesyscloud_routing_skill.z48",
            "genesyscloud_user.Workshop_user48"
          ]
        }
      ]
    },
    {
      "mode": "managed",
      "type": "genesyscloud_user_roles",
      "name": "Workshoproles_user49",
      "provider": "provider[\"registry.terraform.io/mypurecloud/genesyscloud\"]",
      "instances": [
        {
          "schema_version": 1,
          "attributes": {
            "id": "7b3ea461-e189-499f-880a-8eada1c3c3e4",
            "roles": [
              {
                "division_ids": [
                  "f2777e89-ef43-44f2-a570-e883729854ea"
                ],
                "role_id": "05c2fe4c-0312-4598-8148-a96eb2c15b5d"
              },
              {
                "division_ids": [
                  "f2777e89-ef43-44f2-a570-e883729854ea"
                ],
                "role_id": "380f8746-2e13-46d2-b91d-411cd8595468"
              },
              {
                "division_ids": [
                  "f2777e89-ef43-44f2-a570-e883729854ea"
                ],
                "role_id": "8fd2b585-45c8-43a8-a378-882d923b4dac"
              },
              {
                "division_ids": [
                  "f2777e89-ef43-44f2-a570-e883729854ea"
                ],
                "role_id": "b746f6cf-573e-4354-9276-265d66cb816e"
              },
              {
                "division_ids": [
                  "f2777e89-ef43-44f2-a570-e883729854ea"
                ],
                "role_id": "d40e93b6-a0c4-48f0-907f-1939a5c05f99"
              },
              {
                "division_ids": [
                  "f2777e89-ef43-44f2-a570-e883729854ea"
                ],
                "role_id": "dd8950a6-1e3c-46e1-b774-ab0f50a5ecb2"
              },
              {
                "division_ids": [
                  "f2777e89-ef43-44f2-a570-e883729854ea"
                ],
                "role_id": "ec850d7b-d45e-4e1c-a419-1cd3fc771649"
              }
            ],
            "user_id": "7b3ea461-e189-499f-880a-8eada1c3c3e4"
          },
          "sensitive_attributes": [],
          "private": "eyJzY2hlbWFfdmVyc2lvbiI6IjEifQ==",
          "dependencies": [
            "data.genesyscloud_auth_role.AgentAssist",
            "data.genesyscloud_auth_role.Developer",
            "data.genesyscloud_auth_role.GenesysCloudVoiceAdmin",
            "data.genesyscloud_auth_role.MasterAdmin",
            "data.genesyscloud_auth_role.Terraform_user",
            "data.genesyscloud_auth_role.admin",
            "data.genesyscloud_auth_role.employee",
            "data.genesyscloud_routing_skill.z49",
            "genesyscloud_user.Workshop_user49"
          ]
        }
      ]
    },
    {
      "mode": "managed",
      "type": "genesyscloud_user_roles",
      "name": "Workshoproles_user5",
      "provider": "provider[\"registry.terraform.io/mypurecloud/genesyscloud\"]",
      "instances": [
        {
          "schema_version": 1,
          "attributes": {
            "id": "8ecc9357-4d82-41df-acb2-d1a249518357",
            "roles": [
              {
                "division_ids": [
                  "f2777e89-ef43-44f2-a570-e883729854ea"
                ],
                "role_id": "05c2fe4c-0312-4598-8148-a96eb2c15b5d"
              },
              {
                "division_ids": [
                  "f2777e89-ef43-44f2-a570-e883729854ea"
                ],
                "role_id": "380f8746-2e13-46d2-b91d-411cd8595468"
              },
              {
                "division_ids": [
                  "f2777e89-ef43-44f2-a570-e883729854ea"
                ],
                "role_id": "8fd2b585-45c8-43a8-a378-882d923b4dac"
              },
              {
                "division_ids": [
                  "f2777e89-ef43-44f2-a570-e883729854ea"
                ],
                "role_id": "b746f6cf-573e-4354-9276-265d66cb816e"
              },
              {
                "division_ids": [
                  "f2777e89-ef43-44f2-a570-e883729854ea"
                ],
                "role_id": "d40e93b6-a0c4-48f0-907f-1939a5c05f99"
              },
              {
                "division_ids": [
                  "f2777e89-ef43-44f2-a570-e883729854ea"
                ],
                "role_id": "dd8950a6-1e3c-46e1-b774-ab0f50a5ecb2"
              },
              {
                "division_ids": [
                  "f2777e89-ef43-44f2-a570-e883729854ea"
                ],
                "role_id": "ec850d7b-d45e-4e1c-a419-1cd3fc771649"
              }
            ],
            "user_id": "8ecc9357-4d82-41df-acb2-d1a249518357"
          },
          "sensitive_attributes": [],
          "private": "eyJzY2hlbWFfdmVyc2lvbiI6IjEifQ==",
          "dependencies": [
            "data.genesyscloud_auth_role.AgentAssist",
            "data.genesyscloud_auth_role.Developer",
            "data.genesyscloud_auth_role.GenesysCloudVoiceAdmin",
            "data.genesyscloud_auth_role.MasterAdmin",
            "data.genesyscloud_auth_role.Terraform_user",
            "data.genesyscloud_auth_role.admin",
            "data.genesyscloud_auth_role.employee",
            "data.genesyscloud_routing_skill.z5",
            "genesyscloud_user.Workshop_user5"
          ]
        }
      ]
    },
    {
      "mode": "managed",
      "type": "genesyscloud_user_roles",
      "name": "Workshoproles_user50",
      "provider": "provider[\"registry.terraform.io/mypurecloud/genesyscloud\"]",
      "instances": [
        {
          "schema_version": 1,
          "attributes": {
            "id": "36c3814f-ba18-436f-a908-2852dc041e30",
            "roles": [
              {
                "division_ids": [
                  "f2777e89-ef43-44f2-a570-e883729854ea"
                ],
                "role_id": "05c2fe4c-0312-4598-8148-a96eb2c15b5d"
              },
              {
                "division_ids": [
                  "f2777e89-ef43-44f2-a570-e883729854ea"
                ],
                "role_id": "380f8746-2e13-46d2-b91d-411cd8595468"
              },
              {
                "division_ids": [
                  "f2777e89-ef43-44f2-a570-e883729854ea"
                ],
                "role_id": "8fd2b585-45c8-43a8-a378-882d923b4dac"
              },
              {
                "division_ids": [
                  "f2777e89-ef43-44f2-a570-e883729854ea"
                ],
                "role_id": "b746f6cf-573e-4354-9276-265d66cb816e"
              },
              {
                "division_ids": [
                  "f2777e89-ef43-44f2-a570-e883729854ea"
                ],
                "role_id": "d40e93b6-a0c4-48f0-907f-1939a5c05f99"
              },
              {
                "division_ids": [
                  "f2777e89-ef43-44f2-a570-e883729854ea"
                ],
                "role_id": "dd8950a6-1e3c-46e1-b774-ab0f50a5ecb2"
              },
              {
                "division_ids": [
                  "f2777e89-ef43-44f2-a570-e883729854ea"
                ],
                "role_id": "ec850d7b-d45e-4e1c-a419-1cd3fc771649"
              }
            ],
            "user_id": "36c3814f-ba18-436f-a908-2852dc041e30"
          },
          "sensitive_attributes": [],
          "private": "eyJzY2hlbWFfdmVyc2lvbiI6IjEifQ==",
          "dependencies": [
            "data.genesyscloud_auth_role.AgentAssist",
            "data.genesyscloud_auth_role.Developer",
            "data.genesyscloud_auth_role.GenesysCloudVoiceAdmin",
            "data.genesyscloud_auth_role.MasterAdmin",
            "data.genesyscloud_auth_role.Terraform_user",
            "data.genesyscloud_auth_role.admin",
            "data.genesyscloud_auth_role.employee",
            "data.genesyscloud_routing_skill.z50",
            "genesyscloud_user.Workshop_user50"
          ]
        }
      ]
    },
    {
      "mode": "managed",
      "type": "genesyscloud_user_roles",
      "name": "Workshoproles_user51",
      "provider": "provider[\"registry.terraform.io/mypurecloud/genesyscloud\"]",
      "instances": [
        {
          "schema_version": 1,
          "attributes": {
            "id": "9202bce2-8f83-44a2-8de9-e7b332f9cf87",
            "roles": [
              {
                "division_ids": [
                  "f2777e89-ef43-44f2-a570-e883729854ea"
                ],
                "role_id": "05c2fe4c-0312-4598-8148-a96eb2c15b5d"
              },
              {
                "division_ids": [
                  "f2777e89-ef43-44f2-a570-e883729854ea"
                ],
                "role_id": "380f8746-2e13-46d2-b91d-411cd8595468"
              },
              {
                "division_ids": [
                  "f2777e89-ef43-44f2-a570-e883729854ea"
                ],
                "role_id": "8fd2b585-45c8-43a8-a378-882d923b4dac"
              },
              {
                "division_ids": [
                  "f2777e89-ef43-44f2-a570-e883729854ea"
                ],
                "role_id": "b746f6cf-573e-4354-9276-265d66cb816e"
              },
              {
                "division_ids": [
                  "f2777e89-ef43-44f2-a570-e883729854ea"
                ],
                "role_id": "d40e93b6-a0c4-48f0-907f-1939a5c05f99"
              },
              {
                "division_ids": [
                  "f2777e89-ef43-44f2-a570-e883729854ea"
                ],
                "role_id": "dd8950a6-1e3c-46e1-b774-ab0f50a5ecb2"
              },
              {
                "division_ids": [
                  "f2777e89-ef43-44f2-a570-e883729854ea"
                ],
                "role_id": "ec850d7b-d45e-4e1c-a419-1cd3fc771649"
              }
            ],
            "user_id": "9202bce2-8f83-44a2-8de9-e7b332f9cf87"
          },
          "sensitive_attributes": [],
          "private": "eyJzY2hlbWFfdmVyc2lvbiI6IjEifQ==",
          "dependencies": [
            "data.genesyscloud_auth_role.AgentAssist",
            "data.genesyscloud_auth_role.Developer",
            "data.genesyscloud_auth_role.GenesysCloudVoiceAdmin",
            "data.genesyscloud_auth_role.MasterAdmin",
            "data.genesyscloud_auth_role.Terraform_user",
            "data.genesyscloud_auth_role.admin",
            "data.genesyscloud_auth_role.employee",
            "data.genesyscloud_routing_skill.z51",
            "genesyscloud_user.Workshop_user51"
          ]
        }
      ]
    },
    {
      "mode": "managed",
      "type": "genesyscloud_user_roles",
      "name": "Workshoproles_user52",
      "provider": "provider[\"registry.terraform.io/mypurecloud/genesyscloud\"]",
      "instances": [
        {
          "schema_version": 1,
          "attributes": {
            "id": "3597692c-f64e-4b2e-8fc8-1e63953063d3",
            "roles": [
              {
                "division_ids": [
                  "f2777e89-ef43-44f2-a570-e883729854ea"
                ],
                "role_id": "05c2fe4c-0312-4598-8148-a96eb2c15b5d"
              },
              {
                "division_ids": [
                  "f2777e89-ef43-44f2-a570-e883729854ea"
                ],
                "role_id": "380f8746-2e13-46d2-b91d-411cd8595468"
              },
              {
                "division_ids": [
                  "f2777e89-ef43-44f2-a570-e883729854ea"
                ],
                "role_id": "8fd2b585-45c8-43a8-a378-882d923b4dac"
              },
              {
                "division_ids": [
                  "f2777e89-ef43-44f2-a570-e883729854ea"
                ],
                "role_id": "b746f6cf-573e-4354-9276-265d66cb816e"
              },
              {
                "division_ids": [
                  "f2777e89-ef43-44f2-a570-e883729854ea"
                ],
                "role_id": "d40e93b6-a0c4-48f0-907f-1939a5c05f99"
              },
              {
                "division_ids": [
                  "f2777e89-ef43-44f2-a570-e883729854ea"
                ],
                "role_id": "dd8950a6-1e3c-46e1-b774-ab0f50a5ecb2"
              },
              {
                "division_ids": [
                  "f2777e89-ef43-44f2-a570-e883729854ea"
                ],
                "role_id": "ec850d7b-d45e-4e1c-a419-1cd3fc771649"
              }
            ],
            "user_id": "3597692c-f64e-4b2e-8fc8-1e63953063d3"
          },
          "sensitive_attributes": [],
          "private": "eyJzY2hlbWFfdmVyc2lvbiI6IjEifQ==",
          "dependencies": [
            "data.genesyscloud_auth_role.AgentAssist",
            "data.genesyscloud_auth_role.Developer",
            "data.genesyscloud_auth_role.GenesysCloudVoiceAdmin",
            "data.genesyscloud_auth_role.MasterAdmin",
            "data.genesyscloud_auth_role.Terraform_user",
            "data.genesyscloud_auth_role.admin",
            "data.genesyscloud_auth_role.employee",
            "data.genesyscloud_routing_skill.z52",
            "genesyscloud_user.Workshop_user52"
          ]
        }
      ]
    },
    {
      "mode": "managed",
      "type": "genesyscloud_user_roles",
      "name": "Workshoproles_user53",
      "provider": "provider[\"registry.terraform.io/mypurecloud/genesyscloud\"]",
      "instances": [
        {
          "schema_version": 1,
          "attributes": {
            "id": "6020a195-7938-44d3-958d-79df93dd16d9",
            "roles": [
              {
                "division_ids": [
                  "f2777e89-ef43-44f2-a570-e883729854ea"
                ],
                "role_id": "05c2fe4c-0312-4598-8148-a96eb2c15b5d"
              },
              {
                "division_ids": [
                  "f2777e89-ef43-44f2-a570-e883729854ea"
                ],
                "role_id": "380f8746-2e13-46d2-b91d-411cd8595468"
              },
              {
                "division_ids": [
                  "f2777e89-ef43-44f2-a570-e883729854ea"
                ],
                "role_id": "8fd2b585-45c8-43a8-a378-882d923b4dac"
              },
              {
                "division_ids": [
                  "f2777e89-ef43-44f2-a570-e883729854ea"
                ],
                "role_id": "b746f6cf-573e-4354-9276-265d66cb816e"
              },
              {
                "division_ids": [
                  "f2777e89-ef43-44f2-a570-e883729854ea"
                ],
                "role_id": "d40e93b6-a0c4-48f0-907f-1939a5c05f99"
              },
              {
                "division_ids": [
                  "f2777e89-ef43-44f2-a570-e883729854ea"
                ],
                "role_id": "dd8950a6-1e3c-46e1-b774-ab0f50a5ecb2"
              },
              {
                "division_ids": [
                  "f2777e89-ef43-44f2-a570-e883729854ea"
                ],
                "role_id": "ec850d7b-d45e-4e1c-a419-1cd3fc771649"
              }
            ],
            "user_id": "6020a195-7938-44d3-958d-79df93dd16d9"
          },
          "sensitive_attributes": [],
          "private": "eyJzY2hlbWFfdmVyc2lvbiI6IjEifQ==",
          "dependencies": [
            "data.genesyscloud_auth_role.AgentAssist",
            "data.genesyscloud_auth_role.Developer",
            "data.genesyscloud_auth_role.GenesysCloudVoiceAdmin",
            "data.genesyscloud_auth_role.MasterAdmin",
            "data.genesyscloud_auth_role.Terraform_user",
            "data.genesyscloud_auth_role.admin",
            "data.genesyscloud_auth_role.employee",
            "data.genesyscloud_routing_skill.z53",
            "genesyscloud_user.Workshop_user53"
          ]
        }
      ]
    },
    {
      "mode": "managed",
      "type": "genesyscloud_user_roles",
      "name": "Workshoproles_user54",
      "provider": "provider[\"registry.terraform.io/mypurecloud/genesyscloud\"]",
      "instances": [
        {
          "schema_version": 1,
          "attributes": {
            "id": "69dff4aa-48cb-45ed-b2f4-9bd205c4f65d",
            "roles": [
              {
                "division_ids": [
                  "f2777e89-ef43-44f2-a570-e883729854ea"
                ],
                "role_id": "05c2fe4c-0312-4598-8148-a96eb2c15b5d"
              },
              {
                "division_ids": [
                  "f2777e89-ef43-44f2-a570-e883729854ea"
                ],
                "role_id": "380f8746-2e13-46d2-b91d-411cd8595468"
              },
              {
                "division_ids": [
                  "f2777e89-ef43-44f2-a570-e883729854ea"
                ],
                "role_id": "8fd2b585-45c8-43a8-a378-882d923b4dac"
              },
              {
                "division_ids": [
                  "f2777e89-ef43-44f2-a570-e883729854ea"
                ],
                "role_id": "b746f6cf-573e-4354-9276-265d66cb816e"
              },
              {
                "division_ids": [
                  "f2777e89-ef43-44f2-a570-e883729854ea"
                ],
                "role_id": "d40e93b6-a0c4-48f0-907f-1939a5c05f99"
              },
              {
                "division_ids": [
                  "f2777e89-ef43-44f2-a570-e883729854ea"
                ],
                "role_id": "dd8950a6-1e3c-46e1-b774-ab0f50a5ecb2"
              },
              {
                "division_ids": [
                  "f2777e89-ef43-44f2-a570-e883729854ea"
                ],
                "role_id": "ec850d7b-d45e-4e1c-a419-1cd3fc771649"
              }
            ],
            "user_id": "69dff4aa-48cb-45ed-b2f4-9bd205c4f65d"
          },
          "sensitive_attributes": [],
          "private": "eyJzY2hlbWFfdmVyc2lvbiI6IjEifQ==",
          "dependencies": [
            "data.genesyscloud_auth_role.AgentAssist",
            "data.genesyscloud_auth_role.Developer",
            "data.genesyscloud_auth_role.GenesysCloudVoiceAdmin",
            "data.genesyscloud_auth_role.MasterAdmin",
            "data.genesyscloud_auth_role.Terraform_user",
            "data.genesyscloud_auth_role.admin",
            "data.genesyscloud_auth_role.employee",
            "data.genesyscloud_routing_skill.z54",
            "genesyscloud_user.Workshop_user54"
          ]
        }
      ]
    },
    {
      "mode": "managed",
      "type": "genesyscloud_user_roles",
      "name": "Workshoproles_user55",
      "provider": "provider[\"registry.terraform.io/mypurecloud/genesyscloud\"]",
      "instances": [
        {
          "schema_version": 1,
          "attributes": {
            "id": "e519eb2c-fc61-45c7-be02-4badf22534c0",
            "roles": [
              {
                "division_ids": [
                  "f2777e89-ef43-44f2-a570-e883729854ea"
                ],
                "role_id": "05c2fe4c-0312-4598-8148-a96eb2c15b5d"
              },
              {
                "division_ids": [
                  "f2777e89-ef43-44f2-a570-e883729854ea"
                ],
                "role_id": "380f8746-2e13-46d2-b91d-411cd8595468"
              },
              {
                "division_ids": [
                  "f2777e89-ef43-44f2-a570-e883729854ea"
                ],
                "role_id": "8fd2b585-45c8-43a8-a378-882d923b4dac"
              },
              {
                "division_ids": [
                  "f2777e89-ef43-44f2-a570-e883729854ea"
                ],
                "role_id": "b746f6cf-573e-4354-9276-265d66cb816e"
              },
              {
                "division_ids": [
                  "f2777e89-ef43-44f2-a570-e883729854ea"
                ],
                "role_id": "d40e93b6-a0c4-48f0-907f-1939a5c05f99"
              },
              {
                "division_ids": [
                  "f2777e89-ef43-44f2-a570-e883729854ea"
                ],
                "role_id": "dd8950a6-1e3c-46e1-b774-ab0f50a5ecb2"
              },
              {
                "division_ids": [
                  "f2777e89-ef43-44f2-a570-e883729854ea"
                ],
                "role_id": "ec850d7b-d45e-4e1c-a419-1cd3fc771649"
              }
            ],
            "user_id": "e519eb2c-fc61-45c7-be02-4badf22534c0"
          },
          "sensitive_attributes": [],
          "private": "eyJzY2hlbWFfdmVyc2lvbiI6IjEifQ==",
          "dependencies": [
            "data.genesyscloud_auth_role.AgentAssist",
            "data.genesyscloud_auth_role.Developer",
            "data.genesyscloud_auth_role.GenesysCloudVoiceAdmin",
            "data.genesyscloud_auth_role.MasterAdmin",
            "data.genesyscloud_auth_role.Terraform_user",
            "data.genesyscloud_auth_role.admin",
            "data.genesyscloud_auth_role.employee",
            "data.genesyscloud_routing_skill.z55",
            "genesyscloud_user.Workshop_user55"
          ]
        }
      ]
    },
    {
      "mode": "managed",
      "type": "genesyscloud_user_roles",
      "name": "Workshoproles_user56",
      "provider": "provider[\"registry.terraform.io/mypurecloud/genesyscloud\"]",
      "instances": [
        {
          "schema_version": 1,
          "attributes": {
            "id": "dadb2faf-944f-4bfc-be06-2dee8ffff1c8",
            "roles": [
              {
                "division_ids": [
                  "f2777e89-ef43-44f2-a570-e883729854ea"
                ],
                "role_id": "05c2fe4c-0312-4598-8148-a96eb2c15b5d"
              },
              {
                "division_ids": [
                  "f2777e89-ef43-44f2-a570-e883729854ea"
                ],
                "role_id": "380f8746-2e13-46d2-b91d-411cd8595468"
              },
              {
                "division_ids": [
                  "f2777e89-ef43-44f2-a570-e883729854ea"
                ],
                "role_id": "8fd2b585-45c8-43a8-a378-882d923b4dac"
              },
              {
                "division_ids": [
                  "f2777e89-ef43-44f2-a570-e883729854ea"
                ],
                "role_id": "b746f6cf-573e-4354-9276-265d66cb816e"
              },
              {
                "division_ids": [
                  "f2777e89-ef43-44f2-a570-e883729854ea"
                ],
                "role_id": "d40e93b6-a0c4-48f0-907f-1939a5c05f99"
              },
              {
                "division_ids": [
                  "f2777e89-ef43-44f2-a570-e883729854ea"
                ],
                "role_id": "dd8950a6-1e3c-46e1-b774-ab0f50a5ecb2"
              },
              {
                "division_ids": [
                  "f2777e89-ef43-44f2-a570-e883729854ea"
                ],
                "role_id": "ec850d7b-d45e-4e1c-a419-1cd3fc771649"
              }
            ],
            "user_id": "dadb2faf-944f-4bfc-be06-2dee8ffff1c8"
          },
          "sensitive_attributes": [],
          "private": "eyJzY2hlbWFfdmVyc2lvbiI6IjEifQ==",
          "dependencies": [
            "data.genesyscloud_auth_role.AgentAssist",
            "data.genesyscloud_auth_role.Developer",
            "data.genesyscloud_auth_role.GenesysCloudVoiceAdmin",
            "data.genesyscloud_auth_role.MasterAdmin",
            "data.genesyscloud_auth_role.Terraform_user",
            "data.genesyscloud_auth_role.admin",
            "data.genesyscloud_auth_role.employee",
            "data.genesyscloud_routing_skill.z56",
            "genesyscloud_user.Workshop_user56"
          ]
        }
      ]
    },
    {
      "mode": "managed",
      "type": "genesyscloud_user_roles",
      "name": "Workshoproles_user57",
      "provider": "provider[\"registry.terraform.io/mypurecloud/genesyscloud\"]",
      "instances": [
        {
          "schema_version": 1,
          "attributes": {
            "id": "312ee3a6-2f52-483c-85fd-be682da6b4f8",
            "roles": [
              {
                "division_ids": [
                  "f2777e89-ef43-44f2-a570-e883729854ea"
                ],
                "role_id": "05c2fe4c-0312-4598-8148-a96eb2c15b5d"
              },
              {
                "division_ids": [
                  "f2777e89-ef43-44f2-a570-e883729854ea"
                ],
                "role_id": "380f8746-2e13-46d2-b91d-411cd8595468"
              },
              {
                "division_ids": [
                  "f2777e89-ef43-44f2-a570-e883729854ea"
                ],
                "role_id": "8fd2b585-45c8-43a8-a378-882d923b4dac"
              },
              {
                "division_ids": [
                  "f2777e89-ef43-44f2-a570-e883729854ea"
                ],
                "role_id": "b746f6cf-573e-4354-9276-265d66cb816e"
              },
              {
                "division_ids": [
                  "f2777e89-ef43-44f2-a570-e883729854ea"
                ],
                "role_id": "d40e93b6-a0c4-48f0-907f-1939a5c05f99"
              },
              {
                "division_ids": [
                  "f2777e89-ef43-44f2-a570-e883729854ea"
                ],
                "role_id": "dd8950a6-1e3c-46e1-b774-ab0f50a5ecb2"
              },
              {
                "division_ids": [
                  "f2777e89-ef43-44f2-a570-e883729854ea"
                ],
                "role_id": "ec850d7b-d45e-4e1c-a419-1cd3fc771649"
              }
            ],
            "user_id": "312ee3a6-2f52-483c-85fd-be682da6b4f8"
          },
          "sensitive_attributes": [],
          "private": "eyJzY2hlbWFfdmVyc2lvbiI6IjEifQ==",
          "dependencies": [
            "data.genesyscloud_auth_role.AgentAssist",
            "data.genesyscloud_auth_role.Developer",
            "data.genesyscloud_auth_role.GenesysCloudVoiceAdmin",
            "data.genesyscloud_auth_role.MasterAdmin",
            "data.genesyscloud_auth_role.Terraform_user",
            "data.genesyscloud_auth_role.admin",
            "data.genesyscloud_auth_role.employee",
            "data.genesyscloud_routing_skill.z57",
            "genesyscloud_user.Workshop_user57"
          ]
        }
      ]
    },
    {
      "mode": "managed",
      "type": "genesyscloud_user_roles",
      "name": "Workshoproles_user58",
      "provider": "provider[\"registry.terraform.io/mypurecloud/genesyscloud\"]",
      "instances": [
        {
          "schema_version": 1,
          "attributes": {
            "id": "eb183618-38a5-4c8a-a79b-9ca3c96c6df2",
            "roles": [
              {
                "division_ids": [
                  "f2777e89-ef43-44f2-a570-e883729854ea"
                ],
                "role_id": "05c2fe4c-0312-4598-8148-a96eb2c15b5d"
              },
              {
                "division_ids": [
                  "f2777e89-ef43-44f2-a570-e883729854ea"
                ],
                "role_id": "380f8746-2e13-46d2-b91d-411cd8595468"
              },
              {
                "division_ids": [
                  "f2777e89-ef43-44f2-a570-e883729854ea"
                ],
                "role_id": "8fd2b585-45c8-43a8-a378-882d923b4dac"
              },
              {
                "division_ids": [
                  "f2777e89-ef43-44f2-a570-e883729854ea"
                ],
                "role_id": "b746f6cf-573e-4354-9276-265d66cb816e"
              },
              {
                "division_ids": [
                  "f2777e89-ef43-44f2-a570-e883729854ea"
                ],
                "role_id": "d40e93b6-a0c4-48f0-907f-1939a5c05f99"
              },
              {
                "division_ids": [
                  "f2777e89-ef43-44f2-a570-e883729854ea"
                ],
                "role_id": "dd8950a6-1e3c-46e1-b774-ab0f50a5ecb2"
              },
              {
                "division_ids": [
                  "f2777e89-ef43-44f2-a570-e883729854ea"
                ],
                "role_id": "ec850d7b-d45e-4e1c-a419-1cd3fc771649"
              }
            ],
            "user_id": "eb183618-38a5-4c8a-a79b-9ca3c96c6df2"
          },
          "sensitive_attributes": [],
          "private": "eyJzY2hlbWFfdmVyc2lvbiI6IjEifQ==",
          "dependencies": [
            "data.genesyscloud_auth_role.AgentAssist",
            "data.genesyscloud_auth_role.Developer",
            "data.genesyscloud_auth_role.GenesysCloudVoiceAdmin",
            "data.genesyscloud_auth_role.MasterAdmin",
            "data.genesyscloud_auth_role.Terraform_user",
            "data.genesyscloud_auth_role.admin",
            "data.genesyscloud_auth_role.employee",
            "data.genesyscloud_routing_skill.z58",
            "genesyscloud_user.Workshop_user58"
          ]
        }
      ]
    },
    {
      "mode": "managed",
      "type": "genesyscloud_user_roles",
      "name": "Workshoproles_user59",
      "provider": "provider[\"registry.terraform.io/mypurecloud/genesyscloud\"]",
      "instances": [
        {
          "schema_version": 1,
          "attributes": {
            "id": "e3cd50d4-6be9-4525-8712-ee909d4fa11f",
            "roles": [
              {
                "division_ids": [
                  "f2777e89-ef43-44f2-a570-e883729854ea"
                ],
                "role_id": "05c2fe4c-0312-4598-8148-a96eb2c15b5d"
              },
              {
                "division_ids": [
                  "f2777e89-ef43-44f2-a570-e883729854ea"
                ],
                "role_id": "380f8746-2e13-46d2-b91d-411cd8595468"
              },
              {
                "division_ids": [
                  "f2777e89-ef43-44f2-a570-e883729854ea"
                ],
                "role_id": "8fd2b585-45c8-43a8-a378-882d923b4dac"
              },
              {
                "division_ids": [
                  "f2777e89-ef43-44f2-a570-e883729854ea"
                ],
                "role_id": "b746f6cf-573e-4354-9276-265d66cb816e"
              },
              {
                "division_ids": [
                  "f2777e89-ef43-44f2-a570-e883729854ea"
                ],
                "role_id": "d40e93b6-a0c4-48f0-907f-1939a5c05f99"
              },
              {
                "division_ids": [
                  "f2777e89-ef43-44f2-a570-e883729854ea"
                ],
                "role_id": "dd8950a6-1e3c-46e1-b774-ab0f50a5ecb2"
              },
              {
                "division_ids": [
                  "f2777e89-ef43-44f2-a570-e883729854ea"
                ],
                "role_id": "ec850d7b-d45e-4e1c-a419-1cd3fc771649"
              }
            ],
            "user_id": "e3cd50d4-6be9-4525-8712-ee909d4fa11f"
          },
          "sensitive_attributes": [],
          "private": "eyJzY2hlbWFfdmVyc2lvbiI6IjEifQ==",
          "dependencies": [
            "data.genesyscloud_auth_role.AgentAssist",
            "data.genesyscloud_auth_role.Developer",
            "data.genesyscloud_auth_role.GenesysCloudVoiceAdmin",
            "data.genesyscloud_auth_role.MasterAdmin",
            "data.genesyscloud_auth_role.Terraform_user",
            "data.genesyscloud_auth_role.admin",
            "data.genesyscloud_auth_role.employee",
            "data.genesyscloud_routing_skill.z59",
            "genesyscloud_user.Workshop_user59"
          ]
        }
      ]
    },
    {
      "mode": "managed",
      "type": "genesyscloud_user_roles",
      "name": "Workshoproles_user6",
      "provider": "provider[\"registry.terraform.io/mypurecloud/genesyscloud\"]",
      "instances": [
        {
          "schema_version": 1,
          "attributes": {
            "id": "5970f465-a060-433e-8cee-6fefaeea3a37",
            "roles": [
              {
                "division_ids": [
                  "f2777e89-ef43-44f2-a570-e883729854ea"
                ],
                "role_id": "05c2fe4c-0312-4598-8148-a96eb2c15b5d"
              },
              {
                "division_ids": [
                  "f2777e89-ef43-44f2-a570-e883729854ea"
                ],
                "role_id": "380f8746-2e13-46d2-b91d-411cd8595468"
              },
              {
                "division_ids": [
                  "f2777e89-ef43-44f2-a570-e883729854ea"
                ],
                "role_id": "8fd2b585-45c8-43a8-a378-882d923b4dac"
              },
              {
                "division_ids": [
                  "f2777e89-ef43-44f2-a570-e883729854ea"
                ],
                "role_id": "b746f6cf-573e-4354-9276-265d66cb816e"
              },
              {
                "division_ids": [
                  "f2777e89-ef43-44f2-a570-e883729854ea"
                ],
                "role_id": "d40e93b6-a0c4-48f0-907f-1939a5c05f99"
              },
              {
                "division_ids": [
                  "f2777e89-ef43-44f2-a570-e883729854ea"
                ],
                "role_id": "dd8950a6-1e3c-46e1-b774-ab0f50a5ecb2"
              },
              {
                "division_ids": [
                  "f2777e89-ef43-44f2-a570-e883729854ea"
                ],
                "role_id": "ec850d7b-d45e-4e1c-a419-1cd3fc771649"
              }
            ],
            "user_id": "5970f465-a060-433e-8cee-6fefaeea3a37"
          },
          "sensitive_attributes": [],
          "private": "eyJzY2hlbWFfdmVyc2lvbiI6IjEifQ==",
          "dependencies": [
            "data.genesyscloud_auth_role.AgentAssist",
            "data.genesyscloud_auth_role.Developer",
            "data.genesyscloud_auth_role.GenesysCloudVoiceAdmin",
            "data.genesyscloud_auth_role.MasterAdmin",
            "data.genesyscloud_auth_role.Terraform_user",
            "data.genesyscloud_auth_role.admin",
            "data.genesyscloud_auth_role.employee",
            "data.genesyscloud_routing_skill.z6",
            "genesyscloud_user.Workshop_user6"
          ]
        }
      ]
    },
    {
      "mode": "managed",
      "type": "genesyscloud_user_roles",
      "name": "Workshoproles_user60",
      "provider": "provider[\"registry.terraform.io/mypurecloud/genesyscloud\"]",
      "instances": [
        {
          "schema_version": 1,
          "attributes": {
            "id": "2da32470-16a0-4286-932e-29a313bfd6e9",
            "roles": [
              {
                "division_ids": [
                  "f2777e89-ef43-44f2-a570-e883729854ea"
                ],
                "role_id": "05c2fe4c-0312-4598-8148-a96eb2c15b5d"
              },
              {
                "division_ids": [
                  "f2777e89-ef43-44f2-a570-e883729854ea"
                ],
                "role_id": "380f8746-2e13-46d2-b91d-411cd8595468"
              },
              {
                "division_ids": [
                  "f2777e89-ef43-44f2-a570-e883729854ea"
                ],
                "role_id": "8fd2b585-45c8-43a8-a378-882d923b4dac"
              },
              {
                "division_ids": [
                  "f2777e89-ef43-44f2-a570-e883729854ea"
                ],
                "role_id": "b746f6cf-573e-4354-9276-265d66cb816e"
              },
              {
                "division_ids": [
                  "f2777e89-ef43-44f2-a570-e883729854ea"
                ],
                "role_id": "d40e93b6-a0c4-48f0-907f-1939a5c05f99"
              },
              {
                "division_ids": [
                  "f2777e89-ef43-44f2-a570-e883729854ea"
                ],
                "role_id": "dd8950a6-1e3c-46e1-b774-ab0f50a5ecb2"
              },
              {
                "division_ids": [
                  "f2777e89-ef43-44f2-a570-e883729854ea"
                ],
                "role_id": "ec850d7b-d45e-4e1c-a419-1cd3fc771649"
              }
            ],
            "user_id": "2da32470-16a0-4286-932e-29a313bfd6e9"
          },
          "sensitive_attributes": [],
          "private": "eyJzY2hlbWFfdmVyc2lvbiI6IjEifQ==",
          "dependencies": [
            "data.genesyscloud_auth_role.AgentAssist",
            "data.genesyscloud_auth_role.Developer",
            "data.genesyscloud_auth_role.GenesysCloudVoiceAdmin",
            "data.genesyscloud_auth_role.MasterAdmin",
            "data.genesyscloud_auth_role.Terraform_user",
            "data.genesyscloud_auth_role.admin",
            "data.genesyscloud_auth_role.employee",
            "data.genesyscloud_routing_skill.z60",
            "genesyscloud_user.Workshop_user60"
          ]
        }
      ]
    },
    {
      "mode": "managed",
      "type": "genesyscloud_user_roles",
      "name": "Workshoproles_user61",
      "provider": "provider[\"registry.terraform.io/mypurecloud/genesyscloud\"]",
      "instances": [
        {
          "schema_version": 1,
          "attributes": {
            "id": "8440ad44-3bb2-42fc-a9fe-be5c478f5c20",
            "roles": [
              {
                "division_ids": [
                  "f2777e89-ef43-44f2-a570-e883729854ea"
                ],
                "role_id": "05c2fe4c-0312-4598-8148-a96eb2c15b5d"
              },
              {
                "division_ids": [
                  "f2777e89-ef43-44f2-a570-e883729854ea"
                ],
                "role_id": "380f8746-2e13-46d2-b91d-411cd8595468"
              },
              {
                "division_ids": [
                  "f2777e89-ef43-44f2-a570-e883729854ea"
                ],
                "role_id": "8fd2b585-45c8-43a8-a378-882d923b4dac"
              },
              {
                "division_ids": [
                  "f2777e89-ef43-44f2-a570-e883729854ea"
                ],
                "role_id": "b746f6cf-573e-4354-9276-265d66cb816e"
              },
              {
                "division_ids": [
                  "f2777e89-ef43-44f2-a570-e883729854ea"
                ],
                "role_id": "d40e93b6-a0c4-48f0-907f-1939a5c05f99"
              },
              {
                "division_ids": [
                  "f2777e89-ef43-44f2-a570-e883729854ea"
                ],
                "role_id": "dd8950a6-1e3c-46e1-b774-ab0f50a5ecb2"
              },
              {
                "division_ids": [
                  "f2777e89-ef43-44f2-a570-e883729854ea"
                ],
                "role_id": "ec850d7b-d45e-4e1c-a419-1cd3fc771649"
              }
            ],
            "user_id": "8440ad44-3bb2-42fc-a9fe-be5c478f5c20"
          },
          "sensitive_attributes": [],
          "private": "eyJzY2hlbWFfdmVyc2lvbiI6IjEifQ==",
          "dependencies": [
            "data.genesyscloud_auth_role.AgentAssist",
            "data.genesyscloud_auth_role.Developer",
            "data.genesyscloud_auth_role.GenesysCloudVoiceAdmin",
            "data.genesyscloud_auth_role.MasterAdmin",
            "data.genesyscloud_auth_role.Terraform_user",
            "data.genesyscloud_auth_role.admin",
            "data.genesyscloud_auth_role.employee",
            "data.genesyscloud_routing_skill.z61",
            "genesyscloud_user.Workshop_user61"
          ]
        }
      ]
    },
    {
      "mode": "managed",
      "type": "genesyscloud_user_roles",
      "name": "Workshoproles_user62",
      "provider": "provider[\"registry.terraform.io/mypurecloud/genesyscloud\"]",
      "instances": [
        {
          "schema_version": 1,
          "attributes": {
            "id": "42443e2c-c30f-4ff4-89e1-2e510bf90025",
            "roles": [
              {
                "division_ids": [
                  "f2777e89-ef43-44f2-a570-e883729854ea"
                ],
                "role_id": "05c2fe4c-0312-4598-8148-a96eb2c15b5d"
              },
              {
                "division_ids": [
                  "f2777e89-ef43-44f2-a570-e883729854ea"
                ],
                "role_id": "380f8746-2e13-46d2-b91d-411cd8595468"
              },
              {
                "division_ids": [
                  "f2777e89-ef43-44f2-a570-e883729854ea"
                ],
                "role_id": "8fd2b585-45c8-43a8-a378-882d923b4dac"
              },
              {
                "division_ids": [
                  "f2777e89-ef43-44f2-a570-e883729854ea"
                ],
                "role_id": "b746f6cf-573e-4354-9276-265d66cb816e"
              },
              {
                "division_ids": [
                  "f2777e89-ef43-44f2-a570-e883729854ea"
                ],
                "role_id": "d40e93b6-a0c4-48f0-907f-1939a5c05f99"
              },
              {
                "division_ids": [
                  "f2777e89-ef43-44f2-a570-e883729854ea"
                ],
                "role_id": "dd8950a6-1e3c-46e1-b774-ab0f50a5ecb2"
              },
              {
                "division_ids": [
                  "f2777e89-ef43-44f2-a570-e883729854ea"
                ],
                "role_id": "ec850d7b-d45e-4e1c-a419-1cd3fc771649"
              }
            ],
            "user_id": "42443e2c-c30f-4ff4-89e1-2e510bf90025"
          },
          "sensitive_attributes": [],
          "private": "eyJzY2hlbWFfdmVyc2lvbiI6IjEifQ==",
          "dependencies": [
            "data.genesyscloud_auth_role.AgentAssist",
            "data.genesyscloud_auth_role.Developer",
            "data.genesyscloud_auth_role.GenesysCloudVoiceAdmin",
            "data.genesyscloud_auth_role.MasterAdmin",
            "data.genesyscloud_auth_role.Terraform_user",
            "data.genesyscloud_auth_role.admin",
            "data.genesyscloud_auth_role.employee",
            "data.genesyscloud_routing_skill.z62",
            "genesyscloud_user.Workshop_user62"
          ]
        }
      ]
    },
    {
      "mode": "managed",
      "type": "genesyscloud_user_roles",
      "name": "Workshoproles_user63",
      "provider": "provider[\"registry.terraform.io/mypurecloud/genesyscloud\"]",
      "instances": [
        {
          "schema_version": 1,
          "attributes": {
            "id": "930c2f3e-16da-4d8e-b066-8dec6ea4b636",
            "roles": [
              {
                "division_ids": [
                  "f2777e89-ef43-44f2-a570-e883729854ea"
                ],
                "role_id": "05c2fe4c-0312-4598-8148-a96eb2c15b5d"
              },
              {
                "division_ids": [
                  "f2777e89-ef43-44f2-a570-e883729854ea"
                ],
                "role_id": "380f8746-2e13-46d2-b91d-411cd8595468"
              },
              {
                "division_ids": [
                  "f2777e89-ef43-44f2-a570-e883729854ea"
                ],
                "role_id": "8fd2b585-45c8-43a8-a378-882d923b4dac"
              },
              {
                "division_ids": [
                  "f2777e89-ef43-44f2-a570-e883729854ea"
                ],
                "role_id": "b746f6cf-573e-4354-9276-265d66cb816e"
              },
              {
                "division_ids": [
                  "f2777e89-ef43-44f2-a570-e883729854ea"
                ],
                "role_id": "d40e93b6-a0c4-48f0-907f-1939a5c05f99"
              },
              {
                "division_ids": [
                  "f2777e89-ef43-44f2-a570-e883729854ea"
                ],
                "role_id": "dd8950a6-1e3c-46e1-b774-ab0f50a5ecb2"
              },
              {
                "division_ids": [
                  "f2777e89-ef43-44f2-a570-e883729854ea"
                ],
                "role_id": "ec850d7b-d45e-4e1c-a419-1cd3fc771649"
              }
            ],
            "user_id": "930c2f3e-16da-4d8e-b066-8dec6ea4b636"
          },
          "sensitive_attributes": [],
          "private": "eyJzY2hlbWFfdmVyc2lvbiI6IjEifQ==",
          "dependencies": [
            "data.genesyscloud_auth_role.AgentAssist",
            "data.genesyscloud_auth_role.Developer",
            "data.genesyscloud_auth_role.GenesysCloudVoiceAdmin",
            "data.genesyscloud_auth_role.MasterAdmin",
            "data.genesyscloud_auth_role.Terraform_user",
            "data.genesyscloud_auth_role.admin",
            "data.genesyscloud_auth_role.employee",
            "data.genesyscloud_routing_skill.z63",
            "genesyscloud_user.Workshop_user63"
          ]
        }
      ]
    },
    {
      "mode": "managed",
      "type": "genesyscloud_user_roles",
      "name": "Workshoproles_user64",
      "provider": "provider[\"registry.terraform.io/mypurecloud/genesyscloud\"]",
      "instances": [
        {
          "schema_version": 1,
          "attributes": {
            "id": "dd175de5-1c62-4fbf-ae89-c3dec1bdb317",
            "roles": [
              {
                "division_ids": [
                  "f2777e89-ef43-44f2-a570-e883729854ea"
                ],
                "role_id": "05c2fe4c-0312-4598-8148-a96eb2c15b5d"
              },
              {
                "division_ids": [
                  "f2777e89-ef43-44f2-a570-e883729854ea"
                ],
                "role_id": "380f8746-2e13-46d2-b91d-411cd8595468"
              },
              {
                "division_ids": [
                  "f2777e89-ef43-44f2-a570-e883729854ea"
                ],
                "role_id": "8fd2b585-45c8-43a8-a378-882d923b4dac"
              },
              {
                "division_ids": [
                  "f2777e89-ef43-44f2-a570-e883729854ea"
                ],
                "role_id": "b746f6cf-573e-4354-9276-265d66cb816e"
              },
              {
                "division_ids": [
                  "f2777e89-ef43-44f2-a570-e883729854ea"
                ],
                "role_id": "d40e93b6-a0c4-48f0-907f-1939a5c05f99"
              },
              {
                "division_ids": [
                  "f2777e89-ef43-44f2-a570-e883729854ea"
                ],
                "role_id": "dd8950a6-1e3c-46e1-b774-ab0f50a5ecb2"
              },
              {
                "division_ids": [
                  "f2777e89-ef43-44f2-a570-e883729854ea"
                ],
                "role_id": "ec850d7b-d45e-4e1c-a419-1cd3fc771649"
              }
            ],
            "user_id": "dd175de5-1c62-4fbf-ae89-c3dec1bdb317"
          },
          "sensitive_attributes": [],
          "private": "eyJzY2hlbWFfdmVyc2lvbiI6IjEifQ==",
          "dependencies": [
            "data.genesyscloud_auth_role.AgentAssist",
            "data.genesyscloud_auth_role.Developer",
            "data.genesyscloud_auth_role.GenesysCloudVoiceAdmin",
            "data.genesyscloud_auth_role.MasterAdmin",
            "data.genesyscloud_auth_role.Terraform_user",
            "data.genesyscloud_auth_role.admin",
            "data.genesyscloud_auth_role.employee",
            "data.genesyscloud_routing_skill.z64",
            "genesyscloud_user.Workshop_user64"
          ]
        }
      ]
    },
    {
      "mode": "managed",
      "type": "genesyscloud_user_roles",
      "name": "Workshoproles_user65",
      "provider": "provider[\"registry.terraform.io/mypurecloud/genesyscloud\"]",
      "instances": [
        {
          "schema_version": 1,
          "attributes": {
            "id": "029ed269-b83c-4d04-ac3d-9e2be20aeeaa",
            "roles": [
              {
                "division_ids": [
                  "f2777e89-ef43-44f2-a570-e883729854ea"
                ],
                "role_id": "05c2fe4c-0312-4598-8148-a96eb2c15b5d"
              },
              {
                "division_ids": [
                  "f2777e89-ef43-44f2-a570-e883729854ea"
                ],
                "role_id": "380f8746-2e13-46d2-b91d-411cd8595468"
              },
              {
                "division_ids": [
                  "f2777e89-ef43-44f2-a570-e883729854ea"
                ],
                "role_id": "8fd2b585-45c8-43a8-a378-882d923b4dac"
              },
              {
                "division_ids": [
                  "f2777e89-ef43-44f2-a570-e883729854ea"
                ],
                "role_id": "b746f6cf-573e-4354-9276-265d66cb816e"
              },
              {
                "division_ids": [
                  "f2777e89-ef43-44f2-a570-e883729854ea"
                ],
                "role_id": "d40e93b6-a0c4-48f0-907f-1939a5c05f99"
              },
              {
                "division_ids": [
                  "f2777e89-ef43-44f2-a570-e883729854ea"
                ],
                "role_id": "dd8950a6-1e3c-46e1-b774-ab0f50a5ecb2"
              },
              {
                "division_ids": [
                  "f2777e89-ef43-44f2-a570-e883729854ea"
                ],
                "role_id": "ec850d7b-d45e-4e1c-a419-1cd3fc771649"
              }
            ],
            "user_id": "029ed269-b83c-4d04-ac3d-9e2be20aeeaa"
          },
          "sensitive_attributes": [],
          "private": "eyJzY2hlbWFfdmVyc2lvbiI6IjEifQ==",
          "dependencies": [
            "data.genesyscloud_auth_role.AgentAssist",
            "data.genesyscloud_auth_role.Developer",
            "data.genesyscloud_auth_role.GenesysCloudVoiceAdmin",
            "data.genesyscloud_auth_role.MasterAdmin",
            "data.genesyscloud_auth_role.Terraform_user",
            "data.genesyscloud_auth_role.admin",
            "data.genesyscloud_auth_role.employee",
            "data.genesyscloud_routing_skill.z65",
            "genesyscloud_user.Workshop_user65"
          ]
        }
      ]
    },
    {
      "mode": "managed",
      "type": "genesyscloud_user_roles",
      "name": "Workshoproles_user66",
      "provider": "provider[\"registry.terraform.io/mypurecloud/genesyscloud\"]",
      "instances": [
        {
          "schema_version": 1,
          "attributes": {
            "id": "da614ab5-5ee5-41f6-96d5-3679e3feb969",
            "roles": [
              {
                "division_ids": [
                  "f2777e89-ef43-44f2-a570-e883729854ea"
                ],
                "role_id": "05c2fe4c-0312-4598-8148-a96eb2c15b5d"
              },
              {
                "division_ids": [
                  "f2777e89-ef43-44f2-a570-e883729854ea"
                ],
                "role_id": "380f8746-2e13-46d2-b91d-411cd8595468"
              },
              {
                "division_ids": [
                  "f2777e89-ef43-44f2-a570-e883729854ea"
                ],
                "role_id": "8fd2b585-45c8-43a8-a378-882d923b4dac"
              },
              {
                "division_ids": [
                  "f2777e89-ef43-44f2-a570-e883729854ea"
                ],
                "role_id": "b746f6cf-573e-4354-9276-265d66cb816e"
              },
              {
                "division_ids": [
                  "f2777e89-ef43-44f2-a570-e883729854ea"
                ],
                "role_id": "d40e93b6-a0c4-48f0-907f-1939a5c05f99"
              },
              {
                "division_ids": [
                  "f2777e89-ef43-44f2-a570-e883729854ea"
                ],
                "role_id": "dd8950a6-1e3c-46e1-b774-ab0f50a5ecb2"
              },
              {
                "division_ids": [
                  "f2777e89-ef43-44f2-a570-e883729854ea"
                ],
                "role_id": "ec850d7b-d45e-4e1c-a419-1cd3fc771649"
              }
            ],
            "user_id": "da614ab5-5ee5-41f6-96d5-3679e3feb969"
          },
          "sensitive_attributes": [],
          "private": "eyJzY2hlbWFfdmVyc2lvbiI6IjEifQ==",
          "dependencies": [
            "data.genesyscloud_auth_role.AgentAssist",
            "data.genesyscloud_auth_role.Developer",
            "data.genesyscloud_auth_role.GenesysCloudVoiceAdmin",
            "data.genesyscloud_auth_role.MasterAdmin",
            "data.genesyscloud_auth_role.Terraform_user",
            "data.genesyscloud_auth_role.admin",
            "data.genesyscloud_auth_role.employee",
            "data.genesyscloud_routing_skill.z66",
            "genesyscloud_user.Workshop_user66"
          ]
        }
      ]
    },
    {
      "mode": "managed",
      "type": "genesyscloud_user_roles",
      "name": "Workshoproles_user67",
      "provider": "provider[\"registry.terraform.io/mypurecloud/genesyscloud\"]",
      "instances": [
        {
          "schema_version": 1,
          "attributes": {
            "id": "c302123b-322c-4a8d-83fb-de0e40a64ee5",
            "roles": [
              {
                "division_ids": [
                  "f2777e89-ef43-44f2-a570-e883729854ea"
                ],
                "role_id": "05c2fe4c-0312-4598-8148-a96eb2c15b5d"
              },
              {
                "division_ids": [
                  "f2777e89-ef43-44f2-a570-e883729854ea"
                ],
                "role_id": "380f8746-2e13-46d2-b91d-411cd8595468"
              },
              {
                "division_ids": [
                  "f2777e89-ef43-44f2-a570-e883729854ea"
                ],
                "role_id": "8fd2b585-45c8-43a8-a378-882d923b4dac"
              },
              {
                "division_ids": [
                  "f2777e89-ef43-44f2-a570-e883729854ea"
                ],
                "role_id": "b746f6cf-573e-4354-9276-265d66cb816e"
              },
              {
                "division_ids": [
                  "f2777e89-ef43-44f2-a570-e883729854ea"
                ],
                "role_id": "d40e93b6-a0c4-48f0-907f-1939a5c05f99"
              },
              {
                "division_ids": [
                  "f2777e89-ef43-44f2-a570-e883729854ea"
                ],
                "role_id": "dd8950a6-1e3c-46e1-b774-ab0f50a5ecb2"
              },
              {
                "division_ids": [
                  "f2777e89-ef43-44f2-a570-e883729854ea"
                ],
                "role_id": "ec850d7b-d45e-4e1c-a419-1cd3fc771649"
              }
            ],
            "user_id": "c302123b-322c-4a8d-83fb-de0e40a64ee5"
          },
          "sensitive_attributes": [],
          "private": "eyJzY2hlbWFfdmVyc2lvbiI6IjEifQ==",
          "dependencies": [
            "data.genesyscloud_auth_role.AgentAssist",
            "data.genesyscloud_auth_role.Developer",
            "data.genesyscloud_auth_role.GenesysCloudVoiceAdmin",
            "data.genesyscloud_auth_role.MasterAdmin",
            "data.genesyscloud_auth_role.Terraform_user",
            "data.genesyscloud_auth_role.admin",
            "data.genesyscloud_auth_role.employee",
            "data.genesyscloud_routing_skill.z67",
            "genesyscloud_user.Workshop_user67"
          ]
        }
      ]
    },
    {
      "mode": "managed",
      "type": "genesyscloud_user_roles",
      "name": "Workshoproles_user68",
      "provider": "provider[\"registry.terraform.io/mypurecloud/genesyscloud\"]",
      "instances": [
        {
          "schema_version": 1,
          "attributes": {
            "id": "69810fd2-e45d-4444-82ff-0a566fe8e3d3",
            "roles": [
              {
                "division_ids": [
                  "f2777e89-ef43-44f2-a570-e883729854ea"
                ],
                "role_id": "05c2fe4c-0312-4598-8148-a96eb2c15b5d"
              },
              {
                "division_ids": [
                  "f2777e89-ef43-44f2-a570-e883729854ea"
                ],
                "role_id": "380f8746-2e13-46d2-b91d-411cd8595468"
              },
              {
                "division_ids": [
                  "f2777e89-ef43-44f2-a570-e883729854ea"
                ],
                "role_id": "8fd2b585-45c8-43a8-a378-882d923b4dac"
              },
              {
                "division_ids": [
                  "f2777e89-ef43-44f2-a570-e883729854ea"
                ],
                "role_id": "b746f6cf-573e-4354-9276-265d66cb816e"
              },
              {
                "division_ids": [
                  "f2777e89-ef43-44f2-a570-e883729854ea"
                ],
                "role_id": "d40e93b6-a0c4-48f0-907f-1939a5c05f99"
              },
              {
                "division_ids": [
                  "f2777e89-ef43-44f2-a570-e883729854ea"
                ],
                "role_id": "dd8950a6-1e3c-46e1-b774-ab0f50a5ecb2"
              },
              {
                "division_ids": [
                  "f2777e89-ef43-44f2-a570-e883729854ea"
                ],
                "role_id": "ec850d7b-d45e-4e1c-a419-1cd3fc771649"
              }
            ],
            "user_id": "69810fd2-e45d-4444-82ff-0a566fe8e3d3"
          },
          "sensitive_attributes": [],
          "private": "eyJzY2hlbWFfdmVyc2lvbiI6IjEifQ==",
          "dependencies": [
            "data.genesyscloud_auth_role.AgentAssist",
            "data.genesyscloud_auth_role.Developer",
            "data.genesyscloud_auth_role.GenesysCloudVoiceAdmin",
            "data.genesyscloud_auth_role.MasterAdmin",
            "data.genesyscloud_auth_role.Terraform_user",
            "data.genesyscloud_auth_role.admin",
            "data.genesyscloud_auth_role.employee",
            "data.genesyscloud_routing_skill.z68",
            "genesyscloud_user.Workshop_user68"
          ]
        }
      ]
    },
    {
      "mode": "managed",
      "type": "genesyscloud_user_roles",
      "name": "Workshoproles_user69",
      "provider": "provider[\"registry.terraform.io/mypurecloud/genesyscloud\"]",
      "instances": [
        {
          "schema_version": 1,
          "attributes": {
            "id": "2fe57d3a-5937-4438-b19c-5d6392890a15",
            "roles": [
              {
                "division_ids": [
                  "f2777e89-ef43-44f2-a570-e883729854ea"
                ],
                "role_id": "05c2fe4c-0312-4598-8148-a96eb2c15b5d"
              },
              {
                "division_ids": [
                  "f2777e89-ef43-44f2-a570-e883729854ea"
                ],
                "role_id": "380f8746-2e13-46d2-b91d-411cd8595468"
              },
              {
                "division_ids": [
                  "f2777e89-ef43-44f2-a570-e883729854ea"
                ],
                "role_id": "8fd2b585-45c8-43a8-a378-882d923b4dac"
              },
              {
                "division_ids": [
                  "f2777e89-ef43-44f2-a570-e883729854ea"
                ],
                "role_id": "b746f6cf-573e-4354-9276-265d66cb816e"
              },
              {
                "division_ids": [
                  "f2777e89-ef43-44f2-a570-e883729854ea"
                ],
                "role_id": "d40e93b6-a0c4-48f0-907f-1939a5c05f99"
              },
              {
                "division_ids": [
                  "f2777e89-ef43-44f2-a570-e883729854ea"
                ],
                "role_id": "dd8950a6-1e3c-46e1-b774-ab0f50a5ecb2"
              },
              {
                "division_ids": [
                  "f2777e89-ef43-44f2-a570-e883729854ea"
                ],
                "role_id": "ec850d7b-d45e-4e1c-a419-1cd3fc771649"
              }
            ],
            "user_id": "2fe57d3a-5937-4438-b19c-5d6392890a15"
          },
          "sensitive_attributes": [],
          "private": "eyJzY2hlbWFfdmVyc2lvbiI6IjEifQ==",
          "dependencies": [
            "data.genesyscloud_auth_role.AgentAssist",
            "data.genesyscloud_auth_role.Developer",
            "data.genesyscloud_auth_role.GenesysCloudVoiceAdmin",
            "data.genesyscloud_auth_role.MasterAdmin",
            "data.genesyscloud_auth_role.Terraform_user",
            "data.genesyscloud_auth_role.admin",
            "data.genesyscloud_auth_role.employee",
            "data.genesyscloud_routing_skill.z69",
            "genesyscloud_user.Workshop_user69"
          ]
        }
      ]
    },
    {
      "mode": "managed",
      "type": "genesyscloud_user_roles",
      "name": "Workshoproles_user7",
      "provider": "provider[\"registry.terraform.io/mypurecloud/genesyscloud\"]",
      "instances": [
        {
          "schema_version": 1,
          "attributes": {
            "id": "87522443-9569-41fd-983c-bbf239f06d37",
            "roles": [
              {
                "division_ids": [
                  "f2777e89-ef43-44f2-a570-e883729854ea"
                ],
                "role_id": "05c2fe4c-0312-4598-8148-a96eb2c15b5d"
              },
              {
                "division_ids": [
                  "f2777e89-ef43-44f2-a570-e883729854ea"
                ],
                "role_id": "380f8746-2e13-46d2-b91d-411cd8595468"
              },
              {
                "division_ids": [
                  "f2777e89-ef43-44f2-a570-e883729854ea"
                ],
                "role_id": "8fd2b585-45c8-43a8-a378-882d923b4dac"
              },
              {
                "division_ids": [
                  "f2777e89-ef43-44f2-a570-e883729854ea"
                ],
                "role_id": "b746f6cf-573e-4354-9276-265d66cb816e"
              },
              {
                "division_ids": [
                  "f2777e89-ef43-44f2-a570-e883729854ea"
                ],
                "role_id": "d40e93b6-a0c4-48f0-907f-1939a5c05f99"
              },
              {
                "division_ids": [
                  "f2777e89-ef43-44f2-a570-e883729854ea"
                ],
                "role_id": "dd8950a6-1e3c-46e1-b774-ab0f50a5ecb2"
              },
              {
                "division_ids": [
                  "f2777e89-ef43-44f2-a570-e883729854ea"
                ],
                "role_id": "ec850d7b-d45e-4e1c-a419-1cd3fc771649"
              }
            ],
            "user_id": "87522443-9569-41fd-983c-bbf239f06d37"
          },
          "sensitive_attributes": [],
          "private": "eyJzY2hlbWFfdmVyc2lvbiI6IjEifQ==",
          "dependencies": [
            "data.genesyscloud_auth_role.AgentAssist",
            "data.genesyscloud_auth_role.Developer",
            "data.genesyscloud_auth_role.GenesysCloudVoiceAdmin",
            "data.genesyscloud_auth_role.MasterAdmin",
            "data.genesyscloud_auth_role.Terraform_user",
            "data.genesyscloud_auth_role.admin",
            "data.genesyscloud_auth_role.employee",
            "data.genesyscloud_routing_skill.z7",
            "genesyscloud_user.Workshop_user7"
          ]
        }
      ]
    },
    {
      "mode": "managed",
      "type": "genesyscloud_user_roles",
      "name": "Workshoproles_user70",
      "provider": "provider[\"registry.terraform.io/mypurecloud/genesyscloud\"]",
      "instances": [
        {
          "schema_version": 1,
          "attributes": {
            "id": "d9cee279-23bb-4b8d-ae45-b6c2cf9c59d8",
            "roles": [
              {
                "division_ids": [
                  "f2777e89-ef43-44f2-a570-e883729854ea"
                ],
                "role_id": "05c2fe4c-0312-4598-8148-a96eb2c15b5d"
              },
              {
                "division_ids": [
                  "f2777e89-ef43-44f2-a570-e883729854ea"
                ],
                "role_id": "380f8746-2e13-46d2-b91d-411cd8595468"
              },
              {
                "division_ids": [
                  "f2777e89-ef43-44f2-a570-e883729854ea"
                ],
                "role_id": "8fd2b585-45c8-43a8-a378-882d923b4dac"
              },
              {
                "division_ids": [
                  "f2777e89-ef43-44f2-a570-e883729854ea"
                ],
                "role_id": "b746f6cf-573e-4354-9276-265d66cb816e"
              },
              {
                "division_ids": [
                  "f2777e89-ef43-44f2-a570-e883729854ea"
                ],
                "role_id": "d40e93b6-a0c4-48f0-907f-1939a5c05f99"
              },
              {
                "division_ids": [
                  "f2777e89-ef43-44f2-a570-e883729854ea"
                ],
                "role_id": "dd8950a6-1e3c-46e1-b774-ab0f50a5ecb2"
              },
              {
                "division_ids": [
                  "f2777e89-ef43-44f2-a570-e883729854ea"
                ],
                "role_id": "ec850d7b-d45e-4e1c-a419-1cd3fc771649"
              }
            ],
            "user_id": "d9cee279-23bb-4b8d-ae45-b6c2cf9c59d8"
          },
          "sensitive_attributes": [],
          "private": "eyJzY2hlbWFfdmVyc2lvbiI6IjEifQ==",
          "dependencies": [
            "data.genesyscloud_auth_role.AgentAssist",
            "data.genesyscloud_auth_role.Developer",
            "data.genesyscloud_auth_role.GenesysCloudVoiceAdmin",
            "data.genesyscloud_auth_role.MasterAdmin",
            "data.genesyscloud_auth_role.Terraform_user",
            "data.genesyscloud_auth_role.admin",
            "data.genesyscloud_auth_role.employee",
            "data.genesyscloud_routing_skill.z70",
            "genesyscloud_user.Workshop_user70"
          ]
        }
      ]
    },
    {
      "mode": "managed",
      "type": "genesyscloud_user_roles",
      "name": "Workshoproles_user71",
      "provider": "provider[\"registry.terraform.io/mypurecloud/genesyscloud\"]",
      "instances": [
        {
          "schema_version": 1,
          "attributes": {
            "id": "4e62b9ac-3dcf-4c16-b971-edbedec0b194",
            "roles": [
              {
                "division_ids": [
                  "f2777e89-ef43-44f2-a570-e883729854ea"
                ],
                "role_id": "05c2fe4c-0312-4598-8148-a96eb2c15b5d"
              },
              {
                "division_ids": [
                  "f2777e89-ef43-44f2-a570-e883729854ea"
                ],
                "role_id": "380f8746-2e13-46d2-b91d-411cd8595468"
              },
              {
                "division_ids": [
                  "f2777e89-ef43-44f2-a570-e883729854ea"
                ],
                "role_id": "8fd2b585-45c8-43a8-a378-882d923b4dac"
              },
              {
                "division_ids": [
                  "f2777e89-ef43-44f2-a570-e883729854ea"
                ],
                "role_id": "b746f6cf-573e-4354-9276-265d66cb816e"
              },
              {
                "division_ids": [
                  "f2777e89-ef43-44f2-a570-e883729854ea"
                ],
                "role_id": "d40e93b6-a0c4-48f0-907f-1939a5c05f99"
              },
              {
                "division_ids": [
                  "f2777e89-ef43-44f2-a570-e883729854ea"
                ],
                "role_id": "dd8950a6-1e3c-46e1-b774-ab0f50a5ecb2"
              },
              {
                "division_ids": [
                  "f2777e89-ef43-44f2-a570-e883729854ea"
                ],
                "role_id": "ec850d7b-d45e-4e1c-a419-1cd3fc771649"
              }
            ],
            "user_id": "4e62b9ac-3dcf-4c16-b971-edbedec0b194"
          },
          "sensitive_attributes": [],
          "private": "eyJzY2hlbWFfdmVyc2lvbiI6IjEifQ==",
          "dependencies": [
            "data.genesyscloud_auth_role.AgentAssist",
            "data.genesyscloud_auth_role.Developer",
            "data.genesyscloud_auth_role.GenesysCloudVoiceAdmin",
            "data.genesyscloud_auth_role.MasterAdmin",
            "data.genesyscloud_auth_role.Terraform_user",
            "data.genesyscloud_auth_role.admin",
            "data.genesyscloud_auth_role.employee",
            "data.genesyscloud_routing_skill.z71",
            "genesyscloud_user.Workshop_user71"
          ]
        }
      ]
    },
    {
      "mode": "managed",
      "type": "genesyscloud_user_roles",
      "name": "Workshoproles_user72",
      "provider": "provider[\"registry.terraform.io/mypurecloud/genesyscloud\"]",
      "instances": [
        {
          "schema_version": 1,
          "attributes": {
            "id": "926125a0-299f-4169-9ab7-4cb3eb97a358",
            "roles": [
              {
                "division_ids": [
                  "f2777e89-ef43-44f2-a570-e883729854ea"
                ],
                "role_id": "05c2fe4c-0312-4598-8148-a96eb2c15b5d"
              },
              {
                "division_ids": [
                  "f2777e89-ef43-44f2-a570-e883729854ea"
                ],
                "role_id": "380f8746-2e13-46d2-b91d-411cd8595468"
              },
              {
                "division_ids": [
                  "f2777e89-ef43-44f2-a570-e883729854ea"
                ],
                "role_id": "8fd2b585-45c8-43a8-a378-882d923b4dac"
              },
              {
                "division_ids": [
                  "f2777e89-ef43-44f2-a570-e883729854ea"
                ],
                "role_id": "b746f6cf-573e-4354-9276-265d66cb816e"
              },
              {
                "division_ids": [
                  "f2777e89-ef43-44f2-a570-e883729854ea"
                ],
                "role_id": "d40e93b6-a0c4-48f0-907f-1939a5c05f99"
              },
              {
                "division_ids": [
                  "f2777e89-ef43-44f2-a570-e883729854ea"
                ],
                "role_id": "dd8950a6-1e3c-46e1-b774-ab0f50a5ecb2"
              },
              {
                "division_ids": [
                  "f2777e89-ef43-44f2-a570-e883729854ea"
                ],
                "role_id": "ec850d7b-d45e-4e1c-a419-1cd3fc771649"
              }
            ],
            "user_id": "926125a0-299f-4169-9ab7-4cb3eb97a358"
          },
          "sensitive_attributes": [],
          "private": "eyJzY2hlbWFfdmVyc2lvbiI6IjEifQ==",
          "dependencies": [
            "data.genesyscloud_auth_role.AgentAssist",
            "data.genesyscloud_auth_role.Developer",
            "data.genesyscloud_auth_role.GenesysCloudVoiceAdmin",
            "data.genesyscloud_auth_role.MasterAdmin",
            "data.genesyscloud_auth_role.Terraform_user",
            "data.genesyscloud_auth_role.admin",
            "data.genesyscloud_auth_role.employee",
            "data.genesyscloud_routing_skill.z72",
            "genesyscloud_user.Workshop_user72"
          ]
        }
      ]
    },
    {
      "mode": "managed",
      "type": "genesyscloud_user_roles",
      "name": "Workshoproles_user73",
      "provider": "provider[\"registry.terraform.io/mypurecloud/genesyscloud\"]",
      "instances": [
        {
          "schema_version": 1,
          "attributes": {
            "id": "0a62e36e-4fa8-42a0-9ed2-dce48b0a6128",
            "roles": [
              {
                "division_ids": [
                  "f2777e89-ef43-44f2-a570-e883729854ea"
                ],
                "role_id": "05c2fe4c-0312-4598-8148-a96eb2c15b5d"
              },
              {
                "division_ids": [
                  "f2777e89-ef43-44f2-a570-e883729854ea"
                ],
                "role_id": "380f8746-2e13-46d2-b91d-411cd8595468"
              },
              {
                "division_ids": [
                  "f2777e89-ef43-44f2-a570-e883729854ea"
                ],
                "role_id": "8fd2b585-45c8-43a8-a378-882d923b4dac"
              },
              {
                "division_ids": [
                  "f2777e89-ef43-44f2-a570-e883729854ea"
                ],
                "role_id": "b746f6cf-573e-4354-9276-265d66cb816e"
              },
              {
                "division_ids": [
                  "f2777e89-ef43-44f2-a570-e883729854ea"
                ],
                "role_id": "d40e93b6-a0c4-48f0-907f-1939a5c05f99"
              },
              {
                "division_ids": [
                  "f2777e89-ef43-44f2-a570-e883729854ea"
                ],
                "role_id": "dd8950a6-1e3c-46e1-b774-ab0f50a5ecb2"
              },
              {
                "division_ids": [
                  "f2777e89-ef43-44f2-a570-e883729854ea"
                ],
                "role_id": "ec850d7b-d45e-4e1c-a419-1cd3fc771649"
              }
            ],
            "user_id": "0a62e36e-4fa8-42a0-9ed2-dce48b0a6128"
          },
          "sensitive_attributes": [],
          "private": "eyJzY2hlbWFfdmVyc2lvbiI6IjEifQ==",
          "dependencies": [
            "data.genesyscloud_auth_role.AgentAssist",
            "data.genesyscloud_auth_role.Developer",
            "data.genesyscloud_auth_role.GenesysCloudVoiceAdmin",
            "data.genesyscloud_auth_role.MasterAdmin",
            "data.genesyscloud_auth_role.Terraform_user",
            "data.genesyscloud_auth_role.admin",
            "data.genesyscloud_auth_role.employee",
            "data.genesyscloud_routing_skill.z73",
            "genesyscloud_user.Workshop_user73"
          ]
        }
      ]
    },
    {
      "mode": "managed",
      "type": "genesyscloud_user_roles",
      "name": "Workshoproles_user74",
      "provider": "provider[\"registry.terraform.io/mypurecloud/genesyscloud\"]",
      "instances": [
        {
          "schema_version": 1,
          "attributes": {
            "id": "9afe2833-fbf4-4b81-9733-e7aa8cfe1e1f",
            "roles": [
              {
                "division_ids": [
                  "f2777e89-ef43-44f2-a570-e883729854ea"
                ],
                "role_id": "05c2fe4c-0312-4598-8148-a96eb2c15b5d"
              },
              {
                "division_ids": [
                  "f2777e89-ef43-44f2-a570-e883729854ea"
                ],
                "role_id": "380f8746-2e13-46d2-b91d-411cd8595468"
              },
              {
                "division_ids": [
                  "f2777e89-ef43-44f2-a570-e883729854ea"
                ],
                "role_id": "8fd2b585-45c8-43a8-a378-882d923b4dac"
              },
              {
                "division_ids": [
                  "f2777e89-ef43-44f2-a570-e883729854ea"
                ],
                "role_id": "b746f6cf-573e-4354-9276-265d66cb816e"
              },
              {
                "division_ids": [
                  "f2777e89-ef43-44f2-a570-e883729854ea"
                ],
                "role_id": "d40e93b6-a0c4-48f0-907f-1939a5c05f99"
              },
              {
                "division_ids": [
                  "f2777e89-ef43-44f2-a570-e883729854ea"
                ],
                "role_id": "dd8950a6-1e3c-46e1-b774-ab0f50a5ecb2"
              },
              {
                "division_ids": [
                  "f2777e89-ef43-44f2-a570-e883729854ea"
                ],
                "role_id": "ec850d7b-d45e-4e1c-a419-1cd3fc771649"
              }
            ],
            "user_id": "9afe2833-fbf4-4b81-9733-e7aa8cfe1e1f"
          },
          "sensitive_attributes": [],
          "private": "eyJzY2hlbWFfdmVyc2lvbiI6IjEifQ==",
          "dependencies": [
            "data.genesyscloud_auth_role.AgentAssist",
            "data.genesyscloud_auth_role.Developer",
            "data.genesyscloud_auth_role.GenesysCloudVoiceAdmin",
            "data.genesyscloud_auth_role.MasterAdmin",
            "data.genesyscloud_auth_role.Terraform_user",
            "data.genesyscloud_auth_role.admin",
            "data.genesyscloud_auth_role.employee",
            "data.genesyscloud_routing_skill.z74",
            "genesyscloud_user.Workshop_user74"
          ]
        }
      ]
    },
    {
      "mode": "managed",
      "type": "genesyscloud_user_roles",
      "name": "Workshoproles_user75",
      "provider": "provider[\"registry.terraform.io/mypurecloud/genesyscloud\"]",
      "instances": [
        {
          "schema_version": 1,
          "attributes": {
            "id": "b697f2d4-de71-485e-8cc6-fe51eb34f00a",
            "roles": [
              {
                "division_ids": [
                  "f2777e89-ef43-44f2-a570-e883729854ea"
                ],
                "role_id": "05c2fe4c-0312-4598-8148-a96eb2c15b5d"
              },
              {
                "division_ids": [
                  "f2777e89-ef43-44f2-a570-e883729854ea"
                ],
                "role_id": "380f8746-2e13-46d2-b91d-411cd8595468"
              },
              {
                "division_ids": [
                  "f2777e89-ef43-44f2-a570-e883729854ea"
                ],
                "role_id": "8fd2b585-45c8-43a8-a378-882d923b4dac"
              },
              {
                "division_ids": [
                  "f2777e89-ef43-44f2-a570-e883729854ea"
                ],
                "role_id": "b746f6cf-573e-4354-9276-265d66cb816e"
              },
              {
                "division_ids": [
                  "f2777e89-ef43-44f2-a570-e883729854ea"
                ],
                "role_id": "d40e93b6-a0c4-48f0-907f-1939a5c05f99"
              },
              {
                "division_ids": [
                  "f2777e89-ef43-44f2-a570-e883729854ea"
                ],
                "role_id": "dd8950a6-1e3c-46e1-b774-ab0f50a5ecb2"
              },
              {
                "division_ids": [
                  "f2777e89-ef43-44f2-a570-e883729854ea"
                ],
                "role_id": "ec850d7b-d45e-4e1c-a419-1cd3fc771649"
              }
            ],
            "user_id": "b697f2d4-de71-485e-8cc6-fe51eb34f00a"
          },
          "sensitive_attributes": [],
          "private": "eyJzY2hlbWFfdmVyc2lvbiI6IjEifQ==",
          "dependencies": [
            "data.genesyscloud_auth_role.AgentAssist",
            "data.genesyscloud_auth_role.Developer",
            "data.genesyscloud_auth_role.GenesysCloudVoiceAdmin",
            "data.genesyscloud_auth_role.MasterAdmin",
            "data.genesyscloud_auth_role.Terraform_user",
            "data.genesyscloud_auth_role.admin",
            "data.genesyscloud_auth_role.employee",
            "data.genesyscloud_routing_skill.z75",
            "genesyscloud_user.Workshop_user75"
          ]
        }
      ]
    },
    {
      "mode": "managed",
      "type": "genesyscloud_user_roles",
      "name": "Workshoproles_user76",
      "provider": "provider[\"registry.terraform.io/mypurecloud/genesyscloud\"]",
      "instances": [
        {
          "schema_version": 1,
          "attributes": {
            "id": "64301a71-946e-41d5-ae20-0b3bb37963bf",
            "roles": [
              {
                "division_ids": [
                  "f2777e89-ef43-44f2-a570-e883729854ea"
                ],
                "role_id": "05c2fe4c-0312-4598-8148-a96eb2c15b5d"
              },
              {
                "division_ids": [
                  "f2777e89-ef43-44f2-a570-e883729854ea"
                ],
                "role_id": "380f8746-2e13-46d2-b91d-411cd8595468"
              },
              {
                "division_ids": [
                  "f2777e89-ef43-44f2-a570-e883729854ea"
                ],
                "role_id": "8fd2b585-45c8-43a8-a378-882d923b4dac"
              },
              {
                "division_ids": [
                  "f2777e89-ef43-44f2-a570-e883729854ea"
                ],
                "role_id": "b746f6cf-573e-4354-9276-265d66cb816e"
              },
              {
                "division_ids": [
                  "f2777e89-ef43-44f2-a570-e883729854ea"
                ],
                "role_id": "d40e93b6-a0c4-48f0-907f-1939a5c05f99"
              },
              {
                "division_ids": [
                  "f2777e89-ef43-44f2-a570-e883729854ea"
                ],
                "role_id": "dd8950a6-1e3c-46e1-b774-ab0f50a5ecb2"
              },
              {
                "division_ids": [
                  "f2777e89-ef43-44f2-a570-e883729854ea"
                ],
                "role_id": "ec850d7b-d45e-4e1c-a419-1cd3fc771649"
              }
            ],
            "user_id": "64301a71-946e-41d5-ae20-0b3bb37963bf"
          },
          "sensitive_attributes": [],
          "private": "eyJzY2hlbWFfdmVyc2lvbiI6IjEifQ==",
          "dependencies": [
            "data.genesyscloud_auth_role.AgentAssist",
            "data.genesyscloud_auth_role.Developer",
            "data.genesyscloud_auth_role.GenesysCloudVoiceAdmin",
            "data.genesyscloud_auth_role.MasterAdmin",
            "data.genesyscloud_auth_role.Terraform_user",
            "data.genesyscloud_auth_role.admin",
            "data.genesyscloud_auth_role.employee",
            "data.genesyscloud_routing_skill.z76",
            "genesyscloud_user.Workshop_user76"
          ]
        }
      ]
    },
    {
      "mode": "managed",
      "type": "genesyscloud_user_roles",
      "name": "Workshoproles_user77",
      "provider": "provider[\"registry.terraform.io/mypurecloud/genesyscloud\"]",
      "instances": [
        {
          "schema_version": 1,
          "attributes": {
            "id": "64b28376-e6cd-4ae1-8a5d-5300c19c2a1a",
            "roles": [
              {
                "division_ids": [
                  "f2777e89-ef43-44f2-a570-e883729854ea"
                ],
                "role_id": "05c2fe4c-0312-4598-8148-a96eb2c15b5d"
              },
              {
                "division_ids": [
                  "f2777e89-ef43-44f2-a570-e883729854ea"
                ],
                "role_id": "380f8746-2e13-46d2-b91d-411cd8595468"
              },
              {
                "division_ids": [
                  "f2777e89-ef43-44f2-a570-e883729854ea"
                ],
                "role_id": "8fd2b585-45c8-43a8-a378-882d923b4dac"
              },
              {
                "division_ids": [
                  "f2777e89-ef43-44f2-a570-e883729854ea"
                ],
                "role_id": "b746f6cf-573e-4354-9276-265d66cb816e"
              },
              {
                "division_ids": [
                  "f2777e89-ef43-44f2-a570-e883729854ea"
                ],
                "role_id": "d40e93b6-a0c4-48f0-907f-1939a5c05f99"
              },
              {
                "division_ids": [
                  "f2777e89-ef43-44f2-a570-e883729854ea"
                ],
                "role_id": "dd8950a6-1e3c-46e1-b774-ab0f50a5ecb2"
              },
              {
                "division_ids": [
                  "f2777e89-ef43-44f2-a570-e883729854ea"
                ],
                "role_id": "ec850d7b-d45e-4e1c-a419-1cd3fc771649"
              }
            ],
            "user_id": "64b28376-e6cd-4ae1-8a5d-5300c19c2a1a"
          },
          "sensitive_attributes": [],
          "private": "eyJzY2hlbWFfdmVyc2lvbiI6IjEifQ==",
          "dependencies": [
            "data.genesyscloud_auth_role.AgentAssist",
            "data.genesyscloud_auth_role.Developer",
            "data.genesyscloud_auth_role.GenesysCloudVoiceAdmin",
            "data.genesyscloud_auth_role.MasterAdmin",
            "data.genesyscloud_auth_role.Terraform_user",
            "data.genesyscloud_auth_role.admin",
            "data.genesyscloud_auth_role.employee",
            "data.genesyscloud_routing_skill.z77",
            "genesyscloud_user.Workshop_user77"
          ]
        }
      ]
    },
    {
      "mode": "managed",
      "type": "genesyscloud_user_roles",
      "name": "Workshoproles_user78",
      "provider": "provider[\"registry.terraform.io/mypurecloud/genesyscloud\"]",
      "instances": [
        {
          "schema_version": 1,
          "attributes": {
            "id": "4bbcdf31-f404-4247-8a7b-a56a2411351a",
            "roles": [
              {
                "division_ids": [
                  "f2777e89-ef43-44f2-a570-e883729854ea"
                ],
                "role_id": "05c2fe4c-0312-4598-8148-a96eb2c15b5d"
              },
              {
                "division_ids": [
                  "f2777e89-ef43-44f2-a570-e883729854ea"
                ],
                "role_id": "380f8746-2e13-46d2-b91d-411cd8595468"
              },
              {
                "division_ids": [
                  "f2777e89-ef43-44f2-a570-e883729854ea"
                ],
                "role_id": "8fd2b585-45c8-43a8-a378-882d923b4dac"
              },
              {
                "division_ids": [
                  "f2777e89-ef43-44f2-a570-e883729854ea"
                ],
                "role_id": "b746f6cf-573e-4354-9276-265d66cb816e"
              },
              {
                "division_ids": [
                  "f2777e89-ef43-44f2-a570-e883729854ea"
                ],
                "role_id": "d40e93b6-a0c4-48f0-907f-1939a5c05f99"
              },
              {
                "division_ids": [
                  "f2777e89-ef43-44f2-a570-e883729854ea"
                ],
                "role_id": "dd8950a6-1e3c-46e1-b774-ab0f50a5ecb2"
              },
              {
                "division_ids": [
                  "f2777e89-ef43-44f2-a570-e883729854ea"
                ],
                "role_id": "ec850d7b-d45e-4e1c-a419-1cd3fc771649"
              }
            ],
            "user_id": "4bbcdf31-f404-4247-8a7b-a56a2411351a"
          },
          "sensitive_attributes": [],
          "private": "eyJzY2hlbWFfdmVyc2lvbiI6IjEifQ==",
          "dependencies": [
            "data.genesyscloud_auth_role.AgentAssist",
            "data.genesyscloud_auth_role.Developer",
            "data.genesyscloud_auth_role.GenesysCloudVoiceAdmin",
            "data.genesyscloud_auth_role.MasterAdmin",
            "data.genesyscloud_auth_role.Terraform_user",
            "data.genesyscloud_auth_role.admin",
            "data.genesyscloud_auth_role.employee",
            "data.genesyscloud_routing_skill.z78",
            "genesyscloud_user.Workshop_user78"
          ]
        }
      ]
    },
    {
      "mode": "managed",
      "type": "genesyscloud_user_roles",
      "name": "Workshoproles_user79",
      "provider": "provider[\"registry.terraform.io/mypurecloud/genesyscloud\"]",
      "instances": [
        {
          "schema_version": 1,
          "attributes": {
            "id": "6387cefe-0592-4d95-a79f-8fcf62986590",
            "roles": [
              {
                "division_ids": [
                  "f2777e89-ef43-44f2-a570-e883729854ea"
                ],
                "role_id": "05c2fe4c-0312-4598-8148-a96eb2c15b5d"
              },
              {
                "division_ids": [
                  "f2777e89-ef43-44f2-a570-e883729854ea"
                ],
                "role_id": "380f8746-2e13-46d2-b91d-411cd8595468"
              },
              {
                "division_ids": [
                  "f2777e89-ef43-44f2-a570-e883729854ea"
                ],
                "role_id": "8fd2b585-45c8-43a8-a378-882d923b4dac"
              },
              {
                "division_ids": [
                  "f2777e89-ef43-44f2-a570-e883729854ea"
                ],
                "role_id": "b746f6cf-573e-4354-9276-265d66cb816e"
              },
              {
                "division_ids": [
                  "f2777e89-ef43-44f2-a570-e883729854ea"
                ],
                "role_id": "d40e93b6-a0c4-48f0-907f-1939a5c05f99"
              },
              {
                "division_ids": [
                  "f2777e89-ef43-44f2-a570-e883729854ea"
                ],
                "role_id": "dd8950a6-1e3c-46e1-b774-ab0f50a5ecb2"
              },
              {
                "division_ids": [
                  "f2777e89-ef43-44f2-a570-e883729854ea"
                ],
                "role_id": "ec850d7b-d45e-4e1c-a419-1cd3fc771649"
              }
            ],
            "user_id": "6387cefe-0592-4d95-a79f-8fcf62986590"
          },
          "sensitive_attributes": [],
          "private": "eyJzY2hlbWFfdmVyc2lvbiI6IjEifQ==",
          "dependencies": [
            "data.genesyscloud_auth_role.AgentAssist",
            "data.genesyscloud_auth_role.Developer",
            "data.genesyscloud_auth_role.GenesysCloudVoiceAdmin",
            "data.genesyscloud_auth_role.MasterAdmin",
            "data.genesyscloud_auth_role.Terraform_user",
            "data.genesyscloud_auth_role.admin",
            "data.genesyscloud_auth_role.employee",
            "data.genesyscloud_routing_skill.z79",
            "genesyscloud_user.Workshop_user79"
          ]
        }
      ]
    },
    {
      "mode": "managed",
      "type": "genesyscloud_user_roles",
      "name": "Workshoproles_user8",
      "provider": "provider[\"registry.terraform.io/mypurecloud/genesyscloud\"]",
      "instances": [
        {
          "schema_version": 1,
          "attributes": {
            "id": "15e72bfe-a55f-448e-9929-ec58508d5372",
            "roles": [
              {
                "division_ids": [
                  "f2777e89-ef43-44f2-a570-e883729854ea"
                ],
                "role_id": "05c2fe4c-0312-4598-8148-a96eb2c15b5d"
              },
              {
                "division_ids": [
                  "f2777e89-ef43-44f2-a570-e883729854ea"
                ],
                "role_id": "380f8746-2e13-46d2-b91d-411cd8595468"
              },
              {
                "division_ids": [
                  "f2777e89-ef43-44f2-a570-e883729854ea"
                ],
                "role_id": "8fd2b585-45c8-43a8-a378-882d923b4dac"
              },
              {
                "division_ids": [
                  "f2777e89-ef43-44f2-a570-e883729854ea"
                ],
                "role_id": "b746f6cf-573e-4354-9276-265d66cb816e"
              },
              {
                "division_ids": [
                  "f2777e89-ef43-44f2-a570-e883729854ea"
                ],
                "role_id": "d40e93b6-a0c4-48f0-907f-1939a5c05f99"
              },
              {
                "division_ids": [
                  "f2777e89-ef43-44f2-a570-e883729854ea"
                ],
                "role_id": "dd8950a6-1e3c-46e1-b774-ab0f50a5ecb2"
              },
              {
                "division_ids": [
                  "f2777e89-ef43-44f2-a570-e883729854ea"
                ],
                "role_id": "ec850d7b-d45e-4e1c-a419-1cd3fc771649"
              }
            ],
            "user_id": "15e72bfe-a55f-448e-9929-ec58508d5372"
          },
          "sensitive_attributes": [],
          "private": "eyJzY2hlbWFfdmVyc2lvbiI6IjEifQ==",
          "dependencies": [
            "data.genesyscloud_auth_role.AgentAssist",
            "data.genesyscloud_auth_role.Developer",
            "data.genesyscloud_auth_role.GenesysCloudVoiceAdmin",
            "data.genesyscloud_auth_role.MasterAdmin",
            "data.genesyscloud_auth_role.Terraform_user",
            "data.genesyscloud_auth_role.admin",
            "data.genesyscloud_auth_role.employee",
            "data.genesyscloud_routing_skill.z8",
            "genesyscloud_user.Workshop_user8"
          ]
        }
      ]
    },
    {
      "mode": "managed",
      "type": "genesyscloud_user_roles",
      "name": "Workshoproles_user80",
      "provider": "provider[\"registry.terraform.io/mypurecloud/genesyscloud\"]",
      "instances": [
        {
          "schema_version": 1,
          "attributes": {
            "id": "1e663518-0cdb-42a1-a208-bf210ea369ee",
            "roles": [
              {
                "division_ids": [
                  "f2777e89-ef43-44f2-a570-e883729854ea"
                ],
                "role_id": "05c2fe4c-0312-4598-8148-a96eb2c15b5d"
              },
              {
                "division_ids": [
                  "f2777e89-ef43-44f2-a570-e883729854ea"
                ],
                "role_id": "380f8746-2e13-46d2-b91d-411cd8595468"
              },
              {
                "division_ids": [
                  "f2777e89-ef43-44f2-a570-e883729854ea"
                ],
                "role_id": "8fd2b585-45c8-43a8-a378-882d923b4dac"
              },
              {
                "division_ids": [
                  "f2777e89-ef43-44f2-a570-e883729854ea"
                ],
                "role_id": "b746f6cf-573e-4354-9276-265d66cb816e"
              },
              {
                "division_ids": [
                  "f2777e89-ef43-44f2-a570-e883729854ea"
                ],
                "role_id": "d40e93b6-a0c4-48f0-907f-1939a5c05f99"
              },
              {
                "division_ids": [
                  "f2777e89-ef43-44f2-a570-e883729854ea"
                ],
                "role_id": "dd8950a6-1e3c-46e1-b774-ab0f50a5ecb2"
              },
              {
                "division_ids": [
                  "f2777e89-ef43-44f2-a570-e883729854ea"
                ],
                "role_id": "ec850d7b-d45e-4e1c-a419-1cd3fc771649"
              }
            ],
            "user_id": "1e663518-0cdb-42a1-a208-bf210ea369ee"
          },
          "sensitive_attributes": [],
          "private": "eyJzY2hlbWFfdmVyc2lvbiI6IjEifQ==",
          "dependencies": [
            "data.genesyscloud_auth_role.AgentAssist",
            "data.genesyscloud_auth_role.Developer",
            "data.genesyscloud_auth_role.GenesysCloudVoiceAdmin",
            "data.genesyscloud_auth_role.MasterAdmin",
            "data.genesyscloud_auth_role.Terraform_user",
            "data.genesyscloud_auth_role.admin",
            "data.genesyscloud_auth_role.employee",
            "data.genesyscloud_routing_skill.z80",
            "genesyscloud_user.Workshop_user80"
          ]
        }
      ]
    },
    {
      "mode": "managed",
      "type": "genesyscloud_user_roles",
      "name": "Workshoproles_user9",
      "provider": "provider[\"registry.terraform.io/mypurecloud/genesyscloud\"]",
      "instances": [
        {
          "schema_version": 1,
          "attributes": {
            "id": "c1e7359e-695d-4867-8d7f-6d15136de39a",
            "roles": [
              {
                "division_ids": [
                  "f2777e89-ef43-44f2-a570-e883729854ea"
                ],
                "role_id": "05c2fe4c-0312-4598-8148-a96eb2c15b5d"
              },
              {
                "division_ids": [
                  "f2777e89-ef43-44f2-a570-e883729854ea"
                ],
                "role_id": "380f8746-2e13-46d2-b91d-411cd8595468"
              },
              {
                "division_ids": [
                  "f2777e89-ef43-44f2-a570-e883729854ea"
                ],
                "role_id": "8fd2b585-45c8-43a8-a378-882d923b4dac"
              },
              {
                "division_ids": [
                  "f2777e89-ef43-44f2-a570-e883729854ea"
                ],
                "role_id": "b746f6cf-573e-4354-9276-265d66cb816e"
              },
              {
                "division_ids": [
                  "f2777e89-ef43-44f2-a570-e883729854ea"
                ],
                "role_id": "d40e93b6-a0c4-48f0-907f-1939a5c05f99"
              },
              {
                "division_ids": [
                  "f2777e89-ef43-44f2-a570-e883729854ea"
                ],
                "role_id": "dd8950a6-1e3c-46e1-b774-ab0f50a5ecb2"
              },
              {
                "division_ids": [
                  "f2777e89-ef43-44f2-a570-e883729854ea"
                ],
                "role_id": "ec850d7b-d45e-4e1c-a419-1cd3fc771649"
              }
            ],
            "user_id": "c1e7359e-695d-4867-8d7f-6d15136de39a"
          },
          "sensitive_attributes": [],
          "private": "eyJzY2hlbWFfdmVyc2lvbiI6IjEifQ==",
          "dependencies": [
            "data.genesyscloud_auth_role.AgentAssist",
            "data.genesyscloud_auth_role.Developer",
            "data.genesyscloud_auth_role.GenesysCloudVoiceAdmin",
            "data.genesyscloud_auth_role.MasterAdmin",
            "data.genesyscloud_auth_role.Terraform_user",
            "data.genesyscloud_auth_role.admin",
            "data.genesyscloud_auth_role.employee",
            "data.genesyscloud_routing_skill.z9",
            "genesyscloud_user.Workshop_user9"
          ]
        }
      ]
    }
  ]
}
