{
  "version": 4,
  "terraform_version": "1.3.1",
  "serial": 3,
  "lineage": "97cea81f-1f89-72c8-3f83-1e41100ec524",
  "outputs": {},
  "resources": [
    {
      "mode": "data",
      "type": "genesyscloud_auth_role",
      "name": "Developer",
      "provider": "provider[\"registry.terraform.io/mypurecloud/genesyscloud\"]",
      "instances": [
        {
          "schema_version": 0,
          "attributes": {
            "id": "d40e93b6-a0c4-48f0-907f-1939a5c05f99",
            "name": "Developer"
          },
          "sensitive_attributes": []
        }
      ]
    },
    {
      "mode": "data",
      "type": "genesyscloud_auth_role",
      "name": "GenesysCloudVoiceAdmin",
      "provider": "provider[\"registry.terraform.io/mypurecloud/genesyscloud\"]",
      "instances": [
        {
          "schema_version": 0,
          "attributes": {
            "id": "b746f6cf-573e-4354-9276-265d66cb816e",
            "name": "Genesys Cloud Voice Admin"
          },
          "sensitive_attributes": []
        }
      ]
    },
    {
      "mode": "data",
      "type": "genesyscloud_auth_role",
      "name": "MasterAdmin",
      "provider": "provider[\"registry.terraform.io/mypurecloud/genesyscloud\"]",
      "instances": [
        {
          "schema_version": 0,
          "attributes": {
            "id": "dd8950a6-1e3c-46e1-b774-ab0f50a5ecb2",
            "name": "Master Admin"
          },
          "sensitive_attributes": []
        }
      ]
    },
    {
      "mode": "data",
      "type": "genesyscloud_auth_role",
      "name": "Terraform_user",
      "provider": "provider[\"registry.terraform.io/mypurecloud/genesyscloud\"]",
      "instances": [
        {
          "schema_version": 0,
          "attributes": {
            "id": "8fd2b585-45c8-43a8-a378-882d923b4dac",
            "name": "Terraform_user"
          },
          "sensitive_attributes": []
        }
      ]
    },
    {
      "mode": "data",
      "type": "genesyscloud_auth_role",
      "name": "employee",
      "provider": "provider[\"registry.terraform.io/mypurecloud/genesyscloud\"]",
      "instances": [
        {
          "schema_version": 0,
          "attributes": {
            "id": "05c2fe4c-0312-4598-8148-a96eb2c15b5d",
            "name": "employee"
          },
          "sensitive_attributes": []
        }
      ]
    },
    {
      "mode": "managed",
      "type": "genesyscloud_user",
      "name": "test_user01",
      "provider": "provider[\"registry.terraform.io/mypurecloud/genesyscloud\"]",
      "instances": [
        {
          "schema_version": 1,
          "attributes": {
            "acd_auto_answer": false,
            "addresses": [],
            "certifications": [],
            "department": "",
            "division_id": "f2777e89-ef43-44f2-a570-e883729854ea",
            "email": "workshopuser001@genesystest.com",
            "employer_info": [],
            "id": "82485038-049e-4221-a29b-1f2a7ecafab1",
            "locations": [],
            "manager": "",
            "name": "Terraform user 010",
            "password": "Indyworkshop1!",
            "profile_skills": [],
            "routing_languages": [],
            "routing_skills": [],
            "routing_utilization": [],
            "state": "active",
            "title": ""
          },
          "sensitive_attributes": [],
          "private": "eyJzY2hlbWFfdmVyc2lvbiI6IjEifQ=="
        }
      ]
    },
    {
      "mode": "managed",
      "type": "genesyscloud_user_roles",
      "name": "test_01roles",
      "provider": "provider[\"registry.terraform.io/mypurecloud/genesyscloud\"]",
      "instances": [
        {
          "schema_version": 1,
          "attributes": {
            "id": "82485038-049e-4221-a29b-1f2a7ecafab1",
            "roles": [
              {
                "division_ids": [
                  "f2777e89-ef43-44f2-a570-e883729854ea"
                ],
                "role_id": "05c2fe4c-0312-4598-8148-a96eb2c15b5d"
              },
              {
                "division_ids": [
                  "f2777e89-ef43-44f2-a570-e883729854ea"
                ],
                "role_id": "8fd2b585-45c8-43a8-a378-882d923b4dac"
              },
              {
                "division_ids": [
                  "f2777e89-ef43-44f2-a570-e883729854ea"
                ],
                "role_id": "b746f6cf-573e-4354-9276-265d66cb816e"
              },
              {
                "division_ids": [
                  "f2777e89-ef43-44f2-a570-e883729854ea"
                ],
                "role_id": "d40e93b6-a0c4-48f0-907f-1939a5c05f99"
              },
              {
                "division_ids": [
                  "f2777e89-ef43-44f2-a570-e883729854ea"
                ],
                "role_id": "dd8950a6-1e3c-46e1-b774-ab0f50a5ecb2"
              }
            ],
            "user_id": "82485038-049e-4221-a29b-1f2a7ecafab1"
          },
          "sensitive_attributes": [],
          "private": "eyJzY2hlbWFfdmVyc2lvbiI6IjEifQ==",
          "dependencies": [
            "data.genesyscloud_auth_role.Developer",
            "data.genesyscloud_auth_role.GenesysCloudVoiceAdmin",
            "data.genesyscloud_auth_role.MasterAdmin",
            "data.genesyscloud_auth_role.Terraform_user",
            "data.genesyscloud_auth_role.employee",
            "genesyscloud_user.test_user01"
          ]
        }
      ]
    }
  ],
  "check_results": []
}
