{
  "version": 4,
  "terraform_version": "1.1.8",
  "serial": 1806,
  "lineage": "d625a3fa-8f27-63e4-1044-902981943688",
  "outputs": {},
  "resources": [
    {
      "mode": "data",
      "type": "genesyscloud_auth_role",
      "name": "AgentAssist",
      "provider": "provider[\"registry.terraform.io/mypurecloud/genesyscloud\"]",
      "instances": [
        {
          "schema_version": 0,
          "attributes": {
            "id": "ec850d7b-d45e-4e1c-a419-1cd3fc771649",
            "name": "Agent Assist"
          },
          "sensitive_attributes": []
        }
      ]
    },
    {
      "mode": "data",
      "type": "genesyscloud_auth_role",
      "name": "Developer",
      "provider": "provider[\"registry.terraform.io/mypurecloud/genesyscloud\"]",
      "instances": [
        {
          "schema_version": 0,
          "attributes": {
            "id": "d40e93b6-a0c4-48f0-907f-1939a5c05f99",
            "name": "Developer"
          },
          "sensitive_attributes": []
        }
      ]
    },
    {
      "mode": "data",
      "type": "genesyscloud_auth_role",
      "name": "GenesysCloudVoiceAdmin",
      "provider": "provider[\"registry.terraform.io/mypurecloud/genesyscloud\"]",
      "instances": [
        {
          "schema_version": 0,
          "attributes": {
            "id": "b746f6cf-573e-4354-9276-265d66cb816e",
            "name": "Genesys Cloud Voice Admin"
          },
          "sensitive_attributes": []
        }
      ]
    },
    {
      "mode": "data",
      "type": "genesyscloud_auth_role",
      "name": "MasterAdmin",
      "provider": "provider[\"registry.terraform.io/mypurecloud/genesyscloud\"]",
      "instances": [
        {
          "schema_version": 0,
          "attributes": {
            "id": "dd8950a6-1e3c-46e1-b774-ab0f50a5ecb2",
            "name": "Master Admin"
          },
          "sensitive_attributes": []
        }
      ]
    },
    {
      "mode": "data",
      "type": "genesyscloud_auth_role",
      "name": "Terraform_user",
      "provider": "provider[\"registry.terraform.io/mypurecloud/genesyscloud\"]",
      "instances": [
        {
          "schema_version": 0,
          "attributes": {
            "id": "8fd2b585-45c8-43a8-a378-882d923b4dac",
            "name": "Terraform_user"
          },
          "sensitive_attributes": []
        }
      ]
    },
    {
      "mode": "data",
      "type": "genesyscloud_auth_role",
      "name": "admin",
      "provider": "provider[\"registry.terraform.io/mypurecloud/genesyscloud\"]",
      "instances": [
        {
          "schema_version": 0,
          "attributes": {
            "id": "380f8746-2e13-46d2-b91d-411cd8595468",
            "name": "admin"
          },
          "sensitive_attributes": []
        }
      ]
    },
    {
      "mode": "data",
      "type": "genesyscloud_auth_role",
      "name": "employee",
      "provider": "provider[\"registry.terraform.io/mypurecloud/genesyscloud\"]",
      "instances": [
        {
          "schema_version": 0,
          "attributes": {
            "id": "05c2fe4c-0312-4598-8148-a96eb2c15b5d",
            "name": "employee"
          },
          "sensitive_attributes": []
        }
      ]
    },
    {
      "mode": "data",
      "type": "genesyscloud_routing_skill",
      "name": "z1",
      "provider": "provider[\"registry.terraform.io/mypurecloud/genesyscloud\"]",
      "instances": [
        {
          "schema_version": 0,
          "attributes": {
            "id": "533f548c-944a-4580-9963-268faac40d47",
            "name": "z01"
          },
          "sensitive_attributes": []
        }
      ]
    },
    {
      "mode": "data",
      "type": "genesyscloud_routing_skill",
      "name": "z10",
      "provider": "provider[\"registry.terraform.io/mypurecloud/genesyscloud\"]",
      "instances": [
        {
          "schema_version": 0,
          "attributes": {
            "id": "ead3e567-ac0c-45c4-949b-2f6c6b00f732",
            "name": "z10"
          },
          "sensitive_attributes": []
        }
      ]
    },
    {
      "mode": "data",
      "type": "genesyscloud_routing_skill",
      "name": "z11",
      "provider": "provider[\"registry.terraform.io/mypurecloud/genesyscloud\"]",
      "instances": [
        {
          "schema_version": 0,
          "attributes": {
            "id": "7f3d8e01-352b-4317-9834-b767d72a8681",
            "name": "z11"
          },
          "sensitive_attributes": []
        }
      ]
    },
    {
      "mode": "data",
      "type": "genesyscloud_routing_skill",
      "name": "z12",
      "provider": "provider[\"registry.terraform.io/mypurecloud/genesyscloud\"]",
      "instances": [
        {
          "schema_version": 0,
          "attributes": {
            "id": "e8c05f4b-bfd8-45e0-861f-8923c8bdee46",
            "name": "z12"
          },
          "sensitive_attributes": []
        }
      ]
    },
    {
      "mode": "data",
      "type": "genesyscloud_routing_skill",
      "name": "z13",
      "provider": "provider[\"registry.terraform.io/mypurecloud/genesyscloud\"]",
      "instances": [
        {
          "schema_version": 0,
          "attributes": {
            "id": "8d450885-e20b-49ed-bb6c-2d9298a850c3",
            "name": "z13"
          },
          "sensitive_attributes": []
        }
      ]
    },
    {
      "mode": "data",
      "type": "genesyscloud_routing_skill",
      "name": "z14",
      "provider": "provider[\"registry.terraform.io/mypurecloud/genesyscloud\"]",
      "instances": [
        {
          "schema_version": 0,
          "attributes": {
            "id": "d1fc8f5b-bae5-4199-83f2-69c40db63ecb",
            "name": "z14"
          },
          "sensitive_attributes": []
        }
      ]
    },
    {
      "mode": "data",
      "type": "genesyscloud_routing_skill",
      "name": "z15",
      "provider": "provider[\"registry.terraform.io/mypurecloud/genesyscloud\"]",
      "instances": [
        {
          "schema_version": 0,
          "attributes": {
            "id": "b758615d-cd05-4172-8eea-8524c8c243d8",
            "name": "z15"
          },
          "sensitive_attributes": []
        }
      ]
    },
    {
      "mode": "data",
      "type": "genesyscloud_routing_skill",
      "name": "z16",
      "provider": "provider[\"registry.terraform.io/mypurecloud/genesyscloud\"]",
      "instances": [
        {
          "schema_version": 0,
          "attributes": {
            "id": "4b66a904-9f82-45ff-9c97-da4b0267b532",
            "name": "z16"
          },
          "sensitive_attributes": []
        }
      ]
    },
    {
      "mode": "data",
      "type": "genesyscloud_routing_skill",
      "name": "z17",
      "provider": "provider[\"registry.terraform.io/mypurecloud/genesyscloud\"]",
      "instances": [
        {
          "schema_version": 0,
          "attributes": {
            "id": "4dc1d324-eca1-4c87-9a6e-7923cc24a288",
            "name": "z17"
          },
          "sensitive_attributes": []
        }
      ]
    },
    {
      "mode": "data",
      "type": "genesyscloud_routing_skill",
      "name": "z18",
      "provider": "provider[\"registry.terraform.io/mypurecloud/genesyscloud\"]",
      "instances": [
        {
          "schema_version": 0,
          "attributes": {
            "id": "dc91d674-49d0-4ed9-8b97-3e801c73b2b2",
            "name": "z18"
          },
          "sensitive_attributes": []
        }
      ]
    },
    {
      "mode": "data",
      "type": "genesyscloud_routing_skill",
      "name": "z19",
      "provider": "provider[\"registry.terraform.io/mypurecloud/genesyscloud\"]",
      "instances": [
        {
          "schema_version": 0,
          "attributes": {
            "id": "91c1a2b8-8e1a-4dc5-843d-ad897170a5d6",
            "name": "z19"
          },
          "sensitive_attributes": []
        }
      ]
    },
    {
      "mode": "data",
      "type": "genesyscloud_routing_skill",
      "name": "z2",
      "provider": "provider[\"registry.terraform.io/mypurecloud/genesyscloud\"]",
      "instances": [
        {
          "schema_version": 0,
          "attributes": {
            "id": "e8bc4182-8f9d-445e-9e7b-5f1076e1b6af",
            "name": "z02"
          },
          "sensitive_attributes": []
        }
      ]
    },
    {
      "mode": "data",
      "type": "genesyscloud_routing_skill",
      "name": "z20",
      "provider": "provider[\"registry.terraform.io/mypurecloud/genesyscloud\"]",
      "instances": [
        {
          "schema_version": 0,
          "attributes": {
            "id": "2d0ec185-f0dd-433c-a413-979de846ee54",
            "name": "z20"
          },
          "sensitive_attributes": []
        }
      ]
    },
    {
      "mode": "data",
      "type": "genesyscloud_routing_skill",
      "name": "z21",
      "provider": "provider[\"registry.terraform.io/mypurecloud/genesyscloud\"]",
      "instances": [
        {
          "schema_version": 0,
          "attributes": {
            "id": "0dbde71f-5897-41e1-a662-7271e22e965d",
            "name": "z21"
          },
          "sensitive_attributes": []
        }
      ]
    },
    {
      "mode": "data",
      "type": "genesyscloud_routing_skill",
      "name": "z22",
      "provider": "provider[\"registry.terraform.io/mypurecloud/genesyscloud\"]",
      "instances": [
        {
          "schema_version": 0,
          "attributes": {
            "id": "b5f377ab-f173-440d-b8a8-36a3568a2f67",
            "name": "z22"
          },
          "sensitive_attributes": []
        }
      ]
    },
    {
      "mode": "data",
      "type": "genesyscloud_routing_skill",
      "name": "z23",
      "provider": "provider[\"registry.terraform.io/mypurecloud/genesyscloud\"]",
      "instances": [
        {
          "schema_version": 0,
          "attributes": {
            "id": "8d6aa33b-6113-442f-9fa7-8bc2525c518d",
            "name": "z23"
          },
          "sensitive_attributes": []
        }
      ]
    },
    {
      "mode": "data",
      "type": "genesyscloud_routing_skill",
      "name": "z24",
      "provider": "provider[\"registry.terraform.io/mypurecloud/genesyscloud\"]",
      "instances": [
        {
          "schema_version": 0,
          "attributes": {
            "id": "15b735b6-80e0-4dbf-9e11-e2e8fd3a0e0e",
            "name": "z24"
          },
          "sensitive_attributes": []
        }
      ]
    },
    {
      "mode": "data",
      "type": "genesyscloud_routing_skill",
      "name": "z25",
      "provider": "provider[\"registry.terraform.io/mypurecloud/genesyscloud\"]",
      "instances": [
        {
          "schema_version": 0,
          "attributes": {
            "id": "b325b3ba-75a0-49d2-a580-c0952c54a4dc",
            "name": "z25"
          },
          "sensitive_attributes": []
        }
      ]
    },
    {
      "mode": "data",
      "type": "genesyscloud_routing_skill",
      "name": "z26",
      "provider": "provider[\"registry.terraform.io/mypurecloud/genesyscloud\"]",
      "instances": [
        {
          "schema_version": 0,
          "attributes": {
            "id": "e87ea44e-a627-4320-a056-747fc0b755d4",
            "name": "z26"
          },
          "sensitive_attributes": []
        }
      ]
    },
    {
      "mode": "data",
      "type": "genesyscloud_routing_skill",
      "name": "z27",
      "provider": "provider[\"registry.terraform.io/mypurecloud/genesyscloud\"]",
      "instances": [
        {
          "schema_version": 0,
          "attributes": {
            "id": "91f1ef02-5f8d-4f01-8cdc-a1990317b93f",
            "name": "z27"
          },
          "sensitive_attributes": []
        }
      ]
    },
    {
      "mode": "data",
      "type": "genesyscloud_routing_skill",
      "name": "z28",
      "provider": "provider[\"registry.terraform.io/mypurecloud/genesyscloud\"]",
      "instances": [
        {
          "schema_version": 0,
          "attributes": {
            "id": "14f876db-e842-45e7-9a80-11e821cca490",
            "name": "z28"
          },
          "sensitive_attributes": []
        }
      ]
    },
    {
      "mode": "data",
      "type": "genesyscloud_routing_skill",
      "name": "z29",
      "provider": "provider[\"registry.terraform.io/mypurecloud/genesyscloud\"]",
      "instances": [
        {
          "schema_version": 0,
          "attributes": {
            "id": "4065cec0-a484-4eb5-b8c3-05facb930dbc",
            "name": "z29"
          },
          "sensitive_attributes": []
        }
      ]
    },
    {
      "mode": "data",
      "type": "genesyscloud_routing_skill",
      "name": "z3",
      "provider": "provider[\"registry.terraform.io/mypurecloud/genesyscloud\"]",
      "instances": [
        {
          "schema_version": 0,
          "attributes": {
            "id": "7aa0a6d4-5f3f-4361-bfc9-f26b655735b5",
            "name": "z03"
          },
          "sensitive_attributes": []
        }
      ]
    },
    {
      "mode": "data",
      "type": "genesyscloud_routing_skill",
      "name": "z30",
      "provider": "provider[\"registry.terraform.io/mypurecloud/genesyscloud\"]",
      "instances": [
        {
          "schema_version": 0,
          "attributes": {
            "id": "93075fdf-f8dd-464e-9431-d70352658397",
            "name": "z30"
          },
          "sensitive_attributes": []
        }
      ]
    },
    {
      "mode": "data",
      "type": "genesyscloud_routing_skill",
      "name": "z31",
      "provider": "provider[\"registry.terraform.io/mypurecloud/genesyscloud\"]",
      "instances": [
        {
          "schema_version": 0,
          "attributes": {
            "id": "7b0f1131-7d66-4ce7-a77a-c3169090650f",
            "name": "z31"
          },
          "sensitive_attributes": []
        }
      ]
    },
    {
      "mode": "data",
      "type": "genesyscloud_routing_skill",
      "name": "z32",
      "provider": "provider[\"registry.terraform.io/mypurecloud/genesyscloud\"]",
      "instances": [
        {
          "schema_version": 0,
          "attributes": {
            "id": "be074200-abc4-47ed-a820-ff92e44b05dc",
            "name": "z32"
          },
          "sensitive_attributes": []
        }
      ]
    },
    {
      "mode": "data",
      "type": "genesyscloud_routing_skill",
      "name": "z33",
      "provider": "provider[\"registry.terraform.io/mypurecloud/genesyscloud\"]",
      "instances": [
        {
          "schema_version": 0,
          "attributes": {
            "id": "aca8b164-0281-4ab4-ba90-3520a343d137",
            "name": "z33"
          },
          "sensitive_attributes": []
        }
      ]
    },
    {
      "mode": "data",
      "type": "genesyscloud_routing_skill",
      "name": "z34",
      "provider": "provider[\"registry.terraform.io/mypurecloud/genesyscloud\"]",
      "instances": [
        {
          "schema_version": 0,
          "attributes": {
            "id": "bf8d1414-3af0-4969-98c6-ef208321e8cc",
            "name": "z34"
          },
          "sensitive_attributes": []
        }
      ]
    },
    {
      "mode": "data",
      "type": "genesyscloud_routing_skill",
      "name": "z35",
      "provider": "provider[\"registry.terraform.io/mypurecloud/genesyscloud\"]",
      "instances": [
        {
          "schema_version": 0,
          "attributes": {
            "id": "625ebb47-4a58-466e-88e9-71c464879108",
            "name": "z35"
          },
          "sensitive_attributes": []
        }
      ]
    },
    {
      "mode": "data",
      "type": "genesyscloud_routing_skill",
      "name": "z36",
      "provider": "provider[\"registry.terraform.io/mypurecloud/genesyscloud\"]",
      "instances": [
        {
          "schema_version": 0,
          "attributes": {
            "id": "b652942b-e385-4028-a4c5-092ab74d3193",
            "name": "z36"
          },
          "sensitive_attributes": []
        }
      ]
    },
    {
      "mode": "data",
      "type": "genesyscloud_routing_skill",
      "name": "z37",
      "provider": "provider[\"registry.terraform.io/mypurecloud/genesyscloud\"]",
      "instances": [
        {
          "schema_version": 0,
          "attributes": {
            "id": "1bf92b14-dcfd-45c2-98fd-fdada9be3cc0",
            "name": "z37"
          },
          "sensitive_attributes": []
        }
      ]
    },
    {
      "mode": "data",
      "type": "genesyscloud_routing_skill",
      "name": "z38",
      "provider": "provider[\"registry.terraform.io/mypurecloud/genesyscloud\"]",
      "instances": [
        {
          "schema_version": 0,
          "attributes": {
            "id": "74693fc8-77af-4424-a42c-dfd575f86527",
            "name": "z38"
          },
          "sensitive_attributes": []
        }
      ]
    },
    {
      "mode": "data",
      "type": "genesyscloud_routing_skill",
      "name": "z39",
      "provider": "provider[\"registry.terraform.io/mypurecloud/genesyscloud\"]",
      "instances": [
        {
          "schema_version": 0,
          "attributes": {
            "id": "806e5c76-461a-41ed-8fa0-22fa47c33cd4",
            "name": "z39"
          },
          "sensitive_attributes": []
        }
      ]
    },
    {
      "mode": "data",
      "type": "genesyscloud_routing_skill",
      "name": "z4",
      "provider": "provider[\"registry.terraform.io/mypurecloud/genesyscloud\"]",
      "instances": [
        {
          "schema_version": 0,
          "attributes": {
            "id": "39d49578-72fc-4671-b5c9-adf7d8678234",
            "name": "z04"
          },
          "sensitive_attributes": []
        }
      ]
    },
    {
      "mode": "data",
      "type": "genesyscloud_routing_skill",
      "name": "z40",
      "provider": "provider[\"registry.terraform.io/mypurecloud/genesyscloud\"]",
      "instances": [
        {
          "schema_version": 0,
          "attributes": {
            "id": "b73d429c-fb9d-4a85-b6e3-32e3da29434b",
            "name": "z40"
          },
          "sensitive_attributes": []
        }
      ]
    },
    {
      "mode": "data",
      "type": "genesyscloud_routing_skill",
      "name": "z41",
      "provider": "provider[\"registry.terraform.io/mypurecloud/genesyscloud\"]",
      "instances": [
        {
          "schema_version": 0,
          "attributes": {
            "id": "bd17a9a1-4100-47ee-a717-f5ace5a14561",
            "name": "z41"
          },
          "sensitive_attributes": []
        }
      ]
    },
    {
      "mode": "data",
      "type": "genesyscloud_routing_skill",
      "name": "z42",
      "provider": "provider[\"registry.terraform.io/mypurecloud/genesyscloud\"]",
      "instances": [
        {
          "schema_version": 0,
          "attributes": {
            "id": "0e08a158-4268-458f-8aaf-12a54973fc19",
            "name": "z42"
          },
          "sensitive_attributes": []
        }
      ]
    },
    {
      "mode": "data",
      "type": "genesyscloud_routing_skill",
      "name": "z43",
      "provider": "provider[\"registry.terraform.io/mypurecloud/genesyscloud\"]",
      "instances": [
        {
          "schema_version": 0,
          "attributes": {
            "id": "9a0554ea-8088-4550-b5cc-b6f8644fa73e",
            "name": "z43"
          },
          "sensitive_attributes": []
        }
      ]
    },
    {
      "mode": "data",
      "type": "genesyscloud_routing_skill",
      "name": "z44",
      "provider": "provider[\"registry.terraform.io/mypurecloud/genesyscloud\"]",
      "instances": [
        {
          "schema_version": 0,
          "attributes": {
            "id": "62d02c37-251f-4d2f-9443-8c533cca96f7",
            "name": "z44"
          },
          "sensitive_attributes": []
        }
      ]
    },
    {
      "mode": "data",
      "type": "genesyscloud_routing_skill",
      "name": "z45",
      "provider": "provider[\"registry.terraform.io/mypurecloud/genesyscloud\"]",
      "instances": [
        {
          "schema_version": 0,
          "attributes": {
            "id": "15586098-e6d0-4a43-9cca-1265e40d69f3",
            "name": "z45"
          },
          "sensitive_attributes": []
        }
      ]
    },
    {
      "mode": "data",
      "type": "genesyscloud_routing_skill",
      "name": "z46",
      "provider": "provider[\"registry.terraform.io/mypurecloud/genesyscloud\"]",
      "instances": [
        {
          "schema_version": 0,
          "attributes": {
            "id": "79b2bb07-7ec4-4d43-9f13-a6ad338f7edd",
            "name": "z46"
          },
          "sensitive_attributes": []
        }
      ]
    },
    {
      "mode": "data",
      "type": "genesyscloud_routing_skill",
      "name": "z47",
      "provider": "provider[\"registry.terraform.io/mypurecloud/genesyscloud\"]",
      "instances": [
        {
          "schema_version": 0,
          "attributes": {
            "id": "33522273-9aa7-486c-9f04-08c4a9a64f11",
            "name": "z47"
          },
          "sensitive_attributes": []
        }
      ]
    },
    {
      "mode": "data",
      "type": "genesyscloud_routing_skill",
      "name": "z48",
      "provider": "provider[\"registry.terraform.io/mypurecloud/genesyscloud\"]",
      "instances": [
        {
          "schema_version": 0,
          "attributes": {
            "id": "a5a34a49-baa5-44a1-92a9-b68881fe152c",
            "name": "z48"
          },
          "sensitive_attributes": []
        }
      ]
    },
    {
      "mode": "data",
      "type": "genesyscloud_routing_skill",
      "name": "z49",
      "provider": "provider[\"registry.terraform.io/mypurecloud/genesyscloud\"]",
      "instances": [
        {
          "schema_version": 0,
          "attributes": {
            "id": "d3dd8052-f889-46cb-b741-c901f9166b3e",
            "name": "z49"
          },
          "sensitive_attributes": []
        }
      ]
    },
    {
      "mode": "data",
      "type": "genesyscloud_routing_skill",
      "name": "z5",
      "provider": "provider[\"registry.terraform.io/mypurecloud/genesyscloud\"]",
      "instances": [
        {
          "schema_version": 0,
          "attributes": {
            "id": "2b819b9a-3579-4dea-8228-535a1aa23126",
            "name": "z05"
          },
          "sensitive_attributes": []
        }
      ]
    },
    {
      "mode": "data",
      "type": "genesyscloud_routing_skill",
      "name": "z50",
      "provider": "provider[\"registry.terraform.io/mypurecloud/genesyscloud\"]",
      "instances": [
        {
          "schema_version": 0,
          "attributes": {
            "id": "f9fbb3c6-3511-44da-94ee-fd61ca098a01",
            "name": "z50"
          },
          "sensitive_attributes": []
        }
      ]
    },
    {
      "mode": "data",
      "type": "genesyscloud_routing_skill",
      "name": "z51",
      "provider": "provider[\"registry.terraform.io/mypurecloud/genesyscloud\"]",
      "instances": [
        {
          "schema_version": 0,
          "attributes": {
            "id": "f5fc0c8e-6f18-46b3-a8c9-71c7c253e720",
            "name": "z51"
          },
          "sensitive_attributes": []
        }
      ]
    },
    {
      "mode": "data",
      "type": "genesyscloud_routing_skill",
      "name": "z52",
      "provider": "provider[\"registry.terraform.io/mypurecloud/genesyscloud\"]",
      "instances": [
        {
          "schema_version": 0,
          "attributes": {
            "id": "e5d5ad92-8dba-4168-8ada-64ed090dba63",
            "name": "z52"
          },
          "sensitive_attributes": []
        }
      ]
    },
    {
      "mode": "data",
      "type": "genesyscloud_routing_skill",
      "name": "z53",
      "provider": "provider[\"registry.terraform.io/mypurecloud/genesyscloud\"]",
      "instances": [
        {
          "schema_version": 0,
          "attributes": {
            "id": "01807bd0-3c32-4c53-9b4b-02e09a9c18cf",
            "name": "z53"
          },
          "sensitive_attributes": []
        }
      ]
    },
    {
      "mode": "data",
      "type": "genesyscloud_routing_skill",
      "name": "z54",
      "provider": "provider[\"registry.terraform.io/mypurecloud/genesyscloud\"]",
      "instances": [
        {
          "schema_version": 0,
          "attributes": {
            "id": "d454c9d8-81f0-4ff6-8f4c-99e994f544d5",
            "name": "z54"
          },
          "sensitive_attributes": []
        }
      ]
    },
    {
      "mode": "data",
      "type": "genesyscloud_routing_skill",
      "name": "z55",
      "provider": "provider[\"registry.terraform.io/mypurecloud/genesyscloud\"]",
      "instances": [
        {
          "schema_version": 0,
          "attributes": {
            "id": "0b361a06-d0fa-45f6-bb5a-1db768b7be42",
            "name": "z55"
          },
          "sensitive_attributes": []
        }
      ]
    },
    {
      "mode": "data",
      "type": "genesyscloud_routing_skill",
      "name": "z56",
      "provider": "provider[\"registry.terraform.io/mypurecloud/genesyscloud\"]",
      "instances": [
        {
          "schema_version": 0,
          "attributes": {
            "id": "df99e8da-8938-4539-8cae-e0fea1f26f48",
            "name": "z56"
          },
          "sensitive_attributes": []
        }
      ]
    },
    {
      "mode": "data",
      "type": "genesyscloud_routing_skill",
      "name": "z57",
      "provider": "provider[\"registry.terraform.io/mypurecloud/genesyscloud\"]",
      "instances": [
        {
          "schema_version": 0,
          "attributes": {
            "id": "0b62260e-b0a3-48de-92c5-5eaed4463dfb",
            "name": "z57"
          },
          "sensitive_attributes": []
        }
      ]
    },
    {
      "mode": "data",
      "type": "genesyscloud_routing_skill",
      "name": "z58",
      "provider": "provider[\"registry.terraform.io/mypurecloud/genesyscloud\"]",
      "instances": [
        {
          "schema_version": 0,
          "attributes": {
            "id": "3df41770-bd91-4933-8890-9d3cc33c1036",
            "name": "z58"
          },
          "sensitive_attributes": []
        }
      ]
    },
    {
      "mode": "data",
      "type": "genesyscloud_routing_skill",
      "name": "z59",
      "provider": "provider[\"registry.terraform.io/mypurecloud/genesyscloud\"]",
      "instances": [
        {
          "schema_version": 0,
          "attributes": {
            "id": "d3c6acf9-5340-4375-937d-78f629d9524c",
            "name": "z59"
          },
          "sensitive_attributes": []
        }
      ]
    },
    {
      "mode": "data",
      "type": "genesyscloud_routing_skill",
      "name": "z6",
      "provider": "provider[\"registry.terraform.io/mypurecloud/genesyscloud\"]",
      "instances": [
        {
          "schema_version": 0,
          "attributes": {
            "id": "63fecb3d-fcb9-4765-99b2-c94a1307b670",
            "name": "z06"
          },
          "sensitive_attributes": []
        }
      ]
    },
    {
      "mode": "data",
      "type": "genesyscloud_routing_skill",
      "name": "z60",
      "provider": "provider[\"registry.terraform.io/mypurecloud/genesyscloud\"]",
      "instances": [
        {
          "schema_version": 0,
          "attributes": {
            "id": "ac38c09d-f3ba-47b9-9757-08b3f0fecad7",
            "name": "z60"
          },
          "sensitive_attributes": []
        }
      ]
    },
    {
      "mode": "data",
      "type": "genesyscloud_routing_skill",
      "name": "z61",
      "provider": "provider[\"registry.terraform.io/mypurecloud/genesyscloud\"]",
      "instances": [
        {
          "schema_version": 0,
          "attributes": {
            "id": "ae822cfb-8bf0-45be-bca9-568a62797bda",
            "name": "z61"
          },
          "sensitive_attributes": []
        }
      ]
    },
    {
      "mode": "data",
      "type": "genesyscloud_routing_skill",
      "name": "z62",
      "provider": "provider[\"registry.terraform.io/mypurecloud/genesyscloud\"]",
      "instances": [
        {
          "schema_version": 0,
          "attributes": {
            "id": "093ad350-a9f4-4606-901c-5b809602f0c9",
            "name": "z62"
          },
          "sensitive_attributes": []
        }
      ]
    },
    {
      "mode": "data",
      "type": "genesyscloud_routing_skill",
      "name": "z63",
      "provider": "provider[\"registry.terraform.io/mypurecloud/genesyscloud\"]",
      "instances": [
        {
          "schema_version": 0,
          "attributes": {
            "id": "cf13f62a-2b43-4dc4-993f-d2e5aadee964",
            "name": "z63"
          },
          "sensitive_attributes": []
        }
      ]
    },
    {
      "mode": "data",
      "type": "genesyscloud_routing_skill",
      "name": "z64",
      "provider": "provider[\"registry.terraform.io/mypurecloud/genesyscloud\"]",
      "instances": [
        {
          "schema_version": 0,
          "attributes": {
            "id": "65020080-7085-4890-9918-7e38288cc1d6",
            "name": "z64"
          },
          "sensitive_attributes": []
        }
      ]
    },
    {
      "mode": "data",
      "type": "genesyscloud_routing_skill",
      "name": "z65",
      "provider": "provider[\"registry.terraform.io/mypurecloud/genesyscloud\"]",
      "instances": [
        {
          "schema_version": 0,
          "attributes": {
            "id": "50420ddf-a631-4658-adcd-418c1ad824b3",
            "name": "z65"
          },
          "sensitive_attributes": []
        }
      ]
    },
    {
      "mode": "data",
      "type": "genesyscloud_routing_skill",
      "name": "z66",
      "provider": "provider[\"registry.terraform.io/mypurecloud/genesyscloud\"]",
      "instances": [
        {
          "schema_version": 0,
          "attributes": {
            "id": "f9ce9896-bb5c-4e3b-9b28-f29108e55957",
            "name": "z66"
          },
          "sensitive_attributes": []
        }
      ]
    },
    {
      "mode": "data",
      "type": "genesyscloud_routing_skill",
      "name": "z67",
      "provider": "provider[\"registry.terraform.io/mypurecloud/genesyscloud\"]",
      "instances": [
        {
          "schema_version": 0,
          "attributes": {
            "id": "b2b553b0-3ca3-4ce8-ae1b-f5d8f117e6fc",
            "name": "z67"
          },
          "sensitive_attributes": []
        }
      ]
    },
    {
      "mode": "data",
      "type": "genesyscloud_routing_skill",
      "name": "z68",
      "provider": "provider[\"registry.terraform.io/mypurecloud/genesyscloud\"]",
      "instances": [
        {
          "schema_version": 0,
          "attributes": {
            "id": "49ff0a2a-e3f0-46e4-9511-91d50a36982e",
            "name": "z68"
          },
          "sensitive_attributes": []
        }
      ]
    },
    {
      "mode": "data",
      "type": "genesyscloud_routing_skill",
      "name": "z69",
      "provider": "provider[\"registry.terraform.io/mypurecloud/genesyscloud\"]",
      "instances": [
        {
          "schema_version": 0,
          "attributes": {
            "id": "54ad549f-2d37-4c65-914a-94f52593ab8d",
            "name": "z69"
          },
          "sensitive_attributes": []
        }
      ]
    },
    {
      "mode": "data",
      "type": "genesyscloud_routing_skill",
      "name": "z7",
      "provider": "provider[\"registry.terraform.io/mypurecloud/genesyscloud\"]",
      "instances": [
        {
          "schema_version": 0,
          "attributes": {
            "id": "2a915990-b7c8-4f78-b5f1-de48a9b0ae1c",
            "name": "z07"
          },
          "sensitive_attributes": []
        }
      ]
    },
    {
      "mode": "data",
      "type": "genesyscloud_routing_skill",
      "name": "z70",
      "provider": "provider[\"registry.terraform.io/mypurecloud/genesyscloud\"]",
      "instances": [
        {
          "schema_version": 0,
          "attributes": {
            "id": "4ef2f0a2-9e81-4f00-b4e9-a5a9f73e0d47",
            "name": "z70"
          },
          "sensitive_attributes": []
        }
      ]
    },
    {
      "mode": "data",
      "type": "genesyscloud_routing_skill",
      "name": "z71",
      "provider": "provider[\"registry.terraform.io/mypurecloud/genesyscloud\"]",
      "instances": [
        {
          "schema_version": 0,
          "attributes": {
            "id": "3e724d89-678a-4fbe-9639-a6d0ad72ddbd",
            "name": "z71"
          },
          "sensitive_attributes": []
        }
      ]
    },
    {
      "mode": "data",
      "type": "genesyscloud_routing_skill",
      "name": "z72",
      "provider": "provider[\"registry.terraform.io/mypurecloud/genesyscloud\"]",
      "instances": [
        {
          "schema_version": 0,
          "attributes": {
            "id": "eaddd72b-e108-416e-b4ab-3e34cdaf1566",
            "name": "z72"
          },
          "sensitive_attributes": []
        }
      ]
    },
    {
      "mode": "data",
      "type": "genesyscloud_routing_skill",
      "name": "z73",
      "provider": "provider[\"registry.terraform.io/mypurecloud/genesyscloud\"]",
      "instances": [
        {
          "schema_version": 0,
          "attributes": {
            "id": "43ed2229-ea55-44e2-b961-31c66e080edf",
            "name": "z73"
          },
          "sensitive_attributes": []
        }
      ]
    },
    {
      "mode": "data",
      "type": "genesyscloud_routing_skill",
      "name": "z74",
      "provider": "provider[\"registry.terraform.io/mypurecloud/genesyscloud\"]",
      "instances": [
        {
          "schema_version": 0,
          "attributes": {
            "id": "e0e5abfd-e67c-4e25-8381-d5515cbb92cd",
            "name": "z74"
          },
          "sensitive_attributes": []
        }
      ]
    },
    {
      "mode": "data",
      "type": "genesyscloud_routing_skill",
      "name": "z75",
      "provider": "provider[\"registry.terraform.io/mypurecloud/genesyscloud\"]",
      "instances": [
        {
          "schema_version": 0,
          "attributes": {
            "id": "134ae21c-4b56-4be9-a819-ca5bf3c7064a",
            "name": "z75"
          },
          "sensitive_attributes": []
        }
      ]
    },
    {
      "mode": "data",
      "type": "genesyscloud_routing_skill",
      "name": "z76",
      "provider": "provider[\"registry.terraform.io/mypurecloud/genesyscloud\"]",
      "instances": [
        {
          "schema_version": 0,
          "attributes": {
            "id": "4ce40d6c-7dd0-4b14-ad3e-52913542e591",
            "name": "z76"
          },
          "sensitive_attributes": []
        }
      ]
    },
    {
      "mode": "data",
      "type": "genesyscloud_routing_skill",
      "name": "z77",
      "provider": "provider[\"registry.terraform.io/mypurecloud/genesyscloud\"]",
      "instances": [
        {
          "schema_version": 0,
          "attributes": {
            "id": "718076c5-fce0-41b7-bc80-0e20fea972b7",
            "name": "z77"
          },
          "sensitive_attributes": []
        }
      ]
    },
    {
      "mode": "data",
      "type": "genesyscloud_routing_skill",
      "name": "z78",
      "provider": "provider[\"registry.terraform.io/mypurecloud/genesyscloud\"]",
      "instances": [
        {
          "schema_version": 0,
          "attributes": {
            "id": "e31156a2-56c9-48c2-97a8-f4ff83098b65",
            "name": "z78"
          },
          "sensitive_attributes": []
        }
      ]
    },
    {
      "mode": "data",
      "type": "genesyscloud_routing_skill",
      "name": "z79",
      "provider": "provider[\"registry.terraform.io/mypurecloud/genesyscloud\"]",
      "instances": [
        {
          "schema_version": 0,
          "attributes": {
            "id": "3e4e9bd3-f1a3-4d93-9c9d-d9c20401aed1",
            "name": "z79"
          },
          "sensitive_attributes": []
        }
      ]
    },
    {
      "mode": "data",
      "type": "genesyscloud_routing_skill",
      "name": "z8",
      "provider": "provider[\"registry.terraform.io/mypurecloud/genesyscloud\"]",
      "instances": [
        {
          "schema_version": 0,
          "attributes": {
            "id": "721eaba0-a6dc-4575-8acf-5395ea9dfc2d",
            "name": "z08"
          },
          "sensitive_attributes": []
        }
      ]
    },
    {
      "mode": "data",
      "type": "genesyscloud_routing_skill",
      "name": "z80",
      "provider": "provider[\"registry.terraform.io/mypurecloud/genesyscloud\"]",
      "instances": [
        {
          "schema_version": 0,
          "attributes": {
            "id": "e487a3be-91ab-416f-b45c-4fb5036232aa",
            "name": "z80"
          },
          "sensitive_attributes": []
        }
      ]
    },
    {
      "mode": "data",
      "type": "genesyscloud_routing_skill",
      "name": "z9",
      "provider": "provider[\"registry.terraform.io/mypurecloud/genesyscloud\"]",
      "instances": [
        {
          "schema_version": 0,
          "attributes": {
            "id": "b52f050c-4bff-494f-a9c5-0ab4c16e3db1",
            "name": "z09"
          },
          "sensitive_attributes": []
        }
      ]
    },
    {
      "mode": "managed",
      "type": "genesyscloud_routing_queue",
      "name": "zCCAI_Queue",
      "provider": "provider[\"registry.terraform.io/mypurecloud/genesyscloud\"]",
      "instances": [
        {
          "schema_version": 1,
          "attributes": {
            "acw_timeout_ms": 0,
            "acw_wrapup_prompt": "MANDATORY_TIMEOUT",
            "auto_answer_only": true,
            "bullseye_rings": [],
            "calling_party_name": "",
            "calling_party_number": "",
            "default_script_ids": null,
            "description": "",
            "division_id": "f2777e89-ef43-44f2-a570-e883729854ea",
            "enable_manual_assignment": false,
            "enable_transcription": false,
            "id": "604efa35-dd39-472c-84f3-c990fe2522cf",
            "media_settings_call": [
              {
                "alerting_timeout_sec": 8,
                "service_level_duration_ms": 20000,
                "service_level_percentage": 0.8
              }
            ],
            "media_settings_callback": [
              {
                "alerting_timeout_sec": 30,
                "service_level_duration_ms": 20000,
                "service_level_percentage": 0.8
              }
            ],
            "media_settings_chat": [
              {
                "alerting_timeout_sec": 30,
                "service_level_duration_ms": 20000,
                "service_level_percentage": 0.8
              }
            ],
            "media_settings_email": [
              {
                "alerting_timeout_sec": 300,
                "service_level_duration_ms": 86400000,
                "service_level_percentage": 0.8
              }
            ],
            "media_settings_message": [
              {
                "alerting_timeout_sec": 30,
                "service_level_duration_ms": 20000,
                "service_level_percentage": 0.8
              }
            ],
            "media_settings_social": [],
            "media_settings_video": [
              {
                "alerting_timeout_sec": 8,
                "service_level_duration_ms": 20000,
                "service_level_percentage": 0.8
              }
            ],
            "members": [
              {
                "ring_num": 1,
                "user_id": "0183e041-c730-4051-a3d6-1a8d94eaf63b"
              },
              {
                "ring_num": 1,
                "user_id": "042add7f-405b-423a-b75d-33a55f969c82"
              },
              {
                "ring_num": 1,
                "user_id": "09fadb37-d442-410f-b14a-51c137db21cc"
              },
              {
                "ring_num": 1,
                "user_id": "11a2a8e2-b8a6-4dbe-93fc-65271b1d17b5"
              },
              {
                "ring_num": 1,
                "user_id": "1744bac3-b324-4d32-815c-263658a6aa7c"
              },
              {
                "ring_num": 1,
                "user_id": "1cf3eb6f-176f-4b5d-ad4e-d87c28240aaa"
              },
              {
                "ring_num": 1,
                "user_id": "268ade71-09d2-416f-bf49-c5e91500891e"
              },
              {
                "ring_num": 1,
                "user_id": "270a6b9c-58b1-4913-969c-84a14a2a1057"
              },
              {
                "ring_num": 1,
                "user_id": "2d1bb274-badb-4efa-b59d-7e98c579c4f3"
              },
              {
                "ring_num": 1,
                "user_id": "323eb771-6c76-465e-a4fb-de1975709dec"
              },
              {
                "ring_num": 1,
                "user_id": "337ef664-fc5d-4170-9080-ef7ff9773ae3"
              },
              {
                "ring_num": 1,
                "user_id": "35aaee84-0942-48fa-b824-c14db977fd5b"
              },
              {
                "ring_num": 1,
                "user_id": "36a664e9-c488-4f8f-924d-df700654cdf7"
              },
              {
                "ring_num": 1,
                "user_id": "37aacc17-c85b-4caf-b3f7-472315290523"
              },
              {
                "ring_num": 1,
                "user_id": "3a0c7e33-cf18-4180-8648-cc01829f281f"
              },
              {
                "ring_num": 1,
                "user_id": "3b318a3b-82f1-4410-a792-3a015ead6835"
              },
              {
                "ring_num": 1,
                "user_id": "3e54dac1-91dd-41d2-a3e0-8e84b21ec580"
              },
              {
                "ring_num": 1,
                "user_id": "3f2e5f15-bfed-4f5e-9460-3282d836c122"
              },
              {
                "ring_num": 1,
                "user_id": "40587eef-1c9c-475d-ba3d-193c5fc2565d"
              },
              {
                "ring_num": 1,
                "user_id": "4322845d-2a08-444d-870d-33804d168f62"
              },
              {
                "ring_num": 1,
                "user_id": "43b7ea0e-79fd-442e-9a38-4b6480b083de"
              },
              {
                "ring_num": 1,
                "user_id": "4e3db8b0-101f-498f-ae39-e41352c38335"
              },
              {
                "ring_num": 1,
                "user_id": "4e9fdc90-f84d-47ca-9516-e7ddf5802176"
              },
              {
                "ring_num": 1,
                "user_id": "5055f509-c418-4757-89f2-215bd7324b5c"
              },
              {
                "ring_num": 1,
                "user_id": "54be0a1c-5261-458c-b891-1ada2560eff3"
              },
              {
                "ring_num": 1,
                "user_id": "5503e9bd-a096-44ca-9ca7-d3a6e116122a"
              },
              {
                "ring_num": 1,
                "user_id": "57be91d5-0ce1-4a60-ae77-67582c6afc91"
              },
              {
                "ring_num": 1,
                "user_id": "63a1768c-0b60-4a83-9a1b-3f44d3fe7ad8"
              },
              {
                "ring_num": 1,
                "user_id": "642df491-d42c-4454-947b-fb338291463a"
              },
              {
                "ring_num": 1,
                "user_id": "650bc14f-e21c-4df7-b6e7-2bf92eea237e"
              },
              {
                "ring_num": 1,
                "user_id": "6581e6c6-1c68-441e-857c-df85af6abc18"
              },
              {
                "ring_num": 1,
                "user_id": "68caca19-645b-47b3-8d17-fd05a960b330"
              },
              {
                "ring_num": 1,
                "user_id": "6af14eff-4ce0-4bdd-861e-4d78b0018ead"
              },
              {
                "ring_num": 1,
                "user_id": "6db698a2-1f26-4938-ac30-fed9b8aac7e6"
              },
              {
                "ring_num": 1,
                "user_id": "6f943a8f-1ff2-48c7-8971-12725baf6a46"
              },
              {
                "ring_num": 1,
                "user_id": "7e751fcc-6b1d-4811-92d0-59e8f36b2628"
              },
              {
                "ring_num": 1,
                "user_id": "7fb4f840-cb7a-4aa8-b338-01428b61a67a"
              },
              {
                "ring_num": 1,
                "user_id": "8146d71a-0b3d-4497-80d4-e39a7eed96e5"
              },
              {
                "ring_num": 1,
                "user_id": "81dbf9da-4d6b-4440-a24c-09907a56f01a"
              },
              {
                "ring_num": 1,
                "user_id": "830f2666-5dd1-428c-97fa-33885f05681d"
              },
              {
                "ring_num": 1,
                "user_id": "84688412-2a5c-4226-bb5e-f7994f0f1863"
              },
              {
                "ring_num": 1,
                "user_id": "8c889113-8a23-4817-89ab-f2712be54e65"
              },
              {
                "ring_num": 1,
                "user_id": "965884c5-14a4-49c7-8c8e-9dba709e0c5a"
              },
              {
                "ring_num": 1,
                "user_id": "9b1d6319-31dd-4dbf-89a5-ea712e14cf5e"
              },
              {
                "ring_num": 1,
                "user_id": "9eaa8195-c3f1-4655-b64f-829d34637ff1"
              },
              {
                "ring_num": 1,
                "user_id": "9f619174-67c9-4b1b-9cb8-231d1132963a"
              },
              {
                "ring_num": 1,
                "user_id": "a099cac5-98b0-4d23-852d-113d3fb5ec9f"
              },
              {
                "ring_num": 1,
                "user_id": "a23063f8-5c09-465e-8f26-1e5253b2c654"
              },
              {
                "ring_num": 1,
                "user_id": "a45e65a1-9a07-41a8-919b-d80a73f17c45"
              },
              {
                "ring_num": 1,
                "user_id": "a57050b8-8244-4e2b-a87e-ddbac9bce414"
              },
              {
                "ring_num": 1,
                "user_id": "a6280666-1d5d-4d92-9921-5034a9bcbba2"
              },
              {
                "ring_num": 1,
                "user_id": "aba3806a-f5af-455e-bfe3-c7715d2d6c8e"
              },
              {
                "ring_num": 1,
                "user_id": "b2a96d1b-0a03-4ca6-bec9-63d85b404803"
              },
              {
                "ring_num": 1,
                "user_id": "b5209f66-9a97-4793-a7ec-149153ba2e7e"
              },
              {
                "ring_num": 1,
                "user_id": "b750122f-50e1-4efb-9162-480f772a55d5"
              },
              {
                "ring_num": 1,
                "user_id": "ba6e8b8f-1614-4b1f-8bf1-0a554072b726"
              },
              {
                "ring_num": 1,
                "user_id": "c029e1cc-fe20-4d3c-b132-1febbbcb61ea"
              },
              {
                "ring_num": 1,
                "user_id": "c0729bd0-8dda-4b69-9a91-dd46247c7f18"
              },
              {
                "ring_num": 1,
                "user_id": "c09240da-90e0-4129-adb1-1c63ba068483"
              },
              {
                "ring_num": 1,
                "user_id": "c1105363-f6d3-4622-97b6-21ca820e31fd"
              },
              {
                "ring_num": 1,
                "user_id": "c51a3ff8-0195-4f38-a1f0-b6dc6853d640"
              },
              {
                "ring_num": 1,
                "user_id": "c5d47520-9dcd-44b8-8d96-c36b12f654af"
              },
              {
                "ring_num": 1,
                "user_id": "c8392455-fc32-4834-8c6e-e3ac9d5ab90c"
              },
              {
                "ring_num": 1,
                "user_id": "d0aa5eb3-337d-4060-a831-fd7378371f1e"
              },
              {
                "ring_num": 1,
                "user_id": "da0935f8-bc24-4360-8ab6-aa9b06f30b96"
              },
              {
                "ring_num": 1,
                "user_id": "da307bd4-2118-48f7-b0e3-e8c41b57ff55"
              },
              {
                "ring_num": 1,
                "user_id": "e79ee083-5827-459b-9c16-6b2f8e4d03db"
              },
              {
                "ring_num": 1,
                "user_id": "e8bada1f-be25-4634-97a1-6c400eabc49c"
              },
              {
                "ring_num": 1,
                "user_id": "eb89f313-3305-44e1-970f-38c94e1781e7"
              },
              {
                "ring_num": 1,
                "user_id": "edc10a2b-6f07-49a2-a4df-578e78de9b27"
              },
              {
                "ring_num": 1,
                "user_id": "eea952b8-198c-4bba-99f6-beaae160ab3e"
              },
              {
                "ring_num": 1,
                "user_id": "eeae4ece-086d-4af4-8f2b-4c1ed31adf07"
              },
              {
                "ring_num": 1,
                "user_id": "f238e803-f98a-49a1-8106-e3c6780cb1d6"
              },
              {
                "ring_num": 1,
                "user_id": "f3795987-8312-4ce6-abd3-3e5ccda0ee65"
              },
              {
                "ring_num": 1,
                "user_id": "f522e132-aaa8-48b7-b846-94791997db39"
              },
              {
                "ring_num": 1,
                "user_id": "f66d8082-d3f8-4317-a5f7-1301c46505e7"
              },
              {
                "ring_num": 1,
                "user_id": "f6d8489d-202c-459b-8135-b2a322b594e8"
              },
              {
                "ring_num": 1,
                "user_id": "fa0d85da-d56c-43d9-8521-34fb39eb033c"
              },
              {
                "ring_num": 1,
                "user_id": "fe0ae27d-dc85-4331-ba28-889a0aacee45"
              },
              {
                "ring_num": 1,
                "user_id": "fe2fa049-55b9-47a1-b106-a78713f6ab01"
              }
            ],
            "name": "zCCAI Queue",
            "outbound_email_address": [],
            "outbound_messaging_sms_address_id": "",
            "queue_flow_id": "",
            "routing_rules": [],
            "skill_evaluation_method": "ALL",
            "whisper_prompt_id": "",
            "wrapup_codes": []
          },
          "sensitive_attributes": [],
          "private": "eyJzY2hlbWFfdmVyc2lvbiI6IjEifQ==",
          "dependencies": [
            "data.genesyscloud_routing_skill.z1",
            "data.genesyscloud_routing_skill.z10",
            "data.genesyscloud_routing_skill.z11",
            "data.genesyscloud_routing_skill.z12",
            "data.genesyscloud_routing_skill.z13",
            "data.genesyscloud_routing_skill.z14",
            "data.genesyscloud_routing_skill.z15",
            "data.genesyscloud_routing_skill.z16",
            "data.genesyscloud_routing_skill.z17",
            "data.genesyscloud_routing_skill.z18",
            "data.genesyscloud_routing_skill.z19",
            "data.genesyscloud_routing_skill.z2",
            "data.genesyscloud_routing_skill.z20",
            "data.genesyscloud_routing_skill.z21",
            "data.genesyscloud_routing_skill.z22",
            "data.genesyscloud_routing_skill.z23",
            "data.genesyscloud_routing_skill.z24",
            "data.genesyscloud_routing_skill.z25",
            "data.genesyscloud_routing_skill.z26",
            "data.genesyscloud_routing_skill.z27",
            "data.genesyscloud_routing_skill.z28",
            "data.genesyscloud_routing_skill.z29",
            "data.genesyscloud_routing_skill.z3",
            "data.genesyscloud_routing_skill.z30",
            "data.genesyscloud_routing_skill.z31",
            "data.genesyscloud_routing_skill.z32",
            "data.genesyscloud_routing_skill.z33",
            "data.genesyscloud_routing_skill.z34",
            "data.genesyscloud_routing_skill.z35",
            "data.genesyscloud_routing_skill.z36",
            "data.genesyscloud_routing_skill.z37",
            "data.genesyscloud_routing_skill.z38",
            "data.genesyscloud_routing_skill.z39",
            "data.genesyscloud_routing_skill.z4",
            "data.genesyscloud_routing_skill.z40",
            "data.genesyscloud_routing_skill.z41",
            "data.genesyscloud_routing_skill.z42",
            "data.genesyscloud_routing_skill.z43",
            "data.genesyscloud_routing_skill.z44",
            "data.genesyscloud_routing_skill.z45",
            "data.genesyscloud_routing_skill.z46",
            "data.genesyscloud_routing_skill.z47",
            "data.genesyscloud_routing_skill.z48",
            "data.genesyscloud_routing_skill.z49",
            "data.genesyscloud_routing_skill.z5",
            "data.genesyscloud_routing_skill.z50",
            "data.genesyscloud_routing_skill.z51",
            "data.genesyscloud_routing_skill.z52",
            "data.genesyscloud_routing_skill.z53",
            "data.genesyscloud_routing_skill.z54",
            "data.genesyscloud_routing_skill.z55",
            "data.genesyscloud_routing_skill.z56",
            "data.genesyscloud_routing_skill.z57",
            "data.genesyscloud_routing_skill.z58",
            "data.genesyscloud_routing_skill.z59",
            "data.genesyscloud_routing_skill.z6",
            "data.genesyscloud_routing_skill.z60",
            "data.genesyscloud_routing_skill.z61",
            "data.genesyscloud_routing_skill.z62",
            "data.genesyscloud_routing_skill.z63",
            "data.genesyscloud_routing_skill.z64",
            "data.genesyscloud_routing_skill.z65",
            "data.genesyscloud_routing_skill.z66",
            "data.genesyscloud_routing_skill.z67",
            "data.genesyscloud_routing_skill.z68",
            "data.genesyscloud_routing_skill.z69",
            "data.genesyscloud_routing_skill.z7",
            "data.genesyscloud_routing_skill.z70",
            "data.genesyscloud_routing_skill.z71",
            "data.genesyscloud_routing_skill.z72",
            "data.genesyscloud_routing_skill.z73",
            "data.genesyscloud_routing_skill.z74",
            "data.genesyscloud_routing_skill.z75",
            "data.genesyscloud_routing_skill.z76",
            "data.genesyscloud_routing_skill.z77",
            "data.genesyscloud_routing_skill.z78",
            "data.genesyscloud_routing_skill.z79",
            "data.genesyscloud_routing_skill.z8",
            "data.genesyscloud_routing_skill.z80",
            "data.genesyscloud_routing_skill.z9",
            "genesyscloud_user.Workshop_user1",
            "genesyscloud_user.Workshop_user10",
            "genesyscloud_user.Workshop_user11",
            "genesyscloud_user.Workshop_user12",
            "genesyscloud_user.Workshop_user13",
            "genesyscloud_user.Workshop_user14",
            "genesyscloud_user.Workshop_user15",
            "genesyscloud_user.Workshop_user16",
            "genesyscloud_user.Workshop_user17",
            "genesyscloud_user.Workshop_user18",
            "genesyscloud_user.Workshop_user19",
            "genesyscloud_user.Workshop_user2",
            "genesyscloud_user.Workshop_user20",
            "genesyscloud_user.Workshop_user21",
            "genesyscloud_user.Workshop_user22",
            "genesyscloud_user.Workshop_user23",
            "genesyscloud_user.Workshop_user24",
            "genesyscloud_user.Workshop_user25",
            "genesyscloud_user.Workshop_user26",
            "genesyscloud_user.Workshop_user27",
            "genesyscloud_user.Workshop_user28",
            "genesyscloud_user.Workshop_user29",
            "genesyscloud_user.Workshop_user3",
            "genesyscloud_user.Workshop_user30",
            "genesyscloud_user.Workshop_user31",
            "genesyscloud_user.Workshop_user32",
            "genesyscloud_user.Workshop_user33",
            "genesyscloud_user.Workshop_user34",
            "genesyscloud_user.Workshop_user35",
            "genesyscloud_user.Workshop_user36",
            "genesyscloud_user.Workshop_user37",
            "genesyscloud_user.Workshop_user38",
            "genesyscloud_user.Workshop_user39",
            "genesyscloud_user.Workshop_user4",
            "genesyscloud_user.Workshop_user40",
            "genesyscloud_user.Workshop_user41",
            "genesyscloud_user.Workshop_user42",
            "genesyscloud_user.Workshop_user43",
            "genesyscloud_user.Workshop_user44",
            "genesyscloud_user.Workshop_user45",
            "genesyscloud_user.Workshop_user46",
            "genesyscloud_user.Workshop_user47",
            "genesyscloud_user.Workshop_user48",
            "genesyscloud_user.Workshop_user49",
            "genesyscloud_user.Workshop_user5",
            "genesyscloud_user.Workshop_user50",
            "genesyscloud_user.Workshop_user51",
            "genesyscloud_user.Workshop_user52",
            "genesyscloud_user.Workshop_user53",
            "genesyscloud_user.Workshop_user54",
            "genesyscloud_user.Workshop_user55",
            "genesyscloud_user.Workshop_user56",
            "genesyscloud_user.Workshop_user57",
            "genesyscloud_user.Workshop_user58",
            "genesyscloud_user.Workshop_user59",
            "genesyscloud_user.Workshop_user6",
            "genesyscloud_user.Workshop_user60",
            "genesyscloud_user.Workshop_user61",
            "genesyscloud_user.Workshop_user62",
            "genesyscloud_user.Workshop_user63",
            "genesyscloud_user.Workshop_user64",
            "genesyscloud_user.Workshop_user65",
            "genesyscloud_user.Workshop_user66",
            "genesyscloud_user.Workshop_user67",
            "genesyscloud_user.Workshop_user68",
            "genesyscloud_user.Workshop_user69",
            "genesyscloud_user.Workshop_user7",
            "genesyscloud_user.Workshop_user70",
            "genesyscloud_user.Workshop_user71",
            "genesyscloud_user.Workshop_user72",
            "genesyscloud_user.Workshop_user73",
            "genesyscloud_user.Workshop_user74",
            "genesyscloud_user.Workshop_user75",
            "genesyscloud_user.Workshop_user76",
            "genesyscloud_user.Workshop_user77",
            "genesyscloud_user.Workshop_user78",
            "genesyscloud_user.Workshop_user79",
            "genesyscloud_user.Workshop_user8",
            "genesyscloud_user.Workshop_user80",
            "genesyscloud_user.Workshop_user9"
          ]
        }
      ]
    },
    {
      "mode": "managed",
      "type": "genesyscloud_user",
      "name": "Workshop_user1",
      "provider": "provider[\"registry.terraform.io/mypurecloud/genesyscloud\"]",
      "instances": [
        {
          "schema_version": 1,
          "attributes": {
            "acd_auto_answer": false,
            "addresses": [],
            "certifications": [],
            "department": "",
            "division_id": "f2777e89-ef43-44f2-a570-e883729854ea",
            "email": "workshops01@genesystest.com",
            "employer_info": [],
            "id": "323eb771-6c76-465e-a4fb-de1975709dec",
            "locations": [],
            "manager": "",
            "name": "Workshop User 1",
            "password": "Dallasworkshop1!",
            "profile_skills": [],
            "routing_languages": [],
            "routing_skills": [
              {
                "proficiency": 4.5,
                "skill_id": "533f548c-944a-4580-9963-268faac40d47"
              }
            ],
            "routing_utilization": [],
            "state": "active",
            "title": ""
          },
          "sensitive_attributes": [],
          "private": "eyJzY2hlbWFfdmVyc2lvbiI6IjEifQ==",
          "dependencies": [
            "data.genesyscloud_routing_skill.z1"
          ]
        }
      ]
    },
    {
      "mode": "managed",
      "type": "genesyscloud_user",
      "name": "Workshop_user10",
      "provider": "provider[\"registry.terraform.io/mypurecloud/genesyscloud\"]",
      "instances": [
        {
          "schema_version": 1,
          "attributes": {
            "acd_auto_answer": false,
            "addresses": [],
            "certifications": [],
            "department": "",
            "division_id": "f2777e89-ef43-44f2-a570-e883729854ea",
            "email": "workshops10@genesystest.com",
            "employer_info": [],
            "id": "6db698a2-1f26-4938-ac30-fed9b8aac7e6",
            "locations": [],
            "manager": "",
            "name": "Workshop User 10",
            "password": "Dallasworkshop1!",
            "profile_skills": [],
            "routing_languages": [],
            "routing_skills": [
              {
                "proficiency": 4.5,
                "skill_id": "ead3e567-ac0c-45c4-949b-2f6c6b00f732"
              }
            ],
            "routing_utilization": [],
            "state": "active",
            "title": ""
          },
          "sensitive_attributes": [],
          "private": "eyJzY2hlbWFfdmVyc2lvbiI6IjEifQ==",
          "dependencies": [
            "data.genesyscloud_routing_skill.z10"
          ]
        }
      ]
    },
    {
      "mode": "managed",
      "type": "genesyscloud_user",
      "name": "Workshop_user11",
      "provider": "provider[\"registry.terraform.io/mypurecloud/genesyscloud\"]",
      "instances": [
        {
          "schema_version": 1,
          "attributes": {
            "acd_auto_answer": false,
            "addresses": [],
            "certifications": [],
            "department": "",
            "division_id": "f2777e89-ef43-44f2-a570-e883729854ea",
            "email": "workshops11@genesystest.com",
            "employer_info": [],
            "id": "6581e6c6-1c68-441e-857c-df85af6abc18",
            "locations": [],
            "manager": "",
            "name": "Workshop User 11",
            "password": "Dallasworkshop1!",
            "profile_skills": [],
            "routing_languages": [],
            "routing_skills": [
              {
                "proficiency": 4.5,
                "skill_id": "7f3d8e01-352b-4317-9834-b767d72a8681"
              }
            ],
            "routing_utilization": [],
            "state": "active",
            "title": ""
          },
          "sensitive_attributes": [],
          "private": "eyJzY2hlbWFfdmVyc2lvbiI6IjEifQ==",
          "dependencies": [
            "data.genesyscloud_routing_skill.z11"
          ]
        }
      ]
    },
    {
      "mode": "managed",
      "type": "genesyscloud_user",
      "name": "Workshop_user12",
      "provider": "provider[\"registry.terraform.io/mypurecloud/genesyscloud\"]",
      "instances": [
        {
          "schema_version": 1,
          "attributes": {
            "acd_auto_answer": false,
            "addresses": [],
            "certifications": [],
            "department": "",
            "division_id": "f2777e89-ef43-44f2-a570-e883729854ea",
            "email": "workshops12@genesystest.com",
            "employer_info": [],
            "id": "eea952b8-198c-4bba-99f6-beaae160ab3e",
            "locations": [],
            "manager": "",
            "name": "Workshop User 12",
            "password": "Dallasworkshop1!",
            "profile_skills": [],
            "routing_languages": [],
            "routing_skills": [
              {
                "proficiency": 4.5,
                "skill_id": "e8c05f4b-bfd8-45e0-861f-8923c8bdee46"
              }
            ],
            "routing_utilization": [],
            "state": "active",
            "title": ""
          },
          "sensitive_attributes": [],
          "private": "eyJzY2hlbWFfdmVyc2lvbiI6IjEifQ==",
          "dependencies": [
            "data.genesyscloud_routing_skill.z12"
          ]
        }
      ]
    },
    {
      "mode": "managed",
      "type": "genesyscloud_user",
      "name": "Workshop_user13",
      "provider": "provider[\"registry.terraform.io/mypurecloud/genesyscloud\"]",
      "instances": [
        {
          "schema_version": 1,
          "attributes": {
            "acd_auto_answer": false,
            "addresses": [],
            "certifications": [],
            "department": "",
            "division_id": "f2777e89-ef43-44f2-a570-e883729854ea",
            "email": "workshops13@genesystest.com",
            "employer_info": [],
            "id": "a6280666-1d5d-4d92-9921-5034a9bcbba2",
            "locations": [],
            "manager": "",
            "name": "Workshop User 13",
            "password": "Dallasworkshop1!",
            "profile_skills": [],
            "routing_languages": [],
            "routing_skills": [
              {
                "proficiency": 4.5,
                "skill_id": "8d450885-e20b-49ed-bb6c-2d9298a850c3"
              }
            ],
            "routing_utilization": [],
            "state": "active",
            "title": ""
          },
          "sensitive_attributes": [],
          "private": "eyJzY2hlbWFfdmVyc2lvbiI6IjEifQ==",
          "dependencies": [
            "data.genesyscloud_routing_skill.z13"
          ]
        }
      ]
    },
    {
      "mode": "managed",
      "type": "genesyscloud_user",
      "name": "Workshop_user14",
      "provider": "provider[\"registry.terraform.io/mypurecloud/genesyscloud\"]",
      "instances": [
        {
          "schema_version": 1,
          "attributes": {
            "acd_auto_answer": false,
            "addresses": [],
            "certifications": [],
            "department": "",
            "division_id": "f2777e89-ef43-44f2-a570-e883729854ea",
            "email": "workshops14@genesystest.com",
            "employer_info": [],
            "id": "1744bac3-b324-4d32-815c-263658a6aa7c",
            "locations": [],
            "manager": "",
            "name": "Workshop User 14",
            "password": "Dallasworkshop1!",
            "profile_skills": [],
            "routing_languages": [],
            "routing_skills": [
              {
                "proficiency": 4.5,
                "skill_id": "d1fc8f5b-bae5-4199-83f2-69c40db63ecb"
              }
            ],
            "routing_utilization": [],
            "state": "active",
            "title": ""
          },
          "sensitive_attributes": [],
          "private": "eyJzY2hlbWFfdmVyc2lvbiI6IjEifQ==",
          "dependencies": [
            "data.genesyscloud_routing_skill.z14"
          ]
        }
      ]
    },
    {
      "mode": "managed",
      "type": "genesyscloud_user",
      "name": "Workshop_user15",
      "provider": "provider[\"registry.terraform.io/mypurecloud/genesyscloud\"]",
      "instances": [
        {
          "schema_version": 1,
          "attributes": {
            "acd_auto_answer": false,
            "addresses": [],
            "certifications": [],
            "department": "",
            "division_id": "f2777e89-ef43-44f2-a570-e883729854ea",
            "email": "workshops15@genesystest.com",
            "employer_info": [],
            "id": "f6d8489d-202c-459b-8135-b2a322b594e8",
            "locations": [],
            "manager": "",
            "name": "Workshop User 15",
            "password": "Dallasworkshop1!",
            "profile_skills": [],
            "routing_languages": [],
            "routing_skills": [
              {
                "proficiency": 4.5,
                "skill_id": "b758615d-cd05-4172-8eea-8524c8c243d8"
              }
            ],
            "routing_utilization": [],
            "state": "active",
            "title": ""
          },
          "sensitive_attributes": [],
          "private": "eyJzY2hlbWFfdmVyc2lvbiI6IjEifQ==",
          "dependencies": [
            "data.genesyscloud_routing_skill.z15"
          ]
        }
      ]
    },
    {
      "mode": "managed",
      "type": "genesyscloud_user",
      "name": "Workshop_user16",
      "provider": "provider[\"registry.terraform.io/mypurecloud/genesyscloud\"]",
      "instances": [
        {
          "schema_version": 1,
          "attributes": {
            "acd_auto_answer": false,
            "addresses": [],
            "certifications": [],
            "department": "",
            "division_id": "f2777e89-ef43-44f2-a570-e883729854ea",
            "email": "workshops16@genesystest.com",
            "employer_info": [],
            "id": "f238e803-f98a-49a1-8106-e3c6780cb1d6",
            "locations": [],
            "manager": "",
            "name": "Workshop User 16",
            "password": "Dallasworkshop1!",
            "profile_skills": [],
            "routing_languages": [],
            "routing_skills": [
              {
                "proficiency": 4.5,
                "skill_id": "4b66a904-9f82-45ff-9c97-da4b0267b532"
              }
            ],
            "routing_utilization": [],
            "state": "active",
            "title": ""
          },
          "sensitive_attributes": [],
          "private": "eyJzY2hlbWFfdmVyc2lvbiI6IjEifQ==",
          "dependencies": [
            "data.genesyscloud_routing_skill.z16"
          ]
        }
      ]
    },
    {
      "mode": "managed",
      "type": "genesyscloud_user",
      "name": "Workshop_user17",
      "provider": "provider[\"registry.terraform.io/mypurecloud/genesyscloud\"]",
      "instances": [
        {
          "schema_version": 1,
          "attributes": {
            "acd_auto_answer": false,
            "addresses": [],
            "certifications": [],
            "department": "",
            "division_id": "f2777e89-ef43-44f2-a570-e883729854ea",
            "email": "workshops17@genesystest.com",
            "employer_info": [],
            "id": "eeae4ece-086d-4af4-8f2b-4c1ed31adf07",
            "locations": [],
            "manager": "",
            "name": "Workshop User 17",
            "password": "Dallasworkshop1!",
            "profile_skills": [],
            "routing_languages": [],
            "routing_skills": [
              {
                "proficiency": 4.5,
                "skill_id": "4dc1d324-eca1-4c87-9a6e-7923cc24a288"
              }
            ],
            "routing_utilization": [],
            "state": "active",
            "title": ""
          },
          "sensitive_attributes": [],
          "private": "eyJzY2hlbWFfdmVyc2lvbiI6IjEifQ==",
          "dependencies": [
            "data.genesyscloud_routing_skill.z17"
          ]
        }
      ]
    },
    {
      "mode": "managed",
      "type": "genesyscloud_user",
      "name": "Workshop_user18",
      "provider": "provider[\"registry.terraform.io/mypurecloud/genesyscloud\"]",
      "instances": [
        {
          "schema_version": 1,
          "attributes": {
            "acd_auto_answer": false,
            "addresses": [],
            "certifications": [],
            "department": "",
            "division_id": "f2777e89-ef43-44f2-a570-e883729854ea",
            "email": "workshops18@genesystest.com",
            "employer_info": [],
            "id": "4322845d-2a08-444d-870d-33804d168f62",
            "locations": [],
            "manager": "",
            "name": "Workshop User 18",
            "password": "Dallasworkshop1!",
            "profile_skills": [],
            "routing_languages": [],
            "routing_skills": [
              {
                "proficiency": 4.5,
                "skill_id": "dc91d674-49d0-4ed9-8b97-3e801c73b2b2"
              }
            ],
            "routing_utilization": [],
            "state": "active",
            "title": ""
          },
          "sensitive_attributes": [],
          "private": "eyJzY2hlbWFfdmVyc2lvbiI6IjEifQ==",
          "dependencies": [
            "data.genesyscloud_routing_skill.z18"
          ]
        }
      ]
    },
    {
      "mode": "managed",
      "type": "genesyscloud_user",
      "name": "Workshop_user19",
      "provider": "provider[\"registry.terraform.io/mypurecloud/genesyscloud\"]",
      "instances": [
        {
          "schema_version": 1,
          "attributes": {
            "acd_auto_answer": false,
            "addresses": [],
            "certifications": [],
            "department": "",
            "division_id": "f2777e89-ef43-44f2-a570-e883729854ea",
            "email": "workshops19@genesystest.com",
            "employer_info": [],
            "id": "042add7f-405b-423a-b75d-33a55f969c82",
            "locations": [],
            "manager": "",
            "name": "Workshop User 19",
            "password": "Dallasworkshop1!",
            "profile_skills": [],
            "routing_languages": [],
            "routing_skills": [
              {
                "proficiency": 4.5,
                "skill_id": "91c1a2b8-8e1a-4dc5-843d-ad897170a5d6"
              }
            ],
            "routing_utilization": [],
            "state": "active",
            "title": ""
          },
          "sensitive_attributes": [],
          "private": "eyJzY2hlbWFfdmVyc2lvbiI6IjEifQ==",
          "dependencies": [
            "data.genesyscloud_routing_skill.z19"
          ]
        }
      ]
    },
    {
      "mode": "managed",
      "type": "genesyscloud_user",
      "name": "Workshop_user2",
      "provider": "provider[\"registry.terraform.io/mypurecloud/genesyscloud\"]",
      "instances": [
        {
          "schema_version": 1,
          "attributes": {
            "acd_auto_answer": false,
            "addresses": [],
            "certifications": [],
            "department": "",
            "division_id": "f2777e89-ef43-44f2-a570-e883729854ea",
            "email": "workshops02@genesystest.com",
            "employer_info": [],
            "id": "965884c5-14a4-49c7-8c8e-9dba709e0c5a",
            "locations": [],
            "manager": "",
            "name": "Workshop User 2",
            "password": "Dallasworkshop1!",
            "profile_skills": [],
            "routing_languages": [],
            "routing_skills": [
              {
                "proficiency": 4.5,
                "skill_id": "e8bc4182-8f9d-445e-9e7b-5f1076e1b6af"
              }
            ],
            "routing_utilization": [],
            "state": "active",
            "title": ""
          },
          "sensitive_attributes": [],
          "private": "eyJzY2hlbWFfdmVyc2lvbiI6IjEifQ==",
          "dependencies": [
            "data.genesyscloud_routing_skill.z2"
          ]
        }
      ]
    },
    {
      "mode": "managed",
      "type": "genesyscloud_user",
      "name": "Workshop_user20",
      "provider": "provider[\"registry.terraform.io/mypurecloud/genesyscloud\"]",
      "instances": [
        {
          "schema_version": 1,
          "attributes": {
            "acd_auto_answer": false,
            "addresses": [],
            "certifications": [],
            "department": "",
            "division_id": "f2777e89-ef43-44f2-a570-e883729854ea",
            "email": "workshops20@genesystest.com",
            "employer_info": [],
            "id": "270a6b9c-58b1-4913-969c-84a14a2a1057",
            "locations": [],
            "manager": "",
            "name": "Workshop User 20",
            "password": "Dallasworkshop1!",
            "profile_skills": [],
            "routing_languages": [],
            "routing_skills": [
              {
                "proficiency": 4.5,
                "skill_id": "2d0ec185-f0dd-433c-a413-979de846ee54"
              }
            ],
            "routing_utilization": [],
            "state": "active",
            "title": ""
          },
          "sensitive_attributes": [],
          "private": "eyJzY2hlbWFfdmVyc2lvbiI6IjEifQ==",
          "dependencies": [
            "data.genesyscloud_routing_skill.z20"
          ]
        }
      ]
    },
    {
      "mode": "managed",
      "type": "genesyscloud_user",
      "name": "Workshop_user21",
      "provider": "provider[\"registry.terraform.io/mypurecloud/genesyscloud\"]",
      "instances": [
        {
          "schema_version": 1,
          "attributes": {
            "acd_auto_answer": false,
            "addresses": [],
            "certifications": [],
            "department": "",
            "division_id": "f2777e89-ef43-44f2-a570-e883729854ea",
            "email": "workshops21@genesystest.com",
            "employer_info": [],
            "id": "36a664e9-c488-4f8f-924d-df700654cdf7",
            "locations": [],
            "manager": "",
            "name": "Workshop User 21",
            "password": "Dallasworkshop1!",
            "profile_skills": [],
            "routing_languages": [],
            "routing_skills": [
              {
                "proficiency": 4.5,
                "skill_id": "0dbde71f-5897-41e1-a662-7271e22e965d"
              }
            ],
            "routing_utilization": [],
            "state": "active",
            "title": ""
          },
          "sensitive_attributes": [],
          "private": "eyJzY2hlbWFfdmVyc2lvbiI6IjEifQ==",
          "dependencies": [
            "data.genesyscloud_routing_skill.z21"
          ]
        }
      ]
    },
    {
      "mode": "managed",
      "type": "genesyscloud_user",
      "name": "Workshop_user22",
      "provider": "provider[\"registry.terraform.io/mypurecloud/genesyscloud\"]",
      "instances": [
        {
          "schema_version": 1,
          "attributes": {
            "acd_auto_answer": false,
            "addresses": [],
            "certifications": [],
            "department": "",
            "division_id": "f2777e89-ef43-44f2-a570-e883729854ea",
            "email": "workshops22@genesystest.com",
            "employer_info": [],
            "id": "fa0d85da-d56c-43d9-8521-34fb39eb033c",
            "locations": [],
            "manager": "",
            "name": "Workshop User 22",
            "password": "Dallasworkshop1!",
            "profile_skills": [],
            "routing_languages": [],
            "routing_skills": [
              {
                "proficiency": 4.5,
                "skill_id": "b5f377ab-f173-440d-b8a8-36a3568a2f67"
              }
            ],
            "routing_utilization": [],
            "state": "active",
            "title": ""
          },
          "sensitive_attributes": [],
          "private": "eyJzY2hlbWFfdmVyc2lvbiI6IjEifQ==",
          "dependencies": [
            "data.genesyscloud_routing_skill.z22"
          ]
        }
      ]
    },
    {
      "mode": "managed",
      "type": "genesyscloud_user",
      "name": "Workshop_user23",
      "provider": "provider[\"registry.terraform.io/mypurecloud/genesyscloud\"]",
      "instances": [
        {
          "schema_version": 1,
          "attributes": {
            "acd_auto_answer": false,
            "addresses": [],
            "certifications": [],
            "department": "",
            "division_id": "f2777e89-ef43-44f2-a570-e883729854ea",
            "email": "workshops23@genesystest.com",
            "employer_info": [],
            "id": "43b7ea0e-79fd-442e-9a38-4b6480b083de",
            "locations": [],
            "manager": "",
            "name": "Workshop User 23",
            "password": "Dallasworkshop1!",
            "profile_skills": [],
            "routing_languages": [],
            "routing_skills": [
              {
                "proficiency": 4.5,
                "skill_id": "8d6aa33b-6113-442f-9fa7-8bc2525c518d"
              }
            ],
            "routing_utilization": [],
            "state": "active",
            "title": ""
          },
          "sensitive_attributes": [],
          "private": "eyJzY2hlbWFfdmVyc2lvbiI6IjEifQ==",
          "dependencies": [
            "data.genesyscloud_routing_skill.z23"
          ]
        }
      ]
    },
    {
      "mode": "managed",
      "type": "genesyscloud_user",
      "name": "Workshop_user24",
      "provider": "provider[\"registry.terraform.io/mypurecloud/genesyscloud\"]",
      "instances": [
        {
          "schema_version": 1,
          "attributes": {
            "acd_auto_answer": false,
            "addresses": [],
            "certifications": [],
            "department": "",
            "division_id": "f2777e89-ef43-44f2-a570-e883729854ea",
            "email": "workshops24@genesystest.com",
            "employer_info": [],
            "id": "11a2a8e2-b8a6-4dbe-93fc-65271b1d17b5",
            "locations": [],
            "manager": "",
            "name": "Workshop User 24",
            "password": "Dallasworkshop1!",
            "profile_skills": [],
            "routing_languages": [],
            "routing_skills": [
              {
                "proficiency": 4.5,
                "skill_id": "15b735b6-80e0-4dbf-9e11-e2e8fd3a0e0e"
              }
            ],
            "routing_utilization": [],
            "state": "active",
            "title": ""
          },
          "sensitive_attributes": [],
          "private": "eyJzY2hlbWFfdmVyc2lvbiI6IjEifQ==",
          "dependencies": [
            "data.genesyscloud_routing_skill.z24"
          ]
        }
      ]
    },
    {
      "mode": "managed",
      "type": "genesyscloud_user",
      "name": "Workshop_user25",
      "provider": "provider[\"registry.terraform.io/mypurecloud/genesyscloud\"]",
      "instances": [
        {
          "schema_version": 1,
          "attributes": {
            "acd_auto_answer": false,
            "addresses": [],
            "certifications": [],
            "department": "",
            "division_id": "f2777e89-ef43-44f2-a570-e883729854ea",
            "email": "workshops25@genesystest.com",
            "employer_info": [],
            "id": "edc10a2b-6f07-49a2-a4df-578e78de9b27",
            "locations": [],
            "manager": "",
            "name": "Workshop User 25",
            "password": "Dallasworkshop1!",
            "profile_skills": [],
            "routing_languages": [],
            "routing_skills": [
              {
                "proficiency": 4.5,
                "skill_id": "b325b3ba-75a0-49d2-a580-c0952c54a4dc"
              }
            ],
            "routing_utilization": [],
            "state": "active",
            "title": ""
          },
          "sensitive_attributes": [],
          "private": "eyJzY2hlbWFfdmVyc2lvbiI6IjEifQ==",
          "dependencies": [
            "data.genesyscloud_routing_skill.z25"
          ]
        }
      ]
    },
    {
      "mode": "managed",
      "type": "genesyscloud_user",
      "name": "Workshop_user26",
      "provider": "provider[\"registry.terraform.io/mypurecloud/genesyscloud\"]",
      "instances": [
        {
          "schema_version": 1,
          "attributes": {
            "acd_auto_answer": false,
            "addresses": [],
            "certifications": [],
            "department": "",
            "division_id": "f2777e89-ef43-44f2-a570-e883729854ea",
            "email": "workshops26@genesystest.com",
            "employer_info": [],
            "id": "f3795987-8312-4ce6-abd3-3e5ccda0ee65",
            "locations": [],
            "manager": "",
            "name": "Workshop User 26",
            "password": "Dallasworkshop1!",
            "profile_skills": [],
            "routing_languages": [],
            "routing_skills": [
              {
                "proficiency": 4.5,
                "skill_id": "e87ea44e-a627-4320-a056-747fc0b755d4"
              }
            ],
            "routing_utilization": [],
            "state": "active",
            "title": ""
          },
          "sensitive_attributes": [],
          "private": "eyJzY2hlbWFfdmVyc2lvbiI6IjEifQ==",
          "dependencies": [
            "data.genesyscloud_routing_skill.z26"
          ]
        }
      ]
    },
    {
      "mode": "managed",
      "type": "genesyscloud_user",
      "name": "Workshop_user27",
      "provider": "provider[\"registry.terraform.io/mypurecloud/genesyscloud\"]",
      "instances": [
        {
          "schema_version": 1,
          "attributes": {
            "acd_auto_answer": false,
            "addresses": [],
            "certifications": [],
            "department": "",
            "division_id": "f2777e89-ef43-44f2-a570-e883729854ea",
            "email": "workshops27@genesystest.com",
            "employer_info": [],
            "id": "c8392455-fc32-4834-8c6e-e3ac9d5ab90c",
            "locations": [],
            "manager": "",
            "name": "Workshop User 27",
            "password": "Dallasworkshop1!",
            "profile_skills": [],
            "routing_languages": [],
            "routing_skills": [
              {
                "proficiency": 4.5,
                "skill_id": "91f1ef02-5f8d-4f01-8cdc-a1990317b93f"
              }
            ],
            "routing_utilization": [],
            "state": "active",
            "title": ""
          },
          "sensitive_attributes": [],
          "private": "eyJzY2hlbWFfdmVyc2lvbiI6IjEifQ==",
          "dependencies": [
            "data.genesyscloud_routing_skill.z27"
          ]
        }
      ]
    },
    {
      "mode": "managed",
      "type": "genesyscloud_user",
      "name": "Workshop_user28",
      "provider": "provider[\"registry.terraform.io/mypurecloud/genesyscloud\"]",
      "instances": [
        {
          "schema_version": 1,
          "attributes": {
            "acd_auto_answer": false,
            "addresses": [],
            "certifications": [],
            "department": "",
            "division_id": "f2777e89-ef43-44f2-a570-e883729854ea",
            "email": "workshops28@genesystest.com",
            "employer_info": [],
            "id": "9f619174-67c9-4b1b-9cb8-231d1132963a",
            "locations": [],
            "manager": "",
            "name": "Workshop User 28",
            "password": "Dallasworkshop1!",
            "profile_skills": [],
            "routing_languages": [],
            "routing_skills": [
              {
                "proficiency": 4.5,
                "skill_id": "14f876db-e842-45e7-9a80-11e821cca490"
              }
            ],
            "routing_utilization": [],
            "state": "active",
            "title": ""
          },
          "sensitive_attributes": [],
          "private": "eyJzY2hlbWFfdmVyc2lvbiI6IjEifQ==",
          "dependencies": [
            "data.genesyscloud_routing_skill.z28"
          ]
        }
      ]
    },
    {
      "mode": "managed",
      "type": "genesyscloud_user",
      "name": "Workshop_user29",
      "provider": "provider[\"registry.terraform.io/mypurecloud/genesyscloud\"]",
      "instances": [
        {
          "schema_version": 1,
          "attributes": {
            "acd_auto_answer": false,
            "addresses": [],
            "certifications": [],
            "department": "",
            "division_id": "f2777e89-ef43-44f2-a570-e883729854ea",
            "email": "workshops29@genesystest.com",
            "employer_info": [],
            "id": "f66d8082-d3f8-4317-a5f7-1301c46505e7",
            "locations": [],
            "manager": "",
            "name": "Workshop User 29",
            "password": "Dallasworkshop1!",
            "profile_skills": [],
            "routing_languages": [],
            "routing_skills": [
              {
                "proficiency": 4.5,
                "skill_id": "4065cec0-a484-4eb5-b8c3-05facb930dbc"
              }
            ],
            "routing_utilization": [],
            "state": "active",
            "title": ""
          },
          "sensitive_attributes": [],
          "private": "eyJzY2hlbWFfdmVyc2lvbiI6IjEifQ==",
          "dependencies": [
            "data.genesyscloud_routing_skill.z29"
          ]
        }
      ]
    },
    {
      "mode": "managed",
      "type": "genesyscloud_user",
      "name": "Workshop_user3",
      "provider": "provider[\"registry.terraform.io/mypurecloud/genesyscloud\"]",
      "instances": [
        {
          "schema_version": 1,
          "attributes": {
            "acd_auto_answer": false,
            "addresses": [],
            "certifications": [],
            "department": "",
            "division_id": "f2777e89-ef43-44f2-a570-e883729854ea",
            "email": "workshops03@genesystest.com",
            "employer_info": [],
            "id": "1cf3eb6f-176f-4b5d-ad4e-d87c28240aaa",
            "locations": [],
            "manager": "",
            "name": "Workshop User 3",
            "password": "Dallasworkshop1!",
            "profile_skills": [],
            "routing_languages": [],
            "routing_skills": [
              {
                "proficiency": 4.5,
                "skill_id": "7aa0a6d4-5f3f-4361-bfc9-f26b655735b5"
              }
            ],
            "routing_utilization": [],
            "state": "active",
            "title": ""
          },
          "sensitive_attributes": [],
          "private": "eyJzY2hlbWFfdmVyc2lvbiI6IjEifQ==",
          "dependencies": [
            "data.genesyscloud_routing_skill.z3"
          ]
        }
      ]
    },
    {
      "mode": "managed",
      "type": "genesyscloud_user",
      "name": "Workshop_user30",
      "provider": "provider[\"registry.terraform.io/mypurecloud/genesyscloud\"]",
      "instances": [
        {
          "schema_version": 1,
          "attributes": {
            "acd_auto_answer": false,
            "addresses": [],
            "certifications": [],
            "department": "",
            "division_id": "f2777e89-ef43-44f2-a570-e883729854ea",
            "email": "workshops30@genesystest.com",
            "employer_info": [],
            "id": "fe0ae27d-dc85-4331-ba28-889a0aacee45",
            "locations": [],
            "manager": "",
            "name": "Workshop User 30",
            "password": "Dallasworkshop1!",
            "profile_skills": [],
            "routing_languages": [],
            "routing_skills": [
              {
                "proficiency": 4.5,
                "skill_id": "93075fdf-f8dd-464e-9431-d70352658397"
              }
            ],
            "routing_utilization": [],
            "state": "active",
            "title": ""
          },
          "sensitive_attributes": [],
          "private": "eyJzY2hlbWFfdmVyc2lvbiI6IjEifQ==",
          "dependencies": [
            "data.genesyscloud_routing_skill.z30"
          ]
        }
      ]
    },
    {
      "mode": "managed",
      "type": "genesyscloud_user",
      "name": "Workshop_user31",
      "provider": "provider[\"registry.terraform.io/mypurecloud/genesyscloud\"]",
      "instances": [
        {
          "schema_version": 1,
          "attributes": {
            "acd_auto_answer": false,
            "addresses": [],
            "certifications": [],
            "department": "",
            "division_id": "f2777e89-ef43-44f2-a570-e883729854ea",
            "email": "workshops31@genesystest.com",
            "employer_info": [],
            "id": "c0729bd0-8dda-4b69-9a91-dd46247c7f18",
            "locations": [],
            "manager": "",
            "name": "Workshop User 31",
            "password": "Dallasworkshop1!",
            "profile_skills": [],
            "routing_languages": [],
            "routing_skills": [
              {
                "proficiency": 4.5,
                "skill_id": "7b0f1131-7d66-4ce7-a77a-c3169090650f"
              }
            ],
            "routing_utilization": [],
            "state": "active",
            "title": ""
          },
          "sensitive_attributes": [],
          "private": "eyJzY2hlbWFfdmVyc2lvbiI6IjEifQ==",
          "dependencies": [
            "data.genesyscloud_routing_skill.z31"
          ]
        }
      ]
    },
    {
      "mode": "managed",
      "type": "genesyscloud_user",
      "name": "Workshop_user32",
      "provider": "provider[\"registry.terraform.io/mypurecloud/genesyscloud\"]",
      "instances": [
        {
          "schema_version": 1,
          "attributes": {
            "acd_auto_answer": false,
            "addresses": [],
            "certifications": [],
            "department": "",
            "division_id": "f2777e89-ef43-44f2-a570-e883729854ea",
            "email": "workshops32@genesystest.com",
            "employer_info": [],
            "id": "a45e65a1-9a07-41a8-919b-d80a73f17c45",
            "locations": [],
            "manager": "",
            "name": "Workshop User 32",
            "password": "Dallasworkshop1!",
            "profile_skills": [],
            "routing_languages": [],
            "routing_skills": [
              {
                "proficiency": 4.5,
                "skill_id": "be074200-abc4-47ed-a820-ff92e44b05dc"
              }
            ],
            "routing_utilization": [],
            "state": "active",
            "title": ""
          },
          "sensitive_attributes": [],
          "private": "eyJzY2hlbWFfdmVyc2lvbiI6IjEifQ==",
          "dependencies": [
            "data.genesyscloud_routing_skill.z32"
          ]
        }
      ]
    },
    {
      "mode": "managed",
      "type": "genesyscloud_user",
      "name": "Workshop_user33",
      "provider": "provider[\"registry.terraform.io/mypurecloud/genesyscloud\"]",
      "instances": [
        {
          "schema_version": 1,
          "attributes": {
            "acd_auto_answer": false,
            "addresses": [],
            "certifications": [],
            "department": "",
            "division_id": "f2777e89-ef43-44f2-a570-e883729854ea",
            "email": "workshops33@genesystest.com",
            "employer_info": [],
            "id": "68caca19-645b-47b3-8d17-fd05a960b330",
            "locations": [],
            "manager": "",
            "name": "Workshop User 33",
            "password": "Dallasworkshop1!",
            "profile_skills": [],
            "routing_languages": [],
            "routing_skills": [
              {
                "proficiency": 4.5,
                "skill_id": "aca8b164-0281-4ab4-ba90-3520a343d137"
              }
            ],
            "routing_utilization": [],
            "state": "active",
            "title": ""
          },
          "sensitive_attributes": [],
          "private": "eyJzY2hlbWFfdmVyc2lvbiI6IjEifQ==",
          "dependencies": [
            "data.genesyscloud_routing_skill.z33"
          ]
        }
      ]
    },
    {
      "mode": "managed",
      "type": "genesyscloud_user",
      "name": "Workshop_user34",
      "provider": "provider[\"registry.terraform.io/mypurecloud/genesyscloud\"]",
      "instances": [
        {
          "schema_version": 1,
          "attributes": {
            "acd_auto_answer": false,
            "addresses": [],
            "certifications": [],
            "department": "",
            "division_id": "f2777e89-ef43-44f2-a570-e883729854ea",
            "email": "workshops34@genesystest.com",
            "employer_info": [],
            "id": "da0935f8-bc24-4360-8ab6-aa9b06f30b96",
            "locations": [],
            "manager": "",
            "name": "Workshop User 34",
            "password": "Dallasworkshop1!",
            "profile_skills": [],
            "routing_languages": [],
            "routing_skills": [
              {
                "proficiency": 4.5,
                "skill_id": "bf8d1414-3af0-4969-98c6-ef208321e8cc"
              }
            ],
            "routing_utilization": [],
            "state": "active",
            "title": ""
          },
          "sensitive_attributes": [],
          "private": "eyJzY2hlbWFfdmVyc2lvbiI6IjEifQ==",
          "dependencies": [
            "data.genesyscloud_routing_skill.z34"
          ]
        }
      ]
    },
    {
      "mode": "managed",
      "type": "genesyscloud_user",
      "name": "Workshop_user35",
      "provider": "provider[\"registry.terraform.io/mypurecloud/genesyscloud\"]",
      "instances": [
        {
          "schema_version": 1,
          "attributes": {
            "acd_auto_answer": false,
            "addresses": [],
            "certifications": [],
            "department": "",
            "division_id": "f2777e89-ef43-44f2-a570-e883729854ea",
            "email": "workshops35@genesystest.com",
            "employer_info": [],
            "id": "eb89f313-3305-44e1-970f-38c94e1781e7",
            "locations": [],
            "manager": "",
            "name": "Workshop User 35",
            "password": "Dallasworkshop1!",
            "profile_skills": [],
            "routing_languages": [],
            "routing_skills": [
              {
                "proficiency": 4.5,
                "skill_id": "625ebb47-4a58-466e-88e9-71c464879108"
              }
            ],
            "routing_utilization": [],
            "state": "active",
            "title": ""
          },
          "sensitive_attributes": [],
          "private": "eyJzY2hlbWFfdmVyc2lvbiI6IjEifQ==",
          "dependencies": [
            "data.genesyscloud_routing_skill.z35"
          ]
        }
      ]
    },
    {
      "mode": "managed",
      "type": "genesyscloud_user",
      "name": "Workshop_user36",
      "provider": "provider[\"registry.terraform.io/mypurecloud/genesyscloud\"]",
      "instances": [
        {
          "schema_version": 1,
          "attributes": {
            "acd_auto_answer": false,
            "addresses": [],
            "certifications": [],
            "department": "",
            "division_id": "f2777e89-ef43-44f2-a570-e883729854ea",
            "email": "workshops36@genesystest.com",
            "employer_info": [],
            "id": "8c889113-8a23-4817-89ab-f2712be54e65",
            "locations": [],
            "manager": "",
            "name": "Workshop User 36",
            "password": "Dallasworkshop1!",
            "profile_skills": [],
            "routing_languages": [],
            "routing_skills": [
              {
                "proficiency": 4.5,
                "skill_id": "b652942b-e385-4028-a4c5-092ab74d3193"
              }
            ],
            "routing_utilization": [],
            "state": "active",
            "title": ""
          },
          "sensitive_attributes": [],
          "private": "eyJzY2hlbWFfdmVyc2lvbiI6IjEifQ==",
          "dependencies": [
            "data.genesyscloud_routing_skill.z36"
          ]
        }
      ]
    },
    {
      "mode": "managed",
      "type": "genesyscloud_user",
      "name": "Workshop_user37",
      "provider": "provider[\"registry.terraform.io/mypurecloud/genesyscloud\"]",
      "instances": [
        {
          "schema_version": 1,
          "attributes": {
            "acd_auto_answer": false,
            "addresses": [],
            "certifications": [],
            "department": "",
            "division_id": "f2777e89-ef43-44f2-a570-e883729854ea",
            "email": "workshops37@genesystest.com",
            "employer_info": [],
            "id": "2d1bb274-badb-4efa-b59d-7e98c579c4f3",
            "locations": [],
            "manager": "",
            "name": "Workshop User 37",
            "password": "Dallasworkshop1!",
            "profile_skills": [],
            "routing_languages": [],
            "routing_skills": [
              {
                "proficiency": 4.5,
                "skill_id": "1bf92b14-dcfd-45c2-98fd-fdada9be3cc0"
              }
            ],
            "routing_utilization": [],
            "state": "active",
            "title": ""
          },
          "sensitive_attributes": [],
          "private": "eyJzY2hlbWFfdmVyc2lvbiI6IjEifQ==",
          "dependencies": [
            "data.genesyscloud_routing_skill.z37"
          ]
        }
      ]
    },
    {
      "mode": "managed",
      "type": "genesyscloud_user",
      "name": "Workshop_user38",
      "provider": "provider[\"registry.terraform.io/mypurecloud/genesyscloud\"]",
      "instances": [
        {
          "schema_version": 1,
          "attributes": {
            "acd_auto_answer": false,
            "addresses": [],
            "certifications": [],
            "department": "",
            "division_id": "f2777e89-ef43-44f2-a570-e883729854ea",
            "email": "workshops38@genesystest.com",
            "employer_info": [],
            "id": "4e3db8b0-101f-498f-ae39-e41352c38335",
            "locations": [],
            "manager": "",
            "name": "Workshop User 38",
            "password": "Dallasworkshop1!",
            "profile_skills": [],
            "routing_languages": [],
            "routing_skills": [
              {
                "proficiency": 4.5,
                "skill_id": "74693fc8-77af-4424-a42c-dfd575f86527"
              }
            ],
            "routing_utilization": [],
            "state": "active",
            "title": ""
          },
          "sensitive_attributes": [],
          "private": "eyJzY2hlbWFfdmVyc2lvbiI6IjEifQ==",
          "dependencies": [
            "data.genesyscloud_routing_skill.z38"
          ]
        }
      ]
    },
    {
      "mode": "managed",
      "type": "genesyscloud_user",
      "name": "Workshop_user39",
      "provider": "provider[\"registry.terraform.io/mypurecloud/genesyscloud\"]",
      "instances": [
        {
          "schema_version": 1,
          "attributes": {
            "acd_auto_answer": false,
            "addresses": [],
            "certifications": [],
            "department": "",
            "division_id": "f2777e89-ef43-44f2-a570-e883729854ea",
            "email": "workshops39@genesystest.com",
            "employer_info": [],
            "id": "84688412-2a5c-4226-bb5e-f7994f0f1863",
            "locations": [],
            "manager": "",
            "name": "Workshop User 39",
            "password": "Dallasworkshop1!",
            "profile_skills": [],
            "routing_languages": [],
            "routing_skills": [
              {
                "proficiency": 4.5,
                "skill_id": "806e5c76-461a-41ed-8fa0-22fa47c33cd4"
              }
            ],
            "routing_utilization": [],
            "state": "active",
            "title": ""
          },
          "sensitive_attributes": [],
          "private": "eyJzY2hlbWFfdmVyc2lvbiI6IjEifQ==",
          "dependencies": [
            "data.genesyscloud_routing_skill.z39"
          ]
        }
      ]
    },
    {
      "mode": "managed",
      "type": "genesyscloud_user",
      "name": "Workshop_user4",
      "provider": "provider[\"registry.terraform.io/mypurecloud/genesyscloud\"]",
      "instances": [
        {
          "schema_version": 1,
          "attributes": {
            "acd_auto_answer": false,
            "addresses": [],
            "certifications": [],
            "department": "",
            "division_id": "f2777e89-ef43-44f2-a570-e883729854ea",
            "email": "workshops04@genesystest.com",
            "employer_info": [],
            "id": "a57050b8-8244-4e2b-a87e-ddbac9bce414",
            "locations": [],
            "manager": "",
            "name": "Workshop User 4",
            "password": "Dallasworkshop1!",
            "profile_skills": [],
            "routing_languages": [],
            "routing_skills": [
              {
                "proficiency": 4.5,
                "skill_id": "39d49578-72fc-4671-b5c9-adf7d8678234"
              }
            ],
            "routing_utilization": [],
            "state": "active",
            "title": ""
          },
          "sensitive_attributes": [],
          "private": "eyJzY2hlbWFfdmVyc2lvbiI6IjEifQ==",
          "dependencies": [
            "data.genesyscloud_routing_skill.z4"
          ]
        }
      ]
    },
    {
      "mode": "managed",
      "type": "genesyscloud_user",
      "name": "Workshop_user40",
      "provider": "provider[\"registry.terraform.io/mypurecloud/genesyscloud\"]",
      "instances": [
        {
          "schema_version": 1,
          "attributes": {
            "acd_auto_answer": false,
            "addresses": [],
            "certifications": [],
            "department": "",
            "division_id": "f2777e89-ef43-44f2-a570-e883729854ea",
            "email": "workshops40@genesystest.com",
            "employer_info": [],
            "id": "337ef664-fc5d-4170-9080-ef7ff9773ae3",
            "locations": [],
            "manager": "",
            "name": "Workshop User 40",
            "password": "Dallasworkshop1!",
            "profile_skills": [],
            "routing_languages": [],
            "routing_skills": [
              {
                "proficiency": 4.5,
                "skill_id": "b73d429c-fb9d-4a85-b6e3-32e3da29434b"
              }
            ],
            "routing_utilization": [],
            "state": "active",
            "title": ""
          },
          "sensitive_attributes": [],
          "private": "eyJzY2hlbWFfdmVyc2lvbiI6IjEifQ==",
          "dependencies": [
            "data.genesyscloud_routing_skill.z40"
          ]
        }
      ]
    },
    {
      "mode": "managed",
      "type": "genesyscloud_user",
      "name": "Workshop_user41",
      "provider": "provider[\"registry.terraform.io/mypurecloud/genesyscloud\"]",
      "instances": [
        {
          "schema_version": 1,
          "attributes": {
            "acd_auto_answer": false,
            "addresses": [],
            "certifications": [],
            "department": "",
            "division_id": "f2777e89-ef43-44f2-a570-e883729854ea",
            "email": "workshops41@genesystest.com",
            "employer_info": [],
            "id": "8146d71a-0b3d-4497-80d4-e39a7eed96e5",
            "locations": [],
            "manager": "",
            "name": "Workshop User 41",
            "password": "Dallasworkshop1!",
            "profile_skills": [],
            "routing_languages": [],
            "routing_skills": [
              {
                "proficiency": 4.5,
                "skill_id": "bd17a9a1-4100-47ee-a717-f5ace5a14561"
              }
            ],
            "routing_utilization": [],
            "state": "active",
            "title": ""
          },
          "sensitive_attributes": [],
          "private": "eyJzY2hlbWFfdmVyc2lvbiI6IjEifQ==",
          "dependencies": [
            "data.genesyscloud_routing_skill.z41"
          ]
        }
      ]
    },
    {
      "mode": "managed",
      "type": "genesyscloud_user",
      "name": "Workshop_user42",
      "provider": "provider[\"registry.terraform.io/mypurecloud/genesyscloud\"]",
      "instances": [
        {
          "schema_version": 1,
          "attributes": {
            "acd_auto_answer": false,
            "addresses": [],
            "certifications": [],
            "department": "",
            "division_id": "f2777e89-ef43-44f2-a570-e883729854ea",
            "email": "workshops42@genesystest.com",
            "employer_info": [],
            "id": "57be91d5-0ce1-4a60-ae77-67582c6afc91",
            "locations": [],
            "manager": "",
            "name": "Workshop User 42",
            "password": "Dallasworkshop1!",
            "profile_skills": [],
            "routing_languages": [],
            "routing_skills": [
              {
                "proficiency": 4.5,
                "skill_id": "0e08a158-4268-458f-8aaf-12a54973fc19"
              }
            ],
            "routing_utilization": [],
            "state": "active",
            "title": ""
          },
          "sensitive_attributes": [],
          "private": "eyJzY2hlbWFfdmVyc2lvbiI6IjEifQ==",
          "dependencies": [
            "data.genesyscloud_routing_skill.z42"
          ]
        }
      ]
    },
    {
      "mode": "managed",
      "type": "genesyscloud_user",
      "name": "Workshop_user43",
      "provider": "provider[\"registry.terraform.io/mypurecloud/genesyscloud\"]",
      "instances": [
        {
          "schema_version": 1,
          "attributes": {
            "acd_auto_answer": false,
            "addresses": [],
            "certifications": [],
            "department": "",
            "division_id": "f2777e89-ef43-44f2-a570-e883729854ea",
            "email": "workshops43@genesystest.com",
            "employer_info": [],
            "id": "f522e132-aaa8-48b7-b846-94791997db39",
            "locations": [],
            "manager": "",
            "name": "Workshop User 43",
            "password": "Dallasworkshop1!",
            "profile_skills": [],
            "routing_languages": [],
            "routing_skills": [
              {
                "proficiency": 4.5,
                "skill_id": "9a0554ea-8088-4550-b5cc-b6f8644fa73e"
              }
            ],
            "routing_utilization": [],
            "state": "active",
            "title": ""
          },
          "sensitive_attributes": [],
          "private": "eyJzY2hlbWFfdmVyc2lvbiI6IjEifQ==",
          "dependencies": [
            "data.genesyscloud_routing_skill.z43"
          ]
        }
      ]
    },
    {
      "mode": "managed",
      "type": "genesyscloud_user",
      "name": "Workshop_user44",
      "provider": "provider[\"registry.terraform.io/mypurecloud/genesyscloud\"]",
      "instances": [
        {
          "schema_version": 1,
          "attributes": {
            "acd_auto_answer": false,
            "addresses": [],
            "certifications": [],
            "department": "",
            "division_id": "f2777e89-ef43-44f2-a570-e883729854ea",
            "email": "workshops44@genesystest.com",
            "employer_info": [],
            "id": "3e54dac1-91dd-41d2-a3e0-8e84b21ec580",
            "locations": [],
            "manager": "",
            "name": "Workshop User 44",
            "password": "Dallasworkshop1!",
            "profile_skills": [],
            "routing_languages": [],
            "routing_skills": [
              {
                "proficiency": 4.5,
                "skill_id": "62d02c37-251f-4d2f-9443-8c533cca96f7"
              }
            ],
            "routing_utilization": [],
            "state": "active",
            "title": ""
          },
          "sensitive_attributes": [],
          "private": "eyJzY2hlbWFfdmVyc2lvbiI6IjEifQ==",
          "dependencies": [
            "data.genesyscloud_routing_skill.z44"
          ]
        }
      ]
    },
    {
      "mode": "managed",
      "type": "genesyscloud_user",
      "name": "Workshop_user45",
      "provider": "provider[\"registry.terraform.io/mypurecloud/genesyscloud\"]",
      "instances": [
        {
          "schema_version": 1,
          "attributes": {
            "acd_auto_answer": false,
            "addresses": [],
            "certifications": [],
            "department": "",
            "division_id": "f2777e89-ef43-44f2-a570-e883729854ea",
            "email": "workshops45@genesystest.com",
            "employer_info": [],
            "id": "6af14eff-4ce0-4bdd-861e-4d78b0018ead",
            "locations": [],
            "manager": "",
            "name": "Workshop User 45",
            "password": "Dallasworkshop1!",
            "profile_skills": [],
            "routing_languages": [],
            "routing_skills": [
              {
                "proficiency": 4.5,
                "skill_id": "15586098-e6d0-4a43-9cca-1265e40d69f3"
              }
            ],
            "routing_utilization": [],
            "state": "active",
            "title": ""
          },
          "sensitive_attributes": [],
          "private": "eyJzY2hlbWFfdmVyc2lvbiI6IjEifQ==",
          "dependencies": [
            "data.genesyscloud_routing_skill.z45"
          ]
        }
      ]
    },
    {
      "mode": "managed",
      "type": "genesyscloud_user",
      "name": "Workshop_user46",
      "provider": "provider[\"registry.terraform.io/mypurecloud/genesyscloud\"]",
      "instances": [
        {
          "schema_version": 1,
          "attributes": {
            "acd_auto_answer": false,
            "addresses": [],
            "certifications": [],
            "department": "",
            "division_id": "f2777e89-ef43-44f2-a570-e883729854ea",
            "email": "workshops46@genesystest.com",
            "employer_info": [],
            "id": "5503e9bd-a096-44ca-9ca7-d3a6e116122a",
            "locations": [],
            "manager": "",
            "name": "Workshop User 46",
            "password": "Dallasworkshop1!",
            "profile_skills": [],
            "routing_languages": [],
            "routing_skills": [
              {
                "proficiency": 4.5,
                "skill_id": "79b2bb07-7ec4-4d43-9f13-a6ad338f7edd"
              }
            ],
            "routing_utilization": [],
            "state": "active",
            "title": ""
          },
          "sensitive_attributes": [],
          "private": "eyJzY2hlbWFfdmVyc2lvbiI6IjEifQ==",
          "dependencies": [
            "data.genesyscloud_routing_skill.z46"
          ]
        }
      ]
    },
    {
      "mode": "managed",
      "type": "genesyscloud_user",
      "name": "Workshop_user47",
      "provider": "provider[\"registry.terraform.io/mypurecloud/genesyscloud\"]",
      "instances": [
        {
          "schema_version": 1,
          "attributes": {
            "acd_auto_answer": false,
            "addresses": [],
            "certifications": [],
            "department": "",
            "division_id": "f2777e89-ef43-44f2-a570-e883729854ea",
            "email": "workshops47@genesystest.com",
            "employer_info": [],
            "id": "642df491-d42c-4454-947b-fb338291463a",
            "locations": [],
            "manager": "",
            "name": "Workshop User 47",
            "password": "Dallasworkshop1!",
            "profile_skills": [],
            "routing_languages": [],
            "routing_skills": [
              {
                "proficiency": 4.5,
                "skill_id": "33522273-9aa7-486c-9f04-08c4a9a64f11"
              }
            ],
            "routing_utilization": [],
            "state": "active",
            "title": ""
          },
          "sensitive_attributes": [],
          "private": "eyJzY2hlbWFfdmVyc2lvbiI6IjEifQ==",
          "dependencies": [
            "data.genesyscloud_routing_skill.z47"
          ]
        }
      ]
    },
    {
      "mode": "managed",
      "type": "genesyscloud_user",
      "name": "Workshop_user48",
      "provider": "provider[\"registry.terraform.io/mypurecloud/genesyscloud\"]",
      "instances": [
        {
          "schema_version": 1,
          "attributes": {
            "acd_auto_answer": false,
            "addresses": [],
            "certifications": [],
            "department": "",
            "division_id": "f2777e89-ef43-44f2-a570-e883729854ea",
            "email": "workshops48@genesystest.com",
            "employer_info": [],
            "id": "9b1d6319-31dd-4dbf-89a5-ea712e14cf5e",
            "locations": [],
            "manager": "",
            "name": "Workshop User 48",
            "password": "Dallasworkshop1!",
            "profile_skills": [],
            "routing_languages": [],
            "routing_skills": [
              {
                "proficiency": 4.5,
                "skill_id": "a5a34a49-baa5-44a1-92a9-b68881fe152c"
              }
            ],
            "routing_utilization": [],
            "state": "active",
            "title": ""
          },
          "sensitive_attributes": [],
          "private": "eyJzY2hlbWFfdmVyc2lvbiI6IjEifQ==",
          "dependencies": [
            "data.genesyscloud_routing_skill.z48"
          ]
        }
      ]
    },
    {
      "mode": "managed",
      "type": "genesyscloud_user",
      "name": "Workshop_user49",
      "provider": "provider[\"registry.terraform.io/mypurecloud/genesyscloud\"]",
      "instances": [
        {
          "schema_version": 1,
          "attributes": {
            "acd_auto_answer": false,
            "addresses": [],
            "certifications": [],
            "department": "",
            "division_id": "f2777e89-ef43-44f2-a570-e883729854ea",
            "email": "workshops49@genesystest.com",
            "employer_info": [],
            "id": "7fb4f840-cb7a-4aa8-b338-01428b61a67a",
            "locations": [],
            "manager": "",
            "name": "Workshop User 49",
            "password": "Dallasworkshop1!",
            "profile_skills": [],
            "routing_languages": [],
            "routing_skills": [
              {
                "proficiency": 4.5,
                "skill_id": "d3dd8052-f889-46cb-b741-c901f9166b3e"
              }
            ],
            "routing_utilization": [],
            "state": "active",
            "title": ""
          },
          "sensitive_attributes": [],
          "private": "eyJzY2hlbWFfdmVyc2lvbiI6IjEifQ==",
          "dependencies": [
            "data.genesyscloud_routing_skill.z49"
          ]
        }
      ]
    },
    {
      "mode": "managed",
      "type": "genesyscloud_user",
      "name": "Workshop_user5",
      "provider": "provider[\"registry.terraform.io/mypurecloud/genesyscloud\"]",
      "instances": [
        {
          "schema_version": 1,
          "attributes": {
            "acd_auto_answer": false,
            "addresses": [],
            "certifications": [],
            "department": "",
            "division_id": "f2777e89-ef43-44f2-a570-e883729854ea",
            "email": "workshops05@genesystest.com",
            "employer_info": [],
            "id": "b2a96d1b-0a03-4ca6-bec9-63d85b404803",
            "locations": [],
            "manager": "",
            "name": "Workshop User 5",
            "password": "Dallasworkshop1!",
            "profile_skills": [],
            "routing_languages": [],
            "routing_skills": [
              {
                "proficiency": 4.5,
                "skill_id": "2b819b9a-3579-4dea-8228-535a1aa23126"
              }
            ],
            "routing_utilization": [],
            "state": "active",
            "title": ""
          },
          "sensitive_attributes": [],
          "private": "eyJzY2hlbWFfdmVyc2lvbiI6IjEifQ==",
          "dependencies": [
            "data.genesyscloud_routing_skill.z5"
          ]
        }
      ]
    },
    {
      "mode": "managed",
      "type": "genesyscloud_user",
      "name": "Workshop_user50",
      "provider": "provider[\"registry.terraform.io/mypurecloud/genesyscloud\"]",
      "instances": [
        {
          "schema_version": 1,
          "attributes": {
            "acd_auto_answer": false,
            "addresses": [],
            "certifications": [],
            "department": "",
            "division_id": "f2777e89-ef43-44f2-a570-e883729854ea",
            "email": "workshops50@genesystest.com",
            "employer_info": [],
            "id": "650bc14f-e21c-4df7-b6e7-2bf92eea237e",
            "locations": [],
            "manager": "",
            "name": "Workshop User 50",
            "password": "Dallasworkshop1!",
            "profile_skills": [],
            "routing_languages": [],
            "routing_skills": [
              {
                "proficiency": 4.5,
                "skill_id": "f9fbb3c6-3511-44da-94ee-fd61ca098a01"
              }
            ],
            "routing_utilization": [],
            "state": "active",
            "title": ""
          },
          "sensitive_attributes": [],
          "private": "eyJzY2hlbWFfdmVyc2lvbiI6IjEifQ==",
          "dependencies": [
            "data.genesyscloud_routing_skill.z50"
          ]
        }
      ]
    },
    {
      "mode": "managed",
      "type": "genesyscloud_user",
      "name": "Workshop_user51",
      "provider": "provider[\"registry.terraform.io/mypurecloud/genesyscloud\"]",
      "instances": [
        {
          "schema_version": 1,
          "attributes": {
            "acd_auto_answer": false,
            "addresses": [],
            "certifications": [],
            "department": "",
            "division_id": "f2777e89-ef43-44f2-a570-e883729854ea",
            "email": "workshops51@genesystest.com",
            "employer_info": [],
            "id": "7e751fcc-6b1d-4811-92d0-59e8f36b2628",
            "locations": [],
            "manager": "",
            "name": "Workshop User 51",
            "password": "Dallasworkshop1!",
            "profile_skills": [],
            "routing_languages": [],
            "routing_skills": [
              {
                "proficiency": 4.5,
                "skill_id": "f5fc0c8e-6f18-46b3-a8c9-71c7c253e720"
              }
            ],
            "routing_utilization": [],
            "state": "active",
            "title": ""
          },
          "sensitive_attributes": [],
          "private": "eyJzY2hlbWFfdmVyc2lvbiI6IjEifQ==",
          "dependencies": [
            "data.genesyscloud_routing_skill.z51"
          ]
        }
      ]
    },
    {
      "mode": "managed",
      "type": "genesyscloud_user",
      "name": "Workshop_user52",
      "provider": "provider[\"registry.terraform.io/mypurecloud/genesyscloud\"]",
      "instances": [
        {
          "schema_version": 1,
          "attributes": {
            "acd_auto_answer": false,
            "addresses": [],
            "certifications": [],
            "department": "",
            "division_id": "f2777e89-ef43-44f2-a570-e883729854ea",
            "email": "workshops52@genesystest.com",
            "employer_info": [],
            "id": "c51a3ff8-0195-4f38-a1f0-b6dc6853d640",
            "locations": [],
            "manager": "",
            "name": "Workshop User 52",
            "password": "Dallasworkshop1!",
            "profile_skills": [],
            "routing_languages": [],
            "routing_skills": [
              {
                "proficiency": 4.5,
                "skill_id": "e5d5ad92-8dba-4168-8ada-64ed090dba63"
              }
            ],
            "routing_utilization": [],
            "state": "active",
            "title": ""
          },
          "sensitive_attributes": [],
          "private": "eyJzY2hlbWFfdmVyc2lvbiI6IjEifQ==",
          "dependencies": [
            "data.genesyscloud_routing_skill.z52"
          ]
        }
      ]
    },
    {
      "mode": "managed",
      "type": "genesyscloud_user",
      "name": "Workshop_user53",
      "provider": "provider[\"registry.terraform.io/mypurecloud/genesyscloud\"]",
      "instances": [
        {
          "schema_version": 1,
          "attributes": {
            "acd_auto_answer": false,
            "addresses": [],
            "certifications": [],
            "department": "",
            "division_id": "f2777e89-ef43-44f2-a570-e883729854ea",
            "email": "workshops53@genesystest.com",
            "employer_info": [],
            "id": "ba6e8b8f-1614-4b1f-8bf1-0a554072b726",
            "locations": [],
            "manager": "",
            "name": "Workshop User 53",
            "password": "Dallasworkshop1!",
            "profile_skills": [],
            "routing_languages": [],
            "routing_skills": [
              {
                "proficiency": 4.5,
                "skill_id": "01807bd0-3c32-4c53-9b4b-02e09a9c18cf"
              }
            ],
            "routing_utilization": [],
            "state": "active",
            "title": ""
          },
          "sensitive_attributes": [],
          "private": "eyJzY2hlbWFfdmVyc2lvbiI6IjEifQ==",
          "dependencies": [
            "data.genesyscloud_routing_skill.z53"
          ]
        }
      ]
    },
    {
      "mode": "managed",
      "type": "genesyscloud_user",
      "name": "Workshop_user54",
      "provider": "provider[\"registry.terraform.io/mypurecloud/genesyscloud\"]",
      "instances": [
        {
          "schema_version": 1,
          "attributes": {
            "acd_auto_answer": false,
            "addresses": [],
            "certifications": [],
            "department": "",
            "division_id": "f2777e89-ef43-44f2-a570-e883729854ea",
            "email": "workshops54@genesystest.com",
            "employer_info": [],
            "id": "e8bada1f-be25-4634-97a1-6c400eabc49c",
            "locations": [],
            "manager": "",
            "name": "Workshop User 54",
            "password": "Dallasworkshop1!",
            "profile_skills": [],
            "routing_languages": [],
            "routing_skills": [
              {
                "proficiency": 4.5,
                "skill_id": "d454c9d8-81f0-4ff6-8f4c-99e994f544d5"
              }
            ],
            "routing_utilization": [],
            "state": "active",
            "title": ""
          },
          "sensitive_attributes": [],
          "private": "eyJzY2hlbWFfdmVyc2lvbiI6IjEifQ==",
          "dependencies": [
            "data.genesyscloud_routing_skill.z54"
          ]
        }
      ]
    },
    {
      "mode": "managed",
      "type": "genesyscloud_user",
      "name": "Workshop_user55",
      "provider": "provider[\"registry.terraform.io/mypurecloud/genesyscloud\"]",
      "instances": [
        {
          "schema_version": 1,
          "attributes": {
            "acd_auto_answer": false,
            "addresses": [],
            "certifications": [],
            "department": "",
            "division_id": "f2777e89-ef43-44f2-a570-e883729854ea",
            "email": "workshops55@genesystest.com",
            "employer_info": [],
            "id": "09fadb37-d442-410f-b14a-51c137db21cc",
            "locations": [],
            "manager": "",
            "name": "Workshop User 55",
            "password": "Dallasworkshop1!",
            "profile_skills": [],
            "routing_languages": [],
            "routing_skills": [
              {
                "proficiency": 4.5,
                "skill_id": "0b361a06-d0fa-45f6-bb5a-1db768b7be42"
              }
            ],
            "routing_utilization": [],
            "state": "active",
            "title": ""
          },
          "sensitive_attributes": [],
          "private": "eyJzY2hlbWFfdmVyc2lvbiI6IjEifQ==",
          "dependencies": [
            "data.genesyscloud_routing_skill.z55"
          ]
        }
      ]
    },
    {
      "mode": "managed",
      "type": "genesyscloud_user",
      "name": "Workshop_user56",
      "provider": "provider[\"registry.terraform.io/mypurecloud/genesyscloud\"]",
      "instances": [
        {
          "schema_version": 1,
          "attributes": {
            "acd_auto_answer": false,
            "addresses": [],
            "certifications": [],
            "department": "",
            "division_id": "f2777e89-ef43-44f2-a570-e883729854ea",
            "email": "workshops56@genesystest.com",
            "employer_info": [],
            "id": "b750122f-50e1-4efb-9162-480f772a55d5",
            "locations": [],
            "manager": "",
            "name": "Workshop User 56",
            "password": "Dallasworkshop1!",
            "profile_skills": [],
            "routing_languages": [],
            "routing_skills": [
              {
                "proficiency": 4.5,
                "skill_id": "df99e8da-8938-4539-8cae-e0fea1f26f48"
              }
            ],
            "routing_utilization": [],
            "state": "active",
            "title": ""
          },
          "sensitive_attributes": [],
          "private": "eyJzY2hlbWFfdmVyc2lvbiI6IjEifQ==",
          "dependencies": [
            "data.genesyscloud_routing_skill.z56"
          ]
        }
      ]
    },
    {
      "mode": "managed",
      "type": "genesyscloud_user",
      "name": "Workshop_user57",
      "provider": "provider[\"registry.terraform.io/mypurecloud/genesyscloud\"]",
      "instances": [
        {
          "schema_version": 1,
          "attributes": {
            "acd_auto_answer": false,
            "addresses": [],
            "certifications": [],
            "department": "",
            "division_id": "f2777e89-ef43-44f2-a570-e883729854ea",
            "email": "workshops57@genesystest.com",
            "employer_info": [],
            "id": "830f2666-5dd1-428c-97fa-33885f05681d",
            "locations": [],
            "manager": "",
            "name": "Workshop User 57",
            "password": "Dallasworkshop1!",
            "profile_skills": [],
            "routing_languages": [],
            "routing_skills": [
              {
                "proficiency": 4.5,
                "skill_id": "0b62260e-b0a3-48de-92c5-5eaed4463dfb"
              }
            ],
            "routing_utilization": [],
            "state": "active",
            "title": ""
          },
          "sensitive_attributes": [],
          "private": "eyJzY2hlbWFfdmVyc2lvbiI6IjEifQ==",
          "dependencies": [
            "data.genesyscloud_routing_skill.z57"
          ]
        }
      ]
    },
    {
      "mode": "managed",
      "type": "genesyscloud_user",
      "name": "Workshop_user58",
      "provider": "provider[\"registry.terraform.io/mypurecloud/genesyscloud\"]",
      "instances": [
        {
          "schema_version": 1,
          "attributes": {
            "acd_auto_answer": false,
            "addresses": [],
            "certifications": [],
            "department": "",
            "division_id": "f2777e89-ef43-44f2-a570-e883729854ea",
            "email": "workshops58@genesystest.com",
            "employer_info": [],
            "id": "fe2fa049-55b9-47a1-b106-a78713f6ab01",
            "locations": [],
            "manager": "",
            "name": "Workshop User 58",
            "password": "Dallasworkshop1!",
            "profile_skills": [],
            "routing_languages": [],
            "routing_skills": [
              {
                "proficiency": 4.5,
                "skill_id": "3df41770-bd91-4933-8890-9d3cc33c1036"
              }
            ],
            "routing_utilization": [],
            "state": "active",
            "title": ""
          },
          "sensitive_attributes": [],
          "private": "eyJzY2hlbWFfdmVyc2lvbiI6IjEifQ==",
          "dependencies": [
            "data.genesyscloud_routing_skill.z58"
          ]
        }
      ]
    },
    {
      "mode": "managed",
      "type": "genesyscloud_user",
      "name": "Workshop_user59",
      "provider": "provider[\"registry.terraform.io/mypurecloud/genesyscloud\"]",
      "instances": [
        {
          "schema_version": 1,
          "attributes": {
            "acd_auto_answer": false,
            "addresses": [],
            "certifications": [],
            "department": "",
            "division_id": "f2777e89-ef43-44f2-a570-e883729854ea",
            "email": "workshops59@genesystest.com",
            "employer_info": [],
            "id": "4e9fdc90-f84d-47ca-9516-e7ddf5802176",
            "locations": [],
            "manager": "",
            "name": "Workshop User 59",
            "password": "Dallasworkshop1!",
            "profile_skills": [],
            "routing_languages": [],
            "routing_skills": [
              {
                "proficiency": 4.5,
                "skill_id": "d3c6acf9-5340-4375-937d-78f629d9524c"
              }
            ],
            "routing_utilization": [],
            "state": "active",
            "title": ""
          },
          "sensitive_attributes": [],
          "private": "eyJzY2hlbWFfdmVyc2lvbiI6IjEifQ==",
          "dependencies": [
            "data.genesyscloud_routing_skill.z59"
          ]
        }
      ]
    },
    {
      "mode": "managed",
      "type": "genesyscloud_user",
      "name": "Workshop_user6",
      "provider": "provider[\"registry.terraform.io/mypurecloud/genesyscloud\"]",
      "instances": [
        {
          "schema_version": 1,
          "attributes": {
            "acd_auto_answer": false,
            "addresses": [],
            "certifications": [],
            "department": "",
            "division_id": "f2777e89-ef43-44f2-a570-e883729854ea",
            "email": "workshops06@genesystest.com",
            "employer_info": [],
            "id": "3a0c7e33-cf18-4180-8648-cc01829f281f",
            "locations": [],
            "manager": "",
            "name": "Workshop User 6",
            "password": "Dallasworkshop1!",
            "profile_skills": [],
            "routing_languages": [],
            "routing_skills": [
              {
                "proficiency": 4.5,
                "skill_id": "63fecb3d-fcb9-4765-99b2-c94a1307b670"
              }
            ],
            "routing_utilization": [],
            "state": "active",
            "title": ""
          },
          "sensitive_attributes": [],
          "private": "eyJzY2hlbWFfdmVyc2lvbiI6IjEifQ==",
          "dependencies": [
            "data.genesyscloud_routing_skill.z6"
          ]
        }
      ]
    },
    {
      "mode": "managed",
      "type": "genesyscloud_user",
      "name": "Workshop_user60",
      "provider": "provider[\"registry.terraform.io/mypurecloud/genesyscloud\"]",
      "instances": [
        {
          "schema_version": 1,
          "attributes": {
            "acd_auto_answer": false,
            "addresses": [],
            "certifications": [],
            "department": "",
            "division_id": "f2777e89-ef43-44f2-a570-e883729854ea",
            "email": "workshops60@genesystest.com",
            "employer_info": [],
            "id": "a099cac5-98b0-4d23-852d-113d3fb5ec9f",
            "locations": [],
            "manager": "",
            "name": "Workshop User 60",
            "password": "Dallasworkshop1!",
            "profile_skills": [],
            "routing_languages": [],
            "routing_skills": [
              {
                "proficiency": 4.5,
                "skill_id": "ac38c09d-f3ba-47b9-9757-08b3f0fecad7"
              }
            ],
            "routing_utilization": [],
            "state": "active",
            "title": ""
          },
          "sensitive_attributes": [],
          "private": "eyJzY2hlbWFfdmVyc2lvbiI6IjEifQ==",
          "dependencies": [
            "data.genesyscloud_routing_skill.z60"
          ]
        }
      ]
    },
    {
      "mode": "managed",
      "type": "genesyscloud_user",
      "name": "Workshop_user61",
      "provider": "provider[\"registry.terraform.io/mypurecloud/genesyscloud\"]",
      "instances": [
        {
          "schema_version": 1,
          "attributes": {
            "acd_auto_answer": false,
            "addresses": [],
            "certifications": [],
            "department": "",
            "division_id": "f2777e89-ef43-44f2-a570-e883729854ea",
            "email": "workshops61@genesystest.com",
            "employer_info": [],
            "id": "81dbf9da-4d6b-4440-a24c-09907a56f01a",
            "locations": [],
            "manager": "",
            "name": "Workshop User 61",
            "password": "Dallasworkshop1!",
            "profile_skills": [],
            "routing_languages": [],
            "routing_skills": [
              {
                "proficiency": 4.5,
                "skill_id": "ae822cfb-8bf0-45be-bca9-568a62797bda"
              }
            ],
            "routing_utilization": [],
            "state": "active",
            "title": ""
          },
          "sensitive_attributes": [],
          "private": "eyJzY2hlbWFfdmVyc2lvbiI6IjEifQ==",
          "dependencies": [
            "data.genesyscloud_routing_skill.z61"
          ]
        }
      ]
    },
    {
      "mode": "managed",
      "type": "genesyscloud_user",
      "name": "Workshop_user62",
      "provider": "provider[\"registry.terraform.io/mypurecloud/genesyscloud\"]",
      "instances": [
        {
          "schema_version": 1,
          "attributes": {
            "acd_auto_answer": false,
            "addresses": [],
            "certifications": [],
            "department": "",
            "division_id": "f2777e89-ef43-44f2-a570-e883729854ea",
            "email": "workshops62@genesystest.com",
            "employer_info": [],
            "id": "c5d47520-9dcd-44b8-8d96-c36b12f654af",
            "locations": [],
            "manager": "",
            "name": "Workshop User 62",
            "password": "Dallasworkshop1!",
            "profile_skills": [],
            "routing_languages": [],
            "routing_skills": [
              {
                "proficiency": 4.5,
                "skill_id": "093ad350-a9f4-4606-901c-5b809602f0c9"
              }
            ],
            "routing_utilization": [],
            "state": "active",
            "title": ""
          },
          "sensitive_attributes": [],
          "private": "eyJzY2hlbWFfdmVyc2lvbiI6IjEifQ==",
          "dependencies": [
            "data.genesyscloud_routing_skill.z62"
          ]
        }
      ]
    },
    {
      "mode": "managed",
      "type": "genesyscloud_user",
      "name": "Workshop_user63",
      "provider": "provider[\"registry.terraform.io/mypurecloud/genesyscloud\"]",
      "instances": [
        {
          "schema_version": 1,
          "attributes": {
            "acd_auto_answer": false,
            "addresses": [],
            "certifications": [],
            "department": "",
            "division_id": "f2777e89-ef43-44f2-a570-e883729854ea",
            "email": "workshops63@genesystest.com",
            "employer_info": [],
            "id": "54be0a1c-5261-458c-b891-1ada2560eff3",
            "locations": [],
            "manager": "",
            "name": "Workshop User 63",
            "password": "Dallasworkshop1!",
            "profile_skills": [],
            "routing_languages": [],
            "routing_skills": [
              {
                "proficiency": 4.5,
                "skill_id": "cf13f62a-2b43-4dc4-993f-d2e5aadee964"
              }
            ],
            "routing_utilization": [],
            "state": "active",
            "title": ""
          },
          "sensitive_attributes": [],
          "private": "eyJzY2hlbWFfdmVyc2lvbiI6IjEifQ==",
          "dependencies": [
            "data.genesyscloud_routing_skill.z63"
          ]
        }
      ]
    },
    {
      "mode": "managed",
      "type": "genesyscloud_user",
      "name": "Workshop_user64",
      "provider": "provider[\"registry.terraform.io/mypurecloud/genesyscloud\"]",
      "instances": [
        {
          "schema_version": 1,
          "attributes": {
            "acd_auto_answer": false,
            "addresses": [],
            "certifications": [],
            "department": "",
            "division_id": "f2777e89-ef43-44f2-a570-e883729854ea",
            "email": "workshops64@genesystest.com",
            "employer_info": [],
            "id": "3b318a3b-82f1-4410-a792-3a015ead6835",
            "locations": [],
            "manager": "",
            "name": "Workshop User 64",
            "password": "Dallasworkshop1!",
            "profile_skills": [],
            "routing_languages": [],
            "routing_skills": [
              {
                "proficiency": 4.5,
                "skill_id": "65020080-7085-4890-9918-7e38288cc1d6"
              }
            ],
            "routing_utilization": [],
            "state": "active",
            "title": ""
          },
          "sensitive_attributes": [],
          "private": "eyJzY2hlbWFfdmVyc2lvbiI6IjEifQ==",
          "dependencies": [
            "data.genesyscloud_routing_skill.z64"
          ]
        }
      ]
    },
    {
      "mode": "managed",
      "type": "genesyscloud_user",
      "name": "Workshop_user65",
      "provider": "provider[\"registry.terraform.io/mypurecloud/genesyscloud\"]",
      "instances": [
        {
          "schema_version": 1,
          "attributes": {
            "acd_auto_answer": false,
            "addresses": [],
            "certifications": [],
            "department": "",
            "division_id": "f2777e89-ef43-44f2-a570-e883729854ea",
            "email": "workshops65@genesystest.com",
            "employer_info": [],
            "id": "5055f509-c418-4757-89f2-215bd7324b5c",
            "locations": [],
            "manager": "",
            "name": "Workshop User 65",
            "password": "Dallasworkshop1!",
            "profile_skills": [],
            "routing_languages": [],
            "routing_skills": [
              {
                "proficiency": 4.5,
                "skill_id": "50420ddf-a631-4658-adcd-418c1ad824b3"
              }
            ],
            "routing_utilization": [],
            "state": "active",
            "title": ""
          },
          "sensitive_attributes": [],
          "private": "eyJzY2hlbWFfdmVyc2lvbiI6IjEifQ==",
          "dependencies": [
            "data.genesyscloud_routing_skill.z65"
          ]
        }
      ]
    },
    {
      "mode": "managed",
      "type": "genesyscloud_user",
      "name": "Workshop_user66",
      "provider": "provider[\"registry.terraform.io/mypurecloud/genesyscloud\"]",
      "instances": [
        {
          "schema_version": 1,
          "attributes": {
            "acd_auto_answer": false,
            "addresses": [],
            "certifications": [],
            "department": "",
            "division_id": "f2777e89-ef43-44f2-a570-e883729854ea",
            "email": "workshops66@genesystest.com",
            "employer_info": [],
            "id": "c029e1cc-fe20-4d3c-b132-1febbbcb61ea",
            "locations": [],
            "manager": "",
            "name": "Workshop User 66",
            "password": "Dallasworkshop1!",
            "profile_skills": [],
            "routing_languages": [],
            "routing_skills": [
              {
                "proficiency": 4.5,
                "skill_id": "f9ce9896-bb5c-4e3b-9b28-f29108e55957"
              }
            ],
            "routing_utilization": [],
            "state": "active",
            "title": ""
          },
          "sensitive_attributes": [],
          "private": "eyJzY2hlbWFfdmVyc2lvbiI6IjEifQ==",
          "dependencies": [
            "data.genesyscloud_routing_skill.z66"
          ]
        }
      ]
    },
    {
      "mode": "managed",
      "type": "genesyscloud_user",
      "name": "Workshop_user67",
      "provider": "provider[\"registry.terraform.io/mypurecloud/genesyscloud\"]",
      "instances": [
        {
          "schema_version": 1,
          "attributes": {
            "acd_auto_answer": false,
            "addresses": [],
            "certifications": [],
            "department": "",
            "division_id": "f2777e89-ef43-44f2-a570-e883729854ea",
            "email": "workshops67@genesystest.com",
            "employer_info": [],
            "id": "35aaee84-0942-48fa-b824-c14db977fd5b",
            "locations": [],
            "manager": "",
            "name": "Workshop User 67",
            "password": "Dallasworkshop1!",
            "profile_skills": [],
            "routing_languages": [],
            "routing_skills": [
              {
                "proficiency": 4.5,
                "skill_id": "b2b553b0-3ca3-4ce8-ae1b-f5d8f117e6fc"
              }
            ],
            "routing_utilization": [],
            "state": "active",
            "title": ""
          },
          "sensitive_attributes": [],
          "private": "eyJzY2hlbWFfdmVyc2lvbiI6IjEifQ==",
          "dependencies": [
            "data.genesyscloud_routing_skill.z67"
          ]
        }
      ]
    },
    {
      "mode": "managed",
      "type": "genesyscloud_user",
      "name": "Workshop_user68",
      "provider": "provider[\"registry.terraform.io/mypurecloud/genesyscloud\"]",
      "instances": [
        {
          "schema_version": 1,
          "attributes": {
            "acd_auto_answer": false,
            "addresses": [],
            "certifications": [],
            "department": "",
            "division_id": "f2777e89-ef43-44f2-a570-e883729854ea",
            "email": "workshops68@genesystest.com",
            "employer_info": [],
            "id": "63a1768c-0b60-4a83-9a1b-3f44d3fe7ad8",
            "locations": [],
            "manager": "",
            "name": "Workshop User 68",
            "password": "Dallasworkshop1!",
            "profile_skills": [],
            "routing_languages": [],
            "routing_skills": [
              {
                "proficiency": 4.5,
                "skill_id": "49ff0a2a-e3f0-46e4-9511-91d50a36982e"
              }
            ],
            "routing_utilization": [],
            "state": "active",
            "title": ""
          },
          "sensitive_attributes": [],
          "private": "eyJzY2hlbWFfdmVyc2lvbiI6IjEifQ==",
          "dependencies": [
            "data.genesyscloud_routing_skill.z68"
          ]
        }
      ]
    },
    {
      "mode": "managed",
      "type": "genesyscloud_user",
      "name": "Workshop_user69",
      "provider": "provider[\"registry.terraform.io/mypurecloud/genesyscloud\"]",
      "instances": [
        {
          "schema_version": 1,
          "attributes": {
            "acd_auto_answer": false,
            "addresses": [],
            "certifications": [],
            "department": "",
            "division_id": "f2777e89-ef43-44f2-a570-e883729854ea",
            "email": "workshops69@genesystest.com",
            "employer_info": [],
            "id": "0183e041-c730-4051-a3d6-1a8d94eaf63b",
            "locations": [],
            "manager": "",
            "name": "Workshop User 69",
            "password": "Dallasworkshop1!",
            "profile_skills": [],
            "routing_languages": [],
            "routing_skills": [
              {
                "proficiency": 4.5,
                "skill_id": "54ad549f-2d37-4c65-914a-94f52593ab8d"
              }
            ],
            "routing_utilization": [],
            "state": "active",
            "title": ""
          },
          "sensitive_attributes": [],
          "private": "eyJzY2hlbWFfdmVyc2lvbiI6IjEifQ==",
          "dependencies": [
            "data.genesyscloud_routing_skill.z69"
          ]
        }
      ]
    },
    {
      "mode": "managed",
      "type": "genesyscloud_user",
      "name": "Workshop_user7",
      "provider": "provider[\"registry.terraform.io/mypurecloud/genesyscloud\"]",
      "instances": [
        {
          "schema_version": 1,
          "attributes": {
            "acd_auto_answer": false,
            "addresses": [],
            "certifications": [],
            "department": "",
            "division_id": "f2777e89-ef43-44f2-a570-e883729854ea",
            "email": "workshops07@genesystest.com",
            "employer_info": [],
            "id": "d0aa5eb3-337d-4060-a831-fd7378371f1e",
            "locations": [],
            "manager": "",
            "name": "Workshop User 7",
            "password": "Dallasworkshop1!",
            "profile_skills": [],
            "routing_languages": [],
            "routing_skills": [
              {
                "proficiency": 4.5,
                "skill_id": "2a915990-b7c8-4f78-b5f1-de48a9b0ae1c"
              }
            ],
            "routing_utilization": [],
            "state": "active",
            "title": ""
          },
          "sensitive_attributes": [],
          "private": "eyJzY2hlbWFfdmVyc2lvbiI6IjEifQ==",
          "dependencies": [
            "data.genesyscloud_routing_skill.z7"
          ]
        }
      ]
    },
    {
      "mode": "managed",
      "type": "genesyscloud_user",
      "name": "Workshop_user70",
      "provider": "provider[\"registry.terraform.io/mypurecloud/genesyscloud\"]",
      "instances": [
        {
          "schema_version": 1,
          "attributes": {
            "acd_auto_answer": false,
            "addresses": [],
            "certifications": [],
            "department": "",
            "division_id": "f2777e89-ef43-44f2-a570-e883729854ea",
            "email": "workshops70@genesystest.com",
            "employer_info": [],
            "id": "9eaa8195-c3f1-4655-b64f-829d34637ff1",
            "locations": [],
            "manager": "",
            "name": "Workshop User 70",
            "password": "Dallasworkshop1!",
            "profile_skills": [],
            "routing_languages": [],
            "routing_skills": [
              {
                "proficiency": 4.5,
                "skill_id": "4ef2f0a2-9e81-4f00-b4e9-a5a9f73e0d47"
              }
            ],
            "routing_utilization": [],
            "state": "active",
            "title": ""
          },
          "sensitive_attributes": [],
          "private": "eyJzY2hlbWFfdmVyc2lvbiI6IjEifQ==",
          "dependencies": [
            "data.genesyscloud_routing_skill.z70"
          ]
        }
      ]
    },
    {
      "mode": "managed",
      "type": "genesyscloud_user",
      "name": "Workshop_user71",
      "provider": "provider[\"registry.terraform.io/mypurecloud/genesyscloud\"]",
      "instances": [
        {
          "schema_version": 1,
          "attributes": {
            "acd_auto_answer": false,
            "addresses": [],
            "certifications": [],
            "department": "",
            "division_id": "f2777e89-ef43-44f2-a570-e883729854ea",
            "email": "workshops71@genesystest.com",
            "employer_info": [],
            "id": "aba3806a-f5af-455e-bfe3-c7715d2d6c8e",
            "locations": [],
            "manager": "",
            "name": "Workshop User 71",
            "password": "Dallasworkshop1!",
            "profile_skills": [],
            "routing_languages": [],
            "routing_skills": [
              {
                "proficiency": 4.5,
                "skill_id": "3e724d89-678a-4fbe-9639-a6d0ad72ddbd"
              }
            ],
            "routing_utilization": [],
            "state": "active",
            "title": ""
          },
          "sensitive_attributes": [],
          "private": "eyJzY2hlbWFfdmVyc2lvbiI6IjEifQ==",
          "dependencies": [
            "data.genesyscloud_routing_skill.z71"
          ]
        }
      ]
    },
    {
      "mode": "managed",
      "type": "genesyscloud_user",
      "name": "Workshop_user72",
      "provider": "provider[\"registry.terraform.io/mypurecloud/genesyscloud\"]",
      "instances": [
        {
          "schema_version": 1,
          "attributes": {
            "acd_auto_answer": false,
            "addresses": [],
            "certifications": [],
            "department": "",
            "division_id": "f2777e89-ef43-44f2-a570-e883729854ea",
            "email": "workshops72@genesystest.com",
            "employer_info": [],
            "id": "a23063f8-5c09-465e-8f26-1e5253b2c654",
            "locations": [],
            "manager": "",
            "name": "Workshop User 72",
            "password": "Dallasworkshop1!",
            "profile_skills": [],
            "routing_languages": [],
            "routing_skills": [
              {
                "proficiency": 4.5,
                "skill_id": "eaddd72b-e108-416e-b4ab-3e34cdaf1566"
              }
            ],
            "routing_utilization": [],
            "state": "active",
            "title": ""
          },
          "sensitive_attributes": [],
          "private": "eyJzY2hlbWFfdmVyc2lvbiI6IjEifQ==",
          "dependencies": [
            "data.genesyscloud_routing_skill.z72"
          ]
        }
      ]
    },
    {
      "mode": "managed",
      "type": "genesyscloud_user",
      "name": "Workshop_user73",
      "provider": "provider[\"registry.terraform.io/mypurecloud/genesyscloud\"]",
      "instances": [
        {
          "schema_version": 1,
          "attributes": {
            "acd_auto_answer": false,
            "addresses": [],
            "certifications": [],
            "department": "",
            "division_id": "f2777e89-ef43-44f2-a570-e883729854ea",
            "email": "workshops73@genesystest.com",
            "employer_info": [],
            "id": "da307bd4-2118-48f7-b0e3-e8c41b57ff55",
            "locations": [],
            "manager": "",
            "name": "Workshop User 73",
            "password": "Dallasworkshop1!",
            "profile_skills": [],
            "routing_languages": [],
            "routing_skills": [
              {
                "proficiency": 4.5,
                "skill_id": "43ed2229-ea55-44e2-b961-31c66e080edf"
              }
            ],
            "routing_utilization": [],
            "state": "active",
            "title": ""
          },
          "sensitive_attributes": [],
          "private": "eyJzY2hlbWFfdmVyc2lvbiI6IjEifQ==",
          "dependencies": [
            "data.genesyscloud_routing_skill.z73"
          ]
        }
      ]
    },
    {
      "mode": "managed",
      "type": "genesyscloud_user",
      "name": "Workshop_user74",
      "provider": "provider[\"registry.terraform.io/mypurecloud/genesyscloud\"]",
      "instances": [
        {
          "schema_version": 1,
          "attributes": {
            "acd_auto_answer": false,
            "addresses": [],
            "certifications": [],
            "department": "",
            "division_id": "f2777e89-ef43-44f2-a570-e883729854ea",
            "email": "workshops74@genesystest.com",
            "employer_info": [],
            "id": "c09240da-90e0-4129-adb1-1c63ba068483",
            "locations": [],
            "manager": "",
            "name": "Workshop User 74",
            "password": "Dallasworkshop1!",
            "profile_skills": [],
            "routing_languages": [],
            "routing_skills": [
              {
                "proficiency": 4.5,
                "skill_id": "e0e5abfd-e67c-4e25-8381-d5515cbb92cd"
              }
            ],
            "routing_utilization": [],
            "state": "active",
            "title": ""
          },
          "sensitive_attributes": [],
          "private": "eyJzY2hlbWFfdmVyc2lvbiI6IjEifQ==",
          "dependencies": [
            "data.genesyscloud_routing_skill.z74"
          ]
        }
      ]
    },
    {
      "mode": "managed",
      "type": "genesyscloud_user",
      "name": "Workshop_user75",
      "provider": "provider[\"registry.terraform.io/mypurecloud/genesyscloud\"]",
      "instances": [
        {
          "schema_version": 1,
          "attributes": {
            "acd_auto_answer": false,
            "addresses": [],
            "certifications": [],
            "department": "",
            "division_id": "f2777e89-ef43-44f2-a570-e883729854ea",
            "email": "workshops75@genesystest.com",
            "employer_info": [],
            "id": "3f2e5f15-bfed-4f5e-9460-3282d836c122",
            "locations": [],
            "manager": "",
            "name": "Workshop User 75",
            "password": "Dallasworkshop1!",
            "profile_skills": [],
            "routing_languages": [],
            "routing_skills": [
              {
                "proficiency": 4.5,
                "skill_id": "134ae21c-4b56-4be9-a819-ca5bf3c7064a"
              }
            ],
            "routing_utilization": [],
            "state": "active",
            "title": ""
          },
          "sensitive_attributes": [],
          "private": "eyJzY2hlbWFfdmVyc2lvbiI6IjEifQ==",
          "dependencies": [
            "data.genesyscloud_routing_skill.z75"
          ]
        }
      ]
    },
    {
      "mode": "managed",
      "type": "genesyscloud_user",
      "name": "Workshop_user76",
      "provider": "provider[\"registry.terraform.io/mypurecloud/genesyscloud\"]",
      "instances": [
        {
          "schema_version": 1,
          "attributes": {
            "acd_auto_answer": false,
            "addresses": [],
            "certifications": [],
            "department": "",
            "division_id": "f2777e89-ef43-44f2-a570-e883729854ea",
            "email": "workshops76@genesystest.com",
            "employer_info": [],
            "id": "37aacc17-c85b-4caf-b3f7-472315290523",
            "locations": [],
            "manager": "",
            "name": "Workshop User 76",
            "password": "Dallasworkshop1!",
            "profile_skills": [],
            "routing_languages": [],
            "routing_skills": [
              {
                "proficiency": 4.5,
                "skill_id": "4ce40d6c-7dd0-4b14-ad3e-52913542e591"
              }
            ],
            "routing_utilization": [],
            "state": "active",
            "title": ""
          },
          "sensitive_attributes": [],
          "private": "eyJzY2hlbWFfdmVyc2lvbiI6IjEifQ==",
          "dependencies": [
            "data.genesyscloud_routing_skill.z76"
          ]
        }
      ]
    },
    {
      "mode": "managed",
      "type": "genesyscloud_user",
      "name": "Workshop_user77",
      "provider": "provider[\"registry.terraform.io/mypurecloud/genesyscloud\"]",
      "instances": [
        {
          "schema_version": 1,
          "attributes": {
            "acd_auto_answer": false,
            "addresses": [],
            "certifications": [],
            "department": "",
            "division_id": "f2777e89-ef43-44f2-a570-e883729854ea",
            "email": "workshops77@genesystest.com",
            "employer_info": [],
            "id": "c1105363-f6d3-4622-97b6-21ca820e31fd",
            "locations": [],
            "manager": "",
            "name": "Workshop User 77",
            "password": "Dallasworkshop1!",
            "profile_skills": [],
            "routing_languages": [],
            "routing_skills": [
              {
                "proficiency": 4.5,
                "skill_id": "718076c5-fce0-41b7-bc80-0e20fea972b7"
              }
            ],
            "routing_utilization": [],
            "state": "active",
            "title": ""
          },
          "sensitive_attributes": [],
          "private": "eyJzY2hlbWFfdmVyc2lvbiI6IjEifQ==",
          "dependencies": [
            "data.genesyscloud_routing_skill.z77"
          ]
        }
      ]
    },
    {
      "mode": "managed",
      "type": "genesyscloud_user",
      "name": "Workshop_user78",
      "provider": "provider[\"registry.terraform.io/mypurecloud/genesyscloud\"]",
      "instances": [
        {
          "schema_version": 1,
          "attributes": {
            "acd_auto_answer": false,
            "addresses": [],
            "certifications": [],
            "department": "",
            "division_id": "f2777e89-ef43-44f2-a570-e883729854ea",
            "email": "workshops78@genesystest.com",
            "employer_info": [],
            "id": "e79ee083-5827-459b-9c16-6b2f8e4d03db",
            "locations": [],
            "manager": "",
            "name": "Workshop User 78",
            "password": "Dallasworkshop1!",
            "profile_skills": [],
            "routing_languages": [],
            "routing_skills": [
              {
                "proficiency": 4.5,
                "skill_id": "e31156a2-56c9-48c2-97a8-f4ff83098b65"
              }
            ],
            "routing_utilization": [],
            "state": "active",
            "title": ""
          },
          "sensitive_attributes": [],
          "private": "eyJzY2hlbWFfdmVyc2lvbiI6IjEifQ==",
          "dependencies": [
            "data.genesyscloud_routing_skill.z78"
          ]
        }
      ]
    },
    {
      "mode": "managed",
      "type": "genesyscloud_user",
      "name": "Workshop_user79",
      "provider": "provider[\"registry.terraform.io/mypurecloud/genesyscloud\"]",
      "instances": [
        {
          "schema_version": 1,
          "attributes": {
            "acd_auto_answer": false,
            "addresses": [],
            "certifications": [],
            "department": "",
            "division_id": "f2777e89-ef43-44f2-a570-e883729854ea",
            "email": "workshops79@genesystest.com",
            "employer_info": [],
            "id": "6f943a8f-1ff2-48c7-8971-12725baf6a46",
            "locations": [],
            "manager": "",
            "name": "Workshop User 79",
            "password": "Dallasworkshop1!",
            "profile_skills": [],
            "routing_languages": [],
            "routing_skills": [
              {
                "proficiency": 4.5,
                "skill_id": "3e4e9bd3-f1a3-4d93-9c9d-d9c20401aed1"
              }
            ],
            "routing_utilization": [],
            "state": "active",
            "title": ""
          },
          "sensitive_attributes": [],
          "private": "eyJzY2hlbWFfdmVyc2lvbiI6IjEifQ==",
          "dependencies": [
            "data.genesyscloud_routing_skill.z79"
          ]
        }
      ]
    },
    {
      "mode": "managed",
      "type": "genesyscloud_user",
      "name": "Workshop_user8",
      "provider": "provider[\"registry.terraform.io/mypurecloud/genesyscloud\"]",
      "instances": [
        {
          "schema_version": 1,
          "attributes": {
            "acd_auto_answer": false,
            "addresses": [],
            "certifications": [],
            "department": "",
            "division_id": "f2777e89-ef43-44f2-a570-e883729854ea",
            "email": "workshops08@genesystest.com",
            "employer_info": [],
            "id": "b5209f66-9a97-4793-a7ec-149153ba2e7e",
            "locations": [],
            "manager": "",
            "name": "Workshop User 8",
            "password": "Dallasworkshop1!",
            "profile_skills": [],
            "routing_languages": [],
            "routing_skills": [
              {
                "proficiency": 4.5,
                "skill_id": "721eaba0-a6dc-4575-8acf-5395ea9dfc2d"
              }
            ],
            "routing_utilization": [],
            "state": "active",
            "title": ""
          },
          "sensitive_attributes": [],
          "private": "eyJzY2hlbWFfdmVyc2lvbiI6IjEifQ==",
          "dependencies": [
            "data.genesyscloud_routing_skill.z8"
          ]
        }
      ]
    },
    {
      "mode": "managed",
      "type": "genesyscloud_user",
      "name": "Workshop_user80",
      "provider": "provider[\"registry.terraform.io/mypurecloud/genesyscloud\"]",
      "instances": [
        {
          "schema_version": 1,
          "attributes": {
            "acd_auto_answer": false,
            "addresses": [],
            "certifications": [],
            "department": "",
            "division_id": "f2777e89-ef43-44f2-a570-e883729854ea",
            "email": "workshops80@genesystest.com",
            "employer_info": [],
            "id": "40587eef-1c9c-475d-ba3d-193c5fc2565d",
            "locations": [],
            "manager": "",
            "name": "Workshop User 80",
            "password": "Dallasworkshop1!",
            "profile_skills": [],
            "routing_languages": [],
            "routing_skills": [
              {
                "proficiency": 4.5,
                "skill_id": "e487a3be-91ab-416f-b45c-4fb5036232aa"
              }
            ],
            "routing_utilization": [],
            "state": "active",
            "title": ""
          },
          "sensitive_attributes": [],
          "private": "eyJzY2hlbWFfdmVyc2lvbiI6IjEifQ==",
          "dependencies": [
            "data.genesyscloud_routing_skill.z80"
          ]
        }
      ]
    },
    {
      "mode": "managed",
      "type": "genesyscloud_user",
      "name": "Workshop_user9",
      "provider": "provider[\"registry.terraform.io/mypurecloud/genesyscloud\"]",
      "instances": [
        {
          "schema_version": 1,
          "attributes": {
            "acd_auto_answer": false,
            "addresses": [],
            "certifications": [],
            "department": "",
            "division_id": "f2777e89-ef43-44f2-a570-e883729854ea",
            "email": "workshops09@genesystest.com",
            "employer_info": [],
            "id": "268ade71-09d2-416f-bf49-c5e91500891e",
            "locations": [],
            "manager": "",
            "name": "Workshop User 9",
            "password": "Dallasworkshop1!",
            "profile_skills": [],
            "routing_languages": [],
            "routing_skills": [
              {
                "proficiency": 4.5,
                "skill_id": "b52f050c-4bff-494f-a9c5-0ab4c16e3db1"
              }
            ],
            "routing_utilization": [],
            "state": "active",
            "title": ""
          },
          "sensitive_attributes": [],
          "private": "eyJzY2hlbWFfdmVyc2lvbiI6IjEifQ==",
          "dependencies": [
            "data.genesyscloud_routing_skill.z9"
          ]
        }
      ]
    },
    {
      "mode": "managed",
      "type": "genesyscloud_user_roles",
      "name": "Workshoproles_user1",
      "provider": "provider[\"registry.terraform.io/mypurecloud/genesyscloud\"]",
      "instances": [
        {
          "schema_version": 1,
          "attributes": {
            "id": "323eb771-6c76-465e-a4fb-de1975709dec",
            "roles": [
              {
                "division_ids": [
                  "f2777e89-ef43-44f2-a570-e883729854ea"
                ],
                "role_id": "05c2fe4c-0312-4598-8148-a96eb2c15b5d"
              },
              {
                "division_ids": [
                  "f2777e89-ef43-44f2-a570-e883729854ea"
                ],
                "role_id": "380f8746-2e13-46d2-b91d-411cd8595468"
              },
              {
                "division_ids": [
                  "f2777e89-ef43-44f2-a570-e883729854ea"
                ],
                "role_id": "8fd2b585-45c8-43a8-a378-882d923b4dac"
              },
              {
                "division_ids": [
                  "f2777e89-ef43-44f2-a570-e883729854ea"
                ],
                "role_id": "b746f6cf-573e-4354-9276-265d66cb816e"
              },
              {
                "division_ids": [
                  "f2777e89-ef43-44f2-a570-e883729854ea"
                ],
                "role_id": "d40e93b6-a0c4-48f0-907f-1939a5c05f99"
              },
              {
                "division_ids": [
                  "f2777e89-ef43-44f2-a570-e883729854ea"
                ],
                "role_id": "dd8950a6-1e3c-46e1-b774-ab0f50a5ecb2"
              },
              {
                "division_ids": [
                  "f2777e89-ef43-44f2-a570-e883729854ea"
                ],
                "role_id": "ec850d7b-d45e-4e1c-a419-1cd3fc771649"
              }
            ],
            "user_id": "323eb771-6c76-465e-a4fb-de1975709dec"
          },
          "sensitive_attributes": [],
          "private": "eyJzY2hlbWFfdmVyc2lvbiI6IjEifQ==",
          "dependencies": [
            "data.genesyscloud_auth_role.AgentAssist",
            "data.genesyscloud_auth_role.Developer",
            "data.genesyscloud_auth_role.GenesysCloudVoiceAdmin",
            "data.genesyscloud_auth_role.MasterAdmin",
            "data.genesyscloud_auth_role.Terraform_user",
            "data.genesyscloud_auth_role.admin",
            "data.genesyscloud_auth_role.employee",
            "data.genesyscloud_routing_skill.z1",
            "genesyscloud_user.Workshop_user1"
          ]
        }
      ]
    },
    {
      "mode": "managed",
      "type": "genesyscloud_user_roles",
      "name": "Workshoproles_user10",
      "provider": "provider[\"registry.terraform.io/mypurecloud/genesyscloud\"]",
      "instances": [
        {
          "schema_version": 1,
          "attributes": {
            "id": "6db698a2-1f26-4938-ac30-fed9b8aac7e6",
            "roles": [
              {
                "division_ids": [
                  "f2777e89-ef43-44f2-a570-e883729854ea"
                ],
                "role_id": "05c2fe4c-0312-4598-8148-a96eb2c15b5d"
              },
              {
                "division_ids": [
                  "f2777e89-ef43-44f2-a570-e883729854ea"
                ],
                "role_id": "380f8746-2e13-46d2-b91d-411cd8595468"
              },
              {
                "division_ids": [
                  "f2777e89-ef43-44f2-a570-e883729854ea"
                ],
                "role_id": "8fd2b585-45c8-43a8-a378-882d923b4dac"
              },
              {
                "division_ids": [
                  "f2777e89-ef43-44f2-a570-e883729854ea"
                ],
                "role_id": "b746f6cf-573e-4354-9276-265d66cb816e"
              },
              {
                "division_ids": [
                  "f2777e89-ef43-44f2-a570-e883729854ea"
                ],
                "role_id": "d40e93b6-a0c4-48f0-907f-1939a5c05f99"
              },
              {
                "division_ids": [
                  "f2777e89-ef43-44f2-a570-e883729854ea"
                ],
                "role_id": "dd8950a6-1e3c-46e1-b774-ab0f50a5ecb2"
              },
              {
                "division_ids": [
                  "f2777e89-ef43-44f2-a570-e883729854ea"
                ],
                "role_id": "ec850d7b-d45e-4e1c-a419-1cd3fc771649"
              }
            ],
            "user_id": "6db698a2-1f26-4938-ac30-fed9b8aac7e6"
          },
          "sensitive_attributes": [],
          "private": "eyJzY2hlbWFfdmVyc2lvbiI6IjEifQ==",
          "dependencies": [
            "data.genesyscloud_auth_role.AgentAssist",
            "data.genesyscloud_auth_role.Developer",
            "data.genesyscloud_auth_role.GenesysCloudVoiceAdmin",
            "data.genesyscloud_auth_role.MasterAdmin",
            "data.genesyscloud_auth_role.Terraform_user",
            "data.genesyscloud_auth_role.admin",
            "data.genesyscloud_auth_role.employee",
            "data.genesyscloud_routing_skill.z10",
            "genesyscloud_user.Workshop_user10"
          ]
        }
      ]
    },
    {
      "mode": "managed",
      "type": "genesyscloud_user_roles",
      "name": "Workshoproles_user11",
      "provider": "provider[\"registry.terraform.io/mypurecloud/genesyscloud\"]",
      "instances": [
        {
          "schema_version": 1,
          "attributes": {
            "id": "6581e6c6-1c68-441e-857c-df85af6abc18",
            "roles": [
              {
                "division_ids": [
                  "f2777e89-ef43-44f2-a570-e883729854ea"
                ],
                "role_id": "05c2fe4c-0312-4598-8148-a96eb2c15b5d"
              },
              {
                "division_ids": [
                  "f2777e89-ef43-44f2-a570-e883729854ea"
                ],
                "role_id": "380f8746-2e13-46d2-b91d-411cd8595468"
              },
              {
                "division_ids": [
                  "f2777e89-ef43-44f2-a570-e883729854ea"
                ],
                "role_id": "8fd2b585-45c8-43a8-a378-882d923b4dac"
              },
              {
                "division_ids": [
                  "f2777e89-ef43-44f2-a570-e883729854ea"
                ],
                "role_id": "b746f6cf-573e-4354-9276-265d66cb816e"
              },
              {
                "division_ids": [
                  "f2777e89-ef43-44f2-a570-e883729854ea"
                ],
                "role_id": "d40e93b6-a0c4-48f0-907f-1939a5c05f99"
              },
              {
                "division_ids": [
                  "f2777e89-ef43-44f2-a570-e883729854ea"
                ],
                "role_id": "dd8950a6-1e3c-46e1-b774-ab0f50a5ecb2"
              },
              {
                "division_ids": [
                  "f2777e89-ef43-44f2-a570-e883729854ea"
                ],
                "role_id": "ec850d7b-d45e-4e1c-a419-1cd3fc771649"
              }
            ],
            "user_id": "6581e6c6-1c68-441e-857c-df85af6abc18"
          },
          "sensitive_attributes": [],
          "private": "eyJzY2hlbWFfdmVyc2lvbiI6IjEifQ==",
          "dependencies": [
            "data.genesyscloud_auth_role.AgentAssist",
            "data.genesyscloud_auth_role.Developer",
            "data.genesyscloud_auth_role.GenesysCloudVoiceAdmin",
            "data.genesyscloud_auth_role.MasterAdmin",
            "data.genesyscloud_auth_role.Terraform_user",
            "data.genesyscloud_auth_role.admin",
            "data.genesyscloud_auth_role.employee",
            "data.genesyscloud_routing_skill.z11",
            "genesyscloud_user.Workshop_user11"
          ]
        }
      ]
    },
    {
      "mode": "managed",
      "type": "genesyscloud_user_roles",
      "name": "Workshoproles_user12",
      "provider": "provider[\"registry.terraform.io/mypurecloud/genesyscloud\"]",
      "instances": [
        {
          "schema_version": 1,
          "attributes": {
            "id": "eea952b8-198c-4bba-99f6-beaae160ab3e",
            "roles": [
              {
                "division_ids": [
                  "f2777e89-ef43-44f2-a570-e883729854ea"
                ],
                "role_id": "05c2fe4c-0312-4598-8148-a96eb2c15b5d"
              },
              {
                "division_ids": [
                  "f2777e89-ef43-44f2-a570-e883729854ea"
                ],
                "role_id": "380f8746-2e13-46d2-b91d-411cd8595468"
              },
              {
                "division_ids": [
                  "f2777e89-ef43-44f2-a570-e883729854ea"
                ],
                "role_id": "8fd2b585-45c8-43a8-a378-882d923b4dac"
              },
              {
                "division_ids": [
                  "f2777e89-ef43-44f2-a570-e883729854ea"
                ],
                "role_id": "b746f6cf-573e-4354-9276-265d66cb816e"
              },
              {
                "division_ids": [
                  "f2777e89-ef43-44f2-a570-e883729854ea"
                ],
                "role_id": "d40e93b6-a0c4-48f0-907f-1939a5c05f99"
              },
              {
                "division_ids": [
                  "f2777e89-ef43-44f2-a570-e883729854ea"
                ],
                "role_id": "dd8950a6-1e3c-46e1-b774-ab0f50a5ecb2"
              },
              {
                "division_ids": [
                  "f2777e89-ef43-44f2-a570-e883729854ea"
                ],
                "role_id": "ec850d7b-d45e-4e1c-a419-1cd3fc771649"
              }
            ],
            "user_id": "eea952b8-198c-4bba-99f6-beaae160ab3e"
          },
          "sensitive_attributes": [],
          "private": "eyJzY2hlbWFfdmVyc2lvbiI6IjEifQ==",
          "dependencies": [
            "data.genesyscloud_auth_role.AgentAssist",
            "data.genesyscloud_auth_role.Developer",
            "data.genesyscloud_auth_role.GenesysCloudVoiceAdmin",
            "data.genesyscloud_auth_role.MasterAdmin",
            "data.genesyscloud_auth_role.Terraform_user",
            "data.genesyscloud_auth_role.admin",
            "data.genesyscloud_auth_role.employee",
            "data.genesyscloud_routing_skill.z12",
            "genesyscloud_user.Workshop_user12"
          ]
        }
      ]
    },
    {
      "mode": "managed",
      "type": "genesyscloud_user_roles",
      "name": "Workshoproles_user13",
      "provider": "provider[\"registry.terraform.io/mypurecloud/genesyscloud\"]",
      "instances": [
        {
          "schema_version": 1,
          "attributes": {
            "id": "a6280666-1d5d-4d92-9921-5034a9bcbba2",
            "roles": [
              {
                "division_ids": [
                  "f2777e89-ef43-44f2-a570-e883729854ea"
                ],
                "role_id": "05c2fe4c-0312-4598-8148-a96eb2c15b5d"
              },
              {
                "division_ids": [
                  "f2777e89-ef43-44f2-a570-e883729854ea"
                ],
                "role_id": "380f8746-2e13-46d2-b91d-411cd8595468"
              },
              {
                "division_ids": [
                  "f2777e89-ef43-44f2-a570-e883729854ea"
                ],
                "role_id": "8fd2b585-45c8-43a8-a378-882d923b4dac"
              },
              {
                "division_ids": [
                  "f2777e89-ef43-44f2-a570-e883729854ea"
                ],
                "role_id": "b746f6cf-573e-4354-9276-265d66cb816e"
              },
              {
                "division_ids": [
                  "f2777e89-ef43-44f2-a570-e883729854ea"
                ],
                "role_id": "d40e93b6-a0c4-48f0-907f-1939a5c05f99"
              },
              {
                "division_ids": [
                  "f2777e89-ef43-44f2-a570-e883729854ea"
                ],
                "role_id": "dd8950a6-1e3c-46e1-b774-ab0f50a5ecb2"
              },
              {
                "division_ids": [
                  "f2777e89-ef43-44f2-a570-e883729854ea"
                ],
                "role_id": "ec850d7b-d45e-4e1c-a419-1cd3fc771649"
              }
            ],
            "user_id": "a6280666-1d5d-4d92-9921-5034a9bcbba2"
          },
          "sensitive_attributes": [],
          "private": "eyJzY2hlbWFfdmVyc2lvbiI6IjEifQ==",
          "dependencies": [
            "data.genesyscloud_auth_role.AgentAssist",
            "data.genesyscloud_auth_role.Developer",
            "data.genesyscloud_auth_role.GenesysCloudVoiceAdmin",
            "data.genesyscloud_auth_role.MasterAdmin",
            "data.genesyscloud_auth_role.Terraform_user",
            "data.genesyscloud_auth_role.admin",
            "data.genesyscloud_auth_role.employee",
            "data.genesyscloud_routing_skill.z13",
            "genesyscloud_user.Workshop_user13"
          ]
        }
      ]
    },
    {
      "mode": "managed",
      "type": "genesyscloud_user_roles",
      "name": "Workshoproles_user14",
      "provider": "provider[\"registry.terraform.io/mypurecloud/genesyscloud\"]",
      "instances": [
        {
          "schema_version": 1,
          "attributes": {
            "id": "1744bac3-b324-4d32-815c-263658a6aa7c",
            "roles": [
              {
                "division_ids": [
                  "f2777e89-ef43-44f2-a570-e883729854ea"
                ],
                "role_id": "05c2fe4c-0312-4598-8148-a96eb2c15b5d"
              },
              {
                "division_ids": [
                  "f2777e89-ef43-44f2-a570-e883729854ea"
                ],
                "role_id": "380f8746-2e13-46d2-b91d-411cd8595468"
              },
              {
                "division_ids": [
                  "f2777e89-ef43-44f2-a570-e883729854ea"
                ],
                "role_id": "8fd2b585-45c8-43a8-a378-882d923b4dac"
              },
              {
                "division_ids": [
                  "f2777e89-ef43-44f2-a570-e883729854ea"
                ],
                "role_id": "b746f6cf-573e-4354-9276-265d66cb816e"
              },
              {
                "division_ids": [
                  "f2777e89-ef43-44f2-a570-e883729854ea"
                ],
                "role_id": "d40e93b6-a0c4-48f0-907f-1939a5c05f99"
              },
              {
                "division_ids": [
                  "f2777e89-ef43-44f2-a570-e883729854ea"
                ],
                "role_id": "dd8950a6-1e3c-46e1-b774-ab0f50a5ecb2"
              },
              {
                "division_ids": [
                  "f2777e89-ef43-44f2-a570-e883729854ea"
                ],
                "role_id": "ec850d7b-d45e-4e1c-a419-1cd3fc771649"
              }
            ],
            "user_id": "1744bac3-b324-4d32-815c-263658a6aa7c"
          },
          "sensitive_attributes": [],
          "private": "eyJzY2hlbWFfdmVyc2lvbiI6IjEifQ==",
          "dependencies": [
            "data.genesyscloud_auth_role.AgentAssist",
            "data.genesyscloud_auth_role.Developer",
            "data.genesyscloud_auth_role.GenesysCloudVoiceAdmin",
            "data.genesyscloud_auth_role.MasterAdmin",
            "data.genesyscloud_auth_role.Terraform_user",
            "data.genesyscloud_auth_role.admin",
            "data.genesyscloud_auth_role.employee",
            "data.genesyscloud_routing_skill.z14",
            "genesyscloud_user.Workshop_user14"
          ]
        }
      ]
    },
    {
      "mode": "managed",
      "type": "genesyscloud_user_roles",
      "name": "Workshoproles_user15",
      "provider": "provider[\"registry.terraform.io/mypurecloud/genesyscloud\"]",
      "instances": [
        {
          "schema_version": 1,
          "attributes": {
            "id": "f6d8489d-202c-459b-8135-b2a322b594e8",
            "roles": [
              {
                "division_ids": [
                  "f2777e89-ef43-44f2-a570-e883729854ea"
                ],
                "role_id": "05c2fe4c-0312-4598-8148-a96eb2c15b5d"
              },
              {
                "division_ids": [
                  "f2777e89-ef43-44f2-a570-e883729854ea"
                ],
                "role_id": "380f8746-2e13-46d2-b91d-411cd8595468"
              },
              {
                "division_ids": [
                  "f2777e89-ef43-44f2-a570-e883729854ea"
                ],
                "role_id": "8fd2b585-45c8-43a8-a378-882d923b4dac"
              },
              {
                "division_ids": [
                  "f2777e89-ef43-44f2-a570-e883729854ea"
                ],
                "role_id": "b746f6cf-573e-4354-9276-265d66cb816e"
              },
              {
                "division_ids": [
                  "f2777e89-ef43-44f2-a570-e883729854ea"
                ],
                "role_id": "d40e93b6-a0c4-48f0-907f-1939a5c05f99"
              },
              {
                "division_ids": [
                  "f2777e89-ef43-44f2-a570-e883729854ea"
                ],
                "role_id": "dd8950a6-1e3c-46e1-b774-ab0f50a5ecb2"
              },
              {
                "division_ids": [
                  "f2777e89-ef43-44f2-a570-e883729854ea"
                ],
                "role_id": "ec850d7b-d45e-4e1c-a419-1cd3fc771649"
              }
            ],
            "user_id": "f6d8489d-202c-459b-8135-b2a322b594e8"
          },
          "sensitive_attributes": [],
          "private": "eyJzY2hlbWFfdmVyc2lvbiI6IjEifQ==",
          "dependencies": [
            "data.genesyscloud_auth_role.AgentAssist",
            "data.genesyscloud_auth_role.Developer",
            "data.genesyscloud_auth_role.GenesysCloudVoiceAdmin",
            "data.genesyscloud_auth_role.MasterAdmin",
            "data.genesyscloud_auth_role.Terraform_user",
            "data.genesyscloud_auth_role.admin",
            "data.genesyscloud_auth_role.employee",
            "data.genesyscloud_routing_skill.z15",
            "genesyscloud_user.Workshop_user15"
          ]
        }
      ]
    },
    {
      "mode": "managed",
      "type": "genesyscloud_user_roles",
      "name": "Workshoproles_user16",
      "provider": "provider[\"registry.terraform.io/mypurecloud/genesyscloud\"]",
      "instances": [
        {
          "schema_version": 1,
          "attributes": {
            "id": "f238e803-f98a-49a1-8106-e3c6780cb1d6",
            "roles": [
              {
                "division_ids": [
                  "f2777e89-ef43-44f2-a570-e883729854ea"
                ],
                "role_id": "05c2fe4c-0312-4598-8148-a96eb2c15b5d"
              },
              {
                "division_ids": [
                  "f2777e89-ef43-44f2-a570-e883729854ea"
                ],
                "role_id": "380f8746-2e13-46d2-b91d-411cd8595468"
              },
              {
                "division_ids": [
                  "f2777e89-ef43-44f2-a570-e883729854ea"
                ],
                "role_id": "8fd2b585-45c8-43a8-a378-882d923b4dac"
              },
              {
                "division_ids": [
                  "f2777e89-ef43-44f2-a570-e883729854ea"
                ],
                "role_id": "b746f6cf-573e-4354-9276-265d66cb816e"
              },
              {
                "division_ids": [
                  "f2777e89-ef43-44f2-a570-e883729854ea"
                ],
                "role_id": "d40e93b6-a0c4-48f0-907f-1939a5c05f99"
              },
              {
                "division_ids": [
                  "f2777e89-ef43-44f2-a570-e883729854ea"
                ],
                "role_id": "dd8950a6-1e3c-46e1-b774-ab0f50a5ecb2"
              },
              {
                "division_ids": [
                  "f2777e89-ef43-44f2-a570-e883729854ea"
                ],
                "role_id": "ec850d7b-d45e-4e1c-a419-1cd3fc771649"
              }
            ],
            "user_id": "f238e803-f98a-49a1-8106-e3c6780cb1d6"
          },
          "sensitive_attributes": [],
          "private": "eyJzY2hlbWFfdmVyc2lvbiI6IjEifQ==",
          "dependencies": [
            "data.genesyscloud_auth_role.AgentAssist",
            "data.genesyscloud_auth_role.Developer",
            "data.genesyscloud_auth_role.GenesysCloudVoiceAdmin",
            "data.genesyscloud_auth_role.MasterAdmin",
            "data.genesyscloud_auth_role.Terraform_user",
            "data.genesyscloud_auth_role.admin",
            "data.genesyscloud_auth_role.employee",
            "data.genesyscloud_routing_skill.z16",
            "genesyscloud_user.Workshop_user16"
          ]
        }
      ]
    },
    {
      "mode": "managed",
      "type": "genesyscloud_user_roles",
      "name": "Workshoproles_user17",
      "provider": "provider[\"registry.terraform.io/mypurecloud/genesyscloud\"]",
      "instances": [
        {
          "schema_version": 1,
          "attributes": {
            "id": "eeae4ece-086d-4af4-8f2b-4c1ed31adf07",
            "roles": [
              {
                "division_ids": [
                  "f2777e89-ef43-44f2-a570-e883729854ea"
                ],
                "role_id": "05c2fe4c-0312-4598-8148-a96eb2c15b5d"
              },
              {
                "division_ids": [
                  "f2777e89-ef43-44f2-a570-e883729854ea"
                ],
                "role_id": "380f8746-2e13-46d2-b91d-411cd8595468"
              },
              {
                "division_ids": [
                  "f2777e89-ef43-44f2-a570-e883729854ea"
                ],
                "role_id": "8fd2b585-45c8-43a8-a378-882d923b4dac"
              },
              {
                "division_ids": [
                  "f2777e89-ef43-44f2-a570-e883729854ea"
                ],
                "role_id": "b746f6cf-573e-4354-9276-265d66cb816e"
              },
              {
                "division_ids": [
                  "f2777e89-ef43-44f2-a570-e883729854ea"
                ],
                "role_id": "d40e93b6-a0c4-48f0-907f-1939a5c05f99"
              },
              {
                "division_ids": [
                  "f2777e89-ef43-44f2-a570-e883729854ea"
                ],
                "role_id": "dd8950a6-1e3c-46e1-b774-ab0f50a5ecb2"
              },
              {
                "division_ids": [
                  "f2777e89-ef43-44f2-a570-e883729854ea"
                ],
                "role_id": "ec850d7b-d45e-4e1c-a419-1cd3fc771649"
              }
            ],
            "user_id": "eeae4ece-086d-4af4-8f2b-4c1ed31adf07"
          },
          "sensitive_attributes": [],
          "private": "eyJzY2hlbWFfdmVyc2lvbiI6IjEifQ==",
          "dependencies": [
            "data.genesyscloud_auth_role.AgentAssist",
            "data.genesyscloud_auth_role.Developer",
            "data.genesyscloud_auth_role.GenesysCloudVoiceAdmin",
            "data.genesyscloud_auth_role.MasterAdmin",
            "data.genesyscloud_auth_role.Terraform_user",
            "data.genesyscloud_auth_role.admin",
            "data.genesyscloud_auth_role.employee",
            "data.genesyscloud_routing_skill.z17",
            "genesyscloud_user.Workshop_user17"
          ]
        }
      ]
    },
    {
      "mode": "managed",
      "type": "genesyscloud_user_roles",
      "name": "Workshoproles_user18",
      "provider": "provider[\"registry.terraform.io/mypurecloud/genesyscloud\"]",
      "instances": [
        {
          "schema_version": 1,
          "attributes": {
            "id": "4322845d-2a08-444d-870d-33804d168f62",
            "roles": [
              {
                "division_ids": [
                  "f2777e89-ef43-44f2-a570-e883729854ea"
                ],
                "role_id": "05c2fe4c-0312-4598-8148-a96eb2c15b5d"
              },
              {
                "division_ids": [
                  "f2777e89-ef43-44f2-a570-e883729854ea"
                ],
                "role_id": "380f8746-2e13-46d2-b91d-411cd8595468"
              },
              {
                "division_ids": [
                  "f2777e89-ef43-44f2-a570-e883729854ea"
                ],
                "role_id": "8fd2b585-45c8-43a8-a378-882d923b4dac"
              },
              {
                "division_ids": [
                  "f2777e89-ef43-44f2-a570-e883729854ea"
                ],
                "role_id": "b746f6cf-573e-4354-9276-265d66cb816e"
              },
              {
                "division_ids": [
                  "f2777e89-ef43-44f2-a570-e883729854ea"
                ],
                "role_id": "d40e93b6-a0c4-48f0-907f-1939a5c05f99"
              },
              {
                "division_ids": [
                  "f2777e89-ef43-44f2-a570-e883729854ea"
                ],
                "role_id": "dd8950a6-1e3c-46e1-b774-ab0f50a5ecb2"
              },
              {
                "division_ids": [
                  "f2777e89-ef43-44f2-a570-e883729854ea"
                ],
                "role_id": "ec850d7b-d45e-4e1c-a419-1cd3fc771649"
              }
            ],
            "user_id": "4322845d-2a08-444d-870d-33804d168f62"
          },
          "sensitive_attributes": [],
          "private": "eyJzY2hlbWFfdmVyc2lvbiI6IjEifQ==",
          "dependencies": [
            "data.genesyscloud_auth_role.AgentAssist",
            "data.genesyscloud_auth_role.Developer",
            "data.genesyscloud_auth_role.GenesysCloudVoiceAdmin",
            "data.genesyscloud_auth_role.MasterAdmin",
            "data.genesyscloud_auth_role.Terraform_user",
            "data.genesyscloud_auth_role.admin",
            "data.genesyscloud_auth_role.employee",
            "data.genesyscloud_routing_skill.z18",
            "genesyscloud_user.Workshop_user18"
          ]
        }
      ]
    },
    {
      "mode": "managed",
      "type": "genesyscloud_user_roles",
      "name": "Workshoproles_user19",
      "provider": "provider[\"registry.terraform.io/mypurecloud/genesyscloud\"]",
      "instances": [
        {
          "schema_version": 1,
          "attributes": {
            "id": "042add7f-405b-423a-b75d-33a55f969c82",
            "roles": [
              {
                "division_ids": [
                  "f2777e89-ef43-44f2-a570-e883729854ea"
                ],
                "role_id": "05c2fe4c-0312-4598-8148-a96eb2c15b5d"
              },
              {
                "division_ids": [
                  "f2777e89-ef43-44f2-a570-e883729854ea"
                ],
                "role_id": "380f8746-2e13-46d2-b91d-411cd8595468"
              },
              {
                "division_ids": [
                  "f2777e89-ef43-44f2-a570-e883729854ea"
                ],
                "role_id": "8fd2b585-45c8-43a8-a378-882d923b4dac"
              },
              {
                "division_ids": [
                  "f2777e89-ef43-44f2-a570-e883729854ea"
                ],
                "role_id": "b746f6cf-573e-4354-9276-265d66cb816e"
              },
              {
                "division_ids": [
                  "f2777e89-ef43-44f2-a570-e883729854ea"
                ],
                "role_id": "d40e93b6-a0c4-48f0-907f-1939a5c05f99"
              },
              {
                "division_ids": [
                  "f2777e89-ef43-44f2-a570-e883729854ea"
                ],
                "role_id": "dd8950a6-1e3c-46e1-b774-ab0f50a5ecb2"
              },
              {
                "division_ids": [
                  "f2777e89-ef43-44f2-a570-e883729854ea"
                ],
                "role_id": "ec850d7b-d45e-4e1c-a419-1cd3fc771649"
              }
            ],
            "user_id": "042add7f-405b-423a-b75d-33a55f969c82"
          },
          "sensitive_attributes": [],
          "private": "eyJzY2hlbWFfdmVyc2lvbiI6IjEifQ==",
          "dependencies": [
            "data.genesyscloud_auth_role.AgentAssist",
            "data.genesyscloud_auth_role.Developer",
            "data.genesyscloud_auth_role.GenesysCloudVoiceAdmin",
            "data.genesyscloud_auth_role.MasterAdmin",
            "data.genesyscloud_auth_role.Terraform_user",
            "data.genesyscloud_auth_role.admin",
            "data.genesyscloud_auth_role.employee",
            "data.genesyscloud_routing_skill.z19",
            "genesyscloud_user.Workshop_user19"
          ]
        }
      ]
    },
    {
      "mode": "managed",
      "type": "genesyscloud_user_roles",
      "name": "Workshoproles_user2",
      "provider": "provider[\"registry.terraform.io/mypurecloud/genesyscloud\"]",
      "instances": [
        {
          "schema_version": 1,
          "attributes": {
            "id": "965884c5-14a4-49c7-8c8e-9dba709e0c5a",
            "roles": [
              {
                "division_ids": [
                  "f2777e89-ef43-44f2-a570-e883729854ea"
                ],
                "role_id": "05c2fe4c-0312-4598-8148-a96eb2c15b5d"
              },
              {
                "division_ids": [
                  "f2777e89-ef43-44f2-a570-e883729854ea"
                ],
                "role_id": "380f8746-2e13-46d2-b91d-411cd8595468"
              },
              {
                "division_ids": [
                  "f2777e89-ef43-44f2-a570-e883729854ea"
                ],
                "role_id": "8fd2b585-45c8-43a8-a378-882d923b4dac"
              },
              {
                "division_ids": [
                  "f2777e89-ef43-44f2-a570-e883729854ea"
                ],
                "role_id": "b746f6cf-573e-4354-9276-265d66cb816e"
              },
              {
                "division_ids": [
                  "f2777e89-ef43-44f2-a570-e883729854ea"
                ],
                "role_id": "d40e93b6-a0c4-48f0-907f-1939a5c05f99"
              },
              {
                "division_ids": [
                  "f2777e89-ef43-44f2-a570-e883729854ea"
                ],
                "role_id": "dd8950a6-1e3c-46e1-b774-ab0f50a5ecb2"
              },
              {
                "division_ids": [
                  "f2777e89-ef43-44f2-a570-e883729854ea"
                ],
                "role_id": "ec850d7b-d45e-4e1c-a419-1cd3fc771649"
              }
            ],
            "user_id": "965884c5-14a4-49c7-8c8e-9dba709e0c5a"
          },
          "sensitive_attributes": [],
          "private": "eyJzY2hlbWFfdmVyc2lvbiI6IjEifQ==",
          "dependencies": [
            "data.genesyscloud_auth_role.AgentAssist",
            "data.genesyscloud_auth_role.Developer",
            "data.genesyscloud_auth_role.GenesysCloudVoiceAdmin",
            "data.genesyscloud_auth_role.MasterAdmin",
            "data.genesyscloud_auth_role.Terraform_user",
            "data.genesyscloud_auth_role.admin",
            "data.genesyscloud_auth_role.employee",
            "data.genesyscloud_routing_skill.z2",
            "genesyscloud_user.Workshop_user2"
          ]
        }
      ]
    },
    {
      "mode": "managed",
      "type": "genesyscloud_user_roles",
      "name": "Workshoproles_user20",
      "provider": "provider[\"registry.terraform.io/mypurecloud/genesyscloud\"]",
      "instances": [
        {
          "schema_version": 1,
          "attributes": {
            "id": "270a6b9c-58b1-4913-969c-84a14a2a1057",
            "roles": [
              {
                "division_ids": [
                  "f2777e89-ef43-44f2-a570-e883729854ea"
                ],
                "role_id": "05c2fe4c-0312-4598-8148-a96eb2c15b5d"
              },
              {
                "division_ids": [
                  "f2777e89-ef43-44f2-a570-e883729854ea"
                ],
                "role_id": "380f8746-2e13-46d2-b91d-411cd8595468"
              },
              {
                "division_ids": [
                  "f2777e89-ef43-44f2-a570-e883729854ea"
                ],
                "role_id": "8fd2b585-45c8-43a8-a378-882d923b4dac"
              },
              {
                "division_ids": [
                  "f2777e89-ef43-44f2-a570-e883729854ea"
                ],
                "role_id": "b746f6cf-573e-4354-9276-265d66cb816e"
              },
              {
                "division_ids": [
                  "f2777e89-ef43-44f2-a570-e883729854ea"
                ],
                "role_id": "d40e93b6-a0c4-48f0-907f-1939a5c05f99"
              },
              {
                "division_ids": [
                  "f2777e89-ef43-44f2-a570-e883729854ea"
                ],
                "role_id": "dd8950a6-1e3c-46e1-b774-ab0f50a5ecb2"
              },
              {
                "division_ids": [
                  "f2777e89-ef43-44f2-a570-e883729854ea"
                ],
                "role_id": "ec850d7b-d45e-4e1c-a419-1cd3fc771649"
              }
            ],
            "user_id": "270a6b9c-58b1-4913-969c-84a14a2a1057"
          },
          "sensitive_attributes": [],
          "private": "eyJzY2hlbWFfdmVyc2lvbiI6IjEifQ==",
          "dependencies": [
            "data.genesyscloud_auth_role.AgentAssist",
            "data.genesyscloud_auth_role.Developer",
            "data.genesyscloud_auth_role.GenesysCloudVoiceAdmin",
            "data.genesyscloud_auth_role.MasterAdmin",
            "data.genesyscloud_auth_role.Terraform_user",
            "data.genesyscloud_auth_role.admin",
            "data.genesyscloud_auth_role.employee",
            "data.genesyscloud_routing_skill.z20",
            "genesyscloud_user.Workshop_user20"
          ]
        }
      ]
    },
    {
      "mode": "managed",
      "type": "genesyscloud_user_roles",
      "name": "Workshoproles_user21",
      "provider": "provider[\"registry.terraform.io/mypurecloud/genesyscloud\"]",
      "instances": [
        {
          "schema_version": 1,
          "attributes": {
            "id": "36a664e9-c488-4f8f-924d-df700654cdf7",
            "roles": [
              {
                "division_ids": [
                  "f2777e89-ef43-44f2-a570-e883729854ea"
                ],
                "role_id": "05c2fe4c-0312-4598-8148-a96eb2c15b5d"
              },
              {
                "division_ids": [
                  "f2777e89-ef43-44f2-a570-e883729854ea"
                ],
                "role_id": "380f8746-2e13-46d2-b91d-411cd8595468"
              },
              {
                "division_ids": [
                  "f2777e89-ef43-44f2-a570-e883729854ea"
                ],
                "role_id": "8fd2b585-45c8-43a8-a378-882d923b4dac"
              },
              {
                "division_ids": [
                  "f2777e89-ef43-44f2-a570-e883729854ea"
                ],
                "role_id": "b746f6cf-573e-4354-9276-265d66cb816e"
              },
              {
                "division_ids": [
                  "f2777e89-ef43-44f2-a570-e883729854ea"
                ],
                "role_id": "d40e93b6-a0c4-48f0-907f-1939a5c05f99"
              },
              {
                "division_ids": [
                  "f2777e89-ef43-44f2-a570-e883729854ea"
                ],
                "role_id": "dd8950a6-1e3c-46e1-b774-ab0f50a5ecb2"
              },
              {
                "division_ids": [
                  "f2777e89-ef43-44f2-a570-e883729854ea"
                ],
                "role_id": "ec850d7b-d45e-4e1c-a419-1cd3fc771649"
              }
            ],
            "user_id": "36a664e9-c488-4f8f-924d-df700654cdf7"
          },
          "sensitive_attributes": [],
          "private": "eyJzY2hlbWFfdmVyc2lvbiI6IjEifQ==",
          "dependencies": [
            "data.genesyscloud_auth_role.AgentAssist",
            "data.genesyscloud_auth_role.Developer",
            "data.genesyscloud_auth_role.GenesysCloudVoiceAdmin",
            "data.genesyscloud_auth_role.MasterAdmin",
            "data.genesyscloud_auth_role.Terraform_user",
            "data.genesyscloud_auth_role.admin",
            "data.genesyscloud_auth_role.employee",
            "data.genesyscloud_routing_skill.z21",
            "genesyscloud_user.Workshop_user21"
          ]
        }
      ]
    },
    {
      "mode": "managed",
      "type": "genesyscloud_user_roles",
      "name": "Workshoproles_user22",
      "provider": "provider[\"registry.terraform.io/mypurecloud/genesyscloud\"]",
      "instances": [
        {
          "schema_version": 1,
          "attributes": {
            "id": "fa0d85da-d56c-43d9-8521-34fb39eb033c",
            "roles": [
              {
                "division_ids": [
                  "f2777e89-ef43-44f2-a570-e883729854ea"
                ],
                "role_id": "05c2fe4c-0312-4598-8148-a96eb2c15b5d"
              },
              {
                "division_ids": [
                  "f2777e89-ef43-44f2-a570-e883729854ea"
                ],
                "role_id": "380f8746-2e13-46d2-b91d-411cd8595468"
              },
              {
                "division_ids": [
                  "f2777e89-ef43-44f2-a570-e883729854ea"
                ],
                "role_id": "8fd2b585-45c8-43a8-a378-882d923b4dac"
              },
              {
                "division_ids": [
                  "f2777e89-ef43-44f2-a570-e883729854ea"
                ],
                "role_id": "b746f6cf-573e-4354-9276-265d66cb816e"
              },
              {
                "division_ids": [
                  "f2777e89-ef43-44f2-a570-e883729854ea"
                ],
                "role_id": "d40e93b6-a0c4-48f0-907f-1939a5c05f99"
              },
              {
                "division_ids": [
                  "f2777e89-ef43-44f2-a570-e883729854ea"
                ],
                "role_id": "dd8950a6-1e3c-46e1-b774-ab0f50a5ecb2"
              },
              {
                "division_ids": [
                  "f2777e89-ef43-44f2-a570-e883729854ea"
                ],
                "role_id": "ec850d7b-d45e-4e1c-a419-1cd3fc771649"
              }
            ],
            "user_id": "fa0d85da-d56c-43d9-8521-34fb39eb033c"
          },
          "sensitive_attributes": [],
          "private": "eyJzY2hlbWFfdmVyc2lvbiI6IjEifQ==",
          "dependencies": [
            "data.genesyscloud_auth_role.AgentAssist",
            "data.genesyscloud_auth_role.Developer",
            "data.genesyscloud_auth_role.GenesysCloudVoiceAdmin",
            "data.genesyscloud_auth_role.MasterAdmin",
            "data.genesyscloud_auth_role.Terraform_user",
            "data.genesyscloud_auth_role.admin",
            "data.genesyscloud_auth_role.employee",
            "data.genesyscloud_routing_skill.z22",
            "genesyscloud_user.Workshop_user22"
          ]
        }
      ]
    },
    {
      "mode": "managed",
      "type": "genesyscloud_user_roles",
      "name": "Workshoproles_user23",
      "provider": "provider[\"registry.terraform.io/mypurecloud/genesyscloud\"]",
      "instances": [
        {
          "schema_version": 1,
          "attributes": {
            "id": "43b7ea0e-79fd-442e-9a38-4b6480b083de",
            "roles": [
              {
                "division_ids": [
                  "f2777e89-ef43-44f2-a570-e883729854ea"
                ],
                "role_id": "05c2fe4c-0312-4598-8148-a96eb2c15b5d"
              },
              {
                "division_ids": [
                  "f2777e89-ef43-44f2-a570-e883729854ea"
                ],
                "role_id": "380f8746-2e13-46d2-b91d-411cd8595468"
              },
              {
                "division_ids": [
                  "f2777e89-ef43-44f2-a570-e883729854ea"
                ],
                "role_id": "8fd2b585-45c8-43a8-a378-882d923b4dac"
              },
              {
                "division_ids": [
                  "f2777e89-ef43-44f2-a570-e883729854ea"
                ],
                "role_id": "b746f6cf-573e-4354-9276-265d66cb816e"
              },
              {
                "division_ids": [
                  "f2777e89-ef43-44f2-a570-e883729854ea"
                ],
                "role_id": "d40e93b6-a0c4-48f0-907f-1939a5c05f99"
              },
              {
                "division_ids": [
                  "f2777e89-ef43-44f2-a570-e883729854ea"
                ],
                "role_id": "dd8950a6-1e3c-46e1-b774-ab0f50a5ecb2"
              },
              {
                "division_ids": [
                  "f2777e89-ef43-44f2-a570-e883729854ea"
                ],
                "role_id": "ec850d7b-d45e-4e1c-a419-1cd3fc771649"
              }
            ],
            "user_id": "43b7ea0e-79fd-442e-9a38-4b6480b083de"
          },
          "sensitive_attributes": [],
          "private": "eyJzY2hlbWFfdmVyc2lvbiI6IjEifQ==",
          "dependencies": [
            "data.genesyscloud_auth_role.AgentAssist",
            "data.genesyscloud_auth_role.Developer",
            "data.genesyscloud_auth_role.GenesysCloudVoiceAdmin",
            "data.genesyscloud_auth_role.MasterAdmin",
            "data.genesyscloud_auth_role.Terraform_user",
            "data.genesyscloud_auth_role.admin",
            "data.genesyscloud_auth_role.employee",
            "data.genesyscloud_routing_skill.z23",
            "genesyscloud_user.Workshop_user23"
          ]
        }
      ]
    },
    {
      "mode": "managed",
      "type": "genesyscloud_user_roles",
      "name": "Workshoproles_user24",
      "provider": "provider[\"registry.terraform.io/mypurecloud/genesyscloud\"]",
      "instances": [
        {
          "schema_version": 1,
          "attributes": {
            "id": "11a2a8e2-b8a6-4dbe-93fc-65271b1d17b5",
            "roles": [
              {
                "division_ids": [
                  "f2777e89-ef43-44f2-a570-e883729854ea"
                ],
                "role_id": "05c2fe4c-0312-4598-8148-a96eb2c15b5d"
              },
              {
                "division_ids": [
                  "f2777e89-ef43-44f2-a570-e883729854ea"
                ],
                "role_id": "380f8746-2e13-46d2-b91d-411cd8595468"
              },
              {
                "division_ids": [
                  "f2777e89-ef43-44f2-a570-e883729854ea"
                ],
                "role_id": "8fd2b585-45c8-43a8-a378-882d923b4dac"
              },
              {
                "division_ids": [
                  "f2777e89-ef43-44f2-a570-e883729854ea"
                ],
                "role_id": "b746f6cf-573e-4354-9276-265d66cb816e"
              },
              {
                "division_ids": [
                  "f2777e89-ef43-44f2-a570-e883729854ea"
                ],
                "role_id": "d40e93b6-a0c4-48f0-907f-1939a5c05f99"
              },
              {
                "division_ids": [
                  "f2777e89-ef43-44f2-a570-e883729854ea"
                ],
                "role_id": "dd8950a6-1e3c-46e1-b774-ab0f50a5ecb2"
              },
              {
                "division_ids": [
                  "f2777e89-ef43-44f2-a570-e883729854ea"
                ],
                "role_id": "ec850d7b-d45e-4e1c-a419-1cd3fc771649"
              }
            ],
            "user_id": "11a2a8e2-b8a6-4dbe-93fc-65271b1d17b5"
          },
          "sensitive_attributes": [],
          "private": "eyJzY2hlbWFfdmVyc2lvbiI6IjEifQ==",
          "dependencies": [
            "data.genesyscloud_auth_role.AgentAssist",
            "data.genesyscloud_auth_role.Developer",
            "data.genesyscloud_auth_role.GenesysCloudVoiceAdmin",
            "data.genesyscloud_auth_role.MasterAdmin",
            "data.genesyscloud_auth_role.Terraform_user",
            "data.genesyscloud_auth_role.admin",
            "data.genesyscloud_auth_role.employee",
            "data.genesyscloud_routing_skill.z24",
            "genesyscloud_user.Workshop_user24"
          ]
        }
      ]
    },
    {
      "mode": "managed",
      "type": "genesyscloud_user_roles",
      "name": "Workshoproles_user25",
      "provider": "provider[\"registry.terraform.io/mypurecloud/genesyscloud\"]",
      "instances": [
        {
          "schema_version": 1,
          "attributes": {
            "id": "edc10a2b-6f07-49a2-a4df-578e78de9b27",
            "roles": [
              {
                "division_ids": [
                  "f2777e89-ef43-44f2-a570-e883729854ea"
                ],
                "role_id": "05c2fe4c-0312-4598-8148-a96eb2c15b5d"
              },
              {
                "division_ids": [
                  "f2777e89-ef43-44f2-a570-e883729854ea"
                ],
                "role_id": "380f8746-2e13-46d2-b91d-411cd8595468"
              },
              {
                "division_ids": [
                  "f2777e89-ef43-44f2-a570-e883729854ea"
                ],
                "role_id": "8fd2b585-45c8-43a8-a378-882d923b4dac"
              },
              {
                "division_ids": [
                  "f2777e89-ef43-44f2-a570-e883729854ea"
                ],
                "role_id": "b746f6cf-573e-4354-9276-265d66cb816e"
              },
              {
                "division_ids": [
                  "f2777e89-ef43-44f2-a570-e883729854ea"
                ],
                "role_id": "d40e93b6-a0c4-48f0-907f-1939a5c05f99"
              },
              {
                "division_ids": [
                  "f2777e89-ef43-44f2-a570-e883729854ea"
                ],
                "role_id": "dd8950a6-1e3c-46e1-b774-ab0f50a5ecb2"
              },
              {
                "division_ids": [
                  "f2777e89-ef43-44f2-a570-e883729854ea"
                ],
                "role_id": "ec850d7b-d45e-4e1c-a419-1cd3fc771649"
              }
            ],
            "user_id": "edc10a2b-6f07-49a2-a4df-578e78de9b27"
          },
          "sensitive_attributes": [],
          "private": "eyJzY2hlbWFfdmVyc2lvbiI6IjEifQ==",
          "dependencies": [
            "data.genesyscloud_auth_role.AgentAssist",
            "data.genesyscloud_auth_role.Developer",
            "data.genesyscloud_auth_role.GenesysCloudVoiceAdmin",
            "data.genesyscloud_auth_role.MasterAdmin",
            "data.genesyscloud_auth_role.Terraform_user",
            "data.genesyscloud_auth_role.admin",
            "data.genesyscloud_auth_role.employee",
            "data.genesyscloud_routing_skill.z25",
            "genesyscloud_user.Workshop_user25"
          ]
        }
      ]
    },
    {
      "mode": "managed",
      "type": "genesyscloud_user_roles",
      "name": "Workshoproles_user26",
      "provider": "provider[\"registry.terraform.io/mypurecloud/genesyscloud\"]",
      "instances": [
        {
          "schema_version": 1,
          "attributes": {
            "id": "f3795987-8312-4ce6-abd3-3e5ccda0ee65",
            "roles": [
              {
                "division_ids": [
                  "f2777e89-ef43-44f2-a570-e883729854ea"
                ],
                "role_id": "05c2fe4c-0312-4598-8148-a96eb2c15b5d"
              },
              {
                "division_ids": [
                  "f2777e89-ef43-44f2-a570-e883729854ea"
                ],
                "role_id": "380f8746-2e13-46d2-b91d-411cd8595468"
              },
              {
                "division_ids": [
                  "f2777e89-ef43-44f2-a570-e883729854ea"
                ],
                "role_id": "8fd2b585-45c8-43a8-a378-882d923b4dac"
              },
              {
                "division_ids": [
                  "f2777e89-ef43-44f2-a570-e883729854ea"
                ],
                "role_id": "b746f6cf-573e-4354-9276-265d66cb816e"
              },
              {
                "division_ids": [
                  "f2777e89-ef43-44f2-a570-e883729854ea"
                ],
                "role_id": "d40e93b6-a0c4-48f0-907f-1939a5c05f99"
              },
              {
                "division_ids": [
                  "f2777e89-ef43-44f2-a570-e883729854ea"
                ],
                "role_id": "dd8950a6-1e3c-46e1-b774-ab0f50a5ecb2"
              },
              {
                "division_ids": [
                  "f2777e89-ef43-44f2-a570-e883729854ea"
                ],
                "role_id": "ec850d7b-d45e-4e1c-a419-1cd3fc771649"
              }
            ],
            "user_id": "f3795987-8312-4ce6-abd3-3e5ccda0ee65"
          },
          "sensitive_attributes": [],
          "private": "eyJzY2hlbWFfdmVyc2lvbiI6IjEifQ==",
          "dependencies": [
            "data.genesyscloud_auth_role.AgentAssist",
            "data.genesyscloud_auth_role.Developer",
            "data.genesyscloud_auth_role.GenesysCloudVoiceAdmin",
            "data.genesyscloud_auth_role.MasterAdmin",
            "data.genesyscloud_auth_role.Terraform_user",
            "data.genesyscloud_auth_role.admin",
            "data.genesyscloud_auth_role.employee",
            "data.genesyscloud_routing_skill.z26",
            "genesyscloud_user.Workshop_user26"
          ]
        }
      ]
    },
    {
      "mode": "managed",
      "type": "genesyscloud_user_roles",
      "name": "Workshoproles_user27",
      "provider": "provider[\"registry.terraform.io/mypurecloud/genesyscloud\"]",
      "instances": [
        {
          "schema_version": 1,
          "attributes": {
            "id": "c8392455-fc32-4834-8c6e-e3ac9d5ab90c",
            "roles": [
              {
                "division_ids": [
                  "f2777e89-ef43-44f2-a570-e883729854ea"
                ],
                "role_id": "05c2fe4c-0312-4598-8148-a96eb2c15b5d"
              },
              {
                "division_ids": [
                  "f2777e89-ef43-44f2-a570-e883729854ea"
                ],
                "role_id": "380f8746-2e13-46d2-b91d-411cd8595468"
              },
              {
                "division_ids": [
                  "f2777e89-ef43-44f2-a570-e883729854ea"
                ],
                "role_id": "8fd2b585-45c8-43a8-a378-882d923b4dac"
              },
              {
                "division_ids": [
                  "f2777e89-ef43-44f2-a570-e883729854ea"
                ],
                "role_id": "b746f6cf-573e-4354-9276-265d66cb816e"
              },
              {
                "division_ids": [
                  "f2777e89-ef43-44f2-a570-e883729854ea"
                ],
                "role_id": "d40e93b6-a0c4-48f0-907f-1939a5c05f99"
              },
              {
                "division_ids": [
                  "f2777e89-ef43-44f2-a570-e883729854ea"
                ],
                "role_id": "dd8950a6-1e3c-46e1-b774-ab0f50a5ecb2"
              },
              {
                "division_ids": [
                  "f2777e89-ef43-44f2-a570-e883729854ea"
                ],
                "role_id": "ec850d7b-d45e-4e1c-a419-1cd3fc771649"
              }
            ],
            "user_id": "c8392455-fc32-4834-8c6e-e3ac9d5ab90c"
          },
          "sensitive_attributes": [],
          "private": "eyJzY2hlbWFfdmVyc2lvbiI6IjEifQ==",
          "dependencies": [
            "data.genesyscloud_auth_role.AgentAssist",
            "data.genesyscloud_auth_role.Developer",
            "data.genesyscloud_auth_role.GenesysCloudVoiceAdmin",
            "data.genesyscloud_auth_role.MasterAdmin",
            "data.genesyscloud_auth_role.Terraform_user",
            "data.genesyscloud_auth_role.admin",
            "data.genesyscloud_auth_role.employee",
            "data.genesyscloud_routing_skill.z27",
            "genesyscloud_user.Workshop_user27"
          ]
        }
      ]
    },
    {
      "mode": "managed",
      "type": "genesyscloud_user_roles",
      "name": "Workshoproles_user28",
      "provider": "provider[\"registry.terraform.io/mypurecloud/genesyscloud\"]",
      "instances": [
        {
          "schema_version": 1,
          "attributes": {
            "id": "9f619174-67c9-4b1b-9cb8-231d1132963a",
            "roles": [
              {
                "division_ids": [
                  "f2777e89-ef43-44f2-a570-e883729854ea"
                ],
                "role_id": "05c2fe4c-0312-4598-8148-a96eb2c15b5d"
              },
              {
                "division_ids": [
                  "f2777e89-ef43-44f2-a570-e883729854ea"
                ],
                "role_id": "380f8746-2e13-46d2-b91d-411cd8595468"
              },
              {
                "division_ids": [
                  "f2777e89-ef43-44f2-a570-e883729854ea"
                ],
                "role_id": "8fd2b585-45c8-43a8-a378-882d923b4dac"
              },
              {
                "division_ids": [
                  "f2777e89-ef43-44f2-a570-e883729854ea"
                ],
                "role_id": "b746f6cf-573e-4354-9276-265d66cb816e"
              },
              {
                "division_ids": [
                  "f2777e89-ef43-44f2-a570-e883729854ea"
                ],
                "role_id": "d40e93b6-a0c4-48f0-907f-1939a5c05f99"
              },
              {
                "division_ids": [
                  "f2777e89-ef43-44f2-a570-e883729854ea"
                ],
                "role_id": "dd8950a6-1e3c-46e1-b774-ab0f50a5ecb2"
              },
              {
                "division_ids": [
                  "f2777e89-ef43-44f2-a570-e883729854ea"
                ],
                "role_id": "ec850d7b-d45e-4e1c-a419-1cd3fc771649"
              }
            ],
            "user_id": "9f619174-67c9-4b1b-9cb8-231d1132963a"
          },
          "sensitive_attributes": [],
          "private": "eyJzY2hlbWFfdmVyc2lvbiI6IjEifQ==",
          "dependencies": [
            "data.genesyscloud_auth_role.AgentAssist",
            "data.genesyscloud_auth_role.Developer",
            "data.genesyscloud_auth_role.GenesysCloudVoiceAdmin",
            "data.genesyscloud_auth_role.MasterAdmin",
            "data.genesyscloud_auth_role.Terraform_user",
            "data.genesyscloud_auth_role.admin",
            "data.genesyscloud_auth_role.employee",
            "data.genesyscloud_routing_skill.z28",
            "genesyscloud_user.Workshop_user28"
          ]
        }
      ]
    },
    {
      "mode": "managed",
      "type": "genesyscloud_user_roles",
      "name": "Workshoproles_user29",
      "provider": "provider[\"registry.terraform.io/mypurecloud/genesyscloud\"]",
      "instances": [
        {
          "schema_version": 1,
          "attributes": {
            "id": "f66d8082-d3f8-4317-a5f7-1301c46505e7",
            "roles": [
              {
                "division_ids": [
                  "f2777e89-ef43-44f2-a570-e883729854ea"
                ],
                "role_id": "05c2fe4c-0312-4598-8148-a96eb2c15b5d"
              },
              {
                "division_ids": [
                  "f2777e89-ef43-44f2-a570-e883729854ea"
                ],
                "role_id": "380f8746-2e13-46d2-b91d-411cd8595468"
              },
              {
                "division_ids": [
                  "f2777e89-ef43-44f2-a570-e883729854ea"
                ],
                "role_id": "8fd2b585-45c8-43a8-a378-882d923b4dac"
              },
              {
                "division_ids": [
                  "f2777e89-ef43-44f2-a570-e883729854ea"
                ],
                "role_id": "b746f6cf-573e-4354-9276-265d66cb816e"
              },
              {
                "division_ids": [
                  "f2777e89-ef43-44f2-a570-e883729854ea"
                ],
                "role_id": "d40e93b6-a0c4-48f0-907f-1939a5c05f99"
              },
              {
                "division_ids": [
                  "f2777e89-ef43-44f2-a570-e883729854ea"
                ],
                "role_id": "dd8950a6-1e3c-46e1-b774-ab0f50a5ecb2"
              },
              {
                "division_ids": [
                  "f2777e89-ef43-44f2-a570-e883729854ea"
                ],
                "role_id": "ec850d7b-d45e-4e1c-a419-1cd3fc771649"
              }
            ],
            "user_id": "f66d8082-d3f8-4317-a5f7-1301c46505e7"
          },
          "sensitive_attributes": [],
          "private": "eyJzY2hlbWFfdmVyc2lvbiI6IjEifQ==",
          "dependencies": [
            "data.genesyscloud_auth_role.AgentAssist",
            "data.genesyscloud_auth_role.Developer",
            "data.genesyscloud_auth_role.GenesysCloudVoiceAdmin",
            "data.genesyscloud_auth_role.MasterAdmin",
            "data.genesyscloud_auth_role.Terraform_user",
            "data.genesyscloud_auth_role.admin",
            "data.genesyscloud_auth_role.employee",
            "data.genesyscloud_routing_skill.z29",
            "genesyscloud_user.Workshop_user29"
          ]
        }
      ]
    },
    {
      "mode": "managed",
      "type": "genesyscloud_user_roles",
      "name": "Workshoproles_user3",
      "provider": "provider[\"registry.terraform.io/mypurecloud/genesyscloud\"]",
      "instances": [
        {
          "schema_version": 1,
          "attributes": {
            "id": "1cf3eb6f-176f-4b5d-ad4e-d87c28240aaa",
            "roles": [
              {
                "division_ids": [
                  "f2777e89-ef43-44f2-a570-e883729854ea"
                ],
                "role_id": "05c2fe4c-0312-4598-8148-a96eb2c15b5d"
              },
              {
                "division_ids": [
                  "f2777e89-ef43-44f2-a570-e883729854ea"
                ],
                "role_id": "380f8746-2e13-46d2-b91d-411cd8595468"
              },
              {
                "division_ids": [
                  "f2777e89-ef43-44f2-a570-e883729854ea"
                ],
                "role_id": "8fd2b585-45c8-43a8-a378-882d923b4dac"
              },
              {
                "division_ids": [
                  "f2777e89-ef43-44f2-a570-e883729854ea"
                ],
                "role_id": "b746f6cf-573e-4354-9276-265d66cb816e"
              },
              {
                "division_ids": [
                  "f2777e89-ef43-44f2-a570-e883729854ea"
                ],
                "role_id": "d40e93b6-a0c4-48f0-907f-1939a5c05f99"
              },
              {
                "division_ids": [
                  "f2777e89-ef43-44f2-a570-e883729854ea"
                ],
                "role_id": "dd8950a6-1e3c-46e1-b774-ab0f50a5ecb2"
              },
              {
                "division_ids": [
                  "f2777e89-ef43-44f2-a570-e883729854ea"
                ],
                "role_id": "ec850d7b-d45e-4e1c-a419-1cd3fc771649"
              }
            ],
            "user_id": "1cf3eb6f-176f-4b5d-ad4e-d87c28240aaa"
          },
          "sensitive_attributes": [],
          "private": "eyJzY2hlbWFfdmVyc2lvbiI6IjEifQ==",
          "dependencies": [
            "data.genesyscloud_auth_role.AgentAssist",
            "data.genesyscloud_auth_role.Developer",
            "data.genesyscloud_auth_role.GenesysCloudVoiceAdmin",
            "data.genesyscloud_auth_role.MasterAdmin",
            "data.genesyscloud_auth_role.Terraform_user",
            "data.genesyscloud_auth_role.admin",
            "data.genesyscloud_auth_role.employee",
            "data.genesyscloud_routing_skill.z3",
            "genesyscloud_user.Workshop_user3"
          ]
        }
      ]
    },
    {
      "mode": "managed",
      "type": "genesyscloud_user_roles",
      "name": "Workshoproles_user30",
      "provider": "provider[\"registry.terraform.io/mypurecloud/genesyscloud\"]",
      "instances": [
        {
          "schema_version": 1,
          "attributes": {
            "id": "fe0ae27d-dc85-4331-ba28-889a0aacee45",
            "roles": [
              {
                "division_ids": [
                  "f2777e89-ef43-44f2-a570-e883729854ea"
                ],
                "role_id": "05c2fe4c-0312-4598-8148-a96eb2c15b5d"
              },
              {
                "division_ids": [
                  "f2777e89-ef43-44f2-a570-e883729854ea"
                ],
                "role_id": "380f8746-2e13-46d2-b91d-411cd8595468"
              },
              {
                "division_ids": [
                  "f2777e89-ef43-44f2-a570-e883729854ea"
                ],
                "role_id": "8fd2b585-45c8-43a8-a378-882d923b4dac"
              },
              {
                "division_ids": [
                  "f2777e89-ef43-44f2-a570-e883729854ea"
                ],
                "role_id": "b746f6cf-573e-4354-9276-265d66cb816e"
              },
              {
                "division_ids": [
                  "f2777e89-ef43-44f2-a570-e883729854ea"
                ],
                "role_id": "d40e93b6-a0c4-48f0-907f-1939a5c05f99"
              },
              {
                "division_ids": [
                  "f2777e89-ef43-44f2-a570-e883729854ea"
                ],
                "role_id": "dd8950a6-1e3c-46e1-b774-ab0f50a5ecb2"
              },
              {
                "division_ids": [
                  "f2777e89-ef43-44f2-a570-e883729854ea"
                ],
                "role_id": "ec850d7b-d45e-4e1c-a419-1cd3fc771649"
              }
            ],
            "user_id": "fe0ae27d-dc85-4331-ba28-889a0aacee45"
          },
          "sensitive_attributes": [],
          "private": "eyJzY2hlbWFfdmVyc2lvbiI6IjEifQ==",
          "dependencies": [
            "data.genesyscloud_auth_role.AgentAssist",
            "data.genesyscloud_auth_role.Developer",
            "data.genesyscloud_auth_role.GenesysCloudVoiceAdmin",
            "data.genesyscloud_auth_role.MasterAdmin",
            "data.genesyscloud_auth_role.Terraform_user",
            "data.genesyscloud_auth_role.admin",
            "data.genesyscloud_auth_role.employee",
            "data.genesyscloud_routing_skill.z30",
            "genesyscloud_user.Workshop_user30"
          ]
        }
      ]
    },
    {
      "mode": "managed",
      "type": "genesyscloud_user_roles",
      "name": "Workshoproles_user31",
      "provider": "provider[\"registry.terraform.io/mypurecloud/genesyscloud\"]",
      "instances": [
        {
          "schema_version": 1,
          "attributes": {
            "id": "c0729bd0-8dda-4b69-9a91-dd46247c7f18",
            "roles": [
              {
                "division_ids": [
                  "f2777e89-ef43-44f2-a570-e883729854ea"
                ],
                "role_id": "05c2fe4c-0312-4598-8148-a96eb2c15b5d"
              },
              {
                "division_ids": [
                  "f2777e89-ef43-44f2-a570-e883729854ea"
                ],
                "role_id": "380f8746-2e13-46d2-b91d-411cd8595468"
              },
              {
                "division_ids": [
                  "f2777e89-ef43-44f2-a570-e883729854ea"
                ],
                "role_id": "8fd2b585-45c8-43a8-a378-882d923b4dac"
              },
              {
                "division_ids": [
                  "f2777e89-ef43-44f2-a570-e883729854ea"
                ],
                "role_id": "b746f6cf-573e-4354-9276-265d66cb816e"
              },
              {
                "division_ids": [
                  "f2777e89-ef43-44f2-a570-e883729854ea"
                ],
                "role_id": "d40e93b6-a0c4-48f0-907f-1939a5c05f99"
              },
              {
                "division_ids": [
                  "f2777e89-ef43-44f2-a570-e883729854ea"
                ],
                "role_id": "dd8950a6-1e3c-46e1-b774-ab0f50a5ecb2"
              },
              {
                "division_ids": [
                  "f2777e89-ef43-44f2-a570-e883729854ea"
                ],
                "role_id": "ec850d7b-d45e-4e1c-a419-1cd3fc771649"
              }
            ],
            "user_id": "c0729bd0-8dda-4b69-9a91-dd46247c7f18"
          },
          "sensitive_attributes": [],
          "private": "eyJzY2hlbWFfdmVyc2lvbiI6IjEifQ==",
          "dependencies": [
            "data.genesyscloud_auth_role.AgentAssist",
            "data.genesyscloud_auth_role.Developer",
            "data.genesyscloud_auth_role.GenesysCloudVoiceAdmin",
            "data.genesyscloud_auth_role.MasterAdmin",
            "data.genesyscloud_auth_role.Terraform_user",
            "data.genesyscloud_auth_role.admin",
            "data.genesyscloud_auth_role.employee",
            "data.genesyscloud_routing_skill.z31",
            "genesyscloud_user.Workshop_user31"
          ]
        }
      ]
    },
    {
      "mode": "managed",
      "type": "genesyscloud_user_roles",
      "name": "Workshoproles_user32",
      "provider": "provider[\"registry.terraform.io/mypurecloud/genesyscloud\"]",
      "instances": [
        {
          "schema_version": 1,
          "attributes": {
            "id": "a45e65a1-9a07-41a8-919b-d80a73f17c45",
            "roles": [
              {
                "division_ids": [
                  "f2777e89-ef43-44f2-a570-e883729854ea"
                ],
                "role_id": "05c2fe4c-0312-4598-8148-a96eb2c15b5d"
              },
              {
                "division_ids": [
                  "f2777e89-ef43-44f2-a570-e883729854ea"
                ],
                "role_id": "380f8746-2e13-46d2-b91d-411cd8595468"
              },
              {
                "division_ids": [
                  "f2777e89-ef43-44f2-a570-e883729854ea"
                ],
                "role_id": "8fd2b585-45c8-43a8-a378-882d923b4dac"
              },
              {
                "division_ids": [
                  "f2777e89-ef43-44f2-a570-e883729854ea"
                ],
                "role_id": "b746f6cf-573e-4354-9276-265d66cb816e"
              },
              {
                "division_ids": [
                  "f2777e89-ef43-44f2-a570-e883729854ea"
                ],
                "role_id": "d40e93b6-a0c4-48f0-907f-1939a5c05f99"
              },
              {
                "division_ids": [
                  "f2777e89-ef43-44f2-a570-e883729854ea"
                ],
                "role_id": "dd8950a6-1e3c-46e1-b774-ab0f50a5ecb2"
              },
              {
                "division_ids": [
                  "f2777e89-ef43-44f2-a570-e883729854ea"
                ],
                "role_id": "ec850d7b-d45e-4e1c-a419-1cd3fc771649"
              }
            ],
            "user_id": "a45e65a1-9a07-41a8-919b-d80a73f17c45"
          },
          "sensitive_attributes": [],
          "private": "eyJzY2hlbWFfdmVyc2lvbiI6IjEifQ==",
          "dependencies": [
            "data.genesyscloud_auth_role.AgentAssist",
            "data.genesyscloud_auth_role.Developer",
            "data.genesyscloud_auth_role.GenesysCloudVoiceAdmin",
            "data.genesyscloud_auth_role.MasterAdmin",
            "data.genesyscloud_auth_role.Terraform_user",
            "data.genesyscloud_auth_role.admin",
            "data.genesyscloud_auth_role.employee",
            "data.genesyscloud_routing_skill.z32",
            "genesyscloud_user.Workshop_user32"
          ]
        }
      ]
    },
    {
      "mode": "managed",
      "type": "genesyscloud_user_roles",
      "name": "Workshoproles_user33",
      "provider": "provider[\"registry.terraform.io/mypurecloud/genesyscloud\"]",
      "instances": [
        {
          "schema_version": 1,
          "attributes": {
            "id": "68caca19-645b-47b3-8d17-fd05a960b330",
            "roles": [
              {
                "division_ids": [
                  "f2777e89-ef43-44f2-a570-e883729854ea"
                ],
                "role_id": "05c2fe4c-0312-4598-8148-a96eb2c15b5d"
              },
              {
                "division_ids": [
                  "f2777e89-ef43-44f2-a570-e883729854ea"
                ],
                "role_id": "380f8746-2e13-46d2-b91d-411cd8595468"
              },
              {
                "division_ids": [
                  "f2777e89-ef43-44f2-a570-e883729854ea"
                ],
                "role_id": "8fd2b585-45c8-43a8-a378-882d923b4dac"
              },
              {
                "division_ids": [
                  "f2777e89-ef43-44f2-a570-e883729854ea"
                ],
                "role_id": "b746f6cf-573e-4354-9276-265d66cb816e"
              },
              {
                "division_ids": [
                  "f2777e89-ef43-44f2-a570-e883729854ea"
                ],
                "role_id": "d40e93b6-a0c4-48f0-907f-1939a5c05f99"
              },
              {
                "division_ids": [
                  "f2777e89-ef43-44f2-a570-e883729854ea"
                ],
                "role_id": "dd8950a6-1e3c-46e1-b774-ab0f50a5ecb2"
              },
              {
                "division_ids": [
                  "f2777e89-ef43-44f2-a570-e883729854ea"
                ],
                "role_id": "ec850d7b-d45e-4e1c-a419-1cd3fc771649"
              }
            ],
            "user_id": "68caca19-645b-47b3-8d17-fd05a960b330"
          },
          "sensitive_attributes": [],
          "private": "eyJzY2hlbWFfdmVyc2lvbiI6IjEifQ==",
          "dependencies": [
            "data.genesyscloud_auth_role.AgentAssist",
            "data.genesyscloud_auth_role.Developer",
            "data.genesyscloud_auth_role.GenesysCloudVoiceAdmin",
            "data.genesyscloud_auth_role.MasterAdmin",
            "data.genesyscloud_auth_role.Terraform_user",
            "data.genesyscloud_auth_role.admin",
            "data.genesyscloud_auth_role.employee",
            "data.genesyscloud_routing_skill.z33",
            "genesyscloud_user.Workshop_user33"
          ]
        }
      ]
    },
    {
      "mode": "managed",
      "type": "genesyscloud_user_roles",
      "name": "Workshoproles_user34",
      "provider": "provider[\"registry.terraform.io/mypurecloud/genesyscloud\"]",
      "instances": [
        {
          "schema_version": 1,
          "attributes": {
            "id": "da0935f8-bc24-4360-8ab6-aa9b06f30b96",
            "roles": [
              {
                "division_ids": [
                  "f2777e89-ef43-44f2-a570-e883729854ea"
                ],
                "role_id": "05c2fe4c-0312-4598-8148-a96eb2c15b5d"
              },
              {
                "division_ids": [
                  "f2777e89-ef43-44f2-a570-e883729854ea"
                ],
                "role_id": "380f8746-2e13-46d2-b91d-411cd8595468"
              },
              {
                "division_ids": [
                  "f2777e89-ef43-44f2-a570-e883729854ea"
                ],
                "role_id": "8fd2b585-45c8-43a8-a378-882d923b4dac"
              },
              {
                "division_ids": [
                  "f2777e89-ef43-44f2-a570-e883729854ea"
                ],
                "role_id": "b746f6cf-573e-4354-9276-265d66cb816e"
              },
              {
                "division_ids": [
                  "f2777e89-ef43-44f2-a570-e883729854ea"
                ],
                "role_id": "d40e93b6-a0c4-48f0-907f-1939a5c05f99"
              },
              {
                "division_ids": [
                  "f2777e89-ef43-44f2-a570-e883729854ea"
                ],
                "role_id": "dd8950a6-1e3c-46e1-b774-ab0f50a5ecb2"
              },
              {
                "division_ids": [
                  "f2777e89-ef43-44f2-a570-e883729854ea"
                ],
                "role_id": "ec850d7b-d45e-4e1c-a419-1cd3fc771649"
              }
            ],
            "user_id": "da0935f8-bc24-4360-8ab6-aa9b06f30b96"
          },
          "sensitive_attributes": [],
          "private": "eyJzY2hlbWFfdmVyc2lvbiI6IjEifQ==",
          "dependencies": [
            "data.genesyscloud_auth_role.AgentAssist",
            "data.genesyscloud_auth_role.Developer",
            "data.genesyscloud_auth_role.GenesysCloudVoiceAdmin",
            "data.genesyscloud_auth_role.MasterAdmin",
            "data.genesyscloud_auth_role.Terraform_user",
            "data.genesyscloud_auth_role.admin",
            "data.genesyscloud_auth_role.employee",
            "data.genesyscloud_routing_skill.z34",
            "genesyscloud_user.Workshop_user34"
          ]
        }
      ]
    },
    {
      "mode": "managed",
      "type": "genesyscloud_user_roles",
      "name": "Workshoproles_user35",
      "provider": "provider[\"registry.terraform.io/mypurecloud/genesyscloud\"]",
      "instances": [
        {
          "schema_version": 1,
          "attributes": {
            "id": "eb89f313-3305-44e1-970f-38c94e1781e7",
            "roles": [
              {
                "division_ids": [
                  "f2777e89-ef43-44f2-a570-e883729854ea"
                ],
                "role_id": "05c2fe4c-0312-4598-8148-a96eb2c15b5d"
              },
              {
                "division_ids": [
                  "f2777e89-ef43-44f2-a570-e883729854ea"
                ],
                "role_id": "380f8746-2e13-46d2-b91d-411cd8595468"
              },
              {
                "division_ids": [
                  "f2777e89-ef43-44f2-a570-e883729854ea"
                ],
                "role_id": "8fd2b585-45c8-43a8-a378-882d923b4dac"
              },
              {
                "division_ids": [
                  "f2777e89-ef43-44f2-a570-e883729854ea"
                ],
                "role_id": "b746f6cf-573e-4354-9276-265d66cb816e"
              },
              {
                "division_ids": [
                  "f2777e89-ef43-44f2-a570-e883729854ea"
                ],
                "role_id": "d40e93b6-a0c4-48f0-907f-1939a5c05f99"
              },
              {
                "division_ids": [
                  "f2777e89-ef43-44f2-a570-e883729854ea"
                ],
                "role_id": "dd8950a6-1e3c-46e1-b774-ab0f50a5ecb2"
              },
              {
                "division_ids": [
                  "f2777e89-ef43-44f2-a570-e883729854ea"
                ],
                "role_id": "ec850d7b-d45e-4e1c-a419-1cd3fc771649"
              }
            ],
            "user_id": "eb89f313-3305-44e1-970f-38c94e1781e7"
          },
          "sensitive_attributes": [],
          "private": "eyJzY2hlbWFfdmVyc2lvbiI6IjEifQ==",
          "dependencies": [
            "data.genesyscloud_auth_role.AgentAssist",
            "data.genesyscloud_auth_role.Developer",
            "data.genesyscloud_auth_role.GenesysCloudVoiceAdmin",
            "data.genesyscloud_auth_role.MasterAdmin",
            "data.genesyscloud_auth_role.Terraform_user",
            "data.genesyscloud_auth_role.admin",
            "data.genesyscloud_auth_role.employee",
            "data.genesyscloud_routing_skill.z35",
            "genesyscloud_user.Workshop_user35"
          ]
        }
      ]
    },
    {
      "mode": "managed",
      "type": "genesyscloud_user_roles",
      "name": "Workshoproles_user36",
      "provider": "provider[\"registry.terraform.io/mypurecloud/genesyscloud\"]",
      "instances": [
        {
          "schema_version": 1,
          "attributes": {
            "id": "8c889113-8a23-4817-89ab-f2712be54e65",
            "roles": [
              {
                "division_ids": [
                  "f2777e89-ef43-44f2-a570-e883729854ea"
                ],
                "role_id": "05c2fe4c-0312-4598-8148-a96eb2c15b5d"
              },
              {
                "division_ids": [
                  "f2777e89-ef43-44f2-a570-e883729854ea"
                ],
                "role_id": "380f8746-2e13-46d2-b91d-411cd8595468"
              },
              {
                "division_ids": [
                  "f2777e89-ef43-44f2-a570-e883729854ea"
                ],
                "role_id": "8fd2b585-45c8-43a8-a378-882d923b4dac"
              },
              {
                "division_ids": [
                  "f2777e89-ef43-44f2-a570-e883729854ea"
                ],
                "role_id": "b746f6cf-573e-4354-9276-265d66cb816e"
              },
              {
                "division_ids": [
                  "f2777e89-ef43-44f2-a570-e883729854ea"
                ],
                "role_id": "d40e93b6-a0c4-48f0-907f-1939a5c05f99"
              },
              {
                "division_ids": [
                  "f2777e89-ef43-44f2-a570-e883729854ea"
                ],
                "role_id": "dd8950a6-1e3c-46e1-b774-ab0f50a5ecb2"
              },
              {
                "division_ids": [
                  "f2777e89-ef43-44f2-a570-e883729854ea"
                ],
                "role_id": "ec850d7b-d45e-4e1c-a419-1cd3fc771649"
              }
            ],
            "user_id": "8c889113-8a23-4817-89ab-f2712be54e65"
          },
          "sensitive_attributes": [],
          "private": "eyJzY2hlbWFfdmVyc2lvbiI6IjEifQ==",
          "dependencies": [
            "data.genesyscloud_auth_role.AgentAssist",
            "data.genesyscloud_auth_role.Developer",
            "data.genesyscloud_auth_role.GenesysCloudVoiceAdmin",
            "data.genesyscloud_auth_role.MasterAdmin",
            "data.genesyscloud_auth_role.Terraform_user",
            "data.genesyscloud_auth_role.admin",
            "data.genesyscloud_auth_role.employee",
            "data.genesyscloud_routing_skill.z36",
            "genesyscloud_user.Workshop_user36"
          ]
        }
      ]
    },
    {
      "mode": "managed",
      "type": "genesyscloud_user_roles",
      "name": "Workshoproles_user37",
      "provider": "provider[\"registry.terraform.io/mypurecloud/genesyscloud\"]",
      "instances": [
        {
          "schema_version": 1,
          "attributes": {
            "id": "2d1bb274-badb-4efa-b59d-7e98c579c4f3",
            "roles": [
              {
                "division_ids": [
                  "f2777e89-ef43-44f2-a570-e883729854ea"
                ],
                "role_id": "05c2fe4c-0312-4598-8148-a96eb2c15b5d"
              },
              {
                "division_ids": [
                  "f2777e89-ef43-44f2-a570-e883729854ea"
                ],
                "role_id": "380f8746-2e13-46d2-b91d-411cd8595468"
              },
              {
                "division_ids": [
                  "f2777e89-ef43-44f2-a570-e883729854ea"
                ],
                "role_id": "8fd2b585-45c8-43a8-a378-882d923b4dac"
              },
              {
                "division_ids": [
                  "f2777e89-ef43-44f2-a570-e883729854ea"
                ],
                "role_id": "b746f6cf-573e-4354-9276-265d66cb816e"
              },
              {
                "division_ids": [
                  "f2777e89-ef43-44f2-a570-e883729854ea"
                ],
                "role_id": "d40e93b6-a0c4-48f0-907f-1939a5c05f99"
              },
              {
                "division_ids": [
                  "f2777e89-ef43-44f2-a570-e883729854ea"
                ],
                "role_id": "dd8950a6-1e3c-46e1-b774-ab0f50a5ecb2"
              },
              {
                "division_ids": [
                  "f2777e89-ef43-44f2-a570-e883729854ea"
                ],
                "role_id": "ec850d7b-d45e-4e1c-a419-1cd3fc771649"
              }
            ],
            "user_id": "2d1bb274-badb-4efa-b59d-7e98c579c4f3"
          },
          "sensitive_attributes": [],
          "private": "eyJzY2hlbWFfdmVyc2lvbiI6IjEifQ==",
          "dependencies": [
            "data.genesyscloud_auth_role.AgentAssist",
            "data.genesyscloud_auth_role.Developer",
            "data.genesyscloud_auth_role.GenesysCloudVoiceAdmin",
            "data.genesyscloud_auth_role.MasterAdmin",
            "data.genesyscloud_auth_role.Terraform_user",
            "data.genesyscloud_auth_role.admin",
            "data.genesyscloud_auth_role.employee",
            "data.genesyscloud_routing_skill.z37",
            "genesyscloud_user.Workshop_user37"
          ]
        }
      ]
    },
    {
      "mode": "managed",
      "type": "genesyscloud_user_roles",
      "name": "Workshoproles_user38",
      "provider": "provider[\"registry.terraform.io/mypurecloud/genesyscloud\"]",
      "instances": [
        {
          "schema_version": 1,
          "attributes": {
            "id": "4e3db8b0-101f-498f-ae39-e41352c38335",
            "roles": [
              {
                "division_ids": [
                  "f2777e89-ef43-44f2-a570-e883729854ea"
                ],
                "role_id": "05c2fe4c-0312-4598-8148-a96eb2c15b5d"
              },
              {
                "division_ids": [
                  "f2777e89-ef43-44f2-a570-e883729854ea"
                ],
                "role_id": "380f8746-2e13-46d2-b91d-411cd8595468"
              },
              {
                "division_ids": [
                  "f2777e89-ef43-44f2-a570-e883729854ea"
                ],
                "role_id": "8fd2b585-45c8-43a8-a378-882d923b4dac"
              },
              {
                "division_ids": [
                  "f2777e89-ef43-44f2-a570-e883729854ea"
                ],
                "role_id": "b746f6cf-573e-4354-9276-265d66cb816e"
              },
              {
                "division_ids": [
                  "f2777e89-ef43-44f2-a570-e883729854ea"
                ],
                "role_id": "d40e93b6-a0c4-48f0-907f-1939a5c05f99"
              },
              {
                "division_ids": [
                  "f2777e89-ef43-44f2-a570-e883729854ea"
                ],
                "role_id": "dd8950a6-1e3c-46e1-b774-ab0f50a5ecb2"
              },
              {
                "division_ids": [
                  "f2777e89-ef43-44f2-a570-e883729854ea"
                ],
                "role_id": "ec850d7b-d45e-4e1c-a419-1cd3fc771649"
              }
            ],
            "user_id": "4e3db8b0-101f-498f-ae39-e41352c38335"
          },
          "sensitive_attributes": [],
          "private": "eyJzY2hlbWFfdmVyc2lvbiI6IjEifQ==",
          "dependencies": [
            "data.genesyscloud_auth_role.AgentAssist",
            "data.genesyscloud_auth_role.Developer",
            "data.genesyscloud_auth_role.GenesysCloudVoiceAdmin",
            "data.genesyscloud_auth_role.MasterAdmin",
            "data.genesyscloud_auth_role.Terraform_user",
            "data.genesyscloud_auth_role.admin",
            "data.genesyscloud_auth_role.employee",
            "data.genesyscloud_routing_skill.z38",
            "genesyscloud_user.Workshop_user38"
          ]
        }
      ]
    },
    {
      "mode": "managed",
      "type": "genesyscloud_user_roles",
      "name": "Workshoproles_user39",
      "provider": "provider[\"registry.terraform.io/mypurecloud/genesyscloud\"]",
      "instances": [
        {
          "schema_version": 1,
          "attributes": {
            "id": "84688412-2a5c-4226-bb5e-f7994f0f1863",
            "roles": [
              {
                "division_ids": [
                  "f2777e89-ef43-44f2-a570-e883729854ea"
                ],
                "role_id": "05c2fe4c-0312-4598-8148-a96eb2c15b5d"
              },
              {
                "division_ids": [
                  "f2777e89-ef43-44f2-a570-e883729854ea"
                ],
                "role_id": "380f8746-2e13-46d2-b91d-411cd8595468"
              },
              {
                "division_ids": [
                  "f2777e89-ef43-44f2-a570-e883729854ea"
                ],
                "role_id": "8fd2b585-45c8-43a8-a378-882d923b4dac"
              },
              {
                "division_ids": [
                  "f2777e89-ef43-44f2-a570-e883729854ea"
                ],
                "role_id": "b746f6cf-573e-4354-9276-265d66cb816e"
              },
              {
                "division_ids": [
                  "f2777e89-ef43-44f2-a570-e883729854ea"
                ],
                "role_id": "d40e93b6-a0c4-48f0-907f-1939a5c05f99"
              },
              {
                "division_ids": [
                  "f2777e89-ef43-44f2-a570-e883729854ea"
                ],
                "role_id": "dd8950a6-1e3c-46e1-b774-ab0f50a5ecb2"
              },
              {
                "division_ids": [
                  "f2777e89-ef43-44f2-a570-e883729854ea"
                ],
                "role_id": "ec850d7b-d45e-4e1c-a419-1cd3fc771649"
              }
            ],
            "user_id": "84688412-2a5c-4226-bb5e-f7994f0f1863"
          },
          "sensitive_attributes": [],
          "private": "eyJzY2hlbWFfdmVyc2lvbiI6IjEifQ==",
          "dependencies": [
            "data.genesyscloud_auth_role.AgentAssist",
            "data.genesyscloud_auth_role.Developer",
            "data.genesyscloud_auth_role.GenesysCloudVoiceAdmin",
            "data.genesyscloud_auth_role.MasterAdmin",
            "data.genesyscloud_auth_role.Terraform_user",
            "data.genesyscloud_auth_role.admin",
            "data.genesyscloud_auth_role.employee",
            "data.genesyscloud_routing_skill.z39",
            "genesyscloud_user.Workshop_user39"
          ]
        }
      ]
    },
    {
      "mode": "managed",
      "type": "genesyscloud_user_roles",
      "name": "Workshoproles_user4",
      "provider": "provider[\"registry.terraform.io/mypurecloud/genesyscloud\"]",
      "instances": [
        {
          "schema_version": 1,
          "attributes": {
            "id": "a57050b8-8244-4e2b-a87e-ddbac9bce414",
            "roles": [
              {
                "division_ids": [
                  "f2777e89-ef43-44f2-a570-e883729854ea"
                ],
                "role_id": "05c2fe4c-0312-4598-8148-a96eb2c15b5d"
              },
              {
                "division_ids": [
                  "f2777e89-ef43-44f2-a570-e883729854ea"
                ],
                "role_id": "380f8746-2e13-46d2-b91d-411cd8595468"
              },
              {
                "division_ids": [
                  "f2777e89-ef43-44f2-a570-e883729854ea"
                ],
                "role_id": "8fd2b585-45c8-43a8-a378-882d923b4dac"
              },
              {
                "division_ids": [
                  "f2777e89-ef43-44f2-a570-e883729854ea"
                ],
                "role_id": "b746f6cf-573e-4354-9276-265d66cb816e"
              },
              {
                "division_ids": [
                  "f2777e89-ef43-44f2-a570-e883729854ea"
                ],
                "role_id": "d40e93b6-a0c4-48f0-907f-1939a5c05f99"
              },
              {
                "division_ids": [
                  "f2777e89-ef43-44f2-a570-e883729854ea"
                ],
                "role_id": "dd8950a6-1e3c-46e1-b774-ab0f50a5ecb2"
              },
              {
                "division_ids": [
                  "f2777e89-ef43-44f2-a570-e883729854ea"
                ],
                "role_id": "ec850d7b-d45e-4e1c-a419-1cd3fc771649"
              }
            ],
            "user_id": "a57050b8-8244-4e2b-a87e-ddbac9bce414"
          },
          "sensitive_attributes": [],
          "private": "eyJzY2hlbWFfdmVyc2lvbiI6IjEifQ==",
          "dependencies": [
            "data.genesyscloud_auth_role.AgentAssist",
            "data.genesyscloud_auth_role.Developer",
            "data.genesyscloud_auth_role.GenesysCloudVoiceAdmin",
            "data.genesyscloud_auth_role.MasterAdmin",
            "data.genesyscloud_auth_role.Terraform_user",
            "data.genesyscloud_auth_role.admin",
            "data.genesyscloud_auth_role.employee",
            "data.genesyscloud_routing_skill.z4",
            "genesyscloud_user.Workshop_user4"
          ]
        }
      ]
    },
    {
      "mode": "managed",
      "type": "genesyscloud_user_roles",
      "name": "Workshoproles_user40",
      "provider": "provider[\"registry.terraform.io/mypurecloud/genesyscloud\"]",
      "instances": [
        {
          "schema_version": 1,
          "attributes": {
            "id": "337ef664-fc5d-4170-9080-ef7ff9773ae3",
            "roles": [
              {
                "division_ids": [
                  "f2777e89-ef43-44f2-a570-e883729854ea"
                ],
                "role_id": "05c2fe4c-0312-4598-8148-a96eb2c15b5d"
              },
              {
                "division_ids": [
                  "f2777e89-ef43-44f2-a570-e883729854ea"
                ],
                "role_id": "380f8746-2e13-46d2-b91d-411cd8595468"
              },
              {
                "division_ids": [
                  "f2777e89-ef43-44f2-a570-e883729854ea"
                ],
                "role_id": "8fd2b585-45c8-43a8-a378-882d923b4dac"
              },
              {
                "division_ids": [
                  "f2777e89-ef43-44f2-a570-e883729854ea"
                ],
                "role_id": "b746f6cf-573e-4354-9276-265d66cb816e"
              },
              {
                "division_ids": [
                  "f2777e89-ef43-44f2-a570-e883729854ea"
                ],
                "role_id": "d40e93b6-a0c4-48f0-907f-1939a5c05f99"
              },
              {
                "division_ids": [
                  "f2777e89-ef43-44f2-a570-e883729854ea"
                ],
                "role_id": "dd8950a6-1e3c-46e1-b774-ab0f50a5ecb2"
              },
              {
                "division_ids": [
                  "f2777e89-ef43-44f2-a570-e883729854ea"
                ],
                "role_id": "ec850d7b-d45e-4e1c-a419-1cd3fc771649"
              }
            ],
            "user_id": "337ef664-fc5d-4170-9080-ef7ff9773ae3"
          },
          "sensitive_attributes": [],
          "private": "eyJzY2hlbWFfdmVyc2lvbiI6IjEifQ==",
          "dependencies": [
            "data.genesyscloud_auth_role.AgentAssist",
            "data.genesyscloud_auth_role.Developer",
            "data.genesyscloud_auth_role.GenesysCloudVoiceAdmin",
            "data.genesyscloud_auth_role.MasterAdmin",
            "data.genesyscloud_auth_role.Terraform_user",
            "data.genesyscloud_auth_role.admin",
            "data.genesyscloud_auth_role.employee",
            "data.genesyscloud_routing_skill.z40",
            "genesyscloud_user.Workshop_user40"
          ]
        }
      ]
    },
    {
      "mode": "managed",
      "type": "genesyscloud_user_roles",
      "name": "Workshoproles_user41",
      "provider": "provider[\"registry.terraform.io/mypurecloud/genesyscloud\"]",
      "instances": [
        {
          "schema_version": 1,
          "attributes": {
            "id": "8146d71a-0b3d-4497-80d4-e39a7eed96e5",
            "roles": [
              {
                "division_ids": [
                  "f2777e89-ef43-44f2-a570-e883729854ea"
                ],
                "role_id": "05c2fe4c-0312-4598-8148-a96eb2c15b5d"
              },
              {
                "division_ids": [
                  "f2777e89-ef43-44f2-a570-e883729854ea"
                ],
                "role_id": "380f8746-2e13-46d2-b91d-411cd8595468"
              },
              {
                "division_ids": [
                  "f2777e89-ef43-44f2-a570-e883729854ea"
                ],
                "role_id": "8fd2b585-45c8-43a8-a378-882d923b4dac"
              },
              {
                "division_ids": [
                  "f2777e89-ef43-44f2-a570-e883729854ea"
                ],
                "role_id": "b746f6cf-573e-4354-9276-265d66cb816e"
              },
              {
                "division_ids": [
                  "f2777e89-ef43-44f2-a570-e883729854ea"
                ],
                "role_id": "d40e93b6-a0c4-48f0-907f-1939a5c05f99"
              },
              {
                "division_ids": [
                  "f2777e89-ef43-44f2-a570-e883729854ea"
                ],
                "role_id": "dd8950a6-1e3c-46e1-b774-ab0f50a5ecb2"
              },
              {
                "division_ids": [
                  "f2777e89-ef43-44f2-a570-e883729854ea"
                ],
                "role_id": "ec850d7b-d45e-4e1c-a419-1cd3fc771649"
              }
            ],
            "user_id": "8146d71a-0b3d-4497-80d4-e39a7eed96e5"
          },
          "sensitive_attributes": [],
          "private": "eyJzY2hlbWFfdmVyc2lvbiI6IjEifQ==",
          "dependencies": [
            "data.genesyscloud_auth_role.AgentAssist",
            "data.genesyscloud_auth_role.Developer",
            "data.genesyscloud_auth_role.GenesysCloudVoiceAdmin",
            "data.genesyscloud_auth_role.MasterAdmin",
            "data.genesyscloud_auth_role.Terraform_user",
            "data.genesyscloud_auth_role.admin",
            "data.genesyscloud_auth_role.employee",
            "data.genesyscloud_routing_skill.z41",
            "genesyscloud_user.Workshop_user41"
          ]
        }
      ]
    },
    {
      "mode": "managed",
      "type": "genesyscloud_user_roles",
      "name": "Workshoproles_user42",
      "provider": "provider[\"registry.terraform.io/mypurecloud/genesyscloud\"]",
      "instances": [
        {
          "schema_version": 1,
          "attributes": {
            "id": "57be91d5-0ce1-4a60-ae77-67582c6afc91",
            "roles": [
              {
                "division_ids": [
                  "f2777e89-ef43-44f2-a570-e883729854ea"
                ],
                "role_id": "05c2fe4c-0312-4598-8148-a96eb2c15b5d"
              },
              {
                "division_ids": [
                  "f2777e89-ef43-44f2-a570-e883729854ea"
                ],
                "role_id": "380f8746-2e13-46d2-b91d-411cd8595468"
              },
              {
                "division_ids": [
                  "f2777e89-ef43-44f2-a570-e883729854ea"
                ],
                "role_id": "8fd2b585-45c8-43a8-a378-882d923b4dac"
              },
              {
                "division_ids": [
                  "f2777e89-ef43-44f2-a570-e883729854ea"
                ],
                "role_id": "b746f6cf-573e-4354-9276-265d66cb816e"
              },
              {
                "division_ids": [
                  "f2777e89-ef43-44f2-a570-e883729854ea"
                ],
                "role_id": "d40e93b6-a0c4-48f0-907f-1939a5c05f99"
              },
              {
                "division_ids": [
                  "f2777e89-ef43-44f2-a570-e883729854ea"
                ],
                "role_id": "dd8950a6-1e3c-46e1-b774-ab0f50a5ecb2"
              },
              {
                "division_ids": [
                  "f2777e89-ef43-44f2-a570-e883729854ea"
                ],
                "role_id": "ec850d7b-d45e-4e1c-a419-1cd3fc771649"
              }
            ],
            "user_id": "57be91d5-0ce1-4a60-ae77-67582c6afc91"
          },
          "sensitive_attributes": [],
          "private": "eyJzY2hlbWFfdmVyc2lvbiI6IjEifQ==",
          "dependencies": [
            "data.genesyscloud_auth_role.AgentAssist",
            "data.genesyscloud_auth_role.Developer",
            "data.genesyscloud_auth_role.GenesysCloudVoiceAdmin",
            "data.genesyscloud_auth_role.MasterAdmin",
            "data.genesyscloud_auth_role.Terraform_user",
            "data.genesyscloud_auth_role.admin",
            "data.genesyscloud_auth_role.employee",
            "data.genesyscloud_routing_skill.z42",
            "genesyscloud_user.Workshop_user42"
          ]
        }
      ]
    },
    {
      "mode": "managed",
      "type": "genesyscloud_user_roles",
      "name": "Workshoproles_user43",
      "provider": "provider[\"registry.terraform.io/mypurecloud/genesyscloud\"]",
      "instances": [
        {
          "schema_version": 1,
          "attributes": {
            "id": "f522e132-aaa8-48b7-b846-94791997db39",
            "roles": [
              {
                "division_ids": [
                  "f2777e89-ef43-44f2-a570-e883729854ea"
                ],
                "role_id": "05c2fe4c-0312-4598-8148-a96eb2c15b5d"
              },
              {
                "division_ids": [
                  "f2777e89-ef43-44f2-a570-e883729854ea"
                ],
                "role_id": "380f8746-2e13-46d2-b91d-411cd8595468"
              },
              {
                "division_ids": [
                  "f2777e89-ef43-44f2-a570-e883729854ea"
                ],
                "role_id": "8fd2b585-45c8-43a8-a378-882d923b4dac"
              },
              {
                "division_ids": [
                  "f2777e89-ef43-44f2-a570-e883729854ea"
                ],
                "role_id": "b746f6cf-573e-4354-9276-265d66cb816e"
              },
              {
                "division_ids": [
                  "f2777e89-ef43-44f2-a570-e883729854ea"
                ],
                "role_id": "d40e93b6-a0c4-48f0-907f-1939a5c05f99"
              },
              {
                "division_ids": [
                  "f2777e89-ef43-44f2-a570-e883729854ea"
                ],
                "role_id": "dd8950a6-1e3c-46e1-b774-ab0f50a5ecb2"
              },
              {
                "division_ids": [
                  "f2777e89-ef43-44f2-a570-e883729854ea"
                ],
                "role_id": "ec850d7b-d45e-4e1c-a419-1cd3fc771649"
              }
            ],
            "user_id": "f522e132-aaa8-48b7-b846-94791997db39"
          },
          "sensitive_attributes": [],
          "private": "eyJzY2hlbWFfdmVyc2lvbiI6IjEifQ==",
          "dependencies": [
            "data.genesyscloud_auth_role.AgentAssist",
            "data.genesyscloud_auth_role.Developer",
            "data.genesyscloud_auth_role.GenesysCloudVoiceAdmin",
            "data.genesyscloud_auth_role.MasterAdmin",
            "data.genesyscloud_auth_role.Terraform_user",
            "data.genesyscloud_auth_role.admin",
            "data.genesyscloud_auth_role.employee",
            "data.genesyscloud_routing_skill.z43",
            "genesyscloud_user.Workshop_user43"
          ]
        }
      ]
    },
    {
      "mode": "managed",
      "type": "genesyscloud_user_roles",
      "name": "Workshoproles_user44",
      "provider": "provider[\"registry.terraform.io/mypurecloud/genesyscloud\"]",
      "instances": [
        {
          "schema_version": 1,
          "attributes": {
            "id": "3e54dac1-91dd-41d2-a3e0-8e84b21ec580",
            "roles": [
              {
                "division_ids": [
                  "f2777e89-ef43-44f2-a570-e883729854ea"
                ],
                "role_id": "05c2fe4c-0312-4598-8148-a96eb2c15b5d"
              },
              {
                "division_ids": [
                  "f2777e89-ef43-44f2-a570-e883729854ea"
                ],
                "role_id": "380f8746-2e13-46d2-b91d-411cd8595468"
              },
              {
                "division_ids": [
                  "f2777e89-ef43-44f2-a570-e883729854ea"
                ],
                "role_id": "8fd2b585-45c8-43a8-a378-882d923b4dac"
              },
              {
                "division_ids": [
                  "f2777e89-ef43-44f2-a570-e883729854ea"
                ],
                "role_id": "b746f6cf-573e-4354-9276-265d66cb816e"
              },
              {
                "division_ids": [
                  "f2777e89-ef43-44f2-a570-e883729854ea"
                ],
                "role_id": "d40e93b6-a0c4-48f0-907f-1939a5c05f99"
              },
              {
                "division_ids": [
                  "f2777e89-ef43-44f2-a570-e883729854ea"
                ],
                "role_id": "dd8950a6-1e3c-46e1-b774-ab0f50a5ecb2"
              },
              {
                "division_ids": [
                  "f2777e89-ef43-44f2-a570-e883729854ea"
                ],
                "role_id": "ec850d7b-d45e-4e1c-a419-1cd3fc771649"
              }
            ],
            "user_id": "3e54dac1-91dd-41d2-a3e0-8e84b21ec580"
          },
          "sensitive_attributes": [],
          "private": "eyJzY2hlbWFfdmVyc2lvbiI6IjEifQ==",
          "dependencies": [
            "data.genesyscloud_auth_role.AgentAssist",
            "data.genesyscloud_auth_role.Developer",
            "data.genesyscloud_auth_role.GenesysCloudVoiceAdmin",
            "data.genesyscloud_auth_role.MasterAdmin",
            "data.genesyscloud_auth_role.Terraform_user",
            "data.genesyscloud_auth_role.admin",
            "data.genesyscloud_auth_role.employee",
            "data.genesyscloud_routing_skill.z44",
            "genesyscloud_user.Workshop_user44"
          ]
        }
      ]
    },
    {
      "mode": "managed",
      "type": "genesyscloud_user_roles",
      "name": "Workshoproles_user45",
      "provider": "provider[\"registry.terraform.io/mypurecloud/genesyscloud\"]",
      "instances": [
        {
          "schema_version": 1,
          "attributes": {
            "id": "6af14eff-4ce0-4bdd-861e-4d78b0018ead",
            "roles": [
              {
                "division_ids": [
                  "f2777e89-ef43-44f2-a570-e883729854ea"
                ],
                "role_id": "05c2fe4c-0312-4598-8148-a96eb2c15b5d"
              },
              {
                "division_ids": [
                  "f2777e89-ef43-44f2-a570-e883729854ea"
                ],
                "role_id": "380f8746-2e13-46d2-b91d-411cd8595468"
              },
              {
                "division_ids": [
                  "f2777e89-ef43-44f2-a570-e883729854ea"
                ],
                "role_id": "8fd2b585-45c8-43a8-a378-882d923b4dac"
              },
              {
                "division_ids": [
                  "f2777e89-ef43-44f2-a570-e883729854ea"
                ],
                "role_id": "b746f6cf-573e-4354-9276-265d66cb816e"
              },
              {
                "division_ids": [
                  "f2777e89-ef43-44f2-a570-e883729854ea"
                ],
                "role_id": "d40e93b6-a0c4-48f0-907f-1939a5c05f99"
              },
              {
                "division_ids": [
                  "f2777e89-ef43-44f2-a570-e883729854ea"
                ],
                "role_id": "dd8950a6-1e3c-46e1-b774-ab0f50a5ecb2"
              },
              {
                "division_ids": [
                  "f2777e89-ef43-44f2-a570-e883729854ea"
                ],
                "role_id": "ec850d7b-d45e-4e1c-a419-1cd3fc771649"
              }
            ],
            "user_id": "6af14eff-4ce0-4bdd-861e-4d78b0018ead"
          },
          "sensitive_attributes": [],
          "private": "eyJzY2hlbWFfdmVyc2lvbiI6IjEifQ==",
          "dependencies": [
            "data.genesyscloud_auth_role.AgentAssist",
            "data.genesyscloud_auth_role.Developer",
            "data.genesyscloud_auth_role.GenesysCloudVoiceAdmin",
            "data.genesyscloud_auth_role.MasterAdmin",
            "data.genesyscloud_auth_role.Terraform_user",
            "data.genesyscloud_auth_role.admin",
            "data.genesyscloud_auth_role.employee",
            "data.genesyscloud_routing_skill.z45",
            "genesyscloud_user.Workshop_user45"
          ]
        }
      ]
    },
    {
      "mode": "managed",
      "type": "genesyscloud_user_roles",
      "name": "Workshoproles_user46",
      "provider": "provider[\"registry.terraform.io/mypurecloud/genesyscloud\"]",
      "instances": [
        {
          "schema_version": 1,
          "attributes": {
            "id": "5503e9bd-a096-44ca-9ca7-d3a6e116122a",
            "roles": [
              {
                "division_ids": [
                  "f2777e89-ef43-44f2-a570-e883729854ea"
                ],
                "role_id": "05c2fe4c-0312-4598-8148-a96eb2c15b5d"
              },
              {
                "division_ids": [
                  "f2777e89-ef43-44f2-a570-e883729854ea"
                ],
                "role_id": "380f8746-2e13-46d2-b91d-411cd8595468"
              },
              {
                "division_ids": [
                  "f2777e89-ef43-44f2-a570-e883729854ea"
                ],
                "role_id": "8fd2b585-45c8-43a8-a378-882d923b4dac"
              },
              {
                "division_ids": [
                  "f2777e89-ef43-44f2-a570-e883729854ea"
                ],
                "role_id": "b746f6cf-573e-4354-9276-265d66cb816e"
              },
              {
                "division_ids": [
                  "f2777e89-ef43-44f2-a570-e883729854ea"
                ],
                "role_id": "d40e93b6-a0c4-48f0-907f-1939a5c05f99"
              },
              {
                "division_ids": [
                  "f2777e89-ef43-44f2-a570-e883729854ea"
                ],
                "role_id": "dd8950a6-1e3c-46e1-b774-ab0f50a5ecb2"
              },
              {
                "division_ids": [
                  "f2777e89-ef43-44f2-a570-e883729854ea"
                ],
                "role_id": "ec850d7b-d45e-4e1c-a419-1cd3fc771649"
              }
            ],
            "user_id": "5503e9bd-a096-44ca-9ca7-d3a6e116122a"
          },
          "sensitive_attributes": [],
          "private": "eyJzY2hlbWFfdmVyc2lvbiI6IjEifQ==",
          "dependencies": [
            "data.genesyscloud_auth_role.AgentAssist",
            "data.genesyscloud_auth_role.Developer",
            "data.genesyscloud_auth_role.GenesysCloudVoiceAdmin",
            "data.genesyscloud_auth_role.MasterAdmin",
            "data.genesyscloud_auth_role.Terraform_user",
            "data.genesyscloud_auth_role.admin",
            "data.genesyscloud_auth_role.employee",
            "data.genesyscloud_routing_skill.z46",
            "genesyscloud_user.Workshop_user46"
          ]
        }
      ]
    },
    {
      "mode": "managed",
      "type": "genesyscloud_user_roles",
      "name": "Workshoproles_user47",
      "provider": "provider[\"registry.terraform.io/mypurecloud/genesyscloud\"]",
      "instances": [
        {
          "schema_version": 1,
          "attributes": {
            "id": "642df491-d42c-4454-947b-fb338291463a",
            "roles": [
              {
                "division_ids": [
                  "f2777e89-ef43-44f2-a570-e883729854ea"
                ],
                "role_id": "05c2fe4c-0312-4598-8148-a96eb2c15b5d"
              },
              {
                "division_ids": [
                  "f2777e89-ef43-44f2-a570-e883729854ea"
                ],
                "role_id": "380f8746-2e13-46d2-b91d-411cd8595468"
              },
              {
                "division_ids": [
                  "f2777e89-ef43-44f2-a570-e883729854ea"
                ],
                "role_id": "8fd2b585-45c8-43a8-a378-882d923b4dac"
              },
              {
                "division_ids": [
                  "f2777e89-ef43-44f2-a570-e883729854ea"
                ],
                "role_id": "b746f6cf-573e-4354-9276-265d66cb816e"
              },
              {
                "division_ids": [
                  "f2777e89-ef43-44f2-a570-e883729854ea"
                ],
                "role_id": "d40e93b6-a0c4-48f0-907f-1939a5c05f99"
              },
              {
                "division_ids": [
                  "f2777e89-ef43-44f2-a570-e883729854ea"
                ],
                "role_id": "dd8950a6-1e3c-46e1-b774-ab0f50a5ecb2"
              },
              {
                "division_ids": [
                  "f2777e89-ef43-44f2-a570-e883729854ea"
                ],
                "role_id": "ec850d7b-d45e-4e1c-a419-1cd3fc771649"
              }
            ],
            "user_id": "642df491-d42c-4454-947b-fb338291463a"
          },
          "sensitive_attributes": [],
          "private": "eyJzY2hlbWFfdmVyc2lvbiI6IjEifQ==",
          "dependencies": [
            "data.genesyscloud_auth_role.AgentAssist",
            "data.genesyscloud_auth_role.Developer",
            "data.genesyscloud_auth_role.GenesysCloudVoiceAdmin",
            "data.genesyscloud_auth_role.MasterAdmin",
            "data.genesyscloud_auth_role.Terraform_user",
            "data.genesyscloud_auth_role.admin",
            "data.genesyscloud_auth_role.employee",
            "data.genesyscloud_routing_skill.z47",
            "genesyscloud_user.Workshop_user47"
          ]
        }
      ]
    },
    {
      "mode": "managed",
      "type": "genesyscloud_user_roles",
      "name": "Workshoproles_user48",
      "provider": "provider[\"registry.terraform.io/mypurecloud/genesyscloud\"]",
      "instances": [
        {
          "schema_version": 1,
          "attributes": {
            "id": "9b1d6319-31dd-4dbf-89a5-ea712e14cf5e",
            "roles": [
              {
                "division_ids": [
                  "f2777e89-ef43-44f2-a570-e883729854ea"
                ],
                "role_id": "05c2fe4c-0312-4598-8148-a96eb2c15b5d"
              },
              {
                "division_ids": [
                  "f2777e89-ef43-44f2-a570-e883729854ea"
                ],
                "role_id": "380f8746-2e13-46d2-b91d-411cd8595468"
              },
              {
                "division_ids": [
                  "f2777e89-ef43-44f2-a570-e883729854ea"
                ],
                "role_id": "8fd2b585-45c8-43a8-a378-882d923b4dac"
              },
              {
                "division_ids": [
                  "f2777e89-ef43-44f2-a570-e883729854ea"
                ],
                "role_id": "b746f6cf-573e-4354-9276-265d66cb816e"
              },
              {
                "division_ids": [
                  "f2777e89-ef43-44f2-a570-e883729854ea"
                ],
                "role_id": "d40e93b6-a0c4-48f0-907f-1939a5c05f99"
              },
              {
                "division_ids": [
                  "f2777e89-ef43-44f2-a570-e883729854ea"
                ],
                "role_id": "dd8950a6-1e3c-46e1-b774-ab0f50a5ecb2"
              },
              {
                "division_ids": [
                  "f2777e89-ef43-44f2-a570-e883729854ea"
                ],
                "role_id": "ec850d7b-d45e-4e1c-a419-1cd3fc771649"
              }
            ],
            "user_id": "9b1d6319-31dd-4dbf-89a5-ea712e14cf5e"
          },
          "sensitive_attributes": [],
          "private": "eyJzY2hlbWFfdmVyc2lvbiI6IjEifQ==",
          "dependencies": [
            "data.genesyscloud_auth_role.AgentAssist",
            "data.genesyscloud_auth_role.Developer",
            "data.genesyscloud_auth_role.GenesysCloudVoiceAdmin",
            "data.genesyscloud_auth_role.MasterAdmin",
            "data.genesyscloud_auth_role.Terraform_user",
            "data.genesyscloud_auth_role.admin",
            "data.genesyscloud_auth_role.employee",
            "data.genesyscloud_routing_skill.z48",
            "genesyscloud_user.Workshop_user48"
          ]
        }
      ]
    },
    {
      "mode": "managed",
      "type": "genesyscloud_user_roles",
      "name": "Workshoproles_user49",
      "provider": "provider[\"registry.terraform.io/mypurecloud/genesyscloud\"]",
      "instances": [
        {
          "schema_version": 1,
          "attributes": {
            "id": "7fb4f840-cb7a-4aa8-b338-01428b61a67a",
            "roles": [
              {
                "division_ids": [
                  "f2777e89-ef43-44f2-a570-e883729854ea"
                ],
                "role_id": "05c2fe4c-0312-4598-8148-a96eb2c15b5d"
              },
              {
                "division_ids": [
                  "f2777e89-ef43-44f2-a570-e883729854ea"
                ],
                "role_id": "380f8746-2e13-46d2-b91d-411cd8595468"
              },
              {
                "division_ids": [
                  "f2777e89-ef43-44f2-a570-e883729854ea"
                ],
                "role_id": "8fd2b585-45c8-43a8-a378-882d923b4dac"
              },
              {
                "division_ids": [
                  "f2777e89-ef43-44f2-a570-e883729854ea"
                ],
                "role_id": "b746f6cf-573e-4354-9276-265d66cb816e"
              },
              {
                "division_ids": [
                  "f2777e89-ef43-44f2-a570-e883729854ea"
                ],
                "role_id": "d40e93b6-a0c4-48f0-907f-1939a5c05f99"
              },
              {
                "division_ids": [
                  "f2777e89-ef43-44f2-a570-e883729854ea"
                ],
                "role_id": "dd8950a6-1e3c-46e1-b774-ab0f50a5ecb2"
              },
              {
                "division_ids": [
                  "f2777e89-ef43-44f2-a570-e883729854ea"
                ],
                "role_id": "ec850d7b-d45e-4e1c-a419-1cd3fc771649"
              }
            ],
            "user_id": "7fb4f840-cb7a-4aa8-b338-01428b61a67a"
          },
          "sensitive_attributes": [],
          "private": "eyJzY2hlbWFfdmVyc2lvbiI6IjEifQ==",
          "dependencies": [
            "data.genesyscloud_auth_role.AgentAssist",
            "data.genesyscloud_auth_role.Developer",
            "data.genesyscloud_auth_role.GenesysCloudVoiceAdmin",
            "data.genesyscloud_auth_role.MasterAdmin",
            "data.genesyscloud_auth_role.Terraform_user",
            "data.genesyscloud_auth_role.admin",
            "data.genesyscloud_auth_role.employee",
            "data.genesyscloud_routing_skill.z49",
            "genesyscloud_user.Workshop_user49"
          ]
        }
      ]
    },
    {
      "mode": "managed",
      "type": "genesyscloud_user_roles",
      "name": "Workshoproles_user5",
      "provider": "provider[\"registry.terraform.io/mypurecloud/genesyscloud\"]",
      "instances": [
        {
          "schema_version": 1,
          "attributes": {
            "id": "b2a96d1b-0a03-4ca6-bec9-63d85b404803",
            "roles": [
              {
                "division_ids": [
                  "f2777e89-ef43-44f2-a570-e883729854ea"
                ],
                "role_id": "05c2fe4c-0312-4598-8148-a96eb2c15b5d"
              },
              {
                "division_ids": [
                  "f2777e89-ef43-44f2-a570-e883729854ea"
                ],
                "role_id": "380f8746-2e13-46d2-b91d-411cd8595468"
              },
              {
                "division_ids": [
                  "f2777e89-ef43-44f2-a570-e883729854ea"
                ],
                "role_id": "8fd2b585-45c8-43a8-a378-882d923b4dac"
              },
              {
                "division_ids": [
                  "f2777e89-ef43-44f2-a570-e883729854ea"
                ],
                "role_id": "b746f6cf-573e-4354-9276-265d66cb816e"
              },
              {
                "division_ids": [
                  "f2777e89-ef43-44f2-a570-e883729854ea"
                ],
                "role_id": "d40e93b6-a0c4-48f0-907f-1939a5c05f99"
              },
              {
                "division_ids": [
                  "f2777e89-ef43-44f2-a570-e883729854ea"
                ],
                "role_id": "dd8950a6-1e3c-46e1-b774-ab0f50a5ecb2"
              },
              {
                "division_ids": [
                  "f2777e89-ef43-44f2-a570-e883729854ea"
                ],
                "role_id": "ec850d7b-d45e-4e1c-a419-1cd3fc771649"
              }
            ],
            "user_id": "b2a96d1b-0a03-4ca6-bec9-63d85b404803"
          },
          "sensitive_attributes": [],
          "private": "eyJzY2hlbWFfdmVyc2lvbiI6IjEifQ==",
          "dependencies": [
            "data.genesyscloud_auth_role.AgentAssist",
            "data.genesyscloud_auth_role.Developer",
            "data.genesyscloud_auth_role.GenesysCloudVoiceAdmin",
            "data.genesyscloud_auth_role.MasterAdmin",
            "data.genesyscloud_auth_role.Terraform_user",
            "data.genesyscloud_auth_role.admin",
            "data.genesyscloud_auth_role.employee",
            "data.genesyscloud_routing_skill.z5",
            "genesyscloud_user.Workshop_user5"
          ]
        }
      ]
    },
    {
      "mode": "managed",
      "type": "genesyscloud_user_roles",
      "name": "Workshoproles_user50",
      "provider": "provider[\"registry.terraform.io/mypurecloud/genesyscloud\"]",
      "instances": [
        {
          "schema_version": 1,
          "attributes": {
            "id": "650bc14f-e21c-4df7-b6e7-2bf92eea237e",
            "roles": [
              {
                "division_ids": [
                  "f2777e89-ef43-44f2-a570-e883729854ea"
                ],
                "role_id": "05c2fe4c-0312-4598-8148-a96eb2c15b5d"
              },
              {
                "division_ids": [
                  "f2777e89-ef43-44f2-a570-e883729854ea"
                ],
                "role_id": "380f8746-2e13-46d2-b91d-411cd8595468"
              },
              {
                "division_ids": [
                  "f2777e89-ef43-44f2-a570-e883729854ea"
                ],
                "role_id": "8fd2b585-45c8-43a8-a378-882d923b4dac"
              },
              {
                "division_ids": [
                  "f2777e89-ef43-44f2-a570-e883729854ea"
                ],
                "role_id": "b746f6cf-573e-4354-9276-265d66cb816e"
              },
              {
                "division_ids": [
                  "f2777e89-ef43-44f2-a570-e883729854ea"
                ],
                "role_id": "d40e93b6-a0c4-48f0-907f-1939a5c05f99"
              },
              {
                "division_ids": [
                  "f2777e89-ef43-44f2-a570-e883729854ea"
                ],
                "role_id": "dd8950a6-1e3c-46e1-b774-ab0f50a5ecb2"
              },
              {
                "division_ids": [
                  "f2777e89-ef43-44f2-a570-e883729854ea"
                ],
                "role_id": "ec850d7b-d45e-4e1c-a419-1cd3fc771649"
              }
            ],
            "user_id": "650bc14f-e21c-4df7-b6e7-2bf92eea237e"
          },
          "sensitive_attributes": [],
          "private": "eyJzY2hlbWFfdmVyc2lvbiI6IjEifQ==",
          "dependencies": [
            "data.genesyscloud_auth_role.AgentAssist",
            "data.genesyscloud_auth_role.Developer",
            "data.genesyscloud_auth_role.GenesysCloudVoiceAdmin",
            "data.genesyscloud_auth_role.MasterAdmin",
            "data.genesyscloud_auth_role.Terraform_user",
            "data.genesyscloud_auth_role.admin",
            "data.genesyscloud_auth_role.employee",
            "data.genesyscloud_routing_skill.z50",
            "genesyscloud_user.Workshop_user50"
          ]
        }
      ]
    },
    {
      "mode": "managed",
      "type": "genesyscloud_user_roles",
      "name": "Workshoproles_user51",
      "provider": "provider[\"registry.terraform.io/mypurecloud/genesyscloud\"]",
      "instances": [
        {
          "schema_version": 1,
          "attributes": {
            "id": "7e751fcc-6b1d-4811-92d0-59e8f36b2628",
            "roles": [
              {
                "division_ids": [
                  "f2777e89-ef43-44f2-a570-e883729854ea"
                ],
                "role_id": "05c2fe4c-0312-4598-8148-a96eb2c15b5d"
              },
              {
                "division_ids": [
                  "f2777e89-ef43-44f2-a570-e883729854ea"
                ],
                "role_id": "380f8746-2e13-46d2-b91d-411cd8595468"
              },
              {
                "division_ids": [
                  "f2777e89-ef43-44f2-a570-e883729854ea"
                ],
                "role_id": "8fd2b585-45c8-43a8-a378-882d923b4dac"
              },
              {
                "division_ids": [
                  "f2777e89-ef43-44f2-a570-e883729854ea"
                ],
                "role_id": "b746f6cf-573e-4354-9276-265d66cb816e"
              },
              {
                "division_ids": [
                  "f2777e89-ef43-44f2-a570-e883729854ea"
                ],
                "role_id": "d40e93b6-a0c4-48f0-907f-1939a5c05f99"
              },
              {
                "division_ids": [
                  "f2777e89-ef43-44f2-a570-e883729854ea"
                ],
                "role_id": "dd8950a6-1e3c-46e1-b774-ab0f50a5ecb2"
              },
              {
                "division_ids": [
                  "f2777e89-ef43-44f2-a570-e883729854ea"
                ],
                "role_id": "ec850d7b-d45e-4e1c-a419-1cd3fc771649"
              }
            ],
            "user_id": "7e751fcc-6b1d-4811-92d0-59e8f36b2628"
          },
          "sensitive_attributes": [],
          "private": "eyJzY2hlbWFfdmVyc2lvbiI6IjEifQ==",
          "dependencies": [
            "data.genesyscloud_auth_role.AgentAssist",
            "data.genesyscloud_auth_role.Developer",
            "data.genesyscloud_auth_role.GenesysCloudVoiceAdmin",
            "data.genesyscloud_auth_role.MasterAdmin",
            "data.genesyscloud_auth_role.Terraform_user",
            "data.genesyscloud_auth_role.admin",
            "data.genesyscloud_auth_role.employee",
            "data.genesyscloud_routing_skill.z51",
            "genesyscloud_user.Workshop_user51"
          ]
        }
      ]
    },
    {
      "mode": "managed",
      "type": "genesyscloud_user_roles",
      "name": "Workshoproles_user52",
      "provider": "provider[\"registry.terraform.io/mypurecloud/genesyscloud\"]",
      "instances": [
        {
          "schema_version": 1,
          "attributes": {
            "id": "c51a3ff8-0195-4f38-a1f0-b6dc6853d640",
            "roles": [
              {
                "division_ids": [
                  "f2777e89-ef43-44f2-a570-e883729854ea"
                ],
                "role_id": "05c2fe4c-0312-4598-8148-a96eb2c15b5d"
              },
              {
                "division_ids": [
                  "f2777e89-ef43-44f2-a570-e883729854ea"
                ],
                "role_id": "380f8746-2e13-46d2-b91d-411cd8595468"
              },
              {
                "division_ids": [
                  "f2777e89-ef43-44f2-a570-e883729854ea"
                ],
                "role_id": "8fd2b585-45c8-43a8-a378-882d923b4dac"
              },
              {
                "division_ids": [
                  "f2777e89-ef43-44f2-a570-e883729854ea"
                ],
                "role_id": "b746f6cf-573e-4354-9276-265d66cb816e"
              },
              {
                "division_ids": [
                  "f2777e89-ef43-44f2-a570-e883729854ea"
                ],
                "role_id": "d40e93b6-a0c4-48f0-907f-1939a5c05f99"
              },
              {
                "division_ids": [
                  "f2777e89-ef43-44f2-a570-e883729854ea"
                ],
                "role_id": "dd8950a6-1e3c-46e1-b774-ab0f50a5ecb2"
              },
              {
                "division_ids": [
                  "f2777e89-ef43-44f2-a570-e883729854ea"
                ],
                "role_id": "ec850d7b-d45e-4e1c-a419-1cd3fc771649"
              }
            ],
            "user_id": "c51a3ff8-0195-4f38-a1f0-b6dc6853d640"
          },
          "sensitive_attributes": [],
          "private": "eyJzY2hlbWFfdmVyc2lvbiI6IjEifQ==",
          "dependencies": [
            "data.genesyscloud_auth_role.AgentAssist",
            "data.genesyscloud_auth_role.Developer",
            "data.genesyscloud_auth_role.GenesysCloudVoiceAdmin",
            "data.genesyscloud_auth_role.MasterAdmin",
            "data.genesyscloud_auth_role.Terraform_user",
            "data.genesyscloud_auth_role.admin",
            "data.genesyscloud_auth_role.employee",
            "data.genesyscloud_routing_skill.z52",
            "genesyscloud_user.Workshop_user52"
          ]
        }
      ]
    },
    {
      "mode": "managed",
      "type": "genesyscloud_user_roles",
      "name": "Workshoproles_user53",
      "provider": "provider[\"registry.terraform.io/mypurecloud/genesyscloud\"]",
      "instances": [
        {
          "schema_version": 1,
          "attributes": {
            "id": "ba6e8b8f-1614-4b1f-8bf1-0a554072b726",
            "roles": [
              {
                "division_ids": [
                  "f2777e89-ef43-44f2-a570-e883729854ea"
                ],
                "role_id": "05c2fe4c-0312-4598-8148-a96eb2c15b5d"
              },
              {
                "division_ids": [
                  "f2777e89-ef43-44f2-a570-e883729854ea"
                ],
                "role_id": "380f8746-2e13-46d2-b91d-411cd8595468"
              },
              {
                "division_ids": [
                  "f2777e89-ef43-44f2-a570-e883729854ea"
                ],
                "role_id": "8fd2b585-45c8-43a8-a378-882d923b4dac"
              },
              {
                "division_ids": [
                  "f2777e89-ef43-44f2-a570-e883729854ea"
                ],
                "role_id": "b746f6cf-573e-4354-9276-265d66cb816e"
              },
              {
                "division_ids": [
                  "f2777e89-ef43-44f2-a570-e883729854ea"
                ],
                "role_id": "d40e93b6-a0c4-48f0-907f-1939a5c05f99"
              },
              {
                "division_ids": [
                  "f2777e89-ef43-44f2-a570-e883729854ea"
                ],
                "role_id": "dd8950a6-1e3c-46e1-b774-ab0f50a5ecb2"
              },
              {
                "division_ids": [
                  "f2777e89-ef43-44f2-a570-e883729854ea"
                ],
                "role_id": "ec850d7b-d45e-4e1c-a419-1cd3fc771649"
              }
            ],
            "user_id": "ba6e8b8f-1614-4b1f-8bf1-0a554072b726"
          },
          "sensitive_attributes": [],
          "private": "eyJzY2hlbWFfdmVyc2lvbiI6IjEifQ==",
          "dependencies": [
            "data.genesyscloud_auth_role.AgentAssist",
            "data.genesyscloud_auth_role.Developer",
            "data.genesyscloud_auth_role.GenesysCloudVoiceAdmin",
            "data.genesyscloud_auth_role.MasterAdmin",
            "data.genesyscloud_auth_role.Terraform_user",
            "data.genesyscloud_auth_role.admin",
            "data.genesyscloud_auth_role.employee",
            "data.genesyscloud_routing_skill.z53",
            "genesyscloud_user.Workshop_user53"
          ]
        }
      ]
    },
    {
      "mode": "managed",
      "type": "genesyscloud_user_roles",
      "name": "Workshoproles_user54",
      "provider": "provider[\"registry.terraform.io/mypurecloud/genesyscloud\"]",
      "instances": [
        {
          "schema_version": 1,
          "attributes": {
            "id": "e8bada1f-be25-4634-97a1-6c400eabc49c",
            "roles": [
              {
                "division_ids": [
                  "f2777e89-ef43-44f2-a570-e883729854ea"
                ],
                "role_id": "05c2fe4c-0312-4598-8148-a96eb2c15b5d"
              },
              {
                "division_ids": [
                  "f2777e89-ef43-44f2-a570-e883729854ea"
                ],
                "role_id": "380f8746-2e13-46d2-b91d-411cd8595468"
              },
              {
                "division_ids": [
                  "f2777e89-ef43-44f2-a570-e883729854ea"
                ],
                "role_id": "8fd2b585-45c8-43a8-a378-882d923b4dac"
              },
              {
                "division_ids": [
                  "f2777e89-ef43-44f2-a570-e883729854ea"
                ],
                "role_id": "b746f6cf-573e-4354-9276-265d66cb816e"
              },
              {
                "division_ids": [
                  "f2777e89-ef43-44f2-a570-e883729854ea"
                ],
                "role_id": "d40e93b6-a0c4-48f0-907f-1939a5c05f99"
              },
              {
                "division_ids": [
                  "f2777e89-ef43-44f2-a570-e883729854ea"
                ],
                "role_id": "dd8950a6-1e3c-46e1-b774-ab0f50a5ecb2"
              },
              {
                "division_ids": [
                  "f2777e89-ef43-44f2-a570-e883729854ea"
                ],
                "role_id": "ec850d7b-d45e-4e1c-a419-1cd3fc771649"
              }
            ],
            "user_id": "e8bada1f-be25-4634-97a1-6c400eabc49c"
          },
          "sensitive_attributes": [],
          "private": "eyJzY2hlbWFfdmVyc2lvbiI6IjEifQ==",
          "dependencies": [
            "data.genesyscloud_auth_role.AgentAssist",
            "data.genesyscloud_auth_role.Developer",
            "data.genesyscloud_auth_role.GenesysCloudVoiceAdmin",
            "data.genesyscloud_auth_role.MasterAdmin",
            "data.genesyscloud_auth_role.Terraform_user",
            "data.genesyscloud_auth_role.admin",
            "data.genesyscloud_auth_role.employee",
            "data.genesyscloud_routing_skill.z54",
            "genesyscloud_user.Workshop_user54"
          ]
        }
      ]
    },
    {
      "mode": "managed",
      "type": "genesyscloud_user_roles",
      "name": "Workshoproles_user55",
      "provider": "provider[\"registry.terraform.io/mypurecloud/genesyscloud\"]",
      "instances": [
        {
          "schema_version": 1,
          "attributes": {
            "id": "09fadb37-d442-410f-b14a-51c137db21cc",
            "roles": [
              {
                "division_ids": [
                  "f2777e89-ef43-44f2-a570-e883729854ea"
                ],
                "role_id": "05c2fe4c-0312-4598-8148-a96eb2c15b5d"
              },
              {
                "division_ids": [
                  "f2777e89-ef43-44f2-a570-e883729854ea"
                ],
                "role_id": "380f8746-2e13-46d2-b91d-411cd8595468"
              },
              {
                "division_ids": [
                  "f2777e89-ef43-44f2-a570-e883729854ea"
                ],
                "role_id": "8fd2b585-45c8-43a8-a378-882d923b4dac"
              },
              {
                "division_ids": [
                  "f2777e89-ef43-44f2-a570-e883729854ea"
                ],
                "role_id": "b746f6cf-573e-4354-9276-265d66cb816e"
              },
              {
                "division_ids": [
                  "f2777e89-ef43-44f2-a570-e883729854ea"
                ],
                "role_id": "d40e93b6-a0c4-48f0-907f-1939a5c05f99"
              },
              {
                "division_ids": [
                  "f2777e89-ef43-44f2-a570-e883729854ea"
                ],
                "role_id": "dd8950a6-1e3c-46e1-b774-ab0f50a5ecb2"
              },
              {
                "division_ids": [
                  "f2777e89-ef43-44f2-a570-e883729854ea"
                ],
                "role_id": "ec850d7b-d45e-4e1c-a419-1cd3fc771649"
              }
            ],
            "user_id": "09fadb37-d442-410f-b14a-51c137db21cc"
          },
          "sensitive_attributes": [],
          "private": "eyJzY2hlbWFfdmVyc2lvbiI6IjEifQ==",
          "dependencies": [
            "data.genesyscloud_auth_role.AgentAssist",
            "data.genesyscloud_auth_role.Developer",
            "data.genesyscloud_auth_role.GenesysCloudVoiceAdmin",
            "data.genesyscloud_auth_role.MasterAdmin",
            "data.genesyscloud_auth_role.Terraform_user",
            "data.genesyscloud_auth_role.admin",
            "data.genesyscloud_auth_role.employee",
            "data.genesyscloud_routing_skill.z55",
            "genesyscloud_user.Workshop_user55"
          ]
        }
      ]
    },
    {
      "mode": "managed",
      "type": "genesyscloud_user_roles",
      "name": "Workshoproles_user56",
      "provider": "provider[\"registry.terraform.io/mypurecloud/genesyscloud\"]",
      "instances": [
        {
          "schema_version": 1,
          "attributes": {
            "id": "b750122f-50e1-4efb-9162-480f772a55d5",
            "roles": [
              {
                "division_ids": [
                  "f2777e89-ef43-44f2-a570-e883729854ea"
                ],
                "role_id": "05c2fe4c-0312-4598-8148-a96eb2c15b5d"
              },
              {
                "division_ids": [
                  "f2777e89-ef43-44f2-a570-e883729854ea"
                ],
                "role_id": "380f8746-2e13-46d2-b91d-411cd8595468"
              },
              {
                "division_ids": [
                  "f2777e89-ef43-44f2-a570-e883729854ea"
                ],
                "role_id": "8fd2b585-45c8-43a8-a378-882d923b4dac"
              },
              {
                "division_ids": [
                  "f2777e89-ef43-44f2-a570-e883729854ea"
                ],
                "role_id": "b746f6cf-573e-4354-9276-265d66cb816e"
              },
              {
                "division_ids": [
                  "f2777e89-ef43-44f2-a570-e883729854ea"
                ],
                "role_id": "d40e93b6-a0c4-48f0-907f-1939a5c05f99"
              },
              {
                "division_ids": [
                  "f2777e89-ef43-44f2-a570-e883729854ea"
                ],
                "role_id": "dd8950a6-1e3c-46e1-b774-ab0f50a5ecb2"
              },
              {
                "division_ids": [
                  "f2777e89-ef43-44f2-a570-e883729854ea"
                ],
                "role_id": "ec850d7b-d45e-4e1c-a419-1cd3fc771649"
              }
            ],
            "user_id": "b750122f-50e1-4efb-9162-480f772a55d5"
          },
          "sensitive_attributes": [],
          "private": "eyJzY2hlbWFfdmVyc2lvbiI6IjEifQ==",
          "dependencies": [
            "data.genesyscloud_auth_role.AgentAssist",
            "data.genesyscloud_auth_role.Developer",
            "data.genesyscloud_auth_role.GenesysCloudVoiceAdmin",
            "data.genesyscloud_auth_role.MasterAdmin",
            "data.genesyscloud_auth_role.Terraform_user",
            "data.genesyscloud_auth_role.admin",
            "data.genesyscloud_auth_role.employee",
            "data.genesyscloud_routing_skill.z56",
            "genesyscloud_user.Workshop_user56"
          ]
        }
      ]
    },
    {
      "mode": "managed",
      "type": "genesyscloud_user_roles",
      "name": "Workshoproles_user57",
      "provider": "provider[\"registry.terraform.io/mypurecloud/genesyscloud\"]",
      "instances": [
        {
          "schema_version": 1,
          "attributes": {
            "id": "830f2666-5dd1-428c-97fa-33885f05681d",
            "roles": [
              {
                "division_ids": [
                  "f2777e89-ef43-44f2-a570-e883729854ea"
                ],
                "role_id": "05c2fe4c-0312-4598-8148-a96eb2c15b5d"
              },
              {
                "division_ids": [
                  "f2777e89-ef43-44f2-a570-e883729854ea"
                ],
                "role_id": "380f8746-2e13-46d2-b91d-411cd8595468"
              },
              {
                "division_ids": [
                  "f2777e89-ef43-44f2-a570-e883729854ea"
                ],
                "role_id": "8fd2b585-45c8-43a8-a378-882d923b4dac"
              },
              {
                "division_ids": [
                  "f2777e89-ef43-44f2-a570-e883729854ea"
                ],
                "role_id": "b746f6cf-573e-4354-9276-265d66cb816e"
              },
              {
                "division_ids": [
                  "f2777e89-ef43-44f2-a570-e883729854ea"
                ],
                "role_id": "d40e93b6-a0c4-48f0-907f-1939a5c05f99"
              },
              {
                "division_ids": [
                  "f2777e89-ef43-44f2-a570-e883729854ea"
                ],
                "role_id": "dd8950a6-1e3c-46e1-b774-ab0f50a5ecb2"
              },
              {
                "division_ids": [
                  "f2777e89-ef43-44f2-a570-e883729854ea"
                ],
                "role_id": "ec850d7b-d45e-4e1c-a419-1cd3fc771649"
              }
            ],
            "user_id": "830f2666-5dd1-428c-97fa-33885f05681d"
          },
          "sensitive_attributes": [],
          "private": "eyJzY2hlbWFfdmVyc2lvbiI6IjEifQ==",
          "dependencies": [
            "data.genesyscloud_auth_role.AgentAssist",
            "data.genesyscloud_auth_role.Developer",
            "data.genesyscloud_auth_role.GenesysCloudVoiceAdmin",
            "data.genesyscloud_auth_role.MasterAdmin",
            "data.genesyscloud_auth_role.Terraform_user",
            "data.genesyscloud_auth_role.admin",
            "data.genesyscloud_auth_role.employee",
            "data.genesyscloud_routing_skill.z57",
            "genesyscloud_user.Workshop_user57"
          ]
        }
      ]
    },
    {
      "mode": "managed",
      "type": "genesyscloud_user_roles",
      "name": "Workshoproles_user58",
      "provider": "provider[\"registry.terraform.io/mypurecloud/genesyscloud\"]",
      "instances": [
        {
          "schema_version": 1,
          "attributes": {
            "id": "fe2fa049-55b9-47a1-b106-a78713f6ab01",
            "roles": [
              {
                "division_ids": [
                  "f2777e89-ef43-44f2-a570-e883729854ea"
                ],
                "role_id": "05c2fe4c-0312-4598-8148-a96eb2c15b5d"
              },
              {
                "division_ids": [
                  "f2777e89-ef43-44f2-a570-e883729854ea"
                ],
                "role_id": "380f8746-2e13-46d2-b91d-411cd8595468"
              },
              {
                "division_ids": [
                  "f2777e89-ef43-44f2-a570-e883729854ea"
                ],
                "role_id": "8fd2b585-45c8-43a8-a378-882d923b4dac"
              },
              {
                "division_ids": [
                  "f2777e89-ef43-44f2-a570-e883729854ea"
                ],
                "role_id": "b746f6cf-573e-4354-9276-265d66cb816e"
              },
              {
                "division_ids": [
                  "f2777e89-ef43-44f2-a570-e883729854ea"
                ],
                "role_id": "d40e93b6-a0c4-48f0-907f-1939a5c05f99"
              },
              {
                "division_ids": [
                  "f2777e89-ef43-44f2-a570-e883729854ea"
                ],
                "role_id": "dd8950a6-1e3c-46e1-b774-ab0f50a5ecb2"
              },
              {
                "division_ids": [
                  "f2777e89-ef43-44f2-a570-e883729854ea"
                ],
                "role_id": "ec850d7b-d45e-4e1c-a419-1cd3fc771649"
              }
            ],
            "user_id": "fe2fa049-55b9-47a1-b106-a78713f6ab01"
          },
          "sensitive_attributes": [],
          "private": "eyJzY2hlbWFfdmVyc2lvbiI6IjEifQ==",
          "dependencies": [
            "data.genesyscloud_auth_role.AgentAssist",
            "data.genesyscloud_auth_role.Developer",
            "data.genesyscloud_auth_role.GenesysCloudVoiceAdmin",
            "data.genesyscloud_auth_role.MasterAdmin",
            "data.genesyscloud_auth_role.Terraform_user",
            "data.genesyscloud_auth_role.admin",
            "data.genesyscloud_auth_role.employee",
            "data.genesyscloud_routing_skill.z58",
            "genesyscloud_user.Workshop_user58"
          ]
        }
      ]
    },
    {
      "mode": "managed",
      "type": "genesyscloud_user_roles",
      "name": "Workshoproles_user59",
      "provider": "provider[\"registry.terraform.io/mypurecloud/genesyscloud\"]",
      "instances": [
        {
          "schema_version": 1,
          "attributes": {
            "id": "4e9fdc90-f84d-47ca-9516-e7ddf5802176",
            "roles": [
              {
                "division_ids": [
                  "f2777e89-ef43-44f2-a570-e883729854ea"
                ],
                "role_id": "05c2fe4c-0312-4598-8148-a96eb2c15b5d"
              },
              {
                "division_ids": [
                  "f2777e89-ef43-44f2-a570-e883729854ea"
                ],
                "role_id": "380f8746-2e13-46d2-b91d-411cd8595468"
              },
              {
                "division_ids": [
                  "f2777e89-ef43-44f2-a570-e883729854ea"
                ],
                "role_id": "8fd2b585-45c8-43a8-a378-882d923b4dac"
              },
              {
                "division_ids": [
                  "f2777e89-ef43-44f2-a570-e883729854ea"
                ],
                "role_id": "b746f6cf-573e-4354-9276-265d66cb816e"
              },
              {
                "division_ids": [
                  "f2777e89-ef43-44f2-a570-e883729854ea"
                ],
                "role_id": "d40e93b6-a0c4-48f0-907f-1939a5c05f99"
              },
              {
                "division_ids": [
                  "f2777e89-ef43-44f2-a570-e883729854ea"
                ],
                "role_id": "dd8950a6-1e3c-46e1-b774-ab0f50a5ecb2"
              },
              {
                "division_ids": [
                  "f2777e89-ef43-44f2-a570-e883729854ea"
                ],
                "role_id": "ec850d7b-d45e-4e1c-a419-1cd3fc771649"
              }
            ],
            "user_id": "4e9fdc90-f84d-47ca-9516-e7ddf5802176"
          },
          "sensitive_attributes": [],
          "private": "eyJzY2hlbWFfdmVyc2lvbiI6IjEifQ==",
          "dependencies": [
            "data.genesyscloud_auth_role.AgentAssist",
            "data.genesyscloud_auth_role.Developer",
            "data.genesyscloud_auth_role.GenesysCloudVoiceAdmin",
            "data.genesyscloud_auth_role.MasterAdmin",
            "data.genesyscloud_auth_role.Terraform_user",
            "data.genesyscloud_auth_role.admin",
            "data.genesyscloud_auth_role.employee",
            "data.genesyscloud_routing_skill.z59",
            "genesyscloud_user.Workshop_user59"
          ]
        }
      ]
    },
    {
      "mode": "managed",
      "type": "genesyscloud_user_roles",
      "name": "Workshoproles_user6",
      "provider": "provider[\"registry.terraform.io/mypurecloud/genesyscloud\"]",
      "instances": [
        {
          "schema_version": 1,
          "attributes": {
            "id": "3a0c7e33-cf18-4180-8648-cc01829f281f",
            "roles": [
              {
                "division_ids": [
                  "f2777e89-ef43-44f2-a570-e883729854ea"
                ],
                "role_id": "05c2fe4c-0312-4598-8148-a96eb2c15b5d"
              },
              {
                "division_ids": [
                  "f2777e89-ef43-44f2-a570-e883729854ea"
                ],
                "role_id": "380f8746-2e13-46d2-b91d-411cd8595468"
              },
              {
                "division_ids": [
                  "f2777e89-ef43-44f2-a570-e883729854ea"
                ],
                "role_id": "8fd2b585-45c8-43a8-a378-882d923b4dac"
              },
              {
                "division_ids": [
                  "f2777e89-ef43-44f2-a570-e883729854ea"
                ],
                "role_id": "b746f6cf-573e-4354-9276-265d66cb816e"
              },
              {
                "division_ids": [
                  "f2777e89-ef43-44f2-a570-e883729854ea"
                ],
                "role_id": "d40e93b6-a0c4-48f0-907f-1939a5c05f99"
              },
              {
                "division_ids": [
                  "f2777e89-ef43-44f2-a570-e883729854ea"
                ],
                "role_id": "dd8950a6-1e3c-46e1-b774-ab0f50a5ecb2"
              },
              {
                "division_ids": [
                  "f2777e89-ef43-44f2-a570-e883729854ea"
                ],
                "role_id": "ec850d7b-d45e-4e1c-a419-1cd3fc771649"
              }
            ],
            "user_id": "3a0c7e33-cf18-4180-8648-cc01829f281f"
          },
          "sensitive_attributes": [],
          "private": "eyJzY2hlbWFfdmVyc2lvbiI6IjEifQ==",
          "dependencies": [
            "data.genesyscloud_auth_role.AgentAssist",
            "data.genesyscloud_auth_role.Developer",
            "data.genesyscloud_auth_role.GenesysCloudVoiceAdmin",
            "data.genesyscloud_auth_role.MasterAdmin",
            "data.genesyscloud_auth_role.Terraform_user",
            "data.genesyscloud_auth_role.admin",
            "data.genesyscloud_auth_role.employee",
            "data.genesyscloud_routing_skill.z6",
            "genesyscloud_user.Workshop_user6"
          ]
        }
      ]
    },
    {
      "mode": "managed",
      "type": "genesyscloud_user_roles",
      "name": "Workshoproles_user60",
      "provider": "provider[\"registry.terraform.io/mypurecloud/genesyscloud\"]",
      "instances": [
        {
          "schema_version": 1,
          "attributes": {
            "id": "a099cac5-98b0-4d23-852d-113d3fb5ec9f",
            "roles": [
              {
                "division_ids": [
                  "f2777e89-ef43-44f2-a570-e883729854ea"
                ],
                "role_id": "05c2fe4c-0312-4598-8148-a96eb2c15b5d"
              },
              {
                "division_ids": [
                  "f2777e89-ef43-44f2-a570-e883729854ea"
                ],
                "role_id": "380f8746-2e13-46d2-b91d-411cd8595468"
              },
              {
                "division_ids": [
                  "f2777e89-ef43-44f2-a570-e883729854ea"
                ],
                "role_id": "8fd2b585-45c8-43a8-a378-882d923b4dac"
              },
              {
                "division_ids": [
                  "f2777e89-ef43-44f2-a570-e883729854ea"
                ],
                "role_id": "b746f6cf-573e-4354-9276-265d66cb816e"
              },
              {
                "division_ids": [
                  "f2777e89-ef43-44f2-a570-e883729854ea"
                ],
                "role_id": "d40e93b6-a0c4-48f0-907f-1939a5c05f99"
              },
              {
                "division_ids": [
                  "f2777e89-ef43-44f2-a570-e883729854ea"
                ],
                "role_id": "dd8950a6-1e3c-46e1-b774-ab0f50a5ecb2"
              },
              {
                "division_ids": [
                  "f2777e89-ef43-44f2-a570-e883729854ea"
                ],
                "role_id": "ec850d7b-d45e-4e1c-a419-1cd3fc771649"
              }
            ],
            "user_id": "a099cac5-98b0-4d23-852d-113d3fb5ec9f"
          },
          "sensitive_attributes": [],
          "private": "eyJzY2hlbWFfdmVyc2lvbiI6IjEifQ==",
          "dependencies": [
            "data.genesyscloud_auth_role.AgentAssist",
            "data.genesyscloud_auth_role.Developer",
            "data.genesyscloud_auth_role.GenesysCloudVoiceAdmin",
            "data.genesyscloud_auth_role.MasterAdmin",
            "data.genesyscloud_auth_role.Terraform_user",
            "data.genesyscloud_auth_role.admin",
            "data.genesyscloud_auth_role.employee",
            "data.genesyscloud_routing_skill.z60",
            "genesyscloud_user.Workshop_user60"
          ]
        }
      ]
    },
    {
      "mode": "managed",
      "type": "genesyscloud_user_roles",
      "name": "Workshoproles_user61",
      "provider": "provider[\"registry.terraform.io/mypurecloud/genesyscloud\"]",
      "instances": [
        {
          "schema_version": 1,
          "attributes": {
            "id": "81dbf9da-4d6b-4440-a24c-09907a56f01a",
            "roles": [
              {
                "division_ids": [
                  "f2777e89-ef43-44f2-a570-e883729854ea"
                ],
                "role_id": "05c2fe4c-0312-4598-8148-a96eb2c15b5d"
              },
              {
                "division_ids": [
                  "f2777e89-ef43-44f2-a570-e883729854ea"
                ],
                "role_id": "380f8746-2e13-46d2-b91d-411cd8595468"
              },
              {
                "division_ids": [
                  "f2777e89-ef43-44f2-a570-e883729854ea"
                ],
                "role_id": "8fd2b585-45c8-43a8-a378-882d923b4dac"
              },
              {
                "division_ids": [
                  "f2777e89-ef43-44f2-a570-e883729854ea"
                ],
                "role_id": "b746f6cf-573e-4354-9276-265d66cb816e"
              },
              {
                "division_ids": [
                  "f2777e89-ef43-44f2-a570-e883729854ea"
                ],
                "role_id": "d40e93b6-a0c4-48f0-907f-1939a5c05f99"
              },
              {
                "division_ids": [
                  "f2777e89-ef43-44f2-a570-e883729854ea"
                ],
                "role_id": "dd8950a6-1e3c-46e1-b774-ab0f50a5ecb2"
              },
              {
                "division_ids": [
                  "f2777e89-ef43-44f2-a570-e883729854ea"
                ],
                "role_id": "ec850d7b-d45e-4e1c-a419-1cd3fc771649"
              }
            ],
            "user_id": "81dbf9da-4d6b-4440-a24c-09907a56f01a"
          },
          "sensitive_attributes": [],
          "private": "eyJzY2hlbWFfdmVyc2lvbiI6IjEifQ==",
          "dependencies": [
            "data.genesyscloud_auth_role.AgentAssist",
            "data.genesyscloud_auth_role.Developer",
            "data.genesyscloud_auth_role.GenesysCloudVoiceAdmin",
            "data.genesyscloud_auth_role.MasterAdmin",
            "data.genesyscloud_auth_role.Terraform_user",
            "data.genesyscloud_auth_role.admin",
            "data.genesyscloud_auth_role.employee",
            "data.genesyscloud_routing_skill.z61",
            "genesyscloud_user.Workshop_user61"
          ]
        }
      ]
    },
    {
      "mode": "managed",
      "type": "genesyscloud_user_roles",
      "name": "Workshoproles_user62",
      "provider": "provider[\"registry.terraform.io/mypurecloud/genesyscloud\"]",
      "instances": [
        {
          "schema_version": 1,
          "attributes": {
            "id": "c5d47520-9dcd-44b8-8d96-c36b12f654af",
            "roles": [
              {
                "division_ids": [
                  "f2777e89-ef43-44f2-a570-e883729854ea"
                ],
                "role_id": "05c2fe4c-0312-4598-8148-a96eb2c15b5d"
              },
              {
                "division_ids": [
                  "f2777e89-ef43-44f2-a570-e883729854ea"
                ],
                "role_id": "380f8746-2e13-46d2-b91d-411cd8595468"
              },
              {
                "division_ids": [
                  "f2777e89-ef43-44f2-a570-e883729854ea"
                ],
                "role_id": "8fd2b585-45c8-43a8-a378-882d923b4dac"
              },
              {
                "division_ids": [
                  "f2777e89-ef43-44f2-a570-e883729854ea"
                ],
                "role_id": "b746f6cf-573e-4354-9276-265d66cb816e"
              },
              {
                "division_ids": [
                  "f2777e89-ef43-44f2-a570-e883729854ea"
                ],
                "role_id": "d40e93b6-a0c4-48f0-907f-1939a5c05f99"
              },
              {
                "division_ids": [
                  "f2777e89-ef43-44f2-a570-e883729854ea"
                ],
                "role_id": "dd8950a6-1e3c-46e1-b774-ab0f50a5ecb2"
              },
              {
                "division_ids": [
                  "f2777e89-ef43-44f2-a570-e883729854ea"
                ],
                "role_id": "ec850d7b-d45e-4e1c-a419-1cd3fc771649"
              }
            ],
            "user_id": "c5d47520-9dcd-44b8-8d96-c36b12f654af"
          },
          "sensitive_attributes": [],
          "private": "eyJzY2hlbWFfdmVyc2lvbiI6IjEifQ==",
          "dependencies": [
            "data.genesyscloud_auth_role.AgentAssist",
            "data.genesyscloud_auth_role.Developer",
            "data.genesyscloud_auth_role.GenesysCloudVoiceAdmin",
            "data.genesyscloud_auth_role.MasterAdmin",
            "data.genesyscloud_auth_role.Terraform_user",
            "data.genesyscloud_auth_role.admin",
            "data.genesyscloud_auth_role.employee",
            "data.genesyscloud_routing_skill.z62",
            "genesyscloud_user.Workshop_user62"
          ]
        }
      ]
    },
    {
      "mode": "managed",
      "type": "genesyscloud_user_roles",
      "name": "Workshoproles_user63",
      "provider": "provider[\"registry.terraform.io/mypurecloud/genesyscloud\"]",
      "instances": [
        {
          "schema_version": 1,
          "attributes": {
            "id": "54be0a1c-5261-458c-b891-1ada2560eff3",
            "roles": [
              {
                "division_ids": [
                  "f2777e89-ef43-44f2-a570-e883729854ea"
                ],
                "role_id": "05c2fe4c-0312-4598-8148-a96eb2c15b5d"
              },
              {
                "division_ids": [
                  "f2777e89-ef43-44f2-a570-e883729854ea"
                ],
                "role_id": "380f8746-2e13-46d2-b91d-411cd8595468"
              },
              {
                "division_ids": [
                  "f2777e89-ef43-44f2-a570-e883729854ea"
                ],
                "role_id": "8fd2b585-45c8-43a8-a378-882d923b4dac"
              },
              {
                "division_ids": [
                  "f2777e89-ef43-44f2-a570-e883729854ea"
                ],
                "role_id": "b746f6cf-573e-4354-9276-265d66cb816e"
              },
              {
                "division_ids": [
                  "f2777e89-ef43-44f2-a570-e883729854ea"
                ],
                "role_id": "d40e93b6-a0c4-48f0-907f-1939a5c05f99"
              },
              {
                "division_ids": [
                  "f2777e89-ef43-44f2-a570-e883729854ea"
                ],
                "role_id": "dd8950a6-1e3c-46e1-b774-ab0f50a5ecb2"
              },
              {
                "division_ids": [
                  "f2777e89-ef43-44f2-a570-e883729854ea"
                ],
                "role_id": "ec850d7b-d45e-4e1c-a419-1cd3fc771649"
              }
            ],
            "user_id": "54be0a1c-5261-458c-b891-1ada2560eff3"
          },
          "sensitive_attributes": [],
          "private": "eyJzY2hlbWFfdmVyc2lvbiI6IjEifQ==",
          "dependencies": [
            "data.genesyscloud_auth_role.AgentAssist",
            "data.genesyscloud_auth_role.Developer",
            "data.genesyscloud_auth_role.GenesysCloudVoiceAdmin",
            "data.genesyscloud_auth_role.MasterAdmin",
            "data.genesyscloud_auth_role.Terraform_user",
            "data.genesyscloud_auth_role.admin",
            "data.genesyscloud_auth_role.employee",
            "data.genesyscloud_routing_skill.z63",
            "genesyscloud_user.Workshop_user63"
          ]
        }
      ]
    },
    {
      "mode": "managed",
      "type": "genesyscloud_user_roles",
      "name": "Workshoproles_user64",
      "provider": "provider[\"registry.terraform.io/mypurecloud/genesyscloud\"]",
      "instances": [
        {
          "schema_version": 1,
          "attributes": {
            "id": "3b318a3b-82f1-4410-a792-3a015ead6835",
            "roles": [
              {
                "division_ids": [
                  "f2777e89-ef43-44f2-a570-e883729854ea"
                ],
                "role_id": "05c2fe4c-0312-4598-8148-a96eb2c15b5d"
              },
              {
                "division_ids": [
                  "f2777e89-ef43-44f2-a570-e883729854ea"
                ],
                "role_id": "380f8746-2e13-46d2-b91d-411cd8595468"
              },
              {
                "division_ids": [
                  "f2777e89-ef43-44f2-a570-e883729854ea"
                ],
                "role_id": "8fd2b585-45c8-43a8-a378-882d923b4dac"
              },
              {
                "division_ids": [
                  "f2777e89-ef43-44f2-a570-e883729854ea"
                ],
                "role_id": "b746f6cf-573e-4354-9276-265d66cb816e"
              },
              {
                "division_ids": [
                  "f2777e89-ef43-44f2-a570-e883729854ea"
                ],
                "role_id": "d40e93b6-a0c4-48f0-907f-1939a5c05f99"
              },
              {
                "division_ids": [
                  "f2777e89-ef43-44f2-a570-e883729854ea"
                ],
                "role_id": "dd8950a6-1e3c-46e1-b774-ab0f50a5ecb2"
              },
              {
                "division_ids": [
                  "f2777e89-ef43-44f2-a570-e883729854ea"
                ],
                "role_id": "ec850d7b-d45e-4e1c-a419-1cd3fc771649"
              }
            ],
            "user_id": "3b318a3b-82f1-4410-a792-3a015ead6835"
          },
          "sensitive_attributes": [],
          "private": "eyJzY2hlbWFfdmVyc2lvbiI6IjEifQ==",
          "dependencies": [
            "data.genesyscloud_auth_role.AgentAssist",
            "data.genesyscloud_auth_role.Developer",
            "data.genesyscloud_auth_role.GenesysCloudVoiceAdmin",
            "data.genesyscloud_auth_role.MasterAdmin",
            "data.genesyscloud_auth_role.Terraform_user",
            "data.genesyscloud_auth_role.admin",
            "data.genesyscloud_auth_role.employee",
            "data.genesyscloud_routing_skill.z64",
            "genesyscloud_user.Workshop_user64"
          ]
        }
      ]
    },
    {
      "mode": "managed",
      "type": "genesyscloud_user_roles",
      "name": "Workshoproles_user65",
      "provider": "provider[\"registry.terraform.io/mypurecloud/genesyscloud\"]",
      "instances": [
        {
          "schema_version": 1,
          "attributes": {
            "id": "5055f509-c418-4757-89f2-215bd7324b5c",
            "roles": [
              {
                "division_ids": [
                  "f2777e89-ef43-44f2-a570-e883729854ea"
                ],
                "role_id": "05c2fe4c-0312-4598-8148-a96eb2c15b5d"
              },
              {
                "division_ids": [
                  "f2777e89-ef43-44f2-a570-e883729854ea"
                ],
                "role_id": "380f8746-2e13-46d2-b91d-411cd8595468"
              },
              {
                "division_ids": [
                  "f2777e89-ef43-44f2-a570-e883729854ea"
                ],
                "role_id": "8fd2b585-45c8-43a8-a378-882d923b4dac"
              },
              {
                "division_ids": [
                  "f2777e89-ef43-44f2-a570-e883729854ea"
                ],
                "role_id": "b746f6cf-573e-4354-9276-265d66cb816e"
              },
              {
                "division_ids": [
                  "f2777e89-ef43-44f2-a570-e883729854ea"
                ],
                "role_id": "d40e93b6-a0c4-48f0-907f-1939a5c05f99"
              },
              {
                "division_ids": [
                  "f2777e89-ef43-44f2-a570-e883729854ea"
                ],
                "role_id": "dd8950a6-1e3c-46e1-b774-ab0f50a5ecb2"
              },
              {
                "division_ids": [
                  "f2777e89-ef43-44f2-a570-e883729854ea"
                ],
                "role_id": "ec850d7b-d45e-4e1c-a419-1cd3fc771649"
              }
            ],
            "user_id": "5055f509-c418-4757-89f2-215bd7324b5c"
          },
          "sensitive_attributes": [],
          "private": "eyJzY2hlbWFfdmVyc2lvbiI6IjEifQ==",
          "dependencies": [
            "data.genesyscloud_auth_role.AgentAssist",
            "data.genesyscloud_auth_role.Developer",
            "data.genesyscloud_auth_role.GenesysCloudVoiceAdmin",
            "data.genesyscloud_auth_role.MasterAdmin",
            "data.genesyscloud_auth_role.Terraform_user",
            "data.genesyscloud_auth_role.admin",
            "data.genesyscloud_auth_role.employee",
            "data.genesyscloud_routing_skill.z65",
            "genesyscloud_user.Workshop_user65"
          ]
        }
      ]
    },
    {
      "mode": "managed",
      "type": "genesyscloud_user_roles",
      "name": "Workshoproles_user66",
      "provider": "provider[\"registry.terraform.io/mypurecloud/genesyscloud\"]",
      "instances": [
        {
          "schema_version": 1,
          "attributes": {
            "id": "c029e1cc-fe20-4d3c-b132-1febbbcb61ea",
            "roles": [
              {
                "division_ids": [
                  "f2777e89-ef43-44f2-a570-e883729854ea"
                ],
                "role_id": "05c2fe4c-0312-4598-8148-a96eb2c15b5d"
              },
              {
                "division_ids": [
                  "f2777e89-ef43-44f2-a570-e883729854ea"
                ],
                "role_id": "380f8746-2e13-46d2-b91d-411cd8595468"
              },
              {
                "division_ids": [
                  "f2777e89-ef43-44f2-a570-e883729854ea"
                ],
                "role_id": "8fd2b585-45c8-43a8-a378-882d923b4dac"
              },
              {
                "division_ids": [
                  "f2777e89-ef43-44f2-a570-e883729854ea"
                ],
                "role_id": "b746f6cf-573e-4354-9276-265d66cb816e"
              },
              {
                "division_ids": [
                  "f2777e89-ef43-44f2-a570-e883729854ea"
                ],
                "role_id": "d40e93b6-a0c4-48f0-907f-1939a5c05f99"
              },
              {
                "division_ids": [
                  "f2777e89-ef43-44f2-a570-e883729854ea"
                ],
                "role_id": "dd8950a6-1e3c-46e1-b774-ab0f50a5ecb2"
              },
              {
                "division_ids": [
                  "f2777e89-ef43-44f2-a570-e883729854ea"
                ],
                "role_id": "ec850d7b-d45e-4e1c-a419-1cd3fc771649"
              }
            ],
            "user_id": "c029e1cc-fe20-4d3c-b132-1febbbcb61ea"
          },
          "sensitive_attributes": [],
          "private": "eyJzY2hlbWFfdmVyc2lvbiI6IjEifQ==",
          "dependencies": [
            "data.genesyscloud_auth_role.AgentAssist",
            "data.genesyscloud_auth_role.Developer",
            "data.genesyscloud_auth_role.GenesysCloudVoiceAdmin",
            "data.genesyscloud_auth_role.MasterAdmin",
            "data.genesyscloud_auth_role.Terraform_user",
            "data.genesyscloud_auth_role.admin",
            "data.genesyscloud_auth_role.employee",
            "data.genesyscloud_routing_skill.z66",
            "genesyscloud_user.Workshop_user66"
          ]
        }
      ]
    },
    {
      "mode": "managed",
      "type": "genesyscloud_user_roles",
      "name": "Workshoproles_user67",
      "provider": "provider[\"registry.terraform.io/mypurecloud/genesyscloud\"]",
      "instances": [
        {
          "schema_version": 1,
          "attributes": {
            "id": "35aaee84-0942-48fa-b824-c14db977fd5b",
            "roles": [
              {
                "division_ids": [
                  "f2777e89-ef43-44f2-a570-e883729854ea"
                ],
                "role_id": "05c2fe4c-0312-4598-8148-a96eb2c15b5d"
              },
              {
                "division_ids": [
                  "f2777e89-ef43-44f2-a570-e883729854ea"
                ],
                "role_id": "380f8746-2e13-46d2-b91d-411cd8595468"
              },
              {
                "division_ids": [
                  "f2777e89-ef43-44f2-a570-e883729854ea"
                ],
                "role_id": "8fd2b585-45c8-43a8-a378-882d923b4dac"
              },
              {
                "division_ids": [
                  "f2777e89-ef43-44f2-a570-e883729854ea"
                ],
                "role_id": "b746f6cf-573e-4354-9276-265d66cb816e"
              },
              {
                "division_ids": [
                  "f2777e89-ef43-44f2-a570-e883729854ea"
                ],
                "role_id": "d40e93b6-a0c4-48f0-907f-1939a5c05f99"
              },
              {
                "division_ids": [
                  "f2777e89-ef43-44f2-a570-e883729854ea"
                ],
                "role_id": "dd8950a6-1e3c-46e1-b774-ab0f50a5ecb2"
              },
              {
                "division_ids": [
                  "f2777e89-ef43-44f2-a570-e883729854ea"
                ],
                "role_id": "ec850d7b-d45e-4e1c-a419-1cd3fc771649"
              }
            ],
            "user_id": "35aaee84-0942-48fa-b824-c14db977fd5b"
          },
          "sensitive_attributes": [],
          "private": "eyJzY2hlbWFfdmVyc2lvbiI6IjEifQ==",
          "dependencies": [
            "data.genesyscloud_auth_role.AgentAssist",
            "data.genesyscloud_auth_role.Developer",
            "data.genesyscloud_auth_role.GenesysCloudVoiceAdmin",
            "data.genesyscloud_auth_role.MasterAdmin",
            "data.genesyscloud_auth_role.Terraform_user",
            "data.genesyscloud_auth_role.admin",
            "data.genesyscloud_auth_role.employee",
            "data.genesyscloud_routing_skill.z67",
            "genesyscloud_user.Workshop_user67"
          ]
        }
      ]
    },
    {
      "mode": "managed",
      "type": "genesyscloud_user_roles",
      "name": "Workshoproles_user68",
      "provider": "provider[\"registry.terraform.io/mypurecloud/genesyscloud\"]",
      "instances": [
        {
          "schema_version": 1,
          "attributes": {
            "id": "63a1768c-0b60-4a83-9a1b-3f44d3fe7ad8",
            "roles": [
              {
                "division_ids": [
                  "f2777e89-ef43-44f2-a570-e883729854ea"
                ],
                "role_id": "05c2fe4c-0312-4598-8148-a96eb2c15b5d"
              },
              {
                "division_ids": [
                  "f2777e89-ef43-44f2-a570-e883729854ea"
                ],
                "role_id": "380f8746-2e13-46d2-b91d-411cd8595468"
              },
              {
                "division_ids": [
                  "f2777e89-ef43-44f2-a570-e883729854ea"
                ],
                "role_id": "8fd2b585-45c8-43a8-a378-882d923b4dac"
              },
              {
                "division_ids": [
                  "f2777e89-ef43-44f2-a570-e883729854ea"
                ],
                "role_id": "b746f6cf-573e-4354-9276-265d66cb816e"
              },
              {
                "division_ids": [
                  "f2777e89-ef43-44f2-a570-e883729854ea"
                ],
                "role_id": "d40e93b6-a0c4-48f0-907f-1939a5c05f99"
              },
              {
                "division_ids": [
                  "f2777e89-ef43-44f2-a570-e883729854ea"
                ],
                "role_id": "dd8950a6-1e3c-46e1-b774-ab0f50a5ecb2"
              },
              {
                "division_ids": [
                  "f2777e89-ef43-44f2-a570-e883729854ea"
                ],
                "role_id": "ec850d7b-d45e-4e1c-a419-1cd3fc771649"
              }
            ],
            "user_id": "63a1768c-0b60-4a83-9a1b-3f44d3fe7ad8"
          },
          "sensitive_attributes": [],
          "private": "eyJzY2hlbWFfdmVyc2lvbiI6IjEifQ==",
          "dependencies": [
            "data.genesyscloud_auth_role.AgentAssist",
            "data.genesyscloud_auth_role.Developer",
            "data.genesyscloud_auth_role.GenesysCloudVoiceAdmin",
            "data.genesyscloud_auth_role.MasterAdmin",
            "data.genesyscloud_auth_role.Terraform_user",
            "data.genesyscloud_auth_role.admin",
            "data.genesyscloud_auth_role.employee",
            "data.genesyscloud_routing_skill.z68",
            "genesyscloud_user.Workshop_user68"
          ]
        }
      ]
    },
    {
      "mode": "managed",
      "type": "genesyscloud_user_roles",
      "name": "Workshoproles_user69",
      "provider": "provider[\"registry.terraform.io/mypurecloud/genesyscloud\"]",
      "instances": [
        {
          "schema_version": 1,
          "attributes": {
            "id": "0183e041-c730-4051-a3d6-1a8d94eaf63b",
            "roles": [
              {
                "division_ids": [
                  "f2777e89-ef43-44f2-a570-e883729854ea"
                ],
                "role_id": "05c2fe4c-0312-4598-8148-a96eb2c15b5d"
              },
              {
                "division_ids": [
                  "f2777e89-ef43-44f2-a570-e883729854ea"
                ],
                "role_id": "380f8746-2e13-46d2-b91d-411cd8595468"
              },
              {
                "division_ids": [
                  "f2777e89-ef43-44f2-a570-e883729854ea"
                ],
                "role_id": "8fd2b585-45c8-43a8-a378-882d923b4dac"
              },
              {
                "division_ids": [
                  "f2777e89-ef43-44f2-a570-e883729854ea"
                ],
                "role_id": "b746f6cf-573e-4354-9276-265d66cb816e"
              },
              {
                "division_ids": [
                  "f2777e89-ef43-44f2-a570-e883729854ea"
                ],
                "role_id": "d40e93b6-a0c4-48f0-907f-1939a5c05f99"
              },
              {
                "division_ids": [
                  "f2777e89-ef43-44f2-a570-e883729854ea"
                ],
                "role_id": "dd8950a6-1e3c-46e1-b774-ab0f50a5ecb2"
              },
              {
                "division_ids": [
                  "f2777e89-ef43-44f2-a570-e883729854ea"
                ],
                "role_id": "ec850d7b-d45e-4e1c-a419-1cd3fc771649"
              }
            ],
            "user_id": "0183e041-c730-4051-a3d6-1a8d94eaf63b"
          },
          "sensitive_attributes": [],
          "private": "eyJzY2hlbWFfdmVyc2lvbiI6IjEifQ==",
          "dependencies": [
            "data.genesyscloud_auth_role.AgentAssist",
            "data.genesyscloud_auth_role.Developer",
            "data.genesyscloud_auth_role.GenesysCloudVoiceAdmin",
            "data.genesyscloud_auth_role.MasterAdmin",
            "data.genesyscloud_auth_role.Terraform_user",
            "data.genesyscloud_auth_role.admin",
            "data.genesyscloud_auth_role.employee",
            "data.genesyscloud_routing_skill.z69",
            "genesyscloud_user.Workshop_user69"
          ]
        }
      ]
    },
    {
      "mode": "managed",
      "type": "genesyscloud_user_roles",
      "name": "Workshoproles_user7",
      "provider": "provider[\"registry.terraform.io/mypurecloud/genesyscloud\"]",
      "instances": [
        {
          "schema_version": 1,
          "attributes": {
            "id": "d0aa5eb3-337d-4060-a831-fd7378371f1e",
            "roles": [
              {
                "division_ids": [
                  "f2777e89-ef43-44f2-a570-e883729854ea"
                ],
                "role_id": "05c2fe4c-0312-4598-8148-a96eb2c15b5d"
              },
              {
                "division_ids": [
                  "f2777e89-ef43-44f2-a570-e883729854ea"
                ],
                "role_id": "380f8746-2e13-46d2-b91d-411cd8595468"
              },
              {
                "division_ids": [
                  "f2777e89-ef43-44f2-a570-e883729854ea"
                ],
                "role_id": "8fd2b585-45c8-43a8-a378-882d923b4dac"
              },
              {
                "division_ids": [
                  "f2777e89-ef43-44f2-a570-e883729854ea"
                ],
                "role_id": "b746f6cf-573e-4354-9276-265d66cb816e"
              },
              {
                "division_ids": [
                  "f2777e89-ef43-44f2-a570-e883729854ea"
                ],
                "role_id": "d40e93b6-a0c4-48f0-907f-1939a5c05f99"
              },
              {
                "division_ids": [
                  "f2777e89-ef43-44f2-a570-e883729854ea"
                ],
                "role_id": "dd8950a6-1e3c-46e1-b774-ab0f50a5ecb2"
              },
              {
                "division_ids": [
                  "f2777e89-ef43-44f2-a570-e883729854ea"
                ],
                "role_id": "ec850d7b-d45e-4e1c-a419-1cd3fc771649"
              }
            ],
            "user_id": "d0aa5eb3-337d-4060-a831-fd7378371f1e"
          },
          "sensitive_attributes": [],
          "private": "eyJzY2hlbWFfdmVyc2lvbiI6IjEifQ==",
          "dependencies": [
            "data.genesyscloud_auth_role.AgentAssist",
            "data.genesyscloud_auth_role.Developer",
            "data.genesyscloud_auth_role.GenesysCloudVoiceAdmin",
            "data.genesyscloud_auth_role.MasterAdmin",
            "data.genesyscloud_auth_role.Terraform_user",
            "data.genesyscloud_auth_role.admin",
            "data.genesyscloud_auth_role.employee",
            "data.genesyscloud_routing_skill.z7",
            "genesyscloud_user.Workshop_user7"
          ]
        }
      ]
    },
    {
      "mode": "managed",
      "type": "genesyscloud_user_roles",
      "name": "Workshoproles_user70",
      "provider": "provider[\"registry.terraform.io/mypurecloud/genesyscloud\"]",
      "instances": [
        {
          "schema_version": 1,
          "attributes": {
            "id": "9eaa8195-c3f1-4655-b64f-829d34637ff1",
            "roles": [
              {
                "division_ids": [
                  "f2777e89-ef43-44f2-a570-e883729854ea"
                ],
                "role_id": "05c2fe4c-0312-4598-8148-a96eb2c15b5d"
              },
              {
                "division_ids": [
                  "f2777e89-ef43-44f2-a570-e883729854ea"
                ],
                "role_id": "380f8746-2e13-46d2-b91d-411cd8595468"
              },
              {
                "division_ids": [
                  "f2777e89-ef43-44f2-a570-e883729854ea"
                ],
                "role_id": "8fd2b585-45c8-43a8-a378-882d923b4dac"
              },
              {
                "division_ids": [
                  "f2777e89-ef43-44f2-a570-e883729854ea"
                ],
                "role_id": "b746f6cf-573e-4354-9276-265d66cb816e"
              },
              {
                "division_ids": [
                  "f2777e89-ef43-44f2-a570-e883729854ea"
                ],
                "role_id": "d40e93b6-a0c4-48f0-907f-1939a5c05f99"
              },
              {
                "division_ids": [
                  "f2777e89-ef43-44f2-a570-e883729854ea"
                ],
                "role_id": "dd8950a6-1e3c-46e1-b774-ab0f50a5ecb2"
              },
              {
                "division_ids": [
                  "f2777e89-ef43-44f2-a570-e883729854ea"
                ],
                "role_id": "ec850d7b-d45e-4e1c-a419-1cd3fc771649"
              }
            ],
            "user_id": "9eaa8195-c3f1-4655-b64f-829d34637ff1"
          },
          "sensitive_attributes": [],
          "private": "eyJzY2hlbWFfdmVyc2lvbiI6IjEifQ==",
          "dependencies": [
            "data.genesyscloud_auth_role.AgentAssist",
            "data.genesyscloud_auth_role.Developer",
            "data.genesyscloud_auth_role.GenesysCloudVoiceAdmin",
            "data.genesyscloud_auth_role.MasterAdmin",
            "data.genesyscloud_auth_role.Terraform_user",
            "data.genesyscloud_auth_role.admin",
            "data.genesyscloud_auth_role.employee",
            "data.genesyscloud_routing_skill.z70",
            "genesyscloud_user.Workshop_user70"
          ]
        }
      ]
    },
    {
      "mode": "managed",
      "type": "genesyscloud_user_roles",
      "name": "Workshoproles_user71",
      "provider": "provider[\"registry.terraform.io/mypurecloud/genesyscloud\"]",
      "instances": [
        {
          "schema_version": 1,
          "attributes": {
            "id": "aba3806a-f5af-455e-bfe3-c7715d2d6c8e",
            "roles": [
              {
                "division_ids": [
                  "f2777e89-ef43-44f2-a570-e883729854ea"
                ],
                "role_id": "05c2fe4c-0312-4598-8148-a96eb2c15b5d"
              },
              {
                "division_ids": [
                  "f2777e89-ef43-44f2-a570-e883729854ea"
                ],
                "role_id": "380f8746-2e13-46d2-b91d-411cd8595468"
              },
              {
                "division_ids": [
                  "f2777e89-ef43-44f2-a570-e883729854ea"
                ],
                "role_id": "8fd2b585-45c8-43a8-a378-882d923b4dac"
              },
              {
                "division_ids": [
                  "f2777e89-ef43-44f2-a570-e883729854ea"
                ],
                "role_id": "b746f6cf-573e-4354-9276-265d66cb816e"
              },
              {
                "division_ids": [
                  "f2777e89-ef43-44f2-a570-e883729854ea"
                ],
                "role_id": "d40e93b6-a0c4-48f0-907f-1939a5c05f99"
              },
              {
                "division_ids": [
                  "f2777e89-ef43-44f2-a570-e883729854ea"
                ],
                "role_id": "dd8950a6-1e3c-46e1-b774-ab0f50a5ecb2"
              },
              {
                "division_ids": [
                  "f2777e89-ef43-44f2-a570-e883729854ea"
                ],
                "role_id": "ec850d7b-d45e-4e1c-a419-1cd3fc771649"
              }
            ],
            "user_id": "aba3806a-f5af-455e-bfe3-c7715d2d6c8e"
          },
          "sensitive_attributes": [],
          "private": "eyJzY2hlbWFfdmVyc2lvbiI6IjEifQ==",
          "dependencies": [
            "data.genesyscloud_auth_role.AgentAssist",
            "data.genesyscloud_auth_role.Developer",
            "data.genesyscloud_auth_role.GenesysCloudVoiceAdmin",
            "data.genesyscloud_auth_role.MasterAdmin",
            "data.genesyscloud_auth_role.Terraform_user",
            "data.genesyscloud_auth_role.admin",
            "data.genesyscloud_auth_role.employee",
            "data.genesyscloud_routing_skill.z71",
            "genesyscloud_user.Workshop_user71"
          ]
        }
      ]
    },
    {
      "mode": "managed",
      "type": "genesyscloud_user_roles",
      "name": "Workshoproles_user72",
      "provider": "provider[\"registry.terraform.io/mypurecloud/genesyscloud\"]",
      "instances": [
        {
          "schema_version": 1,
          "attributes": {
            "id": "a23063f8-5c09-465e-8f26-1e5253b2c654",
            "roles": [
              {
                "division_ids": [
                  "f2777e89-ef43-44f2-a570-e883729854ea"
                ],
                "role_id": "05c2fe4c-0312-4598-8148-a96eb2c15b5d"
              },
              {
                "division_ids": [
                  "f2777e89-ef43-44f2-a570-e883729854ea"
                ],
                "role_id": "380f8746-2e13-46d2-b91d-411cd8595468"
              },
              {
                "division_ids": [
                  "f2777e89-ef43-44f2-a570-e883729854ea"
                ],
                "role_id": "8fd2b585-45c8-43a8-a378-882d923b4dac"
              },
              {
                "division_ids": [
                  "f2777e89-ef43-44f2-a570-e883729854ea"
                ],
                "role_id": "b746f6cf-573e-4354-9276-265d66cb816e"
              },
              {
                "division_ids": [
                  "f2777e89-ef43-44f2-a570-e883729854ea"
                ],
                "role_id": "d40e93b6-a0c4-48f0-907f-1939a5c05f99"
              },
              {
                "division_ids": [
                  "f2777e89-ef43-44f2-a570-e883729854ea"
                ],
                "role_id": "dd8950a6-1e3c-46e1-b774-ab0f50a5ecb2"
              },
              {
                "division_ids": [
                  "f2777e89-ef43-44f2-a570-e883729854ea"
                ],
                "role_id": "ec850d7b-d45e-4e1c-a419-1cd3fc771649"
              }
            ],
            "user_id": "a23063f8-5c09-465e-8f26-1e5253b2c654"
          },
          "sensitive_attributes": [],
          "private": "eyJzY2hlbWFfdmVyc2lvbiI6IjEifQ==",
          "dependencies": [
            "data.genesyscloud_auth_role.AgentAssist",
            "data.genesyscloud_auth_role.Developer",
            "data.genesyscloud_auth_role.GenesysCloudVoiceAdmin",
            "data.genesyscloud_auth_role.MasterAdmin",
            "data.genesyscloud_auth_role.Terraform_user",
            "data.genesyscloud_auth_role.admin",
            "data.genesyscloud_auth_role.employee",
            "data.genesyscloud_routing_skill.z72",
            "genesyscloud_user.Workshop_user72"
          ]
        }
      ]
    },
    {
      "mode": "managed",
      "type": "genesyscloud_user_roles",
      "name": "Workshoproles_user73",
      "provider": "provider[\"registry.terraform.io/mypurecloud/genesyscloud\"]",
      "instances": [
        {
          "schema_version": 1,
          "attributes": {
            "id": "da307bd4-2118-48f7-b0e3-e8c41b57ff55",
            "roles": [
              {
                "division_ids": [
                  "f2777e89-ef43-44f2-a570-e883729854ea"
                ],
                "role_id": "05c2fe4c-0312-4598-8148-a96eb2c15b5d"
              },
              {
                "division_ids": [
                  "f2777e89-ef43-44f2-a570-e883729854ea"
                ],
                "role_id": "380f8746-2e13-46d2-b91d-411cd8595468"
              },
              {
                "division_ids": [
                  "f2777e89-ef43-44f2-a570-e883729854ea"
                ],
                "role_id": "8fd2b585-45c8-43a8-a378-882d923b4dac"
              },
              {
                "division_ids": [
                  "f2777e89-ef43-44f2-a570-e883729854ea"
                ],
                "role_id": "b746f6cf-573e-4354-9276-265d66cb816e"
              },
              {
                "division_ids": [
                  "f2777e89-ef43-44f2-a570-e883729854ea"
                ],
                "role_id": "d40e93b6-a0c4-48f0-907f-1939a5c05f99"
              },
              {
                "division_ids": [
                  "f2777e89-ef43-44f2-a570-e883729854ea"
                ],
                "role_id": "dd8950a6-1e3c-46e1-b774-ab0f50a5ecb2"
              },
              {
                "division_ids": [
                  "f2777e89-ef43-44f2-a570-e883729854ea"
                ],
                "role_id": "ec850d7b-d45e-4e1c-a419-1cd3fc771649"
              }
            ],
            "user_id": "da307bd4-2118-48f7-b0e3-e8c41b57ff55"
          },
          "sensitive_attributes": [],
          "private": "eyJzY2hlbWFfdmVyc2lvbiI6IjEifQ==",
          "dependencies": [
            "data.genesyscloud_auth_role.AgentAssist",
            "data.genesyscloud_auth_role.Developer",
            "data.genesyscloud_auth_role.GenesysCloudVoiceAdmin",
            "data.genesyscloud_auth_role.MasterAdmin",
            "data.genesyscloud_auth_role.Terraform_user",
            "data.genesyscloud_auth_role.admin",
            "data.genesyscloud_auth_role.employee",
            "data.genesyscloud_routing_skill.z73",
            "genesyscloud_user.Workshop_user73"
          ]
        }
      ]
    },
    {
      "mode": "managed",
      "type": "genesyscloud_user_roles",
      "name": "Workshoproles_user74",
      "provider": "provider[\"registry.terraform.io/mypurecloud/genesyscloud\"]",
      "instances": [
        {
          "schema_version": 1,
          "attributes": {
            "id": "c09240da-90e0-4129-adb1-1c63ba068483",
            "roles": [
              {
                "division_ids": [
                  "f2777e89-ef43-44f2-a570-e883729854ea"
                ],
                "role_id": "05c2fe4c-0312-4598-8148-a96eb2c15b5d"
              },
              {
                "division_ids": [
                  "f2777e89-ef43-44f2-a570-e883729854ea"
                ],
                "role_id": "380f8746-2e13-46d2-b91d-411cd8595468"
              },
              {
                "division_ids": [
                  "f2777e89-ef43-44f2-a570-e883729854ea"
                ],
                "role_id": "8fd2b585-45c8-43a8-a378-882d923b4dac"
              },
              {
                "division_ids": [
                  "f2777e89-ef43-44f2-a570-e883729854ea"
                ],
                "role_id": "b746f6cf-573e-4354-9276-265d66cb816e"
              },
              {
                "division_ids": [
                  "f2777e89-ef43-44f2-a570-e883729854ea"
                ],
                "role_id": "d40e93b6-a0c4-48f0-907f-1939a5c05f99"
              },
              {
                "division_ids": [
                  "f2777e89-ef43-44f2-a570-e883729854ea"
                ],
                "role_id": "dd8950a6-1e3c-46e1-b774-ab0f50a5ecb2"
              },
              {
                "division_ids": [
                  "f2777e89-ef43-44f2-a570-e883729854ea"
                ],
                "role_id": "ec850d7b-d45e-4e1c-a419-1cd3fc771649"
              }
            ],
            "user_id": "c09240da-90e0-4129-adb1-1c63ba068483"
          },
          "sensitive_attributes": [],
          "private": "eyJzY2hlbWFfdmVyc2lvbiI6IjEifQ==",
          "dependencies": [
            "data.genesyscloud_auth_role.AgentAssist",
            "data.genesyscloud_auth_role.Developer",
            "data.genesyscloud_auth_role.GenesysCloudVoiceAdmin",
            "data.genesyscloud_auth_role.MasterAdmin",
            "data.genesyscloud_auth_role.Terraform_user",
            "data.genesyscloud_auth_role.admin",
            "data.genesyscloud_auth_role.employee",
            "data.genesyscloud_routing_skill.z74",
            "genesyscloud_user.Workshop_user74"
          ]
        }
      ]
    },
    {
      "mode": "managed",
      "type": "genesyscloud_user_roles",
      "name": "Workshoproles_user75",
      "provider": "provider[\"registry.terraform.io/mypurecloud/genesyscloud\"]",
      "instances": [
        {
          "schema_version": 1,
          "attributes": {
            "id": "3f2e5f15-bfed-4f5e-9460-3282d836c122",
            "roles": [
              {
                "division_ids": [
                  "f2777e89-ef43-44f2-a570-e883729854ea"
                ],
                "role_id": "05c2fe4c-0312-4598-8148-a96eb2c15b5d"
              },
              {
                "division_ids": [
                  "f2777e89-ef43-44f2-a570-e883729854ea"
                ],
                "role_id": "380f8746-2e13-46d2-b91d-411cd8595468"
              },
              {
                "division_ids": [
                  "f2777e89-ef43-44f2-a570-e883729854ea"
                ],
                "role_id": "8fd2b585-45c8-43a8-a378-882d923b4dac"
              },
              {
                "division_ids": [
                  "f2777e89-ef43-44f2-a570-e883729854ea"
                ],
                "role_id": "b746f6cf-573e-4354-9276-265d66cb816e"
              },
              {
                "division_ids": [
                  "f2777e89-ef43-44f2-a570-e883729854ea"
                ],
                "role_id": "d40e93b6-a0c4-48f0-907f-1939a5c05f99"
              },
              {
                "division_ids": [
                  "f2777e89-ef43-44f2-a570-e883729854ea"
                ],
                "role_id": "dd8950a6-1e3c-46e1-b774-ab0f50a5ecb2"
              },
              {
                "division_ids": [
                  "f2777e89-ef43-44f2-a570-e883729854ea"
                ],
                "role_id": "ec850d7b-d45e-4e1c-a419-1cd3fc771649"
              }
            ],
            "user_id": "3f2e5f15-bfed-4f5e-9460-3282d836c122"
          },
          "sensitive_attributes": [],
          "private": "eyJzY2hlbWFfdmVyc2lvbiI6IjEifQ==",
          "dependencies": [
            "data.genesyscloud_auth_role.AgentAssist",
            "data.genesyscloud_auth_role.Developer",
            "data.genesyscloud_auth_role.GenesysCloudVoiceAdmin",
            "data.genesyscloud_auth_role.MasterAdmin",
            "data.genesyscloud_auth_role.Terraform_user",
            "data.genesyscloud_auth_role.admin",
            "data.genesyscloud_auth_role.employee",
            "data.genesyscloud_routing_skill.z75",
            "genesyscloud_user.Workshop_user75"
          ]
        }
      ]
    },
    {
      "mode": "managed",
      "type": "genesyscloud_user_roles",
      "name": "Workshoproles_user76",
      "provider": "provider[\"registry.terraform.io/mypurecloud/genesyscloud\"]",
      "instances": [
        {
          "schema_version": 1,
          "attributes": {
            "id": "37aacc17-c85b-4caf-b3f7-472315290523",
            "roles": [
              {
                "division_ids": [
                  "f2777e89-ef43-44f2-a570-e883729854ea"
                ],
                "role_id": "05c2fe4c-0312-4598-8148-a96eb2c15b5d"
              },
              {
                "division_ids": [
                  "f2777e89-ef43-44f2-a570-e883729854ea"
                ],
                "role_id": "380f8746-2e13-46d2-b91d-411cd8595468"
              },
              {
                "division_ids": [
                  "f2777e89-ef43-44f2-a570-e883729854ea"
                ],
                "role_id": "8fd2b585-45c8-43a8-a378-882d923b4dac"
              },
              {
                "division_ids": [
                  "f2777e89-ef43-44f2-a570-e883729854ea"
                ],
                "role_id": "b746f6cf-573e-4354-9276-265d66cb816e"
              },
              {
                "division_ids": [
                  "f2777e89-ef43-44f2-a570-e883729854ea"
                ],
                "role_id": "d40e93b6-a0c4-48f0-907f-1939a5c05f99"
              },
              {
                "division_ids": [
                  "f2777e89-ef43-44f2-a570-e883729854ea"
                ],
                "role_id": "dd8950a6-1e3c-46e1-b774-ab0f50a5ecb2"
              },
              {
                "division_ids": [
                  "f2777e89-ef43-44f2-a570-e883729854ea"
                ],
                "role_id": "ec850d7b-d45e-4e1c-a419-1cd3fc771649"
              }
            ],
            "user_id": "37aacc17-c85b-4caf-b3f7-472315290523"
          },
          "sensitive_attributes": [],
          "private": "eyJzY2hlbWFfdmVyc2lvbiI6IjEifQ==",
          "dependencies": [
            "data.genesyscloud_auth_role.AgentAssist",
            "data.genesyscloud_auth_role.Developer",
            "data.genesyscloud_auth_role.GenesysCloudVoiceAdmin",
            "data.genesyscloud_auth_role.MasterAdmin",
            "data.genesyscloud_auth_role.Terraform_user",
            "data.genesyscloud_auth_role.admin",
            "data.genesyscloud_auth_role.employee",
            "data.genesyscloud_routing_skill.z76",
            "genesyscloud_user.Workshop_user76"
          ]
        }
      ]
    },
    {
      "mode": "managed",
      "type": "genesyscloud_user_roles",
      "name": "Workshoproles_user77",
      "provider": "provider[\"registry.terraform.io/mypurecloud/genesyscloud\"]",
      "instances": [
        {
          "schema_version": 1,
          "attributes": {
            "id": "c1105363-f6d3-4622-97b6-21ca820e31fd",
            "roles": [
              {
                "division_ids": [
                  "f2777e89-ef43-44f2-a570-e883729854ea"
                ],
                "role_id": "05c2fe4c-0312-4598-8148-a96eb2c15b5d"
              },
              {
                "division_ids": [
                  "f2777e89-ef43-44f2-a570-e883729854ea"
                ],
                "role_id": "380f8746-2e13-46d2-b91d-411cd8595468"
              },
              {
                "division_ids": [
                  "f2777e89-ef43-44f2-a570-e883729854ea"
                ],
                "role_id": "8fd2b585-45c8-43a8-a378-882d923b4dac"
              },
              {
                "division_ids": [
                  "f2777e89-ef43-44f2-a570-e883729854ea"
                ],
                "role_id": "b746f6cf-573e-4354-9276-265d66cb816e"
              },
              {
                "division_ids": [
                  "f2777e89-ef43-44f2-a570-e883729854ea"
                ],
                "role_id": "d40e93b6-a0c4-48f0-907f-1939a5c05f99"
              },
              {
                "division_ids": [
                  "f2777e89-ef43-44f2-a570-e883729854ea"
                ],
                "role_id": "dd8950a6-1e3c-46e1-b774-ab0f50a5ecb2"
              },
              {
                "division_ids": [
                  "f2777e89-ef43-44f2-a570-e883729854ea"
                ],
                "role_id": "ec850d7b-d45e-4e1c-a419-1cd3fc771649"
              }
            ],
            "user_id": "c1105363-f6d3-4622-97b6-21ca820e31fd"
          },
          "sensitive_attributes": [],
          "private": "eyJzY2hlbWFfdmVyc2lvbiI6IjEifQ==",
          "dependencies": [
            "data.genesyscloud_auth_role.AgentAssist",
            "data.genesyscloud_auth_role.Developer",
            "data.genesyscloud_auth_role.GenesysCloudVoiceAdmin",
            "data.genesyscloud_auth_role.MasterAdmin",
            "data.genesyscloud_auth_role.Terraform_user",
            "data.genesyscloud_auth_role.admin",
            "data.genesyscloud_auth_role.employee",
            "data.genesyscloud_routing_skill.z77",
            "genesyscloud_user.Workshop_user77"
          ]
        }
      ]
    },
    {
      "mode": "managed",
      "type": "genesyscloud_user_roles",
      "name": "Workshoproles_user78",
      "provider": "provider[\"registry.terraform.io/mypurecloud/genesyscloud\"]",
      "instances": [
        {
          "schema_version": 1,
          "attributes": {
            "id": "e79ee083-5827-459b-9c16-6b2f8e4d03db",
            "roles": [
              {
                "division_ids": [
                  "f2777e89-ef43-44f2-a570-e883729854ea"
                ],
                "role_id": "05c2fe4c-0312-4598-8148-a96eb2c15b5d"
              },
              {
                "division_ids": [
                  "f2777e89-ef43-44f2-a570-e883729854ea"
                ],
                "role_id": "380f8746-2e13-46d2-b91d-411cd8595468"
              },
              {
                "division_ids": [
                  "f2777e89-ef43-44f2-a570-e883729854ea"
                ],
                "role_id": "8fd2b585-45c8-43a8-a378-882d923b4dac"
              },
              {
                "division_ids": [
                  "f2777e89-ef43-44f2-a570-e883729854ea"
                ],
                "role_id": "b746f6cf-573e-4354-9276-265d66cb816e"
              },
              {
                "division_ids": [
                  "f2777e89-ef43-44f2-a570-e883729854ea"
                ],
                "role_id": "d40e93b6-a0c4-48f0-907f-1939a5c05f99"
              },
              {
                "division_ids": [
                  "f2777e89-ef43-44f2-a570-e883729854ea"
                ],
                "role_id": "dd8950a6-1e3c-46e1-b774-ab0f50a5ecb2"
              },
              {
                "division_ids": [
                  "f2777e89-ef43-44f2-a570-e883729854ea"
                ],
                "role_id": "ec850d7b-d45e-4e1c-a419-1cd3fc771649"
              }
            ],
            "user_id": "e79ee083-5827-459b-9c16-6b2f8e4d03db"
          },
          "sensitive_attributes": [],
          "private": "eyJzY2hlbWFfdmVyc2lvbiI6IjEifQ==",
          "dependencies": [
            "data.genesyscloud_auth_role.AgentAssist",
            "data.genesyscloud_auth_role.Developer",
            "data.genesyscloud_auth_role.GenesysCloudVoiceAdmin",
            "data.genesyscloud_auth_role.MasterAdmin",
            "data.genesyscloud_auth_role.Terraform_user",
            "data.genesyscloud_auth_role.admin",
            "data.genesyscloud_auth_role.employee",
            "data.genesyscloud_routing_skill.z78",
            "genesyscloud_user.Workshop_user78"
          ]
        }
      ]
    },
    {
      "mode": "managed",
      "type": "genesyscloud_user_roles",
      "name": "Workshoproles_user79",
      "provider": "provider[\"registry.terraform.io/mypurecloud/genesyscloud\"]",
      "instances": [
        {
          "schema_version": 1,
          "attributes": {
            "id": "6f943a8f-1ff2-48c7-8971-12725baf6a46",
            "roles": [
              {
                "division_ids": [
                  "f2777e89-ef43-44f2-a570-e883729854ea"
                ],
                "role_id": "05c2fe4c-0312-4598-8148-a96eb2c15b5d"
              },
              {
                "division_ids": [
                  "f2777e89-ef43-44f2-a570-e883729854ea"
                ],
                "role_id": "380f8746-2e13-46d2-b91d-411cd8595468"
              },
              {
                "division_ids": [
                  "f2777e89-ef43-44f2-a570-e883729854ea"
                ],
                "role_id": "8fd2b585-45c8-43a8-a378-882d923b4dac"
              },
              {
                "division_ids": [
                  "f2777e89-ef43-44f2-a570-e883729854ea"
                ],
                "role_id": "b746f6cf-573e-4354-9276-265d66cb816e"
              },
              {
                "division_ids": [
                  "f2777e89-ef43-44f2-a570-e883729854ea"
                ],
                "role_id": "d40e93b6-a0c4-48f0-907f-1939a5c05f99"
              },
              {
                "division_ids": [
                  "f2777e89-ef43-44f2-a570-e883729854ea"
                ],
                "role_id": "dd8950a6-1e3c-46e1-b774-ab0f50a5ecb2"
              },
              {
                "division_ids": [
                  "f2777e89-ef43-44f2-a570-e883729854ea"
                ],
                "role_id": "ec850d7b-d45e-4e1c-a419-1cd3fc771649"
              }
            ],
            "user_id": "6f943a8f-1ff2-48c7-8971-12725baf6a46"
          },
          "sensitive_attributes": [],
          "private": "eyJzY2hlbWFfdmVyc2lvbiI6IjEifQ==",
          "dependencies": [
            "data.genesyscloud_auth_role.AgentAssist",
            "data.genesyscloud_auth_role.Developer",
            "data.genesyscloud_auth_role.GenesysCloudVoiceAdmin",
            "data.genesyscloud_auth_role.MasterAdmin",
            "data.genesyscloud_auth_role.Terraform_user",
            "data.genesyscloud_auth_role.admin",
            "data.genesyscloud_auth_role.employee",
            "data.genesyscloud_routing_skill.z79",
            "genesyscloud_user.Workshop_user79"
          ]
        }
      ]
    },
    {
      "mode": "managed",
      "type": "genesyscloud_user_roles",
      "name": "Workshoproles_user8",
      "provider": "provider[\"registry.terraform.io/mypurecloud/genesyscloud\"]",
      "instances": [
        {
          "schema_version": 1,
          "attributes": {
            "id": "b5209f66-9a97-4793-a7ec-149153ba2e7e",
            "roles": [
              {
                "division_ids": [
                  "f2777e89-ef43-44f2-a570-e883729854ea"
                ],
                "role_id": "05c2fe4c-0312-4598-8148-a96eb2c15b5d"
              },
              {
                "division_ids": [
                  "f2777e89-ef43-44f2-a570-e883729854ea"
                ],
                "role_id": "380f8746-2e13-46d2-b91d-411cd8595468"
              },
              {
                "division_ids": [
                  "f2777e89-ef43-44f2-a570-e883729854ea"
                ],
                "role_id": "8fd2b585-45c8-43a8-a378-882d923b4dac"
              },
              {
                "division_ids": [
                  "f2777e89-ef43-44f2-a570-e883729854ea"
                ],
                "role_id": "b746f6cf-573e-4354-9276-265d66cb816e"
              },
              {
                "division_ids": [
                  "f2777e89-ef43-44f2-a570-e883729854ea"
                ],
                "role_id": "d40e93b6-a0c4-48f0-907f-1939a5c05f99"
              },
              {
                "division_ids": [
                  "f2777e89-ef43-44f2-a570-e883729854ea"
                ],
                "role_id": "dd8950a6-1e3c-46e1-b774-ab0f50a5ecb2"
              },
              {
                "division_ids": [
                  "f2777e89-ef43-44f2-a570-e883729854ea"
                ],
                "role_id": "ec850d7b-d45e-4e1c-a419-1cd3fc771649"
              }
            ],
            "user_id": "b5209f66-9a97-4793-a7ec-149153ba2e7e"
          },
          "sensitive_attributes": [],
          "private": "eyJzY2hlbWFfdmVyc2lvbiI6IjEifQ==",
          "dependencies": [
            "data.genesyscloud_auth_role.AgentAssist",
            "data.genesyscloud_auth_role.Developer",
            "data.genesyscloud_auth_role.GenesysCloudVoiceAdmin",
            "data.genesyscloud_auth_role.MasterAdmin",
            "data.genesyscloud_auth_role.Terraform_user",
            "data.genesyscloud_auth_role.admin",
            "data.genesyscloud_auth_role.employee",
            "data.genesyscloud_routing_skill.z8",
            "genesyscloud_user.Workshop_user8"
          ]
        }
      ]
    },
    {
      "mode": "managed",
      "type": "genesyscloud_user_roles",
      "name": "Workshoproles_user80",
      "provider": "provider[\"registry.terraform.io/mypurecloud/genesyscloud\"]",
      "instances": [
        {
          "schema_version": 1,
          "attributes": {
            "id": "40587eef-1c9c-475d-ba3d-193c5fc2565d",
            "roles": [
              {
                "division_ids": [
                  "f2777e89-ef43-44f2-a570-e883729854ea"
                ],
                "role_id": "05c2fe4c-0312-4598-8148-a96eb2c15b5d"
              },
              {
                "division_ids": [
                  "f2777e89-ef43-44f2-a570-e883729854ea"
                ],
                "role_id": "380f8746-2e13-46d2-b91d-411cd8595468"
              },
              {
                "division_ids": [
                  "f2777e89-ef43-44f2-a570-e883729854ea"
                ],
                "role_id": "8fd2b585-45c8-43a8-a378-882d923b4dac"
              },
              {
                "division_ids": [
                  "f2777e89-ef43-44f2-a570-e883729854ea"
                ],
                "role_id": "b746f6cf-573e-4354-9276-265d66cb816e"
              },
              {
                "division_ids": [
                  "f2777e89-ef43-44f2-a570-e883729854ea"
                ],
                "role_id": "d40e93b6-a0c4-48f0-907f-1939a5c05f99"
              },
              {
                "division_ids": [
                  "f2777e89-ef43-44f2-a570-e883729854ea"
                ],
                "role_id": "dd8950a6-1e3c-46e1-b774-ab0f50a5ecb2"
              },
              {
                "division_ids": [
                  "f2777e89-ef43-44f2-a570-e883729854ea"
                ],
                "role_id": "ec850d7b-d45e-4e1c-a419-1cd3fc771649"
              }
            ],
            "user_id": "40587eef-1c9c-475d-ba3d-193c5fc2565d"
          },
          "sensitive_attributes": [],
          "private": "eyJzY2hlbWFfdmVyc2lvbiI6IjEifQ==",
          "dependencies": [
            "data.genesyscloud_auth_role.AgentAssist",
            "data.genesyscloud_auth_role.Developer",
            "data.genesyscloud_auth_role.GenesysCloudVoiceAdmin",
            "data.genesyscloud_auth_role.MasterAdmin",
            "data.genesyscloud_auth_role.Terraform_user",
            "data.genesyscloud_auth_role.admin",
            "data.genesyscloud_auth_role.employee",
            "data.genesyscloud_routing_skill.z80",
            "genesyscloud_user.Workshop_user80"
          ]
        }
      ]
    },
    {
      "mode": "managed",
      "type": "genesyscloud_user_roles",
      "name": "Workshoproles_user9",
      "provider": "provider[\"registry.terraform.io/mypurecloud/genesyscloud\"]",
      "instances": [
        {
          "schema_version": 1,
          "attributes": {
            "id": "268ade71-09d2-416f-bf49-c5e91500891e",
            "roles": [
              {
                "division_ids": [
                  "f2777e89-ef43-44f2-a570-e883729854ea"
                ],
                "role_id": "05c2fe4c-0312-4598-8148-a96eb2c15b5d"
              },
              {
                "division_ids": [
                  "f2777e89-ef43-44f2-a570-e883729854ea"
                ],
                "role_id": "380f8746-2e13-46d2-b91d-411cd8595468"
              },
              {
                "division_ids": [
                  "f2777e89-ef43-44f2-a570-e883729854ea"
                ],
                "role_id": "8fd2b585-45c8-43a8-a378-882d923b4dac"
              },
              {
                "division_ids": [
                  "f2777e89-ef43-44f2-a570-e883729854ea"
                ],
                "role_id": "b746f6cf-573e-4354-9276-265d66cb816e"
              },
              {
                "division_ids": [
                  "f2777e89-ef43-44f2-a570-e883729854ea"
                ],
                "role_id": "d40e93b6-a0c4-48f0-907f-1939a5c05f99"
              },
              {
                "division_ids": [
                  "f2777e89-ef43-44f2-a570-e883729854ea"
                ],
                "role_id": "dd8950a6-1e3c-46e1-b774-ab0f50a5ecb2"
              },
              {
                "division_ids": [
                  "f2777e89-ef43-44f2-a570-e883729854ea"
                ],
                "role_id": "ec850d7b-d45e-4e1c-a419-1cd3fc771649"
              }
            ],
            "user_id": "268ade71-09d2-416f-bf49-c5e91500891e"
          },
          "sensitive_attributes": [],
          "private": "eyJzY2hlbWFfdmVyc2lvbiI6IjEifQ==",
          "dependencies": [
            "data.genesyscloud_auth_role.AgentAssist",
            "data.genesyscloud_auth_role.Developer",
            "data.genesyscloud_auth_role.GenesysCloudVoiceAdmin",
            "data.genesyscloud_auth_role.MasterAdmin",
            "data.genesyscloud_auth_role.Terraform_user",
            "data.genesyscloud_auth_role.admin",
            "data.genesyscloud_auth_role.employee",
            "data.genesyscloud_routing_skill.z9",
            "genesyscloud_user.Workshop_user9"
          ]
        }
      ]
    }
  ]
}
